{
    "version": 3,
    "terraform_version": "0.12.31",
    "serial": 1,
    "lineage": "0aa1ac48-9ddb-615d-76cd-b7ec216aa7c1",
    "modules": [
        {
            "path": [
                "root"
            ],
            "outputs": {
                "aws_autoscaling_group_tfer--eks-API-44c0982c-e213-b4b9-339a-f2fe936b5f86_id": {
                    "sensitive": false,
                    "type": "string",
                    "value": "eks-API-44c0982c-e213-b4b9-339a-f2fe936b5f86"
                },
                "aws_autoscaling_group_tfer--eks-ArangoDB-acc0982c-86db-4719-77b5-b8974aeb2772_id": {
                    "sensitive": false,
                    "type": "string",
                    "value": "eks-ArangoDB-acc0982c-86db-4719-77b5-b8974aeb2772"
                },
                "aws_launch_template_tfer--eks-44c0982c-e213-b4b9-339a-f2fe936b5f86_id": {
                    "sensitive": false,
                    "type": "string",
                    "value": "lt-00b7269aea48aae2f"
                },
                "aws_launch_template_tfer--eks-acc0982c-86db-4719-77b5-b8974aeb2772_id": {
                    "sensitive": false,
                    "type": "string",
                    "value": "lt-044598351a93c44d1"
                }
            },
            "resources": {
                "aws_autoscaling_group.tfer--eks-API-44c0982c-e213-b4b9-339a-f2fe936b5f86": {
                    "type": "aws_autoscaling_group",
                    "depends_on": [],
                    "primary": {
                        "id": "eks-API-44c0982c-e213-b4b9-339a-f2fe936b5f86",
                        "attributes": {
                            "arn": "arn:aws:autoscaling:us-east-2:894231352815:autoScalingGroup:92923a25-be72-4da0-a0ad-e466bd64c008:autoScalingGroupName/eks-API-44c0982c-e213-b4b9-339a-f2fe936b5f86",
                            "availability_zones.#": "3",
                            "availability_zones.0": "us-east-2a",
                            "availability_zones.1": "us-east-2b",
                            "availability_zones.2": "us-east-2c",
                            "capacity_rebalance": "true",
                            "context": "",
                            "default_cooldown": "300",
                            "default_instance_warmup": "0",
                            "desired_capacity": "3",
                            "enabled_metrics.#": "0",
                            "force_delete": "false",
                            "health_check_grace_period": "15",
                            "health_check_type": "EC2",
                            "id": "eks-API-44c0982c-e213-b4b9-339a-f2fe936b5f86",
                            "launch_configuration": "",
                            "launch_template.#": "0",
                            "load_balancers.#": "0",
                            "max_instance_lifetime": "0",
                            "max_size": "6",
                            "metrics_granularity": "1Minute",
                            "min_size": "3",
                            "mixed_instances_policy.#": "1",
                            "mixed_instances_policy.0.instances_distribution.#": "1",
                            "mixed_instances_policy.0.instances_distribution.0.on_demand_allocation_strategy": "prioritized",
                            "mixed_instances_policy.0.instances_distribution.0.on_demand_base_capacity": "0",
                            "mixed_instances_policy.0.instances_distribution.0.on_demand_percentage_above_base_capacity": "100",
                            "mixed_instances_policy.0.instances_distribution.0.spot_allocation_strategy": "lowest-price",
                            "mixed_instances_policy.0.instances_distribution.0.spot_instance_pools": "2",
                            "mixed_instances_policy.0.instances_distribution.0.spot_max_price": "",
                            "mixed_instances_policy.0.launch_template.#": "1",
                            "mixed_instances_policy.0.launch_template.0.launch_template_specification.#": "1",
                            "mixed_instances_policy.0.launch_template.0.launch_template_specification.0.launch_template_id": "lt-00b7269aea48aae2f",
                            "mixed_instances_policy.0.launch_template.0.launch_template_specification.0.launch_template_name": "eks-44c0982c-e213-b4b9-339a-f2fe936b5f86",
                            "mixed_instances_policy.0.launch_template.0.launch_template_specification.0.version": "1",
                            "mixed_instances_policy.0.launch_template.0.override.#": "1",
                            "mixed_instances_policy.0.launch_template.0.override.0.instance_requirements.#": "0",
                            "mixed_instances_policy.0.launch_template.0.override.0.instance_type": "t3.medium",
                            "mixed_instances_policy.0.launch_template.0.override.0.launch_template_specification.#": "0",
                            "mixed_instances_policy.0.launch_template.0.override.0.weighted_capacity": "",
                            "name": "eks-API-44c0982c-e213-b4b9-339a-f2fe936b5f86",
                            "name_prefix": "",
                            "placement_group": "",
                            "protect_from_scale_in": "false",
                            "service_linked_role_arn": "arn:aws:iam::894231352815:role/aws-service-role/autoscaling.amazonaws.com/AWSServiceRoleForAutoScaling",
                            "suspended_processes.#": "0",
                            "tag.#": "5",
                            "tag.0.key": "eks:cluster-name",
                            "tag.0.propagate_at_launch": "true",
                            "tag.0.value": "JesusFilm-core",
                            "tag.1.key": "eks:nodegroup-name",
                            "tag.1.propagate_at_launch": "true",
                            "tag.1.value": "API",
                            "tag.2.key": "k8s.io/cluster-autoscaler/JesusFilm-core",
                            "tag.2.propagate_at_launch": "true",
                            "tag.2.value": "owned",
                            "tag.3.key": "k8s.io/cluster-autoscaler/enabled",
                            "tag.3.propagate_at_launch": "true",
                            "tag.3.value": "true",
                            "tag.4.key": "kubernetes.io/cluster/JesusFilm-core",
                            "tag.4.propagate_at_launch": "true",
                            "tag.4.value": "owned",
                            "target_group_arns.#": "0",
                            "termination_policies.#": "3",
                            "termination_policies.0": "AllocationStrategy",
                            "termination_policies.1": "OldestLaunchTemplate",
                            "termination_policies.2": "OldestInstance",
                            "vpc_zone_identifier.#": "3",
                            "vpc_zone_identifier.0": "subnet-305d917d",
                            "vpc_zone_identifier.1": "subnet-4d17ab36",
                            "vpc_zone_identifier.2": "subnet-bb4432d2",
                            "wait_for_capacity_timeout": "10m",
                            "warm_pool.#": "0"
                        },
                        "meta": {
                            "schema_version": 0
                        },
                        "tainted": false
                    },
                    "deposed": [],
                    "provider": "provider.aws"
                },
                "aws_autoscaling_group.tfer--eks-ArangoDB-acc0982c-86db-4719-77b5-b8974aeb2772": {
                    "type": "aws_autoscaling_group",
                    "depends_on": [],
                    "primary": {
                        "id": "eks-ArangoDB-acc0982c-86db-4719-77b5-b8974aeb2772",
                        "attributes": {
                            "arn": "arn:aws:autoscaling:us-east-2:894231352815:autoScalingGroup:e193afcf-31af-4c8d-b119-173df206e6f7:autoScalingGroupName/eks-ArangoDB-acc0982c-86db-4719-77b5-b8974aeb2772",
                            "availability_zones.#": "3",
                            "availability_zones.0": "us-east-2a",
                            "availability_zones.1": "us-east-2b",
                            "availability_zones.2": "us-east-2c",
                            "capacity_rebalance": "true",
                            "context": "",
                            "default_cooldown": "300",
                            "default_instance_warmup": "0",
                            "desired_capacity": "2",
                            "enabled_metrics.#": "0",
                            "force_delete": "false",
                            "health_check_grace_period": "15",
                            "health_check_type": "EC2",
                            "id": "eks-ArangoDB-acc0982c-86db-4719-77b5-b8974aeb2772",
                            "launch_configuration": "",
                            "launch_template.#": "0",
                            "load_balancers.#": "0",
                            "max_instance_lifetime": "0",
                            "max_size": "4",
                            "metrics_granularity": "1Minute",
                            "min_size": "2",
                            "mixed_instances_policy.#": "1",
                            "mixed_instances_policy.0.instances_distribution.#": "1",
                            "mixed_instances_policy.0.instances_distribution.0.on_demand_allocation_strategy": "prioritized",
                            "mixed_instances_policy.0.instances_distribution.0.on_demand_base_capacity": "0",
                            "mixed_instances_policy.0.instances_distribution.0.on_demand_percentage_above_base_capacity": "100",
                            "mixed_instances_policy.0.instances_distribution.0.spot_allocation_strategy": "lowest-price",
                            "mixed_instances_policy.0.instances_distribution.0.spot_instance_pools": "2",
                            "mixed_instances_policy.0.instances_distribution.0.spot_max_price": "",
                            "mixed_instances_policy.0.launch_template.#": "1",
                            "mixed_instances_policy.0.launch_template.0.launch_template_specification.#": "1",
                            "mixed_instances_policy.0.launch_template.0.launch_template_specification.0.launch_template_id": "lt-044598351a93c44d1",
                            "mixed_instances_policy.0.launch_template.0.launch_template_specification.0.launch_template_name": "eks-acc0982c-86db-4719-77b5-b8974aeb2772",
                            "mixed_instances_policy.0.launch_template.0.launch_template_specification.0.version": "1",
                            "mixed_instances_policy.0.launch_template.0.override.#": "1",
                            "mixed_instances_policy.0.launch_template.0.override.0.instance_requirements.#": "0",
                            "mixed_instances_policy.0.launch_template.0.override.0.instance_type": "i3.large",
                            "mixed_instances_policy.0.launch_template.0.override.0.launch_template_specification.#": "0",
                            "mixed_instances_policy.0.launch_template.0.override.0.weighted_capacity": "",
                            "name": "eks-ArangoDB-acc0982c-86db-4719-77b5-b8974aeb2772",
                            "name_prefix": "",
                            "placement_group": "",
                            "protect_from_scale_in": "false",
                            "service_linked_role_arn": "arn:aws:iam::894231352815:role/aws-service-role/autoscaling.amazonaws.com/AWSServiceRoleForAutoScaling",
                            "suspended_processes.#": "0",
                            "tag.#": "5",
                            "tag.0.key": "eks:cluster-name",
                            "tag.0.propagate_at_launch": "true",
                            "tag.0.value": "JesusFilm-core",
                            "tag.1.key": "eks:nodegroup-name",
                            "tag.1.propagate_at_launch": "true",
                            "tag.1.value": "ArangoDB",
                            "tag.2.key": "k8s.io/cluster-autoscaler/JesusFilm-core",
                            "tag.2.propagate_at_launch": "true",
                            "tag.2.value": "owned",
                            "tag.3.key": "k8s.io/cluster-autoscaler/enabled",
                            "tag.3.propagate_at_launch": "true",
                            "tag.3.value": "true",
                            "tag.4.key": "kubernetes.io/cluster/JesusFilm-core",
                            "tag.4.propagate_at_launch": "true",
                            "tag.4.value": "owned",
                            "target_group_arns.#": "0",
                            "termination_policies.#": "3",
                            "termination_policies.0": "AllocationStrategy",
                            "termination_policies.1": "OldestLaunchTemplate",
                            "termination_policies.2": "OldestInstance",
                            "vpc_zone_identifier.#": "3",
                            "vpc_zone_identifier.0": "subnet-305d917d",
                            "vpc_zone_identifier.1": "subnet-4d17ab36",
                            "vpc_zone_identifier.2": "subnet-bb4432d2",
                            "wait_for_capacity_timeout": "10m",
                            "warm_pool.#": "0"
                        },
                        "meta": {
                            "schema_version": 0
                        },
                        "tainted": false
                    },
                    "deposed": [],
                    "provider": "provider.aws"
                },
                "aws_launch_template.tfer--eks-44c0982c-e213-b4b9-339a-f2fe936b5f86": {
                    "type": "aws_launch_template",
                    "depends_on": [],
                    "primary": {
                        "id": "lt-00b7269aea48aae2f",
                        "attributes": {
                            "arn": "arn:aws:ec2:us-east-2:894231352815:launch-template/lt-00b7269aea48aae2f",
                            "block_device_mappings.#": "1",
                            "block_device_mappings.0.device_name": "/dev/xvda",
                            "block_device_mappings.0.ebs.#": "1",
                            "block_device_mappings.0.ebs.0.delete_on_termination": "true",
                            "block_device_mappings.0.ebs.0.encrypted": "",
                            "block_device_mappings.0.ebs.0.iops": "0",
                            "block_device_mappings.0.ebs.0.kms_key_id": "",
                            "block_device_mappings.0.ebs.0.snapshot_id": "",
                            "block_device_mappings.0.ebs.0.throughput": "0",
                            "block_device_mappings.0.ebs.0.volume_size": "20",
                            "block_device_mappings.0.ebs.0.volume_type": "gp2",
                            "block_device_mappings.0.no_device": "",
                            "block_device_mappings.0.virtual_name": "",
                            "capacity_reservation_specification.#": "0",
                            "cpu_options.#": "0",
                            "default_version": "1",
                            "description": "",
                            "disable_api_stop": "false",
                            "disable_api_termination": "false",
                            "ebs_optimized": "",
                            "elastic_gpu_specifications.#": "0",
                            "elastic_inference_accelerator.#": "0",
                            "enclave_options.#": "0",
                            "hibernation_options.#": "0",
                            "iam_instance_profile.#": "1",
                            "iam_instance_profile.0.arn": "",
                            "iam_instance_profile.0.name": "eks-44c0982c-e213-b4b9-339a-f2fe936b5f86",
                            "id": "lt-00b7269aea48aae2f",
                            "image_id": "ami-0bf61ea17cec89b3a",
                            "instance_initiated_shutdown_behavior": "",
                            "instance_market_options.#": "0",
                            "instance_requirements.#": "0",
                            "instance_type": "t3.medium",
                            "kernel_id": "",
                            "key_name": "",
                            "latest_version": "1",
                            "license_specification.#": "0",
                            "maintenance_options.#": "0",
                            "metadata_options.#": "1",
                            "metadata_options.0.http_endpoint": "",
                            "metadata_options.0.http_protocol_ipv6": "",
                            "metadata_options.0.http_put_response_hop_limit": "2",
                            "metadata_options.0.http_tokens": "",
                            "metadata_options.0.instance_metadata_tags": "",
                            "monitoring.#": "0",
                            "name": "eks-44c0982c-e213-b4b9-339a-f2fe936b5f86",
                            "name_prefix": "",
                            "network_interfaces.#": "1",
                            "network_interfaces.0.associate_carrier_ip_address": "",
                            "network_interfaces.0.associate_public_ip_address": "",
                            "network_interfaces.0.delete_on_termination": "",
                            "network_interfaces.0.description": "",
                            "network_interfaces.0.device_index": "0",
                            "network_interfaces.0.interface_type": "",
                            "network_interfaces.0.ipv4_address_count": "0",
                            "network_interfaces.0.ipv4_addresses.#": "0",
                            "network_interfaces.0.ipv4_prefix_count": "0",
                            "network_interfaces.0.ipv4_prefixes.#": "0",
                            "network_interfaces.0.ipv6_address_count": "0",
                            "network_interfaces.0.ipv6_addresses.#": "0",
                            "network_interfaces.0.ipv6_prefix_count": "0",
                            "network_interfaces.0.ipv6_prefixes.#": "0",
                            "network_interfaces.0.network_card_index": "0",
                            "network_interfaces.0.network_interface_id": "",
                            "network_interfaces.0.private_ip_address": "",
                            "network_interfaces.0.security_groups.#": "1",
                            "network_interfaces.0.security_groups.0": "sg-096321fc5ad4991e1",
                            "network_interfaces.0.subnet_id": "",
                            "placement.#": "0",
                            "private_dns_name_options.#": "0",
                            "ram_disk_id": "",
                            "security_group_names.#": "0",
                            "tag_specifications.#": "0",
                            "tags.%": "2",
                            "tags.eks:cluster-name": "JesusFilm-core",
                            "tags.eks:nodegroup-name": "API",
                            "tags_all.%": "2",
                            "tags_all.eks:cluster-name": "JesusFilm-core",
                            "tags_all.eks:nodegroup-name": "API",
                            "user_data": "TUlNRS1WZXJzaW9uOiAxLjAKQ29udGVudC1UeXBlOiBtdWx0aXBhcnQvbWl4ZWQ7IGJvdW5kYXJ5PSIvLyIKCi0tLy8KQ29udGVudC1UeXBlOiB0ZXh0L3gtc2hlbGxzY3JpcHQ7IGNoYXJzZXQ9InVzLWFzY2lpIgojIS9iaW4vYmFzaApzZXQgLWV4CkI2NF9DTFVTVEVSX0NBPUxTMHRMUzFDUlVkSlRpQkRSVkpVU1VaSlEwRlVSUzB0TFMwdENrMUpTVU0xZWtORFFXTXJaMEYzU1VKQlowbENRVVJCVGtKbmEzRm9hMmxIT1hjd1FrRlJjMFpCUkVGV1RWSk5kMFZSV1VSV1VWRkVSWGR3Y21SWFNtd0tZMjAxYkdSSFZucE5RalJZUkZSSmVVMUVXWGRPUkVsM1RVUlJkMDVzYjFoRVZFMTVUVVJaZDAxVVNYZE5SRkYzVG14dmQwWlVSVlJOUWtWSFFURlZSUXBCZUUxTFlUTldhVnBZU25WYVdGSnNZM3BEUTBGVFNYZEVVVmxLUzI5YVNXaDJZMDVCVVVWQ1FsRkJSR2RuUlZCQlJFTkRRVkZ2UTJkblJVSkJUblJuQ2pOcVUxTXdObmRuYW1aNEswcGxWSGRtVWs1a1RETm5jRUZsZW1aRk5WQmxVek4wTkV0UWRXSXdVMWw1TWtZNFpVWkdkMWhZY1doMVZqUTRRVEJ2V2xrS1ozVlNSblZ2YzBkQlJ6bHdZbHBaTlRseFZrMUtNMjVTWTBoc1puSnBXRE56V1hOcVFsWTBkRmhqYzFkV1EzbG9VbFF3ZFhGcmRqaHVka3hwWTFGd1RBb3JjRnBOVFVSMGVFSXliR3cyY0VGUlJYVTJiSGRZYUhGU1FVNTJUR0ZrTTNCVVZYTkJibE5rY2l0eFRUTm1URFpJUXpCd05VSktVRXcxVG5obGJrZEhDbFV2VDNZeWJUQnViMWxxWm14S2FYQkNaRzlwU0ZVelFtZEhTWFJ4ZVRFNWVqbDVkMDR6U0c1QmVGbG1RVWRqWm1Sc2F6aHlNR1ZqYWtKallrNUJTVVVLVTFwclkwTkJUemRwZVZKaFVqZ3dPVzlpTmpsakswTXhha2RRT0Voak9FOUtTV0pFTHpGUFMwZHhNMDQzUWpCQmQwNW1OMGswVkVGUWVXa3pXSEIwUlFwc2JtcERla2NyZWpOTFVuaFZVRU5yWnl0TlEwRjNSVUZCWVU1RFRVVkJkMFJuV1VSV1VqQlFRVkZJTDBKQlVVUkJaMHRyVFVFNFIwRXhWV1JGZDBWQ0NpOTNVVVpOUVUxQ1FXWTRkMGhSV1VSV1VqQlBRa0paUlVaSVMxVktaelF4ZVdWdFVDOTROM2N5VmpNeFVFZHZSR3hJZUVOTlFUQkhRMU54UjFOSllqTUtSRkZGUWtOM1ZVRkJORWxDUVZGRVlVWm5UMHBsTUhOSmFHNU9lbTQ1YTJaTk1EbENNVWRUWnk5aFZDdERiVEpXTkVoaWMyWm5jbU5zUTJaSWFHRmtkUXBWWlVOMFduYzVOVTlXUmxod1NWWTNZVGh5ZG5BMFkwc3JVV1l5Wm1oeU1uTjJZVXcxWW01VmEwaDJPV1ZJTlZGbk5uRjFXRFJuVGxSUWRFeGlaV2RoQ2pWeFdHRnFkSE5WVlZOTldtUllWSGN6TjBSclZHMW9NVWw1Y25wYVNYTkdhemhVTjJSaVNWbElSM1IxTkZsdVprTlRlR0YzY1ZaNmJqazRZazFxVDBvS2VXSklieXRwT0VFelZIcEpXRmRTVURSSmRrWTBZbU5GUlVwWVRsbzVkemhpVkN0NFQzVnRSMWhKVFcwek5HWjZjMVEwUkVZdmRXZEZOakkyVlhVNGJRcFZURkJQT0VaUE9Fd3ZUbnBuTDNKMVZHNU5PRmRFWTFOTlExQk5ibTE0VkRZNGNFY3phV2hMUkRkSmMyTjBRa0ZZTW1GNlpTOTVNRFpGV1RkRlFrbzFDblJSVDJzclQyRlVZVmhLU2xJNVdqTlhPR1Z4Vm1sYVpXOVBkVFJZTUZSUVFteG5XUW90TFMwdExVVk9SQ0JEUlZKVVNVWkpRMEZVUlMwdExTMHRDZz09CkFQSV9TRVJWRVJfVVJMPWh0dHBzOi8vNTRBMjQyRTc4RTQzNTUzRTI1NzQxNTg1MjdBQkUzRTYuZ3I3LnVzLWVhc3QtMi5la3MuYW1hem9uYXdzLmNvbQpLOFNfQ0xVU1RFUl9ETlNfSVA9MTAuMTAwLjAuMTAKL2V0Yy9la3MvYm9vdHN0cmFwLnNoIEplc3VzRmlsbS1jb3JlIC0ta3ViZWxldC1leHRyYS1hcmdzICctLW5vZGUtbGFiZWxzPWVrcy5hbWF6b25hd3MuY29tL25vZGVncm91cC1pbWFnZT1hbWktMGJmNjFlYTE3Y2VjODliM2EsZWtzLmFtYXpvbmF3cy5jb20vY2FwYWNpdHlUeXBlPU9OX0RFTUFORCxla3MuYW1hem9uYXdzLmNvbS9ub2RlZ3JvdXA9QVBJLHR5cGU9YXBpIC0tbWF4LXBvZHM9MTcnIC0tYjY0LWNsdXN0ZXItY2EgJEI2NF9DTFVTVEVSX0NBIC0tYXBpc2VydmVyLWVuZHBvaW50ICRBUElfU0VSVkVSX1VSTCAtLWRucy1jbHVzdGVyLWlwICRLOFNfQ0xVU1RFUl9ETlNfSVAgLS11c2UtbWF4LXBvZHMgZmFsc2UKCi0tLy8tLQ==",
                            "vpc_security_group_ids.#": "0"
                        },
                        "meta": {
                            "schema_version": 0
                        },
                        "tainted": false
                    },
                    "deposed": [],
                    "provider": "provider.aws"
                },
                "aws_launch_template.tfer--eks-acc0982c-86db-4719-77b5-b8974aeb2772": {
                    "type": "aws_launch_template",
                    "depends_on": [],
                    "primary": {
                        "id": "lt-044598351a93c44d1",
                        "attributes": {
                            "arn": "arn:aws:ec2:us-east-2:894231352815:launch-template/lt-044598351a93c44d1",
                            "block_device_mappings.#": "1",
                            "block_device_mappings.0.device_name": "/dev/xvda",
                            "block_device_mappings.0.ebs.#": "1",
                            "block_device_mappings.0.ebs.0.delete_on_termination": "true",
                            "block_device_mappings.0.ebs.0.encrypted": "",
                            "block_device_mappings.0.ebs.0.iops": "0",
                            "block_device_mappings.0.ebs.0.kms_key_id": "",
                            "block_device_mappings.0.ebs.0.snapshot_id": "",
                            "block_device_mappings.0.ebs.0.throughput": "0",
                            "block_device_mappings.0.ebs.0.volume_size": "20",
                            "block_device_mappings.0.ebs.0.volume_type": "gp2",
                            "block_device_mappings.0.no_device": "",
                            "block_device_mappings.0.virtual_name": "",
                            "capacity_reservation_specification.#": "0",
                            "cpu_options.#": "0",
                            "default_version": "1",
                            "description": "",
                            "disable_api_stop": "false",
                            "disable_api_termination": "false",
                            "ebs_optimized": "",
                            "elastic_gpu_specifications.#": "0",
                            "elastic_inference_accelerator.#": "0",
                            "enclave_options.#": "0",
                            "hibernation_options.#": "0",
                            "iam_instance_profile.#": "1",
                            "iam_instance_profile.0.arn": "",
                            "iam_instance_profile.0.name": "eks-acc0982c-86db-4719-77b5-b8974aeb2772",
                            "id": "lt-044598351a93c44d1",
                            "image_id": "ami-0bf61ea17cec89b3a",
                            "instance_initiated_shutdown_behavior": "",
                            "instance_market_options.#": "0",
                            "instance_requirements.#": "0",
                            "instance_type": "i3.large",
                            "kernel_id": "",
                            "key_name": "",
                            "latest_version": "1",
                            "license_specification.#": "0",
                            "maintenance_options.#": "0",
                            "metadata_options.#": "1",
                            "metadata_options.0.http_endpoint": "",
                            "metadata_options.0.http_protocol_ipv6": "",
                            "metadata_options.0.http_put_response_hop_limit": "2",
                            "metadata_options.0.http_tokens": "",
                            "metadata_options.0.instance_metadata_tags": "",
                            "monitoring.#": "0",
                            "name": "eks-acc0982c-86db-4719-77b5-b8974aeb2772",
                            "name_prefix": "",
                            "network_interfaces.#": "1",
                            "network_interfaces.0.associate_carrier_ip_address": "",
                            "network_interfaces.0.associate_public_ip_address": "",
                            "network_interfaces.0.delete_on_termination": "",
                            "network_interfaces.0.description": "",
                            "network_interfaces.0.device_index": "0",
                            "network_interfaces.0.interface_type": "",
                            "network_interfaces.0.ipv4_address_count": "0",
                            "network_interfaces.0.ipv4_addresses.#": "0",
                            "network_interfaces.0.ipv4_prefix_count": "0",
                            "network_interfaces.0.ipv4_prefixes.#": "0",
                            "network_interfaces.0.ipv6_address_count": "0",
                            "network_interfaces.0.ipv6_addresses.#": "0",
                            "network_interfaces.0.ipv6_prefix_count": "0",
                            "network_interfaces.0.ipv6_prefixes.#": "0",
                            "network_interfaces.0.network_card_index": "0",
                            "network_interfaces.0.network_interface_id": "",
                            "network_interfaces.0.private_ip_address": "",
                            "network_interfaces.0.security_groups.#": "1",
                            "network_interfaces.0.security_groups.0": "sg-096321fc5ad4991e1",
                            "network_interfaces.0.subnet_id": "",
                            "placement.#": "0",
                            "private_dns_name_options.#": "0",
                            "ram_disk_id": "",
                            "security_group_names.#": "0",
                            "tag_specifications.#": "0",
                            "tags.%": "2",
                            "tags.eks:cluster-name": "JesusFilm-core",
                            "tags.eks:nodegroup-name": "ArangoDB",
                            "tags_all.%": "2",
                            "tags_all.eks:cluster-name": "JesusFilm-core",
                            "tags_all.eks:nodegroup-name": "ArangoDB",
                            "user_data": "TUlNRS1WZXJzaW9uOiAxLjAKQ29udGVudC1UeXBlOiBtdWx0aXBhcnQvbWl4ZWQ7IGJvdW5kYXJ5PSIvLyIKCi0tLy8KQ29udGVudC1UeXBlOiB0ZXh0L3gtc2hlbGxzY3JpcHQ7IGNoYXJzZXQ9InVzLWFzY2lpIgojIS9iaW4vYmFzaApzZXQgLWV4CkI2NF9DTFVTVEVSX0NBPUxTMHRMUzFDUlVkSlRpQkRSVkpVU1VaSlEwRlVSUzB0TFMwdENrMUpTVU0xZWtORFFXTXJaMEYzU1VKQlowbENRVVJCVGtKbmEzRm9hMmxIT1hjd1FrRlJjMFpCUkVGV1RWSk5kMFZSV1VSV1VWRkVSWGR3Y21SWFNtd0tZMjAxYkdSSFZucE5RalJZUkZSSmVVMUVXWGRPUkVsM1RVUlJkMDVzYjFoRVZFMTVUVVJaZDAxVVNYZE5SRkYzVG14dmQwWlVSVlJOUWtWSFFURlZSUXBCZUUxTFlUTldhVnBZU25WYVdGSnNZM3BEUTBGVFNYZEVVVmxLUzI5YVNXaDJZMDVCVVVWQ1FsRkJSR2RuUlZCQlJFTkRRVkZ2UTJkblJVSkJUblJuQ2pOcVUxTXdObmRuYW1aNEswcGxWSGRtVWs1a1RETm5jRUZsZW1aRk5WQmxVek4wTkV0UWRXSXdVMWw1TWtZNFpVWkdkMWhZY1doMVZqUTRRVEJ2V2xrS1ozVlNSblZ2YzBkQlJ6bHdZbHBaTlRseFZrMUtNMjVTWTBoc1puSnBXRE56V1hOcVFsWTBkRmhqYzFkV1EzbG9VbFF3ZFhGcmRqaHVka3hwWTFGd1RBb3JjRnBOVFVSMGVFSXliR3cyY0VGUlJYVTJiSGRZYUhGU1FVNTJUR0ZrTTNCVVZYTkJibE5rY2l0eFRUTm1URFpJUXpCd05VSktVRXcxVG5obGJrZEhDbFV2VDNZeWJUQnViMWxxWm14S2FYQkNaRzlwU0ZVelFtZEhTWFJ4ZVRFNWVqbDVkMDR6U0c1QmVGbG1RVWRqWm1Sc2F6aHlNR1ZqYWtKallrNUJTVVVLVTFwclkwTkJUemRwZVZKaFVqZ3dPVzlpTmpsakswTXhha2RRT0Voak9FOUtTV0pFTHpGUFMwZHhNMDQzUWpCQmQwNW1OMGswVkVGUWVXa3pXSEIwUlFwc2JtcERla2NyZWpOTFVuaFZVRU5yWnl0TlEwRjNSVUZCWVU1RFRVVkJkMFJuV1VSV1VqQlFRVkZJTDBKQlVVUkJaMHRyVFVFNFIwRXhWV1JGZDBWQ0NpOTNVVVpOUVUxQ1FXWTRkMGhSV1VSV1VqQlBRa0paUlVaSVMxVktaelF4ZVdWdFVDOTROM2N5VmpNeFVFZHZSR3hJZUVOTlFUQkhRMU54UjFOSllqTUtSRkZGUWtOM1ZVRkJORWxDUVZGRVlVWm5UMHBsTUhOSmFHNU9lbTQ1YTJaTk1EbENNVWRUWnk5aFZDdERiVEpXTkVoaWMyWm5jbU5zUTJaSWFHRmtkUXBWWlVOMFduYzVOVTlXUmxod1NWWTNZVGh5ZG5BMFkwc3JVV1l5Wm1oeU1uTjJZVXcxWW01VmEwaDJPV1ZJTlZGbk5uRjFXRFJuVGxSUWRFeGlaV2RoQ2pWeFdHRnFkSE5WVlZOTldtUllWSGN6TjBSclZHMW9NVWw1Y25wYVNYTkdhemhVTjJSaVNWbElSM1IxTkZsdVprTlRlR0YzY1ZaNmJqazRZazFxVDBvS2VXSklieXRwT0VFelZIcEpXRmRTVURSSmRrWTBZbU5GUlVwWVRsbzVkemhpVkN0NFQzVnRSMWhKVFcwek5HWjZjMVEwUkVZdmRXZEZOakkyVlhVNGJRcFZURkJQT0VaUE9Fd3ZUbnBuTDNKMVZHNU5PRmRFWTFOTlExQk5ibTE0VkRZNGNFY3phV2hMUkRkSmMyTjBRa0ZZTW1GNlpTOTVNRFpGV1RkRlFrbzFDblJSVDJzclQyRlVZVmhLU2xJNVdqTlhPR1Z4Vm1sYVpXOVBkVFJZTUZSUVFteG5XUW90TFMwdExVVk9SQ0JEUlZKVVNVWkpRMEZVUlMwdExTMHRDZz09CkFQSV9TRVJWRVJfVVJMPWh0dHBzOi8vNTRBMjQyRTc4RTQzNTUzRTI1NzQxNTg1MjdBQkUzRTYuZ3I3LnVzLWVhc3QtMi5la3MuYW1hem9uYXdzLmNvbQpLOFNfQ0xVU1RFUl9ETlNfSVA9MTAuMTAwLjAuMTAKL2V0Yy9la3MvYm9vdHN0cmFwLnNoIEplc3VzRmlsbS1jb3JlIC0ta3ViZWxldC1leHRyYS1hcmdzICctLW5vZGUtbGFiZWxzPWVrcy5hbWF6b25hd3MuY29tL25vZGVncm91cC1pbWFnZT1hbWktMGJmNjFlYTE3Y2VjODliM2EsZWtzLmFtYXpvbmF3cy5jb20vY2FwYWNpdHlUeXBlPU9OX0RFTUFORCxla3MuYW1hem9uYXdzLmNvbS9ub2RlZ3JvdXA9QXJhbmdvREIsdHlwZT1kYXRhYmFzZSAtLW1heC1wb2RzPTI5JyAtLWI2NC1jbHVzdGVyLWNhICRCNjRfQ0xVU1RFUl9DQSAtLWFwaXNlcnZlci1lbmRwb2ludCAkQVBJX1NFUlZFUl9VUkwgLS1kbnMtY2x1c3Rlci1pcCAkSzhTX0NMVVNURVJfRE5TX0lQIC0tdXNlLW1heC1wb2RzIGZhbHNlCgotLS8vLS0=",
                            "vpc_security_group_ids.#": "0"
                        },
                        "meta": {
                            "schema_version": 0
                        },
                        "tainted": false
                    },
                    "deposed": [],
                    "provider": "provider.aws"
                }
            },
            "depends_on": []
        }
    ]
}
