      '@antiwork/shortest':
        specifier: ^0.4.9
        version: 0.4.9(@ai-sdk/anthropic@1.2.12(zod@3.25.76))(@ai-sdk/provider@1.1.3)(@types/node@22.18.8)(ai@4.3.19(react@19.0.0)(zod@3.25.76))(devtools-protocol@0.0.1354347)(dotenv@16.5.0)(esbuild@0.19.12)(expect@30.1.2)(mailosaur@8.8.1)(playwright@1.54.2)
  '@ai-sdk/anthropic@1.2.12':
    resolution: {integrity: sha512-YSzjlko7JvuiyQFmI9RN1tNZdEiZxc+6xld/0tq/VkJaHpEzGAb1yiNxxvmYVcjvfu/PcvCxAAYXmTYQQ63IHQ==}
    engines: {node: '>=18'}
    peerDependencies:
      zod: ^3.0.0

  '@antiwork/shortest@0.4.9':
    resolution: {integrity: sha512-ODoMtZ/pBFEl+FumT1BpaoXdfLXkjIbcywoEKG/0FQf9J4YZGHC3iv6BrSA8xJlHiZYdYaxhBobCNK0G/K5K7Q==}
    engines: {node: '>=18'}
    hasBin: true
    peerDependencies:
      '@ai-sdk/anthropic': ^1.1.15
      '@ai-sdk/provider': ^1.0.10
      ai: ^4.1.53
      dotenv: ^16.4.5
      esbuild: ^0.20.1
      expect: ^29.7.0
      mailosaur: ^8.7.0
      playwright: ^1.50.1

  '@kwsites/file-exists@1.1.1':
    resolution: {integrity: sha512-m9/5YGR18lIwxSFDwfE3oA7bWuq9kdau6ugN4H2rJeyhFQZcG9AgSHkQtSD15a8WvTgfz9aikZMrKPHvbpqFiw==}

  '@kwsites/promise-deferred@1.1.1':
    resolution: {integrity: sha512-GaHYm+c0O9MjZRu0ongGBRbinu8gVAMd2UZjji6jVmqKtZluZnptXGWhz1E8j8D2HJ3f/yMxKAUC0b+57wncIw==}

  '@listr2/prompt-adapter-inquirer@2.0.22':
    resolution: {integrity: sha512-hV36ZoY+xKL6pYOt1nPNnkciFkn89KZwqLhAFzJvYysAvL5uBQdiADZx/8bIDXIukzzwG0QlPYolgMzQUtKgpQ==}
    engines: {node: '>=18.0.0'}
    peerDependencies:
      '@inquirer/prompts': '>= 3 < 8'

  '@netlify/framework-info@9.9.3':
    resolution: {integrity: sha512-kPTF5yemdmadP/+qMDcc3p10NkZKXHXGm2BCFvB192paCNxQrSJz+qb56SO+kvSn9exg+HvhGJ0gfIcVwPjzWw==}
    engines: {node: ^14.14.0 || >=16.0.0}

  '@otplib/core@12.0.1':
    resolution: {integrity: sha512-4sGntwbA/AC+SbPhbsziRiD+jNDdIzsZ3JUyfZwjtKyc/wufl1pnSIaG4Uqx8ymPagujub0o92kgBnB89cuAMA==}

  '@otplib/plugin-crypto@12.0.1':
    resolution: {integrity: sha512-qPuhN3QrT7ZZLcLCyKOSNhuijUi9G5guMRVrxq63r9YNOxxQjPm59gVxLM+7xGnHnM6cimY57tuKsjK7y9LM1g==}

  '@otplib/plugin-thirty-two@12.0.1':
    resolution: {integrity: sha512-MtT+uqRso909UkbrrYpJ6XFjj9D+x2Py7KjTO9JDPhL0bJUYVu5kFP4TFZW4NFAywrAtFRxOVY261u0qwb93gA==}

  '@otplib/preset-default@12.0.1':
    resolution: {integrity: sha512-xf1v9oOJRyXfluBhMdpOkr+bsE+Irt+0D5uHtvg6x1eosfmHCsCC6ej/m7FXiWqdo0+ZUI6xSKDhJwc8yfiOPQ==}

  '@otplib/preset-v11@12.0.1':
    resolution: {integrity: sha512-9hSetMI7ECqbFiKICrNa4w70deTUfArtwXykPUvSHWOdzOlfa9ajglu7mNCntlvxycTiOAXkQGwjQCzzDEMRMg==}

  '@types/babel__traverse@7.28.0':
    resolution: {integrity: sha512-8PvcXf70gTDZBgt9ptxJ8elBeBjcLOAcOtoO/mPJjtji1+CdGbHgm77om1GrsPxsiE+uXIpNSK64UYaIwQXd4Q==}

  ansi-escapes@7.1.1:
    resolution: {integrity: sha512-Zhl0ErHcSRUaVfGUeUdDuLgpkEo8KIFjB4Y9uAc46ScOpdDiU1Dbyplh7qWJeJ/ZHpbyMSM26+X3BySgnIz40Q==}
    engines: {node: '>=18'}

  chromium-bidi@0.5.24:
    resolution: {integrity: sha512-5xQNN2SVBdZv4TxeMLaI+PelrnZsHDhn8h2JtyriLr+0qHcZS8BMuo93qN6J1VmtmrgYP+rmcLHcbpnA8QJh+w==}
    peerDependencies:
      devtools-protocol: '*'

  cli-cursor@5.0.0:
    resolution: {integrity: sha512-aCj4O5wKyszjMmDT4tZj93kxyydN/K5zPWSCe6/0AV/AA1pqe5ZBIw0a2ZfPQV7lL5/yb5HsUreJ6UFAF1tEQw==}
    engines: {node: '>=18'}

  cli-truncate@4.0.0:
    resolution: {integrity: sha512-nPdaFdQ0h/GEigbPClz11D0v/ZJEwxmeVZGeMo3Z5StPtUTkA9o1lD6QwoirYiSDzbcwn2XcjwmCp68W1IS4TA==}
    engines: {node: '>=18'}

  emoji-regex@10.6.0:
    resolution: {integrity: sha512-toUI84YS5YmxW219erniWD0CIVOo46xGKColeNQRgOzDorgBi1v4D71/OFzgD9GO2UGKIv1C3Sp8DAn0+j5w7A==}

  environment@1.1.0:
    resolution: {integrity: sha512-xUtoPkMggbz0MPyPiIWr1Kp4aeWJjDZ6SMvURhimjdZgsRuDplF5/s9hcgGhyXMhs+6vpnuoiZ2kFiu3FMnS8Q==}
    engines: {node: '>=18'}

  eventemitter3@5.0.1:
    resolution: {integrity: sha512-GWkBvjiSZK87ELrYOSESUYeVIc9mvLLf/nXalMOS5dYrgZq9o5OVkbZAVM06CVxYsCwH9BDZFPlQTlPA1j4ahA==}

  filter-obj@5.1.0:
    resolution: {integrity: sha512-qWeTREPoT7I0bifpPUXtxkZJ1XJzxWtfoWWkdVGqa+eCr3SHW/Ocp89o8vLvbUuQnadybJpjOKu4V+RwO6sGng==}
    engines: {node: '>=14.16'}

  get-east-asian-width@1.4.0:
    resolution: {integrity: sha512-QZjmEOC+IT1uk6Rx0sX22V6uHWVwbdbxf1faPqJ1QhLdGgsRGCZoyaQBm/piRdJy/D2um6hM1UP7ZEeQ4EkP+Q==}
    engines: {node: '>=18'}

  globby@14.1.0:
    resolution: {integrity: sha512-0Ia46fDOaT7k4og1PDW4YbodWWr3scS2vAr2lTbsplOt2WkKp0vQbkI9wKis/T5LV/dqPjO3bpS/z6GTJB82LA==}
    engines: {node: '>=18'}

  is-fullwidth-code-point@4.0.0:
    resolution: {integrity: sha512-O4L094N2/dZ7xqVdrXhh9r1KODPJpFms8B5sGdJLPy664AgvXsreZUyCQQNItZRDlYug4xStLjNp/sz3HvBowQ==}
    engines: {node: '>=12'}

  is-fullwidth-code-point@5.1.0:
    resolution: {integrity: sha512-5XHYaSyiqADb4RnZ1Bdad6cPp8Toise4TzEjcOYDHZkTCbKgiUl7WTUCpNWHuxmDt91wnsZBc9xinNzopv3JMQ==}
    engines: {node: '>=18'}

  listr2@8.3.3:
    resolution: {integrity: sha512-LWzX2KsqcB1wqQ4AHgYb4RsDXauQiqhjLk+6hjbaeHG4zpjjVAB6wC/gz6X0l+Du1cN3pUB5ZlrvTbhGSNnUQQ==}
    engines: {node: '>=18.0.0'}

  log-update@6.1.0:
    resolution: {integrity: sha512-9ie8ItPR6tjY5uYJh8K/Zrv/RMZ5VOlOWvtZdEHYSTFKZfIBPQa9tOAEeAWhd+AnIneLJ22w5fjOYtoutpWq5w==}
    engines: {node: '>=18'}

  mailosaur@8.8.1:
    resolution: {integrity: sha512-fW5FE9b+SdsX6XGSaYdZeGE9CKahuYNMaewBNojc0DI7tpXrnYxxqdp2YAvPq85a+OYCjg9KXCLOsI8uCCFU9w==}
    engines: {node: '>= v6.0.0'}

  mimic-function@5.0.1:
    resolution: {integrity: sha512-VP79XUPxV2CigYP3jWwAUFSku2aKqBH7uTAapFWCBqutsbmDo96KY5o8uh6U+/YSIn5OxJnXp73beVkpqMIGhA==}
    engines: {node: '>=18'}

  onetime@7.0.0:
    resolution: {integrity: sha512-VXJjc87FScF88uafS3JllDgvAm+c/Slfz06lorj2uAY34rlUu0Nt+v8wreiImcrgAjjIHp1rXpTDlLOGw29WwQ==}
    engines: {node: '>=18'}

  otplib@12.0.1:
    resolution: {integrity: sha512-xDGvUOQjop7RDgxTQ+o4pOol0/3xSZzawTiPKRrHnQWAy0WjhNs/5HdIDJCrqC4MBynmjXgULc6YfioaxZeFgg==}

  p-filter@4.1.0:
    resolution: {integrity: sha512-37/tPdZ3oJwHaS3gNJdenCDB3Tz26i9sjhnguBtvN0vYlRIiDNnvTWkuh+0hETV9rLPdJ3rlL3yVOYPIAnM8rw==}
    engines: {node: '>=18'}

  p-map@7.0.3:
    resolution: {integrity: sha512-VkndIv2fIB99swvQoA65bm+fsmt6UNdGeIB0oxBs+WhAhdh08QA04JXpI7rbB9r08/nkbysKoya9rtDERYOYMA==}
    engines: {node: '>=18'}

  path-type@6.0.0:
    resolution: {integrity: sha512-Vj7sf++t5pBD637NSfkxpHSMfWaeig5+DKWLhcqIYx6mWQz5hdJTGDVMQiJcw1ZYkhs7AazKDGpRVji1LJCZUQ==}
    engines: {node: '>=18'}

  read-pkg-up@9.1.0:
    resolution: {integrity: sha512-vaMRR1AC1nrd5CQM0PhlRsO5oc2AAigqr7cCrZ/MW/Rsaflz4RlgzkpL4qoU/z1F6wrbd85iFv1OQj/y5RdGvg==}
    engines: {node: ^12.20.0 || ^14.13.1 || >=16.0.0}

  read-pkg@7.1.0:
    resolution: {integrity: sha512-5iOehe+WF75IccPc30bWTbpdDQLOCc3Uu8bi3Dte3Eueij81yx1Mrufk8qBx/YAbR4uL1FdUr+7BKXDwEtisXg==}
    engines: {node: '>=12.20'}

  restore-cursor@5.1.0:
    resolution: {integrity: sha512-oMA2dcrw6u0YfxJQXm342bFKX/E4sG9rbTzO9ptUcR/e8A33cHuvStiYOwH7fszkZlZ1z/ta9AAoPk2F4qIOHA==}
    engines: {node: '>=18'}

  simple-git@3.28.0:
    resolution: {integrity: sha512-Rs/vQRwsn1ILH1oBUy8NucJlXmnnLeLCfcvbSehkPzbv3wwoFWIdtfd6Ndo6ZPhlPsCZ60CPI4rxurnwAa+a2w==}

  slice-ansi@5.0.0:
    resolution: {integrity: sha512-FC+lgizVPfie0kkhqUScwRu1O/lF6NOgJmlCgK+/LYxDCTk8sGelYaHDhFcDN+Sn3Cv+3VSa4Byeo+IMCzpMgQ==}
    engines: {node: '>=12'}

  slice-ansi@7.1.2:
    resolution: {integrity: sha512-iOBWFgUX7caIZiuutICxVgX1SdxwAVFFKwt1EvMYYec/NWO5meOJ6K5uQxhrYBdQJne4KxiqZc+KptFOWFSI9w==}
    engines: {node: '>=18'}

  string-width@7.2.0:
    resolution: {integrity: sha512-tsaTIkKW9b4N+AEj+SVA+WhJzV7/zMhcSu78mLKWSk7cXMOSHsBKFWUs0fWwq8QyK3MgJBQRX6Gbi4kYbdvGkQ==}
    engines: {node: '>=18'}

  thirty-two@1.0.2:
    resolution: {integrity: sha512-OEI0IWCe+Dw46019YLl6V10Us5bi574EvlJEOcAkB29IzQ/mYD1A6RyNHLjZPiHCmuodxvgF6U+vZO1L15lxVA==}
    engines: {node: '>=0.2.6'}

  wrap-ansi@9.0.2:
    resolution: {integrity: sha512-42AtmgqjV+X1VpdOfyTGOYRi0/zsoLqtXQckTmqTeybT+BDIbM/Guxo7x3pE2vtpr1ok6xRqM9OpBe+Jyoqyww==}
    engines: {node: '>=18'}

  '@ai-sdk/anthropic@1.2.12(zod@3.25.76)':
    dependencies:
      '@ai-sdk/provider': 1.1.3
      '@ai-sdk/provider-utils': 2.2.8(zod@3.25.76)
      zod: 3.25.76

  '@antiwork/shortest@0.4.9(@ai-sdk/anthropic@1.2.12(zod@3.25.76))(@ai-sdk/provider@1.1.3)(@types/node@22.18.8)(ai@4.3.19(react@19.0.0)(zod@3.25.76))(devtools-protocol@0.0.1354347)(dotenv@16.5.0)(esbuild@0.19.12)(expect@30.1.2)(mailosaur@8.8.1)(playwright@1.54.2)':
    dependencies:
      '@ai-sdk/anthropic': 1.2.12(zod@3.25.76)
      '@ai-sdk/provider': 1.1.3
      '@babel/code-frame': 7.27.1
      '@babel/parser': 7.28.4
      '@babel/traverse': 7.28.4
      '@babel/types': 7.28.4
      '@inquirer/prompts': 7.5.0(@types/node@22.18.8)
      '@listr2/prompt-adapter-inquirer': 2.0.22(@inquirer/prompts@7.5.0(@types/node@22.18.8))
      '@netlify/framework-info': 9.9.3
      '@types/babel__traverse': 7.28.0
      ai: 4.3.19(react@19.0.0)(zod@3.25.76)
      chromium-bidi: 0.5.24(devtools-protocol@0.0.1354347)
      commander: 13.1.0
      dotenv: 16.5.0
      esbuild: 0.19.12
      expect: 30.1.2
      glob: 10.4.5
      globby: 14.1.0
      listr2: 8.3.3
      mailosaur: 8.8.1
      otplib: 12.0.1
      picocolors: 1.1.1
      playwright: 1.54.2
      simple-git: 3.28.0
    transitivePeerDependencies:
      - '@types/node'
      - devtools-protocol
      - supports-color

      '@babel/parser': 7.28.4
      '@babel/types': 7.28.4
      '@types/react': 19.0.0
      debug: 4.4.3(supports-color@8.1.1)
      '@babel/types': 7.28.4
  '@kwsites/file-exists@1.1.1':
    dependencies:
      debug: 4.4.3(supports-color@8.1.1)
    transitivePeerDependencies:
      - supports-color

  '@kwsites/promise-deferred@1.1.1': {}

  '@listr2/prompt-adapter-inquirer@2.0.22(@inquirer/prompts@7.5.0(@types/node@22.18.8))':
    dependencies:
      '@inquirer/prompts': 7.5.0(@types/node@22.18.8)
      '@inquirer/type': 1.5.5

  '@netlify/framework-info@9.9.3':
    dependencies:
      ajv: 8.17.1
      filter-obj: 5.1.0
      find-up: 6.3.0
      is-plain-obj: 4.1.0
      locate-path: 7.2.0
      p-filter: 4.1.0
      p-locate: 6.0.0
      read-pkg-up: 9.1.0
      semver: 7.7.2

  '@otplib/core@12.0.1': {}

  '@otplib/plugin-crypto@12.0.1':
    dependencies:
      '@otplib/core': 12.0.1

  '@otplib/plugin-thirty-two@12.0.1':
    dependencies:
      '@otplib/core': 12.0.1
      thirty-two: 1.0.2

  '@otplib/preset-default@12.0.1':
    dependencies:
      '@otplib/core': 12.0.1
      '@otplib/plugin-crypto': 12.0.1
      '@otplib/plugin-thirty-two': 12.0.1

  '@otplib/preset-v11@12.0.1':
    dependencies:
      '@otplib/core': 12.0.1
      '@otplib/plugin-crypto': 12.0.1
      '@otplib/plugin-thirty-two': 12.0.1

  '@types/babel__traverse@7.28.0':
    dependencies:
      '@babel/types': 7.28.4

      '@types/react': 19.0.0
      debug: 4.4.3(supports-color@8.1.1)
  ansi-escapes@7.1.1:
    dependencies:
      environment: 1.1.0

  chromium-bidi@0.5.24(devtools-protocol@0.0.1354347):
    dependencies:
      devtools-protocol: 0.0.1354347
      mitt: 3.0.1
      urlpattern-polyfill: 10.0.0
      zod: 3.23.8

  cli-cursor@5.0.0:
    dependencies:
      restore-cursor: 5.1.0

  cli-truncate@4.0.0:
    dependencies:
      slice-ansi: 5.0.0
      string-width: 7.2.0

  emoji-regex@10.6.0: {}

  environment@1.1.0: {}

      is-core-module: 2.16.1
      is-core-module: 2.16.1
  eventemitter3@5.0.1: {}

      debug: 4.4.3(supports-color@8.1.1)
  filter-obj@5.1.0: {}

  get-east-asian-width@1.4.0: {}

  globby@14.1.0:
    dependencies:
      '@sindresorhus/merge-streams': 2.3.0
      fast-glob: 3.3.3
      ignore: 7.0.5
      path-type: 6.0.0
      slash: 5.1.0
      unicorn-magic: 0.3.0

      debug: 4.4.3(supports-color@8.1.1)
      debug: 4.4.3(supports-color@8.1.1)
  is-fullwidth-code-point@4.0.0: {}

  is-fullwidth-code-point@5.1.0:
    dependencies:
      get-east-asian-width: 1.4.0

      debug: 4.4.3(supports-color@8.1.1)
  listr2@8.3.3:
    dependencies:
      cli-truncate: 4.0.0
      colorette: 2.0.20
      eventemitter3: 5.0.1
      log-update: 6.1.0
      rfdc: 1.4.1
      wrap-ansi: 9.0.2

  log-update@6.1.0:
    dependencies:
      ansi-escapes: 7.1.1
      cli-cursor: 5.0.0
      slice-ansi: 7.1.2
      strip-ansi: 7.1.0
      wrap-ansi: 9.0.2

  mailosaur@8.8.1:
    dependencies:
      https-proxy-agent: 5.0.1
    transitivePeerDependencies:
      - supports-color

  mimic-function@5.0.1: {}

      is-core-module: 2.16.1
  onetime@7.0.0:
    dependencies:
      mimic-function: 5.0.1

  otplib@12.0.1:
    dependencies:
      '@otplib/core': 12.0.1
      '@otplib/preset-default': 12.0.1
      '@otplib/preset-v11': 12.0.1

  p-filter@4.1.0:
    dependencies:
      p-map: 7.0.3

  p-map@7.0.3: {}

  path-type@6.0.0: {}

  read-pkg-up@9.1.0:
    dependencies:
      find-up: 6.3.0
      read-pkg: 7.1.0
      type-fest: 2.19.0

  read-pkg@7.1.0:
    dependencies:
      '@types/normalize-package-data': 2.4.1
      normalize-package-data: 3.0.3
      parse-json: 5.2.0
      type-fest: 2.19.0

      is-core-module: 2.16.1
      is-core-module: 2.16.1
  restore-cursor@5.1.0:
    dependencies:
      onetime: 7.0.0
      signal-exit: 4.1.0

      debug: 4.4.3(supports-color@8.1.1)
  simple-git@3.28.0:
    dependencies:
      '@kwsites/file-exists': 1.1.1
      '@kwsites/promise-deferred': 1.1.1
      debug: 4.4.3(supports-color@8.1.1)
    transitivePeerDependencies:
      - supports-color

  slice-ansi@5.0.0:
    dependencies:
      ansi-styles: 6.2.1
      is-fullwidth-code-point: 4.0.0

  slice-ansi@7.1.2:
    dependencies:
      ansi-styles: 6.2.1
      is-fullwidth-code-point: 5.1.0

  string-width@7.2.0:
    dependencies:
      emoji-regex: 10.6.0
      get-east-asian-width: 1.4.0
      strip-ansi: 7.1.0

  thirty-two@1.0.2: {}

      debug: 4.4.3(supports-color@8.1.1)
  wrap-ansi@9.0.2:
    dependencies:
      ansi-styles: 6.2.1
      string-width: 7.2.0
      strip-ansi: 7.1.0

