      '@radix-ui/react-slider':
        specifier: ^1.3.6
        version: 1.3.6(@types/react-dom@19.0.0)(@types/react@19.0.0)(react-dom@19.2.0(react@19.2.0))(react@19.2.0)
  '@radix-ui/react-slider@1.3.6':
    resolution: {integrity: sha512-JPYb1GuM1bxfjMRlNLE+BcmBC8onfCi60Blk7OBqi2MLTFdS+8401U4uFjnwkOr49BLmXxLC6JHkvAsx5OJvHw==}
    peerDependencies:
      '@types/react': '*'
      '@types/react-dom': '*'
      react: ^16.8 || ^17.0 || ^18.0 || ^19.0 || ^19.0.0-rc
      react-dom: ^16.8 || ^17.0 || ^18.0 || ^19.0 || ^19.0.0-rc
    peerDependenciesMeta:
      '@types/react':
        optional: true
      '@types/react-dom':
        optional: true

    deprecated: < 24.15.0 is no longer supported
  '@nrwl/js@19.8.14(@babel/traverse@7.28.4)(@swc-node/register@1.9.2(@swc/core@1.5.29(@swc/helpers@0.5.17))(@swc/types@0.1.17)(typescript@5.9.2))(@swc/core@1.5.29(@swc/helpers@0.5.17))(@types/node@22.18.1)(nx@19.8.14(@swc-node/register@1.9.2(@swc/core@1.5.29(@swc/helpers@0.5.17))(@swc/types@0.1.17)(typescript@5.9.2))(@swc/core@1.5.29(@swc/helpers@0.5.17)))(typescript@5.4.5)':
    dependencies:
      '@nx/js': 19.8.14(@babel/traverse@7.28.4)(@swc-node/register@1.9.2(@swc/core@1.5.29(@swc/helpers@0.5.17))(@swc/types@0.1.17)(typescript@5.9.2))(@swc/core@1.5.29(@swc/helpers@0.5.17))(@types/node@22.18.1)(nx@19.8.14(@swc-node/register@1.9.2(@swc/core@1.5.29(@swc/helpers@0.5.17))(@swc/types@0.1.17)(typescript@5.9.2))(@swc/core@1.5.29(@swc/helpers@0.5.17)))(typescript@5.4.5)
    transitivePeerDependencies:
      - '@babel/traverse'
      - '@swc-node/register'
      - '@swc/core'
      - '@swc/wasm'
      - '@types/node'
      - debug
      - nx
      - supports-color
      - typescript
      - verdaccio

      '@nrwl/js': 19.8.14(@babel/traverse@7.28.4)(@swc-node/register@1.9.2(@swc/core@1.5.29(@swc/helpers@0.5.17))(@swc/types@0.1.17)(typescript@5.9.2))(@swc/core@1.5.29(@swc/helpers@0.5.17))(@types/node@22.18.1)(nx@19.8.14(@swc-node/register@1.9.2(@swc/core@1.5.29(@swc/helpers@0.5.17))(@swc/types@0.1.17)(typescript@5.9.2))(@swc/core@1.5.29(@swc/helpers@0.5.17)))(typescript@5.4.5)
  '@radix-ui/react-slider@1.3.6(@types/react-dom@19.0.0)(@types/react@19.0.0)(react-dom@19.2.0(react@19.2.0))(react@19.2.0)':
    dependencies:
      '@radix-ui/number': 1.1.1
      '@radix-ui/primitive': 1.1.3
      '@radix-ui/react-collection': 1.1.7(@types/react-dom@19.0.0)(@types/react@19.0.0)(react-dom@19.2.0(react@19.2.0))(react@19.2.0)
      '@radix-ui/react-compose-refs': 1.1.2(@types/react@19.0.0)(react@19.2.0)
      '@radix-ui/react-context': 1.1.2(@types/react@19.0.0)(react@19.2.0)
      '@radix-ui/react-direction': 1.1.1(@types/react@19.0.0)(react@19.2.0)
      '@radix-ui/react-primitive': 2.1.3(@types/react-dom@19.0.0)(@types/react@19.0.0)(react-dom@19.2.0(react@19.2.0))(react@19.2.0)
      '@radix-ui/react-use-controllable-state': 1.2.2(@types/react@19.0.0)(react@19.2.0)
      '@radix-ui/react-use-layout-effect': 1.1.1(@types/react@19.0.0)(react@19.2.0)
      '@radix-ui/react-use-previous': 1.1.1(@types/react@19.0.0)(react@19.2.0)
      '@radix-ui/react-use-size': 1.1.1(@types/react@19.0.0)(react@19.2.0)
      react: 19.2.0
      react-dom: 19.2.0(react@19.2.0)
    optionalDependencies:
      '@types/react': 19.0.0
      '@types/react-dom': 19.0.0

