      '@ai-sdk/openai':
        specifier: ^1.2.14
        version: 1.3.24(zod@3.25.76)
  '@ai-sdk/openai@1.3.24':
    resolution: {integrity: sha512-GYXnGJTHRTZc4gJMSmFRgEQudjqd4PUN0ZjQhPwOAYH1yOAvQoG/Ikqs+HyISRbLPCrhbZnPKCNHuRU4OfpW0Q==}
    engines: {node: '>=18'}
    peerDependencies:
      zod: ^3.0.0

    deprecated: < 24.15.0 is no longer supported
  '@ai-sdk/openai@1.3.24(zod@3.25.76)':
    dependencies:
      '@ai-sdk/provider': 1.1.3
      '@ai-sdk/provider-utils': 2.2.8(zod@3.25.76)
      zod: 3.25.76

