{
    "version": 3,
    "terraform_version": "0.12.31",
    "serial": 1,
    "lineage": "513e7028-1ec8-b83b-d4a7-fa08e2321a53",
    "modules": [
        {
            "path": [
                "root"
            ],
            "outputs": {
                "aws_network_interface_tfer--eni-00000cf39051e2133_id": {
                    "sensitive": false,
                    "type": "string",
                    "value": "eni-00000cf39051e2133"
                },
                "aws_network_interface_tfer--eni-0036a93ddfa2ab895_id": {
                    "sensitive": false,
                    "type": "string",
                    "value": "eni-0036a93ddfa2ab895"
                },
                "aws_network_interface_tfer--eni-00946b7b77e0f3dc9_id": {
                    "sensitive": false,
                    "type": "string",
                    "value": "eni-00946b7b77e0f3dc9"
                },
                "aws_network_interface_tfer--eni-00cf250c1f41c7ef6_id": {
                    "sensitive": false,
                    "type": "string",
                    "value": "eni-00cf250c1f41c7ef6"
                },
                "aws_network_interface_tfer--eni-015f489fdf3fd8aa4_id": {
                    "sensitive": false,
                    "type": "string",
                    "value": "eni-015f489fdf3fd8aa4"
                },
                "aws_network_interface_tfer--eni-01d3ebbdaf4738b35_id": {
                    "sensitive": false,
                    "type": "string",
                    "value": "eni-01d3ebbdaf4738b35"
                },
                "aws_network_interface_tfer--eni-02183fbf1c5fdadbc_id": {
                    "sensitive": false,
                    "type": "string",
                    "value": "eni-02183fbf1c5fdadbc"
                },
                "aws_network_interface_tfer--eni-0261cde1ae701c387_id": {
                    "sensitive": false,
                    "type": "string",
                    "value": "eni-0261cde1ae701c387"
                },
                "aws_network_interface_tfer--eni-027faeee34883287e_id": {
                    "sensitive": false,
                    "type": "string",
                    "value": "eni-027faeee34883287e"
                },
                "aws_network_interface_tfer--eni-02fb66bb3910e04fe_id": {
                    "sensitive": false,
                    "type": "string",
                    "value": "eni-02fb66bb3910e04fe"
                },
                "aws_network_interface_tfer--eni-031db84b1f6cb5f9a_id": {
                    "sensitive": false,
                    "type": "string",
                    "value": "eni-031db84b1f6cb5f9a"
                },
                "aws_network_interface_tfer--eni-032967a268173ebe6_id": {
                    "sensitive": false,
                    "type": "string",
                    "value": "eni-032967a268173ebe6"
                },
                "aws_network_interface_tfer--eni-03cdf53dc50e12794_id": {
                    "sensitive": false,
                    "type": "string",
                    "value": "eni-03cdf53dc50e12794"
                },
                "aws_network_interface_tfer--eni-042f6e6c5cabd51a1_id": {
                    "sensitive": false,
                    "type": "string",
                    "value": "eni-042f6e6c5cabd51a1"
                },
                "aws_network_interface_tfer--eni-04c26b705ddccba12_id": {
                    "sensitive": false,
                    "type": "string",
                    "value": "eni-04c26b705ddccba12"
                },
                "aws_network_interface_tfer--eni-04c4ad1e0e7f0ddaa_id": {
                    "sensitive": false,
                    "type": "string",
                    "value": "eni-04c4ad1e0e7f0ddaa"
                },
                "aws_network_interface_tfer--eni-04ed11057c6013f0a_id": {
                    "sensitive": false,
                    "type": "string",
                    "value": "eni-04ed11057c6013f0a"
                },
                "aws_network_interface_tfer--eni-05076a36ec5338300_id": {
                    "sensitive": false,
                    "type": "string",
                    "value": "eni-05076a36ec5338300"
                },
                "aws_network_interface_tfer--eni-0549d7e02e4cf3431_id": {
                    "sensitive": false,
                    "type": "string",
                    "value": "eni-0549d7e02e4cf3431"
                },
                "aws_network_interface_tfer--eni-057d5262899b40190_id": {
                    "sensitive": false,
                    "type": "string",
                    "value": "eni-057d5262899b40190"
                },
                "aws_network_interface_tfer--eni-060fba76fc5fc5131_id": {
                    "sensitive": false,
                    "type": "string",
                    "value": "eni-060fba76fc5fc5131"
                },
                "aws_network_interface_tfer--eni-067ad6e5f491072ec_id": {
                    "sensitive": false,
                    "type": "string",
                    "value": "eni-067ad6e5f491072ec"
                },
                "aws_network_interface_tfer--eni-068e2c60cecf53870_id": {
                    "sensitive": false,
                    "type": "string",
                    "value": "eni-068e2c60cecf53870"
                },
                "aws_network_interface_tfer--eni-06b161abb2efd4e78_id": {
                    "sensitive": false,
                    "type": "string",
                    "value": "eni-06b161abb2efd4e78"
                },
                "aws_network_interface_tfer--eni-06d337933e0767e8e_id": {
                    "sensitive": false,
                    "type": "string",
                    "value": "eni-06d337933e0767e8e"
                },
                "aws_network_interface_tfer--eni-076fe4db6117f1a20_id": {
                    "sensitive": false,
                    "type": "string",
                    "value": "eni-076fe4db6117f1a20"
                },
                "aws_network_interface_tfer--eni-07905f4bc898b49cd_id": {
                    "sensitive": false,
                    "type": "string",
                    "value": "eni-07905f4bc898b49cd"
                },
                "aws_network_interface_tfer--eni-07e4d1d767a424000_id": {
                    "sensitive": false,
                    "type": "string",
                    "value": "eni-07e4d1d767a424000"
                },
                "aws_network_interface_tfer--eni-07f31b6e9713d5037_id": {
                    "sensitive": false,
                    "type": "string",
                    "value": "eni-07f31b6e9713d5037"
                },
                "aws_network_interface_tfer--eni-0927025d83ab2aa16_id": {
                    "sensitive": false,
                    "type": "string",
                    "value": "eni-0927025d83ab2aa16"
                },
                "aws_network_interface_tfer--eni-094acf94a9dadd4ca_id": {
                    "sensitive": false,
                    "type": "string",
                    "value": "eni-094acf94a9dadd4ca"
                },
                "aws_network_interface_tfer--eni-09eab0fd79d3794e9_id": {
                    "sensitive": false,
                    "type": "string",
                    "value": "eni-09eab0fd79d3794e9"
                },
                "aws_network_interface_tfer--eni-09fa0dcf469f71c9e_id": {
                    "sensitive": false,
                    "type": "string",
                    "value": "eni-09fa0dcf469f71c9e"
                },
                "aws_network_interface_tfer--eni-09fb5b90dbd85d743_id": {
                    "sensitive": false,
                    "type": "string",
                    "value": "eni-09fb5b90dbd85d743"
                },
                "aws_network_interface_tfer--eni-0a32a31b59554cb83_id": {
                    "sensitive": false,
                    "type": "string",
                    "value": "eni-0a32a31b59554cb83"
                },
                "aws_network_interface_tfer--eni-0a358243c6a688935_id": {
                    "sensitive": false,
                    "type": "string",
                    "value": "eni-0a358243c6a688935"
                },
                "aws_network_interface_tfer--eni-0a8de1b8f486443d2_id": {
                    "sensitive": false,
                    "type": "string",
                    "value": "eni-0a8de1b8f486443d2"
                },
                "aws_network_interface_tfer--eni-0aa805dac8a1aa297_id": {
                    "sensitive": false,
                    "type": "string",
                    "value": "eni-0aa805dac8a1aa297"
                },
                "aws_network_interface_tfer--eni-0ae5b3d082a3d1226_id": {
                    "sensitive": false,
                    "type": "string",
                    "value": "eni-0ae5b3d082a3d1226"
                },
                "aws_network_interface_tfer--eni-0b4be848a52c407e5_id": {
                    "sensitive": false,
                    "type": "string",
                    "value": "eni-0b4be848a52c407e5"
                },
                "aws_network_interface_tfer--eni-0bacfa1421877a4da_id": {
                    "sensitive": false,
                    "type": "string",
                    "value": "eni-0bacfa1421877a4da"
                },
                "aws_network_interface_tfer--eni-0bdb24ed15dd7798d_id": {
                    "sensitive": false,
                    "type": "string",
                    "value": "eni-0bdb24ed15dd7798d"
                },
                "aws_network_interface_tfer--eni-0be84a9d223f037a5_id": {
                    "sensitive": false,
                    "type": "string",
                    "value": "eni-0be84a9d223f037a5"
                },
                "aws_network_interface_tfer--eni-0c4a58231928d209a_id": {
                    "sensitive": false,
                    "type": "string",
                    "value": "eni-0c4a58231928d209a"
                },
                "aws_network_interface_tfer--eni-0c5d2efe34aeeeb7b_id": {
                    "sensitive": false,
                    "type": "string",
                    "value": "eni-0c5d2efe34aeeeb7b"
                },
                "aws_network_interface_tfer--eni-0c60c8971eeea76fc_id": {
                    "sensitive": false,
                    "type": "string",
                    "value": "eni-0c60c8971eeea76fc"
                },
                "aws_network_interface_tfer--eni-0ca1d83bea4870405_id": {
                    "sensitive": false,
                    "type": "string",
                    "value": "eni-0ca1d83bea4870405"
                },
                "aws_network_interface_tfer--eni-0d0250d44375620d1_id": {
                    "sensitive": false,
                    "type": "string",
                    "value": "eni-0d0250d44375620d1"
                },
                "aws_network_interface_tfer--eni-0e7d974fb7991df44_id": {
                    "sensitive": false,
                    "type": "string",
                    "value": "eni-0e7d974fb7991df44"
                },
                "aws_network_interface_tfer--eni-0f4fb5fc79ba28e31_id": {
                    "sensitive": false,
                    "type": "string",
                    "value": "eni-0f4fb5fc79ba28e31"
                },
                "aws_network_interface_tfer--eni-0f98b35ae47602820_id": {
                    "sensitive": false,
                    "type": "string",
                    "value": "eni-0f98b35ae47602820"
                },
                "aws_network_interface_tfer--eni-0fc32d01cc8010e54_id": {
                    "sensitive": false,
                    "type": "string",
                    "value": "eni-0fc32d01cc8010e54"
                },
                "aws_network_interface_tfer--eni-0fd57d751772fe842_id": {
                    "sensitive": false,
                    "type": "string",
                    "value": "eni-0fd57d751772fe842"
                }
            },
            "resources": {
                "aws_network_interface.tfer--eni-00000cf39051e2133": {
                    "type": "aws_network_interface",
                    "depends_on": [],
                    "primary": {
                        "id": "eni-00000cf39051e2133",
                        "attributes": {
                            "arn": "arn:aws:ec2:us-east-2:894231352815:network-interface/eni-00000cf39051e2133",
                            "attachment.#": "1",
                            "attachment.0.attachment_id": "eni-attach-015cf34bfef7645ad",
                            "attachment.0.device_index": "0",
                            "attachment.0.instance": "i-0d9b3282bd0810174",
                            "description": "",
                            "id": "eni-00000cf39051e2133",
                            "interface_type": "interface",
                            "ipv4_prefix_count": "0",
                            "ipv4_prefixes.#": "0",
                            "ipv6_address_count": "0",
                            "ipv6_address_list.#": "0",
                            "ipv6_addresses.#": "0",
                            "ipv6_prefix_count": "0",
                            "ipv6_prefixes.#": "0",
                            "mac_address": "0a:45:83:0f:f4:1c",
                            "outpost_arn": "",
                            "owner_id": "894231352815",
                            "private_dns_name": "ip-172-31-46-9.us-east-2.compute.internal",
                            "private_ip": "172.31.46.9",
                            "private_ip_list.#": "10",
                            "private_ip_list.0": "172.31.46.9",
                            "private_ip_list.1": "172.31.40.207",
                            "private_ip_list.2": "172.31.42.15",
                            "private_ip_list.3": "172.31.45.142",
                            "private_ip_list.4": "172.31.45.153",
                            "private_ip_list.5": "172.31.43.104",
                            "private_ip_list.6": "172.31.35.246",
                            "private_ip_list.7": "172.31.42.85",
                            "private_ip_list.8": "172.31.40.197",
                            "private_ip_list.9": "172.31.33.4",
                            "private_ips.#": "10",
                            "private_ips.0": "172.31.33.4",
                            "private_ips.1": "172.31.35.246",
                            "private_ips.2": "172.31.40.197",
                            "private_ips.3": "172.31.40.207",
                            "private_ips.4": "172.31.42.15",
                            "private_ips.5": "172.31.42.85",
                            "private_ips.6": "172.31.43.104",
                            "private_ips.7": "172.31.45.142",
                            "private_ips.8": "172.31.45.153",
                            "private_ips.9": "172.31.46.9",
                            "private_ips_count": "9",
                            "security_groups.#": "1",
                            "security_groups.0": "sg-096321fc5ad4991e1",
                            "source_dest_check": "true",
                            "subnet_id": "subnet-305d917d",
                            "tags.%": "1",
                            "tags.node.k8s.amazonaws.com/instance_id": "i-0d9b3282bd0810174",
                            "tags_all.%": "1",
                            "tags_all.node.k8s.amazonaws.com/instance_id": "i-0d9b3282bd0810174"
                        },
                        "meta": {
                            "schema_version": 0
                        },
                        "tainted": false
                    },
                    "deposed": [],
                    "provider": "provider.aws"
                },
                "aws_network_interface.tfer--eni-0036a93ddfa2ab895": {
                    "type": "aws_network_interface",
                    "depends_on": [],
                    "primary": {
                        "id": "eni-0036a93ddfa2ab895",
                        "attributes": {
                            "arn": "arn:aws:ec2:us-east-2:894231352815:network-interface/eni-0036a93ddfa2ab895",
                            "attachment.#": "1",
                            "attachment.0.attachment_id": "eni-attach-0baf414366a187b4c",
                            "attachment.0.device_index": "1",
                            "attachment.0.instance": "",
                            "description": "ELB a899cf7a7e14a44ae81280f5067bb761",
                            "id": "eni-0036a93ddfa2ab895",
                            "interface_type": "interface",
                            "ipv4_prefix_count": "0",
                            "ipv4_prefixes.#": "0",
                            "ipv6_address_count": "0",
                            "ipv6_address_list.#": "0",
                            "ipv6_addresses.#": "0",
                            "ipv6_prefix_count": "0",
                            "ipv6_prefixes.#": "0",
                            "mac_address": "02:b9:f2:82:98:02",
                            "outpost_arn": "",
                            "owner_id": "894231352815",
                            "private_dns_name": "ip-172-31-2-51.us-east-2.compute.internal",
                            "private_ip": "172.31.2.51",
                            "private_ip_list.#": "1",
                            "private_ip_list.0": "172.31.2.51",
                            "private_ips.#": "1",
                            "private_ips.0": "172.31.2.51",
                            "private_ips_count": "0",
                            "security_groups.#": "1",
                            "security_groups.0": "sg-061439617061fdb2c",
                            "source_dest_check": "true",
                            "subnet_id": "subnet-bb4432d2",
                            "tags.%": "0",
                            "tags_all.%": "0"
                        },
                        "meta": {
                            "schema_version": 0
                        },
                        "tainted": false
                    },
                    "deposed": [],
                    "provider": "provider.aws"
                },
                "aws_network_interface.tfer--eni-00946b7b77e0f3dc9": {
                    "type": "aws_network_interface",
                    "depends_on": [],
                    "primary": {
                        "id": "eni-00946b7b77e0f3dc9",
                        "attributes": {
                            "arn": "arn:aws:ec2:us-east-2:894231352815:network-interface/eni-00946b7b77e0f3dc9",
                            "attachment.#": "1",
                            "attachment.0.attachment_id": "eni-attach-06d42331137ce0e50",
                            "attachment.0.device_index": "1",
                            "attachment.0.instance": "",
                            "description": "ELB ac51376bfb6a34a529800a5c74892f4b",
                            "id": "eni-00946b7b77e0f3dc9",
                            "interface_type": "interface",
                            "ipv4_prefix_count": "0",
                            "ipv4_prefixes.#": "0",
                            "ipv6_address_count": "0",
                            "ipv6_address_list.#": "0",
                            "ipv6_addresses.#": "0",
                            "ipv6_prefix_count": "0",
                            "ipv6_prefixes.#": "0",
                            "mac_address": "06:36:93:47:08:60",
                            "outpost_arn": "",
                            "owner_id": "894231352815",
                            "private_dns_name": "ip-172-31-16-255.us-east-2.compute.internal",
                            "private_ip": "172.31.16.255",
                            "private_ip_list.#": "1",
                            "private_ip_list.0": "172.31.16.255",
                            "private_ips.#": "1",
                            "private_ips.0": "172.31.16.255",
                            "private_ips_count": "0",
                            "security_groups.#": "1",
                            "security_groups.0": "sg-03f05715ba8bb810f",
                            "source_dest_check": "true",
                            "subnet_id": "subnet-4d17ab36",
                            "tags.%": "0",
                            "tags_all.%": "0"
                        },
                        "meta": {
                            "schema_version": 0
                        },
                        "tainted": false
                    },
                    "deposed": [],
                    "provider": "provider.aws"
                },
                "aws_network_interface.tfer--eni-00cf250c1f41c7ef6": {
                    "type": "aws_network_interface",
                    "depends_on": [],
                    "primary": {
                        "id": "eni-00cf250c1f41c7ef6",
                        "attributes": {
                            "arn": "arn:aws:ec2:us-east-2:894231352815:network-interface/eni-00cf250c1f41c7ef6",
                            "attachment.#": "1",
                            "attachment.0.attachment_id": "eni-attach-0f290c530eb5322ef",
                            "attachment.0.device_index": "1",
                            "attachment.0.instance": "",
                            "description": "ELB a3d9299b3410e44caa7a267ecb001a23",
                            "id": "eni-00cf250c1f41c7ef6",
                            "interface_type": "interface",
                            "ipv4_prefix_count": "0",
                            "ipv4_prefixes.#": "0",
                            "ipv6_address_count": "0",
                            "ipv6_address_list.#": "0",
                            "ipv6_addresses.#": "0",
                            "ipv6_prefix_count": "0",
                            "ipv6_prefixes.#": "0",
                            "mac_address": "02:c3:d7:2f:e0:6a",
                            "outpost_arn": "",
                            "owner_id": "894231352815",
                            "private_dns_name": "ip-172-31-9-77.us-east-2.compute.internal",
                            "private_ip": "172.31.9.77",
                            "private_ip_list.#": "1",
                            "private_ip_list.0": "172.31.9.77",
                            "private_ips.#": "1",
                            "private_ips.0": "172.31.9.77",
                            "private_ips_count": "0",
                            "security_groups.#": "1",
                            "security_groups.0": "sg-0f0910f619d4e4fd6",
                            "source_dest_check": "true",
                            "subnet_id": "subnet-bb4432d2",
                            "tags.%": "0",
                            "tags_all.%": "0"
                        },
                        "meta": {
                            "schema_version": 0
                        },
                        "tainted": false
                    },
                    "deposed": [],
                    "provider": "provider.aws"
                },
                "aws_network_interface.tfer--eni-015f489fdf3fd8aa4": {
                    "type": "aws_network_interface",
                    "depends_on": [],
                    "primary": {
                        "id": "eni-015f489fdf3fd8aa4",
                        "attributes": {
                            "arn": "arn:aws:ec2:us-east-2:894231352815:network-interface/eni-015f489fdf3fd8aa4",
                            "attachment.#": "1",
                            "attachment.0.attachment_id": "eni-attach-073daa3590f56084e",
                            "attachment.0.device_index": "1",
                            "attachment.0.instance": "i-02ccb0b1c8ed2dd11",
                            "description": "aws-K8S-i-02ccb0b1c8ed2dd11",
                            "id": "eni-015f489fdf3fd8aa4",
                            "interface_type": "interface",
                            "ipv4_prefix_count": "0",
                            "ipv4_prefixes.#": "0",
                            "ipv6_address_count": "0",
                            "ipv6_address_list.#": "0",
                            "ipv6_addresses.#": "0",
                            "ipv6_prefix_count": "0",
                            "ipv6_prefixes.#": "0",
                            "mac_address": "06:c9:50:53:e3:fc",
                            "outpost_arn": "",
                            "owner_id": "894231352815",
                            "private_dns_name": "ip-172-31-24-188.us-east-2.compute.internal",
                            "private_ip": "172.31.24.188",
                            "private_ip_list.#": "10",
                            "private_ip_list.0": "172.31.24.188",
                            "private_ip_list.1": "172.31.18.15",
                            "private_ip_list.2": "172.31.26.140",
                            "private_ip_list.3": "172.31.16.75",
                            "private_ip_list.4": "172.31.18.73",
                            "private_ip_list.5": "172.31.30.135",
                            "private_ip_list.6": "172.31.25.39",
                            "private_ip_list.7": "172.31.25.54",
                            "private_ip_list.8": "172.31.30.132",
                            "private_ip_list.9": "172.31.25.99",
                            "private_ips.#": "10",
                            "private_ips.0": "172.31.16.75",
                            "private_ips.1": "172.31.18.15",
                            "private_ips.2": "172.31.18.73",
                            "private_ips.3": "172.31.24.188",
                            "private_ips.4": "172.31.25.39",
                            "private_ips.5": "172.31.25.54",
                            "private_ips.6": "172.31.25.99",
                            "private_ips.7": "172.31.26.140",
                            "private_ips.8": "172.31.30.132",
                            "private_ips.9": "172.31.30.135",
                            "private_ips_count": "9",
                            "security_groups.#": "1",
                            "security_groups.0": "sg-096321fc5ad4991e1",
                            "source_dest_check": "true",
                            "subnet_id": "subnet-4d17ab36",
                            "tags.%": "2",
                            "tags.node.k8s.amazonaws.com/createdAt": "2022-06-04T20:25:01Z",
                            "tags.node.k8s.amazonaws.com/instance_id": "i-02ccb0b1c8ed2dd11",
                            "tags_all.%": "2",
                            "tags_all.node.k8s.amazonaws.com/createdAt": "2022-06-04T20:25:01Z",
                            "tags_all.node.k8s.amazonaws.com/instance_id": "i-02ccb0b1c8ed2dd11"
                        },
                        "meta": {
                            "schema_version": 0
                        },
                        "tainted": false
                    },
                    "deposed": [],
                    "provider": "provider.aws"
                },
                "aws_network_interface.tfer--eni-01d3ebbdaf4738b35": {
                    "type": "aws_network_interface",
                    "depends_on": [],
                    "primary": {
                        "id": "eni-01d3ebbdaf4738b35",
                        "attributes": {
                            "arn": "arn:aws:ec2:us-east-2:894231352815:network-interface/eni-01d3ebbdaf4738b35",
                            "attachment.#": "1",
                            "attachment.0.attachment_id": "eni-attach-073a8643ac1a6be4d",
                            "attachment.0.device_index": "1",
                            "attachment.0.instance": "",
                            "description": "ELB a819711c5a4b94c288be61fe48947a8c",
                            "id": "eni-01d3ebbdaf4738b35",
                            "interface_type": "interface",
                            "ipv4_prefix_count": "0",
                            "ipv4_prefixes.#": "0",
                            "ipv6_address_count": "0",
                            "ipv6_address_list.#": "0",
                            "ipv6_addresses.#": "0",
                            "ipv6_prefix_count": "0",
                            "ipv6_prefixes.#": "0",
                            "mac_address": "06:dc:5c:6e:92:90",
                            "outpost_arn": "",
                            "owner_id": "894231352815",
                            "private_dns_name": "ip-172-31-24-18.us-east-2.compute.internal",
                            "private_ip": "172.31.24.18",
                            "private_ip_list.#": "1",
                            "private_ip_list.0": "172.31.24.18",
                            "private_ips.#": "1",
                            "private_ips.0": "172.31.24.18",
                            "private_ips_count": "0",
                            "security_groups.#": "1",
                            "security_groups.0": "sg-0b5a5774ea382b09f",
                            "source_dest_check": "true",
                            "subnet_id": "subnet-4d17ab36",
                            "tags.%": "0",
                            "tags_all.%": "0"
                        },
                        "meta": {
                            "schema_version": 0
                        },
                        "tainted": false
                    },
                    "deposed": [],
                    "provider": "provider.aws"
                },
                "aws_network_interface.tfer--eni-02183fbf1c5fdadbc": {
                    "type": "aws_network_interface",
                    "depends_on": [],
                    "primary": {
                        "id": "eni-02183fbf1c5fdadbc",
                        "attributes": {
                            "arn": "arn:aws:ec2:us-east-2:894231352815:network-interface/eni-02183fbf1c5fdadbc",
                            "attachment.#": "1",
                            "attachment.0.attachment_id": "eni-attach-0ceb16ddd19d4ef41",
                            "attachment.0.device_index": "1",
                            "attachment.0.instance": "",
                            "description": "ELB a69e78adac8cb45d4be52ec1c927eaff",
                            "id": "eni-02183fbf1c5fdadbc",
                            "interface_type": "interface",
                            "ipv4_prefix_count": "0",
                            "ipv4_prefixes.#": "0",
                            "ipv6_address_count": "0",
                            "ipv6_address_list.#": "0",
                            "ipv6_addresses.#": "0",
                            "ipv6_prefix_count": "0",
                            "ipv6_prefixes.#": "0",
                            "mac_address": "0a:47:11:f0:42:72",
                            "outpost_arn": "",
                            "owner_id": "894231352815",
                            "private_dns_name": "ip-172-31-41-98.us-east-2.compute.internal",
                            "private_ip": "172.31.41.98",
                            "private_ip_list.#": "1",
                            "private_ip_list.0": "172.31.41.98",
                            "private_ips.#": "1",
                            "private_ips.0": "172.31.41.98",
                            "private_ips_count": "0",
                            "security_groups.#": "1",
                            "security_groups.0": "sg-01aee220479bc0778",
                            "source_dest_check": "true",
                            "subnet_id": "subnet-305d917d",
                            "tags.%": "0",
                            "tags_all.%": "0"
                        },
                        "meta": {
                            "schema_version": 0
                        },
                        "tainted": false
                    },
                    "deposed": [],
                    "provider": "provider.aws"
                },
                "aws_network_interface.tfer--eni-0261cde1ae701c387": {
                    "type": "aws_network_interface",
                    "depends_on": [],
                    "primary": {
                        "id": "eni-0261cde1ae701c387",
                        "attributes": {
                            "arn": "arn:aws:ec2:us-east-2:894231352815:network-interface/eni-0261cde1ae701c387",
                            "attachment.#": "1",
                            "attachment.0.attachment_id": "eni-attach-0c875477a5540de1f",
                            "attachment.0.device_index": "1",
                            "attachment.0.instance": "",
                            "description": "ELB a638c213857e049869afa3fe4aca2939",
                            "id": "eni-0261cde1ae701c387",
                            "interface_type": "interface",
                            "ipv4_prefix_count": "0",
                            "ipv4_prefixes.#": "0",
                            "ipv6_address_count": "0",
                            "ipv6_address_list.#": "0",
                            "ipv6_addresses.#": "0",
                            "ipv6_prefix_count": "0",
                            "ipv6_prefixes.#": "0",
                            "mac_address": "02:6b:2a:fe:86:16",
                            "outpost_arn": "",
                            "owner_id": "894231352815",
                            "private_dns_name": "ip-172-31-11-238.us-east-2.compute.internal",
                            "private_ip": "172.31.11.238",
                            "private_ip_list.#": "1",
                            "private_ip_list.0": "172.31.11.238",
                            "private_ips.#": "1",
                            "private_ips.0": "172.31.11.238",
                            "private_ips_count": "0",
                            "security_groups.#": "1",
                            "security_groups.0": "sg-0a2e02b19d2100700",
                            "source_dest_check": "true",
                            "subnet_id": "subnet-bb4432d2",
                            "tags.%": "0",
                            "tags_all.%": "0"
                        },
                        "meta": {
                            "schema_version": 0
                        },
                        "tainted": false
                    },
                    "deposed": [],
                    "provider": "provider.aws"
                },
                "aws_network_interface.tfer--eni-027faeee34883287e": {
                    "type": "aws_network_interface",
                    "depends_on": [],
                    "primary": {
                        "id": "eni-027faeee34883287e",
                        "attributes": {
                            "arn": "arn:aws:ec2:us-east-2:894231352815:network-interface/eni-027faeee34883287e",
                            "attachment.#": "1",
                            "attachment.0.attachment_id": "eni-attach-040bb686de91c28b1",
                            "attachment.0.device_index": "1",
                            "attachment.0.instance": "",
                            "description": "ELB a899cf7a7e14a44ae81280f5067bb761",
                            "id": "eni-027faeee34883287e",
                            "interface_type": "interface",
                            "ipv4_prefix_count": "0",
                            "ipv4_prefixes.#": "0",
                            "ipv6_address_count": "0",
                            "ipv6_address_list.#": "0",
                            "ipv6_addresses.#": "0",
                            "ipv6_prefix_count": "0",
                            "ipv6_prefixes.#": "0",
                            "mac_address": "0a:3a:bc:56:bb:c0",
                            "outpost_arn": "",
                            "owner_id": "894231352815",
                            "private_dns_name": "ip-172-31-45-172.us-east-2.compute.internal",
                            "private_ip": "172.31.45.172",
                            "private_ip_list.#": "1",
                            "private_ip_list.0": "172.31.45.172",
                            "private_ips.#": "1",
                            "private_ips.0": "172.31.45.172",
                            "private_ips_count": "0",
                            "security_groups.#": "1",
                            "security_groups.0": "sg-061439617061fdb2c",
                            "source_dest_check": "true",
                            "subnet_id": "subnet-305d917d",
                            "tags.%": "0",
                            "tags_all.%": "0"
                        },
                        "meta": {
                            "schema_version": 0
                        },
                        "tainted": false
                    },
                    "deposed": [],
                    "provider": "provider.aws"
                },
                "aws_network_interface.tfer--eni-02fb66bb3910e04fe": {
                    "type": "aws_network_interface",
                    "depends_on": [],
                    "primary": {
                        "id": "eni-02fb66bb3910e04fe",
                        "attributes": {
                            "arn": "arn:aws:ec2:us-east-2:894231352815:network-interface/eni-02fb66bb3910e04fe",
                            "attachment.#": "1",
                            "attachment.0.attachment_id": "eni-attach-0a3e02a8f68667194",
                            "attachment.0.device_index": "1",
                            "attachment.0.instance": "",
                            "description": "ELB app/43561ac5-echoserver-echose-2ad7/5c4c63ef054f3304",
                            "id": "eni-02fb66bb3910e04fe",
                            "interface_type": "interface",
                            "ipv4_prefix_count": "0",
                            "ipv4_prefixes.#": "0",
                            "ipv6_address_count": "0",
                            "ipv6_address_list.#": "0",
                            "ipv6_addresses.#": "0",
                            "ipv6_prefix_count": "0",
                            "ipv6_prefixes.#": "0",
                            "mac_address": "0a:56:b0:f7:2c:a4",
                            "outpost_arn": "",
                            "owner_id": "894231352815",
                            "private_dns_name": "ip-172-31-36-32.us-east-2.compute.internal",
                            "private_ip": "172.31.36.32",
                            "private_ip_list.#": "1",
                            "private_ip_list.0": "172.31.36.32",
                            "private_ips.#": "1",
                            "private_ips.0": "172.31.36.32",
                            "private_ips_count": "0",
                            "security_groups.#": "1",
                            "security_groups.0": "sg-00d4def5bbc6a8ec1",
                            "source_dest_check": "true",
                            "subnet_id": "subnet-305d917d",
                            "tags.%": "0",
                            "tags_all.%": "0"
                        },
                        "meta": {
                            "schema_version": 0
                        },
                        "tainted": false
                    },
                    "deposed": [],
                    "provider": "provider.aws"
                },
                "aws_network_interface.tfer--eni-031db84b1f6cb5f9a": {
                    "type": "aws_network_interface",
                    "depends_on": [],
                    "primary": {
                        "id": "eni-031db84b1f6cb5f9a",
                        "attributes": {
                            "arn": "arn:aws:ec2:us-east-2:894231352815:network-interface/eni-031db84b1f6cb5f9a",
                            "attachment.#": "1",
                            "attachment.0.attachment_id": "eni-attach-0d746a5c4434d1204",
                            "attachment.0.device_index": "1",
                            "attachment.0.instance": "",
                            "description": "ELB a18ee3304cf31448ebe9ea12b48784e2",
                            "id": "eni-031db84b1f6cb5f9a",
                            "interface_type": "interface",
                            "ipv4_prefix_count": "0",
                            "ipv4_prefixes.#": "0",
                            "ipv6_address_count": "0",
                            "ipv6_address_list.#": "0",
                            "ipv6_addresses.#": "0",
                            "ipv6_prefix_count": "0",
                            "ipv6_prefixes.#": "0",
                            "mac_address": "02:99:ea:9e:5d:30",
                            "outpost_arn": "",
                            "owner_id": "894231352815",
                            "private_dns_name": "ip-172-31-3-196.us-east-2.compute.internal",
                            "private_ip": "172.31.3.196",
                            "private_ip_list.#": "1",
                            "private_ip_list.0": "172.31.3.196",
                            "private_ips.#": "1",
                            "private_ips.0": "172.31.3.196",
                            "private_ips_count": "0",
                            "security_groups.#": "1",
                            "security_groups.0": "sg-0010de5fe00d22d20",
                            "source_dest_check": "true",
                            "subnet_id": "subnet-bb4432d2",
                            "tags.%": "0",
                            "tags_all.%": "0"
                        },
                        "meta": {
                            "schema_version": 0
                        },
                        "tainted": false
                    },
                    "deposed": [],
                    "provider": "provider.aws"
                },
                "aws_network_interface.tfer--eni-032967a268173ebe6": {
                    "type": "aws_network_interface",
                    "depends_on": [],
                    "primary": {
                        "id": "eni-032967a268173ebe6",
                        "attributes": {
                            "arn": "arn:aws:ec2:us-east-2:894231352815:network-interface/eni-032967a268173ebe6",
                            "attachment.#": "1",
                            "attachment.0.attachment_id": "eni-attach-015c776e13cc64ba9",
                            "attachment.0.device_index": "1",
                            "attachment.0.instance": "",
                            "description": "ELB aacad535ab2c34d5eb8227d978849ebe",
                            "id": "eni-032967a268173ebe6",
                            "interface_type": "interface",
                            "ipv4_prefix_count": "0",
                            "ipv4_prefixes.#": "0",
                            "ipv6_address_count": "0",
                            "ipv6_address_list.#": "0",
                            "ipv6_addresses.#": "0",
                            "ipv6_prefix_count": "0",
                            "ipv6_prefixes.#": "0",
                            "mac_address": "02:e7:e9:9a:7f:bc",
                            "outpost_arn": "",
                            "owner_id": "894231352815",
                            "private_dns_name": "ip-172-31-14-244.us-east-2.compute.internal",
                            "private_ip": "172.31.14.244",
                            "private_ip_list.#": "1",
                            "private_ip_list.0": "172.31.14.244",
                            "private_ips.#": "1",
                            "private_ips.0": "172.31.14.244",
                            "private_ips_count": "0",
                            "security_groups.#": "1",
                            "security_groups.0": "sg-0da17490a553727c2",
                            "source_dest_check": "true",
                            "subnet_id": "subnet-bb4432d2",
                            "tags.%": "0",
                            "tags_all.%": "0"
                        },
                        "meta": {
                            "schema_version": 0
                        },
                        "tainted": false
                    },
                    "deposed": [],
                    "provider": "provider.aws"
                },
                "aws_network_interface.tfer--eni-03cdf53dc50e12794": {
                    "type": "aws_network_interface",
                    "depends_on": [],
                    "primary": {
                        "id": "eni-03cdf53dc50e12794",
                        "attributes": {
                            "arn": "arn:aws:ec2:us-east-2:894231352815:network-interface/eni-03cdf53dc50e12794",
                            "attachment.#": "1",
                            "attachment.0.attachment_id": "eni-attach-0e82b3bad8bf028b3",
                            "attachment.0.device_index": "2",
                            "attachment.0.instance": "i-008e0171992e43ee3",
                            "description": "aws-K8S-i-008e0171992e43ee3",
                            "id": "eni-03cdf53dc50e12794",
                            "interface_type": "interface",
                            "ipv4_prefix_count": "0",
                            "ipv4_prefixes.#": "0",
                            "ipv6_address_count": "0",
                            "ipv6_address_list.#": "0",
                            "ipv6_addresses.#": "0",
                            "ipv6_prefix_count": "0",
                            "ipv6_prefixes.#": "0",
                            "mac_address": "06:30:6d:d0:e9:70",
                            "outpost_arn": "",
                            "owner_id": "894231352815",
                            "private_dns_name": "ip-172-31-26-115.us-east-2.compute.internal",
                            "private_ip": "172.31.26.115",
                            "private_ip_list.#": "6",
                            "private_ip_list.0": "172.31.26.115",
                            "private_ip_list.1": "172.31.22.111",
                            "private_ip_list.2": "172.31.21.127",
                            "private_ip_list.3": "172.31.26.222",
                            "private_ip_list.4": "172.31.28.218",
                            "private_ip_list.5": "172.31.24.232",
                            "private_ips.#": "6",
                            "private_ips.0": "172.31.21.127",
                            "private_ips.1": "172.31.22.111",
                            "private_ips.2": "172.31.24.232",
                            "private_ips.3": "172.31.26.115",
                            "private_ips.4": "172.31.26.222",
                            "private_ips.5": "172.31.28.218",
                            "private_ips_count": "5",
                            "security_groups.#": "1",
                            "security_groups.0": "sg-096321fc5ad4991e1",
                            "source_dest_check": "true",
                            "subnet_id": "subnet-4d17ab36",
                            "tags.%": "2",
                            "tags.node.k8s.amazonaws.com/createdAt": "2022-06-29T04:08:03Z",
                            "tags.node.k8s.amazonaws.com/instance_id": "i-008e0171992e43ee3",
                            "tags_all.%": "2",
                            "tags_all.node.k8s.amazonaws.com/createdAt": "2022-06-29T04:08:03Z",
                            "tags_all.node.k8s.amazonaws.com/instance_id": "i-008e0171992e43ee3"
                        },
                        "meta": {
                            "schema_version": 0
                        },
                        "tainted": false
                    },
                    "deposed": [],
                    "provider": "provider.aws"
                },
                "aws_network_interface.tfer--eni-042f6e6c5cabd51a1": {
                    "type": "aws_network_interface",
                    "depends_on": [],
                    "primary": {
                        "id": "eni-042f6e6c5cabd51a1",
                        "attributes": {
                            "arn": "arn:aws:ec2:us-east-2:894231352815:network-interface/eni-042f6e6c5cabd51a1",
                            "attachment.#": "1",
                            "attachment.0.attachment_id": "eni-attach-08d28e40fc544e36e",
                            "attachment.0.device_index": "2",
                            "attachment.0.instance": "i-075ae1a01a15f5a9d",
                            "description": "aws-K8S-i-075ae1a01a15f5a9d",
                            "id": "eni-042f6e6c5cabd51a1",
                            "interface_type": "interface",
                            "ipv4_prefix_count": "0",
                            "ipv4_prefixes.#": "0",
                            "ipv6_address_count": "0",
                            "ipv6_address_list.#": "0",
                            "ipv6_addresses.#": "0",
                            "ipv6_prefix_count": "0",
                            "ipv6_prefixes.#": "0",
                            "mac_address": "02:c9:90:83:79:62",
                            "outpost_arn": "",
                            "owner_id": "894231352815",
                            "private_dns_name": "ip-172-31-1-225.us-east-2.compute.internal",
                            "private_ip": "172.31.1.225",
                            "private_ip_list.#": "6",
                            "private_ip_list.0": "172.31.1.225",
                            "private_ip_list.1": "172.31.7.220",
                            "private_ip_list.2": "172.31.2.199",
                            "private_ip_list.3": "172.31.4.70",
                            "private_ip_list.4": "172.31.3.69",
                            "private_ip_list.5": "172.31.15.33",
                            "private_ips.#": "6",
                            "private_ips.0": "172.31.1.225",
                            "private_ips.1": "172.31.15.33",
                            "private_ips.2": "172.31.2.199",
                            "private_ips.3": "172.31.3.69",
                            "private_ips.4": "172.31.4.70",
                            "private_ips.5": "172.31.7.220",
                            "private_ips_count": "5",
                            "security_groups.#": "1",
                            "security_groups.0": "sg-096321fc5ad4991e1",
                            "source_dest_check": "true",
                            "subnet_id": "subnet-bb4432d2",
                            "tags.%": "2",
                            "tags.node.k8s.amazonaws.com/createdAt": "2022-06-29T03:28:40Z",
                            "tags.node.k8s.amazonaws.com/instance_id": "i-075ae1a01a15f5a9d",
                            "tags_all.%": "2",
                            "tags_all.node.k8s.amazonaws.com/createdAt": "2022-06-29T03:28:40Z",
                            "tags_all.node.k8s.amazonaws.com/instance_id": "i-075ae1a01a15f5a9d"
                        },
                        "meta": {
                            "schema_version": 0
                        },
                        "tainted": false
                    },
                    "deposed": [],
                    "provider": "provider.aws"
                },
                "aws_network_interface.tfer--eni-04c26b705ddccba12": {
                    "type": "aws_network_interface",
                    "depends_on": [],
                    "primary": {
                        "id": "eni-04c26b705ddccba12",
                        "attributes": {
                            "arn": "arn:aws:ec2:us-east-2:894231352815:network-interface/eni-04c26b705ddccba12",
                            "attachment.#": "1",
                            "attachment.0.attachment_id": "eni-attach-0127489e10d424bad",
                            "attachment.0.device_index": "1",
                            "attachment.0.instance": "",
                            "description": "ELB a582ad585291849e38e39ad52807888f",
                            "id": "eni-04c26b705ddccba12",
                            "interface_type": "interface",
                            "ipv4_prefix_count": "0",
                            "ipv4_prefixes.#": "0",
                            "ipv6_address_count": "0",
                            "ipv6_address_list.#": "0",
                            "ipv6_addresses.#": "0",
                            "ipv6_prefix_count": "0",
                            "ipv6_prefixes.#": "0",
                            "mac_address": "06:99:2c:14:48:0c",
                            "outpost_arn": "",
                            "owner_id": "894231352815",
                            "private_dns_name": "ip-172-31-20-105.us-east-2.compute.internal",
                            "private_ip": "172.31.20.105",
                            "private_ip_list.#": "1",
                            "private_ip_list.0": "172.31.20.105",
                            "private_ips.#": "1",
                            "private_ips.0": "172.31.20.105",
                            "private_ips_count": "0",
                            "security_groups.#": "1",
                            "security_groups.0": "sg-06ef5221ff196f35a",
                            "source_dest_check": "true",
                            "subnet_id": "subnet-4d17ab36",
                            "tags.%": "0",
                            "tags_all.%": "0"
                        },
                        "meta": {
                            "schema_version": 0
                        },
                        "tainted": false
                    },
                    "deposed": [],
                    "provider": "provider.aws"
                },
                "aws_network_interface.tfer--eni-04c4ad1e0e7f0ddaa": {
                    "type": "aws_network_interface",
                    "depends_on": [],
                    "primary": {
                        "id": "eni-04c4ad1e0e7f0ddaa",
                        "attributes": {
                            "arn": "arn:aws:ec2:us-east-2:894231352815:network-interface/eni-04c4ad1e0e7f0ddaa",
                            "attachment.#": "1",
                            "attachment.0.attachment_id": "eni-attach-0526c3d46dc5cc100",
                            "attachment.0.device_index": "1",
                            "attachment.0.instance": "",
                            "description": "ELB af2b3bdd93c4d44faad69f8ceef76733",
                            "id": "eni-04c4ad1e0e7f0ddaa",
                            "interface_type": "interface",
                            "ipv4_prefix_count": "0",
                            "ipv4_prefixes.#": "0",
                            "ipv6_address_count": "0",
                            "ipv6_address_list.#": "0",
                            "ipv6_addresses.#": "0",
                            "ipv6_prefix_count": "0",
                            "ipv6_prefixes.#": "0",
                            "mac_address": "0a:5e:06:7a:1e:b6",
                            "outpost_arn": "",
                            "owner_id": "894231352815",
                            "private_dns_name": "ip-172-31-41-143.us-east-2.compute.internal",
                            "private_ip": "172.31.41.143",
                            "private_ip_list.#": "1",
                            "private_ip_list.0": "172.31.41.143",
                            "private_ips.#": "1",
                            "private_ips.0": "172.31.41.143",
                            "private_ips_count": "0",
                            "security_groups.#": "1",
                            "security_groups.0": "sg-0ef4d9eef9f42f7a5",
                            "source_dest_check": "true",
                            "subnet_id": "subnet-305d917d",
                            "tags.%": "0",
                            "tags_all.%": "0"
                        },
                        "meta": {
                            "schema_version": 0
                        },
                        "tainted": false
                    },
                    "deposed": [],
                    "provider": "provider.aws"
                },
                "aws_network_interface.tfer--eni-04ed11057c6013f0a": {
                    "type": "aws_network_interface",
                    "depends_on": [],
                    "primary": {
                        "id": "eni-04ed11057c6013f0a",
                        "attributes": {
                            "arn": "arn:aws:ec2:us-east-2:894231352815:network-interface/eni-04ed11057c6013f0a",
                            "attachment.#": "1",
                            "attachment.0.attachment_id": "eni-attach-0fdba209e66ef8577",
                            "attachment.0.device_index": "0",
                            "attachment.0.instance": "i-075ae1a01a15f5a9d",
                            "description": "",
                            "id": "eni-04ed11057c6013f0a",
                            "interface_type": "interface",
                            "ipv4_prefix_count": "0",
                            "ipv4_prefixes.#": "0",
                            "ipv6_address_count": "0",
                            "ipv6_address_list.#": "0",
                            "ipv6_addresses.#": "0",
                            "ipv6_prefix_count": "0",
                            "ipv6_prefixes.#": "0",
                            "mac_address": "02:e2:f0:64:d5:c0",
                            "outpost_arn": "",
                            "owner_id": "894231352815",
                            "private_dns_name": "ip-172-31-10-99.us-east-2.compute.internal",
                            "private_ip": "172.31.10.99",
                            "private_ip_list.#": "6",
                            "private_ip_list.0": "172.31.10.99",
                            "private_ip_list.1": "172.31.14.173",
                            "private_ip_list.2": "172.31.15.237",
                            "private_ip_list.3": "172.31.14.87",
                            "private_ip_list.4": "172.31.12.131",
                            "private_ip_list.5": "172.31.13.193",
                            "private_ips.#": "6",
                            "private_ips.0": "172.31.10.99",
                            "private_ips.1": "172.31.12.131",
                            "private_ips.2": "172.31.13.193",
                            "private_ips.3": "172.31.14.173",
                            "private_ips.4": "172.31.14.87",
                            "private_ips.5": "172.31.15.237",
                            "private_ips_count": "5",
                            "security_groups.#": "1",
                            "security_groups.0": "sg-096321fc5ad4991e1",
                            "source_dest_check": "true",
                            "subnet_id": "subnet-bb4432d2",
                            "tags.%": "1",
                            "tags.node.k8s.amazonaws.com/instance_id": "i-075ae1a01a15f5a9d",
                            "tags_all.%": "1",
                            "tags_all.node.k8s.amazonaws.com/instance_id": "i-075ae1a01a15f5a9d"
                        },
                        "meta": {
                            "schema_version": 0
                        },
                        "tainted": false
                    },
                    "deposed": [],
                    "provider": "provider.aws"
                },
                "aws_network_interface.tfer--eni-05076a36ec5338300": {
                    "type": "aws_network_interface",
                    "depends_on": [],
                    "primary": {
                        "id": "eni-05076a36ec5338300",
                        "attributes": {
                            "arn": "arn:aws:ec2:us-east-2:894231352815:network-interface/eni-05076a36ec5338300",
                            "attachment.#": "1",
                            "attachment.0.attachment_id": "eni-attach-08e0b211155d7b9e5",
                            "attachment.0.device_index": "2",
                            "attachment.0.instance": "i-0145d50be9ea8ec95",
                            "description": "aws-K8S-i-0145d50be9ea8ec95",
                            "id": "eni-05076a36ec5338300",
                            "interface_type": "interface",
                            "ipv4_prefix_count": "0",
                            "ipv4_prefixes.#": "0",
                            "ipv6_address_count": "0",
                            "ipv6_address_list.#": "0",
                            "ipv6_addresses.#": "0",
                            "ipv6_prefix_count": "0",
                            "ipv6_prefixes.#": "0",
                            "mac_address": "0a:e8:80:85:a2:3c",
                            "outpost_arn": "",
                            "owner_id": "894231352815",
                            "private_dns_name": "ip-172-31-32-184.us-east-2.compute.internal",
                            "private_ip": "172.31.32.184",
                            "private_ip_list.#": "6",
                            "private_ip_list.0": "172.31.32.184",
                            "private_ip_list.1": "172.31.45.75",
                            "private_ip_list.2": "172.31.37.150",
                            "private_ip_list.3": "172.31.37.50",
                            "private_ip_list.4": "172.31.38.50",
                            "private_ip_list.5": "172.31.32.177",
                            "private_ips.#": "6",
                            "private_ips.0": "172.31.32.177",
                            "private_ips.1": "172.31.32.184",
                            "private_ips.2": "172.31.37.150",
                            "private_ips.3": "172.31.37.50",
                            "private_ips.4": "172.31.38.50",
                            "private_ips.5": "172.31.45.75",
                            "private_ips_count": "5",
                            "security_groups.#": "1",
                            "security_groups.0": "sg-096321fc5ad4991e1",
                            "source_dest_check": "true",
                            "subnet_id": "subnet-305d917d",
                            "tags.%": "2",
                            "tags.node.k8s.amazonaws.com/createdAt": "2022-06-04T22:01:45Z",
                            "tags.node.k8s.amazonaws.com/instance_id": "i-0145d50be9ea8ec95",
                            "tags_all.%": "2",
                            "tags_all.node.k8s.amazonaws.com/createdAt": "2022-06-04T22:01:45Z",
                            "tags_all.node.k8s.amazonaws.com/instance_id": "i-0145d50be9ea8ec95"
                        },
                        "meta": {
                            "schema_version": 0
                        },
                        "tainted": false
                    },
                    "deposed": [],
                    "provider": "provider.aws"
                },
                "aws_network_interface.tfer--eni-0549d7e02e4cf3431": {
                    "type": "aws_network_interface",
                    "depends_on": [],
                    "primary": {
                        "id": "eni-0549d7e02e4cf3431",
                        "attributes": {
                            "arn": "arn:aws:ec2:us-east-2:894231352815:network-interface/eni-0549d7e02e4cf3431",
                            "attachment.#": "1",
                            "attachment.0.attachment_id": "eni-attach-0b854ac9427444eb0",
                            "attachment.0.device_index": "1",
                            "attachment.0.instance": "",
                            "description": "ELB a18ee3304cf31448ebe9ea12b48784e2",
                            "id": "eni-0549d7e02e4cf3431",
                            "interface_type": "interface",
                            "ipv4_prefix_count": "0",
                            "ipv4_prefixes.#": "0",
                            "ipv6_address_count": "0",
                            "ipv6_address_list.#": "0",
                            "ipv6_addresses.#": "0",
                            "ipv6_prefix_count": "0",
                            "ipv6_prefixes.#": "0",
                            "mac_address": "0a:99:ed:ca:fd:72",
                            "outpost_arn": "",
                            "owner_id": "894231352815",
                            "private_dns_name": "ip-172-31-32-101.us-east-2.compute.internal",
                            "private_ip": "172.31.32.101",
                            "private_ip_list.#": "1",
                            "private_ip_list.0": "172.31.32.101",
                            "private_ips.#": "1",
                            "private_ips.0": "172.31.32.101",
                            "private_ips_count": "0",
                            "security_groups.#": "1",
                            "security_groups.0": "sg-0010de5fe00d22d20",
                            "source_dest_check": "true",
                            "subnet_id": "subnet-305d917d",
                            "tags.%": "0",
                            "tags_all.%": "0"
                        },
                        "meta": {
                            "schema_version": 0
                        },
                        "tainted": false
                    },
                    "deposed": [],
                    "provider": "provider.aws"
                },
                "aws_network_interface.tfer--eni-057d5262899b40190": {
                    "type": "aws_network_interface",
                    "depends_on": [],
                    "primary": {
                        "id": "eni-057d5262899b40190",
                        "attributes": {
                            "arn": "arn:aws:ec2:us-east-2:894231352815:network-interface/eni-057d5262899b40190",
                            "attachment.#": "1",
                            "attachment.0.attachment_id": "eni-attach-086e8dc1f38b60b43",
                            "attachment.0.device_index": "1",
                            "attachment.0.instance": "",
                            "description": "ELB a582ad585291849e38e39ad52807888f",
                            "id": "eni-057d5262899b40190",
                            "interface_type": "interface",
                            "ipv4_prefix_count": "0",
                            "ipv4_prefixes.#": "0",
                            "ipv6_address_count": "0",
                            "ipv6_address_list.#": "0",
                            "ipv6_addresses.#": "0",
                            "ipv6_prefix_count": "0",
                            "ipv6_prefixes.#": "0",
                            "mac_address": "0a:ac:b7:88:e0:86",
                            "outpost_arn": "",
                            "owner_id": "894231352815",
                            "private_dns_name": "ip-172-31-47-15.us-east-2.compute.internal",
                            "private_ip": "172.31.47.15",
                            "private_ip_list.#": "1",
                            "private_ip_list.0": "172.31.47.15",
                            "private_ips.#": "1",
                            "private_ips.0": "172.31.47.15",
                            "private_ips_count": "0",
                            "security_groups.#": "1",
                            "security_groups.0": "sg-06ef5221ff196f35a",
                            "source_dest_check": "true",
                            "subnet_id": "subnet-305d917d",
                            "tags.%": "0",
                            "tags_all.%": "0"
                        },
                        "meta": {
                            "schema_version": 0
                        },
                        "tainted": false
                    },
                    "deposed": [],
                    "provider": "provider.aws"
                },
                "aws_network_interface.tfer--eni-060fba76fc5fc5131": {
                    "type": "aws_network_interface",
                    "depends_on": [],
                    "primary": {
                        "id": "eni-060fba76fc5fc5131",
                        "attributes": {
                            "arn": "arn:aws:ec2:us-east-2:894231352815:network-interface/eni-060fba76fc5fc5131",
                            "attachment.#": "1",
                            "attachment.0.attachment_id": "eni-attach-0603587cf81afcc9b",
                            "attachment.0.device_index": "1",
                            "attachment.0.instance": "",
                            "description": "Amazon EKS JesusFilm-core",
                            "id": "eni-060fba76fc5fc5131",
                            "interface_type": "interface",
                            "ipv4_prefix_count": "0",
                            "ipv4_prefixes.#": "0",
                            "ipv6_address_count": "0",
                            "ipv6_address_list.#": "0",
                            "ipv6_addresses.#": "0",
                            "ipv6_prefix_count": "0",
                            "ipv6_prefixes.#": "0",
                            "mac_address": "02:26:b3:2a:da:b8",
                            "outpost_arn": "",
                            "owner_id": "894231352815",
                            "private_dns_name": "ip-172-31-7-12.us-east-2.compute.internal",
                            "private_ip": "172.31.7.12",
                            "private_ip_list.#": "1",
                            "private_ip_list.0": "172.31.7.12",
                            "private_ips.#": "1",
                            "private_ips.0": "172.31.7.12",
                            "private_ips_count": "0",
                            "security_groups.#": "2",
                            "security_groups.0": "sg-096321fc5ad4991e1",
                            "security_groups.1": "sg-be0e39d7",
                            "source_dest_check": "true",
                            "subnet_id": "subnet-bb4432d2",
                            "tags.%": "0",
                            "tags_all.%": "0"
                        },
                        "meta": {
                            "schema_version": 0
                        },
                        "tainted": false
                    },
                    "deposed": [],
                    "provider": "provider.aws"
                },
                "aws_network_interface.tfer--eni-067ad6e5f491072ec": {
                    "type": "aws_network_interface",
                    "depends_on": [],
                    "primary": {
                        "id": "eni-067ad6e5f491072ec",
                        "attributes": {
                            "arn": "arn:aws:ec2:us-east-2:894231352815:network-interface/eni-067ad6e5f491072ec",
                            "attachment.#": "1",
                            "attachment.0.attachment_id": "eni-attach-0ebd0644f6561ae21",
                            "attachment.0.device_index": "1",
                            "attachment.0.instance": "",
                            "description": "ELB a0ac84891964c48a0acf5b0c1c713f79",
                            "id": "eni-067ad6e5f491072ec",
                            "interface_type": "interface",
                            "ipv4_prefix_count": "0",
                            "ipv4_prefixes.#": "0",
                            "ipv6_address_count": "0",
                            "ipv6_address_list.#": "0",
                            "ipv6_addresses.#": "0",
                            "ipv6_prefix_count": "0",
                            "ipv6_prefixes.#": "0",
                            "mac_address": "06:a7:45:77:5f:60",
                            "outpost_arn": "",
                            "owner_id": "894231352815",
                            "private_dns_name": "ip-172-31-23-131.us-east-2.compute.internal",
                            "private_ip": "172.31.23.131",
                            "private_ip_list.#": "1",
                            "private_ip_list.0": "172.31.23.131",
                            "private_ips.#": "1",
                            "private_ips.0": "172.31.23.131",
                            "private_ips_count": "0",
                            "security_groups.#": "1",
                            "security_groups.0": "sg-040c31ad4452f0463",
                            "source_dest_check": "true",
                            "subnet_id": "subnet-4d17ab36",
                            "tags.%": "0",
                            "tags_all.%": "0"
                        },
                        "meta": {
                            "schema_version": 0
                        },
                        "tainted": false
                    },
                    "deposed": [],
                    "provider": "provider.aws"
                },
                "aws_network_interface.tfer--eni-068e2c60cecf53870": {
                    "type": "aws_network_interface",
                    "depends_on": [],
                    "primary": {
                        "id": "eni-068e2c60cecf53870",
                        "attributes": {
                            "arn": "arn:aws:ec2:us-east-2:894231352815:network-interface/eni-068e2c60cecf53870",
                            "attachment.#": "1",
                            "attachment.0.attachment_id": "eni-attach-00c3cb3fdc2f20aba",
                            "attachment.0.device_index": "1",
                            "attachment.0.instance": "",
                            "description": "ELB a69e78adac8cb45d4be52ec1c927eaff",
                            "id": "eni-068e2c60cecf53870",
                            "interface_type": "interface",
                            "ipv4_prefix_count": "0",
                            "ipv4_prefixes.#": "0",
                            "ipv6_address_count": "0",
                            "ipv6_address_list.#": "0",
                            "ipv6_addresses.#": "0",
                            "ipv6_prefix_count": "0",
                            "ipv6_prefixes.#": "0",
                            "mac_address": "06:bc:66:0d:58:02",
                            "outpost_arn": "",
                            "owner_id": "894231352815",
                            "private_dns_name": "ip-172-31-27-43.us-east-2.compute.internal",
                            "private_ip": "172.31.27.43",
                            "private_ip_list.#": "1",
                            "private_ip_list.0": "172.31.27.43",
                            "private_ips.#": "1",
                            "private_ips.0": "172.31.27.43",
                            "private_ips_count": "0",
                            "security_groups.#": "1",
                            "security_groups.0": "sg-01aee220479bc0778",
                            "source_dest_check": "true",
                            "subnet_id": "subnet-4d17ab36",
                            "tags.%": "0",
                            "tags_all.%": "0"
                        },
                        "meta": {
                            "schema_version": 0
                        },
                        "tainted": false
                    },
                    "deposed": [],
                    "provider": "provider.aws"
                },
                "aws_network_interface.tfer--eni-06b161abb2efd4e78": {
                    "type": "aws_network_interface",
                    "depends_on": [],
                    "primary": {
                        "id": "eni-06b161abb2efd4e78",
                        "attributes": {
                            "arn": "arn:aws:ec2:us-east-2:894231352815:network-interface/eni-06b161abb2efd4e78",
                            "attachment.#": "1",
                            "attachment.0.attachment_id": "eni-attach-0d3a3af6a8f1e8cc5",
                            "attachment.0.device_index": "1",
                            "attachment.0.instance": "",
                            "description": "ELB a819711c5a4b94c288be61fe48947a8c",
                            "id": "eni-06b161abb2efd4e78",
                            "interface_type": "interface",
                            "ipv4_prefix_count": "0",
                            "ipv4_prefixes.#": "0",
                            "ipv6_address_count": "0",
                            "ipv6_address_list.#": "0",
                            "ipv6_addresses.#": "0",
                            "ipv6_prefix_count": "0",
                            "ipv6_prefixes.#": "0",
                            "mac_address": "02:a8:40:3f:06:26",
                            "outpost_arn": "",
                            "owner_id": "894231352815",
                            "private_dns_name": "ip-172-31-10-127.us-east-2.compute.internal",
                            "private_ip": "172.31.10.127",
                            "private_ip_list.#": "1",
                            "private_ip_list.0": "172.31.10.127",
                            "private_ips.#": "1",
                            "private_ips.0": "172.31.10.127",
                            "private_ips_count": "0",
                            "security_groups.#": "1",
                            "security_groups.0": "sg-0b5a5774ea382b09f",
                            "source_dest_check": "true",
                            "subnet_id": "subnet-bb4432d2",
                            "tags.%": "0",
                            "tags_all.%": "0"
                        },
                        "meta": {
                            "schema_version": 0
                        },
                        "tainted": false
                    },
                    "deposed": [],
                    "provider": "provider.aws"
                },
                "aws_network_interface.tfer--eni-06d337933e0767e8e": {
                    "type": "aws_network_interface",
                    "depends_on": [],
                    "primary": {
                        "id": "eni-06d337933e0767e8e",
                        "attributes": {
                            "arn": "arn:aws:ec2:us-east-2:894231352815:network-interface/eni-06d337933e0767e8e",
                            "attachment.#": "1",
                            "attachment.0.attachment_id": "eni-attach-0edc3b81008a1b600",
                            "attachment.0.device_index": "1",
                            "attachment.0.instance": "",
                            "description": "ELB a638c213857e049869afa3fe4aca2939",
                            "id": "eni-06d337933e0767e8e",
                            "interface_type": "interface",
                            "ipv4_prefix_count": "0",
                            "ipv4_prefixes.#": "0",
                            "ipv6_address_count": "0",
                            "ipv6_address_list.#": "0",
                            "ipv6_addresses.#": "0",
                            "ipv6_prefix_count": "0",
                            "ipv6_prefixes.#": "0",
                            "mac_address": "06:ad:8a:ec:33:18",
                            "outpost_arn": "",
                            "owner_id": "894231352815",
                            "private_dns_name": "ip-172-31-21-102.us-east-2.compute.internal",
                            "private_ip": "172.31.21.102",
                            "private_ip_list.#": "1",
                            "private_ip_list.0": "172.31.21.102",
                            "private_ips.#": "1",
                            "private_ips.0": "172.31.21.102",
                            "private_ips_count": "0",
                            "security_groups.#": "1",
                            "security_groups.0": "sg-0a2e02b19d2100700",
                            "source_dest_check": "true",
                            "subnet_id": "subnet-4d17ab36",
                            "tags.%": "0",
                            "tags_all.%": "0"
                        },
                        "meta": {
                            "schema_version": 0
                        },
                        "tainted": false
                    },
                    "deposed": [],
                    "provider": "provider.aws"
                },
                "aws_network_interface.tfer--eni-076fe4db6117f1a20": {
                    "type": "aws_network_interface",
                    "depends_on": [],
                    "primary": {
                        "id": "eni-076fe4db6117f1a20",
                        "attributes": {
                            "arn": "arn:aws:ec2:us-east-2:894231352815:network-interface/eni-076fe4db6117f1a20",
                            "attachment.#": "1",
                            "attachment.0.attachment_id": "eni-attach-06735b51da7d012b8",
                            "attachment.0.device_index": "1",
                            "attachment.0.instance": "",
                            "description": "ELB aacad535ab2c34d5eb8227d978849ebe",
                            "id": "eni-076fe4db6117f1a20",
                            "interface_type": "interface",
                            "ipv4_prefix_count": "0",
                            "ipv4_prefixes.#": "0",
                            "ipv6_address_count": "0",
                            "ipv6_address_list.#": "0",
                            "ipv6_addresses.#": "0",
                            "ipv6_prefix_count": "0",
                            "ipv6_prefixes.#": "0",
                            "mac_address": "0a:90:29:27:3c:56",
                            "outpost_arn": "",
                            "owner_id": "894231352815",
                            "private_dns_name": "ip-172-31-37-91.us-east-2.compute.internal",
                            "private_ip": "172.31.37.91",
                            "private_ip_list.#": "1",
                            "private_ip_list.0": "172.31.37.91",
                            "private_ips.#": "1",
                            "private_ips.0": "172.31.37.91",
                            "private_ips_count": "0",
                            "security_groups.#": "1",
                            "security_groups.0": "sg-0da17490a553727c2",
                            "source_dest_check": "true",
                            "subnet_id": "subnet-305d917d",
                            "tags.%": "0",
                            "tags_all.%": "0"
                        },
                        "meta": {
                            "schema_version": 0
                        },
                        "tainted": false
                    },
                    "deposed": [],
                    "provider": "provider.aws"
                },
                "aws_network_interface.tfer--eni-07905f4bc898b49cd": {
                    "type": "aws_network_interface",
                    "depends_on": [],
                    "primary": {
                        "id": "eni-07905f4bc898b49cd",
                        "attributes": {
                            "arn": "arn:aws:ec2:us-east-2:894231352815:network-interface/eni-07905f4bc898b49cd",
                            "attachment.#": "1",
                            "attachment.0.attachment_id": "eni-attach-0eb9f44f85c2ed61a",
                            "attachment.0.device_index": "1",
                            "attachment.0.instance": "",
                            "description": "ELB a0ac84891964c48a0acf5b0c1c713f79",
                            "id": "eni-07905f4bc898b49cd",
                            "interface_type": "interface",
                            "ipv4_prefix_count": "0",
                            "ipv4_prefixes.#": "0",
                            "ipv6_address_count": "0",
                            "ipv6_address_list.#": "0",
                            "ipv6_addresses.#": "0",
                            "ipv6_prefix_count": "0",
                            "ipv6_prefixes.#": "0",
                            "mac_address": "0a:a8:3b:9a:ef:d6",
                            "outpost_arn": "",
                            "owner_id": "894231352815",
                            "private_dns_name": "ip-172-31-45-163.us-east-2.compute.internal",
                            "private_ip": "172.31.45.163",
                            "private_ip_list.#": "1",
                            "private_ip_list.0": "172.31.45.163",
                            "private_ips.#": "1",
                            "private_ips.0": "172.31.45.163",
                            "private_ips_count": "0",
                            "security_groups.#": "1",
                            "security_groups.0": "sg-040c31ad4452f0463",
                            "source_dest_check": "true",
                            "subnet_id": "subnet-305d917d",
                            "tags.%": "0",
                            "tags_all.%": "0"
                        },
                        "meta": {
                            "schema_version": 0
                        },
                        "tainted": false
                    },
                    "deposed": [],
                    "provider": "provider.aws"
                },
                "aws_network_interface.tfer--eni-07e4d1d767a424000": {
                    "type": "aws_network_interface",
                    "depends_on": [],
                    "primary": {
                        "id": "eni-07e4d1d767a424000",
                        "attributes": {
                            "arn": "arn:aws:ec2:us-east-2:894231352815:network-interface/eni-07e4d1d767a424000",
                            "attachment.#": "1",
                            "attachment.0.attachment_id": "eni-attach-00287b079ff88cd43",
                            "attachment.0.device_index": "1",
                            "attachment.0.instance": "",
                            "description": "ELB a69e78adac8cb45d4be52ec1c927eaff",
                            "id": "eni-07e4d1d767a424000",
                            "interface_type": "interface",
                            "ipv4_prefix_count": "0",
                            "ipv4_prefixes.#": "0",
                            "ipv6_address_count": "0",
                            "ipv6_address_list.#": "0",
                            "ipv6_addresses.#": "0",
                            "ipv6_prefix_count": "0",
                            "ipv6_prefixes.#": "0",
                            "mac_address": "02:ef:55:c4:16:b2",
                            "outpost_arn": "",
                            "owner_id": "894231352815",
                            "private_dns_name": "ip-172-31-13-37.us-east-2.compute.internal",
                            "private_ip": "172.31.13.37",
                            "private_ip_list.#": "1",
                            "private_ip_list.0": "172.31.13.37",
                            "private_ips.#": "1",
                            "private_ips.0": "172.31.13.37",
                            "private_ips_count": "0",
                            "security_groups.#": "1",
                            "security_groups.0": "sg-01aee220479bc0778",
                            "source_dest_check": "true",
                            "subnet_id": "subnet-bb4432d2",
                            "tags.%": "0",
                            "tags_all.%": "0"
                        },
                        "meta": {
                            "schema_version": 0
                        },
                        "tainted": false
                    },
                    "deposed": [],
                    "provider": "provider.aws"
                },
                "aws_network_interface.tfer--eni-07f31b6e9713d5037": {
                    "type": "aws_network_interface",
                    "depends_on": [],
                    "primary": {
                        "id": "eni-07f31b6e9713d5037",
                        "attributes": {
                            "arn": "arn:aws:ec2:us-east-2:894231352815:network-interface/eni-07f31b6e9713d5037",
                            "attachment.#": "1",
                            "attachment.0.attachment_id": "eni-attach-0bcd83c62bccc3c78",
                            "attachment.0.device_index": "1",
                            "attachment.0.instance": "",
                            "description": "ELB a582ad585291849e38e39ad52807888f",
                            "id": "eni-07f31b6e9713d5037",
                            "interface_type": "interface",
                            "ipv4_prefix_count": "0",
                            "ipv4_prefixes.#": "0",
                            "ipv6_address_count": "0",
                            "ipv6_address_list.#": "0",
                            "ipv6_addresses.#": "0",
                            "ipv6_prefix_count": "0",
                            "ipv6_prefixes.#": "0",
                            "mac_address": "02:9c:77:66:2b:58",
                            "outpost_arn": "",
                            "owner_id": "894231352815",
                            "private_dns_name": "ip-172-31-3-61.us-east-2.compute.internal",
                            "private_ip": "172.31.3.61",
                            "private_ip_list.#": "1",
                            "private_ip_list.0": "172.31.3.61",
                            "private_ips.#": "1",
                            "private_ips.0": "172.31.3.61",
                            "private_ips_count": "0",
                            "security_groups.#": "1",
                            "security_groups.0": "sg-06ef5221ff196f35a",
                            "source_dest_check": "true",
                            "subnet_id": "subnet-bb4432d2",
                            "tags.%": "0",
                            "tags_all.%": "0"
                        },
                        "meta": {
                            "schema_version": 0
                        },
                        "tainted": false
                    },
                    "deposed": [],
                    "provider": "provider.aws"
                },
                "aws_network_interface.tfer--eni-0927025d83ab2aa16": {
                    "type": "aws_network_interface",
                    "depends_on": [],
                    "primary": {
                        "id": "eni-0927025d83ab2aa16",
                        "attributes": {
                            "arn": "arn:aws:ec2:us-east-2:894231352815:network-interface/eni-0927025d83ab2aa16",
                            "attachment.#": "1",
                            "attachment.0.attachment_id": "eni-attach-0ea44849dbd4854ee",
                            "attachment.0.device_index": "1",
                            "attachment.0.instance": "",
                            "description": "ELB a3d9299b3410e44caa7a267ecb001a23",
                            "id": "eni-0927025d83ab2aa16",
                            "interface_type": "interface",
                            "ipv4_prefix_count": "0",
                            "ipv4_prefixes.#": "0",
                            "ipv6_address_count": "0",
                            "ipv6_address_list.#": "0",
                            "ipv6_addresses.#": "0",
                            "ipv6_prefix_count": "0",
                            "ipv6_prefixes.#": "0",
                            "mac_address": "06:f4:d8:77:6c:f0",
                            "outpost_arn": "",
                            "owner_id": "894231352815",
                            "private_dns_name": "ip-172-31-24-37.us-east-2.compute.internal",
                            "private_ip": "172.31.24.37",
                            "private_ip_list.#": "1",
                            "private_ip_list.0": "172.31.24.37",
                            "private_ips.#": "1",
                            "private_ips.0": "172.31.24.37",
                            "private_ips_count": "0",
                            "security_groups.#": "1",
                            "security_groups.0": "sg-0f0910f619d4e4fd6",
                            "source_dest_check": "true",
                            "subnet_id": "subnet-4d17ab36",
                            "tags.%": "0",
                            "tags_all.%": "0"
                        },
                        "meta": {
                            "schema_version": 0
                        },
                        "tainted": false
                    },
                    "deposed": [],
                    "provider": "provider.aws"
                },
                "aws_network_interface.tfer--eni-094acf94a9dadd4ca": {
                    "type": "aws_network_interface",
                    "depends_on": [],
                    "primary": {
                        "id": "eni-094acf94a9dadd4ca",
                        "attributes": {
                            "arn": "arn:aws:ec2:us-east-2:894231352815:network-interface/eni-094acf94a9dadd4ca",
                            "attachment.#": "1",
                            "attachment.0.attachment_id": "eni-attach-0aad52673ff5e10b3",
                            "attachment.0.device_index": "0",
                            "attachment.0.instance": "i-008e0171992e43ee3",
                            "description": "",
                            "id": "eni-094acf94a9dadd4ca",
                            "interface_type": "interface",
                            "ipv4_prefix_count": "0",
                            "ipv4_prefixes.#": "0",
                            "ipv6_address_count": "0",
                            "ipv6_address_list.#": "0",
                            "ipv6_addresses.#": "0",
                            "ipv6_prefix_count": "0",
                            "ipv6_prefixes.#": "0",
                            "mac_address": "06:75:11:39:64:66",
                            "outpost_arn": "",
                            "owner_id": "894231352815",
                            "private_dns_name": "ip-172-31-17-193.us-east-2.compute.internal",
                            "private_ip": "172.31.17.193",
                            "private_ip_list.#": "6",
                            "private_ip_list.0": "172.31.17.193",
                            "private_ip_list.1": "172.31.18.43",
                            "private_ip_list.2": "172.31.16.185",
                            "private_ip_list.3": "172.31.16.229",
                            "private_ip_list.4": "172.31.31.244",
                            "private_ip_list.5": "172.31.28.176",
                            "private_ips.#": "6",
                            "private_ips.0": "172.31.16.185",
                            "private_ips.1": "172.31.16.229",
                            "private_ips.2": "172.31.17.193",
                            "private_ips.3": "172.31.18.43",
                            "private_ips.4": "172.31.28.176",
                            "private_ips.5": "172.31.31.244",
                            "private_ips_count": "5",
                            "security_groups.#": "1",
                            "security_groups.0": "sg-096321fc5ad4991e1",
                            "source_dest_check": "true",
                            "subnet_id": "subnet-4d17ab36",
                            "tags.%": "1",
                            "tags.node.k8s.amazonaws.com/instance_id": "i-008e0171992e43ee3",
                            "tags_all.%": "1",
                            "tags_all.node.k8s.amazonaws.com/instance_id": "i-008e0171992e43ee3"
                        },
                        "meta": {
                            "schema_version": 0
                        },
                        "tainted": false
                    },
                    "deposed": [],
                    "provider": "provider.aws"
                },
                "aws_network_interface.tfer--eni-09eab0fd79d3794e9": {
                    "type": "aws_network_interface",
                    "depends_on": [],
                    "primary": {
                        "id": "eni-09eab0fd79d3794e9",
                        "attributes": {
                            "arn": "arn:aws:ec2:us-east-2:894231352815:network-interface/eni-09eab0fd79d3794e9",
                            "attachment.#": "1",
                            "attachment.0.attachment_id": "eni-attach-0f9bc96e61e7d4eb5",
                            "attachment.0.device_index": "1",
                            "attachment.0.instance": "",
                            "description": "ELB ac51376bfb6a34a529800a5c74892f4b",
                            "id": "eni-09eab0fd79d3794e9",
                            "interface_type": "interface",
                            "ipv4_prefix_count": "0",
                            "ipv4_prefixes.#": "0",
                            "ipv6_address_count": "0",
                            "ipv6_address_list.#": "0",
                            "ipv6_addresses.#": "0",
                            "ipv6_prefix_count": "0",
                            "ipv6_prefixes.#": "0",
                            "mac_address": "02:85:a9:40:d4:5e",
                            "outpost_arn": "",
                            "owner_id": "894231352815",
                            "private_dns_name": "ip-172-31-6-208.us-east-2.compute.internal",
                            "private_ip": "172.31.6.208",
                            "private_ip_list.#": "1",
                            "private_ip_list.0": "172.31.6.208",
                            "private_ips.#": "1",
                            "private_ips.0": "172.31.6.208",
                            "private_ips_count": "0",
                            "security_groups.#": "1",
                            "security_groups.0": "sg-03f05715ba8bb810f",
                            "source_dest_check": "true",
                            "subnet_id": "subnet-bb4432d2",
                            "tags.%": "0",
                            "tags_all.%": "0"
                        },
                        "meta": {
                            "schema_version": 0
                        },
                        "tainted": false
                    },
                    "deposed": [],
                    "provider": "provider.aws"
                },
                "aws_network_interface.tfer--eni-09fa0dcf469f71c9e": {
                    "type": "aws_network_interface",
                    "depends_on": [],
                    "primary": {
                        "id": "eni-09fa0dcf469f71c9e",
                        "attributes": {
                            "arn": "arn:aws:ec2:us-east-2:894231352815:network-interface/eni-09fa0dcf469f71c9e",
                            "attachment.#": "1",
                            "attachment.0.attachment_id": "eni-attach-0b6bec83e3cd701c7",
                            "attachment.0.device_index": "1",
                            "attachment.0.instance": "",
                            "description": "ELB a027a643b38aa47f296f59ffc4db05a0",
                            "id": "eni-09fa0dcf469f71c9e",
                            "interface_type": "interface",
                            "ipv4_prefix_count": "0",
                            "ipv4_prefixes.#": "0",
                            "ipv6_address_count": "0",
                            "ipv6_address_list.#": "0",
                            "ipv6_addresses.#": "0",
                            "ipv6_prefix_count": "0",
                            "ipv6_prefixes.#": "0",
                            "mac_address": "06:fd:b1:b9:b2:36",
                            "outpost_arn": "",
                            "owner_id": "894231352815",
                            "private_dns_name": "ip-172-31-30-165.us-east-2.compute.internal",
                            "private_ip": "172.31.30.165",
                            "private_ip_list.#": "1",
                            "private_ip_list.0": "172.31.30.165",
                            "private_ips.#": "1",
                            "private_ips.0": "172.31.30.165",
                            "private_ips_count": "0",
                            "security_groups.#": "1",
                            "security_groups.0": "sg-015ab1628104b67ad",
                            "source_dest_check": "true",
                            "subnet_id": "subnet-4d17ab36",
                            "tags.%": "0",
                            "tags_all.%": "0"
                        },
                        "meta": {
                            "schema_version": 0
                        },
                        "tainted": false
                    },
                    "deposed": [],
                    "provider": "provider.aws"
                },
                "aws_network_interface.tfer--eni-09fb5b90dbd85d743": {
                    "type": "aws_network_interface",
                    "depends_on": [],
                    "primary": {
                        "id": "eni-09fb5b90dbd85d743",
                        "attributes": {
                            "arn": "arn:aws:ec2:us-east-2:894231352815:network-interface/eni-09fb5b90dbd85d743",
                            "attachment.#": "1",
                            "attachment.0.attachment_id": "eni-attach-05921abb9f589d2ff",
                            "attachment.0.device_index": "1",
                            "attachment.0.instance": "",
                            "description": "ELB a18ee3304cf31448ebe9ea12b48784e2",
                            "id": "eni-09fb5b90dbd85d743",
                            "interface_type": "interface",
                            "ipv4_prefix_count": "0",
                            "ipv4_prefixes.#": "0",
                            "ipv6_address_count": "0",
                            "ipv6_address_list.#": "0",
                            "ipv6_addresses.#": "0",
                            "ipv6_prefix_count": "0",
                            "ipv6_prefixes.#": "0",
                            "mac_address": "06:cb:b4:fd:0b:a6",
                            "outpost_arn": "",
                            "owner_id": "894231352815",
                            "private_dns_name": "ip-172-31-30-145.us-east-2.compute.internal",
                            "private_ip": "172.31.30.145",
                            "private_ip_list.#": "1",
                            "private_ip_list.0": "172.31.30.145",
                            "private_ips.#": "1",
                            "private_ips.0": "172.31.30.145",
                            "private_ips_count": "0",
                            "security_groups.#": "1",
                            "security_groups.0": "sg-0010de5fe00d22d20",
                            "source_dest_check": "true",
                            "subnet_id": "subnet-4d17ab36",
                            "tags.%": "0",
                            "tags_all.%": "0"
                        },
                        "meta": {
                            "schema_version": 0
                        },
                        "tainted": false
                    },
                    "deposed": [],
                    "provider": "provider.aws"
                },
                "aws_network_interface.tfer--eni-0a32a31b59554cb83": {
                    "type": "aws_network_interface",
                    "depends_on": [],
                    "primary": {
                        "id": "eni-0a32a31b59554cb83",
                        "attributes": {
                            "arn": "arn:aws:ec2:us-east-2:894231352815:network-interface/eni-0a32a31b59554cb83",
                            "attachment.#": "1",
                            "attachment.0.attachment_id": "eni-attach-012cd739b178a45fc",
                            "attachment.0.device_index": "0",
                            "attachment.0.instance": "i-001f7540c5c9d46af",
                            "description": "",
                            "id": "eni-0a32a31b59554cb83",
                            "interface_type": "interface",
                            "ipv4_prefix_count": "0",
                            "ipv4_prefixes.#": "0",
                            "ipv6_address_count": "0",
                            "ipv6_address_list.#": "0",
                            "ipv6_addresses.#": "0",
                            "ipv6_prefix_count": "0",
                            "ipv6_prefixes.#": "0",
                            "mac_address": "02:ef:59:ef:6b:e2",
                            "outpost_arn": "",
                            "owner_id": "894231352815",
                            "private_dns_name": "ip-172-31-12-146.us-east-2.compute.internal",
                            "private_ip": "172.31.12.146",
                            "private_ip_list.#": "1",
                            "private_ip_list.0": "172.31.12.146",
                            "private_ips.#": "1",
                            "private_ips.0": "172.31.12.146",
                            "private_ips_count": "0",
                            "security_groups.#": "1",
                            "security_groups.0": "sg-080612b5c467b92f5",
                            "source_dest_check": "true",
                            "subnet_id": "subnet-bb4432d2",
                            "tags.%": "1",
                            "tags.Name": "ApolloGateway",
                            "tags_all.%": "1",
                            "tags_all.Name": "ApolloGateway"
                        },
                        "meta": {
                            "schema_version": 0
                        },
                        "tainted": false
                    },
                    "deposed": [],
                    "provider": "provider.aws"
                },
                "aws_network_interface.tfer--eni-0a358243c6a688935": {
                    "type": "aws_network_interface",
                    "depends_on": [],
                    "primary": {
                        "id": "eni-0a358243c6a688935",
                        "attributes": {
                            "arn": "arn:aws:ec2:us-east-2:894231352815:network-interface/eni-0a358243c6a688935",
                            "attachment.#": "1",
                            "attachment.0.attachment_id": "eni-attach-05e2da5273ebfd545",
                            "attachment.0.device_index": "1",
                            "attachment.0.instance": "",
                            "description": "ELB a3d9299b3410e44caa7a267ecb001a23",
                            "id": "eni-0a358243c6a688935",
                            "interface_type": "interface",
                            "ipv4_prefix_count": "0",
                            "ipv4_prefixes.#": "0",
                            "ipv6_address_count": "0",
                            "ipv6_address_list.#": "0",
                            "ipv6_addresses.#": "0",
                            "ipv6_prefix_count": "0",
                            "ipv6_prefixes.#": "0",
                            "mac_address": "0a:cd:b7:b3:d7:7c",
                            "outpost_arn": "",
                            "owner_id": "894231352815",
                            "private_dns_name": "ip-172-31-39-137.us-east-2.compute.internal",
                            "private_ip": "172.31.39.137",
                            "private_ip_list.#": "1",
                            "private_ip_list.0": "172.31.39.137",
                            "private_ips.#": "1",
                            "private_ips.0": "172.31.39.137",
                            "private_ips_count": "0",
                            "security_groups.#": "1",
                            "security_groups.0": "sg-0f0910f619d4e4fd6",
                            "source_dest_check": "true",
                            "subnet_id": "subnet-305d917d",
                            "tags.%": "0",
                            "tags_all.%": "0"
                        },
                        "meta": {
                            "schema_version": 0
                        },
                        "tainted": false
                    },
                    "deposed": [],
                    "provider": "provider.aws"
                },
                "aws_network_interface.tfer--eni-0a8de1b8f486443d2": {
                    "type": "aws_network_interface",
                    "depends_on": [],
                    "primary": {
                        "id": "eni-0a8de1b8f486443d2",
                        "attributes": {
                            "arn": "arn:aws:ec2:us-east-2:894231352815:network-interface/eni-0a8de1b8f486443d2",
                            "attachment.#": "1",
                            "attachment.0.attachment_id": "eni-attach-069abcd11a597a1be",
                            "attachment.0.device_index": "1",
                            "attachment.0.instance": "i-0145d50be9ea8ec95",
                            "description": "aws-K8S-i-0145d50be9ea8ec95",
                            "id": "eni-0a8de1b8f486443d2",
                            "interface_type": "interface",
                            "ipv4_prefix_count": "0",
                            "ipv4_prefixes.#": "0",
                            "ipv6_address_count": "0",
                            "ipv6_address_list.#": "0",
                            "ipv6_addresses.#": "0",
                            "ipv6_prefix_count": "0",
                            "ipv6_prefixes.#": "0",
                            "mac_address": "0a:b5:48:02:a9:16",
                            "outpost_arn": "",
                            "owner_id": "894231352815",
                            "private_dns_name": "ip-172-31-33-160.us-east-2.compute.internal",
                            "private_ip": "172.31.33.160",
                            "private_ip_list.#": "6",
                            "private_ip_list.0": "172.31.33.160",
                            "private_ip_list.1": "172.31.34.94",
                            "private_ip_list.2": "172.31.46.205",
                            "private_ip_list.3": "172.31.42.87",
                            "private_ip_list.4": "172.31.46.70",
                            "private_ip_list.5": "172.31.32.96",
                            "private_ips.#": "6",
                            "private_ips.0": "172.31.32.96",
                            "private_ips.1": "172.31.33.160",
                            "private_ips.2": "172.31.34.94",
                            "private_ips.3": "172.31.42.87",
                            "private_ips.4": "172.31.46.205",
                            "private_ips.5": "172.31.46.70",
                            "private_ips_count": "5",
                            "security_groups.#": "1",
                            "security_groups.0": "sg-096321fc5ad4991e1",
                            "source_dest_check": "true",
                            "subnet_id": "subnet-305d917d",
                            "tags.%": "2",
                            "tags.node.k8s.amazonaws.com/createdAt": "2022-06-04T20:14:42Z",
                            "tags.node.k8s.amazonaws.com/instance_id": "i-0145d50be9ea8ec95",
                            "tags_all.%": "2",
                            "tags_all.node.k8s.amazonaws.com/createdAt": "2022-06-04T20:14:42Z",
                            "tags_all.node.k8s.amazonaws.com/instance_id": "i-0145d50be9ea8ec95"
                        },
                        "meta": {
                            "schema_version": 0
                        },
                        "tainted": false
                    },
                    "deposed": [],
                    "provider": "provider.aws"
                },
                "aws_network_interface.tfer--eni-0aa805dac8a1aa297": {
                    "type": "aws_network_interface",
                    "depends_on": [],
                    "primary": {
                        "id": "eni-0aa805dac8a1aa297",
                        "attributes": {
                            "arn": "arn:aws:ec2:us-east-2:894231352815:network-interface/eni-0aa805dac8a1aa297",
                            "attachment.#": "1",
                            "attachment.0.attachment_id": "eni-attach-05e55f6c10e39373e",
                            "attachment.0.device_index": "0",
                            "attachment.0.instance": "i-02ccb0b1c8ed2dd11",
                            "description": "",
                            "id": "eni-0aa805dac8a1aa297",
                            "interface_type": "interface",
                            "ipv4_prefix_count": "0",
                            "ipv4_prefixes.#": "0",
                            "ipv6_address_count": "0",
                            "ipv6_address_list.#": "0",
                            "ipv6_addresses.#": "0",
                            "ipv6_prefix_count": "0",
                            "ipv6_prefixes.#": "0",
                            "mac_address": "06:be:a7:38:33:f6",
                            "outpost_arn": "",
                            "owner_id": "894231352815",
                            "private_dns_name": "ip-172-31-17-230.us-east-2.compute.internal",
                            "private_ip": "172.31.17.230",
                            "private_ip_list.#": "10",
                            "private_ip_list.0": "172.31.17.230",
                            "private_ip_list.1": "172.31.16.77",
                            "private_ip_list.2": "172.31.26.29",
                            "private_ip_list.3": "172.31.22.154",
                            "private_ip_list.4": "172.31.18.8",
                            "private_ip_list.5": "172.31.18.21",
                            "private_ip_list.6": "172.31.18.100",
                            "private_ip_list.7": "172.31.22.4",
                            "private_ip_list.8": "172.31.27.227",
                            "private_ip_list.9": "172.31.25.32",
                            "private_ips.#": "10",
                            "private_ips.0": "172.31.16.77",
                            "private_ips.1": "172.31.17.230",
                            "private_ips.2": "172.31.18.100",
                            "private_ips.3": "172.31.18.21",
                            "private_ips.4": "172.31.18.8",
                            "private_ips.5": "172.31.22.154",
                            "private_ips.6": "172.31.22.4",
                            "private_ips.7": "172.31.25.32",
                            "private_ips.8": "172.31.26.29",
                            "private_ips.9": "172.31.27.227",
                            "private_ips_count": "9",
                            "security_groups.#": "1",
                            "security_groups.0": "sg-096321fc5ad4991e1",
                            "source_dest_check": "true",
                            "subnet_id": "subnet-4d17ab36",
                            "tags.%": "1",
                            "tags.node.k8s.amazonaws.com/instance_id": "i-02ccb0b1c8ed2dd11",
                            "tags_all.%": "1",
                            "tags_all.node.k8s.amazonaws.com/instance_id": "i-02ccb0b1c8ed2dd11"
                        },
                        "meta": {
                            "schema_version": 0
                        },
                        "tainted": false
                    },
                    "deposed": [],
                    "provider": "provider.aws"
                },
                "aws_network_interface.tfer--eni-0ae5b3d082a3d1226": {
                    "type": "aws_network_interface",
                    "depends_on": [],
                    "primary": {
                        "id": "eni-0ae5b3d082a3d1226",
                        "attributes": {
                            "arn": "arn:aws:ec2:us-east-2:894231352815:network-interface/eni-0ae5b3d082a3d1226",
                            "attachment.#": "1",
                            "attachment.0.attachment_id": "eni-attach-0406fe5ac9de16271",
                            "attachment.0.device_index": "1",
                            "attachment.0.instance": "",
                            "description": "Amazon EKS JesusFilm-core",
                            "id": "eni-0ae5b3d082a3d1226",
                            "interface_type": "interface",
                            "ipv4_prefix_count": "0",
                            "ipv4_prefixes.#": "0",
                            "ipv6_address_count": "0",
                            "ipv6_address_list.#": "0",
                            "ipv6_addresses.#": "0",
                            "ipv6_prefix_count": "0",
                            "ipv6_prefixes.#": "0",
                            "mac_address": "0a:6f:c5:1e:bf:c4",
                            "outpost_arn": "",
                            "owner_id": "894231352815",
                            "private_dns_name": "ip-172-31-41-206.us-east-2.compute.internal",
                            "private_ip": "172.31.41.206",
                            "private_ip_list.#": "1",
                            "private_ip_list.0": "172.31.41.206",
                            "private_ips.#": "1",
                            "private_ips.0": "172.31.41.206",
                            "private_ips_count": "0",
                            "security_groups.#": "2",
                            "security_groups.0": "sg-096321fc5ad4991e1",
                            "security_groups.1": "sg-be0e39d7",
                            "source_dest_check": "true",
                            "subnet_id": "subnet-305d917d",
                            "tags.%": "0",
                            "tags_all.%": "0"
                        },
                        "meta": {
                            "schema_version": 0
                        },
                        "tainted": false
                    },
                    "deposed": [],
                    "provider": "provider.aws"
                },
                "aws_network_interface.tfer--eni-0b4be848a52c407e5": {
                    "type": "aws_network_interface",
                    "depends_on": [],
                    "primary": {
                        "id": "eni-0b4be848a52c407e5",
                        "attributes": {
                            "arn": "arn:aws:ec2:us-east-2:894231352815:network-interface/eni-0b4be848a52c407e5",
                            "attachment.#": "1",
                            "attachment.0.attachment_id": "eni-attach-087828472b8e78381",
                            "attachment.0.device_index": "1",
                            "attachment.0.instance": "",
                            "description": "ELB a027a643b38aa47f296f59ffc4db05a0",
                            "id": "eni-0b4be848a52c407e5",
                            "interface_type": "interface",
                            "ipv4_prefix_count": "0",
                            "ipv4_prefixes.#": "0",
                            "ipv6_address_count": "0",
                            "ipv6_address_list.#": "0",
                            "ipv6_addresses.#": "0",
                            "ipv6_prefix_count": "0",
                            "ipv6_prefixes.#": "0",
                            "mac_address": "0a:13:a5:fd:02:0e",
                            "outpost_arn": "",
                            "owner_id": "894231352815",
                            "private_dns_name": "ip-172-31-41-167.us-east-2.compute.internal",
                            "private_ip": "172.31.41.167",
                            "private_ip_list.#": "1",
                            "private_ip_list.0": "172.31.41.167",
                            "private_ips.#": "1",
                            "private_ips.0": "172.31.41.167",
                            "private_ips_count": "0",
                            "security_groups.#": "1",
                            "security_groups.0": "sg-015ab1628104b67ad",
                            "source_dest_check": "true",
                            "subnet_id": "subnet-305d917d",
                            "tags.%": "0",
                            "tags_all.%": "0"
                        },
                        "meta": {
                            "schema_version": 0
                        },
                        "tainted": false
                    },
                    "deposed": [],
                    "provider": "provider.aws"
                },
                "aws_network_interface.tfer--eni-0bacfa1421877a4da": {
                    "type": "aws_network_interface",
                    "depends_on": [],
                    "primary": {
                        "id": "eni-0bacfa1421877a4da",
                        "attributes": {
                            "arn": "arn:aws:ec2:us-east-2:894231352815:network-interface/eni-0bacfa1421877a4da",
                            "attachment.#": "1",
                            "attachment.0.attachment_id": "eni-attach-005881e14c4b87c02",
                            "attachment.0.device_index": "1",
                            "attachment.0.instance": "",
                            "description": "ELB a0ac84891964c48a0acf5b0c1c713f79",
                            "id": "eni-0bacfa1421877a4da",
                            "interface_type": "interface",
                            "ipv4_prefix_count": "0",
                            "ipv4_prefixes.#": "0",
                            "ipv6_address_count": "0",
                            "ipv6_address_list.#": "0",
                            "ipv6_addresses.#": "0",
                            "ipv6_prefix_count": "0",
                            "ipv6_prefixes.#": "0",
                            "mac_address": "02:14:bb:dc:76:94",
                            "outpost_arn": "",
                            "owner_id": "894231352815",
                            "private_dns_name": "ip-172-31-2-123.us-east-2.compute.internal",
                            "private_ip": "172.31.2.123",
                            "private_ip_list.#": "1",
                            "private_ip_list.0": "172.31.2.123",
                            "private_ips.#": "1",
                            "private_ips.0": "172.31.2.123",
                            "private_ips_count": "0",
                            "security_groups.#": "1",
                            "security_groups.0": "sg-040c31ad4452f0463",
                            "source_dest_check": "true",
                            "subnet_id": "subnet-bb4432d2",
                            "tags.%": "0",
                            "tags_all.%": "0"
                        },
                        "meta": {
                            "schema_version": 0
                        },
                        "tainted": false
                    },
                    "deposed": [],
                    "provider": "provider.aws"
                },
                "aws_network_interface.tfer--eni-0bdb24ed15dd7798d": {
                    "type": "aws_network_interface",
                    "depends_on": [],
                    "primary": {
                        "id": "eni-0bdb24ed15dd7798d",
                        "attributes": {
                            "arn": "arn:aws:ec2:us-east-2:894231352815:network-interface/eni-0bdb24ed15dd7798d",
                            "attachment.#": "1",
                            "attachment.0.attachment_id": "eni-attach-047134cbb545fdc5d",
                            "attachment.0.device_index": "1",
                            "attachment.0.instance": "",
                            "description": "ELB ac51376bfb6a34a529800a5c74892f4b",
                            "id": "eni-0bdb24ed15dd7798d",
                            "interface_type": "interface",
                            "ipv4_prefix_count": "0",
                            "ipv4_prefixes.#": "0",
                            "ipv6_address_count": "0",
                            "ipv6_address_list.#": "0",
                            "ipv6_addresses.#": "0",
                            "ipv6_prefix_count": "0",
                            "ipv6_prefixes.#": "0",
                            "mac_address": "0a:9d:1f:6c:92:f2",
                            "outpost_arn": "",
                            "owner_id": "894231352815",
                            "private_dns_name": "ip-172-31-42-39.us-east-2.compute.internal",
                            "private_ip": "172.31.42.39",
                            "private_ip_list.#": "1",
                            "private_ip_list.0": "172.31.42.39",
                            "private_ips.#": "1",
                            "private_ips.0": "172.31.42.39",
                            "private_ips_count": "0",
                            "security_groups.#": "1",
                            "security_groups.0": "sg-03f05715ba8bb810f",
                            "source_dest_check": "true",
                            "subnet_id": "subnet-305d917d",
                            "tags.%": "0",
                            "tags_all.%": "0"
                        },
                        "meta": {
                            "schema_version": 0
                        },
                        "tainted": false
                    },
                    "deposed": [],
                    "provider": "provider.aws"
                },
                "aws_network_interface.tfer--eni-0be84a9d223f037a5": {
                    "type": "aws_network_interface",
                    "depends_on": [],
                    "primary": {
                        "id": "eni-0be84a9d223f037a5",
                        "attributes": {
                            "arn": "arn:aws:ec2:us-east-2:894231352815:network-interface/eni-0be84a9d223f037a5",
                            "attachment.#": "1",
                            "attachment.0.attachment_id": "eni-attach-015b16fb405ee8157",
                            "attachment.0.device_index": "1",
                            "attachment.0.instance": "",
                            "description": "ELB a638c213857e049869afa3fe4aca2939",
                            "id": "eni-0be84a9d223f037a5",
                            "interface_type": "interface",
                            "ipv4_prefix_count": "0",
                            "ipv4_prefixes.#": "0",
                            "ipv6_address_count": "0",
                            "ipv6_address_list.#": "0",
                            "ipv6_addresses.#": "0",
                            "ipv6_prefix_count": "0",
                            "ipv6_prefixes.#": "0",
                            "mac_address": "0a:3c:67:1b:e3:26",
                            "outpost_arn": "",
                            "owner_id": "894231352815",
                            "private_dns_name": "ip-172-31-42-250.us-east-2.compute.internal",
                            "private_ip": "172.31.42.250",
                            "private_ip_list.#": "1",
                            "private_ip_list.0": "172.31.42.250",
                            "private_ips.#": "1",
                            "private_ips.0": "172.31.42.250",
                            "private_ips_count": "0",
                            "security_groups.#": "1",
                            "security_groups.0": "sg-0a2e02b19d2100700",
                            "source_dest_check": "true",
                            "subnet_id": "subnet-305d917d",
                            "tags.%": "0",
                            "tags_all.%": "0"
                        },
                        "meta": {
                            "schema_version": 0
                        },
                        "tainted": false
                    },
                    "deposed": [],
                    "provider": "provider.aws"
                },
                "aws_network_interface.tfer--eni-0c4a58231928d209a": {
                    "type": "aws_network_interface",
                    "depends_on": [],
                    "primary": {
                        "id": "eni-0c4a58231928d209a",
                        "attributes": {
                            "arn": "arn:aws:ec2:us-east-2:894231352815:network-interface/eni-0c4a58231928d209a",
                            "attachment.#": "1",
                            "attachment.0.attachment_id": "eni-attach-04378b675e9d717d4",
                            "attachment.0.device_index": "1",
                            "attachment.0.instance": "i-008e0171992e43ee3",
                            "description": "aws-K8S-i-008e0171992e43ee3",
                            "id": "eni-0c4a58231928d209a",
                            "interface_type": "interface",
                            "ipv4_prefix_count": "0",
                            "ipv4_prefixes.#": "0",
                            "ipv6_address_count": "0",
                            "ipv6_address_list.#": "0",
                            "ipv6_addresses.#": "0",
                            "ipv6_prefix_count": "0",
                            "ipv6_prefixes.#": "0",
                            "mac_address": "06:96:d3:87:68:96",
                            "outpost_arn": "",
                            "owner_id": "894231352815",
                            "private_dns_name": "ip-172-31-16-178.us-east-2.compute.internal",
                            "private_ip": "172.31.16.178",
                            "private_ip_list.#": "6",
                            "private_ip_list.0": "172.31.16.178",
                            "private_ip_list.1": "172.31.20.107",
                            "private_ip_list.2": "172.31.29.247",
                            "private_ip_list.3": "172.31.24.195",
                            "private_ip_list.4": "172.31.26.66",
                            "private_ip_list.5": "172.31.27.192",
                            "private_ips.#": "6",
                            "private_ips.0": "172.31.16.178",
                            "private_ips.1": "172.31.20.107",
                            "private_ips.2": "172.31.24.195",
                            "private_ips.3": "172.31.26.66",
                            "private_ips.4": "172.31.27.192",
                            "private_ips.5": "172.31.29.247",
                            "private_ips_count": "5",
                            "security_groups.#": "1",
                            "security_groups.0": "sg-096321fc5ad4991e1",
                            "source_dest_check": "true",
                            "subnet_id": "subnet-4d17ab36",
                            "tags.%": "2",
                            "tags.node.k8s.amazonaws.com/createdAt": "2022-06-04T20:23:45Z",
                            "tags.node.k8s.amazonaws.com/instance_id": "i-008e0171992e43ee3",
                            "tags_all.%": "2",
                            "tags_all.node.k8s.amazonaws.com/createdAt": "2022-06-04T20:23:45Z",
                            "tags_all.node.k8s.amazonaws.com/instance_id": "i-008e0171992e43ee3"
                        },
                        "meta": {
                            "schema_version": 0
                        },
                        "tainted": false
                    },
                    "deposed": [],
                    "provider": "provider.aws"
                },
                "aws_network_interface.tfer--eni-0c5d2efe34aeeeb7b": {
                    "type": "aws_network_interface",
                    "depends_on": [],
                    "primary": {
                        "id": "eni-0c5d2efe34aeeeb7b",
                        "attributes": {
                            "arn": "arn:aws:ec2:us-east-2:894231352815:network-interface/eni-0c5d2efe34aeeeb7b",
                            "attachment.#": "1",
                            "attachment.0.attachment_id": "eni-attach-091d0045d95d25138",
                            "attachment.0.device_index": "1",
                            "attachment.0.instance": "",
                            "description": "ELB a899cf7a7e14a44ae81280f5067bb761",
                            "id": "eni-0c5d2efe34aeeeb7b",
                            "interface_type": "interface",
                            "ipv4_prefix_count": "0",
                            "ipv4_prefixes.#": "0",
                            "ipv6_address_count": "0",
                            "ipv6_address_list.#": "0",
                            "ipv6_addresses.#": "0",
                            "ipv6_prefix_count": "0",
                            "ipv6_prefixes.#": "0",
                            "mac_address": "06:e5:b1:71:3a:ec",
                            "outpost_arn": "",
                            "owner_id": "894231352815",
                            "private_dns_name": "ip-172-31-18-48.us-east-2.compute.internal",
                            "private_ip": "172.31.18.48",
                            "private_ip_list.#": "1",
                            "private_ip_list.0": "172.31.18.48",
                            "private_ips.#": "1",
                            "private_ips.0": "172.31.18.48",
                            "private_ips_count": "0",
                            "security_groups.#": "1",
                            "security_groups.0": "sg-061439617061fdb2c",
                            "source_dest_check": "true",
                            "subnet_id": "subnet-4d17ab36",
                            "tags.%": "0",
                            "tags_all.%": "0"
                        },
                        "meta": {
                            "schema_version": 0
                        },
                        "tainted": false
                    },
                    "deposed": [],
                    "provider": "provider.aws"
                },
                "aws_network_interface.tfer--eni-0c60c8971eeea76fc": {
                    "type": "aws_network_interface",
                    "depends_on": [],
                    "primary": {
                        "id": "eni-0c60c8971eeea76fc",
                        "attributes": {
                            "arn": "arn:aws:ec2:us-east-2:894231352815:network-interface/eni-0c60c8971eeea76fc",
                            "attachment.#": "1",
                            "attachment.0.attachment_id": "eni-attach-00e600edb81696b49",
                            "attachment.0.device_index": "1",
                            "attachment.0.instance": "",
                            "description": "ELB af2b3bdd93c4d44faad69f8ceef76733",
                            "id": "eni-0c60c8971eeea76fc",
                            "interface_type": "interface",
                            "ipv4_prefix_count": "0",
                            "ipv4_prefixes.#": "0",
                            "ipv6_address_count": "0",
                            "ipv6_address_list.#": "0",
                            "ipv6_addresses.#": "0",
                            "ipv6_prefix_count": "0",
                            "ipv6_prefixes.#": "0",
                            "mac_address": "02:09:64:33:e8:8e",
                            "outpost_arn": "",
                            "owner_id": "894231352815",
                            "private_dns_name": "ip-172-31-14-223.us-east-2.compute.internal",
                            "private_ip": "172.31.14.223",
                            "private_ip_list.#": "1",
                            "private_ip_list.0": "172.31.14.223",
                            "private_ips.#": "1",
                            "private_ips.0": "172.31.14.223",
                            "private_ips_count": "0",
                            "security_groups.#": "1",
                            "security_groups.0": "sg-0ef4d9eef9f42f7a5",
                            "source_dest_check": "true",
                            "subnet_id": "subnet-bb4432d2",
                            "tags.%": "0",
                            "tags_all.%": "0"
                        },
                        "meta": {
                            "schema_version": 0
                        },
                        "tainted": false
                    },
                    "deposed": [],
                    "provider": "provider.aws"
                },
                "aws_network_interface.tfer--eni-0ca1d83bea4870405": {
                    "type": "aws_network_interface",
                    "depends_on": [],
                    "primary": {
                        "id": "eni-0ca1d83bea4870405",
                        "attributes": {
                            "arn": "arn:aws:ec2:us-east-2:894231352815:network-interface/eni-0ca1d83bea4870405",
                            "attachment.#": "1",
                            "attachment.0.attachment_id": "eni-attach-0e963732df5acaf9b",
                            "attachment.0.device_index": "0",
                            "attachment.0.instance": "i-0145d50be9ea8ec95",
                            "description": "",
                            "id": "eni-0ca1d83bea4870405",
                            "interface_type": "interface",
                            "ipv4_prefix_count": "0",
                            "ipv4_prefixes.#": "0",
                            "ipv6_address_count": "0",
                            "ipv6_address_list.#": "0",
                            "ipv6_addresses.#": "0",
                            "ipv6_prefix_count": "0",
                            "ipv6_prefixes.#": "0",
                            "mac_address": "0a:01:17:c4:a9:46",
                            "outpost_arn": "",
                            "owner_id": "894231352815",
                            "private_dns_name": "ip-172-31-37-101.us-east-2.compute.internal",
                            "private_ip": "172.31.37.101",
                            "private_ip_list.#": "6",
                            "private_ip_list.0": "172.31.37.101",
                            "private_ip_list.1": "172.31.37.158",
                            "private_ip_list.2": "172.31.34.42",
                            "private_ip_list.3": "172.31.40.233",
                            "private_ip_list.4": "172.31.37.99",
                            "private_ip_list.5": "172.31.41.96",
                            "private_ips.#": "6",
                            "private_ips.0": "172.31.34.42",
                            "private_ips.1": "172.31.37.101",
                            "private_ips.2": "172.31.37.158",
                            "private_ips.3": "172.31.37.99",
                            "private_ips.4": "172.31.40.233",
                            "private_ips.5": "172.31.41.96",
                            "private_ips_count": "5",
                            "security_groups.#": "1",
                            "security_groups.0": "sg-096321fc5ad4991e1",
                            "source_dest_check": "true",
                            "subnet_id": "subnet-305d917d",
                            "tags.%": "1",
                            "tags.node.k8s.amazonaws.com/instance_id": "i-0145d50be9ea8ec95",
                            "tags_all.%": "1",
                            "tags_all.node.k8s.amazonaws.com/instance_id": "i-0145d50be9ea8ec95"
                        },
                        "meta": {
                            "schema_version": 0
                        },
                        "tainted": false
                    },
                    "deposed": [],
                    "provider": "provider.aws"
                },
                "aws_network_interface.tfer--eni-0d0250d44375620d1": {
                    "type": "aws_network_interface",
                    "depends_on": [],
                    "primary": {
                        "id": "eni-0d0250d44375620d1",
                        "attributes": {
                            "arn": "arn:aws:ec2:us-east-2:894231352815:network-interface/eni-0d0250d44375620d1",
                            "attachment.#": "1",
                            "attachment.0.attachment_id": "eni-attach-0058f3b38d2efc3f2",
                            "attachment.0.device_index": "1",
                            "attachment.0.instance": "",
                            "description": "ELB a027a643b38aa47f296f59ffc4db05a0",
                            "id": "eni-0d0250d44375620d1",
                            "interface_type": "interface",
                            "ipv4_prefix_count": "0",
                            "ipv4_prefixes.#": "0",
                            "ipv6_address_count": "0",
                            "ipv6_address_list.#": "0",
                            "ipv6_addresses.#": "0",
                            "ipv6_prefix_count": "0",
                            "ipv6_prefixes.#": "0",
                            "mac_address": "02:e7:2c:4c:88:00",
                            "outpost_arn": "",
                            "owner_id": "894231352815",
                            "private_dns_name": "ip-172-31-12-179.us-east-2.compute.internal",
                            "private_ip": "172.31.12.179",
                            "private_ip_list.#": "1",
                            "private_ip_list.0": "172.31.12.179",
                            "private_ips.#": "1",
                            "private_ips.0": "172.31.12.179",
                            "private_ips_count": "0",
                            "security_groups.#": "1",
                            "security_groups.0": "sg-015ab1628104b67ad",
                            "source_dest_check": "true",
                            "subnet_id": "subnet-bb4432d2",
                            "tags.%": "0",
                            "tags_all.%": "0"
                        },
                        "meta": {
                            "schema_version": 0
                        },
                        "tainted": false
                    },
                    "deposed": [],
                    "provider": "provider.aws"
                },
                "aws_network_interface.tfer--eni-0e7d974fb7991df44": {
                    "type": "aws_network_interface",
                    "depends_on": [],
                    "primary": {
                        "id": "eni-0e7d974fb7991df44",
                        "attributes": {
                            "arn": "arn:aws:ec2:us-east-2:894231352815:network-interface/eni-0e7d974fb7991df44",
                            "attachment.#": "1",
                            "attachment.0.attachment_id": "eni-attach-0fdc0f8ca0acd9074",
                            "attachment.0.device_index": "1",
                            "attachment.0.instance": "",
                            "description": "ELB a819711c5a4b94c288be61fe48947a8c",
                            "id": "eni-0e7d974fb7991df44",
                            "interface_type": "interface",
                            "ipv4_prefix_count": "0",
                            "ipv4_prefixes.#": "0",
                            "ipv6_address_count": "0",
                            "ipv6_address_list.#": "0",
                            "ipv6_addresses.#": "0",
                            "ipv6_prefix_count": "0",
                            "ipv6_prefixes.#": "0",
                            "mac_address": "0a:62:ad:6c:36:f6",
                            "outpost_arn": "",
                            "owner_id": "894231352815",
                            "private_dns_name": "ip-172-31-33-242.us-east-2.compute.internal",
                            "private_ip": "172.31.33.242",
                            "private_ip_list.#": "1",
                            "private_ip_list.0": "172.31.33.242",
                            "private_ips.#": "1",
                            "private_ips.0": "172.31.33.242",
                            "private_ips_count": "0",
                            "security_groups.#": "1",
                            "security_groups.0": "sg-0b5a5774ea382b09f",
                            "source_dest_check": "true",
                            "subnet_id": "subnet-305d917d",
                            "tags.%": "0",
                            "tags_all.%": "0"
                        },
                        "meta": {
                            "schema_version": 0
                        },
                        "tainted": false
                    },
                    "deposed": [],
                    "provider": "provider.aws"
                },
                "aws_network_interface.tfer--eni-0f4fb5fc79ba28e31": {
                    "type": "aws_network_interface",
                    "depends_on": [],
                    "primary": {
                        "id": "eni-0f4fb5fc79ba28e31",
                        "attributes": {
                            "arn": "arn:aws:ec2:us-east-2:894231352815:network-interface/eni-0f4fb5fc79ba28e31",
                            "attachment.#": "1",
                            "attachment.0.attachment_id": "eni-attach-0a3ae7433b2b0cabf",
                            "attachment.0.device_index": "1",
                            "attachment.0.instance": "i-075ae1a01a15f5a9d",
                            "description": "aws-K8S-i-075ae1a01a15f5a9d",
                            "id": "eni-0f4fb5fc79ba28e31",
                            "interface_type": "interface",
                            "ipv4_prefix_count": "0",
                            "ipv4_prefixes.#": "0",
                            "ipv6_address_count": "0",
                            "ipv6_address_list.#": "0",
                            "ipv6_addresses.#": "0",
                            "ipv6_prefix_count": "0",
                            "ipv6_prefixes.#": "0",
                            "mac_address": "02:09:b5:5b:30:64",
                            "outpost_arn": "",
                            "owner_id": "894231352815",
                            "private_dns_name": "ip-172-31-9-115.us-east-2.compute.internal",
                            "private_ip": "172.31.9.115",
                            "private_ip_list.#": "6",
                            "private_ip_list.0": "172.31.9.115",
                            "private_ip_list.1": "172.31.11.109",
                            "private_ip_list.2": "172.31.9.235",
                            "private_ip_list.3": "172.31.3.42",
                            "private_ip_list.4": "172.31.5.40",
                            "private_ip_list.5": "172.31.14.177",
                            "private_ips.#": "6",
                            "private_ips.0": "172.31.11.109",
                            "private_ips.1": "172.31.14.177",
                            "private_ips.2": "172.31.3.42",
                            "private_ips.3": "172.31.5.40",
                            "private_ips.4": "172.31.9.115",
                            "private_ips.5": "172.31.9.235",
                            "private_ips_count": "5",
                            "security_groups.#": "1",
                            "security_groups.0": "sg-096321fc5ad4991e1",
                            "source_dest_check": "true",
                            "subnet_id": "subnet-bb4432d2",
                            "tags.%": "2",
                            "tags.node.k8s.amazonaws.com/createdAt": "2022-06-27T00:30:13Z",
                            "tags.node.k8s.amazonaws.com/instance_id": "i-075ae1a01a15f5a9d",
                            "tags_all.%": "2",
                            "tags_all.node.k8s.amazonaws.com/createdAt": "2022-06-27T00:30:13Z",
                            "tags_all.node.k8s.amazonaws.com/instance_id": "i-075ae1a01a15f5a9d"
                        },
                        "meta": {
                            "schema_version": 0
                        },
                        "tainted": false
                    },
                    "deposed": [],
                    "provider": "provider.aws"
                },
                "aws_network_interface.tfer--eni-0f98b35ae47602820": {
                    "type": "aws_network_interface",
                    "depends_on": [],
                    "primary": {
                        "id": "eni-0f98b35ae47602820",
                        "attributes": {
                            "arn": "arn:aws:ec2:us-east-2:894231352815:network-interface/eni-0f98b35ae47602820",
                            "attachment.#": "1",
                            "attachment.0.attachment_id": "eni-attach-066f80a2b7a857f18",
                            "attachment.0.device_index": "1",
                            "attachment.0.instance": "",
                            "description": "ELB af2b3bdd93c4d44faad69f8ceef76733",
                            "id": "eni-0f98b35ae47602820",
                            "interface_type": "interface",
                            "ipv4_prefix_count": "0",
                            "ipv4_prefixes.#": "0",
                            "ipv6_address_count": "0",
                            "ipv6_address_list.#": "0",
                            "ipv6_addresses.#": "0",
                            "ipv6_prefix_count": "0",
                            "ipv6_prefixes.#": "0",
                            "mac_address": "06:65:40:81:5d:d0",
                            "outpost_arn": "",
                            "owner_id": "894231352815",
                            "private_dns_name": "ip-172-31-17-47.us-east-2.compute.internal",
                            "private_ip": "172.31.17.47",
                            "private_ip_list.#": "1",
                            "private_ip_list.0": "172.31.17.47",
                            "private_ips.#": "1",
                            "private_ips.0": "172.31.17.47",
                            "private_ips_count": "0",
                            "security_groups.#": "1",
                            "security_groups.0": "sg-0ef4d9eef9f42f7a5",
                            "source_dest_check": "true",
                            "subnet_id": "subnet-4d17ab36",
                            "tags.%": "0",
                            "tags_all.%": "0"
                        },
                        "meta": {
                            "schema_version": 0
                        },
                        "tainted": false
                    },
                    "deposed": [],
                    "provider": "provider.aws"
                },
                "aws_network_interface.tfer--eni-0fc32d01cc8010e54": {
                    "type": "aws_network_interface",
                    "depends_on": [],
                    "primary": {
                        "id": "eni-0fc32d01cc8010e54",
                        "attributes": {
                            "arn": "arn:aws:ec2:us-east-2:894231352815:network-interface/eni-0fc32d01cc8010e54",
                            "attachment.#": "1",
                            "attachment.0.attachment_id": "eni-attach-04eda0921ee4d65b8",
                            "attachment.0.device_index": "1",
                            "attachment.0.instance": "i-0d9b3282bd0810174",
                            "description": "aws-K8S-i-0d9b3282bd0810174",
                            "id": "eni-0fc32d01cc8010e54",
                            "interface_type": "interface",
                            "ipv4_prefix_count": "0",
                            "ipv4_prefixes.#": "0",
                            "ipv6_address_count": "0",
                            "ipv6_address_list.#": "0",
                            "ipv6_addresses.#": "0",
                            "ipv6_prefix_count": "0",
                            "ipv6_prefixes.#": "0",
                            "mac_address": "0a:a9:c0:03:7d:d2",
                            "outpost_arn": "",
                            "owner_id": "894231352815",
                            "private_dns_name": "ip-172-31-45-203.us-east-2.compute.internal",
                            "private_ip": "172.31.45.203",
                            "private_ip_list.#": "10",
                            "private_ip_list.0": "172.31.45.203",
                            "private_ip_list.1": "172.31.43.15",
                            "private_ip_list.2": "172.31.41.221",
                            "private_ip_list.3": "172.31.42.108",
                            "private_ip_list.4": "172.31.35.133",
                            "private_ip_list.5": "172.31.32.196",
                            "private_ip_list.6": "172.31.39.99",
                            "private_ip_list.7": "172.31.42.242",
                            "private_ip_list.8": "172.31.38.65",
                            "private_ip_list.9": "172.31.33.65",
                            "private_ips.#": "10",
                            "private_ips.0": "172.31.32.196",
                            "private_ips.1": "172.31.33.65",
                            "private_ips.2": "172.31.35.133",
                            "private_ips.3": "172.31.38.65",
                            "private_ips.4": "172.31.39.99",
                            "private_ips.5": "172.31.41.221",
                            "private_ips.6": "172.31.42.108",
                            "private_ips.7": "172.31.42.242",
                            "private_ips.8": "172.31.43.15",
                            "private_ips.9": "172.31.45.203",
                            "private_ips_count": "9",
                            "security_groups.#": "1",
                            "security_groups.0": "sg-096321fc5ad4991e1",
                            "source_dest_check": "true",
                            "subnet_id": "subnet-305d917d",
                            "tags.%": "2",
                            "tags.node.k8s.amazonaws.com/createdAt": "2022-06-04T20:25:02Z",
                            "tags.node.k8s.amazonaws.com/instance_id": "i-0d9b3282bd0810174",
                            "tags_all.%": "2",
                            "tags_all.node.k8s.amazonaws.com/createdAt": "2022-06-04T20:25:02Z",
                            "tags_all.node.k8s.amazonaws.com/instance_id": "i-0d9b3282bd0810174"
                        },
                        "meta": {
                            "schema_version": 0
                        },
                        "tainted": false
                    },
                    "deposed": [],
                    "provider": "provider.aws"
                },
                "aws_network_interface.tfer--eni-0fd57d751772fe842": {
                    "type": "aws_network_interface",
                    "depends_on": [],
                    "primary": {
                        "id": "eni-0fd57d751772fe842",
                        "attributes": {
                            "arn": "arn:aws:ec2:us-east-2:894231352815:network-interface/eni-0fd57d751772fe842",
                            "attachment.#": "1",
                            "attachment.0.attachment_id": "eni-attach-0c09838a3801ab8f4",
                            "attachment.0.device_index": "1",
                            "attachment.0.instance": "",
                            "description": "ELB aacad535ab2c34d5eb8227d978849ebe",
                            "id": "eni-0fd57d751772fe842",
                            "interface_type": "interface",
                            "ipv4_prefix_count": "0",
                            "ipv4_prefixes.#": "0",
                            "ipv6_address_count": "0",
                            "ipv6_address_list.#": "0",
                            "ipv6_addresses.#": "0",
                            "ipv6_prefix_count": "0",
                            "ipv6_prefixes.#": "0",
                            "mac_address": "06:0d:10:0f:11:52",
                            "outpost_arn": "",
                            "owner_id": "894231352815",
                            "private_dns_name": "ip-172-31-27-139.us-east-2.compute.internal",
                            "private_ip": "172.31.27.139",
                            "private_ip_list.#": "1",
                            "private_ip_list.0": "172.31.27.139",
                            "private_ips.#": "1",
                            "private_ips.0": "172.31.27.139",
                            "private_ips_count": "0",
                            "security_groups.#": "1",
                            "security_groups.0": "sg-0da17490a553727c2",
                            "source_dest_check": "true",
                            "subnet_id": "subnet-4d17ab36",
                            "tags.%": "0",
                            "tags_all.%": "0"
                        },
                        "meta": {
                            "schema_version": 0
                        },
                        "tainted": false
                    },
                    "deposed": [],
                    "provider": "provider.aws"
                }
            },
            "depends_on": []
        }
    ]
}
