{
    "version": 3,
    "terraform_version": "0.12.31",
    "serial": 1,
    "lineage": "3f6afbf5-5bed-7d08-d15a-6f6ac3273f42",
    "modules": [
        {
            "path": [
                "root"
            ],
            "outputs": {
                "aws_eks_cluster_tfer--JesusFilm-core_id": {
                    "sensitive": false,
                    "type": "string",
                    "value": "JesusFilm-core"
                },
                "aws_eks_node_group_tfer--API_id": {
                    "sensitive": false,
                    "type": "string",
                    "value": "JesusFilm-core:API"
                },
                "aws_eks_node_group_tfer--ArangoDB_id": {
                    "sensitive": false,
                    "type": "string",
                    "value": "JesusFilm-core:ArangoDB"
                }
            },
            "resources": {
                "aws_eks_cluster.tfer--JesusFilm-core": {
                    "type": "aws_eks_cluster",
                    "depends_on": [],
                    "primary": {
                        "id": "JesusFilm-core",
                        "attributes": {
                            "arn": "arn:aws:eks:us-east-2:894231352815:cluster/JesusFilm-core",
                            "certificate_authority.#": "1",
                            "certificate_authority.0.data": "LS0tLS1CRUdJTiBDRVJUSUZJQ0FURS0tLS0tCk1JSUM1ekNDQWMrZ0F3SUJBZ0lCQURBTkJna3Foa2lHOXcwQkFRc0ZBREFWTVJNd0VRWURWUVFERXdwcmRXSmwKY201bGRHVnpNQjRYRFRJeU1EWXdOREl3TURRd05sb1hEVE15TURZd01USXdNRFF3Tmxvd0ZURVRNQkVHQTFVRQpBeE1LYTNWaVpYSnVaWFJsY3pDQ0FTSXdEUVlKS29aSWh2Y05BUUVCQlFBRGdnRVBBRENDQVFvQ2dnRUJBTnRnCjNqU1MwNndnamZ4K0plVHdmUk5kTDNncEFlemZFNVBlUzN0NEtQdWIwU1l5MkY4ZUZGd1hYcWh1VjQ4QTBvWlkKZ3VSRnVvc0dBRzlwYlpZNTlxVk1KM25SY0hsZnJpWDNzWXNqQlY0dFhjc1dWQ3loUlQwdXFrdjhudkxpY1FwTAorcFpNTUR0eEIybGw2cEFRRXU2bHdYaHFSQU52TGFkM3BUVXNBblNkcitxTTNmTDZIQzBwNUJKUEw1TnhlbkdHClUvT3YybTBub1lqZmxKaXBCZG9pSFUzQmdHSXRxeTE5ejl5d04zSG5BeFlmQUdjZmRsazhyMGVjakJjYk5BSUUKU1prY0NBTzdpeVJhUjgwOW9iNjljK0MxakdQOEhjOE9KSWJELzFPS0dxM043QjBBd05mN0k0VEFQeWkzWHB0RQpsbmpDekcrejNLUnhVUENrZytNQ0F3RUFBYU5DTUVBd0RnWURWUjBQQVFIL0JBUURBZ0trTUE4R0ExVWRFd0VCCi93UUZNQU1CQWY4d0hRWURWUjBPQkJZRUZIS1VKZzQxeWVtUC94N3cyVjMxUEdvRGxIeENNQTBHQ1NxR1NJYjMKRFFFQkN3VUFBNElCQVFEYUZnT0plMHNJaG5Oem45a2ZNMDlCMUdTZy9hVCtDbTJWNEhic2ZncmNsQ2ZIaGFkdQpVZUN0Wnc5NU9WRlhwSVY3YThydnA0Y0srUWYyZmhyMnN2YUw1Ym5Va0h2OWVINVFnNnF1WDRnTlRQdExiZWdhCjVxWGFqdHNVVVNNWmRYVHczN0RrVG1oMUl5cnpaSXNGazhUN2RiSVlIR3R1NFluZkNTeGF3cVZ6bjk4Yk1qT0oKeWJIbytpOEEzVHpJWFdSUDRJdkY0YmNFRUpYTlo5dzhiVCt4T3VtR1hJTW0zNGZ6c1Q0REYvdWdFNjI2VXU4bQpVTFBPOEZPOEwvTnpnL3J1VG5NOFdEY1NNQ1BNbm14VDY4cEczaWhLRDdJc2N0QkFYMmF6ZS95MDZFWTdFQko1CnRRT2srT2FUYVhKSlI5WjNXOGVxVmlaZW9PdTRYMFRQQmxnWQotLS0tLUVORCBDRVJUSUZJQ0FURS0tLS0tCg==",
                            "created_at": "2022-06-04 19:58:26.803 +0000 UTC",
                            "enabled_cluster_log_types.#": "0",
                            "encryption_config.#": "0",
                            "endpoint": "https://54A242E78E43553E2574158527ABE3E6.gr7.us-east-2.eks.amazonaws.com",
                            "id": "JesusFilm-core",
                            "identity.#": "1",
                            "identity.0.oidc.#": "1",
                            "identity.0.oidc.0.issuer": "https://oidc.eks.us-east-2.amazonaws.com/id/54A242E78E43553E2574158527ABE3E6",
                            "kubernetes_network_config.#": "1",
                            "kubernetes_network_config.0.ip_family": "ipv4",
                            "kubernetes_network_config.0.service_ipv4_cidr": "10.100.0.0/16",
                            "name": "JesusFilm-core",
                            "platform_version": "eks.9",
                            "role_arn": "arn:aws:iam::894231352815:role/EksAWSControl",
                            "status": "ACTIVE",
                            "tags.%": "0",
                            "tags_all.%": "0",
                            "version": "1.21",
                            "vpc_config.#": "1",
                            "vpc_config.0.cluster_security_group_id": "sg-096321fc5ad4991e1",
                            "vpc_config.0.endpoint_private_access": "false",
                            "vpc_config.0.endpoint_public_access": "true",
                            "vpc_config.0.public_access_cidrs.#": "1",
                            "vpc_config.0.public_access_cidrs.0": "0.0.0.0/0",
                            "vpc_config.0.security_group_ids.#": "1",
                            "vpc_config.0.security_group_ids.0": "sg-be0e39d7",
                            "vpc_config.0.subnet_ids.#": "3",
                            "vpc_config.0.subnet_ids.0": "subnet-305d917d",
                            "vpc_config.0.subnet_ids.1": "subnet-4d17ab36",
                            "vpc_config.0.subnet_ids.2": "subnet-bb4432d2",
                            "vpc_config.0.vpc_id": "vpc-b896f6d1"
                        },
                        "meta": {
                            "schema_version": 0
                        },
                        "tainted": false
                    },
                    "deposed": [],
                    "provider": "provider.aws"
                },
                "aws_eks_node_group.tfer--API": {
                    "type": "aws_eks_node_group",
                    "depends_on": [],
                    "primary": {
                        "id": "JesusFilm-core:API",
                        "attributes": {
                            "ami_type": "AL2_x86_64",
                            "arn": "arn:aws:eks:us-east-2:894231352815:nodegroup/JesusFilm-core/API/44c0982c-e213-b4b9-339a-f2fe936b5f86",
                            "capacity_type": "ON_DEMAND",
                            "cluster_name": "JesusFilm-core",
                            "disk_size": "20",
                            "id": "JesusFilm-core:API",
                            "instance_types.#": "1",
                            "instance_types.0": "t3.medium",
                            "labels.%": "1",
                            "labels.type": "api",
                            "launch_template.#": "0",
                            "node_group_name": "API",
                            "node_group_name_prefix": "",
                            "node_role_arn": "arn:aws:iam::894231352815:role/JesusFilmCoreEKSWorkerNodeRole",
                            "release_version": "1.21.12-20220526",
                            "remote_access.#": "0",
                            "resources.#": "1",
                            "resources.0.autoscaling_groups.#": "1",
                            "resources.0.autoscaling_groups.0.name": "eks-API-44c0982c-e213-b4b9-339a-f2fe936b5f86",
                            "resources.0.remote_access_security_group_id": "",
                            "scaling_config.#": "1",
                            "scaling_config.0.desired_size": "3",
                            "scaling_config.0.max_size": "6",
                            "scaling_config.0.min_size": "3",
                            "status": "ACTIVE",
                            "subnet_ids.#": "3",
                            "subnet_ids.0": "subnet-305d917d",
                            "subnet_ids.1": "subnet-4d17ab36",
                            "subnet_ids.2": "subnet-bb4432d2",
                            "tags.%": "0",
                            "tags_all.%": "0",
                            "taint.#": "0",
                            "update_config.#": "1",
                            "update_config.0.max_unavailable": "1",
                            "update_config.0.max_unavailable_percentage": "0",
                            "version": "1.21"
                        },
                        "meta": {
                            "schema_version": 0
                        },
                        "tainted": false
                    },
                    "deposed": [],
                    "provider": "provider.aws"
                },
                "aws_eks_node_group.tfer--ArangoDB": {
                    "type": "aws_eks_node_group",
                    "depends_on": [],
                    "primary": {
                        "id": "JesusFilm-core:ArangoDB",
                        "attributes": {
                            "ami_type": "AL2_x86_64",
                            "arn": "arn:aws:eks:us-east-2:894231352815:nodegroup/JesusFilm-core/ArangoDB/acc0982c-86db-4719-77b5-b8974aeb2772",
                            "capacity_type": "ON_DEMAND",
                            "cluster_name": "JesusFilm-core",
                            "disk_size": "20",
                            "id": "JesusFilm-core:ArangoDB",
                            "instance_types.#": "1",
                            "instance_types.0": "i3.large",
                            "labels.%": "1",
                            "labels.type": "database",
                            "launch_template.#": "0",
                            "node_group_name": "ArangoDB",
                            "node_group_name_prefix": "",
                            "node_role_arn": "arn:aws:iam::894231352815:role/JesusFilmCoreEKSWorkerNodeRole",
                            "release_version": "1.21.12-20220526",
                            "remote_access.#": "0",
                            "resources.#": "1",
                            "resources.0.autoscaling_groups.#": "1",
                            "resources.0.autoscaling_groups.0.name": "eks-ArangoDB-acc0982c-86db-4719-77b5-b8974aeb2772",
                            "resources.0.remote_access_security_group_id": "",
                            "scaling_config.#": "1",
                            "scaling_config.0.desired_size": "2",
                            "scaling_config.0.max_size": "4",
                            "scaling_config.0.min_size": "2",
                            "status": "ACTIVE",
                            "subnet_ids.#": "3",
                            "subnet_ids.0": "subnet-305d917d",
                            "subnet_ids.1": "subnet-4d17ab36",
                            "subnet_ids.2": "subnet-bb4432d2",
                            "tags.%": "0",
                            "tags_all.%": "0",
                            "taint.#": "0",
                            "update_config.#": "1",
                            "update_config.0.max_unavailable": "1",
                            "update_config.0.max_unavailable_percentage": "0",
                            "version": "1.21"
                        },
                        "meta": {
                            "schema_version": 0
                        },
                        "tainted": false
                    },
                    "deposed": [],
                    "provider": "provider.aws"
                }
            },
            "depends_on": []
        }
    ]
}
