{
    "version": 3,
    "terraform_version": "0.12.31",
    "serial": 1,
    "lineage": "0bf3ab2c-bd1e-ebb5-e19a-e7ef2c244e1d",
    "modules": [
        {
            "path": [
                "root"
            ],
            "outputs": {
                "aws_iam_group_policy_attachment_tfer--DynamoDB_EMR_FullAccess_AmazonDynamoDBFullAccess_id": {
                    "sensitive": false,
                    "type": "string",
                    "value": "DynamoDB_EMR_FullAccess/arn:aws:iam::aws:policy/AmazonDynamoDBFullAccess"
                },
                "aws_iam_group_policy_attachment_tfer--DynamoDB_EMR_FullAccess_AmazonElasticMapReduceFullAccess_id": {
                    "sensitive": false,
                    "type": "string",
                    "value": "DynamoDB_EMR_FullAccess/arn:aws:iam::aws:policy/AmazonElasticMapReduceFullAccess"
                },
                "aws_iam_group_policy_attachment_tfer--JfmDeploymentGroup_AmazonEKSClusterPolicy_id": {
                    "sensitive": false,
                    "type": "string",
                    "value": "JfmDeploymentGroup/arn:aws:iam::aws:policy/AmazonEKSClusterPolicy"
                },
                "aws_iam_group_policy_attachment_tfer--JfmDeploymentGroup_ElasticLoadBalancingFullAccess_id": {
                    "sensitive": false,
                    "type": "string",
                    "value": "JfmDeploymentGroup/arn:aws:iam::aws:policy/ElasticLoadBalancingFullAccess"
                },
                "aws_iam_group_policy_attachment_tfer--PowerUsers_AWSLambdaFullAccess_id": {
                    "sensitive": false,
                    "type": "string",
                    "value": "PowerUsers/arn:aws:iam::aws:policy/AWSLambdaFullAccess"
                },
                "aws_iam_group_policy_tfer--Admins_AdministratorAccess-Admins-201304291421_id": {
                    "sensitive": false,
                    "type": "string",
                    "value": "Admins:AdministratorAccess-Admins-201304291421"
                },
                "aws_iam_group_policy_tfer--PowerUsers_PowerUserAccess-PowerUsers-201304291427_id": {
                    "sensitive": false,
                    "type": "string",
                    "value": "PowerUsers:PowerUserAccess-PowerUsers-201304291427"
                },
                "aws_iam_group_policy_tfer--RedShift-FullAccess_AmazonRedshiftFullAccess-RedShift-FullAccess-201304291434_id": {
                    "sensitive": false,
                    "type": "string",
                    "value": "RedShift-FullAccess:AmazonRedshiftFullAccess-RedShift-FullAccess-201304291434"
                },
                "aws_iam_group_policy_tfer--Resources_PowerUserAccess-Resources-201310181445_id": {
                    "sensitive": false,
                    "type": "string",
                    "value": "Resources:PowerUserAccess-Resources-201310181445"
                },
                "aws_iam_group_policy_tfer--S3-FullAccess_AmazonS3FullAccess-S3-FullAccess-201304291432_id": {
                    "sensitive": false,
                    "type": "string",
                    "value": "S3-FullAccess:AmazonS3FullAccess-S3-FullAccess-201304291432"
                },
                "aws_iam_group_policy_tfer--S3-Readonly_AmazonS3ReadOnlyAccess-arclight-media-prod_id": {
                    "sensitive": false,
                    "type": "string",
                    "value": "S3-Readonly:AmazonS3ReadOnlyAccess-arclight-media-prod"
                },
                "aws_iam_group_tfer--Admins_id": {
                    "sensitive": false,
                    "type": "string",
                    "value": "Admins"
                },
                "aws_iam_group_tfer--DynamoDB_EMR_FullAccess_id": {
                    "sensitive": false,
                    "type": "string",
                    "value": "DynamoDB_EMR_FullAccess"
                },
                "aws_iam_group_tfer--JfmDeploymentGroup_id": {
                    "sensitive": false,
                    "type": "string",
                    "value": "JfmDeploymentGroup"
                },
                "aws_iam_group_tfer--PowerUsers_id": {
                    "sensitive": false,
                    "type": "string",
                    "value": "PowerUsers"
                },
                "aws_iam_group_tfer--RedShift-FullAccess_id": {
                    "sensitive": false,
                    "type": "string",
                    "value": "RedShift-FullAccess"
                },
                "aws_iam_group_tfer--Resources_id": {
                    "sensitive": false,
                    "type": "string",
                    "value": "Resources"
                },
                "aws_iam_group_tfer--S3-FullAccess_id": {
                    "sensitive": false,
                    "type": "string",
                    "value": "S3-FullAccess"
                },
                "aws_iam_group_tfer--S3-Readonly_id": {
                    "sensitive": false,
                    "type": "string",
                    "value": "S3-Readonly"
                },
                "aws_iam_group_tfer--S3-onehope-jfm_id": {
                    "sensitive": false,
                    "type": "string",
                    "value": "S3-onehope-jfm"
                },
                "aws_iam_instance_profile_tfer--Arclight-Cache-Clearer_id": {
                    "sensitive": false,
                    "type": "string",
                    "value": "Arclight-Cache-Clearer"
                },
                "aws_iam_instance_profile_tfer--Arclight-Config-Fetcher_id": {
                    "sensitive": false,
                    "type": "string",
                    "value": "Arclight-Config-Fetcher"
                },
                "aws_iam_instance_profile_tfer--DataPipelineDefaultResourceRole_id": {
                    "sensitive": false,
                    "type": "string",
                    "value": "DataPipelineDefaultResourceRole"
                },
                "aws_iam_instance_profile_tfer--EMR_EC2_DefaultRole_id": {
                    "sensitive": false,
                    "type": "string",
                    "value": "EMR_EC2_DefaultRole"
                },
                "aws_iam_instance_profile_tfer--JesusFilmCoreEKSWorkerNodeRole_id": {
                    "sensitive": false,
                    "type": "string",
                    "value": "JesusFilmCoreEKSWorkerNodeRole"
                },
                "aws_iam_instance_profile_tfer--apollo-gateway-instance-iam-profile-prod_id": {
                    "sensitive": false,
                    "type": "string",
                    "value": "apollo-gateway-instance-iam-profile-prod"
                },
                "aws_iam_instance_profile_tfer--apollo-gateway-instance-iam-profile-stage_id": {
                    "sensitive": false,
                    "type": "string",
                    "value": "apollo-gateway-instance-iam-profile-stage"
                },
                "aws_iam_instance_profile_tfer--aws-elasticbeanstalk-ec2-role_id": {
                    "sensitive": false,
                    "type": "string",
                    "value": "aws-elasticbeanstalk-ec2-role"
                },
                "aws_iam_instance_profile_tfer--core-apollo-gateway_id": {
                    "sensitive": false,
                    "type": "string",
                    "value": "core-apollo-gateway"
                },
                "aws_iam_instance_profile_tfer--ecsInstanceRole_id": {
                    "sensitive": false,
                    "type": "string",
                    "value": "ecsInstanceRole"
                },
                "aws_iam_instance_profile_tfer--eks-44c0982c-e213-b4b9-339a-f2fe936b5f86_id": {
                    "sensitive": false,
                    "type": "string",
                    "value": "eks-44c0982c-e213-b4b9-339a-f2fe936b5f86"
                },
                "aws_iam_instance_profile_tfer--eks-acc0982c-86db-4719-77b5-b8974aeb2772_id": {
                    "sensitive": false,
                    "type": "string",
                    "value": "eks-acc0982c-86db-4719-77b5-b8974aeb2772"
                },
                "aws_iam_policy_tfer--AWSCodePipelineServiceRole-us-east-1-admin-preprod_id": {
                    "sensitive": false,
                    "type": "string",
                    "value": "arn:aws:iam::894231352815:policy/service-role/AWSCodePipelineServiceRole-us-east-1-admin-preprod"
                },
                "aws_iam_policy_tfer--AWSCodePipelineServiceRole-us-east-1-admin-prod_id": {
                    "sensitive": false,
                    "type": "string",
                    "value": "arn:aws:iam::894231352815:policy/service-role/AWSCodePipelineServiceRole-us-east-1-admin-prod"
                },
                "aws_iam_policy_tfer--AWSCodePipelineServiceRole-us-east-1-admin-qa_id": {
                    "sensitive": false,
                    "type": "string",
                    "value": "arn:aws:iam::894231352815:policy/service-role/AWSCodePipelineServiceRole-us-east-1-admin-qa"
                },
                "aws_iam_policy_tfer--AWSCodePipelineServiceRole-us-east-1-api-preprod-admin_id": {
                    "sensitive": false,
                    "type": "string",
                    "value": "arn:aws:iam::894231352815:policy/service-role/AWSCodePipelineServiceRole-us-east-1-api-preprod-admin"
                },
                "aws_iam_policy_tfer--AWSCodePipelineServiceRole-us-east-1-api-preprod_id": {
                    "sensitive": false,
                    "type": "string",
                    "value": "arn:aws:iam::894231352815:policy/service-role/AWSCodePipelineServiceRole-us-east-1-api-preprod"
                },
                "aws_iam_policy_tfer--AWSCodePipelineServiceRole-us-east-1-api-prod-admin_id": {
                    "sensitive": false,
                    "type": "string",
                    "value": "arn:aws:iam::894231352815:policy/service-role/AWSCodePipelineServiceRole-us-east-1-api-prod-admin"
                },
                "aws_iam_policy_tfer--AWSCodePipelineServiceRole-us-east-1-api-prod_id": {
                    "sensitive": false,
                    "type": "string",
                    "value": "arn:aws:iam::894231352815:policy/service-role/AWSCodePipelineServiceRole-us-east-1-api-prod"
                },
                "aws_iam_policy_tfer--AWSCodePipelineServiceRole-us-east-1-api-qa_id": {
                    "sensitive": false,
                    "type": "string",
                    "value": "arn:aws:iam::894231352815:policy/service-role/AWSCodePipelineServiceRole-us-east-1-api-qa"
                },
                "aws_iam_policy_tfer--AWSCodePipelineServiceRole-us-east-1-arclight-api-qa_id": {
                    "sensitive": false,
                    "type": "string",
                    "value": "arn:aws:iam::894231352815:policy/service-role/AWSCodePipelineServiceRole-us-east-1-arclight-api-qa"
                },
                "aws_iam_policy_tfer--AWSCodePipelineServiceRole-us-east-1-import-preprod_id": {
                    "sensitive": false,
                    "type": "string",
                    "value": "arn:aws:iam::894231352815:policy/service-role/AWSCodePipelineServiceRole-us-east-1-import-preprod"
                },
                "aws_iam_policy_tfer--AWSCodePipelineServiceRole-us-east-1-import-prod_id": {
                    "sensitive": false,
                    "type": "string",
                    "value": "arn:aws:iam::894231352815:policy/service-role/AWSCodePipelineServiceRole-us-east-1-import-prod"
                },
                "aws_iam_policy_tfer--AWSCodePipelineServiceRole-us-east-1-import-qa_id": {
                    "sensitive": false,
                    "type": "string",
                    "value": "arn:aws:iam::894231352815:policy/service-role/AWSCodePipelineServiceRole-us-east-1-import-qa"
                },
                "aws_iam_policy_tfer--AWSGlueServiceRole-JFP-DW-Prod-play_id": {
                    "sensitive": false,
                    "type": "string",
                    "value": "arn:aws:iam::894231352815:policy/service-role/AWSGlueServiceRole-JFP-DW-Prod-play"
                },
                "aws_iam_policy_tfer--AWSLambdaBasicExecutionRole-0222a08b-9a31-4607-a110-9f61b66211da_id": {
                    "sensitive": false,
                    "type": "string",
                    "value": "arn:aws:iam::894231352815:policy/service-role/AWSLambdaBasicExecutionRole-0222a08b-9a31-4607-a110-9f61b66211da"
                },
                "aws_iam_policy_tfer--AWSLambdaBasicExecutionRole-036eff25-465f-4bef-8136-da7954a08906_id": {
                    "sensitive": false,
                    "type": "string",
                    "value": "arn:aws:iam::894231352815:policy/service-role/AWSLambdaBasicExecutionRole-036eff25-465f-4bef-8136-da7954a08906"
                },
                "aws_iam_policy_tfer--AWSLambdaBasicExecutionRole-55127d15-5bf9-429a-9ea4-b8809b0766a2_id": {
                    "sensitive": false,
                    "type": "string",
                    "value": "arn:aws:iam::894231352815:policy/service-role/AWSLambdaBasicExecutionRole-55127d15-5bf9-429a-9ea4-b8809b0766a2"
                },
                "aws_iam_policy_tfer--AWSLambdaBasicExecutionRole-6d83a4c4-b877-4b62-9cb5-a630e787e5bb_id": {
                    "sensitive": false,
                    "type": "string",
                    "value": "arn:aws:iam::894231352815:policy/service-role/AWSLambdaBasicExecutionRole-6d83a4c4-b877-4b62-9cb5-a630e787e5bb"
                },
                "aws_iam_policy_tfer--AWSLambdaBasicExecutionRole-6e60b8f9-2dd0-4e7d-bed3-cf50af182f8b_id": {
                    "sensitive": false,
                    "type": "string",
                    "value": "arn:aws:iam::894231352815:policy/service-role/AWSLambdaBasicExecutionRole-6e60b8f9-2dd0-4e7d-bed3-cf50af182f8b"
                },
                "aws_iam_policy_tfer--AWSLambdaBasicExecutionRole-cf8927a7-eaaa-47b5-bdc0-7708c33c4877_id": {
                    "sensitive": false,
                    "type": "string",
                    "value": "arn:aws:iam::894231352815:policy/service-role/AWSLambdaBasicExecutionRole-cf8927a7-eaaa-47b5-bdc0-7708c33c4877"
                },
                "aws_iam_policy_tfer--AWSLambdaBasicExecutionRole-d4fbe891-3a27-4670-a527-be33723b4dcc_id": {
                    "sensitive": false,
                    "type": "string",
                    "value": "arn:aws:iam::894231352815:policy/service-role/AWSLambdaBasicExecutionRole-d4fbe891-3a27-4670-a527-be33723b4dcc"
                },
                "aws_iam_policy_tfer--AWSLambdaBasicExecutionRole-e5a128db-70f8-43ed-9fc9-d87628a50fef_id": {
                    "sensitive": false,
                    "type": "string",
                    "value": "arn:aws:iam::894231352815:policy/service-role/AWSLambdaBasicExecutionRole-e5a128db-70f8-43ed-9fc9-d87628a50fef"
                },
                "aws_iam_policy_tfer--AWSLambdaKMSExecutionRole-0af2c3fd-6a0a-46c0-9568-b1f194068eb9_id": {
                    "sensitive": false,
                    "type": "string",
                    "value": "arn:aws:iam::894231352815:policy/service-role/AWSLambdaKMSExecutionRole-0af2c3fd-6a0a-46c0-9568-b1f194068eb9"
                },
                "aws_iam_policy_tfer--AWSLambdaS3ExecutionRole-9fa22503-27f8-4785-89a5-93dfd30f8bf7_id": {
                    "sensitive": false,
                    "type": "string",
                    "value": "arn:aws:iam::894231352815:policy/service-role/AWSLambdaS3ExecutionRole-9fa22503-27f8-4785-89a5-93dfd30f8bf7"
                },
                "aws_iam_policy_tfer--AWSQuickSightIAMPolicy_id": {
                    "sensitive": false,
                    "type": "string",
                    "value": "arn:aws:iam::894231352815:policy/service-role/AWSQuickSightIAMPolicy"
                },
                "aws_iam_policy_tfer--AWSQuickSightRDSPolicy_id": {
                    "sensitive": false,
                    "type": "string",
                    "value": "arn:aws:iam::894231352815:policy/service-role/AWSQuickSightRDSPolicy"
                },
                "aws_iam_policy_tfer--AWSQuickSightRedshiftPolicy_id": {
                    "sensitive": false,
                    "type": "string",
                    "value": "arn:aws:iam::894231352815:policy/service-role/AWSQuickSightRedshiftPolicy"
                },
                "aws_iam_policy_tfer--AccessArkCoreBucketObjects_id": {
                    "sensitive": false,
                    "type": "string",
                    "value": "arn:aws:iam::894231352815:policy/AccessArkCoreBucketObjects"
                },
                "aws_iam_policy_tfer--AllowExternalDNSUpdates_id": {
                    "sensitive": false,
                    "type": "string",
                    "value": "arn:aws:iam::894231352815:policy/AllowExternalDNSUpdates"
                },
                "aws_iam_policy_tfer--AmazonEKS_EBS_CSI_Driver_Policy_id": {
                    "sensitive": false,
                    "type": "string",
                    "value": "arn:aws:iam::894231352815:policy/AmazonEKS_EBS_CSI_Driver_Policy"
                },
                "aws_iam_policy_tfer--ArclightConfigsS3ReadOnly_id": {
                    "sensitive": false,
                    "type": "string",
                    "value": "arn:aws:iam::894231352815:policy/ArclightConfigsS3ReadOnly"
                },
                "aws_iam_policy_tfer--ArclightDescribeResources_id": {
                    "sensitive": false,
                    "type": "string",
                    "value": "arn:aws:iam::894231352815:policy/ArclightDescribeResources"
                },
                "aws_iam_policy_tfer--BitbucketCodeDeployToS3_id": {
                    "sensitive": false,
                    "type": "string",
                    "value": "arn:aws:iam::894231352815:policy/BitbucketCodeDeployToS3"
                },
                "aws_iam_policy_tfer--CodeBuildBasePolicy-Arclight-QA-us-east-1_id": {
                    "sensitive": false,
                    "type": "string",
                    "value": "arn:aws:iam::894231352815:policy/service-role/CodeBuildBasePolicy-Arclight-QA-us-east-1"
                },
                "aws_iam_policy_tfer--CodeBuildBasePolicy-admin-preprod-us-east-1_id": {
                    "sensitive": false,
                    "type": "string",
                    "value": "arn:aws:iam::894231352815:policy/service-role/CodeBuildBasePolicy-admin-preprod-us-east-1"
                },
                "aws_iam_policy_tfer--CodeBuildBasePolicy-admin-prod-us-east-1_id": {
                    "sensitive": false,
                    "type": "string",
                    "value": "arn:aws:iam::894231352815:policy/service-role/CodeBuildBasePolicy-admin-prod-us-east-1"
                },
                "aws_iam_policy_tfer--CodeBuildBasePolicy-admin-qa-us-east-1_id": {
                    "sensitive": false,
                    "type": "string",
                    "value": "arn:aws:iam::894231352815:policy/service-role/CodeBuildBasePolicy-admin-qa-us-east-1"
                },
                "aws_iam_policy_tfer--CodeBuildBasePolicy-api-preprod-admin-us-east-1_id": {
                    "sensitive": false,
                    "type": "string",
                    "value": "arn:aws:iam::894231352815:policy/service-role/CodeBuildBasePolicy-api-preprod-admin-us-east-1"
                },
                "aws_iam_policy_tfer--CodeBuildBasePolicy-api-preprod-us-east-1_id": {
                    "sensitive": false,
                    "type": "string",
                    "value": "arn:aws:iam::894231352815:policy/service-role/CodeBuildBasePolicy-api-preprod-us-east-1"
                },
                "aws_iam_policy_tfer--CodeBuildBasePolicy-api-prod-admin-us-east-1_id": {
                    "sensitive": false,
                    "type": "string",
                    "value": "arn:aws:iam::894231352815:policy/service-role/CodeBuildBasePolicy-api-prod-admin-us-east-1"
                },
                "aws_iam_policy_tfer--CodeBuildBasePolicy-api-prod-us-east-1_id": {
                    "sensitive": false,
                    "type": "string",
                    "value": "arn:aws:iam::894231352815:policy/service-role/CodeBuildBasePolicy-api-prod-us-east-1"
                },
                "aws_iam_policy_tfer--CodeBuildBasePolicy-api-qa-import-us-east-1_id": {
                    "sensitive": false,
                    "type": "string",
                    "value": "arn:aws:iam::894231352815:policy/service-role/CodeBuildBasePolicy-api-qa-import-us-east-1"
                },
                "aws_iam_policy_tfer--CodeBuildBasePolicy-api-qa-us-east-1_id": {
                    "sensitive": false,
                    "type": "string",
                    "value": "arn:aws:iam::894231352815:policy/service-role/CodeBuildBasePolicy-api-qa-us-east-1"
                },
                "aws_iam_policy_tfer--CodeBuildBasePolicy-import-preprod-us-east-1_id": {
                    "sensitive": false,
                    "type": "string",
                    "value": "arn:aws:iam::894231352815:policy/service-role/CodeBuildBasePolicy-import-preprod-us-east-1"
                },
                "aws_iam_policy_tfer--CodeBuildBasePolicy-import-prod-us-east-1_id": {
                    "sensitive": false,
                    "type": "string",
                    "value": "arn:aws:iam::894231352815:policy/service-role/CodeBuildBasePolicy-import-prod-us-east-1"
                },
                "aws_iam_policy_tfer--CodeBuildBasePolicy-import-qa-us-east-1_id": {
                    "sensitive": false,
                    "type": "string",
                    "value": "arn:aws:iam::894231352815:policy/service-role/CodeBuildBasePolicy-import-qa-us-east-1"
                },
                "aws_iam_policy_tfer--JFM_CloudWatch_PutMetricData_id": {
                    "sensitive": false,
                    "type": "string",
                    "value": "arn:aws:iam::894231352815:policy/JFM_CloudWatch_PutMetricData"
                },
                "aws_iam_policy_tfer--S3-GSFN-ChosenWitness-Access_id": {
                    "sensitive": false,
                    "type": "string",
                    "value": "arn:aws:iam::894231352815:policy/S3-GSFN-ChosenWitness-Access"
                },
                "aws_iam_policy_tfer--S3-GSFN-FallingPlates-Access_id": {
                    "sensitive": false,
                    "type": "string",
                    "value": "arn:aws:iam::894231352815:policy/S3-GSFN-FallingPlates-Access"
                },
                "aws_iam_policy_tfer--S3-GSFN-Legion-Access_id": {
                    "sensitive": false,
                    "type": "string",
                    "value": "arn:aws:iam::894231352815:policy/S3-GSFN-Legion-Access"
                },
                "aws_iam_policy_tfer--appsync-ds-lam-3elgqd-wp-graphql-request_id": {
                    "sensitive": false,
                    "type": "string",
                    "value": "arn:aws:iam::894231352815:policy/service-role/appsync-ds-lam-3elgqd-wp-graphql-request"
                },
                "aws_iam_policy_tfer--appsync-graphqlapi-logs-us-west-2_id": {
                    "sensitive": false,
                    "type": "string",
                    "value": "arn:aws:iam::894231352815:policy/service-role/appsync-graphqlapi-logs-us-west-2"
                },
                "aws_iam_policy_tfer--core-apollo-gateway_id": {
                    "sensitive": false,
                    "type": "string",
                    "value": "arn:aws:iam::894231352815:policy/core-apollo-gateway"
                },
                "aws_iam_policy_tfer--lambda_to_sns_me2transcheck_id": {
                    "sensitive": false,
                    "type": "string",
                    "value": "arn:aws:iam::894231352815:policy/lambda_to_sns_me2transcheck"
                },
                "aws_iam_policy_tfer--ml-repo-access_id": {
                    "sensitive": false,
                    "type": "string",
                    "value": "arn:aws:iam::894231352815:policy/ml-repo-access"
                },
                "aws_iam_policy_tfer--onehope-jfm-002C-bucket-list-002C-get-002C-put-002C-del_id": {
                    "sensitive": false,
                    "type": "string",
                    "value": "arn:aws:iam::894231352815:policy/onehope-jfm,bucket-list,get,put,del"
                },
                "aws_iam_policy_tfer--start-pipeline-execution-us-east-1-arclight-api-qa_id": {
                    "sensitive": false,
                    "type": "string",
                    "value": "arn:aws:iam::894231352815:policy/service-role/start-pipeline-execution-us-east-1-arclight-api-qa"
                },
                "aws_iam_policy_tfer--tim_test_policy_001_id": {
                    "sensitive": false,
                    "type": "string",
                    "value": "arn:aws:iam::894231352815:policy/tim_test_policy_001"
                },
                "aws_iam_role_policy_attachment_tfer--AWSCodePipelineServiceRole-us-east-1-admin-preprod_AWSCodePipelineServiceRole-us-east-1-admin-preprod_id": {
                    "sensitive": false,
                    "type": "string",
                    "value": "AWSCodePipelineServiceRole-us-east-1-admin-preprod/arn:aws:iam::894231352815:policy/service-role/AWSCodePipelineServiceRole-us-east-1-admin-preprod"
                },
                "aws_iam_role_policy_attachment_tfer--AWSCodePipelineServiceRole-us-east-1-admin-prod_AWSCodePipelineServiceRole-us-east-1-admin-prod_id": {
                    "sensitive": false,
                    "type": "string",
                    "value": "AWSCodePipelineServiceRole-us-east-1-admin-prod/arn:aws:iam::894231352815:policy/service-role/AWSCodePipelineServiceRole-us-east-1-admin-prod"
                },
                "aws_iam_role_policy_attachment_tfer--AWSCodePipelineServiceRole-us-east-1-admin-qa_AWSCodePipelineServiceRole-us-east-1-admin-qa_id": {
                    "sensitive": false,
                    "type": "string",
                    "value": "AWSCodePipelineServiceRole-us-east-1-admin-qa/arn:aws:iam::894231352815:policy/service-role/AWSCodePipelineServiceRole-us-east-1-admin-qa"
                },
                "aws_iam_role_policy_attachment_tfer--AWSCodePipelineServiceRole-us-east-1-api-preprod-admin_AWSCodePipelineServiceRole-us-east-1-api-preprod-admin_id": {
                    "sensitive": false,
                    "type": "string",
                    "value": "AWSCodePipelineServiceRole-us-east-1-api-preprod-admin/arn:aws:iam::894231352815:policy/service-role/AWSCodePipelineServiceRole-us-east-1-api-preprod-admin"
                },
                "aws_iam_role_policy_attachment_tfer--AWSCodePipelineServiceRole-us-east-1-api-preprod_AWSCodePipelineServiceRole-us-east-1-api-preprod_id": {
                    "sensitive": false,
                    "type": "string",
                    "value": "AWSCodePipelineServiceRole-us-east-1-api-preprod/arn:aws:iam::894231352815:policy/service-role/AWSCodePipelineServiceRole-us-east-1-api-preprod"
                },
                "aws_iam_role_policy_attachment_tfer--AWSCodePipelineServiceRole-us-east-1-api-prod-admin_AWSCodePipelineServiceRole-us-east-1-api-prod-admin_id": {
                    "sensitive": false,
                    "type": "string",
                    "value": "AWSCodePipelineServiceRole-us-east-1-api-prod-admin/arn:aws:iam::894231352815:policy/service-role/AWSCodePipelineServiceRole-us-east-1-api-prod-admin"
                },
                "aws_iam_role_policy_attachment_tfer--AWSCodePipelineServiceRole-us-east-1-api-prod_AWSCodePipelineServiceRole-us-east-1-api-prod_id": {
                    "sensitive": false,
                    "type": "string",
                    "value": "AWSCodePipelineServiceRole-us-east-1-api-prod/arn:aws:iam::894231352815:policy/service-role/AWSCodePipelineServiceRole-us-east-1-api-prod"
                },
                "aws_iam_role_policy_attachment_tfer--AWSCodePipelineServiceRole-us-east-1-api-qa_AWSCodePipelineServiceRole-us-east-1-api-qa_id": {
                    "sensitive": false,
                    "type": "string",
                    "value": "AWSCodePipelineServiceRole-us-east-1-api-qa/arn:aws:iam::894231352815:policy/service-role/AWSCodePipelineServiceRole-us-east-1-api-qa"
                },
                "aws_iam_role_policy_attachment_tfer--AWSCodePipelineServiceRole-us-east-1-arclight-api-qa_AWSCodePipelineServiceRole-us-east-1-arclight-api-qa_id": {
                    "sensitive": false,
                    "type": "string",
                    "value": "AWSCodePipelineServiceRole-us-east-1-arclight-api-qa/arn:aws:iam::894231352815:policy/service-role/AWSCodePipelineServiceRole-us-east-1-arclight-api-qa"
                },
                "aws_iam_role_policy_attachment_tfer--AWSCodePipelineServiceRole-us-east-1-import-preprod_AWSCodePipelineServiceRole-us-east-1-import-preprod_id": {
                    "sensitive": false,
                    "type": "string",
                    "value": "AWSCodePipelineServiceRole-us-east-1-import-preprod/arn:aws:iam::894231352815:policy/service-role/AWSCodePipelineServiceRole-us-east-1-import-preprod"
                },
                "aws_iam_role_policy_attachment_tfer--AWSCodePipelineServiceRole-us-east-1-import-prod_AWSCodePipelineServiceRole-us-east-1-import-prod_id": {
                    "sensitive": false,
                    "type": "string",
                    "value": "AWSCodePipelineServiceRole-us-east-1-import-prod/arn:aws:iam::894231352815:policy/service-role/AWSCodePipelineServiceRole-us-east-1-import-prod"
                },
                "aws_iam_role_policy_attachment_tfer--AWSCodePipelineServiceRole-us-east-1-import-qa_AWSCodePipelineServiceRole-us-east-1-import-qa_id": {
                    "sensitive": false,
                    "type": "string",
                    "value": "AWSCodePipelineServiceRole-us-east-1-import-qa/arn:aws:iam::894231352815:policy/service-role/AWSCodePipelineServiceRole-us-east-1-import-qa"
                },
                "aws_iam_role_policy_attachment_tfer--AWSGlueServiceRole-Arclight-RDS-prod_AWSGlueServiceRole_id": {
                    "sensitive": false,
                    "type": "string",
                    "value": "AWSGlueServiceRole-Arclight-RDS-prod/arn:aws:iam::aws:policy/service-role/AWSGlueServiceRole"
                },
                "aws_iam_role_policy_attachment_tfer--AWSGlueServiceRole-Arclight-RDS-prod_AmazonRDSDataFullAccess_id": {
                    "sensitive": false,
                    "type": "string",
                    "value": "AWSGlueServiceRole-Arclight-RDS-prod/arn:aws:iam::aws:policy/AmazonRDSDataFullAccess"
                },
                "aws_iam_role_policy_attachment_tfer--AWSGlueServiceRole-JFP-DW-Prod-play_AWSGlueServiceRole-JFP-DW-Prod-play_id": {
                    "sensitive": false,
                    "type": "string",
                    "value": "AWSGlueServiceRole-JFP-DW-Prod-play/arn:aws:iam::894231352815:policy/service-role/AWSGlueServiceRole-JFP-DW-Prod-play"
                },
                "aws_iam_role_policy_attachment_tfer--AWSGlueServiceRole-JFP-DW-Prod-play_AWSGlueServiceRole_id": {
                    "sensitive": false,
                    "type": "string",
                    "value": "AWSGlueServiceRole-JFP-DW-Prod-play/arn:aws:iam::aws:policy/service-role/AWSGlueServiceRole"
                },
                "aws_iam_role_policy_attachment_tfer--AWSReservedSSO_devops-engineering_41bbd67f6714fe63_SecurityAudit_id": {
                    "sensitive": false,
                    "type": "string",
                    "value": "AWSReservedSSO_devops-engineering_41bbd67f6714fe63/arn:aws:iam::aws:policy/SecurityAudit"
                },
                "aws_iam_role_policy_attachment_tfer--AWSReservedSSO_devops-engineering_41bbd67f6714fe63_ViewOnlyAccess_id": {
                    "sensitive": false,
                    "type": "string",
                    "value": "AWSReservedSSO_devops-engineering_41bbd67f6714fe63/arn:aws:iam::aws:policy/job-function/ViewOnlyAccess"
                },
                "aws_iam_role_policy_attachment_tfer--AWSReservedSSO_google-migrations-admin_7282bdac0a32df41_CloudWatchReadOnlyAccess_id": {
                    "sensitive": false,
                    "type": "string",
                    "value": "AWSReservedSSO_google-migrations-admin_7282bdac0a32df41/arn:aws:iam::aws:policy/CloudWatchReadOnlyAccess"
                },
                "aws_iam_role_policy_attachment_tfer--AWSReservedSSO_network-engineering_40e4bc0151e285d5_AWSCloudTrail_FullAccess_id": {
                    "sensitive": false,
                    "type": "string",
                    "value": "AWSReservedSSO_network-engineering_40e4bc0151e285d5/arn:aws:iam::aws:policy/AWSCloudTrail_FullAccess"
                },
                "aws_iam_role_policy_attachment_tfer--AWSReservedSSO_network-engineering_40e4bc0151e285d5_AWSDirectConnectFullAccess_id": {
                    "sensitive": false,
                    "type": "string",
                    "value": "AWSReservedSSO_network-engineering_40e4bc0151e285d5/arn:aws:iam::aws:policy/AWSDirectConnectFullAccess"
                },
                "aws_iam_role_policy_attachment_tfer--AWSReservedSSO_network-engineering_40e4bc0151e285d5_AWSNetworkManagerReadOnlyAccess_id": {
                    "sensitive": false,
                    "type": "string",
                    "value": "AWSReservedSSO_network-engineering_40e4bc0151e285d5/arn:aws:iam::aws:policy/AWSNetworkManagerReadOnlyAccess"
                },
                "aws_iam_role_policy_attachment_tfer--AWSReservedSSO_network-engineering_40e4bc0151e285d5_AWSSupportAccess_id": {
                    "sensitive": false,
                    "type": "string",
                    "value": "AWSReservedSSO_network-engineering_40e4bc0151e285d5/arn:aws:iam::aws:policy/AWSSupportAccess"
                },
                "aws_iam_role_policy_attachment_tfer--AWSReservedSSO_network-engineering_40e4bc0151e285d5_AmazonEC2ReadOnlyAccess_id": {
                    "sensitive": false,
                    "type": "string",
                    "value": "AWSReservedSSO_network-engineering_40e4bc0151e285d5/arn:aws:iam::aws:policy/AmazonEC2ReadOnlyAccess"
                },
                "aws_iam_role_policy_attachment_tfer--AWSReservedSSO_network-engineering_40e4bc0151e285d5_AmazonRoute53ReadOnlyAccess_id": {
                    "sensitive": false,
                    "type": "string",
                    "value": "AWSReservedSSO_network-engineering_40e4bc0151e285d5/arn:aws:iam::aws:policy/AmazonRoute53ReadOnlyAccess"
                },
                "aws_iam_role_policy_attachment_tfer--AWSReservedSSO_network-engineering_40e4bc0151e285d5_AmazonVPCFullAccess_id": {
                    "sensitive": false,
                    "type": "string",
                    "value": "AWSReservedSSO_network-engineering_40e4bc0151e285d5/arn:aws:iam::aws:policy/AmazonVPCFullAccess"
                },
                "aws_iam_role_policy_attachment_tfer--AWSReservedSSO_network-engineering_40e4bc0151e285d5_CloudWatchReadOnlyAccess_id": {
                    "sensitive": false,
                    "type": "string",
                    "value": "AWSReservedSSO_network-engineering_40e4bc0151e285d5/arn:aws:iam::aws:policy/CloudWatchReadOnlyAccess"
                },
                "aws_iam_role_policy_attachment_tfer--AWSServiceRoleForAPIGateway_APIGatewayServiceRolePolicy_id": {
                    "sensitive": false,
                    "type": "string",
                    "value": "AWSServiceRoleForAPIGateway/arn:aws:iam::aws:policy/aws-service-role/APIGatewayServiceRolePolicy"
                },
                "aws_iam_role_policy_attachment_tfer--AWSServiceRoleForAmazonEKSNodegroup_AWSServiceRoleForAmazonEKSNodegroup_id": {
                    "sensitive": false,
                    "type": "string",
                    "value": "AWSServiceRoleForAmazonEKSNodegroup/arn:aws:iam::aws:policy/aws-service-role/AWSServiceRoleForAmazonEKSNodegroup"
                },
                "aws_iam_role_policy_attachment_tfer--AWSServiceRoleForAmazonEKS_AmazonEKSServiceRolePolicy_id": {
                    "sensitive": false,
                    "type": "string",
                    "value": "AWSServiceRoleForAmazonEKS/arn:aws:iam::aws:policy/aws-service-role/AmazonEKSServiceRolePolicy"
                },
                "aws_iam_role_policy_attachment_tfer--AWSServiceRoleForAmazonElasticFileSystem_AmazonElasticFileSystemServiceRolePolicy_id": {
                    "sensitive": false,
                    "type": "string",
                    "value": "AWSServiceRoleForAmazonElasticFileSystem/arn:aws:iam::aws:policy/aws-service-role/AmazonElasticFileSystemServiceRolePolicy"
                },
                "aws_iam_role_policy_attachment_tfer--AWSServiceRoleForAmazonElasticsearchService_AmazonElasticsearchServiceRolePolicy_id": {
                    "sensitive": false,
                    "type": "string",
                    "value": "AWSServiceRoleForAmazonElasticsearchService/arn:aws:iam::aws:policy/aws-service-role/AmazonElasticsearchServiceRolePolicy"
                },
                "aws_iam_role_policy_attachment_tfer--AWSServiceRoleForAmazonOpenSearchService_AmazonOpenSearchServiceRolePolicy_id": {
                    "sensitive": false,
                    "type": "string",
                    "value": "AWSServiceRoleForAmazonOpenSearchService/arn:aws:iam::aws:policy/aws-service-role/AmazonOpenSearchServiceRolePolicy"
                },
                "aws_iam_role_policy_attachment_tfer--AWSServiceRoleForAmazonSSM_AmazonSSMServiceRolePolicy_id": {
                    "sensitive": false,
                    "type": "string",
                    "value": "AWSServiceRoleForAmazonSSM/arn:aws:iam::aws:policy/aws-service-role/AmazonSSMServiceRolePolicy"
                },
                "aws_iam_role_policy_attachment_tfer--AWSServiceRoleForApplicationAutoScaling_ECSService_AWSApplicationAutoscalingECSServicePolicy_id": {
                    "sensitive": false,
                    "type": "string",
                    "value": "AWSServiceRoleForApplicationAutoScaling_ECSService/arn:aws:iam::aws:policy/aws-service-role/AWSApplicationAutoscalingECSServicePolicy"
                },
                "aws_iam_role_policy_attachment_tfer--AWSServiceRoleForAutoScaling_AutoScalingServiceRolePolicy_id": {
                    "sensitive": false,
                    "type": "string",
                    "value": "AWSServiceRoleForAutoScaling/arn:aws:iam::aws:policy/aws-service-role/AutoScalingServiceRolePolicy"
                },
                "aws_iam_role_policy_attachment_tfer--AWSServiceRoleForBackup_AWSBackupServiceLinkedRolePolicyForBackup_id": {
                    "sensitive": false,
                    "type": "string",
                    "value": "AWSServiceRoleForBackup/arn:aws:iam::aws:policy/aws-service-role/AWSBackupServiceLinkedRolePolicyForBackup"
                },
                "aws_iam_role_policy_attachment_tfer--AWSServiceRoleForCloudFrontLogger_AWSCloudFrontLogger_id": {
                    "sensitive": false,
                    "type": "string",
                    "value": "AWSServiceRoleForCloudFrontLogger/arn:aws:iam::aws:policy/aws-service-role/AWSCloudFrontLogger"
                },
                "aws_iam_role_policy_attachment_tfer--AWSServiceRoleForCloudTrail_CloudTrailServiceRolePolicy_id": {
                    "sensitive": false,
                    "type": "string",
                    "value": "AWSServiceRoleForCloudTrail/arn:aws:iam::aws:policy/aws-service-role/CloudTrailServiceRolePolicy"
                },
                "aws_iam_role_policy_attachment_tfer--AWSServiceRoleForECS_AmazonECSServiceRolePolicy_id": {
                    "sensitive": false,
                    "type": "string",
                    "value": "AWSServiceRoleForECS/arn:aws:iam::aws:policy/aws-service-role/AmazonECSServiceRolePolicy"
                },
                "aws_iam_role_policy_attachment_tfer--AWSServiceRoleForEMRCleanup_AmazonEMRCleanupPolicy_id": {
                    "sensitive": false,
                    "type": "string",
                    "value": "AWSServiceRoleForEMRCleanup/arn:aws:iam::aws:policy/aws-service-role/AmazonEMRCleanupPolicy"
                },
                "aws_iam_role_policy_attachment_tfer--AWSServiceRoleForElastiCache_ElastiCacheServiceRolePolicy_id": {
                    "sensitive": false,
                    "type": "string",
                    "value": "AWSServiceRoleForElastiCache/arn:aws:iam::aws:policy/aws-service-role/ElastiCacheServiceRolePolicy"
                },
                "aws_iam_role_policy_attachment_tfer--AWSServiceRoleForElasticBeanstalk_AWSElasticBeanstalkServiceRolePolicy_id": {
                    "sensitive": false,
                    "type": "string",
                    "value": "AWSServiceRoleForElasticBeanstalk/arn:aws:iam::aws:policy/aws-service-role/AWSElasticBeanstalkServiceRolePolicy"
                },
                "aws_iam_role_policy_attachment_tfer--AWSServiceRoleForElasticLoadBalancing_AWSElasticLoadBalancingServiceRolePolicy_id": {
                    "sensitive": false,
                    "type": "string",
                    "value": "AWSServiceRoleForElasticLoadBalancing/arn:aws:iam::aws:policy/aws-service-role/AWSElasticLoadBalancingServiceRolePolicy"
                },
                "aws_iam_role_policy_attachment_tfer--AWSServiceRoleForGlobalAccelerator_AWSGlobalAcceleratorSLRPolicy_id": {
                    "sensitive": false,
                    "type": "string",
                    "value": "AWSServiceRoleForGlobalAccelerator/arn:aws:iam::aws:policy/aws-service-role/AWSGlobalAcceleratorSLRPolicy"
                },
                "aws_iam_role_policy_attachment_tfer--AWSServiceRoleForOrganizations_AWSOrganizationsServiceTrustPolicy_id": {
                    "sensitive": false,
                    "type": "string",
                    "value": "AWSServiceRoleForOrganizations/arn:aws:iam::aws:policy/aws-service-role/AWSOrganizationsServiceTrustPolicy"
                },
                "aws_iam_role_policy_attachment_tfer--AWSServiceRoleForRDS_AmazonRDSServiceRolePolicy_id": {
                    "sensitive": false,
                    "type": "string",
                    "value": "AWSServiceRoleForRDS/arn:aws:iam::aws:policy/aws-service-role/AmazonRDSServiceRolePolicy"
                },
                "aws_iam_role_policy_attachment_tfer--AWSServiceRoleForRedshift_AmazonRedshiftServiceLinkedRolePolicy_id": {
                    "sensitive": false,
                    "type": "string",
                    "value": "AWSServiceRoleForRedshift/arn:aws:iam::aws:policy/aws-service-role/AmazonRedshiftServiceLinkedRolePolicy"
                },
                "aws_iam_role_policy_attachment_tfer--AWSServiceRoleForSSO_AWSSSOServiceRolePolicy_id": {
                    "sensitive": false,
                    "type": "string",
                    "value": "AWSServiceRoleForSSO/arn:aws:iam::aws:policy/aws-service-role/AWSSSOServiceRolePolicy"
                },
                "aws_iam_role_policy_attachment_tfer--AWSServiceRoleForServiceQuotas_ServiceQuotasServiceRolePolicy_id": {
                    "sensitive": false,
                    "type": "string",
                    "value": "AWSServiceRoleForServiceQuotas/arn:aws:iam::aws:policy/aws-service-role/ServiceQuotasServiceRolePolicy"
                },
                "aws_iam_role_policy_attachment_tfer--AWSServiceRoleForSupport_AWSSupportServiceRolePolicy_id": {
                    "sensitive": false,
                    "type": "string",
                    "value": "AWSServiceRoleForSupport/arn:aws:iam::aws:policy/aws-service-role/AWSSupportServiceRolePolicy"
                },
                "aws_iam_role_policy_attachment_tfer--AWSServiceRoleForTrustedAdvisor_AWSTrustedAdvisorServiceRolePolicy_id": {
                    "sensitive": false,
                    "type": "string",
                    "value": "AWSServiceRoleForTrustedAdvisor/arn:aws:iam::aws:policy/aws-service-role/AWSTrustedAdvisorServiceRolePolicy"
                },
                "aws_iam_role_policy_attachment_tfer--Arclight-Cache-Clearer_ArclightConfigsS3ReadOnly_id": {
                    "sensitive": false,
                    "type": "string",
                    "value": "Arclight-Cache-Clearer/arn:aws:iam::894231352815:policy/ArclightConfigsS3ReadOnly"
                },
                "aws_iam_role_policy_attachment_tfer--Arclight-Cache-Clearer_ArclightDescribeResources_id": {
                    "sensitive": false,
                    "type": "string",
                    "value": "Arclight-Cache-Clearer/arn:aws:iam::894231352815:policy/ArclightDescribeResources"
                },
                "aws_iam_role_policy_attachment_tfer--Arclight-Cache-Clearer_AutoScalingReadOnlyAccess_id": {
                    "sensitive": false,
                    "type": "string",
                    "value": "Arclight-Cache-Clearer/arn:aws:iam::aws:policy/AutoScalingReadOnlyAccess"
                },
                "aws_iam_role_policy_attachment_tfer--Arclight-Config-Fetcher_AmazonKinesisFirehoseFullAccess_id": {
                    "sensitive": false,
                    "type": "string",
                    "value": "Arclight-Config-Fetcher/arn:aws:iam::aws:policy/AmazonKinesisFirehoseFullAccess"
                },
                "aws_iam_role_policy_attachment_tfer--Arclight-Config-Fetcher_AmazonKinesisFullAccess_id": {
                    "sensitive": false,
                    "type": "string",
                    "value": "Arclight-Config-Fetcher/arn:aws:iam::aws:policy/AmazonKinesisFullAccess"
                },
                "aws_iam_role_policy_attachment_tfer--Arclight-Config-Fetcher_ArclightConfigsS3ReadOnly_id": {
                    "sensitive": false,
                    "type": "string",
                    "value": "Arclight-Config-Fetcher/arn:aws:iam::894231352815:policy/ArclightConfigsS3ReadOnly"
                },
                "aws_iam_role_policy_attachment_tfer--Arclight-Config-Fetcher_ArclightDescribeResources_id": {
                    "sensitive": false,
                    "type": "string",
                    "value": "Arclight-Config-Fetcher/arn:aws:iam::894231352815:policy/ArclightDescribeResources"
                },
                "aws_iam_role_policy_attachment_tfer--ArclightCodeDeploy_AWSCodeDeployRole_id": {
                    "sensitive": false,
                    "type": "string",
                    "value": "ArclightCodeDeploy/arn:aws:iam::aws:policy/service-role/AWSCodeDeployRole"
                },
                "aws_iam_role_policy_attachment_tfer--BitbucketCodeDeployer_BitbucketCodeDeployToS3_id": {
                    "sensitive": false,
                    "type": "string",
                    "value": "BitbucketCodeDeployer/arn:aws:iam::894231352815:policy/BitbucketCodeDeployToS3"
                },
                "aws_iam_role_policy_attachment_tfer--DataPipelineDefaultResourceRole_AmazonEC2RoleforDataPipelineRole_id": {
                    "sensitive": false,
                    "type": "string",
                    "value": "DataPipelineDefaultResourceRole/arn:aws:iam::aws:policy/service-role/AmazonEC2RoleforDataPipelineRole"
                },
                "aws_iam_role_policy_attachment_tfer--DataPipelineDefaultRole_AWSDataPipelineRole_id": {
                    "sensitive": false,
                    "type": "string",
                    "value": "DataPipelineDefaultRole/arn:aws:iam::aws:policy/service-role/AWSDataPipelineRole"
                },
                "aws_iam_role_policy_attachment_tfer--EksAWSControl_AmazonEKSClusterPolicy_id": {
                    "sensitive": false,
                    "type": "string",
                    "value": "EksAWSControl/arn:aws:iam::aws:policy/AmazonEKSClusterPolicy"
                },
                "aws_iam_role_policy_attachment_tfer--IngestMe2Events_AmazonS3FullAccess_id": {
                    "sensitive": false,
                    "type": "string",
                    "value": "IngestMe2Events/arn:aws:iam::aws:policy/AmazonS3FullAccess"
                },
                "aws_iam_role_policy_attachment_tfer--IngestMe2Events_CloudWatchFullAccess_id": {
                    "sensitive": false,
                    "type": "string",
                    "value": "IngestMe2Events/arn:aws:iam::aws:policy/CloudWatchFullAccess"
                },
                "aws_iam_role_policy_attachment_tfer--JesusFilmCoreEKSWorkerNodeRole_AmazonEC2ContainerRegistryReadOnly_id": {
                    "sensitive": false,
                    "type": "string",
                    "value": "JesusFilmCoreEKSWorkerNodeRole/arn:aws:iam::aws:policy/AmazonEC2ContainerRegistryReadOnly"
                },
                "aws_iam_role_policy_attachment_tfer--JesusFilmCoreEKSWorkerNodeRole_AmazonEKSWorkerNodePolicy_id": {
                    "sensitive": false,
                    "type": "string",
                    "value": "JesusFilmCoreEKSWorkerNodeRole/arn:aws:iam::aws:policy/AmazonEKSWorkerNodePolicy"
                },
                "aws_iam_role_policy_attachment_tfer--JesusFilmCoreEKSWorkerNodeRole_AmazonEKS_CNI_Policy_id": {
                    "sensitive": false,
                    "type": "string",
                    "value": "JesusFilmCoreEKSWorkerNodeRole/arn:aws:iam::aws:policy/AmazonEKS_CNI_Policy"
                },
                "aws_iam_role_policy_attachment_tfer--JesusFilmCoreEKSWorkerNodeRole_AmazonSSMManagedInstanceCore_id": {
                    "sensitive": false,
                    "type": "string",
                    "value": "JesusFilmCoreEKSWorkerNodeRole/arn:aws:iam::aws:policy/AmazonSSMManagedInstanceCore"
                },
                "aws_iam_role_policy_attachment_tfer--JfmDnsProvider-role_AllowExternalDNSUpdates_id": {
                    "sensitive": false,
                    "type": "string",
                    "value": "JfmDnsProvider-role/arn:aws:iam::894231352815:policy/AllowExternalDNSUpdates"
                },
                "aws_iam_role_policy_attachment_tfer--JfmDnsProvider-role_AmazonEKSClusterPolicy_id": {
                    "sensitive": false,
                    "type": "string",
                    "value": "JfmDnsProvider-role/arn:aws:iam::aws:policy/AmazonEKSClusterPolicy"
                },
                "aws_iam_role_policy_attachment_tfer--JfmExternalDNS_AllowExternalDNSUpdates_id": {
                    "sensitive": false,
                    "type": "string",
                    "value": "JfmExternalDNS/arn:aws:iam::894231352815:policy/AllowExternalDNSUpdates"
                },
                "aws_iam_role_policy_attachment_tfer--JfmExternalDNS_AmazonEKSClusterPolicy_id": {
                    "sensitive": false,
                    "type": "string",
                    "value": "JfmExternalDNS/arn:aws:iam::aws:policy/AmazonEKSClusterPolicy"
                },
                "aws_iam_role_policy_attachment_tfer--NexusMediaComponentIngest-role-apxuuycg_AWSLambdaBasicExecutionRole-cf8927a7-eaaa-47b5-bdc0-7708c33c4877_id": {
                    "sensitive": false,
                    "type": "string",
                    "value": "NexusMediaComponentIngest-role-apxuuycg/arn:aws:iam::894231352815:policy/service-role/AWSLambdaBasicExecutionRole-cf8927a7-eaaa-47b5-bdc0-7708c33c4877"
                },
                "aws_iam_role_policy_attachment_tfer--OrganizationAccountAccessRole_AdministratorAccess_id": {
                    "sensitive": false,
                    "type": "string",
                    "value": "OrganizationAccountAccessRole/arn:aws:iam::aws:policy/AdministratorAccess"
                },
                "aws_iam_role_policy_attachment_tfer--api-gateway-log-writer_AmazonAPIGatewayPushToCloudWatchLogs_id": {
                    "sensitive": false,
                    "type": "string",
                    "value": "api-gateway-log-writer/arn:aws:iam::aws:policy/service-role/AmazonAPIGatewayPushToCloudWatchLogs"
                },
                "aws_iam_role_policy_attachment_tfer--api-journeys-dev-us-east-1-lambdaRole_AWSLambdaVPCAccessExecutionRole_id": {
                    "sensitive": false,
                    "type": "string",
                    "value": "api-journeys-dev-us-east-1-lambdaRole/arn:aws:iam::aws:policy/service-role/AWSLambdaVPCAccessExecutionRole"
                },
                "aws_iam_role_policy_attachment_tfer--api-journeys-prod-prod-us-east-1-lambdaRole_AWSLambdaVPCAccessExecutionRole_id": {
                    "sensitive": false,
                    "type": "string",
                    "value": "api-journeys-prod-prod-us-east-1-lambdaRole/arn:aws:iam::aws:policy/service-role/AWSLambdaVPCAccessExecutionRole"
                },
                "aws_iam_role_policy_attachment_tfer--api-journeys-prod-us-east-1-lambdaRole_AWSLambdaVPCAccessExecutionRole_id": {
                    "sensitive": false,
                    "type": "string",
                    "value": "api-journeys-prod-us-east-1-lambdaRole/arn:aws:iam::aws:policy/service-role/AWSLambdaVPCAccessExecutionRole"
                },
                "aws_iam_role_policy_attachment_tfer--api-journeys-stage-us-east-1-lambdaRole_AWSLambdaVPCAccessExecutionRole_id": {
                    "sensitive": false,
                    "type": "string",
                    "value": "api-journeys-stage-us-east-1-lambdaRole/arn:aws:iam::aws:policy/service-role/AWSLambdaVPCAccessExecutionRole"
                },
                "aws_iam_role_policy_attachment_tfer--api-media-dev-us-east-1-lambdaRole_AWSLambdaVPCAccessExecutionRole_id": {
                    "sensitive": false,
                    "type": "string",
                    "value": "api-media-dev-us-east-1-lambdaRole/arn:aws:iam::aws:policy/service-role/AWSLambdaVPCAccessExecutionRole"
                },
                "aws_iam_role_policy_attachment_tfer--api-media-dev-us-east-1-lambdaRole_AccessArkCoreBucketObjects_id": {
                    "sensitive": false,
                    "type": "string",
                    "value": "api-media-dev-us-east-1-lambdaRole/arn:aws:iam::894231352815:policy/AccessArkCoreBucketObjects"
                },
                "aws_iam_role_policy_attachment_tfer--api-media-stage-us-east-1-lambdaRole_AWSLambdaVPCAccessExecutionRole_id": {
                    "sensitive": false,
                    "type": "string",
                    "value": "api-media-stage-us-east-1-lambdaRole/arn:aws:iam::aws:policy/service-role/AWSLambdaVPCAccessExecutionRole"
                },
                "aws_iam_role_policy_attachment_tfer--api-media-stage-us-east-1-lambdaRole_AccessArkCoreBucketObjects_id": {
                    "sensitive": false,
                    "type": "string",
                    "value": "api-media-stage-us-east-1-lambdaRole/arn:aws:iam::894231352815:policy/AccessArkCoreBucketObjects"
                },
                "aws_iam_role_policy_attachment_tfer--appsync-ds-lam-3elgqd-wp-graphql-request_appsync-ds-lam-3elgqd-wp-graphql-request_id": {
                    "sensitive": false,
                    "type": "string",
                    "value": "appsync-ds-lam-3elgqd-wp-graphql-request/arn:aws:iam::894231352815:policy/service-role/appsync-ds-lam-3elgqd-wp-graphql-request"
                },
                "aws_iam_role_policy_attachment_tfer--appsync-graphqlapi-logs-us-west-2_appsync-graphqlapi-logs-us-west-2_id": {
                    "sensitive": false,
                    "type": "string",
                    "value": "appsync-graphqlapi-logs-us-west-2/arn:aws:iam::894231352815:policy/service-role/appsync-graphqlapi-logs-us-west-2"
                },
                "aws_iam_role_policy_attachment_tfer--arclight-apikey-authorize-role-yohbtjp8_AWSLambdaBasicExecutionRole-036eff25-465f-4bef-8136-da7954a08906_id": {
                    "sensitive": false,
                    "type": "string",
                    "value": "arclight-apikey-authorize-role-yohbtjp8/arn:aws:iam::894231352815:policy/service-role/AWSLambdaBasicExecutionRole-036eff25-465f-4bef-8136-da7954a08906"
                },
                "aws_iam_role_policy_attachment_tfer--arclight-outage-slack-role_AWSLambdaBasicExecutionRole-e5a128db-70f8-43ed-9fc9-d87628a50fef_id": {
                    "sensitive": false,
                    "type": "string",
                    "value": "arclight-outage-slack-role/arn:aws:iam::894231352815:policy/service-role/AWSLambdaBasicExecutionRole-e5a128db-70f8-43ed-9fc9-d87628a50fef"
                },
                "aws_iam_role_policy_attachment_tfer--arclight-outage-slack-role_AWSLambdaKMSExecutionRole-0af2c3fd-6a0a-46c0-9568-b1f194068eb9_id": {
                    "sensitive": false,
                    "type": "string",
                    "value": "arclight-outage-slack-role/arn:aws:iam::894231352815:policy/service-role/AWSLambdaKMSExecutionRole-0af2c3fd-6a0a-46c0-9568-b1f194068eb9"
                },
                "aws_iam_role_policy_attachment_tfer--aurora-s3-full-access_AmazonS3FullAccess_id": {
                    "sensitive": false,
                    "type": "string",
                    "value": "aurora-s3-full-access/arn:aws:iam::aws:policy/AmazonS3FullAccess"
                },
                "aws_iam_role_policy_attachment_tfer--aws-elasticbeanstalk-ec2-role_AWSElasticBeanstalkMulticontainerDocker_id": {
                    "sensitive": false,
                    "type": "string",
                    "value": "aws-elasticbeanstalk-ec2-role/arn:aws:iam::aws:policy/AWSElasticBeanstalkMulticontainerDocker"
                },
                "aws_iam_role_policy_attachment_tfer--aws-elasticbeanstalk-ec2-role_AWSElasticBeanstalkWebTier_id": {
                    "sensitive": false,
                    "type": "string",
                    "value": "aws-elasticbeanstalk-ec2-role/arn:aws:iam::aws:policy/AWSElasticBeanstalkWebTier"
                },
                "aws_iam_role_policy_attachment_tfer--aws-elasticbeanstalk-ec2-role_AWSElasticBeanstalkWorkerTier_id": {
                    "sensitive": false,
                    "type": "string",
                    "value": "aws-elasticbeanstalk-ec2-role/arn:aws:iam::aws:policy/AWSElasticBeanstalkWorkerTier"
                },
                "aws_iam_role_policy_attachment_tfer--aws-elasticbeanstalk-ec2-role_AmazonS3FullAccess_id": {
                    "sensitive": false,
                    "type": "string",
                    "value": "aws-elasticbeanstalk-ec2-role/arn:aws:iam::aws:policy/AmazonS3FullAccess"
                },
                "aws_iam_role_policy_attachment_tfer--aws-elasticbeanstalk-service-role_AWSElasticBeanstalkEnhancedHealth_id": {
                    "sensitive": false,
                    "type": "string",
                    "value": "aws-elasticbeanstalk-service-role/arn:aws:iam::aws:policy/service-role/AWSElasticBeanstalkEnhancedHealth"
                },
                "aws_iam_role_policy_attachment_tfer--aws-elasticbeanstalk-service-role_AWSElasticBeanstalkService_id": {
                    "sensitive": false,
                    "type": "string",
                    "value": "aws-elasticbeanstalk-service-role/arn:aws:iam::aws:policy/service-role/AWSElasticBeanstalkService"
                },
                "aws_iam_role_policy_attachment_tfer--aws-quicksight-service-role-v0_AWSQuickSightIAMPolicy_id": {
                    "sensitive": false,
                    "type": "string",
                    "value": "aws-quicksight-service-role-v0/arn:aws:iam::894231352815:policy/service-role/AWSQuickSightIAMPolicy"
                },
                "aws_iam_role_policy_attachment_tfer--aws-quicksight-service-role-v0_AWSQuickSightRDSPolicy_id": {
                    "sensitive": false,
                    "type": "string",
                    "value": "aws-quicksight-service-role-v0/arn:aws:iam::894231352815:policy/service-role/AWSQuickSightRDSPolicy"
                },
                "aws_iam_role_policy_attachment_tfer--aws-quicksight-service-role-v0_AWSQuickSightRedshiftPolicy_id": {
                    "sensitive": false,
                    "type": "string",
                    "value": "aws-quicksight-service-role-v0/arn:aws:iam::894231352815:policy/service-role/AWSQuickSightRedshiftPolicy"
                },
                "aws_iam_role_policy_attachment_tfer--codebuild-Arclight-QA-service-role_CodeBuildBasePolicy-Arclight-QA-us-east-1_id": {
                    "sensitive": false,
                    "type": "string",
                    "value": "codebuild-Arclight-QA-service-role/arn:aws:iam::894231352815:policy/service-role/CodeBuildBasePolicy-Arclight-QA-us-east-1"
                },
                "aws_iam_role_policy_attachment_tfer--codebuild-admin-preprod-service-role_CodeBuildBasePolicy-admin-preprod-us-east-1_id": {
                    "sensitive": false,
                    "type": "string",
                    "value": "codebuild-admin-preprod-service-role/arn:aws:iam::894231352815:policy/service-role/CodeBuildBasePolicy-admin-preprod-us-east-1"
                },
                "aws_iam_role_policy_attachment_tfer--codebuild-admin-prod-service-role_CodeBuildBasePolicy-admin-prod-us-east-1_id": {
                    "sensitive": false,
                    "type": "string",
                    "value": "codebuild-admin-prod-service-role/arn:aws:iam::894231352815:policy/service-role/CodeBuildBasePolicy-admin-prod-us-east-1"
                },
                "aws_iam_role_policy_attachment_tfer--codebuild-admin-qa-service-role_CodeBuildBasePolicy-admin-qa-us-east-1_id": {
                    "sensitive": false,
                    "type": "string",
                    "value": "codebuild-admin-qa-service-role/arn:aws:iam::894231352815:policy/service-role/CodeBuildBasePolicy-admin-qa-us-east-1"
                },
                "aws_iam_role_policy_attachment_tfer--codebuild-api-preprod-admin-service-role_CodeBuildBasePolicy-api-preprod-admin-us-east-1_id": {
                    "sensitive": false,
                    "type": "string",
                    "value": "codebuild-api-preprod-admin-service-role/arn:aws:iam::894231352815:policy/service-role/CodeBuildBasePolicy-api-preprod-admin-us-east-1"
                },
                "aws_iam_role_policy_attachment_tfer--codebuild-api-preprod-service-role_CodeBuildBasePolicy-api-preprod-us-east-1_id": {
                    "sensitive": false,
                    "type": "string",
                    "value": "codebuild-api-preprod-service-role/arn:aws:iam::894231352815:policy/service-role/CodeBuildBasePolicy-api-preprod-us-east-1"
                },
                "aws_iam_role_policy_attachment_tfer--codebuild-api-prod-admin-service-role_CodeBuildBasePolicy-api-prod-admin-us-east-1_id": {
                    "sensitive": false,
                    "type": "string",
                    "value": "codebuild-api-prod-admin-service-role/arn:aws:iam::894231352815:policy/service-role/CodeBuildBasePolicy-api-prod-admin-us-east-1"
                },
                "aws_iam_role_policy_attachment_tfer--codebuild-api-prod-service-role_CodeBuildBasePolicy-api-prod-us-east-1_id": {
                    "sensitive": false,
                    "type": "string",
                    "value": "codebuild-api-prod-service-role/arn:aws:iam::894231352815:policy/service-role/CodeBuildBasePolicy-api-prod-us-east-1"
                },
                "aws_iam_role_policy_attachment_tfer--codebuild-api-qa-servicerole_CodeBuildBasePolicy-api-qa-import-us-east-1_id": {
                    "sensitive": false,
                    "type": "string",
                    "value": "codebuild-api-qa-servicerole/arn:aws:iam::894231352815:policy/service-role/CodeBuildBasePolicy-api-qa-import-us-east-1"
                },
                "aws_iam_role_policy_attachment_tfer--codebuild-api-qa-servicerole_CodeBuildBasePolicy-api-qa-us-east-1_id": {
                    "sensitive": false,
                    "type": "string",
                    "value": "codebuild-api-qa-servicerole/arn:aws:iam::894231352815:policy/service-role/CodeBuildBasePolicy-api-qa-us-east-1"
                },
                "aws_iam_role_policy_attachment_tfer--codebuild-import-preprod-service-role_CodeBuildBasePolicy-import-preprod-us-east-1_id": {
                    "sensitive": false,
                    "type": "string",
                    "value": "codebuild-import-preprod-service-role/arn:aws:iam::894231352815:policy/service-role/CodeBuildBasePolicy-import-preprod-us-east-1"
                },
                "aws_iam_role_policy_attachment_tfer--codebuild-import-prod-service-role_CodeBuildBasePolicy-import-prod-us-east-1_id": {
                    "sensitive": false,
                    "type": "string",
                    "value": "codebuild-import-prod-service-role/arn:aws:iam::894231352815:policy/service-role/CodeBuildBasePolicy-import-prod-us-east-1"
                },
                "aws_iam_role_policy_attachment_tfer--codebuild-import-qa-service-role_CodeBuildBasePolicy-import-qa-us-east-1_id": {
                    "sensitive": false,
                    "type": "string",
                    "value": "codebuild-import-qa-service-role/arn:aws:iam::894231352815:policy/service-role/CodeBuildBasePolicy-import-qa-us-east-1"
                },
                "aws_iam_role_policy_attachment_tfer--core-apollo-gateway_core-apollo-gateway_id": {
                    "sensitive": false,
                    "type": "string",
                    "value": "core-apollo-gateway/arn:aws:iam::894231352815:policy/core-apollo-gateway"
                },
                "aws_iam_role_policy_attachment_tfer--cwe-role-us-east-1-arclight-api-qa_start-pipeline-execution-us-east-1-arclight-api-qa_id": {
                    "sensitive": false,
                    "type": "string",
                    "value": "cwe-role-us-east-1-arclight-api-qa/arn:aws:iam::894231352815:policy/service-role/start-pipeline-execution-us-east-1-arclight-api-qa"
                },
                "aws_iam_role_policy_attachment_tfer--datainsightsProcessFirstPartyYoutubeChannels-role-xhga0n88_AWSLambdaBasicExecutionRole-6d83a4c4-b877-4b62-9cb5-a630e787e5bb_id": {
                    "sensitive": false,
                    "type": "string",
                    "value": "datainsightsProcessFirstPartyYoutubeChannels-role-xhga0n88/arn:aws:iam::894231352815:policy/service-role/AWSLambdaBasicExecutionRole-6d83a4c4-b877-4b62-9cb5-a630e787e5bb"
                },
                "aws_iam_role_policy_attachment_tfer--ecsAutoscaleRole_AmazonEC2ContainerServiceAutoscaleRole_id": {
                    "sensitive": false,
                    "type": "string",
                    "value": "ecsAutoscaleRole/arn:aws:iam::aws:policy/service-role/AmazonEC2ContainerServiceAutoscaleRole"
                },
                "aws_iam_role_policy_attachment_tfer--ecsEventsRole_AmazonEC2ContainerServiceEventsRole_id": {
                    "sensitive": false,
                    "type": "string",
                    "value": "ecsEventsRole/arn:aws:iam::aws:policy/service-role/AmazonEC2ContainerServiceEventsRole"
                },
                "aws_iam_role_policy_attachment_tfer--ecsInstanceRole_AmazonEC2ContainerServiceforEC2Role_id": {
                    "sensitive": false,
                    "type": "string",
                    "value": "ecsInstanceRole/arn:aws:iam::aws:policy/service-role/AmazonEC2ContainerServiceforEC2Role"
                },
                "aws_iam_role_policy_attachment_tfer--ecsServiceRole_AmazonEC2ContainerServiceRole_id": {
                    "sensitive": false,
                    "type": "string",
                    "value": "ecsServiceRole/arn:aws:iam::aws:policy/service-role/AmazonEC2ContainerServiceRole"
                },
                "aws_iam_role_policy_attachment_tfer--ecsTaskExecutionRole_AmazonECSTaskExecutionRolePolicy_id": {
                    "sensitive": false,
                    "type": "string",
                    "value": "ecsTaskExecutionRole/arn:aws:iam::aws:policy/service-role/AmazonECSTaskExecutionRolePolicy"
                },
                "aws_iam_role_policy_attachment_tfer--eksctl-JesusFilm-core-addon-iamserviceaccoun-Role1-1MM58AN9NT754_AllowExternalDNSUpdates_id": {
                    "sensitive": false,
                    "type": "string",
                    "value": "eksctl-JesusFilm-core-addon-iamserviceaccoun-Role1-1MM58AN9NT754/arn:aws:iam::894231352815:policy/AllowExternalDNSUpdates"
                },
                "aws_iam_role_policy_attachment_tfer--es-media-components-role-wimvjjup_AWSLambdaBasicExecutionRole-d4fbe891-3a27-4670-a527-be33723b4dcc_id": {
                    "sensitive": false,
                    "type": "string",
                    "value": "es-media-components-role-wimvjjup/arn:aws:iam::894231352815:policy/service-role/AWSLambdaBasicExecutionRole-d4fbe891-3a27-4670-a527-be33723b4dcc"
                },
                "aws_iam_role_policy_attachment_tfer--lambda-bizrules-testing_AWSLambdaVPCAccessExecutionRole_id": {
                    "sensitive": false,
                    "type": "string",
                    "value": "lambda-bizrules-testing/arn:aws:iam::aws:policy/service-role/AWSLambdaVPCAccessExecutionRole"
                },
                "aws_iam_role_policy_attachment_tfer--lambda-bizrules-testing_AmazonSNSFullAccess_id": {
                    "sensitive": false,
                    "type": "string",
                    "value": "lambda-bizrules-testing/arn:aws:iam::aws:policy/AmazonSNSFullAccess"
                },
                "aws_iam_role_policy_attachment_tfer--lambda-bizrules-testing_AmazonSNSRole_id": {
                    "sensitive": false,
                    "type": "string",
                    "value": "lambda-bizrules-testing/arn:aws:iam::aws:policy/service-role/AmazonSNSRole"
                },
                "aws_iam_role_policy_attachment_tfer--lambda-bizrules-testing_lambda_to_sns_me2transcheck_id": {
                    "sensitive": false,
                    "type": "string",
                    "value": "lambda-bizrules-testing/arn:aws:iam::894231352815:policy/lambda_to_sns_me2transcheck"
                },
                "aws_iam_role_policy_attachment_tfer--lambda-kinesis-execution-role_AWSLambdaKinesisExecutionRole_id": {
                    "sensitive": false,
                    "type": "string",
                    "value": "lambda-kinesis-execution-role/arn:aws:iam::aws:policy/service-role/AWSLambdaKinesisExecutionRole"
                },
                "aws_iam_role_policy_attachment_tfer--lambda_basic_execution_AWSLambdaFullAccess_id": {
                    "sensitive": false,
                    "type": "string",
                    "value": "lambda_basic_execution/arn:aws:iam::aws:policy/AWSLambdaFullAccess"
                },
                "aws_iam_role_policy_attachment_tfer--lambda_basic_execution_AWSLambdaVPCAccessExecutionRole_id": {
                    "sensitive": false,
                    "type": "string",
                    "value": "lambda_basic_execution/arn:aws:iam::aws:policy/service-role/AWSLambdaVPCAccessExecutionRole"
                },
                "aws_iam_role_policy_attachment_tfer--lambda_basic_vpc_execution_AmazonSNSFullAccess_id": {
                    "sensitive": false,
                    "type": "string",
                    "value": "lambda_basic_vpc_execution/arn:aws:iam::aws:policy/AmazonSNSFullAccess"
                },
                "aws_iam_role_policy_attachment_tfer--lambda_basic_vpc_execution_lambda_to_sns_me2transcheck_id": {
                    "sensitive": false,
                    "type": "string",
                    "value": "lambda_basic_vpc_execution/arn:aws:iam::894231352815:policy/lambda_to_sns_me2transcheck"
                },
                "aws_iam_role_policy_attachment_tfer--lambda_plumber_role_AmazonDynamoDBFullAccess_id": {
                    "sensitive": false,
                    "type": "string",
                    "value": "lambda_plumber_role/arn:aws:iam::aws:policy/AmazonDynamoDBFullAccess"
                },
                "aws_iam_role_policy_attachment_tfer--lambda_plumber_role_AmazonKinesisFullAccess_id": {
                    "sensitive": false,
                    "type": "string",
                    "value": "lambda_plumber_role/arn:aws:iam::aws:policy/AmazonKinesisFullAccess"
                },
                "aws_iam_role_policy_attachment_tfer--lambda_refresh_api_keys_role_AWSLambdaFullAccess_id": {
                    "sensitive": false,
                    "type": "string",
                    "value": "lambda_refresh_api_keys_role/arn:aws:iam::aws:policy/AWSLambdaFullAccess"
                },
                "aws_iam_role_policy_attachment_tfer--lambda_refresh_api_keys_role_AmazonSNSFullAccess_id": {
                    "sensitive": false,
                    "type": "string",
                    "value": "lambda_refresh_api_keys_role/arn:aws:iam::aws:policy/AmazonSNSFullAccess"
                },
                "aws_iam_role_policy_attachment_tfer--lambda_tim_005_AWSLambdaExecute_id": {
                    "sensitive": false,
                    "type": "string",
                    "value": "lambda_tim_005/arn:aws:iam::aws:policy/AWSLambdaExecute"
                },
                "aws_iam_role_policy_attachment_tfer--lambda_tim_005_AWSLambdaRole_id": {
                    "sensitive": false,
                    "type": "string",
                    "value": "lambda_tim_005/arn:aws:iam::aws:policy/service-role/AWSLambdaRole"
                },
                "aws_iam_role_policy_attachment_tfer--me2-ingest-role_AWSLambdaBasicExecutionRole-55127d15-5bf9-429a-9ea4-b8809b0766a2_id": {
                    "sensitive": false,
                    "type": "string",
                    "value": "me2-ingest-role/arn:aws:iam::894231352815:policy/service-role/AWSLambdaBasicExecutionRole-55127d15-5bf9-429a-9ea4-b8809b0766a2"
                },
                "aws_iam_role_policy_attachment_tfer--me2-ingest-role_AmazonKinesisFirehoseFullAccess_id": {
                    "sensitive": false,
                    "type": "string",
                    "value": "me2-ingest-role/arn:aws:iam::aws:policy/AmazonKinesisFirehoseFullAccess"
                },
                "aws_iam_role_policy_attachment_tfer--rds-monitoring-role_AmazonRDSEnhancedMonitoringRole_id": {
                    "sensitive": false,
                    "type": "string",
                    "value": "rds-monitoring-role/arn:aws:iam::aws:policy/service-role/AmazonRDSEnhancedMonitoringRole"
                },
                "aws_iam_role_policy_attachment_tfer--testFunFun-role-yvq06kzv_AWSLambdaBasicExecutionRole-0222a08b-9a31-4607-a110-9f61b66211da_id": {
                    "sensitive": false,
                    "type": "string",
                    "value": "testFunFun-role-yvq06kzv/arn:aws:iam::894231352815:policy/service-role/AWSLambdaBasicExecutionRole-0222a08b-9a31-4607-a110-9f61b66211da"
                },
                "aws_iam_role_policy_attachment_tfer--wp-graphql-request-role-07aktf4v_AWSLambdaBasicExecutionRole-6e60b8f9-2dd0-4e7d-bed3-cf50af182f8b_id": {
                    "sensitive": false,
                    "type": "string",
                    "value": "wp-graphql-request-role-07aktf4v/arn:aws:iam::894231352815:policy/service-role/AWSLambdaBasicExecutionRole-6e60b8f9-2dd0-4e7d-bed3-cf50af182f8b"
                },
                "aws_iam_role_policy_tfer--AWSReservedSSO_devops-engineering_41bbd67f6714fe63_AwsSSOInlinePolicy_id": {
                    "sensitive": false,
                    "type": "string",
                    "value": "AWSReservedSSO_devops-engineering_41bbd67f6714fe63:AwsSSOInlinePolicy"
                },
                "aws_iam_role_policy_tfer--AWSReservedSSO_google-migrations-admin_7282bdac0a32df41_AwsSSOInlinePolicy_id": {
                    "sensitive": false,
                    "type": "string",
                    "value": "AWSReservedSSO_google-migrations-admin_7282bdac0a32df41:AwsSSOInlinePolicy"
                },
                "aws_iam_role_policy_tfer--AWSReservedSSO_network-engineering_40e4bc0151e285d5_AwsSSOInlinePolicy_id": {
                    "sensitive": false,
                    "type": "string",
                    "value": "AWSReservedSSO_network-engineering_40e4bc0151e285d5:AwsSSOInlinePolicy"
                },
                "aws_iam_role_policy_tfer--AWSReservedSSO_pritunl-admin_b7f20d56937aa70a_AwsSSOInlinePolicy_id": {
                    "sensitive": false,
                    "type": "string",
                    "value": "AWSReservedSSO_pritunl-admin_b7f20d56937aa70a:AwsSSOInlinePolicy"
                },
                "aws_iam_role_policy_tfer--EMR_DefaultRole_EMR_DefaultRole_id": {
                    "sensitive": false,
                    "type": "string",
                    "value": "EMR_DefaultRole:EMR_DefaultRole"
                },
                "aws_iam_role_policy_tfer--EMR_EC2_DefaultRole_EMR_EC2_DefaultRole_id": {
                    "sensitive": false,
                    "type": "string",
                    "value": "EMR_EC2_DefaultRole:EMR_EC2_DefaultRole"
                },
                "aws_iam_role_policy_tfer--Elastic_Transcoder_Default_Role_ets-console-generated-policy_id": {
                    "sensitive": false,
                    "type": "string",
                    "value": "Elastic_Transcoder_Default_Role:ets-console-generated-policy"
                },
                "aws_iam_role_policy_tfer--api-example-2-dev-us-east-1-lambdaRole_api-example-2-dev-lambda_id": {
                    "sensitive": false,
                    "type": "string",
                    "value": "api-example-2-dev-us-east-1-lambdaRole:api-example-2-dev-lambda"
                },
                "aws_iam_role_policy_tfer--api-example-dev-us-east-1-lambdaRole_api-example-dev-lambda_id": {
                    "sensitive": false,
                    "type": "string",
                    "value": "api-example-dev-us-east-1-lambdaRole:api-example-dev-lambda"
                },
                "aws_iam_role_policy_tfer--api-journeys-dev-us-east-1-lambdaRole_api-journeys-dev-lambda_id": {
                    "sensitive": false,
                    "type": "string",
                    "value": "api-journeys-dev-us-east-1-lambdaRole:api-journeys-dev-lambda"
                },
                "aws_iam_role_policy_tfer--api-journeys-prod-prod-us-east-1-lambdaRole_api-journeys-prod-prod-lambda_id": {
                    "sensitive": false,
                    "type": "string",
                    "value": "api-journeys-prod-prod-us-east-1-lambdaRole:api-journeys-prod-prod-lambda"
                },
                "aws_iam_role_policy_tfer--api-journeys-prod-us-east-1-lambdaRole_api-journeys-prod-lambda_id": {
                    "sensitive": false,
                    "type": "string",
                    "value": "api-journeys-prod-us-east-1-lambdaRole:api-journeys-prod-lambda"
                },
                "aws_iam_role_policy_tfer--api-journeys-stage-us-east-1-lambdaRole_api-journeys-stage-lambda_id": {
                    "sensitive": false,
                    "type": "string",
                    "value": "api-journeys-stage-us-east-1-lambdaRole:api-journeys-stage-lambda"
                },
                "aws_iam_role_policy_tfer--api-media-dev-us-east-1-lambdaRole_access-ark-core-bucket_id": {
                    "sensitive": false,
                    "type": "string",
                    "value": "api-media-dev-us-east-1-lambdaRole:access-ark-core-bucket"
                },
                "aws_iam_role_policy_tfer--api-media-dev-us-east-1-lambdaRole_api-media-dev-lambda_id": {
                    "sensitive": false,
                    "type": "string",
                    "value": "api-media-dev-us-east-1-lambdaRole:api-media-dev-lambda"
                },
                "aws_iam_role_policy_tfer--api-media-stage-us-east-1-lambdaRole_AccessArkMediaS3_id": {
                    "sensitive": false,
                    "type": "string",
                    "value": "api-media-stage-us-east-1-lambdaRole:AccessArkMediaS3"
                },
                "aws_iam_role_policy_tfer--api-media-stage-us-east-1-lambdaRole_api-media-stage-lambda_id": {
                    "sensitive": false,
                    "type": "string",
                    "value": "api-media-stage-us-east-1-lambdaRole:api-media-stage-lambda"
                },
                "aws_iam_role_policy_tfer--api-test-dev-us-east-1-lambdaRole_api-test-dev-lambda_id": {
                    "sensitive": false,
                    "type": "string",
                    "value": "api-test-dev-us-east-1-lambdaRole:api-test-dev-lambda"
                },
                "aws_iam_role_policy_tfer--api-test1-dev-us-east-1-lambdaRole_api-test1-dev-lambda_id": {
                    "sensitive": false,
                    "type": "string",
                    "value": "api-test1-dev-us-east-1-lambdaRole:api-test1-dev-lambda"
                },
                "aws_iam_role_policy_tfer--couchbase_firehose_delivery_role_couchbase_firehose_delivery_policy_id": {
                    "sensitive": false,
                    "type": "string",
                    "value": "couchbase_firehose_delivery_role:couchbase_firehose_delivery_policy"
                },
                "aws_iam_role_policy_tfer--firehose_delivery_role_oneClick_firehose_delivery_role_1461869011040_id": {
                    "sensitive": false,
                    "type": "string",
                    "value": "firehose_delivery_role:oneClick_firehose_delivery_role_1461869011040"
                },
                "aws_iam_role_policy_tfer--firehose_delivery_role_oneClick_firehose_delivery_role_1467752139775_id": {
                    "sensitive": false,
                    "type": "string",
                    "value": "firehose_delivery_role:oneClick_firehose_delivery_role_1467752139775"
                },
                "aws_iam_role_policy_tfer--firehose_delivery_role_oneClick_firehose_delivery_role_1469827607528_id": {
                    "sensitive": false,
                    "type": "string",
                    "value": "firehose_delivery_role:oneClick_firehose_delivery_role_1469827607528"
                },
                "aws_iam_role_policy_tfer--firehose_delivery_role_oneClick_firehose_delivery_role_1469827923540_id": {
                    "sensitive": false,
                    "type": "string",
                    "value": "firehose_delivery_role:oneClick_firehose_delivery_role_1469827923540"
                },
                "aws_iam_role_policy_tfer--firehose_delivery_role_oneClick_firehose_delivery_role_1469828041591_id": {
                    "sensitive": false,
                    "type": "string",
                    "value": "firehose_delivery_role:oneClick_firehose_delivery_role_1469828041591"
                },
                "aws_iam_role_policy_tfer--firehose_delivery_role_oneClick_firehose_delivery_role_1469828125493_id": {
                    "sensitive": false,
                    "type": "string",
                    "value": "firehose_delivery_role:oneClick_firehose_delivery_role_1469828125493"
                },
                "aws_iam_role_policy_tfer--firehose_delivery_role_oneClick_firehose_delivery_role_1469828219712_id": {
                    "sensitive": false,
                    "type": "string",
                    "value": "firehose_delivery_role:oneClick_firehose_delivery_role_1469828219712"
                },
                "aws_iam_role_policy_tfer--firehose_delivery_role_oneClick_firehose_delivery_role_1469828316595_id": {
                    "sensitive": false,
                    "type": "string",
                    "value": "firehose_delivery_role:oneClick_firehose_delivery_role_1469828316595"
                },
                "aws_iam_role_policy_tfer--lambda_basic_execution_oneClick_lambda_basic_execution_1464814276130_id": {
                    "sensitive": false,
                    "type": "string",
                    "value": "lambda_basic_execution:oneClick_lambda_basic_execution_1464814276130"
                },
                "aws_iam_role_policy_tfer--lambda_basic_execution_oneClick_lambda_basic_execution_1466875087844_id": {
                    "sensitive": false,
                    "type": "string",
                    "value": "lambda_basic_execution:oneClick_lambda_basic_execution_1466875087844"
                },
                "aws_iam_role_policy_tfer--lambda_basic_execution_oneClick_lambda_basic_execution_1467668823983_id": {
                    "sensitive": false,
                    "type": "string",
                    "value": "lambda_basic_execution:oneClick_lambda_basic_execution_1467668823983"
                },
                "aws_iam_role_policy_tfer--lambda_basic_execution_oneClick_lambda_basic_execution_1467818312602_id": {
                    "sensitive": false,
                    "type": "string",
                    "value": "lambda_basic_execution:oneClick_lambda_basic_execution_1467818312602"
                },
                "aws_iam_role_policy_tfer--lambda_basic_vpc_execution_oneClick_lambda_basic_vpc_execution_1465485162643_id": {
                    "sensitive": false,
                    "type": "string",
                    "value": "lambda_basic_vpc_execution:oneClick_lambda_basic_vpc_execution_1465485162643"
                },
                "aws_iam_role_policy_tfer--lambda_plumber_role_oneClick_lambda_basic_execution_1467819001540_id": {
                    "sensitive": false,
                    "type": "string",
                    "value": "lambda_plumber_role:oneClick_lambda_basic_execution_1467819001540"
                },
                "aws_iam_role_policy_tfer--lambda_plumber_role_oneClick_lambda_plumber_role_1467819208256_id": {
                    "sensitive": false,
                    "type": "string",
                    "value": "lambda_plumber_role:oneClick_lambda_plumber_role_1467819208256"
                },
                "aws_iam_role_policy_tfer--sean-dev-us-east-1-lambdaRole_sean-dev-lambda_id": {
                    "sensitive": false,
                    "type": "string",
                    "value": "sean-dev-us-east-1-lambdaRole:sean-dev-lambda"
                },
                "aws_iam_role_policy_tfer--test-bogus-totally-bogus-dev-us-east-1-lambdaRole_test-bogus-totally-bogus-dev-lambda_id": {
                    "sensitive": false,
                    "type": "string",
                    "value": "test-bogus-totally-bogus-dev-us-east-1-lambdaRole:test-bogus-totally-bogus-dev-lambda"
                },
                "aws_iam_role_policy_tfer--test-dev-us-east-1-lambdaRole_test-dev-lambda_id": {
                    "sensitive": false,
                    "type": "string",
                    "value": "test-dev-us-east-1-lambdaRole:test-dev-lambda"
                },
                "aws_iam_role_tfer--AWSCodePipelineServiceRole-us-east-1-admin-preprod_id": {
                    "sensitive": false,
                    "type": "string",
                    "value": "AWSCodePipelineServiceRole-us-east-1-admin-preprod"
                },
                "aws_iam_role_tfer--AWSCodePipelineServiceRole-us-east-1-admin-prod_id": {
                    "sensitive": false,
                    "type": "string",
                    "value": "AWSCodePipelineServiceRole-us-east-1-admin-prod"
                },
                "aws_iam_role_tfer--AWSCodePipelineServiceRole-us-east-1-admin-qa_id": {
                    "sensitive": false,
                    "type": "string",
                    "value": "AWSCodePipelineServiceRole-us-east-1-admin-qa"
                },
                "aws_iam_role_tfer--AWSCodePipelineServiceRole-us-east-1-api-preprod-admin_id": {
                    "sensitive": false,
                    "type": "string",
                    "value": "AWSCodePipelineServiceRole-us-east-1-api-preprod-admin"
                },
                "aws_iam_role_tfer--AWSCodePipelineServiceRole-us-east-1-api-preprod_id": {
                    "sensitive": false,
                    "type": "string",
                    "value": "AWSCodePipelineServiceRole-us-east-1-api-preprod"
                },
                "aws_iam_role_tfer--AWSCodePipelineServiceRole-us-east-1-api-prod-admin_id": {
                    "sensitive": false,
                    "type": "string",
                    "value": "AWSCodePipelineServiceRole-us-east-1-api-prod-admin"
                },
                "aws_iam_role_tfer--AWSCodePipelineServiceRole-us-east-1-api-prod_id": {
                    "sensitive": false,
                    "type": "string",
                    "value": "AWSCodePipelineServiceRole-us-east-1-api-prod"
                },
                "aws_iam_role_tfer--AWSCodePipelineServiceRole-us-east-1-api-qa_id": {
                    "sensitive": false,
                    "type": "string",
                    "value": "AWSCodePipelineServiceRole-us-east-1-api-qa"
                },
                "aws_iam_role_tfer--AWSCodePipelineServiceRole-us-east-1-arclight-api-qa_id": {
                    "sensitive": false,
                    "type": "string",
                    "value": "AWSCodePipelineServiceRole-us-east-1-arclight-api-qa"
                },
                "aws_iam_role_tfer--AWSCodePipelineServiceRole-us-east-1-import-preprod_id": {
                    "sensitive": false,
                    "type": "string",
                    "value": "AWSCodePipelineServiceRole-us-east-1-import-preprod"
                },
                "aws_iam_role_tfer--AWSCodePipelineServiceRole-us-east-1-import-prod_id": {
                    "sensitive": false,
                    "type": "string",
                    "value": "AWSCodePipelineServiceRole-us-east-1-import-prod"
                },
                "aws_iam_role_tfer--AWSCodePipelineServiceRole-us-east-1-import-qa_id": {
                    "sensitive": false,
                    "type": "string",
                    "value": "AWSCodePipelineServiceRole-us-east-1-import-qa"
                },
                "aws_iam_role_tfer--AWSGlueServiceRole-Arclight-RDS-prod_id": {
                    "sensitive": false,
                    "type": "string",
                    "value": "AWSGlueServiceRole-Arclight-RDS-prod"
                },
                "aws_iam_role_tfer--AWSGlueServiceRole-JFP-DW-Prod-play_id": {
                    "sensitive": false,
                    "type": "string",
                    "value": "AWSGlueServiceRole-JFP-DW-Prod-play"
                },
                "aws_iam_role_tfer--AWSReservedSSO_devops-engineering_41bbd67f6714fe63_id": {
                    "sensitive": false,
                    "type": "string",
                    "value": "AWSReservedSSO_devops-engineering_41bbd67f6714fe63"
                },
                "aws_iam_role_tfer--AWSReservedSSO_google-migrations-admin_7282bdac0a32df41_id": {
                    "sensitive": false,
                    "type": "string",
                    "value": "AWSReservedSSO_google-migrations-admin_7282bdac0a32df41"
                },
                "aws_iam_role_tfer--AWSReservedSSO_network-engineering_40e4bc0151e285d5_id": {
                    "sensitive": false,
                    "type": "string",
                    "value": "AWSReservedSSO_network-engineering_40e4bc0151e285d5"
                },
                "aws_iam_role_tfer--AWSReservedSSO_pritunl-admin_b7f20d56937aa70a_id": {
                    "sensitive": false,
                    "type": "string",
                    "value": "AWSReservedSSO_pritunl-admin_b7f20d56937aa70a"
                },
                "aws_iam_role_tfer--AWSServiceRoleForAPIGateway_id": {
                    "sensitive": false,
                    "type": "string",
                    "value": "AWSServiceRoleForAPIGateway"
                },
                "aws_iam_role_tfer--AWSServiceRoleForAmazonEKSNodegroup_id": {
                    "sensitive": false,
                    "type": "string",
                    "value": "AWSServiceRoleForAmazonEKSNodegroup"
                },
                "aws_iam_role_tfer--AWSServiceRoleForAmazonEKS_id": {
                    "sensitive": false,
                    "type": "string",
                    "value": "AWSServiceRoleForAmazonEKS"
                },
                "aws_iam_role_tfer--AWSServiceRoleForAmazonElasticFileSystem_id": {
                    "sensitive": false,
                    "type": "string",
                    "value": "AWSServiceRoleForAmazonElasticFileSystem"
                },
                "aws_iam_role_tfer--AWSServiceRoleForAmazonElasticsearchService_id": {
                    "sensitive": false,
                    "type": "string",
                    "value": "AWSServiceRoleForAmazonElasticsearchService"
                },
                "aws_iam_role_tfer--AWSServiceRoleForAmazonOpenSearchService_id": {
                    "sensitive": false,
                    "type": "string",
                    "value": "AWSServiceRoleForAmazonOpenSearchService"
                },
                "aws_iam_role_tfer--AWSServiceRoleForAmazonSSM_id": {
                    "sensitive": false,
                    "type": "string",
                    "value": "AWSServiceRoleForAmazonSSM"
                },
                "aws_iam_role_tfer--AWSServiceRoleForApplicationAutoScaling_ECSService_id": {
                    "sensitive": false,
                    "type": "string",
                    "value": "AWSServiceRoleForApplicationAutoScaling_ECSService"
                },
                "aws_iam_role_tfer--AWSServiceRoleForAutoScaling_id": {
                    "sensitive": false,
                    "type": "string",
                    "value": "AWSServiceRoleForAutoScaling"
                },
                "aws_iam_role_tfer--AWSServiceRoleForBackup_id": {
                    "sensitive": false,
                    "type": "string",
                    "value": "AWSServiceRoleForBackup"
                },
                "aws_iam_role_tfer--AWSServiceRoleForCloudFrontLogger_id": {
                    "sensitive": false,
                    "type": "string",
                    "value": "AWSServiceRoleForCloudFrontLogger"
                },
                "aws_iam_role_tfer--AWSServiceRoleForCloudTrail_id": {
                    "sensitive": false,
                    "type": "string",
                    "value": "AWSServiceRoleForCloudTrail"
                },
                "aws_iam_role_tfer--AWSServiceRoleForECS_id": {
                    "sensitive": false,
                    "type": "string",
                    "value": "AWSServiceRoleForECS"
                },
                "aws_iam_role_tfer--AWSServiceRoleForEMRCleanup_id": {
                    "sensitive": false,
                    "type": "string",
                    "value": "AWSServiceRoleForEMRCleanup"
                },
                "aws_iam_role_tfer--AWSServiceRoleForElastiCache_id": {
                    "sensitive": false,
                    "type": "string",
                    "value": "AWSServiceRoleForElastiCache"
                },
                "aws_iam_role_tfer--AWSServiceRoleForElasticBeanstalk_id": {
                    "sensitive": false,
                    "type": "string",
                    "value": "AWSServiceRoleForElasticBeanstalk"
                },
                "aws_iam_role_tfer--AWSServiceRoleForElasticLoadBalancing_id": {
                    "sensitive": false,
                    "type": "string",
                    "value": "AWSServiceRoleForElasticLoadBalancing"
                },
                "aws_iam_role_tfer--AWSServiceRoleForGlobalAccelerator_id": {
                    "sensitive": false,
                    "type": "string",
                    "value": "AWSServiceRoleForGlobalAccelerator"
                },
                "aws_iam_role_tfer--AWSServiceRoleForOrganizations_id": {
                    "sensitive": false,
                    "type": "string",
                    "value": "AWSServiceRoleForOrganizations"
                },
                "aws_iam_role_tfer--AWSServiceRoleForRDS_id": {
                    "sensitive": false,
                    "type": "string",
                    "value": "AWSServiceRoleForRDS"
                },
                "aws_iam_role_tfer--AWSServiceRoleForRedshift_id": {
                    "sensitive": false,
                    "type": "string",
                    "value": "AWSServiceRoleForRedshift"
                },
                "aws_iam_role_tfer--AWSServiceRoleForSSO_id": {
                    "sensitive": false,
                    "type": "string",
                    "value": "AWSServiceRoleForSSO"
                },
                "aws_iam_role_tfer--AWSServiceRoleForServiceQuotas_id": {
                    "sensitive": false,
                    "type": "string",
                    "value": "AWSServiceRoleForServiceQuotas"
                },
                "aws_iam_role_tfer--AWSServiceRoleForSupport_id": {
                    "sensitive": false,
                    "type": "string",
                    "value": "AWSServiceRoleForSupport"
                },
                "aws_iam_role_tfer--AWSServiceRoleForTrustedAdvisor_id": {
                    "sensitive": false,
                    "type": "string",
                    "value": "AWSServiceRoleForTrustedAdvisor"
                },
                "aws_iam_role_tfer--AmazonEKS_EBS_CSI_DriverRole_id": {
                    "sensitive": false,
                    "type": "string",
                    "value": "AmazonEKS_EBS_CSI_DriverRole"
                },
                "aws_iam_role_tfer--Arclight-Cache-Clearer_id": {
                    "sensitive": false,
                    "type": "string",
                    "value": "Arclight-Cache-Clearer"
                },
                "aws_iam_role_tfer--Arclight-Config-Fetcher_id": {
                    "sensitive": false,
                    "type": "string",
                    "value": "Arclight-Config-Fetcher"
                },
                "aws_iam_role_tfer--ArclightCodeDeploy_id": {
                    "sensitive": false,
                    "type": "string",
                    "value": "ArclightCodeDeploy"
                },
                "aws_iam_role_tfer--BitbucketCodeDeployer_id": {
                    "sensitive": false,
                    "type": "string",
                    "value": "BitbucketCodeDeployer"
                },
                "aws_iam_role_tfer--DataPipelineDefaultResourceRole_id": {
                    "sensitive": false,
                    "type": "string",
                    "value": "DataPipelineDefaultResourceRole"
                },
                "aws_iam_role_tfer--DataPipelineDefaultRole_id": {
                    "sensitive": false,
                    "type": "string",
                    "value": "DataPipelineDefaultRole"
                },
                "aws_iam_role_tfer--EMR_DefaultRole_id": {
                    "sensitive": false,
                    "type": "string",
                    "value": "EMR_DefaultRole"
                },
                "aws_iam_role_tfer--EMR_EC2_DefaultRole_id": {
                    "sensitive": false,
                    "type": "string",
                    "value": "EMR_EC2_DefaultRole"
                },
                "aws_iam_role_tfer--EksAWSControl_id": {
                    "sensitive": false,
                    "type": "string",
                    "value": "EksAWSControl"
                },
                "aws_iam_role_tfer--Elastic_Transcoder_Default_Role_id": {
                    "sensitive": false,
                    "type": "string",
                    "value": "Elastic_Transcoder_Default_Role"
                },
                "aws_iam_role_tfer--IngestMe2Events_id": {
                    "sensitive": false,
                    "type": "string",
                    "value": "IngestMe2Events"
                },
                "aws_iam_role_tfer--JesusFilmCoreEKSWorkerNodeRole_id": {
                    "sensitive": false,
                    "type": "string",
                    "value": "JesusFilmCoreEKSWorkerNodeRole"
                },
                "aws_iam_role_tfer--JfmDnsProvider-role_id": {
                    "sensitive": false,
                    "type": "string",
                    "value": "JfmDnsProvider-role"
                },
                "aws_iam_role_tfer--JfmExternalDNS_id": {
                    "sensitive": false,
                    "type": "string",
                    "value": "JfmExternalDNS"
                },
                "aws_iam_role_tfer--NexusMediaComponentIngest-role-apxuuycg_id": {
                    "sensitive": false,
                    "type": "string",
                    "value": "NexusMediaComponentIngest-role-apxuuycg"
                },
                "aws_iam_role_tfer--OrganizationAccountAccessRole_id": {
                    "sensitive": false,
                    "type": "string",
                    "value": "OrganizationAccountAccessRole"
                },
                "aws_iam_role_tfer--amplify-jfwordpress-dev-142551-authRole_id": {
                    "sensitive": false,
                    "type": "string",
                    "value": "amplify-jfwordpress-dev-142551-authRole"
                },
                "aws_iam_role_tfer--amplify-jfwordpress-dev-142551-unauthRole_id": {
                    "sensitive": false,
                    "type": "string",
                    "value": "amplify-jfwordpress-dev-142551-unauthRole"
                },
                "aws_iam_role_tfer--api-example-2-dev-us-east-1-lambdaRole_id": {
                    "sensitive": false,
                    "type": "string",
                    "value": "api-example-2-dev-us-east-1-lambdaRole"
                },
                "aws_iam_role_tfer--api-example-dev-us-east-1-lambdaRole_id": {
                    "sensitive": false,
                    "type": "string",
                    "value": "api-example-dev-us-east-1-lambdaRole"
                },
                "aws_iam_role_tfer--api-gateway-log-writer_id": {
                    "sensitive": false,
                    "type": "string",
                    "value": "api-gateway-log-writer"
                },
                "aws_iam_role_tfer--api-journeys-dev-us-east-1-lambdaRole_id": {
                    "sensitive": false,
                    "type": "string",
                    "value": "api-journeys-dev-us-east-1-lambdaRole"
                },
                "aws_iam_role_tfer--api-journeys-prod-prod-us-east-1-lambdaRole_id": {
                    "sensitive": false,
                    "type": "string",
                    "value": "api-journeys-prod-prod-us-east-1-lambdaRole"
                },
                "aws_iam_role_tfer--api-journeys-prod-us-east-1-lambdaRole_id": {
                    "sensitive": false,
                    "type": "string",
                    "value": "api-journeys-prod-us-east-1-lambdaRole"
                },
                "aws_iam_role_tfer--api-journeys-stage-us-east-1-lambdaRole_id": {
                    "sensitive": false,
                    "type": "string",
                    "value": "api-journeys-stage-us-east-1-lambdaRole"
                },
                "aws_iam_role_tfer--api-media-dev-us-east-1-lambdaRole_id": {
                    "sensitive": false,
                    "type": "string",
                    "value": "api-media-dev-us-east-1-lambdaRole"
                },
                "aws_iam_role_tfer--api-media-stage-us-east-1-lambdaRole_id": {
                    "sensitive": false,
                    "type": "string",
                    "value": "api-media-stage-us-east-1-lambdaRole"
                },
                "aws_iam_role_tfer--api-test-dev-us-east-1-lambdaRole_id": {
                    "sensitive": false,
                    "type": "string",
                    "value": "api-test-dev-us-east-1-lambdaRole"
                },
                "aws_iam_role_tfer--api-test1-dev-us-east-1-lambdaRole_id": {
                    "sensitive": false,
                    "type": "string",
                    "value": "api-test1-dev-us-east-1-lambdaRole"
                },
                "aws_iam_role_tfer--appsync-ds-lam-3elgqd-wp-graphql-request_id": {
                    "sensitive": false,
                    "type": "string",
                    "value": "appsync-ds-lam-3elgqd-wp-graphql-request"
                },
                "aws_iam_role_tfer--appsync-graphqlapi-logs-us-west-2_id": {
                    "sensitive": false,
                    "type": "string",
                    "value": "appsync-graphqlapi-logs-us-west-2"
                },
                "aws_iam_role_tfer--arclight-apikey-authorize-role-yohbtjp8_id": {
                    "sensitive": false,
                    "type": "string",
                    "value": "arclight-apikey-authorize-role-yohbtjp8"
                },
                "aws_iam_role_tfer--arclight-outage-slack-role_id": {
                    "sensitive": false,
                    "type": "string",
                    "value": "arclight-outage-slack-role"
                },
                "aws_iam_role_tfer--aurora-s3-full-access_id": {
                    "sensitive": false,
                    "type": "string",
                    "value": "aurora-s3-full-access"
                },
                "aws_iam_role_tfer--aws-elasticbeanstalk-ec2-role_id": {
                    "sensitive": false,
                    "type": "string",
                    "value": "aws-elasticbeanstalk-ec2-role"
                },
                "aws_iam_role_tfer--aws-elasticbeanstalk-service-role_id": {
                    "sensitive": false,
                    "type": "string",
                    "value": "aws-elasticbeanstalk-service-role"
                },
                "aws_iam_role_tfer--aws-quicksight-service-role-v0_id": {
                    "sensitive": false,
                    "type": "string",
                    "value": "aws-quicksight-service-role-v0"
                },
                "aws_iam_role_tfer--codebuild-Arclight-QA-service-role_id": {
                    "sensitive": false,
                    "type": "string",
                    "value": "codebuild-Arclight-QA-service-role"
                },
                "aws_iam_role_tfer--codebuild-admin-preprod-service-role_id": {
                    "sensitive": false,
                    "type": "string",
                    "value": "codebuild-admin-preprod-service-role"
                },
                "aws_iam_role_tfer--codebuild-admin-prod-service-role_id": {
                    "sensitive": false,
                    "type": "string",
                    "value": "codebuild-admin-prod-service-role"
                },
                "aws_iam_role_tfer--codebuild-admin-qa-service-role_id": {
                    "sensitive": false,
                    "type": "string",
                    "value": "codebuild-admin-qa-service-role"
                },
                "aws_iam_role_tfer--codebuild-api-preprod-admin-service-role_id": {
                    "sensitive": false,
                    "type": "string",
                    "value": "codebuild-api-preprod-admin-service-role"
                },
                "aws_iam_role_tfer--codebuild-api-preprod-service-role_id": {
                    "sensitive": false,
                    "type": "string",
                    "value": "codebuild-api-preprod-service-role"
                },
                "aws_iam_role_tfer--codebuild-api-prod-admin-service-role_id": {
                    "sensitive": false,
                    "type": "string",
                    "value": "codebuild-api-prod-admin-service-role"
                },
                "aws_iam_role_tfer--codebuild-api-prod-service-role_id": {
                    "sensitive": false,
                    "type": "string",
                    "value": "codebuild-api-prod-service-role"
                },
                "aws_iam_role_tfer--codebuild-api-qa-servicerole_id": {
                    "sensitive": false,
                    "type": "string",
                    "value": "codebuild-api-qa-servicerole"
                },
                "aws_iam_role_tfer--codebuild-import-preprod-service-role_id": {
                    "sensitive": false,
                    "type": "string",
                    "value": "codebuild-import-preprod-service-role"
                },
                "aws_iam_role_tfer--codebuild-import-prod-service-role_id": {
                    "sensitive": false,
                    "type": "string",
                    "value": "codebuild-import-prod-service-role"
                },
                "aws_iam_role_tfer--codebuild-import-qa-service-role_id": {
                    "sensitive": false,
                    "type": "string",
                    "value": "codebuild-import-qa-service-role"
                },
                "aws_iam_role_tfer--core-apollo-gateway_id": {
                    "sensitive": false,
                    "type": "string",
                    "value": "core-apollo-gateway"
                },
                "aws_iam_role_tfer--couchbase_firehose_delivery_role_id": {
                    "sensitive": false,
                    "type": "string",
                    "value": "couchbase_firehose_delivery_role"
                },
                "aws_iam_role_tfer--cwe-role-us-east-1-arclight-api-qa_id": {
                    "sensitive": false,
                    "type": "string",
                    "value": "cwe-role-us-east-1-arclight-api-qa"
                },
                "aws_iam_role_tfer--datainsightsProcessFirstPartyYoutubeChannels-role-xhga0n88_id": {
                    "sensitive": false,
                    "type": "string",
                    "value": "datainsightsProcessFirstPartyYoutubeChannels-role-xhga0n88"
                },
                "aws_iam_role_tfer--ecsAutoscaleRole_id": {
                    "sensitive": false,
                    "type": "string",
                    "value": "ecsAutoscaleRole"
                },
                "aws_iam_role_tfer--ecsEventsRole_id": {
                    "sensitive": false,
                    "type": "string",
                    "value": "ecsEventsRole"
                },
                "aws_iam_role_tfer--ecsInstanceRole_id": {
                    "sensitive": false,
                    "type": "string",
                    "value": "ecsInstanceRole"
                },
                "aws_iam_role_tfer--ecsServiceRole_id": {
                    "sensitive": false,
                    "type": "string",
                    "value": "ecsServiceRole"
                },
                "aws_iam_role_tfer--ecsTaskExecutionRole_id": {
                    "sensitive": false,
                    "type": "string",
                    "value": "ecsTaskExecutionRole"
                },
                "aws_iam_role_tfer--eksctl-JesusFilm-core-addon-iamserviceaccoun-Role1-1MM58AN9NT754_id": {
                    "sensitive": false,
                    "type": "string",
                    "value": "eksctl-JesusFilm-core-addon-iamserviceaccoun-Role1-1MM58AN9NT754"
                },
                "aws_iam_role_tfer--es-media-components-role-wimvjjup_id": {
                    "sensitive": false,
                    "type": "string",
                    "value": "es-media-components-role-wimvjjup"
                },
                "aws_iam_role_tfer--firehose_delivery_role_id": {
                    "sensitive": false,
                    "type": "string",
                    "value": "firehose_delivery_role"
                },
                "aws_iam_role_tfer--lambda-bizrules-testing_id": {
                    "sensitive": false,
                    "type": "string",
                    "value": "lambda-bizrules-testing"
                },
                "aws_iam_role_tfer--lambda-kinesis-execution-role_id": {
                    "sensitive": false,
                    "type": "string",
                    "value": "lambda-kinesis-execution-role"
                },
                "aws_iam_role_tfer--lambda_basic_execution_id": {
                    "sensitive": false,
                    "type": "string",
                    "value": "lambda_basic_execution"
                },
                "aws_iam_role_tfer--lambda_basic_vpc_execution_id": {
                    "sensitive": false,
                    "type": "string",
                    "value": "lambda_basic_vpc_execution"
                },
                "aws_iam_role_tfer--lambda_plumber_role_id": {
                    "sensitive": false,
                    "type": "string",
                    "value": "lambda_plumber_role"
                },
                "aws_iam_role_tfer--lambda_refresh_api_keys_role_id": {
                    "sensitive": false,
                    "type": "string",
                    "value": "lambda_refresh_api_keys_role"
                },
                "aws_iam_role_tfer--lambda_tim_005_id": {
                    "sensitive": false,
                    "type": "string",
                    "value": "lambda_tim_005"
                },
                "aws_iam_role_tfer--me2-ingest-role_id": {
                    "sensitive": false,
                    "type": "string",
                    "value": "me2-ingest-role"
                },
                "aws_iam_role_tfer--rds-monitoring-role_id": {
                    "sensitive": false,
                    "type": "string",
                    "value": "rds-monitoring-role"
                },
                "aws_iam_role_tfer--sean-dev-us-east-1-lambdaRole_id": {
                    "sensitive": false,
                    "type": "string",
                    "value": "sean-dev-us-east-1-lambdaRole"
                },
                "aws_iam_role_tfer--test-bogus-totally-bogus-dev-us-east-1-lambdaRole_id": {
                    "sensitive": false,
                    "type": "string",
                    "value": "test-bogus-totally-bogus-dev-us-east-1-lambdaRole"
                },
                "aws_iam_role_tfer--test-dev-us-east-1-lambdaRole_id": {
                    "sensitive": false,
                    "type": "string",
                    "value": "test-dev-us-east-1-lambdaRole"
                },
                "aws_iam_role_tfer--testFunFun-role-yvq06kzv_id": {
                    "sensitive": false,
                    "type": "string",
                    "value": "testFunFun-role-yvq06kzv"
                },
                "aws_iam_role_tfer--wp-graphql-request-role-07aktf4v_id": {
                    "sensitive": false,
                    "type": "string",
                    "value": "wp-graphql-request-role-07aktf4v"
                },
                "aws_iam_user_group_membership_tfer--AlexSanchez-0040-onehope-002E-net-002F-S3-onehope-jfm_id": {
                    "sensitive": false,
                    "type": "string",
                    "value": "AlexSanchez@onehope.net/S3-onehope-jfm"
                },
                "aws_iam_user_group_membership_tfer--Bethany-002F-S3-FullAccess_id": {
                    "sensitive": false,
                    "type": "string",
                    "value": "Bethany/S3-FullAccess"
                },
                "aws_iam_user_group_membership_tfer--CharlieFulton-002F-Admins_id": {
                    "sensitive": false,
                    "type": "string",
                    "value": "CharlieFulton/Admins"
                },
                "aws_iam_user_group_membership_tfer--Derek-0040-CoreDs-002F-Admins_id": {
                    "sensitive": false,
                    "type": "string",
                    "value": "Derek@CoreDs/Admins"
                },
                "aws_iam_user_group_membership_tfer--ETL_User-002F-DynamoDB_EMR_FullAccess_id": {
                    "sensitive": false,
                    "type": "string",
                    "value": "ETL_User/DynamoDB_EMR_FullAccess"
                },
                "aws_iam_user_group_membership_tfer--ETL_User-002F-RedShift-FullAccess_id": {
                    "sensitive": false,
                    "type": "string",
                    "value": "ETL_User/RedShift-FullAccess"
                },
                "aws_iam_user_group_membership_tfer--ETL_User-002F-S3-FullAccess_id": {
                    "sensitive": false,
                    "type": "string",
                    "value": "ETL_User/S3-FullAccess"
                },
                "aws_iam_user_group_membership_tfer--GavinWalsh-002F-Admins_id": {
                    "sensitive": false,
                    "type": "string",
                    "value": "GavinWalsh/Admins"
                },
                "aws_iam_user_group_membership_tfer--GavinWalsh-002F-PowerUsers_id": {
                    "sensitive": false,
                    "type": "string",
                    "value": "GavinWalsh/PowerUsers"
                },
                "aws_iam_user_group_membership_tfer--GavinWalsh-002F-Resources_id": {
                    "sensitive": false,
                    "type": "string",
                    "value": "GavinWalsh/Resources"
                },
                "aws_iam_user_group_membership_tfer--JFM-NextStep-New-ME2-002F-RedShift-FullAccess_id": {
                    "sensitive": false,
                    "type": "string",
                    "value": "JFM-NextStep-New-ME2/RedShift-FullAccess"
                },
                "aws_iam_user_group_membership_tfer--JFM-Patrick-002F-Admins_id": {
                    "sensitive": false,
                    "type": "string",
                    "value": "JFM-Patrick/Admins"
                },
                "aws_iam_user_group_membership_tfer--JFM-Patrick-002F-Resources_id": {
                    "sensitive": false,
                    "type": "string",
                    "value": "JFM-Patrick/Resources"
                },
                "aws_iam_user_group_membership_tfer--JesseLund-002F-PowerUsers_id": {
                    "sensitive": false,
                    "type": "string",
                    "value": "JesseLund/PowerUsers"
                },
                "aws_iam_user_group_membership_tfer--JfmGithubUser-002F-JfmDeploymentGroup_id": {
                    "sensitive": false,
                    "type": "string",
                    "value": "JfmGithubUser/JfmDeploymentGroup"
                },
                "aws_iam_user_group_membership_tfer--MerrittFranzmann-0040-onehope-002E-net-002F-S3-onehope-jfm_id": {
                    "sensitive": false,
                    "type": "string",
                    "value": "MerrittFranzmann@onehope.net/S3-onehope-jfm"
                },
                "aws_iam_user_group_membership_tfer--SebastianL-0040-Pixegon-002F-Admins_id": {
                    "sensitive": false,
                    "type": "string",
                    "value": "SebastianL@Pixegon/Admins"
                },
                "aws_iam_user_group_membership_tfer--SwayC-002F-Admins_id": {
                    "sensitive": false,
                    "type": "string",
                    "value": "SwayC/Admins"
                },
                "aws_iam_user_group_membership_tfer--TimS-0040-rcisw-002F-DynamoDB_EMR_FullAccess_id": {
                    "sensitive": false,
                    "type": "string",
                    "value": "TimS@rcisw/DynamoDB_EMR_FullAccess"
                },
                "aws_iam_user_group_membership_tfer--TimS-0040-rcisw-002F-PowerUsers_id": {
                    "sensitive": false,
                    "type": "string",
                    "value": "TimS@rcisw/PowerUsers"
                },
                "aws_iam_user_group_membership_tfer--chris-0040-morleyconsulting-002E-net-002F-Admins_id": {
                    "sensitive": false,
                    "type": "string",
                    "value": "chris@morleyconsulting.net/Admins"
                },
                "aws_iam_user_group_membership_tfer--dj-002E-mikeallison-0040-gmail-002E-com-002F-Admins_id": {
                    "sensitive": false,
                    "type": "string",
                    "value": "dj.mikeallison@gmail.com/Admins"
                },
                "aws_iam_user_group_membership_tfer--docker-registry-user-002F-S3-FullAccess_id": {
                    "sensitive": false,
                    "type": "string",
                    "value": "docker-registry-user/S3-FullAccess"
                },
                "aws_iam_user_group_membership_tfer--jfm_data_export_s3-002F-S3-FullAccess_id": {
                    "sensitive": false,
                    "type": "string",
                    "value": "jfm_data_export_s3/S3-FullAccess"
                },
                "aws_iam_user_group_membership_tfer--matt-0040-webbintegrated-002E-com-002F-Admins_id": {
                    "sensitive": false,
                    "type": "string",
                    "value": "matt@webbintegrated.com/Admins"
                },
                "aws_iam_user_group_membership_tfer--mattresimont-0040-gmail-002E-com-002F-Admins_id": {
                    "sensitive": false,
                    "type": "string",
                    "value": "mattresimont@gmail.com/Admins"
                },
                "aws_iam_user_group_membership_tfer--mkang-0040-koasys-002E-com-002F-DynamoDB_EMR_FullAccess_id": {
                    "sensitive": false,
                    "type": "string",
                    "value": "mkang@koasys.com/DynamoDB_EMR_FullAccess"
                },
                "aws_iam_user_group_membership_tfer--mkang-0040-koasys-002E-com-002F-PowerUsers_id": {
                    "sensitive": false,
                    "type": "string",
                    "value": "mkang@koasys.com/PowerUsers"
                },
                "aws_iam_user_group_membership_tfer--sean-0040-pdxmurphy-002E-com-002F-Admins_id": {
                    "sensitive": false,
                    "type": "string",
                    "value": "sean@pdxmurphy.com/Admins"
                },
                "aws_iam_user_group_membership_tfer--sean-0040-pdxmurphy-002E-com-002F-PowerUsers_id": {
                    "sensitive": false,
                    "type": "string",
                    "value": "sean@pdxmurphy.com/PowerUsers"
                },
                "aws_iam_user_group_membership_tfer--sean-0040-pdxmurphy-002E-com-002F-Resources_id": {
                    "sensitive": false,
                    "type": "string",
                    "value": "sean@pdxmurphy.com/Resources"
                },
                "aws_iam_user_group_membership_tfer--studiogroup-0040-onehope-002E-net-002F-S3-onehope-jfm_id": {
                    "sensitive": false,
                    "type": "string",
                    "value": "studiogroup@onehope.net/S3-onehope-jfm"
                },
                "aws_iam_user_group_membership_tfer--tataihono-002E-nikora-0040-cru-002E-org-002F-Admins_id": {
                    "sensitive": false,
                    "type": "string",
                    "value": "tataihono.nikora@cru.org/Admins"
                },
                "aws_iam_user_policy_attachment_tfer--AlexSanchez-0040-onehope-002E-net_IAMUserChangePassword_id": {
                    "sensitive": false,
                    "type": "string",
                    "value": "AlexSanchez@onehope.net/arn:aws:iam::aws:policy/IAMUserChangePassword"
                },
                "aws_iam_user_policy_attachment_tfer--Bethany_CloudWatchFullAccess_id": {
                    "sensitive": false,
                    "type": "string",
                    "value": "Bethany/arn:aws:iam::aws:policy/CloudWatchFullAccess"
                },
                "aws_iam_user_policy_attachment_tfer--Bethany_CloudWatchLogsFullAccess_id": {
                    "sensitive": false,
                    "type": "string",
                    "value": "Bethany/arn:aws:iam::aws:policy/CloudWatchLogsFullAccess"
                },
                "aws_iam_user_policy_attachment_tfer--CharlieFulton_IAMUserChangePassword_id": {
                    "sensitive": false,
                    "type": "string",
                    "value": "CharlieFulton/arn:aws:iam::aws:policy/IAMUserChangePassword"
                },
                "aws_iam_user_policy_attachment_tfer--ETL_User_AmazonEC2ContainerRegistryFullAccess_id": {
                    "sensitive": false,
                    "type": "string",
                    "value": "ETL_User/arn:aws:iam::aws:policy/AmazonEC2ContainerRegistryFullAccess"
                },
                "aws_iam_user_policy_attachment_tfer--ETL_User_SimpleWorkflowFullAccess_id": {
                    "sensitive": false,
                    "type": "string",
                    "value": "ETL_User/arn:aws:iam::aws:policy/SimpleWorkflowFullAccess"
                },
                "aws_iam_user_policy_attachment_tfer--ETL_User_tim_test_policy_001_id": {
                    "sensitive": false,
                    "type": "string",
                    "value": "ETL_User/arn:aws:iam::894231352815:policy/tim_test_policy_001"
                },
                "aws_iam_user_policy_attachment_tfer--GavinWalsh_IAMUserChangePassword_id": {
                    "sensitive": false,
                    "type": "string",
                    "value": "GavinWalsh/arn:aws:iam::aws:policy/IAMUserChangePassword"
                },
                "aws_iam_user_policy_attachment_tfer--JFM-NextStep-New-ME2_AmazonDynamoDBFullAccess_id": {
                    "sensitive": false,
                    "type": "string",
                    "value": "JFM-NextStep-New-ME2/arn:aws:iam::aws:policy/AmazonDynamoDBFullAccess"
                },
                "aws_iam_user_policy_attachment_tfer--JFM-NextStep-New-ME2_AmazonS3FullAccess_id": {
                    "sensitive": false,
                    "type": "string",
                    "value": "JFM-NextStep-New-ME2/arn:aws:iam::aws:policy/AmazonS3FullAccess"
                },
                "aws_iam_user_policy_attachment_tfer--MerrittFranzmann-0040-onehope-002E-net_IAMUserChangePassword_id": {
                    "sensitive": false,
                    "type": "string",
                    "value": "MerrittFranzmann@onehope.net/arn:aws:iam::aws:policy/IAMUserChangePassword"
                },
                "aws_iam_user_policy_attachment_tfer--TimS-0040-rcisw_AWSDataPipelineFullAccess_id": {
                    "sensitive": false,
                    "type": "string",
                    "value": "TimS@rcisw/arn:aws:iam::aws:policy/AWSDataPipelineFullAccess"
                },
                "aws_iam_user_policy_attachment_tfer--TimS-0040-rcisw_IAMFullAccess_id": {
                    "sensitive": false,
                    "type": "string",
                    "value": "TimS@rcisw/arn:aws:iam::aws:policy/IAMFullAccess"
                },
                "aws_iam_user_policy_attachment_tfer--TimS-0040-rcisw_SimpleWorkflowFullAccess_id": {
                    "sensitive": false,
                    "type": "string",
                    "value": "TimS@rcisw/arn:aws:iam::aws:policy/SimpleWorkflowFullAccess"
                },
                "aws_iam_user_policy_attachment_tfer--arclight-0040-thecrutsingers-002E-com_S3-GSFN-FallingPlates-Access_id": {
                    "sensitive": false,
                    "type": "string",
                    "value": "arclight@thecrutsingers.com/arn:aws:iam::894231352815:policy/S3-GSFN-FallingPlates-Access"
                },
                "aws_iam_user_policy_attachment_tfer--chris-0040-morleyconsulting-002E-net_AWSLambdaFullAccess_id": {
                    "sensitive": false,
                    "type": "string",
                    "value": "chris@morleyconsulting.net/arn:aws:iam::aws:policy/AWSLambdaFullAccess"
                },
                "aws_iam_user_policy_attachment_tfer--chris-0040-morleyconsulting-002E-net_AmazonAPIGatewayAdministrator_id": {
                    "sensitive": false,
                    "type": "string",
                    "value": "chris@morleyconsulting.net/arn:aws:iam::aws:policy/AmazonAPIGatewayAdministrator"
                },
                "aws_iam_user_policy_attachment_tfer--chris-0040-morleyconsulting-002E-net_AmazonElasticTranscoderFullAccess_id": {
                    "sensitive": false,
                    "type": "string",
                    "value": "chris@morleyconsulting.net/arn:aws:iam::aws:policy/AmazonElasticTranscoderFullAccess"
                },
                "aws_iam_user_policy_attachment_tfer--chris-0040-morleyconsulting-002E-net_AmazonRedshiftFullAccess_id": {
                    "sensitive": false,
                    "type": "string",
                    "value": "chris@morleyconsulting.net/arn:aws:iam::aws:policy/AmazonRedshiftFullAccess"
                },
                "aws_iam_user_policy_attachment_tfer--chris-0040-morleyconsulting-002E-net_AmazonS3FullAccess_id": {
                    "sensitive": false,
                    "type": "string",
                    "value": "chris@morleyconsulting.net/arn:aws:iam::aws:policy/AmazonS3FullAccess"
                },
                "aws_iam_user_policy_attachment_tfer--chris-0040-morleyconsulting-002E-net_CloudFrontFullAccess_id": {
                    "sensitive": false,
                    "type": "string",
                    "value": "chris@morleyconsulting.net/arn:aws:iam::aws:policy/CloudFrontFullAccess"
                },
                "aws_iam_user_policy_attachment_tfer--david-002E-moen-0040-jesusfilm-002E-org_S3-GSFN-Legion-Access_id": {
                    "sensitive": false,
                    "type": "string",
                    "value": "david.moen@jesusfilm.org/arn:aws:iam::894231352815:policy/S3-GSFN-Legion-Access"
                },
                "aws_iam_user_policy_attachment_tfer--dj-002E-mikeallison-0040-gmail-002E-com_IAMUserChangePassword_id": {
                    "sensitive": false,
                    "type": "string",
                    "value": "dj.mikeallison@gmail.com/arn:aws:iam::aws:policy/IAMUserChangePassword"
                },
                "aws_iam_user_policy_attachment_tfer--irv-002E-klaschus-0040-jesusfilm-002E-org_S3-GSFN-ChosenWitness-Access_id": {
                    "sensitive": false,
                    "type": "string",
                    "value": "irv.klaschus@jesusfilm.org/arn:aws:iam::894231352815:policy/S3-GSFN-ChosenWitness-Access"
                },
                "aws_iam_user_policy_attachment_tfer--jeff-002E-beard-0040-jesusfilm-002E-org_AmazonGlacierFullAccess_id": {
                    "sensitive": false,
                    "type": "string",
                    "value": "jeff.beard@jesusfilm.org/arn:aws:iam::aws:policy/AmazonGlacierFullAccess"
                },
                "aws_iam_user_policy_attachment_tfer--jeff-002E-beard-0040-jesusfilm-002E-org_IAMUserChangePassword_id": {
                    "sensitive": false,
                    "type": "string",
                    "value": "jeff.beard@jesusfilm.org/arn:aws:iam::aws:policy/IAMUserChangePassword"
                },
                "aws_iam_user_policy_attachment_tfer--jfm-profiles_AmazonEC2FullAccess_id": {
                    "sensitive": false,
                    "type": "string",
                    "value": "jfm-profiles/arn:aws:iam::aws:policy/AmazonEC2FullAccess"
                },
                "aws_iam_user_policy_attachment_tfer--jfm-profiles_AmazonECS_FullAccess_id": {
                    "sensitive": false,
                    "type": "string",
                    "value": "jfm-profiles/arn:aws:iam::aws:policy/AmazonECS_FullAccess"
                },
                "aws_iam_user_policy_attachment_tfer--jfmcw_JFM_CloudWatch_PutMetricData_id": {
                    "sensitive": false,
                    "type": "string",
                    "value": "jfmcw/arn:aws:iam::894231352815:policy/JFM_CloudWatch_PutMetricData"
                },
                "aws_iam_user_policy_attachment_tfer--lightofhopemedia-0040-gmail-002E-com_AmazonECS_FullAccess_id": {
                    "sensitive": false,
                    "type": "string",
                    "value": "lightofhopemedia@gmail.com/arn:aws:iam::aws:policy/AmazonECS_FullAccess"
                },
                "aws_iam_user_policy_attachment_tfer--lightofhopemedia-0040-gmail-002E-com_IAMUserChangePassword_id": {
                    "sensitive": false,
                    "type": "string",
                    "value": "lightofhopemedia@gmail.com/arn:aws:iam::aws:policy/IAMUserChangePassword"
                },
                "aws_iam_user_policy_attachment_tfer--lightofhopemedia-0040-gmail-002E-com_ml-repo-access_id": {
                    "sensitive": false,
                    "type": "string",
                    "value": "lightofhopemedia@gmail.com/arn:aws:iam::894231352815:policy/ml-repo-access"
                },
                "aws_iam_user_policy_attachment_tfer--lpweb02_automation_AmazonSNSFullAccess_id": {
                    "sensitive": false,
                    "type": "string",
                    "value": "lpweb02_automation/arn:aws:iam::aws:policy/AmazonSNSFullAccess"
                },
                "aws_iam_user_policy_attachment_tfer--matt-0040-webbintegrated-002E-com_IAMUserChangePassword_id": {
                    "sensitive": false,
                    "type": "string",
                    "value": "matt@webbintegrated.com/arn:aws:iam::aws:policy/IAMUserChangePassword"
                },
                "aws_iam_user_policy_attachment_tfer--mattresimont-0040-gmail-002E-com_AWSCodeDeployFullAccess_id": {
                    "sensitive": false,
                    "type": "string",
                    "value": "mattresimont@gmail.com/arn:aws:iam::aws:policy/AWSCodeDeployFullAccess"
                },
                "aws_iam_user_policy_attachment_tfer--mattresimont-0040-gmail-002E-com_AWSElasticBeanstalkFullAccess_id": {
                    "sensitive": false,
                    "type": "string",
                    "value": "mattresimont@gmail.com/arn:aws:iam::aws:policy/AWSElasticBeanstalkFullAccess"
                },
                "aws_iam_user_policy_attachment_tfer--mattresimont-0040-gmail-002E-com_AWSLambdaFullAccess_id": {
                    "sensitive": false,
                    "type": "string",
                    "value": "mattresimont@gmail.com/arn:aws:iam::aws:policy/AWSLambdaFullAccess"
                },
                "aws_iam_user_policy_attachment_tfer--mattresimont-0040-gmail-002E-com_CloudFrontFullAccess_id": {
                    "sensitive": false,
                    "type": "string",
                    "value": "mattresimont@gmail.com/arn:aws:iam::aws:policy/CloudFrontFullAccess"
                },
                "aws_iam_user_policy_attachment_tfer--mattresimont-0040-gmail-002E-com_IAMUserChangePassword_id": {
                    "sensitive": false,
                    "type": "string",
                    "value": "mattresimont@gmail.com/arn:aws:iam::aws:policy/IAMUserChangePassword"
                },
                "aws_iam_user_policy_attachment_tfer--mkang-0040-koasys-002E-com_AWSDataPipelineFullAccess_id": {
                    "sensitive": false,
                    "type": "string",
                    "value": "mkang@koasys.com/arn:aws:iam::aws:policy/AWSDataPipelineFullAccess"
                },
                "aws_iam_user_policy_attachment_tfer--mkang-0040-koasys-002E-com_IAMFullAccess_id": {
                    "sensitive": false,
                    "type": "string",
                    "value": "mkang@koasys.com/arn:aws:iam::aws:policy/IAMFullAccess"
                },
                "aws_iam_user_policy_attachment_tfer--mkang-0040-koasys-002E-com_SimpleWorkflowFullAccess_id": {
                    "sensitive": false,
                    "type": "string",
                    "value": "mkang@koasys.com/arn:aws:iam::aws:policy/SimpleWorkflowFullAccess"
                },
                "aws_iam_user_policy_attachment_tfer--studiogroup-0040-onehope-002E-net_IAMUserChangePassword_id": {
                    "sensitive": false,
                    "type": "string",
                    "value": "studiogroup@onehope.net/arn:aws:iam::aws:policy/IAMUserChangePassword"
                },
                "aws_iam_user_policy_attachment_tfer--tanner-002E-fleming-0040-gmail-002E-com_AWSCodePipelineReadOnlyAccess_id": {
                    "sensitive": false,
                    "type": "string",
                    "value": "tanner.fleming@gmail.com/arn:aws:iam::aws:policy/AWSCodePipelineReadOnlyAccess"
                },
                "aws_iam_user_policy_attachment_tfer--tanner-002E-fleming-0040-gmail-002E-com_AmazonS3FullAccess_id": {
                    "sensitive": false,
                    "type": "string",
                    "value": "tanner.fleming@gmail.com/arn:aws:iam::aws:policy/AmazonS3FullAccess"
                },
                "aws_iam_user_policy_attachment_tfer--tanner-002E-fleming-0040-gmail-002E-com_CloudFrontFullAccess_id": {
                    "sensitive": false,
                    "type": "string",
                    "value": "tanner.fleming@gmail.com/arn:aws:iam::aws:policy/CloudFrontFullAccess"
                },
                "aws_iam_user_policy_attachment_tfer--tanner-002E-fleming-0040-gmail-002E-com_CloudWatchReadOnlyAccess_id": {
                    "sensitive": false,
                    "type": "string",
                    "value": "tanner.fleming@gmail.com/arn:aws:iam::aws:policy/CloudWatchReadOnlyAccess"
                },
                "aws_iam_user_policy_attachment_tfer--tanner-002E-fleming-0040-gmail-002E-com_IAMUserChangePassword_id": {
                    "sensitive": false,
                    "type": "string",
                    "value": "tanner.fleming@gmail.com/arn:aws:iam::aws:policy/IAMUserChangePassword"
                },
                "aws_iam_user_policy_tfer--BrightCoverMasterMigration_AllowBCAccessToInput_id": {
                    "sensitive": false,
                    "type": "string",
                    "value": "BrightCoverMasterMigration:AllowBCAccessToInput"
                },
                "aws_iam_user_policy_tfer--ETL_User_Access_refresh-api-keys_Logs_id": {
                    "sensitive": false,
                    "type": "string",
                    "value": "ETL_User:Access_refresh-api-keys_Logs"
                },
                "aws_iam_user_policy_tfer--JfmGithubUser_ECRFullAccess_id": {
                    "sensitive": false,
                    "type": "string",
                    "value": "JfmGithubUser:ECRFullAccess"
                },
                "aws_iam_user_policy_tfer--jeff-002E-beardjesusfilm-002E-org_wwja-s3-bucket-full-access_id": {
                    "sensitive": false,
                    "type": "string",
                    "value": "jeff.beard@jesusfilm.org:wwja-s3-bucket-full-access"
                },
                "aws_iam_user_policy_tfer--nexus-smtp-user_AmazonSesSendingAccess_id": {
                    "sensitive": false,
                    "type": "string",
                    "value": "nexus-smtp-user:AmazonSesSendingAccess"
                },
                "aws_iam_user_policy_tfer--smtp-donate-forms_AmazonSesSendingAccess_id": {
                    "sensitive": false,
                    "type": "string",
                    "value": "smtp-donate-forms:AmazonSesSendingAccess"
                },
                "aws_iam_user_tfer--AIDA5ANCXSXX4BJMSP7KS_id": {
                    "sensitive": false,
                    "type": "string",
                    "value": "MerrittFranzmann@onehope.net"
                },
                "aws_iam_user_tfer--AIDA5ANCXSXX4JQBDVGDY_id": {
                    "sensitive": false,
                    "type": "string",
                    "value": "JfmGithubUser"
                },
                "aws_iam_user_tfer--AIDA5ANCXSXX4MXPXQP3P_id": {
                    "sensitive": false,
                    "type": "string",
                    "value": "tataihono.nikora@cru.org"
                },
                "aws_iam_user_tfer--AIDA5ANCXSXX66CRD7I6D_id": {
                    "sensitive": false,
                    "type": "string",
                    "value": "tanner.fleming@gmail.com"
                },
                "aws_iam_user_tfer--AIDA5ANCXSXX7NELEGOBS_id": {
                    "sensitive": false,
                    "type": "string",
                    "value": "JFM-NextStep-New-ME2"
                },
                "aws_iam_user_tfer--AIDA5ANCXSXXQCU2WHOT6_id": {
                    "sensitive": false,
                    "type": "string",
                    "value": "smtp-donate-forms"
                },
                "aws_iam_user_tfer--AIDA5ANCXSXXU4G2523D4_id": {
                    "sensitive": false,
                    "type": "string",
                    "value": "jfm_data_export_s3"
                },
                "aws_iam_user_tfer--AIDA5ANCXSXXW2BVPBEFW_id": {
                    "sensitive": false,
                    "type": "string",
                    "value": "david.moen@jesusfilm.org"
                },
                "aws_iam_user_tfer--AIDA5ANCXSXXW3JDWSWNK_id": {
                    "sensitive": false,
                    "type": "string",
                    "value": "dj.mikeallison@gmail.com"
                },
                "aws_iam_user_tfer--AIDA5ANCXSXXXOPQIJ4TK_id": {
                    "sensitive": false,
                    "type": "string",
                    "value": "irv.klaschus@jesusfilm.org"
                },
                "aws_iam_user_tfer--AIDA5ANCXSXXXXG6SO2RV_id": {
                    "sensitive": false,
                    "type": "string",
                    "value": "arclight@thecrutsingers.com"
                },
                "aws_iam_user_tfer--AIDA5ANCXSXXYHXZN6NSC_id": {
                    "sensitive": false,
                    "type": "string",
                    "value": "AlexSanchez@onehope.net"
                },
                "aws_iam_user_tfer--AIDA5ANCXSXXZ5VEMUQXL_id": {
                    "sensitive": false,
                    "type": "string",
                    "value": "jeff.beard@jesusfilm.org"
                },
                "aws_iam_user_tfer--AIDA5ANCXSXXZK2FQJG2G_id": {
                    "sensitive": false,
                    "type": "string",
                    "value": "studiogroup@onehope.net"
                },
                "aws_iam_user_tfer--AIDAI3IHLBHH46DBLD6NE_id": {
                    "sensitive": false,
                    "type": "string",
                    "value": "TimS@rcisw"
                },
                "aws_iam_user_tfer--AIDAI5FNI4PSIT4Q3PNEY_id": {
                    "sensitive": false,
                    "type": "string",
                    "value": "JesseLund"
                },
                "aws_iam_user_tfer--AIDAI7DQY3RNZPNK74ZRM_id": {
                    "sensitive": false,
                    "type": "string",
                    "value": "Derek@CoreDs"
                },
                "aws_iam_user_tfer--AIDAIGMPADJU5QF6Y2F2K_id": {
                    "sensitive": false,
                    "type": "string",
                    "value": "GavinWalsh"
                },
                "aws_iam_user_tfer--AIDAINHPVUBATSDEEUFEG_id": {
                    "sensitive": false,
                    "type": "string",
                    "value": "CharlieFulton"
                },
                "aws_iam_user_tfer--AIDAINV3GUHRKCQ473SF6_id": {
                    "sensitive": false,
                    "type": "string",
                    "value": "chris@morleyconsulting.net"
                },
                "aws_iam_user_tfer--AIDAIQO2HQ52MK5MXKKWW_id": {
                    "sensitive": false,
                    "type": "string",
                    "value": "jfmcw"
                },
                "aws_iam_user_tfer--AIDAIWZHEWOUSC2ZAI6DY_id": {
                    "sensitive": false,
                    "type": "string",
                    "value": "jfm-profiles"
                },
                "aws_iam_user_tfer--AIDAJ2FPYAQ35SYENPMVM_id": {
                    "sensitive": false,
                    "type": "string",
                    "value": "mkang@koasys.com"
                },
                "aws_iam_user_tfer--AIDAJ2NGGUEELO7IFPX5W_id": {
                    "sensitive": false,
                    "type": "string",
                    "value": "lightofhopemedia@gmail.com"
                },
                "aws_iam_user_tfer--AIDAJ3ZMYOOYBT7IF5ZWC_id": {
                    "sensitive": false,
                    "type": "string",
                    "value": "SebastianL@Pixegon"
                },
                "aws_iam_user_tfer--AIDAJ655MJ4U6TPGZGHHS_id": {
                    "sensitive": false,
                    "type": "string",
                    "value": "matt@webbintegrated.com"
                },
                "aws_iam_user_tfer--AIDAJ6R7IQY6SO4WNNNDU_id": {
                    "sensitive": false,
                    "type": "string",
                    "value": "lpweb02_automation"
                },
                "aws_iam_user_tfer--AIDAJAEAA6V2KUQBZ5TOY_id": {
                    "sensitive": false,
                    "type": "string",
                    "value": "docker-registry-user"
                },
                "aws_iam_user_tfer--AIDAJC2KGFTWJ7QHEGEIY_id": {
                    "sensitive": false,
                    "type": "string",
                    "value": "sean@pdxmurphy.com"
                },
                "aws_iam_user_tfer--AIDAJDF62MRBXBSHLY2MM_id": {
                    "sensitive": false,
                    "type": "string",
                    "value": "goj_transfer"
                },
                "aws_iam_user_tfer--AIDAJGQNLOUJRXUXWG7TI_id": {
                    "sensitive": false,
                    "type": "string",
                    "value": "mattresimont@gmail.com"
                },
                "aws_iam_user_tfer--AIDAJH3MSMI6R5LSXDMZY_id": {
                    "sensitive": false,
                    "type": "string",
                    "value": "Bethany"
                },
                "aws_iam_user_tfer--AIDAJNQ3IRNEBW2ETCVB2_id": {
                    "sensitive": false,
                    "type": "string",
                    "value": "nexus-smtp-user"
                },
                "aws_iam_user_tfer--AIDAJPNZ6DD6O653Y5ZJA_id": {
                    "sensitive": false,
                    "type": "string",
                    "value": "SwayC"
                },
                "aws_iam_user_tfer--AIDAJRKW7I6TESE2QZ3G6_id": {
                    "sensitive": false,
                    "type": "string",
                    "value": "BrightCoverMasterMigration"
                },
                "aws_iam_user_tfer--AIDAJVUF4CPCTONKNRQT6_id": {
                    "sensitive": false,
                    "type": "string",
                    "value": "ETL_User"
                },
                "aws_iam_user_tfer--AIDAJZIUDXM53JW6UMWS2_id": {
                    "sensitive": false,
                    "type": "string",
                    "value": "JFM-Patrick"
                }
            },
            "resources": {
                "aws_iam_group.tfer--Admins": {
                    "type": "aws_iam_group",
                    "depends_on": [],
                    "primary": {
                        "id": "Admins",
                        "attributes": {
                            "arn": "arn:aws:iam::894231352815:group/Admins",
                            "id": "Admins",
                            "name": "Admins",
                            "path": "/",
                            "unique_id": "AGPAILI5YXHOXHE43CHAU"
                        },
                        "meta": {
                            "schema_version": 0
                        },
                        "tainted": false
                    },
                    "deposed": [],
                    "provider": "provider.aws"
                },
                "aws_iam_group.tfer--DynamoDB_EMR_FullAccess": {
                    "type": "aws_iam_group",
                    "depends_on": [],
                    "primary": {
                        "id": "DynamoDB_EMR_FullAccess",
                        "attributes": {
                            "arn": "arn:aws:iam::894231352815:group/DynamoDB_EMR_FullAccess",
                            "id": "DynamoDB_EMR_FullAccess",
                            "name": "DynamoDB_EMR_FullAccess",
                            "path": "/",
                            "unique_id": "AGPAICGM5MJELVZLGO3KK"
                        },
                        "meta": {
                            "schema_version": 0
                        },
                        "tainted": false
                    },
                    "deposed": [],
                    "provider": "provider.aws"
                },
                "aws_iam_group.tfer--JfmDeploymentGroup": {
                    "type": "aws_iam_group",
                    "depends_on": [],
                    "primary": {
                        "id": "JfmDeploymentGroup",
                        "attributes": {
                            "arn": "arn:aws:iam::894231352815:group/JfmDeploymentGroup",
                            "id": "JfmDeploymentGroup",
                            "name": "JfmDeploymentGroup",
                            "path": "/",
                            "unique_id": "AGPA5ANCXSXXRDEDILZCM"
                        },
                        "meta": {
                            "schema_version": 0
                        },
                        "tainted": false
                    },
                    "deposed": [],
                    "provider": "provider.aws"
                },
                "aws_iam_group.tfer--PowerUsers": {
                    "type": "aws_iam_group",
                    "depends_on": [],
                    "primary": {
                        "id": "PowerUsers",
                        "attributes": {
                            "arn": "arn:aws:iam::894231352815:group/PowerUsers",
                            "id": "PowerUsers",
                            "name": "PowerUsers",
                            "path": "/",
                            "unique_id": "AGPAICDVG33P3OHUFQDSS"
                        },
                        "meta": {
                            "schema_version": 0
                        },
                        "tainted": false
                    },
                    "deposed": [],
                    "provider": "provider.aws"
                },
                "aws_iam_group.tfer--RedShift-FullAccess": {
                    "type": "aws_iam_group",
                    "depends_on": [],
                    "primary": {
                        "id": "RedShift-FullAccess",
                        "attributes": {
                            "arn": "arn:aws:iam::894231352815:group/RedShift-FullAccess",
                            "id": "RedShift-FullAccess",
                            "name": "RedShift-FullAccess",
                            "path": "/",
                            "unique_id": "AGPAJUNLVVPBVU4IQIOD4"
                        },
                        "meta": {
                            "schema_version": 0
                        },
                        "tainted": false
                    },
                    "deposed": [],
                    "provider": "provider.aws"
                },
                "aws_iam_group.tfer--Resources": {
                    "type": "aws_iam_group",
                    "depends_on": [],
                    "primary": {
                        "id": "Resources",
                        "attributes": {
                            "arn": "arn:aws:iam::894231352815:group/Resources",
                            "id": "Resources",
                            "name": "Resources",
                            "path": "/",
                            "unique_id": "AGPAI2Y5NY32RD3DCUDYO"
                        },
                        "meta": {
                            "schema_version": 0
                        },
                        "tainted": false
                    },
                    "deposed": [],
                    "provider": "provider.aws"
                },
                "aws_iam_group.tfer--S3-FullAccess": {
                    "type": "aws_iam_group",
                    "depends_on": [],
                    "primary": {
                        "id": "S3-FullAccess",
                        "attributes": {
                            "arn": "arn:aws:iam::894231352815:group/S3-FullAccess",
                            "id": "S3-FullAccess",
                            "name": "S3-FullAccess",
                            "path": "/",
                            "unique_id": "AGPAIT2ONKDBIKIZHCHE2"
                        },
                        "meta": {
                            "schema_version": 0
                        },
                        "tainted": false
                    },
                    "deposed": [],
                    "provider": "provider.aws"
                },
                "aws_iam_group.tfer--S3-Readonly": {
                    "type": "aws_iam_group",
                    "depends_on": [],
                    "primary": {
                        "id": "S3-Readonly",
                        "attributes": {
                            "arn": "arn:aws:iam::894231352815:group/S3-Readonly",
                            "id": "S3-Readonly",
                            "name": "S3-Readonly",
                            "path": "/",
                            "unique_id": "AGPAI2WZ3UHFEIXIKXCEO"
                        },
                        "meta": {
                            "schema_version": 0
                        },
                        "tainted": false
                    },
                    "deposed": [],
                    "provider": "provider.aws"
                },
                "aws_iam_group.tfer--S3-onehope-jfm": {
                    "type": "aws_iam_group",
                    "depends_on": [],
                    "primary": {
                        "id": "S3-onehope-jfm",
                        "attributes": {
                            "arn": "arn:aws:iam::894231352815:group/S3-onehope-jfm",
                            "id": "S3-onehope-jfm",
                            "name": "S3-onehope-jfm",
                            "path": "/",
                            "unique_id": "AGPA5ANCXSXX7FX2TEFSY"
                        },
                        "meta": {
                            "schema_version": 0
                        },
                        "tainted": false
                    },
                    "deposed": [],
                    "provider": "provider.aws"
                },
                "aws_iam_group_policy.tfer--Admins_AdministratorAccess-Admins-201304291421": {
                    "type": "aws_iam_group_policy",
                    "depends_on": [],
                    "primary": {
                        "id": "Admins:AdministratorAccess-Admins-201304291421",
                        "attributes": {
                            "group": "Admins",
                            "id": "Admins:AdministratorAccess-Admins-201304291421",
                            "name": "AdministratorAccess-Admins-201304291421",
                            "policy": "{\n  \"Statement\": [\n    {\n      \"Effect\": \"Allow\",\n      \"Action\": \"*\",\n      \"Resource\": \"*\"\n    }\n  ]\n}"
                        },
                        "meta": {
                            "schema_version": 0
                        },
                        "tainted": false
                    },
                    "deposed": [],
                    "provider": "provider.aws"
                },
                "aws_iam_group_policy.tfer--PowerUsers_PowerUserAccess-PowerUsers-201304291427": {
                    "type": "aws_iam_group_policy",
                    "depends_on": [],
                    "primary": {
                        "id": "PowerUsers:PowerUserAccess-PowerUsers-201304291427",
                        "attributes": {
                            "group": "PowerUsers",
                            "id": "PowerUsers:PowerUserAccess-PowerUsers-201304291427",
                            "name": "PowerUserAccess-PowerUsers-201304291427",
                            "policy": "{\n  \"Statement\": [\n    {\n      \"Effect\": \"Allow\",\n      \"NotAction\": \"iam:*\",\n      \"Resource\": \"*\"\n    }\n  ]\n}"
                        },
                        "meta": {
                            "schema_version": 0
                        },
                        "tainted": false
                    },
                    "deposed": [],
                    "provider": "provider.aws"
                },
                "aws_iam_group_policy.tfer--RedShift-FullAccess_AmazonRedshiftFullAccess-RedShift-FullAccess-201304291434": {
                    "type": "aws_iam_group_policy",
                    "depends_on": [],
                    "primary": {
                        "id": "RedShift-FullAccess:AmazonRedshiftFullAccess-RedShift-FullAccess-201304291434",
                        "attributes": {
                            "group": "RedShift-FullAccess",
                            "id": "RedShift-FullAccess:AmazonRedshiftFullAccess-RedShift-FullAccess-201304291434",
                            "name": "AmazonRedshiftFullAccess-RedShift-FullAccess-201304291434",
                            "policy": "{\n  \"Statement\": [\n    {\n      \"Action\": [\n        \"redshift:*\",\n        \"ec2:DescribeAccountAttributes\",\n        \"ec2:DescribeAvailabilityZones\",\n        \"ec2:DescribeSecurityGroups\",\n        \"ec2:DescribeSubnets\",\n        \"ec2:DescribeVpcs\",\n        \"sns:Get*\",\n        \"sns:List*\",\n        \"cloudwatch:Describe*\",\n        \"cloudwatch:Get*\",\n        \"cloudwatch:List*\",\n        \"cloudwatch:PutMetricAlarm\",\n        \"cloudwatch:EnableAlarmActions\",\n        \"cloudwatch:DisableAlarmActions\"\n      ],\n      \"Effect\": \"Allow\",\n      \"Resource\": \"*\"\n    }\n  ]\n}"
                        },
                        "meta": {
                            "schema_version": 0
                        },
                        "tainted": false
                    },
                    "deposed": [],
                    "provider": "provider.aws"
                },
                "aws_iam_group_policy.tfer--Resources_PowerUserAccess-Resources-201310181445": {
                    "type": "aws_iam_group_policy",
                    "depends_on": [],
                    "primary": {
                        "id": "Resources:PowerUserAccess-Resources-201310181445",
                        "attributes": {
                            "group": "Resources",
                            "id": "Resources:PowerUserAccess-Resources-201310181445",
                            "name": "PowerUserAccess-Resources-201310181445",
                            "policy": "{\n  \"Version\": \"2012-10-17\",\n  \"Statement\": [\n    {\n      \"Effect\": \"Allow\",\n      \"NotAction\": \"iam:*\",\n      \"Resource\": \"*\"\n    }\n  ]\n}"
                        },
                        "meta": {
                            "schema_version": 0
                        },
                        "tainted": false
                    },
                    "deposed": [],
                    "provider": "provider.aws"
                },
                "aws_iam_group_policy.tfer--S3-FullAccess_AmazonS3FullAccess-S3-FullAccess-201304291432": {
                    "type": "aws_iam_group_policy",
                    "depends_on": [],
                    "primary": {
                        "id": "S3-FullAccess:AmazonS3FullAccess-S3-FullAccess-201304291432",
                        "attributes": {
                            "group": "S3-FullAccess",
                            "id": "S3-FullAccess:AmazonS3FullAccess-S3-FullAccess-201304291432",
                            "name": "AmazonS3FullAccess-S3-FullAccess-201304291432",
                            "policy": "{\n  \"Statement\": [\n    {\n      \"Effect\": \"Allow\",\n      \"Action\": \"s3:*\",\n      \"Resource\": \"*\"\n    }\n  ]\n}"
                        },
                        "meta": {
                            "schema_version": 0
                        },
                        "tainted": false
                    },
                    "deposed": [],
                    "provider": "provider.aws"
                },
                "aws_iam_group_policy.tfer--S3-Readonly_AmazonS3ReadOnlyAccess-arclight-media-prod": {
                    "type": "aws_iam_group_policy",
                    "depends_on": [],
                    "primary": {
                        "id": "S3-Readonly:AmazonS3ReadOnlyAccess-arclight-media-prod",
                        "attributes": {
                            "group": "S3-Readonly",
                            "id": "S3-Readonly:AmazonS3ReadOnlyAccess-arclight-media-prod",
                            "name": "AmazonS3ReadOnlyAccess-arclight-media-prod",
                            "policy": "{\n  \"Version\": \"2012-10-17\",\n  \"Statement\": [\n    {\n      \"Effect\": \"Allow\",\n      \"Action\": [\n        \"s3:Get*\",\n        \"s3:List*\"\n      ],\n      \"Resource\": \"*\"\n    }\n  ]\n}"
                        },
                        "meta": {
                            "schema_version": 0
                        },
                        "tainted": false
                    },
                    "deposed": [],
                    "provider": "provider.aws"
                },
                "aws_iam_group_policy_attachment.tfer--DynamoDB_EMR_FullAccess_AmazonDynamoDBFullAccess": {
                    "type": "aws_iam_group_policy_attachment",
                    "depends_on": [],
                    "primary": {
                        "id": "DynamoDB_EMR_FullAccess/arn:aws:iam::aws:policy/AmazonDynamoDBFullAccess",
                        "attributes": {
                            "group": "DynamoDB_EMR_FullAccess",
                            "id": "DynamoDB_EMR_FullAccess/arn:aws:iam::aws:policy/AmazonDynamoDBFullAccess",
                            "policy_arn": "arn:aws:iam::aws:policy/AmazonDynamoDBFullAccess"
                        },
                        "meta": {
                            "schema_version": 0
                        },
                        "tainted": false
                    },
                    "deposed": [],
                    "provider": "provider.aws"
                },
                "aws_iam_group_policy_attachment.tfer--DynamoDB_EMR_FullAccess_AmazonElasticMapReduceFullAccess": {
                    "type": "aws_iam_group_policy_attachment",
                    "depends_on": [],
                    "primary": {
                        "id": "DynamoDB_EMR_FullAccess/arn:aws:iam::aws:policy/AmazonElasticMapReduceFullAccess",
                        "attributes": {
                            "group": "DynamoDB_EMR_FullAccess",
                            "id": "DynamoDB_EMR_FullAccess/arn:aws:iam::aws:policy/AmazonElasticMapReduceFullAccess",
                            "policy_arn": "arn:aws:iam::aws:policy/AmazonElasticMapReduceFullAccess"
                        },
                        "meta": {
                            "schema_version": 0
                        },
                        "tainted": false
                    },
                    "deposed": [],
                    "provider": "provider.aws"
                },
                "aws_iam_group_policy_attachment.tfer--JfmDeploymentGroup_AmazonEKSClusterPolicy": {
                    "type": "aws_iam_group_policy_attachment",
                    "depends_on": [],
                    "primary": {
                        "id": "JfmDeploymentGroup/arn:aws:iam::aws:policy/AmazonEKSClusterPolicy",
                        "attributes": {
                            "group": "JfmDeploymentGroup",
                            "id": "JfmDeploymentGroup/arn:aws:iam::aws:policy/AmazonEKSClusterPolicy",
                            "policy_arn": "arn:aws:iam::aws:policy/AmazonEKSClusterPolicy"
                        },
                        "meta": {
                            "schema_version": 0
                        },
                        "tainted": false
                    },
                    "deposed": [],
                    "provider": "provider.aws"
                },
                "aws_iam_group_policy_attachment.tfer--JfmDeploymentGroup_ElasticLoadBalancingFullAccess": {
                    "type": "aws_iam_group_policy_attachment",
                    "depends_on": [],
                    "primary": {
                        "id": "JfmDeploymentGroup/arn:aws:iam::aws:policy/ElasticLoadBalancingFullAccess",
                        "attributes": {
                            "group": "JfmDeploymentGroup",
                            "id": "JfmDeploymentGroup/arn:aws:iam::aws:policy/ElasticLoadBalancingFullAccess",
                            "policy_arn": "arn:aws:iam::aws:policy/ElasticLoadBalancingFullAccess"
                        },
                        "meta": {
                            "schema_version": 0
                        },
                        "tainted": false
                    },
                    "deposed": [],
                    "provider": "provider.aws"
                },
                "aws_iam_group_policy_attachment.tfer--PowerUsers_AWSLambdaFullAccess": {
                    "type": "aws_iam_group_policy_attachment",
                    "depends_on": [],
                    "primary": {
                        "id": "PowerUsers/arn:aws:iam::aws:policy/AWSLambdaFullAccess",
                        "attributes": {
                            "group": "PowerUsers",
                            "id": "PowerUsers/arn:aws:iam::aws:policy/AWSLambdaFullAccess",
                            "policy_arn": "arn:aws:iam::aws:policy/AWSLambdaFullAccess"
                        },
                        "meta": {
                            "schema_version": 0
                        },
                        "tainted": false
                    },
                    "deposed": [],
                    "provider": "provider.aws"
                },
                "aws_iam_instance_profile.tfer--Arclight-Cache-Clearer": {
                    "type": "aws_iam_instance_profile",
                    "depends_on": [],
                    "primary": {
                        "id": "Arclight-Cache-Clearer",
                        "attributes": {
                            "arn": "arn:aws:iam::894231352815:instance-profile/Arclight-Cache-Clearer",
                            "create_date": "2017-07-18T17:50:44Z",
                            "id": "Arclight-Cache-Clearer",
                            "name": "Arclight-Cache-Clearer",
                            "path": "/",
                            "role": "Arclight-Cache-Clearer",
                            "tags.%": "0",
                            "tags_all.%": "0",
                            "unique_id": "AIPAJYL2IIK24OM23KDLQ"
                        },
                        "meta": {
                            "schema_version": 0
                        },
                        "tainted": false
                    },
                    "deposed": [],
                    "provider": "provider.aws"
                },
                "aws_iam_instance_profile.tfer--Arclight-Config-Fetcher": {
                    "type": "aws_iam_instance_profile",
                    "depends_on": [],
                    "primary": {
                        "id": "Arclight-Config-Fetcher",
                        "attributes": {
                            "arn": "arn:aws:iam::894231352815:instance-profile/Arclight-Config-Fetcher",
                            "create_date": "2017-07-03T20:44:35Z",
                            "id": "Arclight-Config-Fetcher",
                            "name": "Arclight-Config-Fetcher",
                            "path": "/",
                            "role": "Arclight-Config-Fetcher",
                            "tags.%": "0",
                            "tags_all.%": "0",
                            "unique_id": "AIPAJ55NX2WSGAQNO7IK2"
                        },
                        "meta": {
                            "schema_version": 0
                        },
                        "tainted": false
                    },
                    "deposed": [],
                    "provider": "provider.aws"
                },
                "aws_iam_instance_profile.tfer--DataPipelineDefaultResourceRole": {
                    "type": "aws_iam_instance_profile",
                    "depends_on": [],
                    "primary": {
                        "id": "DataPipelineDefaultResourceRole",
                        "attributes": {
                            "arn": "arn:aws:iam::894231352815:instance-profile/DataPipelineDefaultResourceRole",
                            "create_date": "2021-05-22T13:10:16Z",
                            "id": "DataPipelineDefaultResourceRole",
                            "name": "DataPipelineDefaultResourceRole",
                            "path": "/",
                            "role": "DataPipelineDefaultResourceRole",
                            "tags.%": "0",
                            "tags_all.%": "0",
                            "unique_id": "AIPA5ANCXSXX4H52NRYLG"
                        },
                        "meta": {
                            "schema_version": 0
                        },
                        "tainted": false
                    },
                    "deposed": [],
                    "provider": "provider.aws"
                },
                "aws_iam_instance_profile.tfer--EMR_EC2_DefaultRole": {
                    "type": "aws_iam_instance_profile",
                    "depends_on": [],
                    "primary": {
                        "id": "EMR_EC2_DefaultRole",
                        "attributes": {
                            "arn": "arn:aws:iam::894231352815:instance-profile/EMR_EC2_DefaultRole",
                            "create_date": "2015-05-04T18:28:36Z",
                            "id": "EMR_EC2_DefaultRole",
                            "name": "EMR_EC2_DefaultRole",
                            "path": "/",
                            "role": "EMR_EC2_DefaultRole",
                            "tags.%": "0",
                            "tags_all.%": "0",
                            "unique_id": "AIPAIVC7KHKFEEDOCU3RS"
                        },
                        "meta": {
                            "schema_version": 0
                        },
                        "tainted": false
                    },
                    "deposed": [],
                    "provider": "provider.aws"
                },
                "aws_iam_instance_profile.tfer--JesusFilmCoreEKSWorkerNodeRole": {
                    "type": "aws_iam_instance_profile",
                    "depends_on": [],
                    "primary": {
                        "id": "JesusFilmCoreEKSWorkerNodeRole",
                        "attributes": {
                            "arn": "arn:aws:iam::894231352815:instance-profile/JesusFilmCoreEKSWorkerNodeRole",
                            "create_date": "2022-06-04T17:55:12Z",
                            "id": "JesusFilmCoreEKSWorkerNodeRole",
                            "name": "JesusFilmCoreEKSWorkerNodeRole",
                            "path": "/",
                            "role": "JesusFilmCoreEKSWorkerNodeRole",
                            "tags.%": "0",
                            "tags_all.%": "0",
                            "unique_id": "AIPA5ANCXSXXTIK3ZQAX2"
                        },
                        "meta": {
                            "schema_version": 0
                        },
                        "tainted": false
                    },
                    "deposed": [],
                    "provider": "provider.aws"
                },
                "aws_iam_instance_profile.tfer--apollo-gateway-instance-iam-profile-prod": {
                    "type": "aws_iam_instance_profile",
                    "depends_on": [],
                    "primary": {
                        "id": "apollo-gateway-instance-iam-profile-prod",
                        "attributes": {
                            "arn": "arn:aws:iam::894231352815:instance-profile/apollo-gateway-instance-iam-profile-prod",
                            "create_date": "2021-10-11T06:24:22Z",
                            "id": "apollo-gateway-instance-iam-profile-prod",
                            "name": "apollo-gateway-instance-iam-profile-prod",
                            "path": "/",
                            "role": "core-apollo-gateway",
                            "tags.%": "0",
                            "tags_all.%": "0",
                            "unique_id": "AIPA5ANCXSXX64HTNXZAX"
                        },
                        "meta": {
                            "schema_version": 0
                        },
                        "tainted": false
                    },
                    "deposed": [],
                    "provider": "provider.aws"
                },
                "aws_iam_instance_profile.tfer--apollo-gateway-instance-iam-profile-stage": {
                    "type": "aws_iam_instance_profile",
                    "depends_on": [],
                    "primary": {
                        "id": "apollo-gateway-instance-iam-profile-stage",
                        "attributes": {
                            "arn": "arn:aws:iam::894231352815:instance-profile/apollo-gateway-instance-iam-profile-stage",
                            "create_date": "2021-10-11T07:16:34Z",
                            "id": "apollo-gateway-instance-iam-profile-stage",
                            "name": "apollo-gateway-instance-iam-profile-stage",
                            "path": "/",
                            "role": "core-apollo-gateway",
                            "tags.%": "0",
                            "tags_all.%": "0",
                            "unique_id": "AIPA5ANCXSXX2USICORBY"
                        },
                        "meta": {
                            "schema_version": 0
                        },
                        "tainted": false
                    },
                    "deposed": [],
                    "provider": "provider.aws"
                },
                "aws_iam_instance_profile.tfer--aws-elasticbeanstalk-ec2-role": {
                    "type": "aws_iam_instance_profile",
                    "depends_on": [],
                    "primary": {
                        "id": "aws-elasticbeanstalk-ec2-role",
                        "attributes": {
                            "arn": "arn:aws:iam::894231352815:instance-profile/aws-elasticbeanstalk-ec2-role",
                            "create_date": "2014-01-28T14:41:10Z",
                            "id": "aws-elasticbeanstalk-ec2-role",
                            "name": "aws-elasticbeanstalk-ec2-role",
                            "path": "/",
                            "role": "aws-elasticbeanstalk-ec2-role",
                            "tags.%": "0",
                            "tags_all.%": "0",
                            "unique_id": "AIPAIDQZAKEGPOS27DOCK"
                        },
                        "meta": {
                            "schema_version": 0
                        },
                        "tainted": false
                    },
                    "deposed": [],
                    "provider": "provider.aws"
                },
                "aws_iam_instance_profile.tfer--core-apollo-gateway": {
                    "type": "aws_iam_instance_profile",
                    "depends_on": [],
                    "primary": {
                        "id": "core-apollo-gateway",
                        "attributes": {
                            "arn": "arn:aws:iam::894231352815:instance-profile/core-apollo-gateway",
                            "create_date": "2021-10-11T00:24:12Z",
                            "id": "core-apollo-gateway",
                            "name": "core-apollo-gateway",
                            "path": "/",
                            "role": "core-apollo-gateway",
                            "tags.%": "0",
                            "tags_all.%": "0",
                            "unique_id": "AIPA5ANCXSXXQOLVCIHJ2"
                        },
                        "meta": {
                            "schema_version": 0
                        },
                        "tainted": false
                    },
                    "deposed": [],
                    "provider": "provider.aws"
                },
                "aws_iam_instance_profile.tfer--ecsInstanceRole": {
                    "type": "aws_iam_instance_profile",
                    "depends_on": [],
                    "primary": {
                        "id": "ecsInstanceRole",
                        "attributes": {
                            "arn": "arn:aws:iam::894231352815:instance-profile/ecsInstanceRole",
                            "create_date": "2018-10-13T17:33:38Z",
                            "id": "ecsInstanceRole",
                            "name": "ecsInstanceRole",
                            "path": "/",
                            "role": "ecsInstanceRole",
                            "tags.%": "0",
                            "tags_all.%": "0",
                            "unique_id": "AIPAIFQ7ZWCDI2RRI5OB2"
                        },
                        "meta": {
                            "schema_version": 0
                        },
                        "tainted": false
                    },
                    "deposed": [],
                    "provider": "provider.aws"
                },
                "aws_iam_instance_profile.tfer--eks-44c0982c-e213-b4b9-339a-f2fe936b5f86": {
                    "type": "aws_iam_instance_profile",
                    "depends_on": [],
                    "primary": {
                        "id": "eks-44c0982c-e213-b4b9-339a-f2fe936b5f86",
                        "attributes": {
                            "arn": "arn:aws:iam::894231352815:instance-profile/eks-44c0982c-e213-b4b9-339a-f2fe936b5f86",
                            "create_date": "2022-06-04T20:13:24Z",
                            "id": "eks-44c0982c-e213-b4b9-339a-f2fe936b5f86",
                            "name": "eks-44c0982c-e213-b4b9-339a-f2fe936b5f86",
                            "path": "/",
                            "role": "JesusFilmCoreEKSWorkerNodeRole",
                            "tags.%": "0",
                            "tags_all.%": "0",
                            "unique_id": "AIPA5ANCXSXX4SERYJ7TQ"
                        },
                        "meta": {
                            "schema_version": 0
                        },
                        "tainted": false
                    },
                    "deposed": [],
                    "provider": "provider.aws"
                },
                "aws_iam_instance_profile.tfer--eks-acc0982c-86db-4719-77b5-b8974aeb2772": {
                    "type": "aws_iam_instance_profile",
                    "depends_on": [],
                    "primary": {
                        "id": "eks-acc0982c-86db-4719-77b5-b8974aeb2772",
                        "attributes": {
                            "arn": "arn:aws:iam::894231352815:instance-profile/eks-acc0982c-86db-4719-77b5-b8974aeb2772",
                            "create_date": "2022-06-04T20:13:15Z",
                            "id": "eks-acc0982c-86db-4719-77b5-b8974aeb2772",
                            "name": "eks-acc0982c-86db-4719-77b5-b8974aeb2772",
                            "path": "/",
                            "role": "JesusFilmCoreEKSWorkerNodeRole",
                            "tags.%": "0",
                            "tags_all.%": "0",
                            "unique_id": "AIPA5ANCXSXX64WWVBQIF"
                        },
                        "meta": {
                            "schema_version": 0
                        },
                        "tainted": false
                    },
                    "deposed": [],
                    "provider": "provider.aws"
                },
                "aws_iam_policy.tfer--AWSCodePipelineServiceRole-us-east-1-admin-preprod": {
                    "type": "aws_iam_policy",
                    "depends_on": [],
                    "primary": {
                        "id": "arn:aws:iam::894231352815:policy/service-role/AWSCodePipelineServiceRole-us-east-1-admin-preprod",
                        "attributes": {
                            "arn": "arn:aws:iam::894231352815:policy/service-role/AWSCodePipelineServiceRole-us-east-1-admin-preprod",
                            "description": "Policy used in trust relationship with CodePipeline",
                            "id": "arn:aws:iam::894231352815:policy/service-role/AWSCodePipelineServiceRole-us-east-1-admin-preprod",
                            "name": "AWSCodePipelineServiceRole-us-east-1-admin-preprod",
                            "path": "/service-role/",
                            "policy": "{\"Statement\":[{\"Action\":[\"iam:PassRole\"],\"Condition\":{\"StringEqualsIfExists\":{\"iam:PassedToService\":[\"cloudformation.amazonaws.com\",\"elasticbeanstalk.amazonaws.com\",\"ec2.amazonaws.com\",\"ecs-tasks.amazonaws.com\"]}},\"Effect\":\"Allow\",\"Resource\":\"*\"},{\"Action\":[\"codecommit:CancelUploadArchive\",\"codecommit:GetBranch\",\"codecommit:GetCommit\",\"codecommit:GetRepository\",\"codecommit:GetUploadArchiveStatus\",\"codecommit:UploadArchive\"],\"Effect\":\"Allow\",\"Resource\":\"*\"},{\"Action\":[\"codedeploy:CreateDeployment\",\"codedeploy:GetApplication\",\"codedeploy:GetApplicationRevision\",\"codedeploy:GetDeployment\",\"codedeploy:GetDeploymentConfig\",\"codedeploy:RegisterApplicationRevision\"],\"Effect\":\"Allow\",\"Resource\":\"*\"},{\"Action\":[\"codestar-connections:UseConnection\"],\"Effect\":\"Allow\",\"Resource\":\"*\"},{\"Action\":[\"elasticbeanstalk:*\",\"ec2:*\",\"elasticloadbalancing:*\",\"autoscaling:*\",\"cloudwatch:*\",\"s3:*\",\"sns:*\",\"cloudformation:*\",\"rds:*\",\"sqs:*\",\"ecs:*\"],\"Effect\":\"Allow\",\"Resource\":\"*\"},{\"Action\":[\"lambda:InvokeFunction\",\"lambda:ListFunctions\"],\"Effect\":\"Allow\",\"Resource\":\"*\"},{\"Action\":[\"opsworks:CreateDeployment\",\"opsworks:DescribeApps\",\"opsworks:DescribeCommands\",\"opsworks:DescribeDeployments\",\"opsworks:DescribeInstances\",\"opsworks:DescribeStacks\",\"opsworks:UpdateApp\",\"opsworks:UpdateStack\"],\"Effect\":\"Allow\",\"Resource\":\"*\"},{\"Action\":[\"cloudformation:CreateStack\",\"cloudformation:DeleteStack\",\"cloudformation:DescribeStacks\",\"cloudformation:UpdateStack\",\"cloudformation:CreateChangeSet\",\"cloudformation:DeleteChangeSet\",\"cloudformation:DescribeChangeSet\",\"cloudformation:ExecuteChangeSet\",\"cloudformation:SetStackPolicy\",\"cloudformation:ValidateTemplate\"],\"Effect\":\"Allow\",\"Resource\":\"*\"},{\"Action\":[\"codebuild:BatchGetBuilds\",\"codebuild:StartBuild\",\"codebuild:BatchGetBuildBatches\",\"codebuild:StartBuildBatch\"],\"Effect\":\"Allow\",\"Resource\":\"*\"},{\"Action\":[\"devicefarm:ListProjects\",\"devicefarm:ListDevicePools\",\"devicefarm:GetRun\",\"devicefarm:GetUpload\",\"devicefarm:CreateUpload\",\"devicefarm:ScheduleRun\"],\"Effect\":\"Allow\",\"Resource\":\"*\"},{\"Action\":[\"servicecatalog:ListProvisioningArtifacts\",\"servicecatalog:CreateProvisioningArtifact\",\"servicecatalog:DescribeProvisioningArtifact\",\"servicecatalog:DeleteProvisioningArtifact\",\"servicecatalog:UpdateProduct\"],\"Effect\":\"Allow\",\"Resource\":\"*\"},{\"Action\":[\"cloudformation:ValidateTemplate\"],\"Effect\":\"Allow\",\"Resource\":\"*\"},{\"Action\":[\"ecr:DescribeImages\"],\"Effect\":\"Allow\",\"Resource\":\"*\"},{\"Action\":[\"states:DescribeExecution\",\"states:DescribeStateMachine\",\"states:StartExecution\"],\"Effect\":\"Allow\",\"Resource\":\"*\"},{\"Action\":[\"appconfig:StartDeployment\",\"appconfig:StopDeployment\",\"appconfig:GetDeployment\"],\"Effect\":\"Allow\",\"Resource\":\"*\"}],\"Version\":\"2012-10-17\"}",
                            "policy_id": "ANPA5ANCXSXXXQKRJQ5FX",
                            "tags.%": "0",
                            "tags_all.%": "0"
                        },
                        "meta": {
                            "schema_version": 0
                        },
                        "tainted": false
                    },
                    "deposed": [],
                    "provider": "provider.aws"
                },
                "aws_iam_policy.tfer--AWSCodePipelineServiceRole-us-east-1-admin-prod": {
                    "type": "aws_iam_policy",
                    "depends_on": [],
                    "primary": {
                        "id": "arn:aws:iam::894231352815:policy/service-role/AWSCodePipelineServiceRole-us-east-1-admin-prod",
                        "attributes": {
                            "arn": "arn:aws:iam::894231352815:policy/service-role/AWSCodePipelineServiceRole-us-east-1-admin-prod",
                            "description": "Policy used in trust relationship with CodePipeline",
                            "id": "arn:aws:iam::894231352815:policy/service-role/AWSCodePipelineServiceRole-us-east-1-admin-prod",
                            "name": "AWSCodePipelineServiceRole-us-east-1-admin-prod",
                            "path": "/service-role/",
                            "policy": "{\"Statement\":[{\"Action\":[\"iam:PassRole\"],\"Condition\":{\"StringEqualsIfExists\":{\"iam:PassedToService\":[\"cloudformation.amazonaws.com\",\"elasticbeanstalk.amazonaws.com\",\"ec2.amazonaws.com\",\"ecs-tasks.amazonaws.com\"]}},\"Effect\":\"Allow\",\"Resource\":\"*\"},{\"Action\":[\"codecommit:CancelUploadArchive\",\"codecommit:GetBranch\",\"codecommit:GetCommit\",\"codecommit:GetRepository\",\"codecommit:GetUploadArchiveStatus\",\"codecommit:UploadArchive\"],\"Effect\":\"Allow\",\"Resource\":\"*\"},{\"Action\":[\"codedeploy:CreateDeployment\",\"codedeploy:GetApplication\",\"codedeploy:GetApplicationRevision\",\"codedeploy:GetDeployment\",\"codedeploy:GetDeploymentConfig\",\"codedeploy:RegisterApplicationRevision\"],\"Effect\":\"Allow\",\"Resource\":\"*\"},{\"Action\":[\"codestar-connections:UseConnection\"],\"Effect\":\"Allow\",\"Resource\":\"*\"},{\"Action\":[\"elasticbeanstalk:*\",\"ec2:*\",\"elasticloadbalancing:*\",\"autoscaling:*\",\"cloudwatch:*\",\"s3:*\",\"sns:*\",\"cloudformation:*\",\"rds:*\",\"sqs:*\",\"ecs:*\"],\"Effect\":\"Allow\",\"Resource\":\"*\"},{\"Action\":[\"lambda:InvokeFunction\",\"lambda:ListFunctions\"],\"Effect\":\"Allow\",\"Resource\":\"*\"},{\"Action\":[\"opsworks:CreateDeployment\",\"opsworks:DescribeApps\",\"opsworks:DescribeCommands\",\"opsworks:DescribeDeployments\",\"opsworks:DescribeInstances\",\"opsworks:DescribeStacks\",\"opsworks:UpdateApp\",\"opsworks:UpdateStack\"],\"Effect\":\"Allow\",\"Resource\":\"*\"},{\"Action\":[\"cloudformation:CreateStack\",\"cloudformation:DeleteStack\",\"cloudformation:DescribeStacks\",\"cloudformation:UpdateStack\",\"cloudformation:CreateChangeSet\",\"cloudformation:DeleteChangeSet\",\"cloudformation:DescribeChangeSet\",\"cloudformation:ExecuteChangeSet\",\"cloudformation:SetStackPolicy\",\"cloudformation:ValidateTemplate\"],\"Effect\":\"Allow\",\"Resource\":\"*\"},{\"Action\":[\"codebuild:BatchGetBuilds\",\"codebuild:StartBuild\",\"codebuild:BatchGetBuildBatches\",\"codebuild:StartBuildBatch\"],\"Effect\":\"Allow\",\"Resource\":\"*\"},{\"Action\":[\"devicefarm:ListProjects\",\"devicefarm:ListDevicePools\",\"devicefarm:GetRun\",\"devicefarm:GetUpload\",\"devicefarm:CreateUpload\",\"devicefarm:ScheduleRun\"],\"Effect\":\"Allow\",\"Resource\":\"*\"},{\"Action\":[\"servicecatalog:ListProvisioningArtifacts\",\"servicecatalog:CreateProvisioningArtifact\",\"servicecatalog:DescribeProvisioningArtifact\",\"servicecatalog:DeleteProvisioningArtifact\",\"servicecatalog:UpdateProduct\"],\"Effect\":\"Allow\",\"Resource\":\"*\"},{\"Action\":[\"cloudformation:ValidateTemplate\"],\"Effect\":\"Allow\",\"Resource\":\"*\"},{\"Action\":[\"ecr:DescribeImages\"],\"Effect\":\"Allow\",\"Resource\":\"*\"},{\"Action\":[\"states:DescribeExecution\",\"states:DescribeStateMachine\",\"states:StartExecution\"],\"Effect\":\"Allow\",\"Resource\":\"*\"},{\"Action\":[\"appconfig:StartDeployment\",\"appconfig:StopDeployment\",\"appconfig:GetDeployment\"],\"Effect\":\"Allow\",\"Resource\":\"*\"}],\"Version\":\"2012-10-17\"}",
                            "policy_id": "ANPA5ANCXSXX5QBDUBVJP",
                            "tags.%": "0",
                            "tags_all.%": "0"
                        },
                        "meta": {
                            "schema_version": 0
                        },
                        "tainted": false
                    },
                    "deposed": [],
                    "provider": "provider.aws"
                },
                "aws_iam_policy.tfer--AWSCodePipelineServiceRole-us-east-1-admin-qa": {
                    "type": "aws_iam_policy",
                    "depends_on": [],
                    "primary": {
                        "id": "arn:aws:iam::894231352815:policy/service-role/AWSCodePipelineServiceRole-us-east-1-admin-qa",
                        "attributes": {
                            "arn": "arn:aws:iam::894231352815:policy/service-role/AWSCodePipelineServiceRole-us-east-1-admin-qa",
                            "description": "Policy used in trust relationship with CodePipeline",
                            "id": "arn:aws:iam::894231352815:policy/service-role/AWSCodePipelineServiceRole-us-east-1-admin-qa",
                            "name": "AWSCodePipelineServiceRole-us-east-1-admin-qa",
                            "path": "/service-role/",
                            "policy": "{\"Statement\":[{\"Action\":[\"iam:PassRole\"],\"Condition\":{\"StringEqualsIfExists\":{\"iam:PassedToService\":[\"cloudformation.amazonaws.com\",\"elasticbeanstalk.amazonaws.com\",\"ec2.amazonaws.com\",\"ecs-tasks.amazonaws.com\"]}},\"Effect\":\"Allow\",\"Resource\":\"*\"},{\"Action\":[\"codecommit:CancelUploadArchive\",\"codecommit:GetBranch\",\"codecommit:GetCommit\",\"codecommit:GetRepository\",\"codecommit:GetUploadArchiveStatus\",\"codecommit:UploadArchive\"],\"Effect\":\"Allow\",\"Resource\":\"*\"},{\"Action\":[\"codedeploy:CreateDeployment\",\"codedeploy:GetApplication\",\"codedeploy:GetApplicationRevision\",\"codedeploy:GetDeployment\",\"codedeploy:GetDeploymentConfig\",\"codedeploy:RegisterApplicationRevision\"],\"Effect\":\"Allow\",\"Resource\":\"*\"},{\"Action\":[\"codestar-connections:UseConnection\"],\"Effect\":\"Allow\",\"Resource\":\"*\"},{\"Action\":[\"elasticbeanstalk:*\",\"ec2:*\",\"elasticloadbalancing:*\",\"autoscaling:*\",\"cloudwatch:*\",\"s3:*\",\"sns:*\",\"cloudformation:*\",\"rds:*\",\"sqs:*\",\"ecs:*\"],\"Effect\":\"Allow\",\"Resource\":\"*\"},{\"Action\":[\"lambda:InvokeFunction\",\"lambda:ListFunctions\"],\"Effect\":\"Allow\",\"Resource\":\"*\"},{\"Action\":[\"opsworks:CreateDeployment\",\"opsworks:DescribeApps\",\"opsworks:DescribeCommands\",\"opsworks:DescribeDeployments\",\"opsworks:DescribeInstances\",\"opsworks:DescribeStacks\",\"opsworks:UpdateApp\",\"opsworks:UpdateStack\"],\"Effect\":\"Allow\",\"Resource\":\"*\"},{\"Action\":[\"cloudformation:CreateStack\",\"cloudformation:DeleteStack\",\"cloudformation:DescribeStacks\",\"cloudformation:UpdateStack\",\"cloudformation:CreateChangeSet\",\"cloudformation:DeleteChangeSet\",\"cloudformation:DescribeChangeSet\",\"cloudformation:ExecuteChangeSet\",\"cloudformation:SetStackPolicy\",\"cloudformation:ValidateTemplate\"],\"Effect\":\"Allow\",\"Resource\":\"*\"},{\"Action\":[\"codebuild:BatchGetBuilds\",\"codebuild:StartBuild\",\"codebuild:BatchGetBuildBatches\",\"codebuild:StartBuildBatch\"],\"Effect\":\"Allow\",\"Resource\":\"*\"},{\"Action\":[\"devicefarm:ListProjects\",\"devicefarm:ListDevicePools\",\"devicefarm:GetRun\",\"devicefarm:GetUpload\",\"devicefarm:CreateUpload\",\"devicefarm:ScheduleRun\"],\"Effect\":\"Allow\",\"Resource\":\"*\"},{\"Action\":[\"servicecatalog:ListProvisioningArtifacts\",\"servicecatalog:CreateProvisioningArtifact\",\"servicecatalog:DescribeProvisioningArtifact\",\"servicecatalog:DeleteProvisioningArtifact\",\"servicecatalog:UpdateProduct\"],\"Effect\":\"Allow\",\"Resource\":\"*\"},{\"Action\":[\"cloudformation:ValidateTemplate\"],\"Effect\":\"Allow\",\"Resource\":\"*\"},{\"Action\":[\"ecr:DescribeImages\"],\"Effect\":\"Allow\",\"Resource\":\"*\"},{\"Action\":[\"states:DescribeExecution\",\"states:DescribeStateMachine\",\"states:StartExecution\"],\"Effect\":\"Allow\",\"Resource\":\"*\"},{\"Action\":[\"appconfig:StartDeployment\",\"appconfig:StopDeployment\",\"appconfig:GetDeployment\"],\"Effect\":\"Allow\",\"Resource\":\"*\"}],\"Version\":\"2012-10-17\"}",
                            "policy_id": "ANPA5ANCXSXXTXYXZVOIA",
                            "tags.%": "0",
                            "tags_all.%": "0"
                        },
                        "meta": {
                            "schema_version": 0
                        },
                        "tainted": false
                    },
                    "deposed": [],
                    "provider": "provider.aws"
                },
                "aws_iam_policy.tfer--AWSCodePipelineServiceRole-us-east-1-api-preprod": {
                    "type": "aws_iam_policy",
                    "depends_on": [],
                    "primary": {
                        "id": "arn:aws:iam::894231352815:policy/service-role/AWSCodePipelineServiceRole-us-east-1-api-preprod",
                        "attributes": {
                            "arn": "arn:aws:iam::894231352815:policy/service-role/AWSCodePipelineServiceRole-us-east-1-api-preprod",
                            "description": "Policy used in trust relationship with CodePipeline",
                            "id": "arn:aws:iam::894231352815:policy/service-role/AWSCodePipelineServiceRole-us-east-1-api-preprod",
                            "name": "AWSCodePipelineServiceRole-us-east-1-api-preprod",
                            "path": "/service-role/",
                            "policy": "{\"Statement\":[{\"Action\":[\"iam:PassRole\"],\"Condition\":{\"StringEqualsIfExists\":{\"iam:PassedToService\":[\"cloudformation.amazonaws.com\",\"elasticbeanstalk.amazonaws.com\",\"ec2.amazonaws.com\",\"ecs-tasks.amazonaws.com\"]}},\"Effect\":\"Allow\",\"Resource\":\"*\"},{\"Action\":[\"codecommit:CancelUploadArchive\",\"codecommit:GetBranch\",\"codecommit:GetCommit\",\"codecommit:GetUploadArchiveStatus\",\"codecommit:UploadArchive\"],\"Effect\":\"Allow\",\"Resource\":\"*\"},{\"Action\":[\"codedeploy:CreateDeployment\",\"codedeploy:GetApplication\",\"codedeploy:GetApplicationRevision\",\"codedeploy:GetDeployment\",\"codedeploy:GetDeploymentConfig\",\"codedeploy:RegisterApplicationRevision\"],\"Effect\":\"Allow\",\"Resource\":\"*\"},{\"Action\":[\"codestar-connections:UseConnection\"],\"Effect\":\"Allow\",\"Resource\":\"*\"},{\"Action\":[\"elasticbeanstalk:*\",\"ec2:*\",\"elasticloadbalancing:*\",\"autoscaling:*\",\"cloudwatch:*\",\"s3:*\",\"sns:*\",\"cloudformation:*\",\"rds:*\",\"sqs:*\",\"ecs:*\"],\"Effect\":\"Allow\",\"Resource\":\"*\"},{\"Action\":[\"lambda:InvokeFunction\",\"lambda:ListFunctions\"],\"Effect\":\"Allow\",\"Resource\":\"*\"},{\"Action\":[\"opsworks:CreateDeployment\",\"opsworks:DescribeApps\",\"opsworks:DescribeCommands\",\"opsworks:DescribeDeployments\",\"opsworks:DescribeInstances\",\"opsworks:DescribeStacks\",\"opsworks:UpdateApp\",\"opsworks:UpdateStack\"],\"Effect\":\"Allow\",\"Resource\":\"*\"},{\"Action\":[\"cloudformation:CreateStack\",\"cloudformation:DeleteStack\",\"cloudformation:DescribeStacks\",\"cloudformation:UpdateStack\",\"cloudformation:CreateChangeSet\",\"cloudformation:DeleteChangeSet\",\"cloudformation:DescribeChangeSet\",\"cloudformation:ExecuteChangeSet\",\"cloudformation:SetStackPolicy\",\"cloudformation:ValidateTemplate\"],\"Effect\":\"Allow\",\"Resource\":\"*\"},{\"Action\":[\"codebuild:BatchGetBuilds\",\"codebuild:StartBuild\",\"codebuild:BatchGetBuildBatches\",\"codebuild:StartBuildBatch\"],\"Effect\":\"Allow\",\"Resource\":\"*\"},{\"Action\":[\"devicefarm:ListProjects\",\"devicefarm:ListDevicePools\",\"devicefarm:GetRun\",\"devicefarm:GetUpload\",\"devicefarm:CreateUpload\",\"devicefarm:ScheduleRun\"],\"Effect\":\"Allow\",\"Resource\":\"*\"},{\"Action\":[\"servicecatalog:ListProvisioningArtifacts\",\"servicecatalog:CreateProvisioningArtifact\",\"servicecatalog:DescribeProvisioningArtifact\",\"servicecatalog:DeleteProvisioningArtifact\",\"servicecatalog:UpdateProduct\"],\"Effect\":\"Allow\",\"Resource\":\"*\"},{\"Action\":[\"cloudformation:ValidateTemplate\"],\"Effect\":\"Allow\",\"Resource\":\"*\"},{\"Action\":[\"ecr:DescribeImages\"],\"Effect\":\"Allow\",\"Resource\":\"*\"},{\"Action\":[\"states:DescribeExecution\",\"states:DescribeStateMachine\",\"states:StartExecution\"],\"Effect\":\"Allow\",\"Resource\":\"*\"},{\"Action\":[\"appconfig:StartDeployment\",\"appconfig:StopDeployment\",\"appconfig:GetDeployment\"],\"Effect\":\"Allow\",\"Resource\":\"*\"}],\"Version\":\"2012-10-17\"}",
                            "policy_id": "ANPA5ANCXSXXVH7WAXM6F",
                            "tags.%": "0",
                            "tags_all.%": "0"
                        },
                        "meta": {
                            "schema_version": 0
                        },
                        "tainted": false
                    },
                    "deposed": [],
                    "provider": "provider.aws"
                },
                "aws_iam_policy.tfer--AWSCodePipelineServiceRole-us-east-1-api-preprod-admin": {
                    "type": "aws_iam_policy",
                    "depends_on": [],
                    "primary": {
                        "id": "arn:aws:iam::894231352815:policy/service-role/AWSCodePipelineServiceRole-us-east-1-api-preprod-admin",
                        "attributes": {
                            "arn": "arn:aws:iam::894231352815:policy/service-role/AWSCodePipelineServiceRole-us-east-1-api-preprod-admin",
                            "description": "Policy used in trust relationship with CodePipeline",
                            "id": "arn:aws:iam::894231352815:policy/service-role/AWSCodePipelineServiceRole-us-east-1-api-preprod-admin",
                            "name": "AWSCodePipelineServiceRole-us-east-1-api-preprod-admin",
                            "path": "/service-role/",
                            "policy": "{\"Statement\":[{\"Action\":[\"iam:PassRole\"],\"Condition\":{\"StringEqualsIfExists\":{\"iam:PassedToService\":[\"cloudformation.amazonaws.com\",\"elasticbeanstalk.amazonaws.com\",\"ec2.amazonaws.com\",\"ecs-tasks.amazonaws.com\"]}},\"Effect\":\"Allow\",\"Resource\":\"*\"},{\"Action\":[\"codecommit:CancelUploadArchive\",\"codecommit:GetBranch\",\"codecommit:GetCommit\",\"codecommit:GetUploadArchiveStatus\",\"codecommit:UploadArchive\"],\"Effect\":\"Allow\",\"Resource\":\"*\"},{\"Action\":[\"codedeploy:CreateDeployment\",\"codedeploy:GetApplication\",\"codedeploy:GetApplicationRevision\",\"codedeploy:GetDeployment\",\"codedeploy:GetDeploymentConfig\",\"codedeploy:RegisterApplicationRevision\"],\"Effect\":\"Allow\",\"Resource\":\"*\"},{\"Action\":[\"codestar-connections:UseConnection\"],\"Effect\":\"Allow\",\"Resource\":\"*\"},{\"Action\":[\"elasticbeanstalk:*\",\"ec2:*\",\"elasticloadbalancing:*\",\"autoscaling:*\",\"cloudwatch:*\",\"s3:*\",\"sns:*\",\"cloudformation:*\",\"rds:*\",\"sqs:*\",\"ecs:*\"],\"Effect\":\"Allow\",\"Resource\":\"*\"},{\"Action\":[\"lambda:InvokeFunction\",\"lambda:ListFunctions\"],\"Effect\":\"Allow\",\"Resource\":\"*\"},{\"Action\":[\"opsworks:CreateDeployment\",\"opsworks:DescribeApps\",\"opsworks:DescribeCommands\",\"opsworks:DescribeDeployments\",\"opsworks:DescribeInstances\",\"opsworks:DescribeStacks\",\"opsworks:UpdateApp\",\"opsworks:UpdateStack\"],\"Effect\":\"Allow\",\"Resource\":\"*\"},{\"Action\":[\"cloudformation:CreateStack\",\"cloudformation:DeleteStack\",\"cloudformation:DescribeStacks\",\"cloudformation:UpdateStack\",\"cloudformation:CreateChangeSet\",\"cloudformation:DeleteChangeSet\",\"cloudformation:DescribeChangeSet\",\"cloudformation:ExecuteChangeSet\",\"cloudformation:SetStackPolicy\",\"cloudformation:ValidateTemplate\"],\"Effect\":\"Allow\",\"Resource\":\"*\"},{\"Action\":[\"codebuild:BatchGetBuilds\",\"codebuild:StartBuild\",\"codebuild:BatchGetBuildBatches\",\"codebuild:StartBuildBatch\"],\"Effect\":\"Allow\",\"Resource\":\"*\"},{\"Action\":[\"devicefarm:ListProjects\",\"devicefarm:ListDevicePools\",\"devicefarm:GetRun\",\"devicefarm:GetUpload\",\"devicefarm:CreateUpload\",\"devicefarm:ScheduleRun\"],\"Effect\":\"Allow\",\"Resource\":\"*\"},{\"Action\":[\"servicecatalog:ListProvisioningArtifacts\",\"servicecatalog:CreateProvisioningArtifact\",\"servicecatalog:DescribeProvisioningArtifact\",\"servicecatalog:DeleteProvisioningArtifact\",\"servicecatalog:UpdateProduct\"],\"Effect\":\"Allow\",\"Resource\":\"*\"},{\"Action\":[\"cloudformation:ValidateTemplate\"],\"Effect\":\"Allow\",\"Resource\":\"*\"},{\"Action\":[\"ecr:DescribeImages\"],\"Effect\":\"Allow\",\"Resource\":\"*\"},{\"Action\":[\"states:DescribeExecution\",\"states:DescribeStateMachine\",\"states:StartExecution\"],\"Effect\":\"Allow\",\"Resource\":\"*\"},{\"Action\":[\"appconfig:StartDeployment\",\"appconfig:StopDeployment\",\"appconfig:GetDeployment\"],\"Effect\":\"Allow\",\"Resource\":\"*\"}],\"Version\":\"2012-10-17\"}",
                            "policy_id": "ANPA5ANCXSXXSOD3WCG5S",
                            "tags.%": "0",
                            "tags_all.%": "0"
                        },
                        "meta": {
                            "schema_version": 0
                        },
                        "tainted": false
                    },
                    "deposed": [],
                    "provider": "provider.aws"
                },
                "aws_iam_policy.tfer--AWSCodePipelineServiceRole-us-east-1-api-prod": {
                    "type": "aws_iam_policy",
                    "depends_on": [],
                    "primary": {
                        "id": "arn:aws:iam::894231352815:policy/service-role/AWSCodePipelineServiceRole-us-east-1-api-prod",
                        "attributes": {
                            "arn": "arn:aws:iam::894231352815:policy/service-role/AWSCodePipelineServiceRole-us-east-1-api-prod",
                            "description": "Policy used in trust relationship with CodePipeline",
                            "id": "arn:aws:iam::894231352815:policy/service-role/AWSCodePipelineServiceRole-us-east-1-api-prod",
                            "name": "AWSCodePipelineServiceRole-us-east-1-api-prod",
                            "path": "/service-role/",
                            "policy": "{\"Statement\":[{\"Action\":[\"iam:PassRole\"],\"Condition\":{\"StringEqualsIfExists\":{\"iam:PassedToService\":[\"cloudformation.amazonaws.com\",\"elasticbeanstalk.amazonaws.com\",\"ec2.amazonaws.com\",\"ecs-tasks.amazonaws.com\"]}},\"Effect\":\"Allow\",\"Resource\":\"*\"},{\"Action\":[\"codecommit:CancelUploadArchive\",\"codecommit:GetBranch\",\"codecommit:GetCommit\",\"codecommit:GetUploadArchiveStatus\",\"codecommit:UploadArchive\"],\"Effect\":\"Allow\",\"Resource\":\"*\"},{\"Action\":[\"codedeploy:CreateDeployment\",\"codedeploy:GetApplication\",\"codedeploy:GetApplicationRevision\",\"codedeploy:GetDeployment\",\"codedeploy:GetDeploymentConfig\",\"codedeploy:RegisterApplicationRevision\"],\"Effect\":\"Allow\",\"Resource\":\"*\"},{\"Action\":[\"codestar-connections:UseConnection\"],\"Effect\":\"Allow\",\"Resource\":\"*\"},{\"Action\":[\"elasticbeanstalk:*\",\"ec2:*\",\"elasticloadbalancing:*\",\"autoscaling:*\",\"cloudwatch:*\",\"s3:*\",\"sns:*\",\"cloudformation:*\",\"rds:*\",\"sqs:*\",\"ecs:*\"],\"Effect\":\"Allow\",\"Resource\":\"*\"},{\"Action\":[\"lambda:InvokeFunction\",\"lambda:ListFunctions\"],\"Effect\":\"Allow\",\"Resource\":\"*\"},{\"Action\":[\"opsworks:CreateDeployment\",\"opsworks:DescribeApps\",\"opsworks:DescribeCommands\",\"opsworks:DescribeDeployments\",\"opsworks:DescribeInstances\",\"opsworks:DescribeStacks\",\"opsworks:UpdateApp\",\"opsworks:UpdateStack\"],\"Effect\":\"Allow\",\"Resource\":\"*\"},{\"Action\":[\"cloudformation:CreateStack\",\"cloudformation:DeleteStack\",\"cloudformation:DescribeStacks\",\"cloudformation:UpdateStack\",\"cloudformation:CreateChangeSet\",\"cloudformation:DeleteChangeSet\",\"cloudformation:DescribeChangeSet\",\"cloudformation:ExecuteChangeSet\",\"cloudformation:SetStackPolicy\",\"cloudformation:ValidateTemplate\"],\"Effect\":\"Allow\",\"Resource\":\"*\"},{\"Action\":[\"codebuild:BatchGetBuilds\",\"codebuild:StartBuild\",\"codebuild:BatchGetBuildBatches\",\"codebuild:StartBuildBatch\"],\"Effect\":\"Allow\",\"Resource\":\"*\"},{\"Action\":[\"devicefarm:ListProjects\",\"devicefarm:ListDevicePools\",\"devicefarm:GetRun\",\"devicefarm:GetUpload\",\"devicefarm:CreateUpload\",\"devicefarm:ScheduleRun\"],\"Effect\":\"Allow\",\"Resource\":\"*\"},{\"Action\":[\"servicecatalog:ListProvisioningArtifacts\",\"servicecatalog:CreateProvisioningArtifact\",\"servicecatalog:DescribeProvisioningArtifact\",\"servicecatalog:DeleteProvisioningArtifact\",\"servicecatalog:UpdateProduct\"],\"Effect\":\"Allow\",\"Resource\":\"*\"},{\"Action\":[\"cloudformation:ValidateTemplate\"],\"Effect\":\"Allow\",\"Resource\":\"*\"},{\"Action\":[\"ecr:DescribeImages\"],\"Effect\":\"Allow\",\"Resource\":\"*\"},{\"Action\":[\"states:DescribeExecution\",\"states:DescribeStateMachine\",\"states:StartExecution\"],\"Effect\":\"Allow\",\"Resource\":\"*\"},{\"Action\":[\"appconfig:StartDeployment\",\"appconfig:StopDeployment\",\"appconfig:GetDeployment\"],\"Effect\":\"Allow\",\"Resource\":\"*\"}],\"Version\":\"2012-10-17\"}",
                            "policy_id": "ANPA5ANCXSXXVIFCCSMKH",
                            "tags.%": "0",
                            "tags_all.%": "0"
                        },
                        "meta": {
                            "schema_version": 0
                        },
                        "tainted": false
                    },
                    "deposed": [],
                    "provider": "provider.aws"
                },
                "aws_iam_policy.tfer--AWSCodePipelineServiceRole-us-east-1-api-prod-admin": {
                    "type": "aws_iam_policy",
                    "depends_on": [],
                    "primary": {
                        "id": "arn:aws:iam::894231352815:policy/service-role/AWSCodePipelineServiceRole-us-east-1-api-prod-admin",
                        "attributes": {
                            "arn": "arn:aws:iam::894231352815:policy/service-role/AWSCodePipelineServiceRole-us-east-1-api-prod-admin",
                            "description": "Policy used in trust relationship with CodePipeline",
                            "id": "arn:aws:iam::894231352815:policy/service-role/AWSCodePipelineServiceRole-us-east-1-api-prod-admin",
                            "name": "AWSCodePipelineServiceRole-us-east-1-api-prod-admin",
                            "path": "/service-role/",
                            "policy": "{\"Statement\":[{\"Action\":[\"iam:PassRole\"],\"Condition\":{\"StringEqualsIfExists\":{\"iam:PassedToService\":[\"cloudformation.amazonaws.com\",\"elasticbeanstalk.amazonaws.com\",\"ec2.amazonaws.com\",\"ecs-tasks.amazonaws.com\"]}},\"Effect\":\"Allow\",\"Resource\":\"*\"},{\"Action\":[\"codecommit:CancelUploadArchive\",\"codecommit:GetBranch\",\"codecommit:GetCommit\",\"codecommit:GetUploadArchiveStatus\",\"codecommit:UploadArchive\"],\"Effect\":\"Allow\",\"Resource\":\"*\"},{\"Action\":[\"codedeploy:CreateDeployment\",\"codedeploy:GetApplication\",\"codedeploy:GetApplicationRevision\",\"codedeploy:GetDeployment\",\"codedeploy:GetDeploymentConfig\",\"codedeploy:RegisterApplicationRevision\"],\"Effect\":\"Allow\",\"Resource\":\"*\"},{\"Action\":[\"codestar-connections:UseConnection\"],\"Effect\":\"Allow\",\"Resource\":\"*\"},{\"Action\":[\"elasticbeanstalk:*\",\"ec2:*\",\"elasticloadbalancing:*\",\"autoscaling:*\",\"cloudwatch:*\",\"s3:*\",\"sns:*\",\"cloudformation:*\",\"rds:*\",\"sqs:*\",\"ecs:*\"],\"Effect\":\"Allow\",\"Resource\":\"*\"},{\"Action\":[\"lambda:InvokeFunction\",\"lambda:ListFunctions\"],\"Effect\":\"Allow\",\"Resource\":\"*\"},{\"Action\":[\"opsworks:CreateDeployment\",\"opsworks:DescribeApps\",\"opsworks:DescribeCommands\",\"opsworks:DescribeDeployments\",\"opsworks:DescribeInstances\",\"opsworks:DescribeStacks\",\"opsworks:UpdateApp\",\"opsworks:UpdateStack\"],\"Effect\":\"Allow\",\"Resource\":\"*\"},{\"Action\":[\"cloudformation:CreateStack\",\"cloudformation:DeleteStack\",\"cloudformation:DescribeStacks\",\"cloudformation:UpdateStack\",\"cloudformation:CreateChangeSet\",\"cloudformation:DeleteChangeSet\",\"cloudformation:DescribeChangeSet\",\"cloudformation:ExecuteChangeSet\",\"cloudformation:SetStackPolicy\",\"cloudformation:ValidateTemplate\"],\"Effect\":\"Allow\",\"Resource\":\"*\"},{\"Action\":[\"codebuild:BatchGetBuilds\",\"codebuild:StartBuild\",\"codebuild:BatchGetBuildBatches\",\"codebuild:StartBuildBatch\"],\"Effect\":\"Allow\",\"Resource\":\"*\"},{\"Action\":[\"devicefarm:ListProjects\",\"devicefarm:ListDevicePools\",\"devicefarm:GetRun\",\"devicefarm:GetUpload\",\"devicefarm:CreateUpload\",\"devicefarm:ScheduleRun\"],\"Effect\":\"Allow\",\"Resource\":\"*\"},{\"Action\":[\"servicecatalog:ListProvisioningArtifacts\",\"servicecatalog:CreateProvisioningArtifact\",\"servicecatalog:DescribeProvisioningArtifact\",\"servicecatalog:DeleteProvisioningArtifact\",\"servicecatalog:UpdateProduct\"],\"Effect\":\"Allow\",\"Resource\":\"*\"},{\"Action\":[\"cloudformation:ValidateTemplate\"],\"Effect\":\"Allow\",\"Resource\":\"*\"},{\"Action\":[\"ecr:DescribeImages\"],\"Effect\":\"Allow\",\"Resource\":\"*\"},{\"Action\":[\"states:DescribeExecution\",\"states:DescribeStateMachine\",\"states:StartExecution\"],\"Effect\":\"Allow\",\"Resource\":\"*\"},{\"Action\":[\"appconfig:StartDeployment\",\"appconfig:StopDeployment\",\"appconfig:GetDeployment\"],\"Effect\":\"Allow\",\"Resource\":\"*\"}],\"Version\":\"2012-10-17\"}",
                            "policy_id": "ANPA5ANCXSXX5MKJJXWC6",
                            "tags.%": "0",
                            "tags_all.%": "0"
                        },
                        "meta": {
                            "schema_version": 0
                        },
                        "tainted": false
                    },
                    "deposed": [],
                    "provider": "provider.aws"
                },
                "aws_iam_policy.tfer--AWSCodePipelineServiceRole-us-east-1-api-qa": {
                    "type": "aws_iam_policy",
                    "depends_on": [],
                    "primary": {
                        "id": "arn:aws:iam::894231352815:policy/service-role/AWSCodePipelineServiceRole-us-east-1-api-qa",
                        "attributes": {
                            "arn": "arn:aws:iam::894231352815:policy/service-role/AWSCodePipelineServiceRole-us-east-1-api-qa",
                            "description": "Policy used in trust relationship with CodePipeline",
                            "id": "arn:aws:iam::894231352815:policy/service-role/AWSCodePipelineServiceRole-us-east-1-api-qa",
                            "name": "AWSCodePipelineServiceRole-us-east-1-api-qa",
                            "path": "/service-role/",
                            "policy": "{\"Statement\":[{\"Action\":[\"iam:PassRole\"],\"Condition\":{\"StringEqualsIfExists\":{\"iam:PassedToService\":[\"cloudformation.amazonaws.com\",\"elasticbeanstalk.amazonaws.com\",\"ec2.amazonaws.com\",\"ecs-tasks.amazonaws.com\"]}},\"Effect\":\"Allow\",\"Resource\":\"*\"},{\"Action\":[\"codecommit:CancelUploadArchive\",\"codecommit:GetBranch\",\"codecommit:GetCommit\",\"codecommit:GetUploadArchiveStatus\",\"codecommit:UploadArchive\"],\"Effect\":\"Allow\",\"Resource\":\"*\"},{\"Action\":[\"codedeploy:CreateDeployment\",\"codedeploy:GetApplication\",\"codedeploy:GetApplicationRevision\",\"codedeploy:GetDeployment\",\"codedeploy:GetDeploymentConfig\",\"codedeploy:RegisterApplicationRevision\"],\"Effect\":\"Allow\",\"Resource\":\"*\"},{\"Action\":[\"codestar-connections:UseConnection\"],\"Effect\":\"Allow\",\"Resource\":\"*\"},{\"Action\":[\"elasticbeanstalk:*\",\"ec2:*\",\"elasticloadbalancing:*\",\"autoscaling:*\",\"cloudwatch:*\",\"s3:*\",\"sns:*\",\"cloudformation:*\",\"rds:*\",\"sqs:*\",\"ecs:*\"],\"Effect\":\"Allow\",\"Resource\":\"*\"},{\"Action\":[\"lambda:InvokeFunction\",\"lambda:ListFunctions\"],\"Effect\":\"Allow\",\"Resource\":\"*\"},{\"Action\":[\"opsworks:CreateDeployment\",\"opsworks:DescribeApps\",\"opsworks:DescribeCommands\",\"opsworks:DescribeDeployments\",\"opsworks:DescribeInstances\",\"opsworks:DescribeStacks\",\"opsworks:UpdateApp\",\"opsworks:UpdateStack\"],\"Effect\":\"Allow\",\"Resource\":\"*\"},{\"Action\":[\"cloudformation:CreateStack\",\"cloudformation:DeleteStack\",\"cloudformation:DescribeStacks\",\"cloudformation:UpdateStack\",\"cloudformation:CreateChangeSet\",\"cloudformation:DeleteChangeSet\",\"cloudformation:DescribeChangeSet\",\"cloudformation:ExecuteChangeSet\",\"cloudformation:SetStackPolicy\",\"cloudformation:ValidateTemplate\"],\"Effect\":\"Allow\",\"Resource\":\"*\"},{\"Action\":[\"codebuild:BatchGetBuilds\",\"codebuild:StartBuild\",\"codebuild:BatchGetBuildBatches\",\"codebuild:StartBuildBatch\"],\"Effect\":\"Allow\",\"Resource\":\"*\"},{\"Action\":[\"devicefarm:ListProjects\",\"devicefarm:ListDevicePools\",\"devicefarm:GetRun\",\"devicefarm:GetUpload\",\"devicefarm:CreateUpload\",\"devicefarm:ScheduleRun\"],\"Effect\":\"Allow\",\"Resource\":\"*\"},{\"Action\":[\"servicecatalog:ListProvisioningArtifacts\",\"servicecatalog:CreateProvisioningArtifact\",\"servicecatalog:DescribeProvisioningArtifact\",\"servicecatalog:DeleteProvisioningArtifact\",\"servicecatalog:UpdateProduct\"],\"Effect\":\"Allow\",\"Resource\":\"*\"},{\"Action\":[\"cloudformation:ValidateTemplate\"],\"Effect\":\"Allow\",\"Resource\":\"*\"},{\"Action\":[\"ecr:DescribeImages\"],\"Effect\":\"Allow\",\"Resource\":\"*\"},{\"Action\":[\"states:DescribeExecution\",\"states:DescribeStateMachine\",\"states:StartExecution\"],\"Effect\":\"Allow\",\"Resource\":\"*\"},{\"Action\":[\"appconfig:StartDeployment\",\"appconfig:StopDeployment\",\"appconfig:GetDeployment\"],\"Effect\":\"Allow\",\"Resource\":\"*\"}],\"Version\":\"2012-10-17\"}",
                            "policy_id": "ANPA5ANCXSXX5BFJJQLT5",
                            "tags.%": "0",
                            "tags_all.%": "0"
                        },
                        "meta": {
                            "schema_version": 0
                        },
                        "tainted": false
                    },
                    "deposed": [],
                    "provider": "provider.aws"
                },
                "aws_iam_policy.tfer--AWSCodePipelineServiceRole-us-east-1-arclight-api-qa": {
                    "type": "aws_iam_policy",
                    "depends_on": [],
                    "primary": {
                        "id": "arn:aws:iam::894231352815:policy/service-role/AWSCodePipelineServiceRole-us-east-1-arclight-api-qa",
                        "attributes": {
                            "arn": "arn:aws:iam::894231352815:policy/service-role/AWSCodePipelineServiceRole-us-east-1-arclight-api-qa",
                            "description": "Policy used in trust relationship with CodePipeline",
                            "id": "arn:aws:iam::894231352815:policy/service-role/AWSCodePipelineServiceRole-us-east-1-arclight-api-qa",
                            "name": "AWSCodePipelineServiceRole-us-east-1-arclight-api-qa",
                            "path": "/service-role/",
                            "policy": "{\"Statement\":[{\"Action\":[\"iam:PassRole\"],\"Condition\":{\"StringEqualsIfExists\":{\"iam:PassedToService\":[\"cloudformation.amazonaws.com\",\"elasticbeanstalk.amazonaws.com\",\"ec2.amazonaws.com\",\"ecs-tasks.amazonaws.com\"]}},\"Effect\":\"Allow\",\"Resource\":\"*\"},{\"Action\":[\"codecommit:CancelUploadArchive\",\"codecommit:GetBranch\",\"codecommit:GetCommit\",\"codecommit:GetUploadArchiveStatus\",\"codecommit:UploadArchive\"],\"Effect\":\"Allow\",\"Resource\":\"*\"},{\"Action\":[\"codedeploy:CreateDeployment\",\"codedeploy:GetApplication\",\"codedeploy:GetApplicationRevision\",\"codedeploy:GetDeployment\",\"codedeploy:GetDeploymentConfig\",\"codedeploy:RegisterApplicationRevision\"],\"Effect\":\"Allow\",\"Resource\":\"*\"},{\"Action\":[\"codestar-connections:UseConnection\"],\"Effect\":\"Allow\",\"Resource\":\"*\"},{\"Action\":[\"elasticbeanstalk:*\",\"ec2:*\",\"elasticloadbalancing:*\",\"autoscaling:*\",\"cloudwatch:*\",\"s3:*\",\"sns:*\",\"cloudformation:*\",\"rds:*\",\"sqs:*\",\"ecs:*\"],\"Effect\":\"Allow\",\"Resource\":\"*\"},{\"Action\":[\"lambda:InvokeFunction\",\"lambda:ListFunctions\"],\"Effect\":\"Allow\",\"Resource\":\"*\"},{\"Action\":[\"opsworks:CreateDeployment\",\"opsworks:DescribeApps\",\"opsworks:DescribeCommands\",\"opsworks:DescribeDeployments\",\"opsworks:DescribeInstances\",\"opsworks:DescribeStacks\",\"opsworks:UpdateApp\",\"opsworks:UpdateStack\"],\"Effect\":\"Allow\",\"Resource\":\"*\"},{\"Action\":[\"cloudformation:CreateStack\",\"cloudformation:DeleteStack\",\"cloudformation:DescribeStacks\",\"cloudformation:UpdateStack\",\"cloudformation:CreateChangeSet\",\"cloudformation:DeleteChangeSet\",\"cloudformation:DescribeChangeSet\",\"cloudformation:ExecuteChangeSet\",\"cloudformation:SetStackPolicy\",\"cloudformation:ValidateTemplate\"],\"Effect\":\"Allow\",\"Resource\":\"*\"},{\"Action\":[\"codebuild:BatchGetBuilds\",\"codebuild:StartBuild\",\"codebuild:BatchGetBuildBatches\",\"codebuild:StartBuildBatch\"],\"Effect\":\"Allow\",\"Resource\":\"*\"},{\"Action\":[\"devicefarm:ListProjects\",\"devicefarm:ListDevicePools\",\"devicefarm:GetRun\",\"devicefarm:GetUpload\",\"devicefarm:CreateUpload\",\"devicefarm:ScheduleRun\"],\"Effect\":\"Allow\",\"Resource\":\"*\"},{\"Action\":[\"servicecatalog:ListProvisioningArtifacts\",\"servicecatalog:CreateProvisioningArtifact\",\"servicecatalog:DescribeProvisioningArtifact\",\"servicecatalog:DeleteProvisioningArtifact\",\"servicecatalog:UpdateProduct\"],\"Effect\":\"Allow\",\"Resource\":\"*\"},{\"Action\":[\"cloudformation:ValidateTemplate\"],\"Effect\":\"Allow\",\"Resource\":\"*\"},{\"Action\":[\"ecr:DescribeImages\"],\"Effect\":\"Allow\",\"Resource\":\"*\"},{\"Action\":[\"states:DescribeExecution\",\"states:DescribeStateMachine\",\"states:StartExecution\"],\"Effect\":\"Allow\",\"Resource\":\"*\"},{\"Action\":[\"appconfig:StartDeployment\",\"appconfig:StopDeployment\",\"appconfig:GetDeployment\"],\"Effect\":\"Allow\",\"Resource\":\"*\"}],\"Version\":\"2012-10-17\"}",
                            "policy_id": "ANPA5ANCXSXXV65GULDTN",
                            "tags.%": "0",
                            "tags_all.%": "0"
                        },
                        "meta": {
                            "schema_version": 0
                        },
                        "tainted": false
                    },
                    "deposed": [],
                    "provider": "provider.aws"
                },
                "aws_iam_policy.tfer--AWSCodePipelineServiceRole-us-east-1-import-preprod": {
                    "type": "aws_iam_policy",
                    "depends_on": [],
                    "primary": {
                        "id": "arn:aws:iam::894231352815:policy/service-role/AWSCodePipelineServiceRole-us-east-1-import-preprod",
                        "attributes": {
                            "arn": "arn:aws:iam::894231352815:policy/service-role/AWSCodePipelineServiceRole-us-east-1-import-preprod",
                            "description": "Policy used in trust relationship with CodePipeline",
                            "id": "arn:aws:iam::894231352815:policy/service-role/AWSCodePipelineServiceRole-us-east-1-import-preprod",
                            "name": "AWSCodePipelineServiceRole-us-east-1-import-preprod",
                            "path": "/service-role/",
                            "policy": "{\"Statement\":[{\"Action\":[\"iam:PassRole\"],\"Condition\":{\"StringEqualsIfExists\":{\"iam:PassedToService\":[\"cloudformation.amazonaws.com\",\"elasticbeanstalk.amazonaws.com\",\"ec2.amazonaws.com\",\"ecs-tasks.amazonaws.com\"]}},\"Effect\":\"Allow\",\"Resource\":\"*\"},{\"Action\":[\"codecommit:CancelUploadArchive\",\"codecommit:GetBranch\",\"codecommit:GetCommit\",\"codecommit:GetRepository\",\"codecommit:GetUploadArchiveStatus\",\"codecommit:UploadArchive\"],\"Effect\":\"Allow\",\"Resource\":\"*\"},{\"Action\":[\"codedeploy:CreateDeployment\",\"codedeploy:GetApplication\",\"codedeploy:GetApplicationRevision\",\"codedeploy:GetDeployment\",\"codedeploy:GetDeploymentConfig\",\"codedeploy:RegisterApplicationRevision\"],\"Effect\":\"Allow\",\"Resource\":\"*\"},{\"Action\":[\"codestar-connections:UseConnection\"],\"Effect\":\"Allow\",\"Resource\":\"*\"},{\"Action\":[\"elasticbeanstalk:*\",\"ec2:*\",\"elasticloadbalancing:*\",\"autoscaling:*\",\"cloudwatch:*\",\"s3:*\",\"sns:*\",\"cloudformation:*\",\"rds:*\",\"sqs:*\",\"ecs:*\"],\"Effect\":\"Allow\",\"Resource\":\"*\"},{\"Action\":[\"lambda:InvokeFunction\",\"lambda:ListFunctions\"],\"Effect\":\"Allow\",\"Resource\":\"*\"},{\"Action\":[\"opsworks:CreateDeployment\",\"opsworks:DescribeApps\",\"opsworks:DescribeCommands\",\"opsworks:DescribeDeployments\",\"opsworks:DescribeInstances\",\"opsworks:DescribeStacks\",\"opsworks:UpdateApp\",\"opsworks:UpdateStack\"],\"Effect\":\"Allow\",\"Resource\":\"*\"},{\"Action\":[\"cloudformation:CreateStack\",\"cloudformation:DeleteStack\",\"cloudformation:DescribeStacks\",\"cloudformation:UpdateStack\",\"cloudformation:CreateChangeSet\",\"cloudformation:DeleteChangeSet\",\"cloudformation:DescribeChangeSet\",\"cloudformation:ExecuteChangeSet\",\"cloudformation:SetStackPolicy\",\"cloudformation:ValidateTemplate\"],\"Effect\":\"Allow\",\"Resource\":\"*\"},{\"Action\":[\"codebuild:BatchGetBuilds\",\"codebuild:StartBuild\",\"codebuild:BatchGetBuildBatches\",\"codebuild:StartBuildBatch\"],\"Effect\":\"Allow\",\"Resource\":\"*\"},{\"Action\":[\"devicefarm:ListProjects\",\"devicefarm:ListDevicePools\",\"devicefarm:GetRun\",\"devicefarm:GetUpload\",\"devicefarm:CreateUpload\",\"devicefarm:ScheduleRun\"],\"Effect\":\"Allow\",\"Resource\":\"*\"},{\"Action\":[\"servicecatalog:ListProvisioningArtifacts\",\"servicecatalog:CreateProvisioningArtifact\",\"servicecatalog:DescribeProvisioningArtifact\",\"servicecatalog:DeleteProvisioningArtifact\",\"servicecatalog:UpdateProduct\"],\"Effect\":\"Allow\",\"Resource\":\"*\"},{\"Action\":[\"cloudformation:ValidateTemplate\"],\"Effect\":\"Allow\",\"Resource\":\"*\"},{\"Action\":[\"ecr:DescribeImages\"],\"Effect\":\"Allow\",\"Resource\":\"*\"},{\"Action\":[\"states:DescribeExecution\",\"states:DescribeStateMachine\",\"states:StartExecution\"],\"Effect\":\"Allow\",\"Resource\":\"*\"},{\"Action\":[\"appconfig:StartDeployment\",\"appconfig:StopDeployment\",\"appconfig:GetDeployment\"],\"Effect\":\"Allow\",\"Resource\":\"*\"}],\"Version\":\"2012-10-17\"}",
                            "policy_id": "ANPA5ANCXSXXQMR7P2PZZ",
                            "tags.%": "0",
                            "tags_all.%": "0"
                        },
                        "meta": {
                            "schema_version": 0
                        },
                        "tainted": false
                    },
                    "deposed": [],
                    "provider": "provider.aws"
                },
                "aws_iam_policy.tfer--AWSCodePipelineServiceRole-us-east-1-import-prod": {
                    "type": "aws_iam_policy",
                    "depends_on": [],
                    "primary": {
                        "id": "arn:aws:iam::894231352815:policy/service-role/AWSCodePipelineServiceRole-us-east-1-import-prod",
                        "attributes": {
                            "arn": "arn:aws:iam::894231352815:policy/service-role/AWSCodePipelineServiceRole-us-east-1-import-prod",
                            "description": "Policy used in trust relationship with CodePipeline",
                            "id": "arn:aws:iam::894231352815:policy/service-role/AWSCodePipelineServiceRole-us-east-1-import-prod",
                            "name": "AWSCodePipelineServiceRole-us-east-1-import-prod",
                            "path": "/service-role/",
                            "policy": "{\"Statement\":[{\"Action\":[\"iam:PassRole\"],\"Condition\":{\"StringEqualsIfExists\":{\"iam:PassedToService\":[\"cloudformation.amazonaws.com\",\"elasticbeanstalk.amazonaws.com\",\"ec2.amazonaws.com\",\"ecs-tasks.amazonaws.com\"]}},\"Effect\":\"Allow\",\"Resource\":\"*\"},{\"Action\":[\"codecommit:CancelUploadArchive\",\"codecommit:GetBranch\",\"codecommit:GetCommit\",\"codecommit:GetRepository\",\"codecommit:GetUploadArchiveStatus\",\"codecommit:UploadArchive\"],\"Effect\":\"Allow\",\"Resource\":\"*\"},{\"Action\":[\"codedeploy:CreateDeployment\",\"codedeploy:GetApplication\",\"codedeploy:GetApplicationRevision\",\"codedeploy:GetDeployment\",\"codedeploy:GetDeploymentConfig\",\"codedeploy:RegisterApplicationRevision\"],\"Effect\":\"Allow\",\"Resource\":\"*\"},{\"Action\":[\"codestar-connections:UseConnection\"],\"Effect\":\"Allow\",\"Resource\":\"*\"},{\"Action\":[\"elasticbeanstalk:*\",\"ec2:*\",\"elasticloadbalancing:*\",\"autoscaling:*\",\"cloudwatch:*\",\"s3:*\",\"sns:*\",\"cloudformation:*\",\"rds:*\",\"sqs:*\",\"ecs:*\"],\"Effect\":\"Allow\",\"Resource\":\"*\"},{\"Action\":[\"lambda:InvokeFunction\",\"lambda:ListFunctions\"],\"Effect\":\"Allow\",\"Resource\":\"*\"},{\"Action\":[\"opsworks:CreateDeployment\",\"opsworks:DescribeApps\",\"opsworks:DescribeCommands\",\"opsworks:DescribeDeployments\",\"opsworks:DescribeInstances\",\"opsworks:DescribeStacks\",\"opsworks:UpdateApp\",\"opsworks:UpdateStack\"],\"Effect\":\"Allow\",\"Resource\":\"*\"},{\"Action\":[\"cloudformation:CreateStack\",\"cloudformation:DeleteStack\",\"cloudformation:DescribeStacks\",\"cloudformation:UpdateStack\",\"cloudformation:CreateChangeSet\",\"cloudformation:DeleteChangeSet\",\"cloudformation:DescribeChangeSet\",\"cloudformation:ExecuteChangeSet\",\"cloudformation:SetStackPolicy\",\"cloudformation:ValidateTemplate\"],\"Effect\":\"Allow\",\"Resource\":\"*\"},{\"Action\":[\"codebuild:BatchGetBuilds\",\"codebuild:StartBuild\",\"codebuild:BatchGetBuildBatches\",\"codebuild:StartBuildBatch\"],\"Effect\":\"Allow\",\"Resource\":\"*\"},{\"Action\":[\"devicefarm:ListProjects\",\"devicefarm:ListDevicePools\",\"devicefarm:GetRun\",\"devicefarm:GetUpload\",\"devicefarm:CreateUpload\",\"devicefarm:ScheduleRun\"],\"Effect\":\"Allow\",\"Resource\":\"*\"},{\"Action\":[\"servicecatalog:ListProvisioningArtifacts\",\"servicecatalog:CreateProvisioningArtifact\",\"servicecatalog:DescribeProvisioningArtifact\",\"servicecatalog:DeleteProvisioningArtifact\",\"servicecatalog:UpdateProduct\"],\"Effect\":\"Allow\",\"Resource\":\"*\"},{\"Action\":[\"cloudformation:ValidateTemplate\"],\"Effect\":\"Allow\",\"Resource\":\"*\"},{\"Action\":[\"ecr:DescribeImages\"],\"Effect\":\"Allow\",\"Resource\":\"*\"},{\"Action\":[\"states:DescribeExecution\",\"states:DescribeStateMachine\",\"states:StartExecution\"],\"Effect\":\"Allow\",\"Resource\":\"*\"},{\"Action\":[\"appconfig:StartDeployment\",\"appconfig:StopDeployment\",\"appconfig:GetDeployment\"],\"Effect\":\"Allow\",\"Resource\":\"*\"}],\"Version\":\"2012-10-17\"}",
                            "policy_id": "ANPA5ANCXSXXXNCSJ3C6I",
                            "tags.%": "0",
                            "tags_all.%": "0"
                        },
                        "meta": {
                            "schema_version": 0
                        },
                        "tainted": false
                    },
                    "deposed": [],
                    "provider": "provider.aws"
                },
                "aws_iam_policy.tfer--AWSCodePipelineServiceRole-us-east-1-import-qa": {
                    "type": "aws_iam_policy",
                    "depends_on": [],
                    "primary": {
                        "id": "arn:aws:iam::894231352815:policy/service-role/AWSCodePipelineServiceRole-us-east-1-import-qa",
                        "attributes": {
                            "arn": "arn:aws:iam::894231352815:policy/service-role/AWSCodePipelineServiceRole-us-east-1-import-qa",
                            "description": "Policy used in trust relationship with CodePipeline",
                            "id": "arn:aws:iam::894231352815:policy/service-role/AWSCodePipelineServiceRole-us-east-1-import-qa",
                            "name": "AWSCodePipelineServiceRole-us-east-1-import-qa",
                            "path": "/service-role/",
                            "policy": "{\"Statement\":[{\"Action\":[\"iam:PassRole\"],\"Condition\":{\"StringEqualsIfExists\":{\"iam:PassedToService\":[\"cloudformation.amazonaws.com\",\"elasticbeanstalk.amazonaws.com\",\"ec2.amazonaws.com\",\"ecs-tasks.amazonaws.com\"]}},\"Effect\":\"Allow\",\"Resource\":\"*\"},{\"Action\":[\"codecommit:CancelUploadArchive\",\"codecommit:GetBranch\",\"codecommit:GetCommit\",\"codecommit:GetRepository\",\"codecommit:GetUploadArchiveStatus\",\"codecommit:UploadArchive\"],\"Effect\":\"Allow\",\"Resource\":\"*\"},{\"Action\":[\"codedeploy:CreateDeployment\",\"codedeploy:GetApplication\",\"codedeploy:GetApplicationRevision\",\"codedeploy:GetDeployment\",\"codedeploy:GetDeploymentConfig\",\"codedeploy:RegisterApplicationRevision\"],\"Effect\":\"Allow\",\"Resource\":\"*\"},{\"Action\":[\"codestar-connections:UseConnection\"],\"Effect\":\"Allow\",\"Resource\":\"*\"},{\"Action\":[\"elasticbeanstalk:*\",\"ec2:*\",\"elasticloadbalancing:*\",\"autoscaling:*\",\"cloudwatch:*\",\"s3:*\",\"sns:*\",\"cloudformation:*\",\"rds:*\",\"sqs:*\",\"ecs:*\"],\"Effect\":\"Allow\",\"Resource\":\"*\"},{\"Action\":[\"lambda:InvokeFunction\",\"lambda:ListFunctions\"],\"Effect\":\"Allow\",\"Resource\":\"*\"},{\"Action\":[\"opsworks:CreateDeployment\",\"opsworks:DescribeApps\",\"opsworks:DescribeCommands\",\"opsworks:DescribeDeployments\",\"opsworks:DescribeInstances\",\"opsworks:DescribeStacks\",\"opsworks:UpdateApp\",\"opsworks:UpdateStack\"],\"Effect\":\"Allow\",\"Resource\":\"*\"},{\"Action\":[\"cloudformation:CreateStack\",\"cloudformation:DeleteStack\",\"cloudformation:DescribeStacks\",\"cloudformation:UpdateStack\",\"cloudformation:CreateChangeSet\",\"cloudformation:DeleteChangeSet\",\"cloudformation:DescribeChangeSet\",\"cloudformation:ExecuteChangeSet\",\"cloudformation:SetStackPolicy\",\"cloudformation:ValidateTemplate\"],\"Effect\":\"Allow\",\"Resource\":\"*\"},{\"Action\":[\"codebuild:BatchGetBuilds\",\"codebuild:StartBuild\",\"codebuild:BatchGetBuildBatches\",\"codebuild:StartBuildBatch\"],\"Effect\":\"Allow\",\"Resource\":\"*\"},{\"Action\":[\"devicefarm:ListProjects\",\"devicefarm:ListDevicePools\",\"devicefarm:GetRun\",\"devicefarm:GetUpload\",\"devicefarm:CreateUpload\",\"devicefarm:ScheduleRun\"],\"Effect\":\"Allow\",\"Resource\":\"*\"},{\"Action\":[\"servicecatalog:ListProvisioningArtifacts\",\"servicecatalog:CreateProvisioningArtifact\",\"servicecatalog:DescribeProvisioningArtifact\",\"servicecatalog:DeleteProvisioningArtifact\",\"servicecatalog:UpdateProduct\"],\"Effect\":\"Allow\",\"Resource\":\"*\"},{\"Action\":[\"cloudformation:ValidateTemplate\"],\"Effect\":\"Allow\",\"Resource\":\"*\"},{\"Action\":[\"ecr:DescribeImages\"],\"Effect\":\"Allow\",\"Resource\":\"*\"},{\"Action\":[\"states:DescribeExecution\",\"states:DescribeStateMachine\",\"states:StartExecution\"],\"Effect\":\"Allow\",\"Resource\":\"*\"},{\"Action\":[\"appconfig:StartDeployment\",\"appconfig:StopDeployment\",\"appconfig:GetDeployment\"],\"Effect\":\"Allow\",\"Resource\":\"*\"}],\"Version\":\"2012-10-17\"}",
                            "policy_id": "ANPA5ANCXSXX75TTZKPBW",
                            "tags.%": "0",
                            "tags_all.%": "0"
                        },
                        "meta": {
                            "schema_version": 0
                        },
                        "tainted": false
                    },
                    "deposed": [],
                    "provider": "provider.aws"
                },
                "aws_iam_policy.tfer--AWSGlueServiceRole-JFP-DW-Prod-play": {
                    "type": "aws_iam_policy",
                    "depends_on": [],
                    "primary": {
                        "id": "arn:aws:iam::894231352815:policy/service-role/AWSGlueServiceRole-JFP-DW-Prod-play",
                        "attributes": {
                            "arn": "arn:aws:iam::894231352815:policy/service-role/AWSGlueServiceRole-JFP-DW-Prod-play",
                            "description": "This policy will be used for Glue Crawler and Job execution. Please do NOT delete!",
                            "id": "arn:aws:iam::894231352815:policy/service-role/AWSGlueServiceRole-JFP-DW-Prod-play",
                            "name": "AWSGlueServiceRole-JFP-DW-Prod-play",
                            "path": "/service-role/",
                            "policy": "{\"Statement\":[{\"Action\":[\"s3:GetObject\",\"s3:PutObject\"],\"Effect\":\"Allow\",\"Resource\":[\"arn:aws:s3:::JFP_DW_Prod/Play*\"]}],\"Version\":\"2012-10-17\"}",
                            "policy_id": "ANPA5ANCXSXXR7D3KFN5D",
                            "tags.%": "0",
                            "tags_all.%": "0"
                        },
                        "meta": {
                            "schema_version": 0
                        },
                        "tainted": false
                    },
                    "deposed": [],
                    "provider": "provider.aws"
                },
                "aws_iam_policy.tfer--AWSLambdaBasicExecutionRole-0222a08b-9a31-4607-a110-9f61b66211da": {
                    "type": "aws_iam_policy",
                    "depends_on": [],
                    "primary": {
                        "id": "arn:aws:iam::894231352815:policy/service-role/AWSLambdaBasicExecutionRole-0222a08b-9a31-4607-a110-9f61b66211da",
                        "attributes": {
                            "arn": "arn:aws:iam::894231352815:policy/service-role/AWSLambdaBasicExecutionRole-0222a08b-9a31-4607-a110-9f61b66211da",
                            "description": "",
                            "id": "arn:aws:iam::894231352815:policy/service-role/AWSLambdaBasicExecutionRole-0222a08b-9a31-4607-a110-9f61b66211da",
                            "name": "AWSLambdaBasicExecutionRole-0222a08b-9a31-4607-a110-9f61b66211da",
                            "path": "/service-role/",
                            "policy": "{\"Statement\":[{\"Action\":\"logs:CreateLogGroup\",\"Effect\":\"Allow\",\"Resource\":\"arn:aws:logs:us-east-1:894231352815:*\"},{\"Action\":[\"logs:CreateLogStream\",\"logs:PutLogEvents\"],\"Effect\":\"Allow\",\"Resource\":[\"arn:aws:logs:us-east-1:894231352815:log-group:/aws/lambda/testFunFun:*\"]}],\"Version\":\"2012-10-17\"}",
                            "policy_id": "ANPA5ANCXSXXSVY7GQLSH",
                            "tags.%": "0",
                            "tags_all.%": "0"
                        },
                        "meta": {
                            "schema_version": 0
                        },
                        "tainted": false
                    },
                    "deposed": [],
                    "provider": "provider.aws"
                },
                "aws_iam_policy.tfer--AWSLambdaBasicExecutionRole-036eff25-465f-4bef-8136-da7954a08906": {
                    "type": "aws_iam_policy",
                    "depends_on": [],
                    "primary": {
                        "id": "arn:aws:iam::894231352815:policy/service-role/AWSLambdaBasicExecutionRole-036eff25-465f-4bef-8136-da7954a08906",
                        "attributes": {
                            "arn": "arn:aws:iam::894231352815:policy/service-role/AWSLambdaBasicExecutionRole-036eff25-465f-4bef-8136-da7954a08906",
                            "description": "",
                            "id": "arn:aws:iam::894231352815:policy/service-role/AWSLambdaBasicExecutionRole-036eff25-465f-4bef-8136-da7954a08906",
                            "name": "AWSLambdaBasicExecutionRole-036eff25-465f-4bef-8136-da7954a08906",
                            "path": "/service-role/",
                            "policy": "{\"Statement\":[{\"Action\":\"logs:CreateLogGroup\",\"Effect\":\"Allow\",\"Resource\":\"arn:aws:logs:us-east-1:894231352815:*\"},{\"Action\":[\"logs:CreateLogStream\",\"logs:PutLogEvents\"],\"Effect\":\"Allow\",\"Resource\":[\"arn:aws:logs:us-east-1:894231352815:log-group:/aws/lambda/arclight-apikey-authorize:*\"]}],\"Version\":\"2012-10-17\"}",
                            "policy_id": "ANPA5ANCXSXXVCPZ4E45A",
                            "tags.%": "0",
                            "tags_all.%": "0"
                        },
                        "meta": {
                            "schema_version": 0
                        },
                        "tainted": false
                    },
                    "deposed": [],
                    "provider": "provider.aws"
                },
                "aws_iam_policy.tfer--AWSLambdaBasicExecutionRole-55127d15-5bf9-429a-9ea4-b8809b0766a2": {
                    "type": "aws_iam_policy",
                    "depends_on": [],
                    "primary": {
                        "id": "arn:aws:iam::894231352815:policy/service-role/AWSLambdaBasicExecutionRole-55127d15-5bf9-429a-9ea4-b8809b0766a2",
                        "attributes": {
                            "arn": "arn:aws:iam::894231352815:policy/service-role/AWSLambdaBasicExecutionRole-55127d15-5bf9-429a-9ea4-b8809b0766a2",
                            "description": "",
                            "id": "arn:aws:iam::894231352815:policy/service-role/AWSLambdaBasicExecutionRole-55127d15-5bf9-429a-9ea4-b8809b0766a2",
                            "name": "AWSLambdaBasicExecutionRole-55127d15-5bf9-429a-9ea4-b8809b0766a2",
                            "path": "/service-role/",
                            "policy": "{\"Statement\":[{\"Action\":\"logs:CreateLogGroup\",\"Effect\":\"Allow\",\"Resource\":\"arn:aws:logs:us-east-1:894231352815:*\"},{\"Action\":[\"logs:CreateLogStream\",\"logs:PutLogEvents\"],\"Effect\":\"Allow\",\"Resource\":[\"arn:aws:logs:us-east-1:894231352815:log-group:/aws/lambda/me2-ingest-prod:*\"]}],\"Version\":\"2012-10-17\"}",
                            "policy_id": "ANPAJA7W3I3C7TFMJBBCA",
                            "tags.%": "0",
                            "tags_all.%": "0"
                        },
                        "meta": {
                            "schema_version": 0
                        },
                        "tainted": false
                    },
                    "deposed": [],
                    "provider": "provider.aws"
                },
                "aws_iam_policy.tfer--AWSLambdaBasicExecutionRole-6d83a4c4-b877-4b62-9cb5-a630e787e5bb": {
                    "type": "aws_iam_policy",
                    "depends_on": [],
                    "primary": {
                        "id": "arn:aws:iam::894231352815:policy/service-role/AWSLambdaBasicExecutionRole-6d83a4c4-b877-4b62-9cb5-a630e787e5bb",
                        "attributes": {
                            "arn": "arn:aws:iam::894231352815:policy/service-role/AWSLambdaBasicExecutionRole-6d83a4c4-b877-4b62-9cb5-a630e787e5bb",
                            "description": "",
                            "id": "arn:aws:iam::894231352815:policy/service-role/AWSLambdaBasicExecutionRole-6d83a4c4-b877-4b62-9cb5-a630e787e5bb",
                            "name": "AWSLambdaBasicExecutionRole-6d83a4c4-b877-4b62-9cb5-a630e787e5bb",
                            "path": "/service-role/",
                            "policy": "{\"Statement\":[{\"Action\":\"logs:CreateLogGroup\",\"Effect\":\"Allow\",\"Resource\":\"arn:aws:logs:us-east-1:894231352815:*\"},{\"Action\":[\"logs:CreateLogStream\",\"logs:PutLogEvents\"],\"Effect\":\"Allow\",\"Resource\":[\"arn:aws:logs:us-east-1:894231352815:log-group:/aws/lambda/datainsightsProcessFirstPartyYoutubeChannels:*\"]}],\"Version\":\"2012-10-17\"}",
                            "policy_id": "ANPA5ANCXSXX7QM5UMDHX",
                            "tags.%": "0",
                            "tags_all.%": "0"
                        },
                        "meta": {
                            "schema_version": 0
                        },
                        "tainted": false
                    },
                    "deposed": [],
                    "provider": "provider.aws"
                },
                "aws_iam_policy.tfer--AWSLambdaBasicExecutionRole-6e60b8f9-2dd0-4e7d-bed3-cf50af182f8b": {
                    "type": "aws_iam_policy",
                    "depends_on": [],
                    "primary": {
                        "id": "arn:aws:iam::894231352815:policy/service-role/AWSLambdaBasicExecutionRole-6e60b8f9-2dd0-4e7d-bed3-cf50af182f8b",
                        "attributes": {
                            "arn": "arn:aws:iam::894231352815:policy/service-role/AWSLambdaBasicExecutionRole-6e60b8f9-2dd0-4e7d-bed3-cf50af182f8b",
                            "description": "",
                            "id": "arn:aws:iam::894231352815:policy/service-role/AWSLambdaBasicExecutionRole-6e60b8f9-2dd0-4e7d-bed3-cf50af182f8b",
                            "name": "AWSLambdaBasicExecutionRole-6e60b8f9-2dd0-4e7d-bed3-cf50af182f8b",
                            "path": "/service-role/",
                            "policy": "{\"Statement\":[{\"Action\":\"logs:CreateLogGroup\",\"Effect\":\"Allow\",\"Resource\":\"arn:aws:logs:us-west-2:894231352815:*\"},{\"Action\":[\"logs:CreateLogStream\",\"logs:PutLogEvents\"],\"Effect\":\"Allow\",\"Resource\":[\"arn:aws:logs:us-west-2:894231352815:log-group:/aws/lambda/wp-graphql-request:*\"]}],\"Version\":\"2012-10-17\"}",
                            "policy_id": "ANPA5ANCXSXXUO6DJFI4V",
                            "tags.%": "0",
                            "tags_all.%": "0"
                        },
                        "meta": {
                            "schema_version": 0
                        },
                        "tainted": false
                    },
                    "deposed": [],
                    "provider": "provider.aws"
                },
                "aws_iam_policy.tfer--AWSLambdaBasicExecutionRole-cf8927a7-eaaa-47b5-bdc0-7708c33c4877": {
                    "type": "aws_iam_policy",
                    "depends_on": [],
                    "primary": {
                        "id": "arn:aws:iam::894231352815:policy/service-role/AWSLambdaBasicExecutionRole-cf8927a7-eaaa-47b5-bdc0-7708c33c4877",
                        "attributes": {
                            "arn": "arn:aws:iam::894231352815:policy/service-role/AWSLambdaBasicExecutionRole-cf8927a7-eaaa-47b5-bdc0-7708c33c4877",
                            "description": "",
                            "id": "arn:aws:iam::894231352815:policy/service-role/AWSLambdaBasicExecutionRole-cf8927a7-eaaa-47b5-bdc0-7708c33c4877",
                            "name": "AWSLambdaBasicExecutionRole-cf8927a7-eaaa-47b5-bdc0-7708c33c4877",
                            "path": "/service-role/",
                            "policy": "{\"Statement\":[{\"Action\":\"logs:CreateLogGroup\",\"Effect\":\"Allow\",\"Resource\":\"arn:aws:logs:us-east-1:894231352815:*\"},{\"Action\":[\"logs:CreateLogStream\",\"logs:PutLogEvents\"],\"Effect\":\"Allow\",\"Resource\":[\"arn:aws:logs:us-east-1:894231352815:log-group:/aws/lambda/NexusMediaComponentIngest:*\"]}],\"Version\":\"2012-10-17\"}",
                            "policy_id": "ANPA5ANCXSXXTOMWBBK3M",
                            "tags.%": "0",
                            "tags_all.%": "0"
                        },
                        "meta": {
                            "schema_version": 0
                        },
                        "tainted": false
                    },
                    "deposed": [],
                    "provider": "provider.aws"
                },
                "aws_iam_policy.tfer--AWSLambdaBasicExecutionRole-d4fbe891-3a27-4670-a527-be33723b4dcc": {
                    "type": "aws_iam_policy",
                    "depends_on": [],
                    "primary": {
                        "id": "arn:aws:iam::894231352815:policy/service-role/AWSLambdaBasicExecutionRole-d4fbe891-3a27-4670-a527-be33723b4dcc",
                        "attributes": {
                            "arn": "arn:aws:iam::894231352815:policy/service-role/AWSLambdaBasicExecutionRole-d4fbe891-3a27-4670-a527-be33723b4dcc",
                            "description": "",
                            "id": "arn:aws:iam::894231352815:policy/service-role/AWSLambdaBasicExecutionRole-d4fbe891-3a27-4670-a527-be33723b4dcc",
                            "name": "AWSLambdaBasicExecutionRole-d4fbe891-3a27-4670-a527-be33723b4dcc",
                            "path": "/service-role/",
                            "policy": "{\"Statement\":[{\"Action\":\"logs:CreateLogGroup\",\"Effect\":\"Allow\",\"Resource\":\"arn:aws:logs:us-east-1:894231352815:*\"},{\"Action\":[\"logs:CreateLogStream\",\"logs:PutLogEvents\"],\"Effect\":\"Allow\",\"Resource\":[\"arn:aws:logs:us-east-1:894231352815:log-group:/aws/lambda/es-media-components:*\"]}],\"Version\":\"2012-10-17\"}",
                            "policy_id": "ANPA5ANCXSXXZUIL7GUQB",
                            "tags.%": "0",
                            "tags_all.%": "0"
                        },
                        "meta": {
                            "schema_version": 0
                        },
                        "tainted": false
                    },
                    "deposed": [],
                    "provider": "provider.aws"
                },
                "aws_iam_policy.tfer--AWSLambdaBasicExecutionRole-e5a128db-70f8-43ed-9fc9-d87628a50fef": {
                    "type": "aws_iam_policy",
                    "depends_on": [],
                    "primary": {
                        "id": "arn:aws:iam::894231352815:policy/service-role/AWSLambdaBasicExecutionRole-e5a128db-70f8-43ed-9fc9-d87628a50fef",
                        "attributes": {
                            "arn": "arn:aws:iam::894231352815:policy/service-role/AWSLambdaBasicExecutionRole-e5a128db-70f8-43ed-9fc9-d87628a50fef",
                            "description": "",
                            "id": "arn:aws:iam::894231352815:policy/service-role/AWSLambdaBasicExecutionRole-e5a128db-70f8-43ed-9fc9-d87628a50fef",
                            "name": "AWSLambdaBasicExecutionRole-e5a128db-70f8-43ed-9fc9-d87628a50fef",
                            "path": "/service-role/",
                            "policy": "{\"Statement\":[{\"Action\":\"logs:CreateLogGroup\",\"Effect\":\"Allow\",\"Resource\":\"arn:aws:logs:us-east-1:894231352815:*\"},{\"Action\":[\"logs:CreateLogStream\",\"logs:PutLogEvents\"],\"Effect\":\"Allow\",\"Resource\":[\"arn:aws:logs:us-east-1:894231352815:log-group:/aws/lambda/arclight-outage-slack:*\"]}],\"Version\":\"2012-10-17\"}",
                            "policy_id": "ANPAIN4HVIPKSAVYBFCJY",
                            "tags.%": "0",
                            "tags_all.%": "0"
                        },
                        "meta": {
                            "schema_version": 0
                        },
                        "tainted": false
                    },
                    "deposed": [],
                    "provider": "provider.aws"
                },
                "aws_iam_policy.tfer--AWSLambdaKMSExecutionRole-0af2c3fd-6a0a-46c0-9568-b1f194068eb9": {
                    "type": "aws_iam_policy",
                    "depends_on": [],
                    "primary": {
                        "id": "arn:aws:iam::894231352815:policy/service-role/AWSLambdaKMSExecutionRole-0af2c3fd-6a0a-46c0-9568-b1f194068eb9",
                        "attributes": {
                            "arn": "arn:aws:iam::894231352815:policy/service-role/AWSLambdaKMSExecutionRole-0af2c3fd-6a0a-46c0-9568-b1f194068eb9",
                            "description": "",
                            "id": "arn:aws:iam::894231352815:policy/service-role/AWSLambdaKMSExecutionRole-0af2c3fd-6a0a-46c0-9568-b1f194068eb9",
                            "name": "AWSLambdaKMSExecutionRole-0af2c3fd-6a0a-46c0-9568-b1f194068eb9",
                            "path": "/service-role/",
                            "policy": "{\"Statement\":[{\"Action\":[\"kms:Decrypt\"],\"Effect\":\"Allow\",\"Resource\":\"*\"}],\"Version\":\"2012-10-17\"}",
                            "policy_id": "ANPAJ4FFJIEA4QBAKF2IA",
                            "tags.%": "0",
                            "tags_all.%": "0"
                        },
                        "meta": {
                            "schema_version": 0
                        },
                        "tainted": false
                    },
                    "deposed": [],
                    "provider": "provider.aws"
                },
                "aws_iam_policy.tfer--AWSLambdaS3ExecutionRole-9fa22503-27f8-4785-89a5-93dfd30f8bf7": {
                    "type": "aws_iam_policy",
                    "depends_on": [],
                    "primary": {
                        "id": "arn:aws:iam::894231352815:policy/service-role/AWSLambdaS3ExecutionRole-9fa22503-27f8-4785-89a5-93dfd30f8bf7",
                        "attributes": {
                            "arn": "arn:aws:iam::894231352815:policy/service-role/AWSLambdaS3ExecutionRole-9fa22503-27f8-4785-89a5-93dfd30f8bf7",
                            "description": "",
                            "id": "arn:aws:iam::894231352815:policy/service-role/AWSLambdaS3ExecutionRole-9fa22503-27f8-4785-89a5-93dfd30f8bf7",
                            "name": "AWSLambdaS3ExecutionRole-9fa22503-27f8-4785-89a5-93dfd30f8bf7",
                            "path": "/service-role/",
                            "policy": "{\"Statement\":[{\"Action\":[\"s3:GetObject\"],\"Effect\":\"Allow\",\"Resource\":\"arn:aws:s3:::*\"}],\"Version\":\"2012-10-17\"}",
                            "policy_id": "ANPAIRXODZGLB47MGMV7C",
                            "tags.%": "0",
                            "tags_all.%": "0"
                        },
                        "meta": {
                            "schema_version": 0
                        },
                        "tainted": false
                    },
                    "deposed": [],
                    "provider": "provider.aws"
                },
                "aws_iam_policy.tfer--AWSQuickSightIAMPolicy": {
                    "type": "aws_iam_policy",
                    "depends_on": [],
                    "primary": {
                        "id": "arn:aws:iam::894231352815:policy/service-role/AWSQuickSightIAMPolicy",
                        "attributes": {
                            "arn": "arn:aws:iam::894231352815:policy/service-role/AWSQuickSightIAMPolicy",
                            "description": "Grants Amazon QuickSight list permissions to AWS IAM resources",
                            "id": "arn:aws:iam::894231352815:policy/service-role/AWSQuickSightIAMPolicy",
                            "name": "AWSQuickSightIAMPolicy",
                            "path": "/service-role/",
                            "policy": "{\"Statement\":[{\"Action\":[\"iam:List*\"],\"Effect\":\"Allow\",\"Resource\":\"*\"}],\"Version\":\"2012-10-17\"}",
                            "policy_id": "ANPAJWFK2V4N623PSOCQM",
                            "tags.%": "0",
                            "tags_all.%": "0"
                        },
                        "meta": {
                            "schema_version": 0
                        },
                        "tainted": false
                    },
                    "deposed": [],
                    "provider": "provider.aws"
                },
                "aws_iam_policy.tfer--AWSQuickSightRDSPolicy": {
                    "type": "aws_iam_policy",
                    "depends_on": [],
                    "primary": {
                        "id": "arn:aws:iam::894231352815:policy/service-role/AWSQuickSightRDSPolicy",
                        "attributes": {
                            "arn": "arn:aws:iam::894231352815:policy/service-role/AWSQuickSightRDSPolicy",
                            "description": "Grants Amazon QuickSight describe permissions to AWS RDS resources",
                            "id": "arn:aws:iam::894231352815:policy/service-role/AWSQuickSightRDSPolicy",
                            "name": "AWSQuickSightRDSPolicy",
                            "path": "/service-role/",
                            "policy": "{\"Statement\":[{\"Action\":[\"rds:Describe*\"],\"Effect\":\"Allow\",\"Resource\":\"*\"}],\"Version\":\"2012-10-17\"}",
                            "policy_id": "ANPAIZKCOHSQMVMJ4OTNA",
                            "tags.%": "0",
                            "tags_all.%": "0"
                        },
                        "meta": {
                            "schema_version": 0
                        },
                        "tainted": false
                    },
                    "deposed": [],
                    "provider": "provider.aws"
                },
                "aws_iam_policy.tfer--AWSQuickSightRedshiftPolicy": {
                    "type": "aws_iam_policy",
                    "depends_on": [],
                    "primary": {
                        "id": "arn:aws:iam::894231352815:policy/service-role/AWSQuickSightRedshiftPolicy",
                        "attributes": {
                            "arn": "arn:aws:iam::894231352815:policy/service-role/AWSQuickSightRedshiftPolicy",
                            "description": "Grants Amazon QuickSight describe permissions to Amazon Redshift resources",
                            "id": "arn:aws:iam::894231352815:policy/service-role/AWSQuickSightRedshiftPolicy",
                            "name": "AWSQuickSightRedshiftPolicy",
                            "path": "/service-role/",
                            "policy": "{\"Statement\":[{\"Action\":[\"redshift:Describe*\"],\"Effect\":\"Allow\",\"Resource\":\"*\"}],\"Version\":\"2012-10-17\"}",
                            "policy_id": "ANPAJDTXHM2VUQ3DKCRM2",
                            "tags.%": "0",
                            "tags_all.%": "0"
                        },
                        "meta": {
                            "schema_version": 0
                        },
                        "tainted": false
                    },
                    "deposed": [],
                    "provider": "provider.aws"
                },
                "aws_iam_policy.tfer--AccessArkCoreBucketObjects": {
                    "type": "aws_iam_policy",
                    "depends_on": [],
                    "primary": {
                        "id": "arn:aws:iam::894231352815:policy/AccessArkCoreBucketObjects",
                        "attributes": {
                            "arn": "arn:aws:iam::894231352815:policy/AccessArkCoreBucketObjects",
                            "description": "",
                            "id": "arn:aws:iam::894231352815:policy/AccessArkCoreBucketObjects",
                            "name": "AccessArkCoreBucketObjects",
                            "path": "/",
                            "policy": "{\"Statement\":[{\"Action\":[\"s3:Put*\",\"s3:Get*\",\"s3:Delete*\"],\"Effect\":\"Allow\",\"Resource\":[\"arn:aws:s3:::ark-core/*\"]}],\"Version\":\"2012-10-17\"}",
                            "policy_id": "ANPA5ANCXSXX3LVCJHSJZ",
                            "tags.%": "0",
                            "tags_all.%": "0"
                        },
                        "meta": {
                            "schema_version": 0
                        },
                        "tainted": false
                    },
                    "deposed": [],
                    "provider": "provider.aws"
                },
                "aws_iam_policy.tfer--AllowExternalDNSUpdates": {
                    "type": "aws_iam_policy",
                    "depends_on": [],
                    "primary": {
                        "id": "arn:aws:iam::894231352815:policy/AllowExternalDNSUpdates",
                        "attributes": {
                            "arn": "arn:aws:iam::894231352815:policy/AllowExternalDNSUpdates",
                            "description": "",
                            "id": "arn:aws:iam::894231352815:policy/AllowExternalDNSUpdates",
                            "name": "AllowExternalDNSUpdates",
                            "path": "/",
                            "policy": "{\"Statement\":[{\"Action\":[\"route53:ChangeResourceRecordSets\"],\"Effect\":\"Allow\",\"Resource\":[\"arn:aws:route53:::hostedzone/Z1011873IM0JPM6FQOD6\"]},{\"Action\":[\"route53:ListHostedZones\",\"route53:ListResourceRecordSets\"],\"Effect\":\"Allow\",\"Resource\":[\"*\"]}],\"Version\":\"2012-10-17\"}",
                            "policy_id": "ANPA5ANCXSXX5IPYCBQZD",
                            "tags.%": "1",
                            "tags.group": "JesusFilm-core",
                            "tags_all.%": "1",
                            "tags_all.group": "JesusFilm-core"
                        },
                        "meta": {
                            "schema_version": 0
                        },
                        "tainted": false
                    },
                    "deposed": [],
                    "provider": "provider.aws"
                },
                "aws_iam_policy.tfer--AmazonEKS_EBS_CSI_Driver_Policy": {
                    "type": "aws_iam_policy",
                    "depends_on": [],
                    "primary": {
                        "id": "arn:aws:iam::894231352815:policy/AmazonEKS_EBS_CSI_Driver_Policy",
                        "attributes": {
                            "arn": "arn:aws:iam::894231352815:policy/AmazonEKS_EBS_CSI_Driver_Policy",
                            "description": "",
                            "id": "arn:aws:iam::894231352815:policy/AmazonEKS_EBS_CSI_Driver_Policy",
                            "name": "AmazonEKS_EBS_CSI_Driver_Policy",
                            "path": "/",
                            "policy": "{\"Statement\":[{\"Action\":[\"ec2:AttachVolume\",\"ec2:CreateSnapshot\",\"ec2:CreateTags\",\"ec2:CreateVolume\",\"ec2:DeleteSnapshot\",\"ec2:DeleteTags\",\"ec2:DeleteVolume\",\"ec2:DescribeAvailabilityZones\",\"ec2:DescribeInstances\",\"ec2:DescribeSnapshots\",\"ec2:DescribeTags\",\"ec2:DescribeVolumes\",\"ec2:DescribeVolumesModifications\",\"ec2:DetachVolume\",\"ec2:ModifyVolume\"],\"Effect\":\"Allow\",\"Resource\":\"*\"}],\"Version\":\"2012-10-17\"}",
                            "policy_id": "ANPA5ANCXSXX2NFQ4XVRI",
                            "tags.%": "0",
                            "tags_all.%": "0"
                        },
                        "meta": {
                            "schema_version": 0
                        },
                        "tainted": false
                    },
                    "deposed": [],
                    "provider": "provider.aws"
                },
                "aws_iam_policy.tfer--ArclightConfigsS3ReadOnly": {
                    "type": "aws_iam_policy",
                    "depends_on": [],
                    "primary": {
                        "id": "arn:aws:iam::894231352815:policy/ArclightConfigsS3ReadOnly",
                        "attributes": {
                            "arn": "arn:aws:iam::894231352815:policy/ArclightConfigsS3ReadOnly",
                            "description": "Provides readonly access to files in the arclight-configs bucket.",
                            "id": "arn:aws:iam::894231352815:policy/ArclightConfigsS3ReadOnly",
                            "name": "ArclightConfigsS3ReadOnly",
                            "path": "/",
                            "policy": "{\"Statement\":[{\"Action\":[\"s3:Get*\",\"s3:List*\"],\"Effect\":\"Allow\",\"Resource\":[\"arn:aws:s3:::arclight-api-deploy-stage-preprod/*\",\"arn:aws:s3:::arclight-yourls-deploy-stage-preprod/*\",\"arn:aws:s3:::arclight-configs\",\"arn:aws:s3:::arclight-configs/*\",\"arn:aws:s3:::codepipeline-us-east-1-926429997784\",\"arn:aws:s3:::codepipeline-us-east-1-926429997784/*\"]}],\"Version\":\"2012-10-17\"}",
                            "policy_id": "ANPAJZWW2G63TMAPISC7C",
                            "tags.%": "0",
                            "tags_all.%": "0"
                        },
                        "meta": {
                            "schema_version": 0
                        },
                        "tainted": false
                    },
                    "deposed": [],
                    "provider": "provider.aws"
                },
                "aws_iam_policy.tfer--ArclightDescribeResources": {
                    "type": "aws_iam_policy",
                    "depends_on": [],
                    "primary": {
                        "id": "arn:aws:iam::894231352815:policy/ArclightDescribeResources",
                        "attributes": {
                            "arn": "arn:aws:iam::894231352815:policy/ArclightDescribeResources",
                            "description": "Allows EC2 instances to describe resources on which they may depend (to get info such as cluster endpoints, etc.).",
                            "id": "arn:aws:iam::894231352815:policy/ArclightDescribeResources",
                            "name": "ArclightDescribeResources",
                            "path": "/",
                            "policy": "{\"Statement\":[{\"Action\":[\"elasticache:Describe*\",\"elasticache:ListTagsForResource\",\"rds:Describe*\",\"rds:ListTagsForResource\",\"elasticloadbalancing:DescribeLoadBalancers\"],\"Effect\":\"Allow\",\"Resource\":\"*\"}],\"Version\":\"2012-10-17\"}",
                            "policy_id": "ANPAIY2GQGU4A4LQOLRC4",
                            "tags.%": "0",
                            "tags_all.%": "0"
                        },
                        "meta": {
                            "schema_version": 0
                        },
                        "tainted": false
                    },
                    "deposed": [],
                    "provider": "provider.aws"
                },
                "aws_iam_policy.tfer--BitbucketCodeDeployToS3": {
                    "type": "aws_iam_policy",
                    "depends_on": [],
                    "primary": {
                        "id": "arn:aws:iam::894231352815:policy/BitbucketCodeDeployToS3",
                        "attributes": {
                            "arn": "arn:aws:iam::894231352815:policy/BitbucketCodeDeployToS3",
                            "description": "Allows CodeDeploy to dump assets onto S3",
                            "id": "arn:aws:iam::894231352815:policy/BitbucketCodeDeployToS3",
                            "name": "BitbucketCodeDeployToS3",
                            "path": "/",
                            "policy": "{\"Statement\":[{\"Action\":[\"s3:ListAllMyBuckets\",\"s3:PutObject\"],\"Effect\":\"Allow\",\"Resource\":\"arn:aws:s3:::*\"},{\"Action\":[\"codedeploy:*\"],\"Effect\":\"Allow\",\"Resource\":\"*\"}],\"Version\":\"2012-10-17\"}",
                            "policy_id": "ANPAJD3UWJUJPEA3TG6BU",
                            "tags.%": "0",
                            "tags_all.%": "0"
                        },
                        "meta": {
                            "schema_version": 0
                        },
                        "tainted": false
                    },
                    "deposed": [],
                    "provider": "provider.aws"
                },
                "aws_iam_policy.tfer--CodeBuildBasePolicy-Arclight-QA-us-east-1": {
                    "type": "aws_iam_policy",
                    "depends_on": [],
                    "primary": {
                        "id": "arn:aws:iam::894231352815:policy/service-role/CodeBuildBasePolicy-Arclight-QA-us-east-1",
                        "attributes": {
                            "arn": "arn:aws:iam::894231352815:policy/service-role/CodeBuildBasePolicy-Arclight-QA-us-east-1",
                            "description": "Policy used in trust relationship with CodeBuild",
                            "id": "arn:aws:iam::894231352815:policy/service-role/CodeBuildBasePolicy-Arclight-QA-us-east-1",
                            "name": "CodeBuildBasePolicy-Arclight-QA-us-east-1",
                            "path": "/service-role/",
                            "policy": "{\"Statement\":[{\"Action\":[\"logs:CreateLogGroup\",\"logs:CreateLogStream\",\"logs:PutLogEvents\"],\"Effect\":\"Allow\",\"Resource\":[\"arn:aws:logs:us-east-1:894231352815:log-group:/aws/codebuild/Arclight-QA\",\"arn:aws:logs:us-east-1:894231352815:log-group:/aws/codebuild/Arclight-QA:*\"]},{\"Action\":[\"s3:PutObject\",\"s3:GetObject\",\"s3:GetObjectVersion\",\"s3:GetBucketAcl\",\"s3:GetBucketLocation\"],\"Effect\":\"Allow\",\"Resource\":[\"arn:aws:s3:::codepipeline-us-east-1-*\"]},{\"Action\":[\"s3:PutObject\",\"s3:GetBucketAcl\",\"s3:GetBucketLocation\"],\"Effect\":\"Allow\",\"Resource\":[\"arn:aws:s3:::arclight-api-deploy-stage-preprod\",\"arn:aws:s3:::arclight-api-deploy-stage-preprod/*\"]},{\"Action\":[\"codebuild:CreateReportGroup\",\"codebuild:CreateReport\",\"codebuild:UpdateReport\",\"codebuild:BatchPutTestCases\",\"codebuild:BatchPutCodeCoverages\"],\"Effect\":\"Allow\",\"Resource\":[\"arn:aws:codebuild:us-east-1:894231352815:report-group/Arclight-QA-*\"]}],\"Version\":\"2012-10-17\"}",
                            "policy_id": "ANPA5ANCXSXXQEZXXRAIB",
                            "tags.%": "0",
                            "tags_all.%": "0"
                        },
                        "meta": {
                            "schema_version": 0
                        },
                        "tainted": false
                    },
                    "deposed": [],
                    "provider": "provider.aws"
                },
                "aws_iam_policy.tfer--CodeBuildBasePolicy-admin-preprod-us-east-1": {
                    "type": "aws_iam_policy",
                    "depends_on": [],
                    "primary": {
                        "id": "arn:aws:iam::894231352815:policy/service-role/CodeBuildBasePolicy-admin-preprod-us-east-1",
                        "attributes": {
                            "arn": "arn:aws:iam::894231352815:policy/service-role/CodeBuildBasePolicy-admin-preprod-us-east-1",
                            "description": "Policy used in trust relationship with CodeBuild",
                            "id": "arn:aws:iam::894231352815:policy/service-role/CodeBuildBasePolicy-admin-preprod-us-east-1",
                            "name": "CodeBuildBasePolicy-admin-preprod-us-east-1",
                            "path": "/service-role/",
                            "policy": "{\"Statement\":[{\"Action\":[\"logs:CreateLogGroup\",\"logs:CreateLogStream\",\"logs:PutLogEvents\"],\"Effect\":\"Allow\",\"Resource\":[\"arn:aws:logs:us-east-1:894231352815:log-group:/aws/codebuild/admin-preprod\",\"arn:aws:logs:us-east-1:894231352815:log-group:/aws/codebuild/admin-preprod:*\"]},{\"Action\":[\"s3:PutObject\",\"s3:GetObject\",\"s3:GetObjectVersion\",\"s3:GetBucketAcl\",\"s3:GetBucketLocation\"],\"Effect\":\"Allow\",\"Resource\":[\"arn:aws:s3:::codepipeline-us-east-1-*\"]},{\"Action\":[\"codebuild:CreateReportGroup\",\"codebuild:CreateReport\",\"codebuild:UpdateReport\",\"codebuild:BatchPutTestCases\",\"codebuild:BatchPutCodeCoverages\"],\"Effect\":\"Allow\",\"Resource\":[\"arn:aws:codebuild:us-east-1:894231352815:report-group/admin-preprod-*\"]}],\"Version\":\"2012-10-17\"}",
                            "policy_id": "ANPA5ANCXSXXYRHCS7N3U",
                            "tags.%": "0",
                            "tags_all.%": "0"
                        },
                        "meta": {
                            "schema_version": 0
                        },
                        "tainted": false
                    },
                    "deposed": [],
                    "provider": "provider.aws"
                },
                "aws_iam_policy.tfer--CodeBuildBasePolicy-admin-prod-us-east-1": {
                    "type": "aws_iam_policy",
                    "depends_on": [],
                    "primary": {
                        "id": "arn:aws:iam::894231352815:policy/service-role/CodeBuildBasePolicy-admin-prod-us-east-1",
                        "attributes": {
                            "arn": "arn:aws:iam::894231352815:policy/service-role/CodeBuildBasePolicy-admin-prod-us-east-1",
                            "description": "Policy used in trust relationship with CodeBuild",
                            "id": "arn:aws:iam::894231352815:policy/service-role/CodeBuildBasePolicy-admin-prod-us-east-1",
                            "name": "CodeBuildBasePolicy-admin-prod-us-east-1",
                            "path": "/service-role/",
                            "policy": "{\"Statement\":[{\"Action\":[\"logs:CreateLogGroup\",\"logs:CreateLogStream\",\"logs:PutLogEvents\"],\"Effect\":\"Allow\",\"Resource\":[\"arn:aws:logs:us-east-1:894231352815:log-group:/aws/codebuild/admin-prod\",\"arn:aws:logs:us-east-1:894231352815:log-group:/aws/codebuild/admin-prod:*\"]},{\"Action\":[\"s3:PutObject\",\"s3:GetObject\",\"s3:GetObjectVersion\",\"s3:GetBucketAcl\",\"s3:GetBucketLocation\"],\"Effect\":\"Allow\",\"Resource\":[\"arn:aws:s3:::codepipeline-us-east-1-*\"]},{\"Action\":[\"codebuild:CreateReportGroup\",\"codebuild:CreateReport\",\"codebuild:UpdateReport\",\"codebuild:BatchPutTestCases\",\"codebuild:BatchPutCodeCoverages\"],\"Effect\":\"Allow\",\"Resource\":[\"arn:aws:codebuild:us-east-1:894231352815:report-group/admin-prod-*\"]}],\"Version\":\"2012-10-17\"}",
                            "policy_id": "ANPA5ANCXSXXX7P2B4PPG",
                            "tags.%": "0",
                            "tags_all.%": "0"
                        },
                        "meta": {
                            "schema_version": 0
                        },
                        "tainted": false
                    },
                    "deposed": [],
                    "provider": "provider.aws"
                },
                "aws_iam_policy.tfer--CodeBuildBasePolicy-admin-qa-us-east-1": {
                    "type": "aws_iam_policy",
                    "depends_on": [],
                    "primary": {
                        "id": "arn:aws:iam::894231352815:policy/service-role/CodeBuildBasePolicy-admin-qa-us-east-1",
                        "attributes": {
                            "arn": "arn:aws:iam::894231352815:policy/service-role/CodeBuildBasePolicy-admin-qa-us-east-1",
                            "description": "Policy used in trust relationship with CodeBuild",
                            "id": "arn:aws:iam::894231352815:policy/service-role/CodeBuildBasePolicy-admin-qa-us-east-1",
                            "name": "CodeBuildBasePolicy-admin-qa-us-east-1",
                            "path": "/service-role/",
                            "policy": "{\"Statement\":[{\"Action\":[\"logs:CreateLogGroup\",\"logs:CreateLogStream\",\"logs:PutLogEvents\"],\"Effect\":\"Allow\",\"Resource\":[\"arn:aws:logs:us-east-1:894231352815:log-group:/aws/codebuild/admin-qa\",\"arn:aws:logs:us-east-1:894231352815:log-group:/aws/codebuild/admin-qa:*\"]},{\"Action\":[\"s3:PutObject\",\"s3:GetObject\",\"s3:GetObjectVersion\",\"s3:GetBucketAcl\",\"s3:GetBucketLocation\"],\"Effect\":\"Allow\",\"Resource\":[\"arn:aws:s3:::codepipeline-us-east-1-*\"]},{\"Action\":[\"codebuild:CreateReportGroup\",\"codebuild:CreateReport\",\"codebuild:UpdateReport\",\"codebuild:BatchPutTestCases\",\"codebuild:BatchPutCodeCoverages\"],\"Effect\":\"Allow\",\"Resource\":[\"arn:aws:codebuild:us-east-1:894231352815:report-group/admin-qa-*\"]}],\"Version\":\"2012-10-17\"}",
                            "policy_id": "ANPA5ANCXSXX2FGANUMKP",
                            "tags.%": "0",
                            "tags_all.%": "0"
                        },
                        "meta": {
                            "schema_version": 0
                        },
                        "tainted": false
                    },
                    "deposed": [],
                    "provider": "provider.aws"
                },
                "aws_iam_policy.tfer--CodeBuildBasePolicy-api-preprod-admin-us-east-1": {
                    "type": "aws_iam_policy",
                    "depends_on": [],
                    "primary": {
                        "id": "arn:aws:iam::894231352815:policy/service-role/CodeBuildBasePolicy-api-preprod-admin-us-east-1",
                        "attributes": {
                            "arn": "arn:aws:iam::894231352815:policy/service-role/CodeBuildBasePolicy-api-preprod-admin-us-east-1",
                            "description": "Policy used in trust relationship with CodeBuild",
                            "id": "arn:aws:iam::894231352815:policy/service-role/CodeBuildBasePolicy-api-preprod-admin-us-east-1",
                            "name": "CodeBuildBasePolicy-api-preprod-admin-us-east-1",
                            "path": "/service-role/",
                            "policy": "{\"Statement\":[{\"Action\":[\"logs:CreateLogGroup\",\"logs:CreateLogStream\",\"logs:PutLogEvents\"],\"Effect\":\"Allow\",\"Resource\":[\"arn:aws:logs:us-east-1:894231352815:log-group:/aws/codebuild/api-preprod-admin\",\"arn:aws:logs:us-east-1:894231352815:log-group:/aws/codebuild/api-preprod-admin:*\"]},{\"Action\":[\"s3:PutObject\",\"s3:GetObject\",\"s3:GetObjectVersion\",\"s3:GetBucketAcl\",\"s3:GetBucketLocation\"],\"Effect\":\"Allow\",\"Resource\":[\"arn:aws:s3:::codepipeline-us-east-1-*\"]},{\"Action\":[\"codebuild:CreateReportGroup\",\"codebuild:CreateReport\",\"codebuild:UpdateReport\",\"codebuild:BatchPutTestCases\",\"codebuild:BatchPutCodeCoverages\"],\"Effect\":\"Allow\",\"Resource\":[\"arn:aws:codebuild:us-east-1:894231352815:report-group/api-preprod-admin-*\"]}],\"Version\":\"2012-10-17\"}",
                            "policy_id": "ANPA5ANCXSXXW7ASD4GCC",
                            "tags.%": "0",
                            "tags_all.%": "0"
                        },
                        "meta": {
                            "schema_version": 0
                        },
                        "tainted": false
                    },
                    "deposed": [],
                    "provider": "provider.aws"
                },
                "aws_iam_policy.tfer--CodeBuildBasePolicy-api-preprod-us-east-1": {
                    "type": "aws_iam_policy",
                    "depends_on": [],
                    "primary": {
                        "id": "arn:aws:iam::894231352815:policy/service-role/CodeBuildBasePolicy-api-preprod-us-east-1",
                        "attributes": {
                            "arn": "arn:aws:iam::894231352815:policy/service-role/CodeBuildBasePolicy-api-preprod-us-east-1",
                            "description": "Policy used in trust relationship with CodeBuild",
                            "id": "arn:aws:iam::894231352815:policy/service-role/CodeBuildBasePolicy-api-preprod-us-east-1",
                            "name": "CodeBuildBasePolicy-api-preprod-us-east-1",
                            "path": "/service-role/",
                            "policy": "{\"Statement\":[{\"Action\":[\"logs:CreateLogGroup\",\"logs:CreateLogStream\",\"logs:PutLogEvents\"],\"Effect\":\"Allow\",\"Resource\":[\"arn:aws:logs:us-east-1:894231352815:log-group:/aws/codebuild/api-preprod\",\"arn:aws:logs:us-east-1:894231352815:log-group:/aws/codebuild/api-preprod:*\"]},{\"Action\":[\"s3:PutObject\",\"s3:GetObject\",\"s3:GetObjectVersion\",\"s3:GetBucketAcl\",\"s3:GetBucketLocation\"],\"Effect\":\"Allow\",\"Resource\":[\"arn:aws:s3:::codepipeline-us-east-1-*\"]},{\"Action\":[\"codebuild:CreateReportGroup\",\"codebuild:CreateReport\",\"codebuild:UpdateReport\",\"codebuild:BatchPutTestCases\",\"codebuild:BatchPutCodeCoverages\"],\"Effect\":\"Allow\",\"Resource\":[\"arn:aws:codebuild:us-east-1:894231352815:report-group/api-preprod-*\"]}],\"Version\":\"2012-10-17\"}",
                            "policy_id": "ANPA5ANCXSXX5AKAVO44G",
                            "tags.%": "0",
                            "tags_all.%": "0"
                        },
                        "meta": {
                            "schema_version": 0
                        },
                        "tainted": false
                    },
                    "deposed": [],
                    "provider": "provider.aws"
                },
                "aws_iam_policy.tfer--CodeBuildBasePolicy-api-prod-admin-us-east-1": {
                    "type": "aws_iam_policy",
                    "depends_on": [],
                    "primary": {
                        "id": "arn:aws:iam::894231352815:policy/service-role/CodeBuildBasePolicy-api-prod-admin-us-east-1",
                        "attributes": {
                            "arn": "arn:aws:iam::894231352815:policy/service-role/CodeBuildBasePolicy-api-prod-admin-us-east-1",
                            "description": "Policy used in trust relationship with CodeBuild",
                            "id": "arn:aws:iam::894231352815:policy/service-role/CodeBuildBasePolicy-api-prod-admin-us-east-1",
                            "name": "CodeBuildBasePolicy-api-prod-admin-us-east-1",
                            "path": "/service-role/",
                            "policy": "{\"Statement\":[{\"Action\":[\"logs:CreateLogGroup\",\"logs:CreateLogStream\",\"logs:PutLogEvents\"],\"Effect\":\"Allow\",\"Resource\":[\"arn:aws:logs:us-east-1:894231352815:log-group:/aws/codebuild/api-prod-admin\",\"arn:aws:logs:us-east-1:894231352815:log-group:/aws/codebuild/api-prod-admin:*\"]},{\"Action\":[\"s3:PutObject\",\"s3:GetObject\",\"s3:GetObjectVersion\",\"s3:GetBucketAcl\",\"s3:GetBucketLocation\"],\"Effect\":\"Allow\",\"Resource\":[\"arn:aws:s3:::codepipeline-us-east-1-*\"]},{\"Action\":[\"codebuild:CreateReportGroup\",\"codebuild:CreateReport\",\"codebuild:UpdateReport\",\"codebuild:BatchPutTestCases\",\"codebuild:BatchPutCodeCoverages\"],\"Effect\":\"Allow\",\"Resource\":[\"arn:aws:codebuild:us-east-1:894231352815:report-group/api-prod-admin-*\"]}],\"Version\":\"2012-10-17\"}",
                            "policy_id": "ANPA5ANCXSXX3X6JABJZG",
                            "tags.%": "0",
                            "tags_all.%": "0"
                        },
                        "meta": {
                            "schema_version": 0
                        },
                        "tainted": false
                    },
                    "deposed": [],
                    "provider": "provider.aws"
                },
                "aws_iam_policy.tfer--CodeBuildBasePolicy-api-prod-us-east-1": {
                    "type": "aws_iam_policy",
                    "depends_on": [],
                    "primary": {
                        "id": "arn:aws:iam::894231352815:policy/service-role/CodeBuildBasePolicy-api-prod-us-east-1",
                        "attributes": {
                            "arn": "arn:aws:iam::894231352815:policy/service-role/CodeBuildBasePolicy-api-prod-us-east-1",
                            "description": "Policy used in trust relationship with CodeBuild",
                            "id": "arn:aws:iam::894231352815:policy/service-role/CodeBuildBasePolicy-api-prod-us-east-1",
                            "name": "CodeBuildBasePolicy-api-prod-us-east-1",
                            "path": "/service-role/",
                            "policy": "{\"Statement\":[{\"Action\":[\"logs:CreateLogGroup\",\"logs:CreateLogStream\",\"logs:PutLogEvents\"],\"Effect\":\"Allow\",\"Resource\":[\"arn:aws:logs:us-east-1:894231352815:log-group:/aws/codebuild/api-prod\",\"arn:aws:logs:us-east-1:894231352815:log-group:/aws/codebuild/api-prod:*\"]},{\"Action\":[\"s3:PutObject\",\"s3:GetObject\",\"s3:GetObjectVersion\",\"s3:GetBucketAcl\",\"s3:GetBucketLocation\"],\"Effect\":\"Allow\",\"Resource\":[\"arn:aws:s3:::codepipeline-us-east-1-*\"]},{\"Action\":[\"codebuild:CreateReportGroup\",\"codebuild:CreateReport\",\"codebuild:UpdateReport\",\"codebuild:BatchPutTestCases\",\"codebuild:BatchPutCodeCoverages\"],\"Effect\":\"Allow\",\"Resource\":[\"arn:aws:codebuild:us-east-1:894231352815:report-group/api-prod-*\"]}],\"Version\":\"2012-10-17\"}",
                            "policy_id": "ANPA5ANCXSXXXLGMKQDGO",
                            "tags.%": "0",
                            "tags_all.%": "0"
                        },
                        "meta": {
                            "schema_version": 0
                        },
                        "tainted": false
                    },
                    "deposed": [],
                    "provider": "provider.aws"
                },
                "aws_iam_policy.tfer--CodeBuildBasePolicy-api-qa-import-us-east-1": {
                    "type": "aws_iam_policy",
                    "depends_on": [],
                    "primary": {
                        "id": "arn:aws:iam::894231352815:policy/service-role/CodeBuildBasePolicy-api-qa-import-us-east-1",
                        "attributes": {
                            "arn": "arn:aws:iam::894231352815:policy/service-role/CodeBuildBasePolicy-api-qa-import-us-east-1",
                            "description": "Policy used in trust relationship with CodeBuild",
                            "id": "arn:aws:iam::894231352815:policy/service-role/CodeBuildBasePolicy-api-qa-import-us-east-1",
                            "name": "CodeBuildBasePolicy-api-qa-import-us-east-1",
                            "path": "/service-role/",
                            "policy": "{\"Statement\":[{\"Action\":[\"logs:CreateLogGroup\",\"logs:CreateLogStream\",\"logs:PutLogEvents\"],\"Effect\":\"Allow\",\"Resource\":[\"arn:aws:logs:us-east-1:894231352815:log-group:/aws/codebuild/api-qa-import\",\"arn:aws:logs:us-east-1:894231352815:log-group:/aws/codebuild/api-qa-import:*\"]},{\"Action\":[\"s3:PutObject\",\"s3:GetObject\",\"s3:GetObjectVersion\",\"s3:GetBucketAcl\",\"s3:GetBucketLocation\"],\"Effect\":\"Allow\",\"Resource\":[\"arn:aws:s3:::codepipeline-us-east-1-*\"]},{\"Action\":[\"codebuild:CreateReportGroup\",\"codebuild:CreateReport\",\"codebuild:UpdateReport\",\"codebuild:BatchPutTestCases\",\"codebuild:BatchPutCodeCoverages\"],\"Effect\":\"Allow\",\"Resource\":[\"arn:aws:codebuild:us-east-1:894231352815:report-group/api-qa-import-*\"]}],\"Version\":\"2012-10-17\"}",
                            "policy_id": "ANPA5ANCXSXXZ4YCCSEIM",
                            "tags.%": "0",
                            "tags_all.%": "0"
                        },
                        "meta": {
                            "schema_version": 0
                        },
                        "tainted": false
                    },
                    "deposed": [],
                    "provider": "provider.aws"
                },
                "aws_iam_policy.tfer--CodeBuildBasePolicy-api-qa-us-east-1": {
                    "type": "aws_iam_policy",
                    "depends_on": [],
                    "primary": {
                        "id": "arn:aws:iam::894231352815:policy/service-role/CodeBuildBasePolicy-api-qa-us-east-1",
                        "attributes": {
                            "arn": "arn:aws:iam::894231352815:policy/service-role/CodeBuildBasePolicy-api-qa-us-east-1",
                            "description": "Policy used in trust relationship with CodeBuild",
                            "id": "arn:aws:iam::894231352815:policy/service-role/CodeBuildBasePolicy-api-qa-us-east-1",
                            "name": "CodeBuildBasePolicy-api-qa-us-east-1",
                            "path": "/service-role/",
                            "policy": "{\"Statement\":[{\"Action\":[\"s3:GetLifecycleConfiguration\",\"s3:GetBucketTagging\",\"s3:GetInventoryConfiguration\",\"s3:GetObjectVersionTagging\",\"s3:GetBucketLogging\",\"s3:ListBucketVersions\",\"s3:GetAccelerateConfiguration\",\"s3:ListBucket\",\"s3:GetBucketPolicy\",\"s3:GetBucketObjectLockConfiguration\",\"s3:GetEncryptionConfiguration\",\"s3:GetObjectAcl\",\"s3:GetObjectVersionTorrent\",\"codebuild:CreateReport\",\"logs:CreateLogStream\",\"s3:GetBucketRequestPayment\",\"codebuild:UpdateReport\",\"s3:GetAccessPointPolicyStatus\",\"s3:GetObjectVersionAcl\",\"codebuild:BatchPutCodeCoverages\",\"s3:GetObjectTagging\",\"s3:GetMetricsConfiguration\",\"s3:GetBucketPolicyStatus\",\"s3:GetBucketPublicAccessBlock\",\"s3:ListBucketMultipartUploads\",\"s3:GetObjectRetention\",\"s3:GetBucketWebsite\",\"s3:GetJobTagging\",\"s3:GetBucketVersioning\",\"s3:GetBucketAcl\",\"s3:GetBucketNotification\",\"s3:GetObjectLegalHold\",\"logs:CreateLogGroup\",\"logs:PutLogEvents\",\"s3:GetReplicationConfiguration\",\"s3:ListMultipartUploadParts\",\"s3:GetObject\",\"s3:PutObject\",\"codebuild:CreateReportGroup\",\"s3:GetObjectTorrent\",\"s3:DescribeJob\",\"s3:GetBucketCORS\",\"s3:GetAnalyticsConfiguration\",\"s3:GetObjectVersionForReplication\",\"s3:GetAccessPointPolicy\",\"s3:GetBucketLocation\",\"codebuild:BatchPutTestCases\",\"s3:GetObjectVersion\"],\"Effect\":\"Allow\",\"Resource\":[\"arn:aws:s3:::codepipeline-us-east-1-*\",\"arn:aws:logs:us-east-1:894231352815:log-group:/aws/codebuild/api-qa\",\"arn:aws:logs:us-east-1:894231352815:log-group:/aws/codebuild/api-qa:*\",\"arn:aws:codebuild:us-east-1:894231352815:report-group/api-qa-*\"],\"Sid\":\"VisualEditor0\"},{\"Action\":[\"s3:GetAccessPoint\",\"s3:GetAccountPublicAccessBlock\",\"s3:ListAllMyBuckets\",\"s3:ListAccessPoints\",\"s3:ListJobs\",\"s3:HeadBucket\"],\"Effect\":\"Allow\",\"Resource\":\"*\",\"Sid\":\"VisualEditor1\"}],\"Version\":\"2012-10-17\"}",
                            "policy_id": "ANPA5ANCXSXXY77RH4R4L",
                            "tags.%": "0",
                            "tags_all.%": "0"
                        },
                        "meta": {
                            "schema_version": 0
                        },
                        "tainted": false
                    },
                    "deposed": [],
                    "provider": "provider.aws"
                },
                "aws_iam_policy.tfer--CodeBuildBasePolicy-import-preprod-us-east-1": {
                    "type": "aws_iam_policy",
                    "depends_on": [],
                    "primary": {
                        "id": "arn:aws:iam::894231352815:policy/service-role/CodeBuildBasePolicy-import-preprod-us-east-1",
                        "attributes": {
                            "arn": "arn:aws:iam::894231352815:policy/service-role/CodeBuildBasePolicy-import-preprod-us-east-1",
                            "description": "Policy used in trust relationship with CodeBuild",
                            "id": "arn:aws:iam::894231352815:policy/service-role/CodeBuildBasePolicy-import-preprod-us-east-1",
                            "name": "CodeBuildBasePolicy-import-preprod-us-east-1",
                            "path": "/service-role/",
                            "policy": "{\"Statement\":[{\"Action\":[\"logs:CreateLogGroup\",\"logs:CreateLogStream\",\"logs:PutLogEvents\"],\"Effect\":\"Allow\",\"Resource\":[\"arn:aws:logs:us-east-1:894231352815:log-group:/aws/codebuild/import-preprod\",\"arn:aws:logs:us-east-1:894231352815:log-group:/aws/codebuild/import-preprod:*\"]},{\"Action\":[\"s3:PutObject\",\"s3:GetObject\",\"s3:GetObjectVersion\",\"s3:GetBucketAcl\",\"s3:GetBucketLocation\"],\"Effect\":\"Allow\",\"Resource\":[\"arn:aws:s3:::codepipeline-us-east-1-*\"]},{\"Action\":[\"codebuild:CreateReportGroup\",\"codebuild:CreateReport\",\"codebuild:UpdateReport\",\"codebuild:BatchPutTestCases\",\"codebuild:BatchPutCodeCoverages\"],\"Effect\":\"Allow\",\"Resource\":[\"arn:aws:codebuild:us-east-1:894231352815:report-group/import-preprod-*\"]}],\"Version\":\"2012-10-17\"}",
                            "policy_id": "ANPA5ANCXSXX76563TYIT",
                            "tags.%": "0",
                            "tags_all.%": "0"
                        },
                        "meta": {
                            "schema_version": 0
                        },
                        "tainted": false
                    },
                    "deposed": [],
                    "provider": "provider.aws"
                },
                "aws_iam_policy.tfer--CodeBuildBasePolicy-import-prod-us-east-1": {
                    "type": "aws_iam_policy",
                    "depends_on": [],
                    "primary": {
                        "id": "arn:aws:iam::894231352815:policy/service-role/CodeBuildBasePolicy-import-prod-us-east-1",
                        "attributes": {
                            "arn": "arn:aws:iam::894231352815:policy/service-role/CodeBuildBasePolicy-import-prod-us-east-1",
                            "description": "Policy used in trust relationship with CodeBuild",
                            "id": "arn:aws:iam::894231352815:policy/service-role/CodeBuildBasePolicy-import-prod-us-east-1",
                            "name": "CodeBuildBasePolicy-import-prod-us-east-1",
                            "path": "/service-role/",
                            "policy": "{\"Statement\":[{\"Action\":[\"logs:CreateLogGroup\",\"logs:CreateLogStream\",\"logs:PutLogEvents\"],\"Effect\":\"Allow\",\"Resource\":[\"arn:aws:logs:us-east-1:894231352815:log-group:/aws/codebuild/import-prod\",\"arn:aws:logs:us-east-1:894231352815:log-group:/aws/codebuild/import-prod:*\"]},{\"Action\":[\"s3:PutObject\",\"s3:GetObject\",\"s3:GetObjectVersion\",\"s3:GetBucketAcl\",\"s3:GetBucketLocation\"],\"Effect\":\"Allow\",\"Resource\":[\"arn:aws:s3:::codepipeline-us-east-1-*\"]},{\"Action\":[\"codebuild:CreateReportGroup\",\"codebuild:CreateReport\",\"codebuild:UpdateReport\",\"codebuild:BatchPutTestCases\",\"codebuild:BatchPutCodeCoverages\"],\"Effect\":\"Allow\",\"Resource\":[\"arn:aws:codebuild:us-east-1:894231352815:report-group/import-prod-*\"]}],\"Version\":\"2012-10-17\"}",
                            "policy_id": "ANPA5ANCXSXX7OQWUOBPP",
                            "tags.%": "0",
                            "tags_all.%": "0"
                        },
                        "meta": {
                            "schema_version": 0
                        },
                        "tainted": false
                    },
                    "deposed": [],
                    "provider": "provider.aws"
                },
                "aws_iam_policy.tfer--CodeBuildBasePolicy-import-qa-us-east-1": {
                    "type": "aws_iam_policy",
                    "depends_on": [],
                    "primary": {
                        "id": "arn:aws:iam::894231352815:policy/service-role/CodeBuildBasePolicy-import-qa-us-east-1",
                        "attributes": {
                            "arn": "arn:aws:iam::894231352815:policy/service-role/CodeBuildBasePolicy-import-qa-us-east-1",
                            "description": "Policy used in trust relationship with CodeBuild",
                            "id": "arn:aws:iam::894231352815:policy/service-role/CodeBuildBasePolicy-import-qa-us-east-1",
                            "name": "CodeBuildBasePolicy-import-qa-us-east-1",
                            "path": "/service-role/",
                            "policy": "{\"Statement\":[{\"Action\":[\"logs:CreateLogGroup\",\"logs:CreateLogStream\",\"logs:PutLogEvents\"],\"Effect\":\"Allow\",\"Resource\":[\"arn:aws:logs:us-east-1:894231352815:log-group:/aws/codebuild/import-qa\",\"arn:aws:logs:us-east-1:894231352815:log-group:/aws/codebuild/import-qa:*\"]},{\"Action\":[\"s3:PutObject\",\"s3:GetObject\",\"s3:GetObjectVersion\",\"s3:GetBucketAcl\",\"s3:GetBucketLocation\"],\"Effect\":\"Allow\",\"Resource\":[\"arn:aws:s3:::codepipeline-us-east-1-*\"]},{\"Action\":[\"codebuild:CreateReportGroup\",\"codebuild:CreateReport\",\"codebuild:UpdateReport\",\"codebuild:BatchPutTestCases\",\"codebuild:BatchPutCodeCoverages\"],\"Effect\":\"Allow\",\"Resource\":[\"arn:aws:codebuild:us-east-1:894231352815:report-group/import-qa-*\"]}],\"Version\":\"2012-10-17\"}",
                            "policy_id": "ANPA5ANCXSXXYLTA5PDYU",
                            "tags.%": "0",
                            "tags_all.%": "0"
                        },
                        "meta": {
                            "schema_version": 0
                        },
                        "tainted": false
                    },
                    "deposed": [],
                    "provider": "provider.aws"
                },
                "aws_iam_policy.tfer--JFM_CloudWatch_PutMetricData": {
                    "type": "aws_iam_policy",
                    "depends_on": [],
                    "primary": {
                        "id": "arn:aws:iam::894231352815:policy/JFM_CloudWatch_PutMetricData",
                        "attributes": {
                            "arn": "arn:aws:iam::894231352815:policy/JFM_CloudWatch_PutMetricData",
                            "description": "Allows members to put metric data into CloudWatch.",
                            "id": "arn:aws:iam::894231352815:policy/JFM_CloudWatch_PutMetricData",
                            "name": "JFM_CloudWatch_PutMetricData",
                            "path": "/",
                            "policy": "{\"Statement\":[{\"Action\":[\"cloudwatch:PutMetricData\"],\"Effect\":\"Allow\",\"Resource\":[\"*\"],\"Sid\":\"Stmt1438624791000\"}],\"Version\":\"2012-10-17\"}",
                            "policy_id": "ANPAIUOZFWZ7DSPXC4QFQ",
                            "tags.%": "0",
                            "tags_all.%": "0"
                        },
                        "meta": {
                            "schema_version": 0
                        },
                        "tainted": false
                    },
                    "deposed": [],
                    "provider": "provider.aws"
                },
                "aws_iam_policy.tfer--S3-GSFN-ChosenWitness-Access": {
                    "type": "aws_iam_policy",
                    "depends_on": [],
                    "primary": {
                        "id": "arn:aws:iam::894231352815:policy/S3-GSFN-ChosenWitness-Access",
                        "attributes": {
                            "arn": "arn:aws:iam::894231352815:policy/S3-GSFN-ChosenWitness-Access",
                            "description": "",
                            "id": "arn:aws:iam::894231352815:policy/S3-GSFN-ChosenWitness-Access",
                            "name": "S3-GSFN-ChosenWitness-Access",
                            "path": "/",
                            "policy": "{\"Statement\":[{\"Action\":[\"s3:ListAllMyBuckets\",\"s3:GetBucketLocation\"],\"Effect\":\"Allow\",\"Resource\":[\"arn:aws:s3:::arclight-partner-content-prod\"],\"Sid\":\"AllowUserToSeeBucketListInTheConsole\"},{\"Action\":[\"s3:ListBucket\"],\"Condition\":{\"StringEquals\":{\"s3:delimiter\":[\"/\"],\"s3:prefix\":[\"\",\"GSFN/\",\"GSFN/ChosenWitness\"]}},\"Effect\":\"Allow\",\"Resource\":[\"arn:aws:s3:::arclight-partner-content-prod\"],\"Sid\":\"AllowRootAndHomeListingOfCompanyBucket\"},{\"Action\":[\"s3:ListBucket\"],\"Condition\":{\"StringLike\":{\"s3:prefix\":[\"GSFN/ChosenWitness/*\"]}},\"Effect\":\"Allow\",\"Resource\":[\"arn:aws:s3:::arclight-partner-content-prod\"],\"Sid\":\"AllowListingOfUserFolder\"},{\"Action\":[\"s3:*\"],\"Effect\":\"Allow\",\"Resource\":[\"arn:aws:s3:::arclight-partner-content-prod/GSFN/ChosenWitness/*\"],\"Sid\":\"AllowAllS3ActionsInUserFolder\"}],\"Version\":\"2012-10-17\"}",
                            "policy_id": "ANPA5ANCXSXXT66KH6YJF",
                            "tags.%": "0",
                            "tags_all.%": "0"
                        },
                        "meta": {
                            "schema_version": 0
                        },
                        "tainted": false
                    },
                    "deposed": [],
                    "provider": "provider.aws"
                },
                "aws_iam_policy.tfer--S3-GSFN-FallingPlates-Access": {
                    "type": "aws_iam_policy",
                    "depends_on": [],
                    "primary": {
                        "id": "arn:aws:iam::894231352815:policy/S3-GSFN-FallingPlates-Access",
                        "attributes": {
                            "arn": "arn:aws:iam::894231352815:policy/S3-GSFN-FallingPlates-Access",
                            "description": "Arclight Partner Content GSFN access to FallingPlates",
                            "id": "arn:aws:iam::894231352815:policy/S3-GSFN-FallingPlates-Access",
                            "name": "S3-GSFN-FallingPlates-Access",
                            "path": "/",
                            "policy": "{\"Statement\":[{\"Action\":[\"s3:ListAllMyBuckets\",\"s3:GetBucketLocation\"],\"Effect\":\"Allow\",\"Resource\":[\"arn:aws:s3:::arclight-partner-content-prod\"],\"Sid\":\"AllowUserToSeeBucketListInTheConsole\"},{\"Action\":[\"s3:ListBucket\"],\"Condition\":{\"StringEquals\":{\"s3:delimiter\":[\"/\"],\"s3:prefix\":[\"\",\"GSFN/\",\"GSFN/FallingPlates\"]}},\"Effect\":\"Allow\",\"Resource\":[\"arn:aws:s3:::arclight-partner-content-prod\"],\"Sid\":\"AllowRootAndHomeListingOfCompanyBucket\"},{\"Action\":[\"s3:ListBucket\"],\"Condition\":{\"StringLike\":{\"s3:prefix\":[\"GSFN/FallingPlates/*\"]}},\"Effect\":\"Allow\",\"Resource\":[\"arn:aws:s3:::arclight-partner-content-prod\"],\"Sid\":\"AllowListingOfUserFolder\"},{\"Action\":[\"s3:*\"],\"Effect\":\"Allow\",\"Resource\":[\"arn:aws:s3:::arclight-partner-content-prod/GSFN/FallingPlates/*\"],\"Sid\":\"AllowAllS3ActionsInUserFolder\"}],\"Version\":\"2012-10-17\"}",
                            "policy_id": "ANPA5ANCXSXXRM6FIYHPZ",
                            "tags.%": "0",
                            "tags_all.%": "0"
                        },
                        "meta": {
                            "schema_version": 0
                        },
                        "tainted": false
                    },
                    "deposed": [],
                    "provider": "provider.aws"
                },
                "aws_iam_policy.tfer--S3-GSFN-Legion-Access": {
                    "type": "aws_iam_policy",
                    "depends_on": [],
                    "primary": {
                        "id": "arn:aws:iam::894231352815:policy/S3-GSFN-Legion-Access",
                        "attributes": {
                            "arn": "arn:aws:iam::894231352815:policy/S3-GSFN-Legion-Access",
                            "description": "",
                            "id": "arn:aws:iam::894231352815:policy/S3-GSFN-Legion-Access",
                            "name": "S3-GSFN-Legion-Access",
                            "path": "/",
                            "policy": "{\"Statement\":[{\"Action\":[\"s3:ListAllMyBuckets\",\"s3:GetBucketLocation\"],\"Effect\":\"Allow\",\"Resource\":[\"arn:aws:s3:::arclight-partner-content-prod\"],\"Sid\":\"AllowUserToSeeBucketListInTheConsole\"},{\"Action\":[\"s3:ListBucket\"],\"Condition\":{\"StringEquals\":{\"s3:delimiter\":[\"/\"],\"s3:prefix\":[\"\",\"GSFN/\",\"GSFN/2_0-Legion\"]}},\"Effect\":\"Allow\",\"Resource\":[\"arn:aws:s3:::arclight-partner-content-prod\"],\"Sid\":\"AllowRootAndHomeListingOfCompanyBucket\"},{\"Action\":[\"s3:ListBucket\"],\"Condition\":{\"StringLike\":{\"s3:prefix\":[\"GSFN/2_0-Legion/*\"]}},\"Effect\":\"Allow\",\"Resource\":[\"arn:aws:s3:::arclight-partner-content-prod\"],\"Sid\":\"AllowListingOfUserFolder\"},{\"Action\":[\"s3:*\"],\"Effect\":\"Allow\",\"Resource\":[\"arn:aws:s3:::arclight-partner-content-prod/GSFN/2_0-Legion/*\"],\"Sid\":\"AllowAllS3ActionsInUserFolder\"}],\"Version\":\"2012-10-17\"}",
                            "policy_id": "ANPA5ANCXSXXTLNZQ27LM",
                            "tags.%": "0",
                            "tags_all.%": "0"
                        },
                        "meta": {
                            "schema_version": 0
                        },
                        "tainted": false
                    },
                    "deposed": [],
                    "provider": "provider.aws"
                },
                "aws_iam_policy.tfer--appsync-ds-lam-3elgqd-wp-graphql-request": {
                    "type": "aws_iam_policy",
                    "depends_on": [],
                    "primary": {
                        "id": "arn:aws:iam::894231352815:policy/service-role/appsync-ds-lam-3elgqd-wp-graphql-request",
                        "attributes": {
                            "arn": "arn:aws:iam::894231352815:policy/service-role/appsync-ds-lam-3elgqd-wp-graphql-request",
                            "description": "",
                            "id": "arn:aws:iam::894231352815:policy/service-role/appsync-ds-lam-3elgqd-wp-graphql-request",
                            "name": "appsync-ds-lam-3elgqd-wp-graphql-request",
                            "path": "/service-role/",
                            "policy": "{\"Statement\":[{\"Action\":[\"lambda:invokeFunction\"],\"Effect\":\"Allow\",\"Resource\":[\"arn:aws:lambda:us-west-2:894231352815:function:wp-graphql-request\",\"arn:aws:lambda:us-west-2:894231352815:function:wp-graphql-request:*\",\"arn:aws:lambda:us-west-2:894231352815:function:wp-rest-request\",\"arn:aws:lambda:us-west-2:894231352815:function:wp-rest-request:*\"]}],\"Version\":\"2012-10-17\"}",
                            "policy_id": "ANPA5ANCXSXXY3RXWIGKI",
                            "tags.%": "0",
                            "tags_all.%": "0"
                        },
                        "meta": {
                            "schema_version": 0
                        },
                        "tainted": false
                    },
                    "deposed": [],
                    "provider": "provider.aws"
                },
                "aws_iam_policy.tfer--appsync-graphqlapi-logs-us-west-2": {
                    "type": "aws_iam_policy",
                    "depends_on": [],
                    "primary": {
                        "id": "arn:aws:iam::894231352815:policy/service-role/appsync-graphqlapi-logs-us-west-2",
                        "attributes": {
                            "arn": "arn:aws:iam::894231352815:policy/service-role/appsync-graphqlapi-logs-us-west-2",
                            "description": "",
                            "id": "arn:aws:iam::894231352815:policy/service-role/appsync-graphqlapi-logs-us-west-2",
                            "name": "appsync-graphqlapi-logs-us-west-2",
                            "path": "/service-role/",
                            "policy": "{\"Statement\":[{\"Action\":[\"logs:CreateLogGroup\",\"logs:CreateLogStream\",\"logs:PutLogEvents\"],\"Effect\":\"Allow\",\"Resource\":[\"arn:aws:logs:us-west-2:894231352815:*\"]}],\"Version\":\"2012-10-17\"}",
                            "policy_id": "ANPA5ANCXSXXU2I6SUSI3",
                            "tags.%": "0",
                            "tags_all.%": "0"
                        },
                        "meta": {
                            "schema_version": 0
                        },
                        "tainted": false
                    },
                    "deposed": [],
                    "provider": "provider.aws"
                },
                "aws_iam_policy.tfer--core-apollo-gateway": {
                    "type": "aws_iam_policy",
                    "depends_on": [],
                    "primary": {
                        "id": "arn:aws:iam::894231352815:policy/core-apollo-gateway",
                        "attributes": {
                            "arn": "arn:aws:iam::894231352815:policy/core-apollo-gateway",
                            "description": "Allow reading from core-apollo-gateway bucket.",
                            "id": "arn:aws:iam::894231352815:policy/core-apollo-gateway",
                            "name": "core-apollo-gateway",
                            "path": "/",
                            "policy": "{\"Statement\":[{\"Action\":[\"s3:Get*\",\"s3:List*\"],\"Effect\":\"Allow\",\"Resource\":[\"arn:aws:s3:::core-apollo-gateway-stage/*\",\"arn:aws:s3:::core-apollo-gateway-stage\",\"arn:aws:s3:::core-apollo-gateway-prod/*\",\"arn:aws:s3:::core-apollo-gateway-prod\"]}],\"Version\":\"2012-10-17\"}",
                            "policy_id": "ANPA5ANCXSXX3IKK2BF6O",
                            "tags.%": "0",
                            "tags_all.%": "0"
                        },
                        "meta": {
                            "schema_version": 0
                        },
                        "tainted": false
                    },
                    "deposed": [],
                    "provider": "provider.aws"
                },
                "aws_iam_policy.tfer--lambda_to_sns_me2transcheck": {
                    "type": "aws_iam_policy",
                    "depends_on": [],
                    "primary": {
                        "id": "arn:aws:iam::894231352815:policy/lambda_to_sns_me2transcheck",
                        "attributes": {
                            "arn": "arn:aws:iam::894231352815:policy/lambda_to_sns_me2transcheck",
                            "description": "lambda_to_sns_me2transcheck",
                            "id": "arn:aws:iam::894231352815:policy/lambda_to_sns_me2transcheck",
                            "name": "lambda_to_sns_me2transcheck",
                            "path": "/",
                            "policy": "{\"Statement\":[{\"Action\":[\"sns:Publish\"],\"Effect\":\"Allow\",\"Resource\":[\"arn:aws:sns:us-east-1:894231352815:ME2DataTransferCheck\"],\"Sid\":\"Stmt1484239829000\"}],\"Version\":\"2012-10-17\"}",
                            "policy_id": "ANPAIS7RNHBGKVFUU27J4",
                            "tags.%": "0",
                            "tags_all.%": "0"
                        },
                        "meta": {
                            "schema_version": 0
                        },
                        "tainted": false
                    },
                    "deposed": [],
                    "provider": "provider.aws"
                },
                "aws_iam_policy.tfer--ml-repo-access": {
                    "type": "aws_iam_policy",
                    "depends_on": [],
                    "primary": {
                        "id": "arn:aws:iam::894231352815:policy/ml-repo-access",
                        "attributes": {
                            "arn": "arn:aws:iam::894231352815:policy/ml-repo-access",
                            "description": "Access to the ML EC2 Container Registry",
                            "id": "arn:aws:iam::894231352815:policy/ml-repo-access",
                            "name": "ml-repo-access",
                            "path": "/",
                            "policy": "{\"Statement\":[{\"Action\":\"ecr:*\",\"Effect\":\"Allow\",\"Resource\":\"*\",\"Sid\":\"VisualEditor0\"}],\"Version\":\"2012-10-17\"}",
                            "policy_id": "ANPAJE2CCOYBAUO2IV37K",
                            "tags.%": "0",
                            "tags_all.%": "0"
                        },
                        "meta": {
                            "schema_version": 0
                        },
                        "tainted": false
                    },
                    "deposed": [],
                    "provider": "provider.aws"
                },
                "aws_iam_policy.tfer--onehope-jfm-002C-bucket-list-002C-get-002C-put-002C-del": {
                    "type": "aws_iam_policy",
                    "depends_on": [],
                    "primary": {
                        "id": "arn:aws:iam::894231352815:policy/onehope-jfm,bucket-list,get,put,del",
                        "attributes": {
                            "arn": "arn:aws:iam::894231352815:policy/onehope-jfm,bucket-list,get,put,del",
                            "description": "",
                            "id": "arn:aws:iam::894231352815:policy/onehope-jfm,bucket-list,get,put,del",
                            "name": "onehope-jfm,bucket-list,get,put,del",
                            "path": "/",
                            "policy": "{\"Statement\":[{\"Action\":[\"s3:PutObject\",\"s3:GetObject\",\"s3:GetObjectVersion\",\"s3:DeleteObject\",\"s3:DeleteObjectVersion\"],\"Effect\":\"Allow\",\"Resource\":\"arn:aws:s3:::onehope-jfm/*\",\"Sid\":\"VisualEditor0\"},{\"Action\":\"s3:ListBucket\",\"Effect\":\"Allow\",\"Resource\":[\"arn:aws:s3:::onehope-jfm\",\"arn:aws:s3:::onehope-jfm/*\"],\"Sid\":\"VisualEditor1\"}],\"Version\":\"2012-10-17\"}",
                            "policy_id": "ANPA5ANCXSXXWXGTONBTY",
                            "tags.%": "0",
                            "tags_all.%": "0"
                        },
                        "meta": {
                            "schema_version": 0
                        },
                        "tainted": false
                    },
                    "deposed": [],
                    "provider": "provider.aws"
                },
                "aws_iam_policy.tfer--start-pipeline-execution-us-east-1-arclight-api-qa": {
                    "type": "aws_iam_policy",
                    "depends_on": [],
                    "primary": {
                        "id": "arn:aws:iam::894231352815:policy/service-role/start-pipeline-execution-us-east-1-arclight-api-qa",
                        "attributes": {
                            "arn": "arn:aws:iam::894231352815:policy/service-role/start-pipeline-execution-us-east-1-arclight-api-qa",
                            "description": "Allows Amazon CloudWatch Events to automatically start a new execution in the arclight-api-qa pipeline when a change occurs",
                            "id": "arn:aws:iam::894231352815:policy/service-role/start-pipeline-execution-us-east-1-arclight-api-qa",
                            "name": "start-pipeline-execution-us-east-1-arclight-api-qa",
                            "path": "/service-role/",
                            "policy": "{\"Statement\":[{\"Action\":[\"codepipeline:StartPipelineExecution\"],\"Effect\":\"Allow\",\"Resource\":[\"arn:aws:codepipeline:us-east-1:894231352815:arclight-api-qa\"]}],\"Version\":\"2012-10-17\"}",
                            "policy_id": "ANPA5ANCXSXXXDAER6AYH",
                            "tags.%": "0",
                            "tags_all.%": "0"
                        },
                        "meta": {
                            "schema_version": 0
                        },
                        "tainted": false
                    },
                    "deposed": [],
                    "provider": "provider.aws"
                },
                "aws_iam_policy.tfer--tim_test_policy_001": {
                    "type": "aws_iam_policy",
                    "depends_on": [],
                    "primary": {
                        "id": "arn:aws:iam::894231352815:policy/tim_test_policy_001",
                        "attributes": {
                            "arn": "arn:aws:iam::894231352815:policy/tim_test_policy_001",
                            "description": "",
                            "id": "arn:aws:iam::894231352815:policy/tim_test_policy_001",
                            "name": "tim_test_policy_001",
                            "path": "/",
                            "policy": "{\"Statement\":[{\"Action\":[\"firehose:DescribeDeliveryStream\",\"firehose:ListDeliveryStreams\",\"firehose:PutRecord\",\"firehose:PutRecordBatch\"],\"Effect\":\"Allow\",\"Resource\":[\"arn:aws:firehose:us-east-1:894231352815:deliverystream/prod_events\"],\"Sid\":\"Stmt1467758938000\"}],\"Version\":\"2012-10-17\"}",
                            "policy_id": "ANPAJPIJZJYEGIESYO5NQ",
                            "tags.%": "0",
                            "tags_all.%": "0"
                        },
                        "meta": {
                            "schema_version": 0
                        },
                        "tainted": false
                    },
                    "deposed": [],
                    "provider": "provider.aws"
                },
                "aws_iam_role.tfer--AWSCodePipelineServiceRole-us-east-1-admin-preprod": {
                    "type": "aws_iam_role",
                    "depends_on": [],
                    "primary": {
                        "id": "AWSCodePipelineServiceRole-us-east-1-admin-preprod",
                        "attributes": {
                            "arn": "arn:aws:iam::894231352815:role/service-role/AWSCodePipelineServiceRole-us-east-1-admin-preprod",
                            "assume_role_policy": "{\"Statement\":[{\"Action\":\"sts:AssumeRole\",\"Effect\":\"Allow\",\"Principal\":{\"Service\":\"codepipeline.amazonaws.com\"}}],\"Version\":\"2012-10-17\"}",
                            "create_date": "2021-01-11T14:49:46Z",
                            "description": "",
                            "id": "AWSCodePipelineServiceRole-us-east-1-admin-preprod",
                            "managed_policy_arns.#": "1",
                            "managed_policy_arns.0": "arn:aws:iam::894231352815:policy/service-role/AWSCodePipelineServiceRole-us-east-1-admin-preprod",
                            "max_session_duration": "3600",
                            "name": "AWSCodePipelineServiceRole-us-east-1-admin-preprod",
                            "name_prefix": "",
                            "path": "/service-role/",
                            "tags.%": "0",
                            "tags_all.%": "0",
                            "unique_id": "AROA5ANCXSXX3R66QCYP3"
                        },
                        "meta": {
                            "schema_version": 0
                        },
                        "tainted": false
                    },
                    "deposed": [],
                    "provider": "provider.aws"
                },
                "aws_iam_role.tfer--AWSCodePipelineServiceRole-us-east-1-admin-prod": {
                    "type": "aws_iam_role",
                    "depends_on": [],
                    "primary": {
                        "id": "AWSCodePipelineServiceRole-us-east-1-admin-prod",
                        "attributes": {
                            "arn": "arn:aws:iam::894231352815:role/service-role/AWSCodePipelineServiceRole-us-east-1-admin-prod",
                            "assume_role_policy": "{\"Statement\":[{\"Action\":\"sts:AssumeRole\",\"Effect\":\"Allow\",\"Principal\":{\"Service\":\"codepipeline.amazonaws.com\"}}],\"Version\":\"2012-10-17\"}",
                            "create_date": "2021-01-12T17:27:40Z",
                            "description": "",
                            "id": "AWSCodePipelineServiceRole-us-east-1-admin-prod",
                            "managed_policy_arns.#": "1",
                            "managed_policy_arns.0": "arn:aws:iam::894231352815:policy/service-role/AWSCodePipelineServiceRole-us-east-1-admin-prod",
                            "max_session_duration": "3600",
                            "name": "AWSCodePipelineServiceRole-us-east-1-admin-prod",
                            "name_prefix": "",
                            "path": "/service-role/",
                            "tags.%": "0",
                            "tags_all.%": "0",
                            "unique_id": "AROA5ANCXSXX3G5JC4FK4"
                        },
                        "meta": {
                            "schema_version": 0
                        },
                        "tainted": false
                    },
                    "deposed": [],
                    "provider": "provider.aws"
                },
                "aws_iam_role.tfer--AWSCodePipelineServiceRole-us-east-1-admin-qa": {
                    "type": "aws_iam_role",
                    "depends_on": [],
                    "primary": {
                        "id": "AWSCodePipelineServiceRole-us-east-1-admin-qa",
                        "attributes": {
                            "arn": "arn:aws:iam::894231352815:role/service-role/AWSCodePipelineServiceRole-us-east-1-admin-qa",
                            "assume_role_policy": "{\"Statement\":[{\"Action\":\"sts:AssumeRole\",\"Effect\":\"Allow\",\"Principal\":{\"Service\":\"codepipeline.amazonaws.com\"}}],\"Version\":\"2012-10-17\"}",
                            "create_date": "2020-12-09T04:18:36Z",
                            "description": "",
                            "id": "AWSCodePipelineServiceRole-us-east-1-admin-qa",
                            "managed_policy_arns.#": "1",
                            "managed_policy_arns.0": "arn:aws:iam::894231352815:policy/service-role/AWSCodePipelineServiceRole-us-east-1-admin-qa",
                            "max_session_duration": "3600",
                            "name": "AWSCodePipelineServiceRole-us-east-1-admin-qa",
                            "name_prefix": "",
                            "path": "/service-role/",
                            "tags.%": "0",
                            "tags_all.%": "0",
                            "unique_id": "AROA5ANCXSXX534RHYHNQ"
                        },
                        "meta": {
                            "schema_version": 0
                        },
                        "tainted": false
                    },
                    "deposed": [],
                    "provider": "provider.aws"
                },
                "aws_iam_role.tfer--AWSCodePipelineServiceRole-us-east-1-api-preprod": {
                    "type": "aws_iam_role",
                    "depends_on": [],
                    "primary": {
                        "id": "AWSCodePipelineServiceRole-us-east-1-api-preprod",
                        "attributes": {
                            "arn": "arn:aws:iam::894231352815:role/service-role/AWSCodePipelineServiceRole-us-east-1-api-preprod",
                            "assume_role_policy": "{\"Statement\":[{\"Action\":\"sts:AssumeRole\",\"Effect\":\"Allow\",\"Principal\":{\"Service\":\"codepipeline.amazonaws.com\"}}],\"Version\":\"2012-10-17\"}",
                            "create_date": "2020-10-01T17:45:23Z",
                            "description": "",
                            "id": "AWSCodePipelineServiceRole-us-east-1-api-preprod",
                            "managed_policy_arns.#": "1",
                            "managed_policy_arns.0": "arn:aws:iam::894231352815:policy/service-role/AWSCodePipelineServiceRole-us-east-1-api-preprod",
                            "max_session_duration": "3600",
                            "name": "AWSCodePipelineServiceRole-us-east-1-api-preprod",
                            "name_prefix": "",
                            "path": "/service-role/",
                            "tags.%": "0",
                            "tags_all.%": "0",
                            "unique_id": "AROA5ANCXSXXSAMYZNNIO"
                        },
                        "meta": {
                            "schema_version": 0
                        },
                        "tainted": false
                    },
                    "deposed": [],
                    "provider": "provider.aws"
                },
                "aws_iam_role.tfer--AWSCodePipelineServiceRole-us-east-1-api-preprod-admin": {
                    "type": "aws_iam_role",
                    "depends_on": [],
                    "primary": {
                        "id": "AWSCodePipelineServiceRole-us-east-1-api-preprod-admin",
                        "attributes": {
                            "arn": "arn:aws:iam::894231352815:role/service-role/AWSCodePipelineServiceRole-us-east-1-api-preprod-admin",
                            "assume_role_policy": "{\"Statement\":[{\"Action\":\"sts:AssumeRole\",\"Effect\":\"Allow\",\"Principal\":{\"Service\":\"codepipeline.amazonaws.com\"}}],\"Version\":\"2012-10-17\"}",
                            "create_date": "2020-10-01T18:23:23Z",
                            "description": "",
                            "id": "AWSCodePipelineServiceRole-us-east-1-api-preprod-admin",
                            "managed_policy_arns.#": "1",
                            "managed_policy_arns.0": "arn:aws:iam::894231352815:policy/service-role/AWSCodePipelineServiceRole-us-east-1-api-preprod-admin",
                            "max_session_duration": "3600",
                            "name": "AWSCodePipelineServiceRole-us-east-1-api-preprod-admin",
                            "name_prefix": "",
                            "path": "/service-role/",
                            "tags.%": "0",
                            "tags_all.%": "0",
                            "unique_id": "AROA5ANCXSXX4QIU3QLRM"
                        },
                        "meta": {
                            "schema_version": 0
                        },
                        "tainted": false
                    },
                    "deposed": [],
                    "provider": "provider.aws"
                },
                "aws_iam_role.tfer--AWSCodePipelineServiceRole-us-east-1-api-prod": {
                    "type": "aws_iam_role",
                    "depends_on": [],
                    "primary": {
                        "id": "AWSCodePipelineServiceRole-us-east-1-api-prod",
                        "attributes": {
                            "arn": "arn:aws:iam::894231352815:role/service-role/AWSCodePipelineServiceRole-us-east-1-api-prod",
                            "assume_role_policy": "{\"Statement\":[{\"Action\":\"sts:AssumeRole\",\"Effect\":\"Allow\",\"Principal\":{\"Service\":\"codepipeline.amazonaws.com\"}}],\"Version\":\"2012-10-17\"}",
                            "create_date": "2020-10-07T20:50:06Z",
                            "description": "",
                            "id": "AWSCodePipelineServiceRole-us-east-1-api-prod",
                            "managed_policy_arns.#": "1",
                            "managed_policy_arns.0": "arn:aws:iam::894231352815:policy/service-role/AWSCodePipelineServiceRole-us-east-1-api-prod",
                            "max_session_duration": "3600",
                            "name": "AWSCodePipelineServiceRole-us-east-1-api-prod",
                            "name_prefix": "",
                            "path": "/service-role/",
                            "tags.%": "0",
                            "tags_all.%": "0",
                            "unique_id": "AROA5ANCXSXXYS3YI3OSP"
                        },
                        "meta": {
                            "schema_version": 0
                        },
                        "tainted": false
                    },
                    "deposed": [],
                    "provider": "provider.aws"
                },
                "aws_iam_role.tfer--AWSCodePipelineServiceRole-us-east-1-api-prod-admin": {
                    "type": "aws_iam_role",
                    "depends_on": [],
                    "primary": {
                        "id": "AWSCodePipelineServiceRole-us-east-1-api-prod-admin",
                        "attributes": {
                            "arn": "arn:aws:iam::894231352815:role/service-role/AWSCodePipelineServiceRole-us-east-1-api-prod-admin",
                            "assume_role_policy": "{\"Statement\":[{\"Action\":\"sts:AssumeRole\",\"Effect\":\"Allow\",\"Principal\":{\"Service\":\"codepipeline.amazonaws.com\"}}],\"Version\":\"2012-10-17\"}",
                            "create_date": "2020-10-07T16:06:42Z",
                            "description": "",
                            "id": "AWSCodePipelineServiceRole-us-east-1-api-prod-admin",
                            "managed_policy_arns.#": "1",
                            "managed_policy_arns.0": "arn:aws:iam::894231352815:policy/service-role/AWSCodePipelineServiceRole-us-east-1-api-prod-admin",
                            "max_session_duration": "3600",
                            "name": "AWSCodePipelineServiceRole-us-east-1-api-prod-admin",
                            "name_prefix": "",
                            "path": "/service-role/",
                            "tags.%": "0",
                            "tags_all.%": "0",
                            "unique_id": "AROA5ANCXSXX3WRYMSMCU"
                        },
                        "meta": {
                            "schema_version": 0
                        },
                        "tainted": false
                    },
                    "deposed": [],
                    "provider": "provider.aws"
                },
                "aws_iam_role.tfer--AWSCodePipelineServiceRole-us-east-1-api-qa": {
                    "type": "aws_iam_role",
                    "depends_on": [],
                    "primary": {
                        "id": "AWSCodePipelineServiceRole-us-east-1-api-qa",
                        "attributes": {
                            "arn": "arn:aws:iam::894231352815:role/service-role/AWSCodePipelineServiceRole-us-east-1-api-qa",
                            "assume_role_policy": "{\"Statement\":[{\"Action\":\"sts:AssumeRole\",\"Effect\":\"Allow\",\"Principal\":{\"Service\":\"codepipeline.amazonaws.com\"}}],\"Version\":\"2012-10-17\"}",
                            "create_date": "2020-09-17T22:50:33Z",
                            "description": "",
                            "id": "AWSCodePipelineServiceRole-us-east-1-api-qa",
                            "managed_policy_arns.#": "1",
                            "managed_policy_arns.0": "arn:aws:iam::894231352815:policy/service-role/AWSCodePipelineServiceRole-us-east-1-api-qa",
                            "max_session_duration": "3600",
                            "name": "AWSCodePipelineServiceRole-us-east-1-api-qa",
                            "name_prefix": "",
                            "path": "/service-role/",
                            "tags.%": "0",
                            "tags_all.%": "0",
                            "unique_id": "AROA5ANCXSXX4NG4FFFRG"
                        },
                        "meta": {
                            "schema_version": 0
                        },
                        "tainted": false
                    },
                    "deposed": [],
                    "provider": "provider.aws"
                },
                "aws_iam_role.tfer--AWSCodePipelineServiceRole-us-east-1-arclight-api-qa": {
                    "type": "aws_iam_role",
                    "depends_on": [],
                    "primary": {
                        "id": "AWSCodePipelineServiceRole-us-east-1-arclight-api-qa",
                        "attributes": {
                            "arn": "arn:aws:iam::894231352815:role/service-role/AWSCodePipelineServiceRole-us-east-1-arclight-api-qa",
                            "assume_role_policy": "{\"Statement\":[{\"Action\":\"sts:AssumeRole\",\"Effect\":\"Allow\",\"Principal\":{\"Service\":\"codepipeline.amazonaws.com\"}}],\"Version\":\"2012-10-17\"}",
                            "create_date": "2020-09-17T00:27:26Z",
                            "description": "",
                            "id": "AWSCodePipelineServiceRole-us-east-1-arclight-api-qa",
                            "managed_policy_arns.#": "1",
                            "managed_policy_arns.0": "arn:aws:iam::894231352815:policy/service-role/AWSCodePipelineServiceRole-us-east-1-arclight-api-qa",
                            "max_session_duration": "3600",
                            "name": "AWSCodePipelineServiceRole-us-east-1-arclight-api-qa",
                            "name_prefix": "",
                            "path": "/service-role/",
                            "tags.%": "0",
                            "tags_all.%": "0",
                            "unique_id": "AROA5ANCXSXXQXD2CXNEF"
                        },
                        "meta": {
                            "schema_version": 0
                        },
                        "tainted": false
                    },
                    "deposed": [],
                    "provider": "provider.aws"
                },
                "aws_iam_role.tfer--AWSCodePipelineServiceRole-us-east-1-import-preprod": {
                    "type": "aws_iam_role",
                    "depends_on": [],
                    "primary": {
                        "id": "AWSCodePipelineServiceRole-us-east-1-import-preprod",
                        "attributes": {
                            "arn": "arn:aws:iam::894231352815:role/service-role/AWSCodePipelineServiceRole-us-east-1-import-preprod",
                            "assume_role_policy": "{\"Statement\":[{\"Action\":\"sts:AssumeRole\",\"Effect\":\"Allow\",\"Principal\":{\"Service\":\"codepipeline.amazonaws.com\"}}],\"Version\":\"2012-10-17\"}",
                            "create_date": "2021-01-11T16:05:03Z",
                            "description": "",
                            "id": "AWSCodePipelineServiceRole-us-east-1-import-preprod",
                            "managed_policy_arns.#": "1",
                            "managed_policy_arns.0": "arn:aws:iam::894231352815:policy/service-role/AWSCodePipelineServiceRole-us-east-1-import-preprod",
                            "max_session_duration": "3600",
                            "name": "AWSCodePipelineServiceRole-us-east-1-import-preprod",
                            "name_prefix": "",
                            "path": "/service-role/",
                            "tags.%": "0",
                            "tags_all.%": "0",
                            "unique_id": "AROA5ANCXSXXXNPL62TRZ"
                        },
                        "meta": {
                            "schema_version": 0
                        },
                        "tainted": false
                    },
                    "deposed": [],
                    "provider": "provider.aws"
                },
                "aws_iam_role.tfer--AWSCodePipelineServiceRole-us-east-1-import-prod": {
                    "type": "aws_iam_role",
                    "depends_on": [],
                    "primary": {
                        "id": "AWSCodePipelineServiceRole-us-east-1-import-prod",
                        "attributes": {
                            "arn": "arn:aws:iam::894231352815:role/service-role/AWSCodePipelineServiceRole-us-east-1-import-prod",
                            "assume_role_policy": "{\"Statement\":[{\"Action\":\"sts:AssumeRole\",\"Effect\":\"Allow\",\"Principal\":{\"Service\":\"codepipeline.amazonaws.com\"}}],\"Version\":\"2012-10-17\"}",
                            "create_date": "2021-01-12T17:33:13Z",
                            "description": "",
                            "id": "AWSCodePipelineServiceRole-us-east-1-import-prod",
                            "managed_policy_arns.#": "1",
                            "managed_policy_arns.0": "arn:aws:iam::894231352815:policy/service-role/AWSCodePipelineServiceRole-us-east-1-import-prod",
                            "max_session_duration": "3600",
                            "name": "AWSCodePipelineServiceRole-us-east-1-import-prod",
                            "name_prefix": "",
                            "path": "/service-role/",
                            "tags.%": "0",
                            "tags_all.%": "0",
                            "unique_id": "AROA5ANCXSXX2WVTKDRH5"
                        },
                        "meta": {
                            "schema_version": 0
                        },
                        "tainted": false
                    },
                    "deposed": [],
                    "provider": "provider.aws"
                },
                "aws_iam_role.tfer--AWSCodePipelineServiceRole-us-east-1-import-qa": {
                    "type": "aws_iam_role",
                    "depends_on": [],
                    "primary": {
                        "id": "AWSCodePipelineServiceRole-us-east-1-import-qa",
                        "attributes": {
                            "arn": "arn:aws:iam::894231352815:role/service-role/AWSCodePipelineServiceRole-us-east-1-import-qa",
                            "assume_role_policy": "{\"Statement\":[{\"Action\":\"sts:AssumeRole\",\"Effect\":\"Allow\",\"Principal\":{\"Service\":\"codepipeline.amazonaws.com\"}}],\"Version\":\"2012-10-17\"}",
                            "create_date": "2020-12-05T00:10:04Z",
                            "description": "",
                            "id": "AWSCodePipelineServiceRole-us-east-1-import-qa",
                            "managed_policy_arns.#": "1",
                            "managed_policy_arns.0": "arn:aws:iam::894231352815:policy/service-role/AWSCodePipelineServiceRole-us-east-1-import-qa",
                            "max_session_duration": "3600",
                            "name": "AWSCodePipelineServiceRole-us-east-1-import-qa",
                            "name_prefix": "",
                            "path": "/service-role/",
                            "tags.%": "0",
                            "tags_all.%": "0",
                            "unique_id": "AROA5ANCXSXXUOKJRI5I4"
                        },
                        "meta": {
                            "schema_version": 0
                        },
                        "tainted": false
                    },
                    "deposed": [],
                    "provider": "provider.aws"
                },
                "aws_iam_role.tfer--AWSGlueServiceRole-Arclight-RDS-prod": {
                    "type": "aws_iam_role",
                    "depends_on": [],
                    "primary": {
                        "id": "AWSGlueServiceRole-Arclight-RDS-prod",
                        "attributes": {
                            "arn": "arn:aws:iam::894231352815:role/AWSGlueServiceRole-Arclight-RDS-prod",
                            "assume_role_policy": "{\"Statement\":[{\"Action\":\"sts:AssumeRole\",\"Effect\":\"Allow\",\"Principal\":{\"Service\":\"glue.amazonaws.com\"}}],\"Version\":\"2012-10-17\"}",
                            "create_date": "2021-07-31T18:17:03Z",
                            "description": "Allows Glue to call AWS services on your behalf. ",
                            "id": "AWSGlueServiceRole-Arclight-RDS-prod",
                            "managed_policy_arns.#": "2",
                            "managed_policy_arns.0": "arn:aws:iam::aws:policy/AmazonRDSDataFullAccess",
                            "managed_policy_arns.1": "arn:aws:iam::aws:policy/service-role/AWSGlueServiceRole",
                            "max_session_duration": "3600",
                            "name": "AWSGlueServiceRole-Arclight-RDS-prod",
                            "name_prefix": "",
                            "path": "/",
                            "tags.%": "0",
                            "tags_all.%": "0",
                            "unique_id": "AROA5ANCXSXXVSQ4YCR2G"
                        },
                        "meta": {
                            "schema_version": 0
                        },
                        "tainted": false
                    },
                    "deposed": [],
                    "provider": "provider.aws"
                },
                "aws_iam_role.tfer--AWSGlueServiceRole-JFP-DW-Prod-play": {
                    "type": "aws_iam_role",
                    "depends_on": [],
                    "primary": {
                        "id": "AWSGlueServiceRole-JFP-DW-Prod-play",
                        "attributes": {
                            "arn": "arn:aws:iam::894231352815:role/service-role/AWSGlueServiceRole-JFP-DW-Prod-play",
                            "assume_role_policy": "{\"Statement\":[{\"Action\":\"sts:AssumeRole\",\"Effect\":\"Allow\",\"Principal\":{\"Service\":\"glue.amazonaws.com\"}}],\"Version\":\"2012-10-17\"}",
                            "create_date": "2019-09-30T16:20:21Z",
                            "description": "",
                            "id": "AWSGlueServiceRole-JFP-DW-Prod-play",
                            "managed_policy_arns.#": "2",
                            "managed_policy_arns.0": "arn:aws:iam::894231352815:policy/service-role/AWSGlueServiceRole-JFP-DW-Prod-play",
                            "managed_policy_arns.1": "arn:aws:iam::aws:policy/service-role/AWSGlueServiceRole",
                            "max_session_duration": "3600",
                            "name": "AWSGlueServiceRole-JFP-DW-Prod-play",
                            "name_prefix": "",
                            "path": "/service-role/",
                            "tags.%": "0",
                            "tags_all.%": "0",
                            "unique_id": "AROA5ANCXSXXYIJOYMPW2"
                        },
                        "meta": {
                            "schema_version": 0
                        },
                        "tainted": false
                    },
                    "deposed": [],
                    "provider": "provider.aws"
                },
                "aws_iam_role.tfer--AWSReservedSSO_devops-engineering_41bbd67f6714fe63": {
                    "type": "aws_iam_role",
                    "depends_on": [],
                    "primary": {
                        "id": "AWSReservedSSO_devops-engineering_41bbd67f6714fe63",
                        "attributes": {
                            "arn": "arn:aws:iam::894231352815:role/aws-reserved/sso.amazonaws.com/AWSReservedSSO_devops-engineering_41bbd67f6714fe63",
                            "assume_role_policy": "{\"Statement\":[{\"Action\":[\"sts:AssumeRoleWithSAML\",\"sts:TagSession\"],\"Condition\":{\"StringEquals\":{\"SAML:aud\":\"https://signin.aws.amazon.com/saml\"}},\"Effect\":\"Allow\",\"Principal\":{\"Federated\":\"arn:aws:iam::894231352815:saml-provider/AWSSSO_010a894d7a12cb45_DO_NOT_DELETE\"}}],\"Version\":\"2012-10-17\"}",
                            "create_date": "2021-03-01T22:09:35Z",
                            "description": "Dev-Ops Engineering Team",
                            "id": "AWSReservedSSO_devops-engineering_41bbd67f6714fe63",
                            "inline_policy.#": "1",
                            "inline_policy.0.name": "AwsSSOInlinePolicy",
                            "inline_policy.0.policy": "{\"Statement\":[{\"Action\":[\"cur:*\",\"ce:*\",\"budgets:ViewBudget\",\"budgets:Describe*\",\"aws-portal:ViewBilling\"],\"Effect\":\"Allow\",\"Resource\":\"*\",\"Sid\":\"AllowAdminCostExplorer\"},{\"Action\":[\"rds:PurchaseReservedDBInstancesOffering\",\"elasticache:PurchaseReservedCacheNodesOffering\",\"ec2:PurchaseReservedInstancesOffering\",\"ec2:ModifyReservedInstances\"],\"Effect\":\"Allow\",\"Resource\":\"*\",\"Sid\":\"ManageReservedInstances\"},{\"Action\":\"savingsplans:*\",\"Effect\":\"Allow\",\"Resource\":\"*\",\"Sid\":\"ManageSavingsPlans\"},{\"Action\":\"iam:*\",\"Effect\":\"Allow\",\"Resource\":\"*\",\"Sid\":\"ManageIAM\"}],\"Version\":\"2012-10-17\"}",
                            "managed_policy_arns.#": "2",
                            "managed_policy_arns.0": "arn:aws:iam::aws:policy/SecurityAudit",
                            "managed_policy_arns.1": "arn:aws:iam::aws:policy/job-function/ViewOnlyAccess",
                            "max_session_duration": "43200",
                            "name": "AWSReservedSSO_devops-engineering_41bbd67f6714fe63",
                            "name_prefix": "",
                            "path": "/aws-reserved/sso.amazonaws.com/",
                            "tags.%": "0",
                            "tags_all.%": "0",
                            "unique_id": "AROA5ANCXSXXZPOWLDJNL"
                        },
                        "meta": {
                            "schema_version": 0
                        },
                        "tainted": false
                    },
                    "deposed": [],
                    "provider": "provider.aws"
                },
                "aws_iam_role.tfer--AWSReservedSSO_google-migrations-admin_7282bdac0a32df41": {
                    "type": "aws_iam_role",
                    "depends_on": [],
                    "primary": {
                        "id": "AWSReservedSSO_google-migrations-admin_7282bdac0a32df41",
                        "attributes": {
                            "arn": "arn:aws:iam::894231352815:role/aws-reserved/sso.amazonaws.com/AWSReservedSSO_google-migrations-admin_7282bdac0a32df41",
                            "assume_role_policy": "{\"Statement\":[{\"Action\":[\"sts:AssumeRoleWithSAML\",\"sts:TagSession\"],\"Condition\":{\"StringEquals\":{\"SAML:aud\":\"https://signin.aws.amazon.com/saml\"}},\"Effect\":\"Allow\",\"Principal\":{\"Federated\":\"arn:aws:iam::894231352815:saml-provider/AWSSSO_010a894d7a12cb45_DO_NOT_DELETE\"}}],\"Version\":\"2012-10-17\"}",
                            "create_date": "2021-05-07T13:36:46Z",
                            "description": "Google Migrations Admin",
                            "id": "AWSReservedSSO_google-migrations-admin_7282bdac0a32df41",
                            "inline_policy.#": "1",
                            "inline_policy.0.name": "AwsSSOInlinePolicy",
                            "inline_policy.0.policy": "{\"Statement\":[{\"Action\":\"ec2:Describe*\",\"Effect\":\"Allow\",\"Resource\":\"*\",\"Sid\":\"FullDescribeAll\"},{\"Action\":\"ec2:*\",\"Condition\":{\"StringLike\":{\"ec2:ResourceTag/type\":\"google-migrations\"}},\"Effect\":\"Allow\",\"Resource\":\"*\",\"Sid\":\"FullInstancesAccess\"}],\"Version\":\"2012-10-17\"}",
                            "managed_policy_arns.#": "1",
                            "managed_policy_arns.0": "arn:aws:iam::aws:policy/CloudWatchReadOnlyAccess",
                            "max_session_duration": "43200",
                            "name": "AWSReservedSSO_google-migrations-admin_7282bdac0a32df41",
                            "name_prefix": "",
                            "path": "/aws-reserved/sso.amazonaws.com/",
                            "tags.%": "0",
                            "tags_all.%": "0",
                            "unique_id": "AROA5ANCXSXXRAQ7SBNKT"
                        },
                        "meta": {
                            "schema_version": 0
                        },
                        "tainted": false
                    },
                    "deposed": [],
                    "provider": "provider.aws"
                },
                "aws_iam_role.tfer--AWSReservedSSO_network-engineering_40e4bc0151e285d5": {
                    "type": "aws_iam_role",
                    "depends_on": [],
                    "primary": {
                        "id": "AWSReservedSSO_network-engineering_40e4bc0151e285d5",
                        "attributes": {
                            "arn": "arn:aws:iam::894231352815:role/aws-reserved/sso.amazonaws.com/AWSReservedSSO_network-engineering_40e4bc0151e285d5",
                            "assume_role_policy": "{\"Statement\":[{\"Action\":[\"sts:AssumeRoleWithSAML\",\"sts:TagSession\"],\"Condition\":{\"StringEquals\":{\"SAML:aud\":\"https://signin.aws.amazon.com/saml\"}},\"Effect\":\"Allow\",\"Principal\":{\"Federated\":\"arn:aws:iam::894231352815:saml-provider/AWSSSO_010a894d7a12cb45_DO_NOT_DELETE\"}}],\"Version\":\"2012-10-17\"}",
                            "create_date": "2021-05-06T18:18:51Z",
                            "description": "Network Engineering Team",
                            "id": "AWSReservedSSO_network-engineering_40e4bc0151e285d5",
                            "inline_policy.#": "1",
                            "inline_policy.0.name": "AwsSSOInlinePolicy",
                            "inline_policy.0.policy": "{\"Statement\":[{\"Action\":[\"ec2:Search*\",\"ec2:List*\",\"ec2:Get*\",\"ec2:Describe*\"],\"Effect\":\"Allow\",\"Resource\":\"*\",\"Sid\":\"FullDescribeAll\"},{\"Action\":\"ec2:*\",\"Condition\":{\"StringLike\":{\"ec2:ResourceTag/owner\":[\"nts.support@cru.org\"]}},\"Effect\":\"Allow\",\"Resource\":\"*\",\"Sid\":\"FullAcessNetworkInstances\"},{\"Action\":[\"s3:ListAllMyBuckets\",\"s3:GetBucketLocation\"],\"Effect\":\"Allow\",\"Resource\":\"*\",\"Sid\":\"\"},{\"Action\":\"s3:*\",\"Effect\":\"Allow\",\"Resource\":[\"arn:aws:s3:::cru-collab-software/*\",\"arn:aws:s3:::cru-collab-software\"],\"Sid\":\"\"},{\"Action\":[\"ecs:ListTasks\",\"ecs:ListTaskDefinitions\",\"ecs:ListTaskDefinitionFamilies\",\"ecs:ListTagsForResource\",\"ecs:ListServices\",\"ecs:ListContainerInstances\",\"ecs:ListClusters\",\"ecs:ListAttributes\",\"ecs:ListAccountSettings\",\"ecs:DescribeTasks\",\"ecs:DescribeTaskSets\",\"ecs:DescribeTaskDefinition\",\"ecs:DescribeServices\",\"ecs:DescribeContainerInstances\",\"ecs:DescribeClusters\",\"ecs:DescribeCapacityProviders\"],\"Effect\":\"Allow\",\"Resource\":\"*\",\"Sid\":\"ECSReadAccess\"},{\"Action\":[\"ec2:GetVpnConnectionDeviceTypes\",\"ec2:GetVpnConnectionDeviceSampleConfiguration\"],\"Effect\":\"Allow\",\"Resource\":\"*\",\"Sid\":\"VPNGetConfig\"},{\"Action\":[\"ec2:GetTransitGateway*\",\"ec2:DescribeTransitGateway*\"],\"Effect\":\"Allow\",\"Resource\":\"*\",\"Sid\":\"ViewTransitGateway\"}],\"Version\":\"2012-10-17\"}",
                            "managed_policy_arns.#": "8",
                            "managed_policy_arns.0": "arn:aws:iam::aws:policy/AWSCloudTrail_FullAccess",
                            "managed_policy_arns.1": "arn:aws:iam::aws:policy/AWSDirectConnectFullAccess",
                            "managed_policy_arns.2": "arn:aws:iam::aws:policy/AWSNetworkManagerReadOnlyAccess",
                            "managed_policy_arns.3": "arn:aws:iam::aws:policy/AWSSupportAccess",
                            "managed_policy_arns.4": "arn:aws:iam::aws:policy/AmazonEC2ReadOnlyAccess",
                            "managed_policy_arns.5": "arn:aws:iam::aws:policy/AmazonRoute53ReadOnlyAccess",
                            "managed_policy_arns.6": "arn:aws:iam::aws:policy/AmazonVPCFullAccess",
                            "managed_policy_arns.7": "arn:aws:iam::aws:policy/CloudWatchReadOnlyAccess",
                            "max_session_duration": "43200",
                            "name": "AWSReservedSSO_network-engineering_40e4bc0151e285d5",
                            "name_prefix": "",
                            "path": "/aws-reserved/sso.amazonaws.com/",
                            "tags.%": "0",
                            "tags_all.%": "0",
                            "unique_id": "AROA5ANCXSXXWF67AHMHV"
                        },
                        "meta": {
                            "schema_version": 0
                        },
                        "tainted": false
                    },
                    "deposed": [],
                    "provider": "provider.aws"
                },
                "aws_iam_role.tfer--AWSReservedSSO_pritunl-admin_b7f20d56937aa70a": {
                    "type": "aws_iam_role",
                    "depends_on": [],
                    "primary": {
                        "id": "AWSReservedSSO_pritunl-admin_b7f20d56937aa70a",
                        "attributes": {
                            "arn": "arn:aws:iam::894231352815:role/aws-reserved/sso.amazonaws.com/AWSReservedSSO_pritunl-admin_b7f20d56937aa70a",
                            "assume_role_policy": "{\"Statement\":[{\"Action\":[\"sts:AssumeRoleWithSAML\",\"sts:TagSession\"],\"Condition\":{\"StringEquals\":{\"SAML:aud\":\"https://signin.aws.amazon.com/saml\"}},\"Effect\":\"Allow\",\"Principal\":{\"Federated\":\"arn:aws:iam::894231352815:saml-provider/AWSSSO_010a894d7a12cb45_DO_NOT_DELETE\"}}],\"Version\":\"2012-10-17\"}",
                            "create_date": "2021-08-20T14:10:36Z",
                            "description": "Pritunl Admin",
                            "id": "AWSReservedSSO_pritunl-admin_b7f20d56937aa70a",
                            "inline_policy.#": "1",
                            "inline_policy.0.name": "AwsSSOInlinePolicy",
                            "inline_policy.0.policy": "{\"Statement\":[{\"Action\":[\"ec2:Describe*\",\"cloudwatch:GetMetricStatistics\",\"cloudwatch:GetMetricData\",\"cloudwatch:DescribeAlarms\"],\"Effect\":\"Allow\",\"Resource\":\"*\",\"Sid\":\"FullDescribeAll\"},{\"Action\":\"ec2:*\",\"Condition\":{\"StringLike\":{\"ec2:ResourceTag/application\":\"pritunl\"}},\"Effect\":\"Allow\",\"Resource\":\"*\",\"Sid\":\"FullAcessNetworkInstances\"},{\"Action\":[\"s3:ListAllMyBuckets\",\"s3:GetBucketLocation\"],\"Effect\":\"Allow\",\"Resource\":\"*\",\"Sid\":\"ListAllBuckets\"},{\"Action\":\"s3:*\",\"Effect\":\"Allow\",\"Resource\":[\"arn:aws:s3:::pritunl-mongo-backup/*\",\"arn:aws:s3:::pritunl-mongo-backup\"],\"Sid\":\"AllowS3FullAccess\"}],\"Version\":\"2012-10-17\"}",
                            "managed_policy_arns.#": "0",
                            "max_session_duration": "43200",
                            "name": "AWSReservedSSO_pritunl-admin_b7f20d56937aa70a",
                            "name_prefix": "",
                            "path": "/aws-reserved/sso.amazonaws.com/",
                            "tags.%": "0",
                            "tags_all.%": "0",
                            "unique_id": "AROA5ANCXSXXXQFKX5ZIU"
                        },
                        "meta": {
                            "schema_version": 0
                        },
                        "tainted": false
                    },
                    "deposed": [],
                    "provider": "provider.aws"
                },
                "aws_iam_role.tfer--AWSServiceRoleForAPIGateway": {
                    "type": "aws_iam_role",
                    "depends_on": [],
                    "primary": {
                        "id": "AWSServiceRoleForAPIGateway",
                        "attributes": {
                            "arn": "arn:aws:iam::894231352815:role/aws-service-role/ops.apigateway.amazonaws.com/AWSServiceRoleForAPIGateway",
                            "assume_role_policy": "{\"Statement\":[{\"Action\":\"sts:AssumeRole\",\"Effect\":\"Allow\",\"Principal\":{\"Service\":\"ops.apigateway.amazonaws.com\"}}],\"Version\":\"2012-10-17\"}",
                            "create_date": "2021-08-09T20:37:18Z",
                            "description": "The Service Linked Role is used by Amazon API Gateway.",
                            "id": "AWSServiceRoleForAPIGateway",
                            "managed_policy_arns.#": "1",
                            "managed_policy_arns.0": "arn:aws:iam::aws:policy/aws-service-role/APIGatewayServiceRolePolicy",
                            "max_session_duration": "3600",
                            "name": "AWSServiceRoleForAPIGateway",
                            "name_prefix": "",
                            "path": "/aws-service-role/ops.apigateway.amazonaws.com/",
                            "tags.%": "0",
                            "tags_all.%": "0",
                            "unique_id": "AROA5ANCXSXXQKRQ7VTUT"
                        },
                        "meta": {
                            "schema_version": 0
                        },
                        "tainted": false
                    },
                    "deposed": [],
                    "provider": "provider.aws"
                },
                "aws_iam_role.tfer--AWSServiceRoleForAmazonEKS": {
                    "type": "aws_iam_role",
                    "depends_on": [],
                    "primary": {
                        "id": "AWSServiceRoleForAmazonEKS",
                        "attributes": {
                            "arn": "arn:aws:iam::894231352815:role/aws-service-role/eks.amazonaws.com/AWSServiceRoleForAmazonEKS",
                            "assume_role_policy": "{\"Statement\":[{\"Action\":\"sts:AssumeRole\",\"Effect\":\"Allow\",\"Principal\":{\"Service\":\"eks.amazonaws.com\"}}],\"Version\":\"2012-10-17\"}",
                            "create_date": "2021-12-09T23:59:13Z",
                            "description": "Allows Amazon EKS to call AWS services on your behalf.",
                            "id": "AWSServiceRoleForAmazonEKS",
                            "managed_policy_arns.#": "1",
                            "managed_policy_arns.0": "arn:aws:iam::aws:policy/aws-service-role/AmazonEKSServiceRolePolicy",
                            "max_session_duration": "3600",
                            "name": "AWSServiceRoleForAmazonEKS",
                            "name_prefix": "",
                            "path": "/aws-service-role/eks.amazonaws.com/",
                            "tags.%": "0",
                            "tags_all.%": "0",
                            "unique_id": "AROA5ANCXSXXX6T3EPAZC"
                        },
                        "meta": {
                            "schema_version": 0
                        },
                        "tainted": false
                    },
                    "deposed": [],
                    "provider": "provider.aws"
                },
                "aws_iam_role.tfer--AWSServiceRoleForAmazonEKSNodegroup": {
                    "type": "aws_iam_role",
                    "depends_on": [],
                    "primary": {
                        "id": "AWSServiceRoleForAmazonEKSNodegroup",
                        "attributes": {
                            "arn": "arn:aws:iam::894231352815:role/aws-service-role/eks-nodegroup.amazonaws.com/AWSServiceRoleForAmazonEKSNodegroup",
                            "assume_role_policy": "{\"Statement\":[{\"Action\":\"sts:AssumeRole\",\"Effect\":\"Allow\",\"Principal\":{\"Service\":\"eks-nodegroup.amazonaws.com\"}}],\"Version\":\"2012-10-17\"}",
                            "create_date": "2021-12-13T23:43:36Z",
                            "description": "This policy allows Amazon EKS to create and manage Nodegroups",
                            "id": "AWSServiceRoleForAmazonEKSNodegroup",
                            "managed_policy_arns.#": "1",
                            "managed_policy_arns.0": "arn:aws:iam::aws:policy/aws-service-role/AWSServiceRoleForAmazonEKSNodegroup",
                            "max_session_duration": "3600",
                            "name": "AWSServiceRoleForAmazonEKSNodegroup",
                            "name_prefix": "",
                            "path": "/aws-service-role/eks-nodegroup.amazonaws.com/",
                            "tags.%": "0",
                            "tags_all.%": "0",
                            "unique_id": "AROA5ANCXSXX5ECCQ7RMR"
                        },
                        "meta": {
                            "schema_version": 0
                        },
                        "tainted": false
                    },
                    "deposed": [],
                    "provider": "provider.aws"
                },
                "aws_iam_role.tfer--AWSServiceRoleForAmazonElasticFileSystem": {
                    "type": "aws_iam_role",
                    "depends_on": [],
                    "primary": {
                        "id": "AWSServiceRoleForAmazonElasticFileSystem",
                        "attributes": {
                            "arn": "arn:aws:iam::894231352815:role/aws-service-role/elasticfilesystem.amazonaws.com/AWSServiceRoleForAmazonElasticFileSystem",
                            "assume_role_policy": "{\"Statement\":[{\"Action\":\"sts:AssumeRole\",\"Effect\":\"Allow\",\"Principal\":{\"Service\":\"elasticfilesystem.amazonaws.com\"}}],\"Version\":\"2012-10-17\"}",
                            "create_date": "2020-11-10T19:22:54Z",
                            "description": "",
                            "id": "AWSServiceRoleForAmazonElasticFileSystem",
                            "managed_policy_arns.#": "1",
                            "managed_policy_arns.0": "arn:aws:iam::aws:policy/aws-service-role/AmazonElasticFileSystemServiceRolePolicy",
                            "max_session_duration": "3600",
                            "name": "AWSServiceRoleForAmazonElasticFileSystem",
                            "name_prefix": "",
                            "path": "/aws-service-role/elasticfilesystem.amazonaws.com/",
                            "tags.%": "0",
                            "tags_all.%": "0",
                            "unique_id": "AROA5ANCXSXXQGAIJ67KN"
                        },
                        "meta": {
                            "schema_version": 0
                        },
                        "tainted": false
                    },
                    "deposed": [],
                    "provider": "provider.aws"
                },
                "aws_iam_role.tfer--AWSServiceRoleForAmazonElasticsearchService": {
                    "type": "aws_iam_role",
                    "depends_on": [],
                    "primary": {
                        "id": "AWSServiceRoleForAmazonElasticsearchService",
                        "attributes": {
                            "arn": "arn:aws:iam::894231352815:role/aws-service-role/es.amazonaws.com/AWSServiceRoleForAmazonElasticsearchService",
                            "assume_role_policy": "{\"Statement\":[{\"Action\":\"sts:AssumeRole\",\"Effect\":\"Allow\",\"Principal\":{\"Service\":\"es.amazonaws.com\"}}],\"Version\":\"2012-10-17\"}",
                            "create_date": "2019-03-21T16:08:10Z",
                            "description": "",
                            "id": "AWSServiceRoleForAmazonElasticsearchService",
                            "managed_policy_arns.#": "1",
                            "managed_policy_arns.0": "arn:aws:iam::aws:policy/aws-service-role/AmazonElasticsearchServiceRolePolicy",
                            "max_session_duration": "3600",
                            "name": "AWSServiceRoleForAmazonElasticsearchService",
                            "name_prefix": "",
                            "path": "/aws-service-role/es.amazonaws.com/",
                            "tags.%": "0",
                            "tags_all.%": "0",
                            "unique_id": "AROAJB5M6EHR4TPJBPKMW"
                        },
                        "meta": {
                            "schema_version": 0
                        },
                        "tainted": false
                    },
                    "deposed": [],
                    "provider": "provider.aws"
                },
                "aws_iam_role.tfer--AWSServiceRoleForAmazonOpenSearchService": {
                    "type": "aws_iam_role",
                    "depends_on": [],
                    "primary": {
                        "id": "AWSServiceRoleForAmazonOpenSearchService",
                        "attributes": {
                            "arn": "arn:aws:iam::894231352815:role/aws-service-role/opensearchservice.amazonaws.com/AWSServiceRoleForAmazonOpenSearchService",
                            "assume_role_policy": "{\"Statement\":[{\"Action\":\"sts:AssumeRole\",\"Effect\":\"Allow\",\"Principal\":{\"Service\":\"opensearchservice.amazonaws.com\"}}],\"Version\":\"2012-10-17\"}",
                            "create_date": "2021-09-11T15:43:32Z",
                            "description": "",
                            "id": "AWSServiceRoleForAmazonOpenSearchService",
                            "managed_policy_arns.#": "1",
                            "managed_policy_arns.0": "arn:aws:iam::aws:policy/aws-service-role/AmazonOpenSearchServiceRolePolicy",
                            "max_session_duration": "3600",
                            "name": "AWSServiceRoleForAmazonOpenSearchService",
                            "name_prefix": "",
                            "path": "/aws-service-role/opensearchservice.amazonaws.com/",
                            "tags.%": "0",
                            "tags_all.%": "0",
                            "unique_id": "AROA5ANCXSXXWTO2BDEZD"
                        },
                        "meta": {
                            "schema_version": 0
                        },
                        "tainted": false
                    },
                    "deposed": [],
                    "provider": "provider.aws"
                },
                "aws_iam_role.tfer--AWSServiceRoleForAmazonSSM": {
                    "type": "aws_iam_role",
                    "depends_on": [],
                    "primary": {
                        "id": "AWSServiceRoleForAmazonSSM",
                        "attributes": {
                            "arn": "arn:aws:iam::894231352815:role/aws-service-role/ssm.amazonaws.com/AWSServiceRoleForAmazonSSM",
                            "assume_role_policy": "{\"Statement\":[{\"Action\":\"sts:AssumeRole\",\"Effect\":\"Allow\",\"Principal\":{\"Service\":\"ssm.amazonaws.com\"}}],\"Version\":\"2012-10-17\"}",
                            "create_date": "2020-11-11T17:40:42Z",
                            "description": "Provides access to AWS Resources managed or used by Amazon SSM.",
                            "id": "AWSServiceRoleForAmazonSSM",
                            "managed_policy_arns.#": "1",
                            "managed_policy_arns.0": "arn:aws:iam::aws:policy/aws-service-role/AmazonSSMServiceRolePolicy",
                            "max_session_duration": "3600",
                            "name": "AWSServiceRoleForAmazonSSM",
                            "name_prefix": "",
                            "path": "/aws-service-role/ssm.amazonaws.com/",
                            "tags.%": "0",
                            "tags_all.%": "0",
                            "unique_id": "AROA5ANCXSXX3TOA6YLNT"
                        },
                        "meta": {
                            "schema_version": 0
                        },
                        "tainted": false
                    },
                    "deposed": [],
                    "provider": "provider.aws"
                },
                "aws_iam_role.tfer--AWSServiceRoleForApplicationAutoScaling_ECSService": {
                    "type": "aws_iam_role",
                    "depends_on": [],
                    "primary": {
                        "id": "AWSServiceRoleForApplicationAutoScaling_ECSService",
                        "attributes": {
                            "arn": "arn:aws:iam::894231352815:role/aws-service-role/ecs.application-autoscaling.amazonaws.com/AWSServiceRoleForApplicationAutoScaling_ECSService",
                            "assume_role_policy": "{\"Statement\":[{\"Action\":\"sts:AssumeRole\",\"Effect\":\"Allow\",\"Principal\":{\"Service\":\"ecs.application-autoscaling.amazonaws.com\"}}],\"Version\":\"2012-10-17\"}",
                            "create_date": "2018-10-14T21:37:40Z",
                            "description": "",
                            "id": "AWSServiceRoleForApplicationAutoScaling_ECSService",
                            "managed_policy_arns.#": "1",
                            "managed_policy_arns.0": "arn:aws:iam::aws:policy/aws-service-role/AWSApplicationAutoscalingECSServicePolicy",
                            "max_session_duration": "3600",
                            "name": "AWSServiceRoleForApplicationAutoScaling_ECSService",
                            "name_prefix": "",
                            "path": "/aws-service-role/ecs.application-autoscaling.amazonaws.com/",
                            "tags.%": "0",
                            "tags_all.%": "0",
                            "unique_id": "AROAJUQPXGNE26QEFJBNA"
                        },
                        "meta": {
                            "schema_version": 0
                        },
                        "tainted": false
                    },
                    "deposed": [],
                    "provider": "provider.aws"
                },
                "aws_iam_role.tfer--AWSServiceRoleForAutoScaling": {
                    "type": "aws_iam_role",
                    "depends_on": [],
                    "primary": {
                        "id": "AWSServiceRoleForAutoScaling",
                        "attributes": {
                            "arn": "arn:aws:iam::894231352815:role/aws-service-role/autoscaling.amazonaws.com/AWSServiceRoleForAutoScaling",
                            "assume_role_policy": "{\"Statement\":[{\"Action\":\"sts:AssumeRole\",\"Effect\":\"Allow\",\"Principal\":{\"Service\":\"autoscaling.amazonaws.com\"}}],\"Version\":\"2012-10-17\"}",
                            "create_date": "2018-03-02T19:45:52Z",
                            "description": "Default Service-Linked Role enables access to AWS Services and Resources used or managed by Auto Scaling",
                            "id": "AWSServiceRoleForAutoScaling",
                            "managed_policy_arns.#": "1",
                            "managed_policy_arns.0": "arn:aws:iam::aws:policy/aws-service-role/AutoScalingServiceRolePolicy",
                            "max_session_duration": "3600",
                            "name": "AWSServiceRoleForAutoScaling",
                            "name_prefix": "",
                            "path": "/aws-service-role/autoscaling.amazonaws.com/",
                            "tags.%": "0",
                            "tags_all.%": "0",
                            "unique_id": "AROAJQXTENGBBOV4N6RSC"
                        },
                        "meta": {
                            "schema_version": 0
                        },
                        "tainted": false
                    },
                    "deposed": [],
                    "provider": "provider.aws"
                },
                "aws_iam_role.tfer--AWSServiceRoleForBackup": {
                    "type": "aws_iam_role",
                    "depends_on": [],
                    "primary": {
                        "id": "AWSServiceRoleForBackup",
                        "attributes": {
                            "arn": "arn:aws:iam::894231352815:role/aws-service-role/backup.amazonaws.com/AWSServiceRoleForBackup",
                            "assume_role_policy": "{\"Statement\":[{\"Action\":\"sts:AssumeRole\",\"Effect\":\"Allow\",\"Principal\":{\"Service\":\"backup.amazonaws.com\"}}],\"Version\":\"2012-10-17\"}",
                            "create_date": "2020-11-10T19:23:31Z",
                            "description": "",
                            "id": "AWSServiceRoleForBackup",
                            "managed_policy_arns.#": "1",
                            "managed_policy_arns.0": "arn:aws:iam::aws:policy/aws-service-role/AWSBackupServiceLinkedRolePolicyForBackup",
                            "max_session_duration": "3600",
                            "name": "AWSServiceRoleForBackup",
                            "name_prefix": "",
                            "path": "/aws-service-role/backup.amazonaws.com/",
                            "tags.%": "0",
                            "tags_all.%": "0",
                            "unique_id": "AROA5ANCXSXX5HG2TMBZO"
                        },
                        "meta": {
                            "schema_version": 0
                        },
                        "tainted": false
                    },
                    "deposed": [],
                    "provider": "provider.aws"
                },
                "aws_iam_role.tfer--AWSServiceRoleForCloudFrontLogger": {
                    "type": "aws_iam_role",
                    "depends_on": [],
                    "primary": {
                        "id": "AWSServiceRoleForCloudFrontLogger",
                        "attributes": {
                            "arn": "arn:aws:iam::894231352815:role/aws-service-role/logger.cloudfront.amazonaws.com/AWSServiceRoleForCloudFrontLogger",
                            "assume_role_policy": "{\"Statement\":[{\"Action\":\"sts:AssumeRole\",\"Effect\":\"Allow\",\"Principal\":{\"Service\":\"logger.cloudfront.amazonaws.com\"}}],\"Version\":\"2012-10-17\"}",
                            "create_date": "2021-07-29T21:16:19Z",
                            "description": "",
                            "id": "AWSServiceRoleForCloudFrontLogger",
                            "managed_policy_arns.#": "1",
                            "managed_policy_arns.0": "arn:aws:iam::aws:policy/aws-service-role/AWSCloudFrontLogger",
                            "max_session_duration": "3600",
                            "name": "AWSServiceRoleForCloudFrontLogger",
                            "name_prefix": "",
                            "path": "/aws-service-role/logger.cloudfront.amazonaws.com/",
                            "tags.%": "0",
                            "tags_all.%": "0",
                            "unique_id": "AROA5ANCXSXX2PNE33P6D"
                        },
                        "meta": {
                            "schema_version": 0
                        },
                        "tainted": false
                    },
                    "deposed": [],
                    "provider": "provider.aws"
                },
                "aws_iam_role.tfer--AWSServiceRoleForCloudTrail": {
                    "type": "aws_iam_role",
                    "depends_on": [],
                    "primary": {
                        "id": "AWSServiceRoleForCloudTrail",
                        "attributes": {
                            "arn": "arn:aws:iam::894231352815:role/aws-service-role/cloudtrail.amazonaws.com/AWSServiceRoleForCloudTrail",
                            "assume_role_policy": "{\"Statement\":[{\"Action\":\"sts:AssumeRole\",\"Effect\":\"Allow\",\"Principal\":{\"Service\":\"cloudtrail.amazonaws.com\"}}],\"Version\":\"2012-10-17\"}",
                            "create_date": "2021-05-18T19:29:59Z",
                            "description": "",
                            "id": "AWSServiceRoleForCloudTrail",
                            "managed_policy_arns.#": "1",
                            "managed_policy_arns.0": "arn:aws:iam::aws:policy/aws-service-role/CloudTrailServiceRolePolicy",
                            "max_session_duration": "3600",
                            "name": "AWSServiceRoleForCloudTrail",
                            "name_prefix": "",
                            "path": "/aws-service-role/cloudtrail.amazonaws.com/",
                            "tags.%": "0",
                            "tags_all.%": "0",
                            "unique_id": "AROA5ANCXSXXUCCTOR54M"
                        },
                        "meta": {
                            "schema_version": 0
                        },
                        "tainted": false
                    },
                    "deposed": [],
                    "provider": "provider.aws"
                },
                "aws_iam_role.tfer--AWSServiceRoleForECS": {
                    "type": "aws_iam_role",
                    "depends_on": [],
                    "primary": {
                        "id": "AWSServiceRoleForECS",
                        "attributes": {
                            "arn": "arn:aws:iam::894231352815:role/aws-service-role/ecs.amazonaws.com/AWSServiceRoleForECS",
                            "assume_role_policy": "{\"Statement\":[{\"Action\":\"sts:AssumeRole\",\"Effect\":\"Allow\",\"Principal\":{\"Service\":\"ecs.amazonaws.com\"}}],\"Version\":\"2012-10-17\"}",
                            "create_date": "2018-05-02T15:14:04Z",
                            "description": "Role to enable Amazon ECS to manage your cluster.",
                            "id": "AWSServiceRoleForECS",
                            "managed_policy_arns.#": "1",
                            "managed_policy_arns.0": "arn:aws:iam::aws:policy/aws-service-role/AmazonECSServiceRolePolicy",
                            "max_session_duration": "3600",
                            "name": "AWSServiceRoleForECS",
                            "name_prefix": "",
                            "path": "/aws-service-role/ecs.amazonaws.com/",
                            "tags.%": "0",
                            "tags_all.%": "0",
                            "unique_id": "AROAISR4ZRNMJGAQMXSMM"
                        },
                        "meta": {
                            "schema_version": 0
                        },
                        "tainted": false
                    },
                    "deposed": [],
                    "provider": "provider.aws"
                },
                "aws_iam_role.tfer--AWSServiceRoleForEMRCleanup": {
                    "type": "aws_iam_role",
                    "depends_on": [],
                    "primary": {
                        "id": "AWSServiceRoleForEMRCleanup",
                        "attributes": {
                            "arn": "arn:aws:iam::894231352815:role/aws-service-role/elasticmapreduce.amazonaws.com/AWSServiceRoleForEMRCleanup",
                            "assume_role_policy": "{\"Statement\":[{\"Action\":\"sts:AssumeRole\",\"Effect\":\"Allow\",\"Principal\":{\"Service\":\"elasticmapreduce.amazonaws.com\"}}],\"Version\":\"2012-10-17\"}",
                            "create_date": "2017-10-27T03:05:31Z",
                            "description": "Allows EMR to terminate instances and delete resources from EC2 on your behalf.",
                            "id": "AWSServiceRoleForEMRCleanup",
                            "managed_policy_arns.#": "1",
                            "managed_policy_arns.0": "arn:aws:iam::aws:policy/aws-service-role/AmazonEMRCleanupPolicy",
                            "max_session_duration": "3600",
                            "name": "AWSServiceRoleForEMRCleanup",
                            "name_prefix": "",
                            "path": "/aws-service-role/elasticmapreduce.amazonaws.com/",
                            "tags.%": "0",
                            "tags_all.%": "0",
                            "unique_id": "AROAIB3FJ72MYQBE4MUVA"
                        },
                        "meta": {
                            "schema_version": 0
                        },
                        "tainted": false
                    },
                    "deposed": [],
                    "provider": "provider.aws"
                },
                "aws_iam_role.tfer--AWSServiceRoleForElastiCache": {
                    "type": "aws_iam_role",
                    "depends_on": [],
                    "primary": {
                        "id": "AWSServiceRoleForElastiCache",
                        "attributes": {
                            "arn": "arn:aws:iam::894231352815:role/aws-service-role/elasticache.amazonaws.com/AWSServiceRoleForElastiCache",
                            "assume_role_policy": "{\"Statement\":[{\"Action\":\"sts:AssumeRole\",\"Effect\":\"Allow\",\"Principal\":{\"Service\":\"elasticache.amazonaws.com\"}}],\"Version\":\"2012-10-17\"}",
                            "create_date": "2017-12-12T05:22:10Z",
                            "description": "Allows ElastiCache to manage AWS resources for your cache on your behalf.",
                            "id": "AWSServiceRoleForElastiCache",
                            "managed_policy_arns.#": "1",
                            "managed_policy_arns.0": "arn:aws:iam::aws:policy/aws-service-role/ElastiCacheServiceRolePolicy",
                            "max_session_duration": "3600",
                            "name": "AWSServiceRoleForElastiCache",
                            "name_prefix": "",
                            "path": "/aws-service-role/elasticache.amazonaws.com/",
                            "tags.%": "0",
                            "tags_all.%": "0",
                            "unique_id": "AROAIIOWWQIRBTIGI7LSE"
                        },
                        "meta": {
                            "schema_version": 0
                        },
                        "tainted": false
                    },
                    "deposed": [],
                    "provider": "provider.aws"
                },
                "aws_iam_role.tfer--AWSServiceRoleForElasticBeanstalk": {
                    "type": "aws_iam_role",
                    "depends_on": [],
                    "primary": {
                        "id": "AWSServiceRoleForElasticBeanstalk",
                        "attributes": {
                            "arn": "arn:aws:iam::894231352815:role/aws-service-role/elasticbeanstalk.amazonaws.com/AWSServiceRoleForElasticBeanstalk",
                            "assume_role_policy": "{\"Statement\":[{\"Action\":\"sts:AssumeRole\",\"Effect\":\"Allow\",\"Principal\":{\"Service\":\"elasticbeanstalk.amazonaws.com\"}}],\"Version\":\"2012-10-17\"}",
                            "create_date": "2017-09-27T21:45:29Z",
                            "description": "Allows Elastic Beanstalk to call AWS services (like AutoScaling and EC2) to create and manage resources on your behalf.",
                            "id": "AWSServiceRoleForElasticBeanstalk",
                            "managed_policy_arns.#": "1",
                            "managed_policy_arns.0": "arn:aws:iam::aws:policy/aws-service-role/AWSElasticBeanstalkServiceRolePolicy",
                            "max_session_duration": "3600",
                            "name": "AWSServiceRoleForElasticBeanstalk",
                            "name_prefix": "",
                            "path": "/aws-service-role/elasticbeanstalk.amazonaws.com/",
                            "tags.%": "0",
                            "tags_all.%": "0",
                            "unique_id": "AROAJV37ZIZ52WTQWJWX4"
                        },
                        "meta": {
                            "schema_version": 0
                        },
                        "tainted": false
                    },
                    "deposed": [],
                    "provider": "provider.aws"
                },
                "aws_iam_role.tfer--AWSServiceRoleForElasticLoadBalancing": {
                    "type": "aws_iam_role",
                    "depends_on": [],
                    "primary": {
                        "id": "AWSServiceRoleForElasticLoadBalancing",
                        "attributes": {
                            "arn": "arn:aws:iam::894231352815:role/aws-service-role/elasticloadbalancing.amazonaws.com/AWSServiceRoleForElasticLoadBalancing",
                            "assume_role_policy": "{\"Statement\":[{\"Action\":\"sts:AssumeRole\",\"Effect\":\"Allow\",\"Principal\":{\"Service\":\"elasticloadbalancing.amazonaws.com\"}}],\"Version\":\"2012-10-17\"}",
                            "create_date": "2018-01-18T03:23:42Z",
                            "description": "Allows ELB to call AWS services on your behalf.",
                            "id": "AWSServiceRoleForElasticLoadBalancing",
                            "managed_policy_arns.#": "1",
                            "managed_policy_arns.0": "arn:aws:iam::aws:policy/aws-service-role/AWSElasticLoadBalancingServiceRolePolicy",
                            "max_session_duration": "3600",
                            "name": "AWSServiceRoleForElasticLoadBalancing",
                            "name_prefix": "",
                            "path": "/aws-service-role/elasticloadbalancing.amazonaws.com/",
                            "tags.%": "0",
                            "tags_all.%": "0",
                            "unique_id": "AROAIP6ZD4252TPH765JW"
                        },
                        "meta": {
                            "schema_version": 0
                        },
                        "tainted": false
                    },
                    "deposed": [],
                    "provider": "provider.aws"
                },
                "aws_iam_role.tfer--AWSServiceRoleForGlobalAccelerator": {
                    "type": "aws_iam_role",
                    "depends_on": [],
                    "primary": {
                        "id": "AWSServiceRoleForGlobalAccelerator",
                        "attributes": {
                            "arn": "arn:aws:iam::894231352815:role/aws-service-role/globalaccelerator.amazonaws.com/AWSServiceRoleForGlobalAccelerator",
                            "assume_role_policy": "{\"Statement\":[{\"Action\":\"sts:AssumeRole\",\"Effect\":\"Allow\",\"Principal\":{\"Service\":\"globalaccelerator.amazonaws.com\"}}],\"Version\":\"2012-10-17\"}",
                            "create_date": "2020-02-03T21:37:39Z",
                            "description": "Allows Global Accelerator to call AWS services on customer's behalf",
                            "id": "AWSServiceRoleForGlobalAccelerator",
                            "managed_policy_arns.#": "1",
                            "managed_policy_arns.0": "arn:aws:iam::aws:policy/aws-service-role/AWSGlobalAcceleratorSLRPolicy",
                            "max_session_duration": "3600",
                            "name": "AWSServiceRoleForGlobalAccelerator",
                            "name_prefix": "",
                            "path": "/aws-service-role/globalaccelerator.amazonaws.com/",
                            "tags.%": "0",
                            "tags_all.%": "0",
                            "unique_id": "AROA5ANCXSXXVPEF5ON2P"
                        },
                        "meta": {
                            "schema_version": 0
                        },
                        "tainted": false
                    },
                    "deposed": [],
                    "provider": "provider.aws"
                },
                "aws_iam_role.tfer--AWSServiceRoleForOrganizations": {
                    "type": "aws_iam_role",
                    "depends_on": [],
                    "primary": {
                        "id": "AWSServiceRoleForOrganizations",
                        "attributes": {
                            "arn": "arn:aws:iam::894231352815:role/aws-service-role/organizations.amazonaws.com/AWSServiceRoleForOrganizations",
                            "assume_role_policy": "{\"Statement\":[{\"Action\":\"sts:AssumeRole\",\"Effect\":\"Allow\",\"Principal\":{\"Service\":\"organizations.amazonaws.com\"}}],\"Version\":\"2012-10-17\"}",
                            "create_date": "2019-09-10T19:39:56Z",
                            "description": "Service-linked role used by AWS Organizations to enable integration of other AWS services with Organizations.",
                            "id": "AWSServiceRoleForOrganizations",
                            "managed_policy_arns.#": "1",
                            "managed_policy_arns.0": "arn:aws:iam::aws:policy/aws-service-role/AWSOrganizationsServiceTrustPolicy",
                            "max_session_duration": "3600",
                            "name": "AWSServiceRoleForOrganizations",
                            "name_prefix": "",
                            "path": "/aws-service-role/organizations.amazonaws.com/",
                            "tags.%": "0",
                            "tags_all.%": "0",
                            "unique_id": "AROA5ANCXSXX37PWSS2MN"
                        },
                        "meta": {
                            "schema_version": 0
                        },
                        "tainted": false
                    },
                    "deposed": [],
                    "provider": "provider.aws"
                },
                "aws_iam_role.tfer--AWSServiceRoleForRDS": {
                    "type": "aws_iam_role",
                    "depends_on": [],
                    "primary": {
                        "id": "AWSServiceRoleForRDS",
                        "attributes": {
                            "arn": "arn:aws:iam::894231352815:role/aws-service-role/rds.amazonaws.com/AWSServiceRoleForRDS",
                            "assume_role_policy": "{\"Statement\":[{\"Action\":\"sts:AssumeRole\",\"Effect\":\"Allow\",\"Principal\":{\"Service\":\"rds.amazonaws.com\"}}],\"Version\":\"2012-10-17\"}",
                            "create_date": "2018-01-17T22:19:34Z",
                            "description": "Allows Amazon RDS to manage AWS resources on your behalf",
                            "id": "AWSServiceRoleForRDS",
                            "managed_policy_arns.#": "1",
                            "managed_policy_arns.0": "arn:aws:iam::aws:policy/aws-service-role/AmazonRDSServiceRolePolicy",
                            "max_session_duration": "3600",
                            "name": "AWSServiceRoleForRDS",
                            "name_prefix": "",
                            "path": "/aws-service-role/rds.amazonaws.com/",
                            "tags.%": "0",
                            "tags_all.%": "0",
                            "unique_id": "AROAICXVTIXGVT627ELE4"
                        },
                        "meta": {
                            "schema_version": 0
                        },
                        "tainted": false
                    },
                    "deposed": [],
                    "provider": "provider.aws"
                },
                "aws_iam_role.tfer--AWSServiceRoleForRedshift": {
                    "type": "aws_iam_role",
                    "depends_on": [],
                    "primary": {
                        "id": "AWSServiceRoleForRedshift",
                        "attributes": {
                            "arn": "arn:aws:iam::894231352815:role/aws-service-role/redshift.amazonaws.com/AWSServiceRoleForRedshift",
                            "assume_role_policy": "{\"Statement\":[{\"Action\":\"sts:AssumeRole\",\"Effect\":\"Allow\",\"Principal\":{\"Service\":\"redshift.amazonaws.com\"}}],\"Version\":\"2012-10-17\"}",
                            "create_date": "2017-09-22T21:53:17Z",
                            "description": "Allows Amazon Redshift to call AWS services on your behalf.",
                            "id": "AWSServiceRoleForRedshift",
                            "managed_policy_arns.#": "1",
                            "managed_policy_arns.0": "arn:aws:iam::aws:policy/aws-service-role/AmazonRedshiftServiceLinkedRolePolicy",
                            "max_session_duration": "3600",
                            "name": "AWSServiceRoleForRedshift",
                            "name_prefix": "",
                            "path": "/aws-service-role/redshift.amazonaws.com/",
                            "tags.%": "0",
                            "tags_all.%": "0",
                            "unique_id": "AROAIGQLJG3XTEF65LWCO"
                        },
                        "meta": {
                            "schema_version": 0
                        },
                        "tainted": false
                    },
                    "deposed": [],
                    "provider": "provider.aws"
                },
                "aws_iam_role.tfer--AWSServiceRoleForSSO": {
                    "type": "aws_iam_role",
                    "depends_on": [],
                    "primary": {
                        "id": "AWSServiceRoleForSSO",
                        "attributes": {
                            "arn": "arn:aws:iam::894231352815:role/aws-service-role/sso.amazonaws.com/AWSServiceRoleForSSO",
                            "assume_role_policy": "{\"Statement\":[{\"Action\":\"sts:AssumeRole\",\"Effect\":\"Allow\",\"Principal\":{\"Service\":\"sso.amazonaws.com\"}}],\"Version\":\"2012-10-17\"}",
                            "create_date": "2020-10-06T17:11:20Z",
                            "description": "Service-linked role used by AWS SSO to manage AWS resources, including IAM roles, policies and SAML IdP on your behalf.",
                            "id": "AWSServiceRoleForSSO",
                            "managed_policy_arns.#": "1",
                            "managed_policy_arns.0": "arn:aws:iam::aws:policy/aws-service-role/AWSSSOServiceRolePolicy",
                            "max_session_duration": "3600",
                            "name": "AWSServiceRoleForSSO",
                            "name_prefix": "",
                            "path": "/aws-service-role/sso.amazonaws.com/",
                            "tags.%": "0",
                            "tags_all.%": "0",
                            "unique_id": "AROA5ANCXSXX4R7KNL7BA"
                        },
                        "meta": {
                            "schema_version": 0
                        },
                        "tainted": false
                    },
                    "deposed": [],
                    "provider": "provider.aws"
                },
                "aws_iam_role.tfer--AWSServiceRoleForServiceQuotas": {
                    "type": "aws_iam_role",
                    "depends_on": [],
                    "primary": {
                        "id": "AWSServiceRoleForServiceQuotas",
                        "attributes": {
                            "arn": "arn:aws:iam::894231352815:role/aws-service-role/servicequotas.amazonaws.com/AWSServiceRoleForServiceQuotas",
                            "assume_role_policy": "{\"Statement\":[{\"Action\":\"sts:AssumeRole\",\"Effect\":\"Allow\",\"Principal\":{\"Service\":\"servicequotas.amazonaws.com\"}}],\"Version\":\"2012-10-17\"}",
                            "create_date": "2020-01-23T05:03:13Z",
                            "description": "A service-linked role is required for Service Quotas to access your service limits.",
                            "id": "AWSServiceRoleForServiceQuotas",
                            "managed_policy_arns.#": "1",
                            "managed_policy_arns.0": "arn:aws:iam::aws:policy/aws-service-role/ServiceQuotasServiceRolePolicy",
                            "max_session_duration": "3600",
                            "name": "AWSServiceRoleForServiceQuotas",
                            "name_prefix": "",
                            "path": "/aws-service-role/servicequotas.amazonaws.com/",
                            "tags.%": "0",
                            "tags_all.%": "0",
                            "unique_id": "AROA5ANCXSXXQPZ4K7U7J"
                        },
                        "meta": {
                            "schema_version": 0
                        },
                        "tainted": false
                    },
                    "deposed": [],
                    "provider": "provider.aws"
                },
                "aws_iam_role.tfer--AWSServiceRoleForSupport": {
                    "type": "aws_iam_role",
                    "depends_on": [],
                    "primary": {
                        "id": "AWSServiceRoleForSupport",
                        "attributes": {
                            "arn": "arn:aws:iam::894231352815:role/aws-service-role/support.amazonaws.com/AWSServiceRoleForSupport",
                            "assume_role_policy": "{\"Statement\":[{\"Action\":\"sts:AssumeRole\",\"Effect\":\"Allow\",\"Principal\":{\"Service\":\"support.amazonaws.com\"}}],\"Version\":\"2012-10-17\"}",
                            "create_date": "2019-01-21T16:10:11Z",
                            "description": "Enables resource access for AWS to provide billing, administrative and support services",
                            "id": "AWSServiceRoleForSupport",
                            "managed_policy_arns.#": "1",
                            "managed_policy_arns.0": "arn:aws:iam::aws:policy/aws-service-role/AWSSupportServiceRolePolicy",
                            "max_session_duration": "3600",
                            "name": "AWSServiceRoleForSupport",
                            "name_prefix": "",
                            "path": "/aws-service-role/support.amazonaws.com/",
                            "tags.%": "0",
                            "tags_all.%": "0",
                            "unique_id": "AROAJ6W775OS4R4A6V4PY"
                        },
                        "meta": {
                            "schema_version": 0
                        },
                        "tainted": false
                    },
                    "deposed": [],
                    "provider": "provider.aws"
                },
                "aws_iam_role.tfer--AWSServiceRoleForTrustedAdvisor": {
                    "type": "aws_iam_role",
                    "depends_on": [],
                    "primary": {
                        "id": "AWSServiceRoleForTrustedAdvisor",
                        "attributes": {
                            "arn": "arn:aws:iam::894231352815:role/aws-service-role/trustedadvisor.amazonaws.com/AWSServiceRoleForTrustedAdvisor",
                            "assume_role_policy": "{\"Statement\":[{\"Action\":\"sts:AssumeRole\",\"Effect\":\"Allow\",\"Principal\":{\"Service\":\"trustedadvisor.amazonaws.com\"}}],\"Version\":\"2012-10-17\"}",
                            "create_date": "2019-01-24T13:04:26Z",
                            "description": "Access for the AWS Trusted Advisor Service to help reduce cost, increase performance, and improve security of your AWS environment.",
                            "id": "AWSServiceRoleForTrustedAdvisor",
                            "managed_policy_arns.#": "1",
                            "managed_policy_arns.0": "arn:aws:iam::aws:policy/aws-service-role/AWSTrustedAdvisorServiceRolePolicy",
                            "max_session_duration": "3600",
                            "name": "AWSServiceRoleForTrustedAdvisor",
                            "name_prefix": "",
                            "path": "/aws-service-role/trustedadvisor.amazonaws.com/",
                            "tags.%": "0",
                            "tags_all.%": "0",
                            "unique_id": "AROAJXGBTB26AIXR4WBWU"
                        },
                        "meta": {
                            "schema_version": 0
                        },
                        "tainted": false
                    },
                    "deposed": [],
                    "provider": "provider.aws"
                },
                "aws_iam_role.tfer--AmazonEKS_EBS_CSI_DriverRole": {
                    "type": "aws_iam_role",
                    "depends_on": [],
                    "primary": {
                        "id": "AmazonEKS_EBS_CSI_DriverRole",
                        "attributes": {
                            "arn": "arn:aws:iam::894231352815:role/AmazonEKS_EBS_CSI_DriverRole",
                            "assume_role_policy": "{\"Statement\":[{\"Action\":\"sts:AssumeRoleWithWebIdentity\",\"Condition\":{\"StringEquals\":{\"oidc.eks.us-east-2.amazonaws.com/id/61CCB3063C1B952A5A7D9C7F76389240:sub\":\"system:serviceaccount:kube-system:ebs-csi-controller-sa\"}},\"Effect\":\"Allow\",\"Principal\":{\"Federated\":\"arn:aws:iam::AKIA5ANCXSXXYJLI3CV2:oidc-provider/oidc.eks.us-east-2.amazonaws.com/id/61CCB3063C1B952A5A7D9C7F76389240\"}}],\"Version\":\"2012-10-17\"}",
                            "create_date": "2022-02-11T21:30:34Z",
                            "description": "",
                            "id": "AmazonEKS_EBS_CSI_DriverRole",
                            "managed_policy_arns.#": "0",
                            "max_session_duration": "3600",
                            "name": "AmazonEKS_EBS_CSI_DriverRole",
                            "name_prefix": "",
                            "path": "/",
                            "tags.%": "0",
                            "tags_all.%": "0",
                            "unique_id": "AROA5ANCXSXX4Y2G2IPK7"
                        },
                        "meta": {
                            "schema_version": 0
                        },
                        "tainted": false
                    },
                    "deposed": [],
                    "provider": "provider.aws"
                },
                "aws_iam_role.tfer--Arclight-Cache-Clearer": {
                    "type": "aws_iam_role",
                    "depends_on": [],
                    "primary": {
                        "id": "Arclight-Cache-Clearer",
                        "attributes": {
                            "arn": "arn:aws:iam::894231352815:role/Arclight-Cache-Clearer",
                            "assume_role_policy": "{\"Statement\":[{\"Action\":\"sts:AssumeRole\",\"Effect\":\"Allow\",\"Principal\":{\"Service\":\"ec2.amazonaws.com\"}}],\"Version\":\"2012-10-17\"}",
                            "create_date": "2017-07-18T17:50:44Z",
                            "description": "Allows describing the Arclight autoscaling group.",
                            "id": "Arclight-Cache-Clearer",
                            "managed_policy_arns.#": "3",
                            "managed_policy_arns.0": "arn:aws:iam::894231352815:policy/ArclightConfigsS3ReadOnly",
                            "managed_policy_arns.1": "arn:aws:iam::894231352815:policy/ArclightDescribeResources",
                            "managed_policy_arns.2": "arn:aws:iam::aws:policy/AutoScalingReadOnlyAccess",
                            "max_session_duration": "3600",
                            "name": "Arclight-Cache-Clearer",
                            "name_prefix": "",
                            "path": "/",
                            "tags.%": "0",
                            "tags_all.%": "0",
                            "unique_id": "AROAIXDPRMZ2M2VJGLXMO"
                        },
                        "meta": {
                            "schema_version": 0
                        },
                        "tainted": false
                    },
                    "deposed": [],
                    "provider": "provider.aws"
                },
                "aws_iam_role.tfer--Arclight-Config-Fetcher": {
                    "type": "aws_iam_role",
                    "depends_on": [],
                    "primary": {
                        "id": "Arclight-Config-Fetcher",
                        "attributes": {
                            "arn": "arn:aws:iam::894231352815:role/Arclight-Config-Fetcher",
                            "assume_role_policy": "{\"Statement\":[{\"Action\":\"sts:AssumeRole\",\"Effect\":\"Allow\",\"Principal\":{\"Service\":\"ec2.amazonaws.com\"}}],\"Version\":\"2012-10-17\"}",
                            "create_date": "2017-07-03T20:44:35Z",
                            "description": "Allows Arclight WFEs to fetch config files from S3",
                            "id": "Arclight-Config-Fetcher",
                            "managed_policy_arns.#": "4",
                            "managed_policy_arns.0": "arn:aws:iam::894231352815:policy/ArclightConfigsS3ReadOnly",
                            "managed_policy_arns.1": "arn:aws:iam::894231352815:policy/ArclightDescribeResources",
                            "managed_policy_arns.2": "arn:aws:iam::aws:policy/AmazonKinesisFirehoseFullAccess",
                            "managed_policy_arns.3": "arn:aws:iam::aws:policy/AmazonKinesisFullAccess",
                            "max_session_duration": "3600",
                            "name": "Arclight-Config-Fetcher",
                            "name_prefix": "",
                            "path": "/",
                            "tags.%": "0",
                            "tags_all.%": "0",
                            "unique_id": "AROAISNL5HHCANKXPIPVK"
                        },
                        "meta": {
                            "schema_version": 0
                        },
                        "tainted": false
                    },
                    "deposed": [],
                    "provider": "provider.aws"
                },
                "aws_iam_role.tfer--ArclightCodeDeploy": {
                    "type": "aws_iam_role",
                    "depends_on": [],
                    "primary": {
                        "id": "ArclightCodeDeploy",
                        "attributes": {
                            "arn": "arn:aws:iam::894231352815:role/ArclightCodeDeploy",
                            "assume_role_policy": "{\"Statement\":[{\"Action\":\"sts:AssumeRole\",\"Effect\":\"Allow\",\"Principal\":{\"Service\":\"codedeploy.amazonaws.com\"},\"Sid\":\"\"}],\"Version\":\"2012-10-17\"}",
                            "create_date": "2018-04-20T15:16:20Z",
                            "description": "Allows CodeDeploy to interact with EC2 instances",
                            "id": "ArclightCodeDeploy",
                            "managed_policy_arns.#": "1",
                            "managed_policy_arns.0": "arn:aws:iam::aws:policy/service-role/AWSCodeDeployRole",
                            "max_session_duration": "3600",
                            "name": "ArclightCodeDeploy",
                            "name_prefix": "",
                            "path": "/",
                            "tags.%": "0",
                            "tags_all.%": "0",
                            "unique_id": "AROAJ2NENSZQW5WILJVB4"
                        },
                        "meta": {
                            "schema_version": 0
                        },
                        "tainted": false
                    },
                    "deposed": [],
                    "provider": "provider.aws"
                },
                "aws_iam_role.tfer--BitbucketCodeDeployer": {
                    "type": "aws_iam_role",
                    "depends_on": [],
                    "primary": {
                        "id": "BitbucketCodeDeployer",
                        "attributes": {
                            "arn": "arn:aws:iam::894231352815:role/BitbucketCodeDeployer",
                            "assume_role_policy": "{\"Statement\":[{\"Action\":\"sts:AssumeRole\",\"Condition\":{\"StringEquals\":{\"sts:ExternalId\":\"connection:2660786\"}},\"Effect\":\"Allow\",\"Principal\":{\"AWS\":\"arn:aws:iam::984525101146:root\"}}],\"Version\":\"2012-10-17\"}",
                            "create_date": "2018-04-20T14:54:57Z",
                            "description": "Allows BitBucket CodeDeploy add-on to deploy code to EC2 instances.",
                            "id": "BitbucketCodeDeployer",
                            "managed_policy_arns.#": "1",
                            "managed_policy_arns.0": "arn:aws:iam::894231352815:policy/BitbucketCodeDeployToS3",
                            "max_session_duration": "3600",
                            "name": "BitbucketCodeDeployer",
                            "name_prefix": "",
                            "path": "/",
                            "tags.%": "0",
                            "tags_all.%": "0",
                            "unique_id": "AROAJ2OVS4ZXPNREPIA3S"
                        },
                        "meta": {
                            "schema_version": 0
                        },
                        "tainted": false
                    },
                    "deposed": [],
                    "provider": "provider.aws"
                },
                "aws_iam_role.tfer--DataPipelineDefaultResourceRole": {
                    "type": "aws_iam_role",
                    "depends_on": [],
                    "primary": {
                        "id": "DataPipelineDefaultResourceRole",
                        "attributes": {
                            "arn": "arn:aws:iam::894231352815:role/DataPipelineDefaultResourceRole",
                            "assume_role_policy": "{\"Statement\":[{\"Action\":\"sts:AssumeRole\",\"Effect\":\"Allow\",\"Principal\":{\"Service\":\"ec2.amazonaws.com\"}}],\"Version\":\"2012-10-17\"}",
                            "create_date": "2021-05-22T13:10:16Z",
                            "description": "",
                            "id": "DataPipelineDefaultResourceRole",
                            "managed_policy_arns.#": "1",
                            "managed_policy_arns.0": "arn:aws:iam::aws:policy/service-role/AmazonEC2RoleforDataPipelineRole",
                            "max_session_duration": "3600",
                            "name": "DataPipelineDefaultResourceRole",
                            "name_prefix": "",
                            "path": "/",
                            "tags.%": "0",
                            "tags_all.%": "0",
                            "unique_id": "AROA5ANCXSXXQCFA2I2LT"
                        },
                        "meta": {
                            "schema_version": 0
                        },
                        "tainted": false
                    },
                    "deposed": [],
                    "provider": "provider.aws"
                },
                "aws_iam_role.tfer--DataPipelineDefaultRole": {
                    "type": "aws_iam_role",
                    "depends_on": [],
                    "primary": {
                        "id": "DataPipelineDefaultRole",
                        "attributes": {
                            "arn": "arn:aws:iam::894231352815:role/DataPipelineDefaultRole",
                            "assume_role_policy": "{\"Statement\":[{\"Action\":\"sts:AssumeRole\",\"Effect\":\"Allow\",\"Principal\":{\"Service\":[\"datapipeline.amazonaws.com\",\"elasticmapreduce.amazonaws.com\"]}}],\"Version\":\"2012-10-17\"}",
                            "create_date": "2021-05-22T13:10:16Z",
                            "description": "",
                            "id": "DataPipelineDefaultRole",
                            "managed_policy_arns.#": "1",
                            "managed_policy_arns.0": "arn:aws:iam::aws:policy/service-role/AWSDataPipelineRole",
                            "max_session_duration": "3600",
                            "name": "DataPipelineDefaultRole",
                            "name_prefix": "",
                            "path": "/",
                            "tags.%": "0",
                            "tags_all.%": "0",
                            "unique_id": "AROA5ANCXSXX2E5APBO6L"
                        },
                        "meta": {
                            "schema_version": 0
                        },
                        "tainted": false
                    },
                    "deposed": [],
                    "provider": "provider.aws"
                },
                "aws_iam_role.tfer--EMR_DefaultRole": {
                    "type": "aws_iam_role",
                    "depends_on": [],
                    "primary": {
                        "id": "EMR_DefaultRole",
                        "attributes": {
                            "arn": "arn:aws:iam::894231352815:role/EMR_DefaultRole",
                            "assume_role_policy": "{\"Statement\":[{\"Action\":\"sts:AssumeRole\",\"Effect\":\"Allow\",\"Principal\":{\"Service\":\"elasticmapreduce.amazonaws.com\"},\"Sid\":\"\"}],\"Version\":\"2008-10-17\"}",
                            "create_date": "2015-05-04T18:28:36Z",
                            "description": "",
                            "id": "EMR_DefaultRole",
                            "inline_policy.#": "1",
                            "inline_policy.0.name": "EMR_DefaultRole",
                            "inline_policy.0.policy": "{\n  \"Statement\": [\n    {\n      \"Action\": [\n        \"ec2:AuthorizeSecurityGroupIngress\",\n        \"ec2:CancelSpotInstanceRequests\",\n        \"ec2:CreateSecurityGroup\",\n        \"ec2:CreateTags\",\n        \"ec2:DeleteTags\",\n        \"ec2:Describe*\",\n        \"ec2:ModifyImageAttribute\",\n        \"ec2:ModifyInstanceAttribute\",\n        \"ec2:RequestSpotInstances\",\n        \"ec2:RunInstances\",\n        \"ec2:TerminateInstances\",\n        \"iam:PassRole\",\n        \"iam:ListRolePolicies\",\n        \"iam:GetRole\",\n        \"iam:GetRolePolicy\",\n        \"iam:ListInstanceProfiles\",\n        \"s3:Get*\",\n        \"s3:CreateBucket\",\n        \"s3:List*\",\n        \"sdb:BatchPutAttributes\",\n        \"sdb:Select\"\n      ],\n      \"Effect\": \"Allow\",\n      \"Resource\": \"*\"\n    }\n  ]\n}\n",
                            "managed_policy_arns.#": "0",
                            "max_session_duration": "3600",
                            "name": "EMR_DefaultRole",
                            "name_prefix": "",
                            "path": "/",
                            "tags.%": "0",
                            "tags_all.%": "0",
                            "unique_id": "AROAI7QIEUISJYWT76QJS"
                        },
                        "meta": {
                            "schema_version": 0
                        },
                        "tainted": false
                    },
                    "deposed": [],
                    "provider": "provider.aws"
                },
                "aws_iam_role.tfer--EMR_EC2_DefaultRole": {
                    "type": "aws_iam_role",
                    "depends_on": [],
                    "primary": {
                        "id": "EMR_EC2_DefaultRole",
                        "attributes": {
                            "arn": "arn:aws:iam::894231352815:role/EMR_EC2_DefaultRole",
                            "assume_role_policy": "{\"Statement\":[{\"Action\":\"sts:AssumeRole\",\"Effect\":\"Allow\",\"Principal\":{\"Service\":\"ec2.amazonaws.com\"},\"Sid\":\"\"}],\"Version\":\"2008-10-17\"}",
                            "create_date": "2015-05-04T18:28:36Z",
                            "description": "",
                            "id": "EMR_EC2_DefaultRole",
                            "inline_policy.#": "1",
                            "inline_policy.0.name": "EMR_EC2_DefaultRole",
                            "inline_policy.0.policy": "{\n  \"Statement\": [\n    {\n      \"Action\": [\n        \"cloudwatch:*\",\n        \"dynamodb:*\",\n        \"ec2:Describe*\",\n        \"elasticmapreduce:Describe*\",\n        \"rds:Describe*\",\n        \"s3:*\",\n        \"sdb:*\",\n        \"sns:*\",\n        \"sqs:*\"\n      ],\n      \"Effect\": \"Allow\",\n      \"Resource\": \"*\"\n    }\n  ]\n}\n",
                            "managed_policy_arns.#": "0",
                            "max_session_duration": "3600",
                            "name": "EMR_EC2_DefaultRole",
                            "name_prefix": "",
                            "path": "/",
                            "tags.%": "0",
                            "tags_all.%": "0",
                            "unique_id": "AROAIN2S6UUPEMMV7DGIO"
                        },
                        "meta": {
                            "schema_version": 0
                        },
                        "tainted": false
                    },
                    "deposed": [],
                    "provider": "provider.aws"
                },
                "aws_iam_role.tfer--EksAWSControl": {
                    "type": "aws_iam_role",
                    "depends_on": [],
                    "primary": {
                        "id": "EksAWSControl",
                        "attributes": {
                            "arn": "arn:aws:iam::894231352815:role/EksAWSControl",
                            "assume_role_policy": "{\"Statement\":[{\"Action\":\"sts:AssumeRole\",\"Effect\":\"Allow\",\"Principal\":{\"Service\":\"eks.amazonaws.com\"}}],\"Version\":\"2012-10-17\"}",
                            "create_date": "2021-12-09T23:56:12Z",
                            "description": "Allows access to other AWS service resources that are required to operate clusters managed by EKS.",
                            "id": "EksAWSControl",
                            "managed_policy_arns.#": "1",
                            "managed_policy_arns.0": "arn:aws:iam::aws:policy/AmazonEKSClusterPolicy",
                            "max_session_duration": "3600",
                            "name": "EksAWSControl",
                            "name_prefix": "",
                            "path": "/",
                            "tags.%": "0",
                            "tags_all.%": "0",
                            "unique_id": "AROA5ANCXSXXZCWNL6Z42"
                        },
                        "meta": {
                            "schema_version": 0
                        },
                        "tainted": false
                    },
                    "deposed": [],
                    "provider": "provider.aws"
                },
                "aws_iam_role.tfer--Elastic_Transcoder_Default_Role": {
                    "type": "aws_iam_role",
                    "depends_on": [],
                    "primary": {
                        "id": "Elastic_Transcoder_Default_Role",
                        "attributes": {
                            "arn": "arn:aws:iam::894231352815:role/Elastic_Transcoder_Default_Role",
                            "assume_role_policy": "{\"Statement\":[{\"Action\":\"sts:AssumeRole\",\"Effect\":\"Allow\",\"Principal\":{\"Service\":\"elastictranscoder.amazonaws.com\"},\"Sid\":\"1\"}],\"Version\":\"2008-10-17\"}",
                            "create_date": "2017-05-23T01:33:46Z",
                            "description": "",
                            "id": "Elastic_Transcoder_Default_Role",
                            "inline_policy.#": "1",
                            "inline_policy.0.name": "ets-console-generated-policy",
                            "inline_policy.0.policy": "{\"Version\":\"2008-10-17\",\"Statement\":[{\"Sid\":\"1\",\"Effect\":\"Allow\",\"Action\":[\"s3:Put*\",\"s3:ListBucket\",\"s3:*MultipartUpload*\",\"s3:Get*\"],\"Resource\":\"*\"},{\"Sid\":\"2\",\"Effect\":\"Allow\",\"Action\":\"sns:Publish\",\"Resource\":\"*\"},{\"Sid\":\"3\",\"Effect\":\"Deny\",\"Action\":[\"s3:*Delete*\",\"s3:*Policy*\",\"sns:*Remove*\",\"sns:*Delete*\",\"sns:*Permission*\"],\"Resource\":\"*\"}]}",
                            "managed_policy_arns.#": "0",
                            "max_session_duration": "3600",
                            "name": "Elastic_Transcoder_Default_Role",
                            "name_prefix": "",
                            "path": "/",
                            "tags.%": "0",
                            "tags_all.%": "0",
                            "unique_id": "AROAJDCFLUZITNP6EN7KE"
                        },
                        "meta": {
                            "schema_version": 0
                        },
                        "tainted": false
                    },
                    "deposed": [],
                    "provider": "provider.aws"
                },
                "aws_iam_role.tfer--IngestMe2Events": {
                    "type": "aws_iam_role",
                    "depends_on": [],
                    "primary": {
                        "id": "IngestMe2Events",
                        "attributes": {
                            "arn": "arn:aws:iam::894231352815:role/IngestMe2Events",
                            "assume_role_policy": "{\"Statement\":[{\"Action\":\"sts:AssumeRole\",\"Effect\":\"Allow\",\"Principal\":{\"Service\":\"firehose.amazonaws.com\"}}],\"Version\":\"2012-10-17\"}",
                            "create_date": "2016-07-21T15:16:15Z",
                            "description": "",
                            "id": "IngestMe2Events",
                            "managed_policy_arns.#": "2",
                            "managed_policy_arns.0": "arn:aws:iam::aws:policy/AmazonS3FullAccess",
                            "managed_policy_arns.1": "arn:aws:iam::aws:policy/CloudWatchFullAccess",
                            "max_session_duration": "3600",
                            "name": "IngestMe2Events",
                            "name_prefix": "",
                            "path": "/",
                            "tags.%": "0",
                            "tags_all.%": "0",
                            "unique_id": "AROAJMXAVTET5VV5SI5AS"
                        },
                        "meta": {
                            "schema_version": 0
                        },
                        "tainted": false
                    },
                    "deposed": [],
                    "provider": "provider.aws"
                },
                "aws_iam_role.tfer--JesusFilmCoreEKSWorkerNodeRole": {
                    "type": "aws_iam_role",
                    "depends_on": [],
                    "primary": {
                        "id": "JesusFilmCoreEKSWorkerNodeRole",
                        "attributes": {
                            "arn": "arn:aws:iam::894231352815:role/JesusFilmCoreEKSWorkerNodeRole",
                            "assume_role_policy": "{\"Statement\":[{\"Action\":\"sts:AssumeRole\",\"Effect\":\"Allow\",\"Principal\":{\"Service\":\"ec2.amazonaws.com\"}}],\"Version\":\"2012-10-17\"}",
                            "create_date": "2022-06-04T17:55:11Z",
                            "description": "Allows EC2 instances to call AWS services on your behalf.",
                            "id": "JesusFilmCoreEKSWorkerNodeRole",
                            "managed_policy_arns.#": "4",
                            "managed_policy_arns.0": "arn:aws:iam::aws:policy/AmazonEC2ContainerRegistryReadOnly",
                            "managed_policy_arns.1": "arn:aws:iam::aws:policy/AmazonEKSWorkerNodePolicy",
                            "managed_policy_arns.2": "arn:aws:iam::aws:policy/AmazonEKS_CNI_Policy",
                            "managed_policy_arns.3": "arn:aws:iam::aws:policy/AmazonSSMManagedInstanceCore",
                            "max_session_duration": "3600",
                            "name": "JesusFilmCoreEKSWorkerNodeRole",
                            "name_prefix": "",
                            "path": "/",
                            "tags.%": "0",
                            "tags_all.%": "0",
                            "unique_id": "AROA5ANCXSXX3WCDBZEXU"
                        },
                        "meta": {
                            "schema_version": 0
                        },
                        "tainted": false
                    },
                    "deposed": [],
                    "provider": "provider.aws"
                },
                "aws_iam_role.tfer--JfmDnsProvider-role": {
                    "type": "aws_iam_role",
                    "depends_on": [],
                    "primary": {
                        "id": "JfmDnsProvider-role",
                        "attributes": {
                            "arn": "arn:aws:iam::894231352815:role/JfmDnsProvider-role",
                            "assume_role_policy": "{\"Statement\":[{\"Action\":\"sts:AssumeRoleWithWebIdentity\",\"Condition\":{\"StringEquals\":{\"oidc.eks.us-east-2.amazonaws.com/id/61CCB3063C1B952A5A7D9C7F76389240:aud\":\"sts.amazonaws.com\"}},\"Effect\":\"Allow\",\"Principal\":{\"Federated\":\"arn:aws:iam::894231352815:oidc-provider/oidc.eks.us-east-2.amazonaws.com/id/61CCB3063C1B952A5A7D9C7F76389240\"}}],\"Version\":\"2012-10-17\"}",
                            "create_date": "2021-12-22T00:51:59Z",
                            "description": "",
                            "id": "JfmDnsProvider-role",
                            "managed_policy_arns.#": "2",
                            "managed_policy_arns.0": "arn:aws:iam::894231352815:policy/AllowExternalDNSUpdates",
                            "managed_policy_arns.1": "arn:aws:iam::aws:policy/AmazonEKSClusterPolicy",
                            "max_session_duration": "3600",
                            "name": "JfmDnsProvider-role",
                            "name_prefix": "",
                            "path": "/",
                            "tags.%": "1",
                            "tags.group": "JesusFilm-core",
                            "tags_all.%": "1",
                            "tags_all.group": "JesusFilm-core",
                            "unique_id": "AROA5ANCXSXX5GG2GUHH6"
                        },
                        "meta": {
                            "schema_version": 0
                        },
                        "tainted": false
                    },
                    "deposed": [],
                    "provider": "provider.aws"
                },
                "aws_iam_role.tfer--JfmExternalDNS": {
                    "type": "aws_iam_role",
                    "depends_on": [],
                    "primary": {
                        "id": "JfmExternalDNS",
                        "attributes": {
                            "arn": "arn:aws:iam::894231352815:role/JfmExternalDNS",
                            "assume_role_policy": "{\"Statement\":[{\"Action\":\"sts:AssumeRoleWithWebIdentity\",\"Condition\":{\"StringEquals\":{\"oidc.eks.us-east-2.amazonaws.com/id/54A242E78E43553E2574158527ABE3E6:aud\":\"sts.amazonaws.com\"}},\"Effect\":\"Allow\",\"Principal\":{\"Federated\":\"arn:aws:iam::894231352815:oidc-provider/oidc.eks.us-east-2.amazonaws.com/id/54A242E78E43553E2574158527ABE3E6\"}}],\"Version\":\"2012-10-17\"}",
                            "create_date": "2022-06-04T21:20:39Z",
                            "description": "",
                            "id": "JfmExternalDNS",
                            "managed_policy_arns.#": "2",
                            "managed_policy_arns.0": "arn:aws:iam::894231352815:policy/AllowExternalDNSUpdates",
                            "managed_policy_arns.1": "arn:aws:iam::aws:policy/AmazonEKSClusterPolicy",
                            "max_session_duration": "3600",
                            "name": "JfmExternalDNS",
                            "name_prefix": "",
                            "path": "/",
                            "tags.%": "0",
                            "tags_all.%": "0",
                            "unique_id": "AROA5ANCXSXX5NWS4KI6E"
                        },
                        "meta": {
                            "schema_version": 0
                        },
                        "tainted": false
                    },
                    "deposed": [],
                    "provider": "provider.aws"
                },
                "aws_iam_role.tfer--NexusMediaComponentIngest-role-apxuuycg": {
                    "type": "aws_iam_role",
                    "depends_on": [],
                    "primary": {
                        "id": "NexusMediaComponentIngest-role-apxuuycg",
                        "attributes": {
                            "arn": "arn:aws:iam::894231352815:role/service-role/NexusMediaComponentIngest-role-apxuuycg",
                            "assume_role_policy": "{\"Statement\":[{\"Action\":\"sts:AssumeRole\",\"Effect\":\"Allow\",\"Principal\":{\"Service\":\"lambda.amazonaws.com\"}}],\"Version\":\"2012-10-17\"}",
                            "create_date": "2019-10-23T15:40:01Z",
                            "description": "",
                            "id": "NexusMediaComponentIngest-role-apxuuycg",
                            "managed_policy_arns.#": "1",
                            "managed_policy_arns.0": "arn:aws:iam::894231352815:policy/service-role/AWSLambdaBasicExecutionRole-cf8927a7-eaaa-47b5-bdc0-7708c33c4877",
                            "max_session_duration": "3600",
                            "name": "NexusMediaComponentIngest-role-apxuuycg",
                            "name_prefix": "",
                            "path": "/service-role/",
                            "tags.%": "0",
                            "tags_all.%": "0",
                            "unique_id": "AROA5ANCXSXXTNQM5ZXBV"
                        },
                        "meta": {
                            "schema_version": 0
                        },
                        "tainted": false
                    },
                    "deposed": [],
                    "provider": "provider.aws"
                },
                "aws_iam_role.tfer--OrganizationAccountAccessRole": {
                    "type": "aws_iam_role",
                    "depends_on": [],
                    "primary": {
                        "id": "OrganizationAccountAccessRole",
                        "attributes": {
                            "arn": "arn:aws:iam::894231352815:role/OrganizationAccountAccessRole",
                            "assume_role_policy": "{\"Statement\":[{\"Action\":\"sts:AssumeRole\",\"Condition\":{},\"Effect\":\"Allow\",\"Principal\":{\"AWS\":\"arn:aws:iam::056154071827:root\"}}],\"Version\":\"2012-10-17\"}",
                            "create_date": "2021-11-18T20:58:52Z",
                            "description": "Provides access to CRU IT",
                            "id": "OrganizationAccountAccessRole",
                            "managed_policy_arns.#": "1",
                            "managed_policy_arns.0": "arn:aws:iam::aws:policy/AdministratorAccess",
                            "max_session_duration": "3600",
                            "name": "OrganizationAccountAccessRole",
                            "name_prefix": "",
                            "path": "/",
                            "tags.%": "0",
                            "tags_all.%": "0",
                            "unique_id": "AROA5ANCXSXXZRUNRQMHU"
                        },
                        "meta": {
                            "schema_version": 0
                        },
                        "tainted": false
                    },
                    "deposed": [],
                    "provider": "provider.aws"
                },
                "aws_iam_role.tfer--amplify-jfwordpress-dev-142551-authRole": {
                    "type": "aws_iam_role",
                    "depends_on": [],
                    "primary": {
                        "id": "amplify-jfwordpress-dev-142551-authRole",
                        "attributes": {
                            "arn": "arn:aws:iam::894231352815:role/amplify-jfwordpress-dev-142551-authRole",
                            "assume_role_policy": "{\"Statement\":[{\"Action\":\"sts:AssumeRoleWithWebIdentity\",\"Effect\":\"Deny\",\"Principal\":{\"Federated\":\"cognito-identity.amazonaws.com\"},\"Sid\":\"\"}],\"Version\":\"2012-10-17\"}",
                            "create_date": "2021-05-19T21:25:58Z",
                            "description": "",
                            "id": "amplify-jfwordpress-dev-142551-authRole",
                            "managed_policy_arns.#": "0",
                            "max_session_duration": "3600",
                            "name": "amplify-jfwordpress-dev-142551-authRole",
                            "name_prefix": "",
                            "path": "/",
                            "tags.%": "2",
                            "tags.user:Application": "jfwordpress",
                            "tags.user:Stack": "dev",
                            "tags_all.%": "2",
                            "tags_all.user:Application": "jfwordpress",
                            "tags_all.user:Stack": "dev",
                            "unique_id": "AROA5ANCXSXXRTFM7WQZK"
                        },
                        "meta": {
                            "schema_version": 0
                        },
                        "tainted": false
                    },
                    "deposed": [],
                    "provider": "provider.aws"
                },
                "aws_iam_role.tfer--amplify-jfwordpress-dev-142551-unauthRole": {
                    "type": "aws_iam_role",
                    "depends_on": [],
                    "primary": {
                        "id": "amplify-jfwordpress-dev-142551-unauthRole",
                        "attributes": {
                            "arn": "arn:aws:iam::894231352815:role/amplify-jfwordpress-dev-142551-unauthRole",
                            "assume_role_policy": "{\"Statement\":[{\"Action\":\"sts:AssumeRoleWithWebIdentity\",\"Effect\":\"Deny\",\"Principal\":{\"Federated\":\"cognito-identity.amazonaws.com\"},\"Sid\":\"\"}],\"Version\":\"2012-10-17\"}",
                            "create_date": "2021-05-19T21:25:58Z",
                            "description": "",
                            "id": "amplify-jfwordpress-dev-142551-unauthRole",
                            "managed_policy_arns.#": "0",
                            "max_session_duration": "3600",
                            "name": "amplify-jfwordpress-dev-142551-unauthRole",
                            "name_prefix": "",
                            "path": "/",
                            "tags.%": "2",
                            "tags.user:Application": "jfwordpress",
                            "tags.user:Stack": "dev",
                            "tags_all.%": "2",
                            "tags_all.user:Application": "jfwordpress",
                            "tags_all.user:Stack": "dev",
                            "unique_id": "AROA5ANCXSXXTN7SCGBHU"
                        },
                        "meta": {
                            "schema_version": 0
                        },
                        "tainted": false
                    },
                    "deposed": [],
                    "provider": "provider.aws"
                },
                "aws_iam_role.tfer--api-example-2-dev-us-east-1-lambdaRole": {
                    "type": "aws_iam_role",
                    "depends_on": [],
                    "primary": {
                        "id": "api-example-2-dev-us-east-1-lambdaRole",
                        "attributes": {
                            "arn": "arn:aws:iam::894231352815:role/api-example-2-dev-us-east-1-lambdaRole",
                            "assume_role_policy": "{\"Statement\":[{\"Action\":\"sts:AssumeRole\",\"Effect\":\"Allow\",\"Principal\":{\"Service\":\"lambda.amazonaws.com\"}}],\"Version\":\"2012-10-17\"}",
                            "create_date": "2021-08-27T00:42:14Z",
                            "description": "",
                            "id": "api-example-2-dev-us-east-1-lambdaRole",
                            "inline_policy.#": "1",
                            "inline_policy.0.name": "api-example-2-dev-lambda",
                            "inline_policy.0.policy": "{\"Version\":\"2012-10-17\",\"Statement\":[{\"Action\":[\"logs:CreateLogStream\",\"logs:CreateLogGroup\"],\"Resource\":[\"arn:aws:logs:us-east-1:894231352815:log-group:/aws/lambda/api-example-2-dev*:*\"],\"Effect\":\"Allow\"},{\"Action\":[\"logs:PutLogEvents\"],\"Resource\":[\"arn:aws:logs:us-east-1:894231352815:log-group:/aws/lambda/api-example-2-dev*:*:*\"],\"Effect\":\"Allow\"}]}",
                            "managed_policy_arns.#": "0",
                            "max_session_duration": "3600",
                            "name": "api-example-2-dev-us-east-1-lambdaRole",
                            "name_prefix": "",
                            "path": "/",
                            "tags.%": "1",
                            "tags.STAGE": "dev",
                            "tags_all.%": "1",
                            "tags_all.STAGE": "dev",
                            "unique_id": "AROA5ANCXSXXQQY3BGBXP"
                        },
                        "meta": {
                            "schema_version": 0
                        },
                        "tainted": false
                    },
                    "deposed": [],
                    "provider": "provider.aws"
                },
                "aws_iam_role.tfer--api-example-dev-us-east-1-lambdaRole": {
                    "type": "aws_iam_role",
                    "depends_on": [],
                    "primary": {
                        "id": "api-example-dev-us-east-1-lambdaRole",
                        "attributes": {
                            "arn": "arn:aws:iam::894231352815:role/api-example-dev-us-east-1-lambdaRole",
                            "assume_role_policy": "{\"Statement\":[{\"Action\":\"sts:AssumeRole\",\"Effect\":\"Allow\",\"Principal\":{\"Service\":\"lambda.amazonaws.com\"}}],\"Version\":\"2012-10-17\"}",
                            "create_date": "2021-08-26T23:36:10Z",
                            "description": "",
                            "id": "api-example-dev-us-east-1-lambdaRole",
                            "inline_policy.#": "1",
                            "inline_policy.0.name": "api-example-dev-lambda",
                            "inline_policy.0.policy": "{\"Version\":\"2012-10-17\",\"Statement\":[{\"Action\":[\"logs:CreateLogStream\",\"logs:CreateLogGroup\"],\"Resource\":[\"arn:aws:logs:us-east-1:894231352815:log-group:/aws/lambda/api-example-dev*:*\"],\"Effect\":\"Allow\"},{\"Action\":[\"logs:PutLogEvents\"],\"Resource\":[\"arn:aws:logs:us-east-1:894231352815:log-group:/aws/lambda/api-example-dev*:*:*\"],\"Effect\":\"Allow\"}]}",
                            "managed_policy_arns.#": "0",
                            "max_session_duration": "3600",
                            "name": "api-example-dev-us-east-1-lambdaRole",
                            "name_prefix": "",
                            "path": "/",
                            "tags.%": "1",
                            "tags.STAGE": "dev",
                            "tags_all.%": "1",
                            "tags_all.STAGE": "dev",
                            "unique_id": "AROA5ANCXSXX6T2UP7PNZ"
                        },
                        "meta": {
                            "schema_version": 0
                        },
                        "tainted": false
                    },
                    "deposed": [],
                    "provider": "provider.aws"
                },
                "aws_iam_role.tfer--api-gateway-log-writer": {
                    "type": "aws_iam_role",
                    "depends_on": [],
                    "primary": {
                        "id": "api-gateway-log-writer",
                        "attributes": {
                            "arn": "arn:aws:iam::894231352815:role/api-gateway-log-writer",
                            "assume_role_policy": "{\"Statement\":[{\"Action\":\"sts:AssumeRole\",\"Effect\":\"Allow\",\"Principal\":{\"Service\":\"apigateway.amazonaws.com\"},\"Sid\":\"\"}],\"Version\":\"2012-10-17\"}",
                            "create_date": "2016-07-08T23:57:09Z",
                            "description": "",
                            "id": "api-gateway-log-writer",
                            "managed_policy_arns.#": "1",
                            "managed_policy_arns.0": "arn:aws:iam::aws:policy/service-role/AmazonAPIGatewayPushToCloudWatchLogs",
                            "max_session_duration": "3600",
                            "name": "api-gateway-log-writer",
                            "name_prefix": "",
                            "path": "/",
                            "tags.%": "0",
                            "tags_all.%": "0",
                            "unique_id": "AROAJF2NYJNEA5CQDA53Y"
                        },
                        "meta": {
                            "schema_version": 0
                        },
                        "tainted": false
                    },
                    "deposed": [],
                    "provider": "provider.aws"
                },
                "aws_iam_role.tfer--api-journeys-dev-us-east-1-lambdaRole": {
                    "type": "aws_iam_role",
                    "depends_on": [],
                    "primary": {
                        "id": "api-journeys-dev-us-east-1-lambdaRole",
                        "attributes": {
                            "arn": "arn:aws:iam::894231352815:role/api-journeys-dev-us-east-1-lambdaRole",
                            "assume_role_policy": "{\"Statement\":[{\"Action\":\"sts:AssumeRole\",\"Effect\":\"Allow\",\"Principal\":{\"Service\":\"lambda.amazonaws.com\"}}],\"Version\":\"2012-10-17\"}",
                            "create_date": "2021-08-25T14:50:23Z",
                            "description": "",
                            "id": "api-journeys-dev-us-east-1-lambdaRole",
                            "inline_policy.#": "1",
                            "inline_policy.0.name": "api-journeys-dev-lambda",
                            "inline_policy.0.policy": "{\"Version\":\"2012-10-17\",\"Statement\":[{\"Action\":[\"logs:CreateLogStream\",\"logs:CreateLogGroup\"],\"Resource\":[\"arn:aws:logs:us-east-1:894231352815:log-group:/aws/lambda/api-journeys-dev*:*\"],\"Effect\":\"Allow\"},{\"Action\":[\"logs:PutLogEvents\"],\"Resource\":[\"arn:aws:logs:us-east-1:894231352815:log-group:/aws/lambda/api-journeys-dev*:*:*\"],\"Effect\":\"Allow\"}]}",
                            "managed_policy_arns.#": "1",
                            "managed_policy_arns.0": "arn:aws:iam::aws:policy/service-role/AWSLambdaVPCAccessExecutionRole",
                            "max_session_duration": "3600",
                            "name": "api-journeys-dev-us-east-1-lambdaRole",
                            "name_prefix": "",
                            "path": "/",
                            "tags.%": "1",
                            "tags.STAGE": "dev",
                            "tags_all.%": "1",
                            "tags_all.STAGE": "dev",
                            "unique_id": "AROA5ANCXSXXSX5TKKOCZ"
                        },
                        "meta": {
                            "schema_version": 0
                        },
                        "tainted": false
                    },
                    "deposed": [],
                    "provider": "provider.aws"
                },
                "aws_iam_role.tfer--api-journeys-prod-prod-us-east-1-lambdaRole": {
                    "type": "aws_iam_role",
                    "depends_on": [],
                    "primary": {
                        "id": "api-journeys-prod-prod-us-east-1-lambdaRole",
                        "attributes": {
                            "arn": "arn:aws:iam::894231352815:role/api-journeys-prod-prod-us-east-1-lambdaRole",
                            "assume_role_policy": "{\"Statement\":[{\"Action\":\"sts:AssumeRole\",\"Effect\":\"Allow\",\"Principal\":{\"Service\":\"lambda.amazonaws.com\"}}],\"Version\":\"2012-10-17\"}",
                            "create_date": "2021-10-11T07:04:05Z",
                            "description": "",
                            "id": "api-journeys-prod-prod-us-east-1-lambdaRole",
                            "inline_policy.#": "1",
                            "inline_policy.0.name": "api-journeys-prod-prod-lambda",
                            "inline_policy.0.policy": "{\"Version\":\"2012-10-17\",\"Statement\":[{\"Action\":[\"logs:CreateLogStream\",\"logs:CreateLogGroup\"],\"Resource\":[\"arn:aws:logs:us-east-1:894231352815:log-group:/aws/lambda/api-journeys-prod-prod*:*\"],\"Effect\":\"Allow\"},{\"Action\":[\"logs:PutLogEvents\"],\"Resource\":[\"arn:aws:logs:us-east-1:894231352815:log-group:/aws/lambda/api-journeys-prod-prod*:*:*\"],\"Effect\":\"Allow\"}]}",
                            "managed_policy_arns.#": "1",
                            "managed_policy_arns.0": "arn:aws:iam::aws:policy/service-role/AWSLambdaVPCAccessExecutionRole",
                            "max_session_duration": "3600",
                            "name": "api-journeys-prod-prod-us-east-1-lambdaRole",
                            "name_prefix": "",
                            "path": "/",
                            "tags.%": "1",
                            "tags.STAGE": "prod",
                            "tags_all.%": "1",
                            "tags_all.STAGE": "prod",
                            "unique_id": "AROA5ANCXSXXSQHZQGFWD"
                        },
                        "meta": {
                            "schema_version": 0
                        },
                        "tainted": false
                    },
                    "deposed": [],
                    "provider": "provider.aws"
                },
                "aws_iam_role.tfer--api-journeys-prod-us-east-1-lambdaRole": {
                    "type": "aws_iam_role",
                    "depends_on": [],
                    "primary": {
                        "id": "api-journeys-prod-us-east-1-lambdaRole",
                        "attributes": {
                            "arn": "arn:aws:iam::894231352815:role/api-journeys-prod-us-east-1-lambdaRole",
                            "assume_role_policy": "{\"Statement\":[{\"Action\":\"sts:AssumeRole\",\"Effect\":\"Allow\",\"Principal\":{\"Service\":\"lambda.amazonaws.com\"}}],\"Version\":\"2012-10-17\"}",
                            "create_date": "2021-10-11T07:15:28Z",
                            "description": "",
                            "id": "api-journeys-prod-us-east-1-lambdaRole",
                            "inline_policy.#": "1",
                            "inline_policy.0.name": "api-journeys-prod-lambda",
                            "inline_policy.0.policy": "{\"Version\":\"2012-10-17\",\"Statement\":[{\"Action\":[\"logs:CreateLogStream\",\"logs:CreateLogGroup\"],\"Resource\":[\"arn:aws:logs:us-east-1:894231352815:log-group:/aws/lambda/api-journeys-prod*:*\"],\"Effect\":\"Allow\"},{\"Action\":[\"logs:PutLogEvents\"],\"Resource\":[\"arn:aws:logs:us-east-1:894231352815:log-group:/aws/lambda/api-journeys-prod*:*:*\"],\"Effect\":\"Allow\"}]}",
                            "managed_policy_arns.#": "1",
                            "managed_policy_arns.0": "arn:aws:iam::aws:policy/service-role/AWSLambdaVPCAccessExecutionRole",
                            "max_session_duration": "3600",
                            "name": "api-journeys-prod-us-east-1-lambdaRole",
                            "name_prefix": "",
                            "path": "/",
                            "tags.%": "1",
                            "tags.STAGE": "prod",
                            "tags_all.%": "1",
                            "tags_all.STAGE": "prod",
                            "unique_id": "AROA5ANCXSXXVBTTATJLI"
                        },
                        "meta": {
                            "schema_version": 0
                        },
                        "tainted": false
                    },
                    "deposed": [],
                    "provider": "provider.aws"
                },
                "aws_iam_role.tfer--api-journeys-stage-us-east-1-lambdaRole": {
                    "type": "aws_iam_role",
                    "depends_on": [],
                    "primary": {
                        "id": "api-journeys-stage-us-east-1-lambdaRole",
                        "attributes": {
                            "arn": "arn:aws:iam::894231352815:role/api-journeys-stage-us-east-1-lambdaRole",
                            "assume_role_policy": "{\"Statement\":[{\"Action\":\"sts:AssumeRole\",\"Effect\":\"Allow\",\"Principal\":{\"Service\":\"lambda.amazonaws.com\"}}],\"Version\":\"2012-10-17\"}",
                            "create_date": "2021-10-11T07:32:35Z",
                            "description": "",
                            "id": "api-journeys-stage-us-east-1-lambdaRole",
                            "inline_policy.#": "1",
                            "inline_policy.0.name": "api-journeys-stage-lambda",
                            "inline_policy.0.policy": "{\"Version\":\"2012-10-17\",\"Statement\":[{\"Action\":[\"logs:CreateLogStream\",\"logs:CreateLogGroup\"],\"Resource\":[\"arn:aws:logs:us-east-1:894231352815:log-group:/aws/lambda/api-journeys-stage*:*\"],\"Effect\":\"Allow\"},{\"Action\":[\"logs:PutLogEvents\"],\"Resource\":[\"arn:aws:logs:us-east-1:894231352815:log-group:/aws/lambda/api-journeys-stage*:*:*\"],\"Effect\":\"Allow\"}]}",
                            "managed_policy_arns.#": "1",
                            "managed_policy_arns.0": "arn:aws:iam::aws:policy/service-role/AWSLambdaVPCAccessExecutionRole",
                            "max_session_duration": "3600",
                            "name": "api-journeys-stage-us-east-1-lambdaRole",
                            "name_prefix": "",
                            "path": "/",
                            "tags.%": "1",
                            "tags.STAGE": "stage",
                            "tags_all.%": "1",
                            "tags_all.STAGE": "stage",
                            "unique_id": "AROA5ANCXSXXSWFCZDUU6"
                        },
                        "meta": {
                            "schema_version": 0
                        },
                        "tainted": false
                    },
                    "deposed": [],
                    "provider": "provider.aws"
                },
                "aws_iam_role.tfer--api-media-dev-us-east-1-lambdaRole": {
                    "type": "aws_iam_role",
                    "depends_on": [],
                    "primary": {
                        "id": "api-media-dev-us-east-1-lambdaRole",
                        "attributes": {
                            "arn": "arn:aws:iam::894231352815:role/api-media-dev-us-east-1-lambdaRole",
                            "assume_role_policy": "{\"Statement\":[{\"Action\":\"sts:AssumeRole\",\"Effect\":\"Allow\",\"Principal\":{\"Service\":\"lambda.amazonaws.com\"}}],\"Version\":\"2012-10-17\"}",
                            "create_date": "2021-10-18T21:35:19Z",
                            "description": "",
                            "id": "api-media-dev-us-east-1-lambdaRole",
                            "inline_policy.#": "2",
                            "inline_policy.0.name": "access-ark-core-bucket",
                            "inline_policy.0.policy": "{\n    \"Version\": \"2012-10-17\",\n    \"Statement\": [\n        {\n          \"Effect\": \"Allow\",\n          \"Action\": [\n                \"s3:Put*\",\n                \"s3:Get*\",\n                \"s3:Delete*\"\n            ],\n            \"Resource\": [\n                \"arn:aws:s3:::ark-core/*\"\n            ]\n        }\n    ]\n}\n",
                            "inline_policy.1.name": "api-media-dev-lambda",
                            "inline_policy.1.policy": "{\n    \"Version\": \"2012-10-17\",\n    \"Statement\": [\n        {\n            \"Action\": [\n                \"logs:CreateLogStream\",\n                \"logs:CreateLogGroup\"\n            ],\n            \"Resource\": [\n                \"arn:aws:logs:us-east-1:894231352815:log-group:/aws/lambda/api-media-dev*:*\"\n            ],\n            \"Effect\": \"Allow\"\n        },\n        {\n            \"Action\": [\n                \"logs:PutLogEvents\"\n            ],\n            \"Resource\": [\n                \"arn:aws:logs:us-east-1:894231352815:log-group:/aws/lambda/api-media-dev*:*:*\"\n            ],\n            \"Effect\": \"Allow\"\n        }\n    ]\n}",
                            "managed_policy_arns.#": "2",
                            "managed_policy_arns.0": "arn:aws:iam::894231352815:policy/AccessArkCoreBucketObjects",
                            "managed_policy_arns.1": "arn:aws:iam::aws:policy/service-role/AWSLambdaVPCAccessExecutionRole",
                            "max_session_duration": "3600",
                            "name": "api-media-dev-us-east-1-lambdaRole",
                            "name_prefix": "",
                            "path": "/",
                            "tags.%": "1",
                            "tags.STAGE": "dev",
                            "tags_all.%": "1",
                            "tags_all.STAGE": "dev",
                            "unique_id": "AROA5ANCXSXX4NSYMWAHZ"
                        },
                        "meta": {
                            "schema_version": 0
                        },
                        "tainted": false
                    },
                    "deposed": [],
                    "provider": "provider.aws"
                },
                "aws_iam_role.tfer--api-media-stage-us-east-1-lambdaRole": {
                    "type": "aws_iam_role",
                    "depends_on": [],
                    "primary": {
                        "id": "api-media-stage-us-east-1-lambdaRole",
                        "attributes": {
                            "arn": "arn:aws:iam::894231352815:role/api-media-stage-us-east-1-lambdaRole",
                            "assume_role_policy": "{\"Statement\":[{\"Action\":\"sts:AssumeRole\",\"Effect\":\"Allow\",\"Principal\":{\"Service\":\"lambda.amazonaws.com\"}}],\"Version\":\"2012-10-17\"}",
                            "create_date": "2021-10-18T23:15:15Z",
                            "description": "",
                            "id": "api-media-stage-us-east-1-lambdaRole",
                            "inline_policy.#": "2",
                            "inline_policy.0.name": "AccessArkMediaS3",
                            "inline_policy.0.policy": "{\n  \"Version\": \"2012-10-17\",\n  \"Statement\": [\n    {\n      \"Sid\": \"AccessArkMediaS3\",\n      \"Action\": [\n        \"s3:GetObject\"\n      ],\n      \"Effect\": \"Allow\",\n      \"Resource\": [\n        \"arn:aws:s3:::ark-core/media/*\"\n      ]\n    }\n  ]\n}",
                            "inline_policy.1.name": "api-media-stage-lambda",
                            "inline_policy.1.policy": "{\n    \"Version\": \"2012-10-17\",\n    \"Statement\": [\n        {\n            \"Action\": [\n                \"logs:CreateLogStream\",\n                \"logs:CreateLogGroup\"\n            ],\n            \"Resource\": [\n                \"arn:aws:logs:us-east-1:894231352815:log-group:/aws/lambda/api-media-stage*:*\"\n            ],\n            \"Effect\": \"Allow\"\n        },\n        {\n            \"Action\": [\n                \"logs:PutLogEvents\"\n            ],\n            \"Resource\": [\n                \"arn:aws:logs:us-east-1:894231352815:log-group:/aws/lambda/api-media-stage*:*:*\"\n            ],\n            \"Effect\": \"Allow\"\n        }\n    ]\n}",
                            "managed_policy_arns.#": "2",
                            "managed_policy_arns.0": "arn:aws:iam::894231352815:policy/AccessArkCoreBucketObjects",
                            "managed_policy_arns.1": "arn:aws:iam::aws:policy/service-role/AWSLambdaVPCAccessExecutionRole",
                            "max_session_duration": "3600",
                            "name": "api-media-stage-us-east-1-lambdaRole",
                            "name_prefix": "",
                            "path": "/",
                            "tags.%": "1",
                            "tags.STAGE": "stage",
                            "tags_all.%": "1",
                            "tags_all.STAGE": "stage",
                            "unique_id": "AROA5ANCXSXX4YXSVAMSL"
                        },
                        "meta": {
                            "schema_version": 0
                        },
                        "tainted": false
                    },
                    "deposed": [],
                    "provider": "provider.aws"
                },
                "aws_iam_role.tfer--api-test-dev-us-east-1-lambdaRole": {
                    "type": "aws_iam_role",
                    "depends_on": [],
                    "primary": {
                        "id": "api-test-dev-us-east-1-lambdaRole",
                        "attributes": {
                            "arn": "arn:aws:iam::894231352815:role/api-test-dev-us-east-1-lambdaRole",
                            "assume_role_policy": "{\"Statement\":[{\"Action\":\"sts:AssumeRole\",\"Effect\":\"Allow\",\"Principal\":{\"Service\":\"lambda.amazonaws.com\"}}],\"Version\":\"2012-10-17\"}",
                            "create_date": "2021-08-25T16:58:48Z",
                            "description": "",
                            "id": "api-test-dev-us-east-1-lambdaRole",
                            "inline_policy.#": "1",
                            "inline_policy.0.name": "api-test-dev-lambda",
                            "inline_policy.0.policy": "{\"Version\":\"2012-10-17\",\"Statement\":[{\"Action\":[\"logs:CreateLogStream\",\"logs:CreateLogGroup\"],\"Resource\":[\"arn:aws:logs:us-east-1:894231352815:log-group:/aws/lambda/api-test-dev*:*\"],\"Effect\":\"Allow\"},{\"Action\":[\"logs:PutLogEvents\"],\"Resource\":[\"arn:aws:logs:us-east-1:894231352815:log-group:/aws/lambda/api-test-dev*:*:*\"],\"Effect\":\"Allow\"}]}",
                            "managed_policy_arns.#": "0",
                            "max_session_duration": "3600",
                            "name": "api-test-dev-us-east-1-lambdaRole",
                            "name_prefix": "",
                            "path": "/",
                            "tags.%": "1",
                            "tags.STAGE": "dev",
                            "tags_all.%": "1",
                            "tags_all.STAGE": "dev",
                            "unique_id": "AROA5ANCXSXXUPUYQJLWF"
                        },
                        "meta": {
                            "schema_version": 0
                        },
                        "tainted": false
                    },
                    "deposed": [],
                    "provider": "provider.aws"
                },
                "aws_iam_role.tfer--api-test1-dev-us-east-1-lambdaRole": {
                    "type": "aws_iam_role",
                    "depends_on": [],
                    "primary": {
                        "id": "api-test1-dev-us-east-1-lambdaRole",
                        "attributes": {
                            "arn": "arn:aws:iam::894231352815:role/api-test1-dev-us-east-1-lambdaRole",
                            "assume_role_policy": "{\"Statement\":[{\"Action\":\"sts:AssumeRole\",\"Effect\":\"Allow\",\"Principal\":{\"Service\":\"lambda.amazonaws.com\"}}],\"Version\":\"2012-10-17\"}",
                            "create_date": "2021-08-28T00:30:28Z",
                            "description": "",
                            "id": "api-test1-dev-us-east-1-lambdaRole",
                            "inline_policy.#": "1",
                            "inline_policy.0.name": "api-test1-dev-lambda",
                            "inline_policy.0.policy": "{\"Version\":\"2012-10-17\",\"Statement\":[{\"Action\":[\"logs:CreateLogStream\",\"logs:CreateLogGroup\"],\"Resource\":[\"arn:aws:logs:us-east-1:894231352815:log-group:/aws/lambda/api-test1-dev*:*\"],\"Effect\":\"Allow\"},{\"Action\":[\"logs:PutLogEvents\"],\"Resource\":[\"arn:aws:logs:us-east-1:894231352815:log-group:/aws/lambda/api-test1-dev*:*:*\"],\"Effect\":\"Allow\"}]}",
                            "managed_policy_arns.#": "0",
                            "max_session_duration": "3600",
                            "name": "api-test1-dev-us-east-1-lambdaRole",
                            "name_prefix": "",
                            "path": "/",
                            "tags.%": "1",
                            "tags.STAGE": "dev",
                            "tags_all.%": "1",
                            "tags_all.STAGE": "dev",
                            "unique_id": "AROA5ANCXSXXWSDFIHENA"
                        },
                        "meta": {
                            "schema_version": 0
                        },
                        "tainted": false
                    },
                    "deposed": [],
                    "provider": "provider.aws"
                },
                "aws_iam_role.tfer--appsync-ds-lam-3elgqd-wp-graphql-request": {
                    "type": "aws_iam_role",
                    "depends_on": [],
                    "primary": {
                        "id": "appsync-ds-lam-3elgqd-wp-graphql-request",
                        "attributes": {
                            "arn": "arn:aws:iam::894231352815:role/service-role/appsync-ds-lam-3elgqd-wp-graphql-request",
                            "assume_role_policy": "{\"Statement\":[{\"Action\":\"sts:AssumeRole\",\"Effect\":\"Allow\",\"Principal\":{\"Service\":\"appsync.amazonaws.com\"}}],\"Version\":\"2012-10-17\"}",
                            "create_date": "2021-05-20T04:24:14Z",
                            "description": "Allows the AWS AppSync service to access your data source.",
                            "id": "appsync-ds-lam-3elgqd-wp-graphql-request",
                            "managed_policy_arns.#": "1",
                            "managed_policy_arns.0": "arn:aws:iam::894231352815:policy/service-role/appsync-ds-lam-3elgqd-wp-graphql-request",
                            "max_session_duration": "3600",
                            "name": "appsync-ds-lam-3elgqd-wp-graphql-request",
                            "name_prefix": "",
                            "path": "/service-role/",
                            "tags.%": "0",
                            "tags_all.%": "0",
                            "unique_id": "AROA5ANCXSXX2KQFMJOK2"
                        },
                        "meta": {
                            "schema_version": 0
                        },
                        "tainted": false
                    },
                    "deposed": [],
                    "provider": "provider.aws"
                },
                "aws_iam_role.tfer--appsync-graphqlapi-logs-us-west-2": {
                    "type": "aws_iam_role",
                    "depends_on": [],
                    "primary": {
                        "id": "appsync-graphqlapi-logs-us-west-2",
                        "attributes": {
                            "arn": "arn:aws:iam::894231352815:role/service-role/appsync-graphqlapi-logs-us-west-2",
                            "assume_role_policy": "{\"Statement\":[{\"Action\":\"sts:AssumeRole\",\"Effect\":\"Allow\",\"Principal\":{\"Service\":\"appsync.amazonaws.com\"}}],\"Version\":\"2012-10-17\"}",
                            "create_date": "2021-05-20T02:26:55Z",
                            "description": "Allows the AWS AppSync service to access your data source.",
                            "id": "appsync-graphqlapi-logs-us-west-2",
                            "managed_policy_arns.#": "1",
                            "managed_policy_arns.0": "arn:aws:iam::894231352815:policy/service-role/appsync-graphqlapi-logs-us-west-2",
                            "max_session_duration": "3600",
                            "name": "appsync-graphqlapi-logs-us-west-2",
                            "name_prefix": "",
                            "path": "/service-role/",
                            "tags.%": "0",
                            "tags_all.%": "0",
                            "unique_id": "AROA5ANCXSXX4QORQZWT4"
                        },
                        "meta": {
                            "schema_version": 0
                        },
                        "tainted": false
                    },
                    "deposed": [],
                    "provider": "provider.aws"
                },
                "aws_iam_role.tfer--arclight-apikey-authorize-role-yohbtjp8": {
                    "type": "aws_iam_role",
                    "depends_on": [],
                    "primary": {
                        "id": "arclight-apikey-authorize-role-yohbtjp8",
                        "attributes": {
                            "arn": "arn:aws:iam::894231352815:role/service-role/arclight-apikey-authorize-role-yohbtjp8",
                            "assume_role_policy": "{\"Statement\":[{\"Action\":\"sts:AssumeRole\",\"Effect\":\"Allow\",\"Principal\":{\"Service\":\"lambda.amazonaws.com\"}}],\"Version\":\"2012-10-17\"}",
                            "create_date": "2019-04-22T20:32:59Z",
                            "description": "",
                            "id": "arclight-apikey-authorize-role-yohbtjp8",
                            "managed_policy_arns.#": "1",
                            "managed_policy_arns.0": "arn:aws:iam::894231352815:policy/service-role/AWSLambdaBasicExecutionRole-036eff25-465f-4bef-8136-da7954a08906",
                            "max_session_duration": "3600",
                            "name": "arclight-apikey-authorize-role-yohbtjp8",
                            "name_prefix": "",
                            "path": "/service-role/",
                            "tags.%": "0",
                            "tags_all.%": "0",
                            "unique_id": "AROA5ANCXSXXRBH3OKW2F"
                        },
                        "meta": {
                            "schema_version": 0
                        },
                        "tainted": false
                    },
                    "deposed": [],
                    "provider": "provider.aws"
                },
                "aws_iam_role.tfer--arclight-outage-slack-role": {
                    "type": "aws_iam_role",
                    "depends_on": [],
                    "primary": {
                        "id": "arclight-outage-slack-role",
                        "attributes": {
                            "arn": "arn:aws:iam::894231352815:role/service-role/arclight-outage-slack-role",
                            "assume_role_policy": "{\"Statement\":[{\"Action\":\"sts:AssumeRole\",\"Effect\":\"Allow\",\"Principal\":{\"Service\":\"lambda.amazonaws.com\"}}],\"Version\":\"2012-10-17\"}",
                            "create_date": "2017-10-03T23:56:11Z",
                            "description": "",
                            "id": "arclight-outage-slack-role",
                            "managed_policy_arns.#": "2",
                            "managed_policy_arns.0": "arn:aws:iam::894231352815:policy/service-role/AWSLambdaBasicExecutionRole-e5a128db-70f8-43ed-9fc9-d87628a50fef",
                            "managed_policy_arns.1": "arn:aws:iam::894231352815:policy/service-role/AWSLambdaKMSExecutionRole-0af2c3fd-6a0a-46c0-9568-b1f194068eb9",
                            "max_session_duration": "3600",
                            "name": "arclight-outage-slack-role",
                            "name_prefix": "",
                            "path": "/service-role/",
                            "tags.%": "0",
                            "tags_all.%": "0",
                            "unique_id": "AROAI5SNSLIWAREN6KDTK"
                        },
                        "meta": {
                            "schema_version": 0
                        },
                        "tainted": false
                    },
                    "deposed": [],
                    "provider": "provider.aws"
                },
                "aws_iam_role.tfer--aurora-s3-full-access": {
                    "type": "aws_iam_role",
                    "depends_on": [],
                    "primary": {
                        "id": "aurora-s3-full-access",
                        "attributes": {
                            "arn": "arn:aws:iam::894231352815:role/aurora-s3-full-access",
                            "assume_role_policy": "{\"Statement\":[{\"Action\":\"sts:AssumeRole\",\"Effect\":\"Allow\",\"Principal\":{\"Service\":\"rds.amazonaws.com\"},\"Sid\":\"\"}],\"Version\":\"2012-10-17\"}",
                            "create_date": "2021-12-01T18:19:45Z",
                            "description": "Allows you to grant RDS access to additional resources on your behalf.",
                            "id": "aurora-s3-full-access",
                            "managed_policy_arns.#": "1",
                            "managed_policy_arns.0": "arn:aws:iam::aws:policy/AmazonS3FullAccess",
                            "max_session_duration": "3600",
                            "name": "aurora-s3-full-access",
                            "name_prefix": "",
                            "path": "/",
                            "tags.%": "0",
                            "tags_all.%": "0",
                            "unique_id": "AROA5ANCXSXXVLCFUXZHH"
                        },
                        "meta": {
                            "schema_version": 0
                        },
                        "tainted": false
                    },
                    "deposed": [],
                    "provider": "provider.aws"
                },
                "aws_iam_role.tfer--aws-elasticbeanstalk-ec2-role": {
                    "type": "aws_iam_role",
                    "depends_on": [],
                    "primary": {
                        "id": "aws-elasticbeanstalk-ec2-role",
                        "attributes": {
                            "arn": "arn:aws:iam::894231352815:role/aws-elasticbeanstalk-ec2-role",
                            "assume_role_policy": "{\"Statement\":[{\"Action\":\"sts:AssumeRole\",\"Effect\":\"Allow\",\"Principal\":{\"Service\":\"ec2.amazonaws.com\"},\"Sid\":\"\"}],\"Version\":\"2008-10-17\"}",
                            "create_date": "2014-01-28T14:41:10Z",
                            "description": "",
                            "id": "aws-elasticbeanstalk-ec2-role",
                            "managed_policy_arns.#": "4",
                            "managed_policy_arns.0": "arn:aws:iam::aws:policy/AWSElasticBeanstalkMulticontainerDocker",
                            "managed_policy_arns.1": "arn:aws:iam::aws:policy/AWSElasticBeanstalkWebTier",
                            "managed_policy_arns.2": "arn:aws:iam::aws:policy/AWSElasticBeanstalkWorkerTier",
                            "managed_policy_arns.3": "arn:aws:iam::aws:policy/AmazonS3FullAccess",
                            "max_session_duration": "3600",
                            "name": "aws-elasticbeanstalk-ec2-role",
                            "name_prefix": "",
                            "path": "/",
                            "tags.%": "0",
                            "tags_all.%": "0",
                            "unique_id": "AROAIWIRNYMDHNMDGZSFU"
                        },
                        "meta": {
                            "schema_version": 0
                        },
                        "tainted": false
                    },
                    "deposed": [],
                    "provider": "provider.aws"
                },
                "aws_iam_role.tfer--aws-elasticbeanstalk-service-role": {
                    "type": "aws_iam_role",
                    "depends_on": [],
                    "primary": {
                        "id": "aws-elasticbeanstalk-service-role",
                        "attributes": {
                            "arn": "arn:aws:iam::894231352815:role/aws-elasticbeanstalk-service-role",
                            "assume_role_policy": "{\"Statement\":[{\"Action\":\"sts:AssumeRole\",\"Condition\":{\"StringEquals\":{\"sts:ExternalId\":\"elasticbeanstalk\"}},\"Effect\":\"Allow\",\"Principal\":{\"Service\":\"elasticbeanstalk.amazonaws.com\"}}],\"Version\":\"2012-10-17\"}",
                            "create_date": "2016-08-03T21:23:09Z",
                            "description": "",
                            "id": "aws-elasticbeanstalk-service-role",
                            "managed_policy_arns.#": "2",
                            "managed_policy_arns.0": "arn:aws:iam::aws:policy/service-role/AWSElasticBeanstalkEnhancedHealth",
                            "managed_policy_arns.1": "arn:aws:iam::aws:policy/service-role/AWSElasticBeanstalkService",
                            "max_session_duration": "3600",
                            "name": "aws-elasticbeanstalk-service-role",
                            "name_prefix": "",
                            "path": "/",
                            "tags.%": "0",
                            "tags_all.%": "0",
                            "unique_id": "AROAIJHHD5RD5OZQMKNBM"
                        },
                        "meta": {
                            "schema_version": 0
                        },
                        "tainted": false
                    },
                    "deposed": [],
                    "provider": "provider.aws"
                },
                "aws_iam_role.tfer--aws-quicksight-service-role-v0": {
                    "type": "aws_iam_role",
                    "depends_on": [],
                    "primary": {
                        "id": "aws-quicksight-service-role-v0",
                        "attributes": {
                            "arn": "arn:aws:iam::894231352815:role/service-role/aws-quicksight-service-role-v0",
                            "assume_role_policy": "{\"Statement\":[{\"Action\":\"sts:AssumeRole\",\"Effect\":\"Allow\",\"Principal\":{\"Service\":\"quicksight.amazonaws.com\"}}],\"Version\":\"2012-10-17\"}",
                            "create_date": "2016-11-23T14:33:40Z",
                            "description": "",
                            "id": "aws-quicksight-service-role-v0",
                            "managed_policy_arns.#": "3",
                            "managed_policy_arns.0": "arn:aws:iam::894231352815:policy/service-role/AWSQuickSightIAMPolicy",
                            "managed_policy_arns.1": "arn:aws:iam::894231352815:policy/service-role/AWSQuickSightRDSPolicy",
                            "managed_policy_arns.2": "arn:aws:iam::894231352815:policy/service-role/AWSQuickSightRedshiftPolicy",
                            "max_session_duration": "3600",
                            "name": "aws-quicksight-service-role-v0",
                            "name_prefix": "",
                            "path": "/service-role/",
                            "tags.%": "0",
                            "tags_all.%": "0",
                            "unique_id": "AROAJ2WSSURVMBY642ZOY"
                        },
                        "meta": {
                            "schema_version": 0
                        },
                        "tainted": false
                    },
                    "deposed": [],
                    "provider": "provider.aws"
                },
                "aws_iam_role.tfer--codebuild-Arclight-QA-service-role": {
                    "type": "aws_iam_role",
                    "depends_on": [],
                    "primary": {
                        "id": "codebuild-Arclight-QA-service-role",
                        "attributes": {
                            "arn": "arn:aws:iam::894231352815:role/service-role/codebuild-Arclight-QA-service-role",
                            "assume_role_policy": "{\"Statement\":[{\"Action\":\"sts:AssumeRole\",\"Effect\":\"Allow\",\"Principal\":{\"Service\":\"codebuild.amazonaws.com\"}}],\"Version\":\"2012-10-17\"}",
                            "create_date": "2020-09-16T15:37:48Z",
                            "description": "",
                            "id": "codebuild-Arclight-QA-service-role",
                            "managed_policy_arns.#": "1",
                            "managed_policy_arns.0": "arn:aws:iam::894231352815:policy/service-role/CodeBuildBasePolicy-Arclight-QA-us-east-1",
                            "max_session_duration": "3600",
                            "name": "codebuild-Arclight-QA-service-role",
                            "name_prefix": "",
                            "path": "/service-role/",
                            "tags.%": "0",
                            "tags_all.%": "0",
                            "unique_id": "AROA5ANCXSXX7WDRBOTD5"
                        },
                        "meta": {
                            "schema_version": 0
                        },
                        "tainted": false
                    },
                    "deposed": [],
                    "provider": "provider.aws"
                },
                "aws_iam_role.tfer--codebuild-admin-preprod-service-role": {
                    "type": "aws_iam_role",
                    "depends_on": [],
                    "primary": {
                        "id": "codebuild-admin-preprod-service-role",
                        "attributes": {
                            "arn": "arn:aws:iam::894231352815:role/service-role/codebuild-admin-preprod-service-role",
                            "assume_role_policy": "{\"Statement\":[{\"Action\":\"sts:AssumeRole\",\"Effect\":\"Allow\",\"Principal\":{\"Service\":\"codebuild.amazonaws.com\"}}],\"Version\":\"2012-10-17\"}",
                            "create_date": "2021-01-11T14:54:08Z",
                            "description": "",
                            "id": "codebuild-admin-preprod-service-role",
                            "managed_policy_arns.#": "1",
                            "managed_policy_arns.0": "arn:aws:iam::894231352815:policy/service-role/CodeBuildBasePolicy-admin-preprod-us-east-1",
                            "max_session_duration": "3600",
                            "name": "codebuild-admin-preprod-service-role",
                            "name_prefix": "",
                            "path": "/service-role/",
                            "tags.%": "0",
                            "tags_all.%": "0",
                            "unique_id": "AROA5ANCXSXXRVJ2KMSLD"
                        },
                        "meta": {
                            "schema_version": 0
                        },
                        "tainted": false
                    },
                    "deposed": [],
                    "provider": "provider.aws"
                },
                "aws_iam_role.tfer--codebuild-admin-prod-service-role": {
                    "type": "aws_iam_role",
                    "depends_on": [],
                    "primary": {
                        "id": "codebuild-admin-prod-service-role",
                        "attributes": {
                            "arn": "arn:aws:iam::894231352815:role/service-role/codebuild-admin-prod-service-role",
                            "assume_role_policy": "{\"Statement\":[{\"Action\":\"sts:AssumeRole\",\"Effect\":\"Allow\",\"Principal\":{\"Service\":\"codebuild.amazonaws.com\"}}],\"Version\":\"2012-10-17\"}",
                            "create_date": "2021-01-12T17:30:21Z",
                            "description": "",
                            "id": "codebuild-admin-prod-service-role",
                            "managed_policy_arns.#": "1",
                            "managed_policy_arns.0": "arn:aws:iam::894231352815:policy/service-role/CodeBuildBasePolicy-admin-prod-us-east-1",
                            "max_session_duration": "3600",
                            "name": "codebuild-admin-prod-service-role",
                            "name_prefix": "",
                            "path": "/service-role/",
                            "tags.%": "0",
                            "tags_all.%": "0",
                            "unique_id": "AROA5ANCXSXXYMX5564WT"
                        },
                        "meta": {
                            "schema_version": 0
                        },
                        "tainted": false
                    },
                    "deposed": [],
                    "provider": "provider.aws"
                },
                "aws_iam_role.tfer--codebuild-admin-qa-service-role": {
                    "type": "aws_iam_role",
                    "depends_on": [],
                    "primary": {
                        "id": "codebuild-admin-qa-service-role",
                        "attributes": {
                            "arn": "arn:aws:iam::894231352815:role/service-role/codebuild-admin-qa-service-role",
                            "assume_role_policy": "{\"Statement\":[{\"Action\":\"sts:AssumeRole\",\"Effect\":\"Allow\",\"Principal\":{\"Service\":\"codebuild.amazonaws.com\"}}],\"Version\":\"2012-10-17\"}",
                            "create_date": "2020-12-09T04:21:33Z",
                            "description": "",
                            "id": "codebuild-admin-qa-service-role",
                            "managed_policy_arns.#": "1",
                            "managed_policy_arns.0": "arn:aws:iam::894231352815:policy/service-role/CodeBuildBasePolicy-admin-qa-us-east-1",
                            "max_session_duration": "3600",
                            "name": "codebuild-admin-qa-service-role",
                            "name_prefix": "",
                            "path": "/service-role/",
                            "tags.%": "0",
                            "tags_all.%": "0",
                            "unique_id": "AROA5ANCXSXX4GOFR5OHI"
                        },
                        "meta": {
                            "schema_version": 0
                        },
                        "tainted": false
                    },
                    "deposed": [],
                    "provider": "provider.aws"
                },
                "aws_iam_role.tfer--codebuild-api-preprod-admin-service-role": {
                    "type": "aws_iam_role",
                    "depends_on": [],
                    "primary": {
                        "id": "codebuild-api-preprod-admin-service-role",
                        "attributes": {
                            "arn": "arn:aws:iam::894231352815:role/service-role/codebuild-api-preprod-admin-service-role",
                            "assume_role_policy": "{\"Statement\":[{\"Action\":\"sts:AssumeRole\",\"Effect\":\"Allow\",\"Principal\":{\"Service\":\"codebuild.amazonaws.com\"}}],\"Version\":\"2012-10-17\"}",
                            "create_date": "2020-10-01T18:22:41Z",
                            "description": "",
                            "id": "codebuild-api-preprod-admin-service-role",
                            "managed_policy_arns.#": "1",
                            "managed_policy_arns.0": "arn:aws:iam::894231352815:policy/service-role/CodeBuildBasePolicy-api-preprod-admin-us-east-1",
                            "max_session_duration": "3600",
                            "name": "codebuild-api-preprod-admin-service-role",
                            "name_prefix": "",
                            "path": "/service-role/",
                            "tags.%": "0",
                            "tags_all.%": "0",
                            "unique_id": "AROA5ANCXSXXQNH7Z7NLR"
                        },
                        "meta": {
                            "schema_version": 0
                        },
                        "tainted": false
                    },
                    "deposed": [],
                    "provider": "provider.aws"
                },
                "aws_iam_role.tfer--codebuild-api-preprod-service-role": {
                    "type": "aws_iam_role",
                    "depends_on": [],
                    "primary": {
                        "id": "codebuild-api-preprod-service-role",
                        "attributes": {
                            "arn": "arn:aws:iam::894231352815:role/service-role/codebuild-api-preprod-service-role",
                            "assume_role_policy": "{\"Statement\":[{\"Action\":\"sts:AssumeRole\",\"Effect\":\"Allow\",\"Principal\":{\"Service\":\"codebuild.amazonaws.com\"}}],\"Version\":\"2012-10-17\"}",
                            "create_date": "2020-09-30T18:44:25Z",
                            "description": "",
                            "id": "codebuild-api-preprod-service-role",
                            "managed_policy_arns.#": "1",
                            "managed_policy_arns.0": "arn:aws:iam::894231352815:policy/service-role/CodeBuildBasePolicy-api-preprod-us-east-1",
                            "max_session_duration": "3600",
                            "name": "codebuild-api-preprod-service-role",
                            "name_prefix": "",
                            "path": "/service-role/",
                            "tags.%": "0",
                            "tags_all.%": "0",
                            "unique_id": "AROA5ANCXSXX6JRJ63OUF"
                        },
                        "meta": {
                            "schema_version": 0
                        },
                        "tainted": false
                    },
                    "deposed": [],
                    "provider": "provider.aws"
                },
                "aws_iam_role.tfer--codebuild-api-prod-admin-service-role": {
                    "type": "aws_iam_role",
                    "depends_on": [],
                    "primary": {
                        "id": "codebuild-api-prod-admin-service-role",
                        "attributes": {
                            "arn": "arn:aws:iam::894231352815:role/service-role/codebuild-api-prod-admin-service-role",
                            "assume_role_policy": "{\"Statement\":[{\"Action\":\"sts:AssumeRole\",\"Effect\":\"Allow\",\"Principal\":{\"Service\":\"codebuild.amazonaws.com\"}}],\"Version\":\"2012-10-17\"}",
                            "create_date": "2020-10-07T16:06:01Z",
                            "description": "",
                            "id": "codebuild-api-prod-admin-service-role",
                            "managed_policy_arns.#": "1",
                            "managed_policy_arns.0": "arn:aws:iam::894231352815:policy/service-role/CodeBuildBasePolicy-api-prod-admin-us-east-1",
                            "max_session_duration": "3600",
                            "name": "codebuild-api-prod-admin-service-role",
                            "name_prefix": "",
                            "path": "/service-role/",
                            "tags.%": "0",
                            "tags_all.%": "0",
                            "unique_id": "AROA5ANCXSXXT4J6BNTA3"
                        },
                        "meta": {
                            "schema_version": 0
                        },
                        "tainted": false
                    },
                    "deposed": [],
                    "provider": "provider.aws"
                },
                "aws_iam_role.tfer--codebuild-api-prod-service-role": {
                    "type": "aws_iam_role",
                    "depends_on": [],
                    "primary": {
                        "id": "codebuild-api-prod-service-role",
                        "attributes": {
                            "arn": "arn:aws:iam::894231352815:role/service-role/codebuild-api-prod-service-role",
                            "assume_role_policy": "{\"Statement\":[{\"Action\":\"sts:AssumeRole\",\"Effect\":\"Allow\",\"Principal\":{\"Service\":\"codebuild.amazonaws.com\"}}],\"Version\":\"2012-10-17\"}",
                            "create_date": "2020-10-07T16:34:22Z",
                            "description": "",
                            "id": "codebuild-api-prod-service-role",
                            "managed_policy_arns.#": "1",
                            "managed_policy_arns.0": "arn:aws:iam::894231352815:policy/service-role/CodeBuildBasePolicy-api-prod-us-east-1",
                            "max_session_duration": "3600",
                            "name": "codebuild-api-prod-service-role",
                            "name_prefix": "",
                            "path": "/service-role/",
                            "tags.%": "0",
                            "tags_all.%": "0",
                            "unique_id": "AROA5ANCXSXXVIOKMK2MJ"
                        },
                        "meta": {
                            "schema_version": 0
                        },
                        "tainted": false
                    },
                    "deposed": [],
                    "provider": "provider.aws"
                },
                "aws_iam_role.tfer--codebuild-api-qa-servicerole": {
                    "type": "aws_iam_role",
                    "depends_on": [],
                    "primary": {
                        "id": "codebuild-api-qa-servicerole",
                        "attributes": {
                            "arn": "arn:aws:iam::894231352815:role/service-role/codebuild-api-qa-servicerole",
                            "assume_role_policy": "{\"Statement\":[{\"Action\":\"sts:AssumeRole\",\"Effect\":\"Allow\",\"Principal\":{\"Service\":\"codebuild.amazonaws.com\"}}],\"Version\":\"2012-10-17\"}",
                            "create_date": "2020-09-17T22:49:23Z",
                            "description": "",
                            "id": "codebuild-api-qa-servicerole",
                            "managed_policy_arns.#": "2",
                            "managed_policy_arns.0": "arn:aws:iam::894231352815:policy/service-role/CodeBuildBasePolicy-api-qa-import-us-east-1",
                            "managed_policy_arns.1": "arn:aws:iam::894231352815:policy/service-role/CodeBuildBasePolicy-api-qa-us-east-1",
                            "max_session_duration": "3600",
                            "name": "codebuild-api-qa-servicerole",
                            "name_prefix": "",
                            "path": "/service-role/",
                            "tags.%": "0",
                            "tags_all.%": "0",
                            "unique_id": "AROA5ANCXSXXYPOOBAGRZ"
                        },
                        "meta": {
                            "schema_version": 0
                        },
                        "tainted": false
                    },
                    "deposed": [],
                    "provider": "provider.aws"
                },
                "aws_iam_role.tfer--codebuild-import-preprod-service-role": {
                    "type": "aws_iam_role",
                    "depends_on": [],
                    "primary": {
                        "id": "codebuild-import-preprod-service-role",
                        "attributes": {
                            "arn": "arn:aws:iam::894231352815:role/service-role/codebuild-import-preprod-service-role",
                            "assume_role_policy": "{\"Statement\":[{\"Action\":\"sts:AssumeRole\",\"Effect\":\"Allow\",\"Principal\":{\"Service\":\"codebuild.amazonaws.com\"}}],\"Version\":\"2012-10-17\"}",
                            "create_date": "2021-01-11T15:01:03Z",
                            "description": "",
                            "id": "codebuild-import-preprod-service-role",
                            "managed_policy_arns.#": "1",
                            "managed_policy_arns.0": "arn:aws:iam::894231352815:policy/service-role/CodeBuildBasePolicy-import-preprod-us-east-1",
                            "max_session_duration": "3600",
                            "name": "codebuild-import-preprod-service-role",
                            "name_prefix": "",
                            "path": "/service-role/",
                            "tags.%": "0",
                            "tags_all.%": "0",
                            "unique_id": "AROA5ANCXSXX7VTGJWCOL"
                        },
                        "meta": {
                            "schema_version": 0
                        },
                        "tainted": false
                    },
                    "deposed": [],
                    "provider": "provider.aws"
                },
                "aws_iam_role.tfer--codebuild-import-prod-service-role": {
                    "type": "aws_iam_role",
                    "depends_on": [],
                    "primary": {
                        "id": "codebuild-import-prod-service-role",
                        "attributes": {
                            "arn": "arn:aws:iam::894231352815:role/service-role/codebuild-import-prod-service-role",
                            "assume_role_policy": "{\"Statement\":[{\"Action\":\"sts:AssumeRole\",\"Effect\":\"Allow\",\"Principal\":{\"Service\":\"codebuild.amazonaws.com\"}}],\"Version\":\"2012-10-17\"}",
                            "create_date": "2021-01-12T17:35:10Z",
                            "description": "",
                            "id": "codebuild-import-prod-service-role",
                            "managed_policy_arns.#": "1",
                            "managed_policy_arns.0": "arn:aws:iam::894231352815:policy/service-role/CodeBuildBasePolicy-import-prod-us-east-1",
                            "max_session_duration": "3600",
                            "name": "codebuild-import-prod-service-role",
                            "name_prefix": "",
                            "path": "/service-role/",
                            "tags.%": "0",
                            "tags_all.%": "0",
                            "unique_id": "AROA5ANCXSXXSP3YY7THJ"
                        },
                        "meta": {
                            "schema_version": 0
                        },
                        "tainted": false
                    },
                    "deposed": [],
                    "provider": "provider.aws"
                },
                "aws_iam_role.tfer--codebuild-import-qa-service-role": {
                    "type": "aws_iam_role",
                    "depends_on": [],
                    "primary": {
                        "id": "codebuild-import-qa-service-role",
                        "attributes": {
                            "arn": "arn:aws:iam::894231352815:role/service-role/codebuild-import-qa-service-role",
                            "assume_role_policy": "{\"Statement\":[{\"Action\":\"sts:AssumeRole\",\"Effect\":\"Allow\",\"Principal\":{\"Service\":\"codebuild.amazonaws.com\"}}],\"Version\":\"2012-10-17\"}",
                            "create_date": "2020-12-04T23:55:31Z",
                            "description": "",
                            "id": "codebuild-import-qa-service-role",
                            "managed_policy_arns.#": "1",
                            "managed_policy_arns.0": "arn:aws:iam::894231352815:policy/service-role/CodeBuildBasePolicy-import-qa-us-east-1",
                            "max_session_duration": "3600",
                            "name": "codebuild-import-qa-service-role",
                            "name_prefix": "",
                            "path": "/service-role/",
                            "tags.%": "0",
                            "tags_all.%": "0",
                            "unique_id": "AROA5ANCXSXX474FVAKTM"
                        },
                        "meta": {
                            "schema_version": 0
                        },
                        "tainted": false
                    },
                    "deposed": [],
                    "provider": "provider.aws"
                },
                "aws_iam_role.tfer--core-apollo-gateway": {
                    "type": "aws_iam_role",
                    "depends_on": [],
                    "primary": {
                        "id": "core-apollo-gateway",
                        "attributes": {
                            "arn": "arn:aws:iam::894231352815:role/core-apollo-gateway",
                            "assume_role_policy": "{\"Statement\":[{\"Action\":\"sts:AssumeRole\",\"Effect\":\"Allow\",\"Principal\":{\"Service\":\"ec2.amazonaws.com\"}}],\"Version\":\"2012-10-17\"}",
                            "create_date": "2021-10-11T00:24:11Z",
                            "description": "Allows apollo gateway instance to access S3 bucket for code assets.",
                            "id": "core-apollo-gateway",
                            "managed_policy_arns.#": "1",
                            "managed_policy_arns.0": "arn:aws:iam::894231352815:policy/core-apollo-gateway",
                            "max_session_duration": "3600",
                            "name": "core-apollo-gateway",
                            "name_prefix": "",
                            "path": "/",
                            "tags.%": "0",
                            "tags_all.%": "0",
                            "unique_id": "AROA5ANCXSXXSBMWFLLHS"
                        },
                        "meta": {
                            "schema_version": 0
                        },
                        "tainted": false
                    },
                    "deposed": [],
                    "provider": "provider.aws"
                },
                "aws_iam_role.tfer--couchbase_firehose_delivery_role": {
                    "type": "aws_iam_role",
                    "depends_on": [],
                    "primary": {
                        "id": "couchbase_firehose_delivery_role",
                        "attributes": {
                            "arn": "arn:aws:iam::894231352815:role/couchbase_firehose_delivery_role",
                            "assume_role_policy": "{\"Statement\":[{\"Action\":\"sts:AssumeRole\",\"Condition\":{\"StringEquals\":{\"sts:ExternalId\":\"894231352815\"}},\"Effect\":\"Allow\",\"Principal\":{\"Service\":\"firehose.amazonaws.com\"},\"Sid\":\"\"}],\"Version\":\"2012-10-17\"}",
                            "create_date": "2017-05-25T18:20:19Z",
                            "description": "",
                            "id": "couchbase_firehose_delivery_role",
                            "inline_policy.#": "1",
                            "inline_policy.0.name": "couchbase_firehose_delivery_policy",
                            "inline_policy.0.policy": "{\n    \"Version\": \"2012-10-17\",\n    \"Statement\": [\n        {\n            \"Sid\": \"\",\n            \"Effect\": \"Allow\",\n            \"Action\": [\n                \"s3:AbortMultipartUpload\",\n                \"s3:GetBucketLocation\",\n                \"s3:GetObject\",\n                \"s3:ListBucket\",\n                \"s3:ListBucketMultipartUploads\",\n                \"s3:PutObject\"\n            ],\n            \"Resource\": [\n                \"arn:aws:s3:::arclight-es-logs\",\n                \"arn:aws:s3:::arclight-es-logs/*\"\n            ]\n        },\n        {\n            \"Sid\": \"\",\n            \"Effect\": \"Allow\",\n            \"Action\": [\n                \"lambda:InvokeFunction\",\n                \"lambda:GetFunctionConfiguration\"\n            ],\n            \"Resource\": [\n                \"arn:aws:lambda:us-east-1:894231352815:function:couchbase-ingest-cluster-stats:$LATEST\",\n                \"arn:aws:lambda:us-east-1:894231352815:function:nexus-arclight-org-access:$LATEST\",\n                \"arn:aws:lambda:us-east-1:894231352815:function:nexus-arclight-org:$LATEST\",\n                \"arn:aws:lambda:us-east-1:894231352815:function:pl-arc-gt-access:$LATEST\"\n            ]\n        },\n        {\n            \"Sid\": \"\",\n            \"Effect\": \"Allow\",\n            \"Action\": [\n                \"es:DescribeElasticsearchDomain\",\n                \"es:DescribeElasticsearchDomains\",\n                \"es:DescribeElasticsearchDomainConfig\",\n                \"es:ESHttpPost\",\n                \"es:ESHttpPut\"\n            ],\n            \"Resource\": [\n                \"arn:aws:es:us-east-1:894231352815:domain/arclight-es\",\n                \"arn:aws:es:us-east-1:894231352815:domain/arclight-es/*\"\n            ]\n        },\n        {\n            \"Sid\": \"\",\n            \"Effect\": \"Allow\",\n            \"Action\": [\n                \"es:ESHttpGet\"\n            ],\n            \"Resource\": [\n                \"arn:aws:es:us-east-1:894231352815:domain/arclight-es/_all/_settings\",\n                \"arn:aws:es:us-east-1:894231352815:domain/arclight-es/_cluster/stats\",\n                \"arn:aws:es:us-east-1:894231352815:domain/arclight-es/_nodes\",\n                \"arn:aws:es:us-east-1:894231352815:domain/arclight-es/_nodes/stats\",\n                \"arn:aws:es:us-east-1:894231352815:domain/arclight-es/_nodes/*/stats\",\n                \"arn:aws:es:us-east-1:894231352815:domain/arclight-es/_stats\",\n                \"arn:aws:es:us-east-1:894231352815:domain/arclight-es/couchbase*/_mapping/cluster-stats\",\n                \"arn:aws:es:us-east-1:894231352815:domain/arclight-es/couchbase*/_stats\",\n                \"arn:aws:es:us-east-1:894231352815:domain/arclight-es/nginx*/_mapping/nginx.access\",\n                \"arn:aws:es:us-east-1:894231352815:domain/arclight-es/nginx*/_stats\",\n                \"arn:aws:es:us-east-1:894231352815:domain/arclight-es/nexus*/_mapping/nexus\",\n                \"arn:aws:es:us-east-1:894231352815:domain/arclight-es/nexus*/_stats\"\n            ]\n        },\n        {\n            \"Sid\": \"\",\n            \"Effect\": \"Allow\",\n            \"Action\": [\n                \"logs:PutLogEvents\"\n            ],\n            \"Resource\": [\n                \"arn:aws:logs:us-east-1:894231352815:log-group:/aws/kinesisfirehose/couchbase-stats:log-stream:*\",\n                \"arn:aws:logs:us-east-1:894231352815:log-group:/aws/kinesisfirehose/nexus.arclight.org.access.stream:log-stream:*\",\n                \"arn:aws:logs:us-east-1:894231352815:log-group:/aws/kinesisfirehose/nexus.arclight.org.stream:log-stream:*\",\n                \"arn:aws:logs:us-east-1:894231352815:log-group:/aws/kinesisfirehose/pl.arc.gt.access.stream:log-stream:*\"\n            ]\n        }\n    ]\n}",
                            "managed_policy_arns.#": "0",
                            "max_session_duration": "3600",
                            "name": "couchbase_firehose_delivery_role",
                            "name_prefix": "",
                            "path": "/",
                            "tags.%": "0",
                            "tags_all.%": "0",
                            "unique_id": "AROAJDXUVMISENUXWOZPO"
                        },
                        "meta": {
                            "schema_version": 0
                        },
                        "tainted": false
                    },
                    "deposed": [],
                    "provider": "provider.aws"
                },
                "aws_iam_role.tfer--cwe-role-us-east-1-arclight-api-qa": {
                    "type": "aws_iam_role",
                    "depends_on": [],
                    "primary": {
                        "id": "cwe-role-us-east-1-arclight-api-qa",
                        "attributes": {
                            "arn": "arn:aws:iam::894231352815:role/service-role/cwe-role-us-east-1-arclight-api-qa",
                            "assume_role_policy": "{\"Statement\":[{\"Action\":\"sts:AssumeRole\",\"Effect\":\"Allow\",\"Principal\":{\"Service\":\"events.amazonaws.com\"}}],\"Version\":\"2012-10-17\"}",
                            "create_date": "2020-09-17T00:27:27Z",
                            "description": "",
                            "id": "cwe-role-us-east-1-arclight-api-qa",
                            "managed_policy_arns.#": "1",
                            "managed_policy_arns.0": "arn:aws:iam::894231352815:policy/service-role/start-pipeline-execution-us-east-1-arclight-api-qa",
                            "max_session_duration": "3600",
                            "name": "cwe-role-us-east-1-arclight-api-qa",
                            "name_prefix": "",
                            "path": "/service-role/",
                            "tags.%": "0",
                            "tags_all.%": "0",
                            "unique_id": "AROA5ANCXSXXZASPU4CJR"
                        },
                        "meta": {
                            "schema_version": 0
                        },
                        "tainted": false
                    },
                    "deposed": [],
                    "provider": "provider.aws"
                },
                "aws_iam_role.tfer--datainsightsProcessFirstPartyYoutubeChannels-role-xhga0n88": {
                    "type": "aws_iam_role",
                    "depends_on": [],
                    "primary": {
                        "id": "datainsightsProcessFirstPartyYoutubeChannels-role-xhga0n88",
                        "attributes": {
                            "arn": "arn:aws:iam::894231352815:role/service-role/datainsightsProcessFirstPartyYoutubeChannels-role-xhga0n88",
                            "assume_role_policy": "{\"Statement\":[{\"Action\":\"sts:AssumeRole\",\"Effect\":\"Allow\",\"Principal\":{\"Service\":\"lambda.amazonaws.com\"}}],\"Version\":\"2012-10-17\"}",
                            "create_date": "2021-09-30T18:50:20Z",
                            "description": "",
                            "id": "datainsightsProcessFirstPartyYoutubeChannels-role-xhga0n88",
                            "managed_policy_arns.#": "1",
                            "managed_policy_arns.0": "arn:aws:iam::894231352815:policy/service-role/AWSLambdaBasicExecutionRole-6d83a4c4-b877-4b62-9cb5-a630e787e5bb",
                            "max_session_duration": "3600",
                            "name": "datainsightsProcessFirstPartyYoutubeChannels-role-xhga0n88",
                            "name_prefix": "",
                            "path": "/service-role/",
                            "tags.%": "0",
                            "tags_all.%": "0",
                            "unique_id": "AROA5ANCXSXXQ2PHMB4GZ"
                        },
                        "meta": {
                            "schema_version": 0
                        },
                        "tainted": false
                    },
                    "deposed": [],
                    "provider": "provider.aws"
                },
                "aws_iam_role.tfer--ecsAutoscaleRole": {
                    "type": "aws_iam_role",
                    "depends_on": [],
                    "primary": {
                        "id": "ecsAutoscaleRole",
                        "attributes": {
                            "arn": "arn:aws:iam::894231352815:role/ecsAutoscaleRole",
                            "assume_role_policy": "{\"Statement\":[{\"Action\":\"sts:AssumeRole\",\"Effect\":\"Allow\",\"Principal\":{\"Service\":\"application-autoscaling.amazonaws.com\"}}],\"Version\":\"2012-10-17\"}",
                            "create_date": "2018-10-14T21:37:29Z",
                            "description": "",
                            "id": "ecsAutoscaleRole",
                            "managed_policy_arns.#": "1",
                            "managed_policy_arns.0": "arn:aws:iam::aws:policy/service-role/AmazonEC2ContainerServiceAutoscaleRole",
                            "max_session_duration": "3600",
                            "name": "ecsAutoscaleRole",
                            "name_prefix": "",
                            "path": "/",
                            "tags.%": "0",
                            "tags_all.%": "0",
                            "unique_id": "AROAJRS5A6FKB2KOWVGPC"
                        },
                        "meta": {
                            "schema_version": 0
                        },
                        "tainted": false
                    },
                    "deposed": [],
                    "provider": "provider.aws"
                },
                "aws_iam_role.tfer--ecsEventsRole": {
                    "type": "aws_iam_role",
                    "depends_on": [],
                    "primary": {
                        "id": "ecsEventsRole",
                        "attributes": {
                            "arn": "arn:aws:iam::894231352815:role/ecsEventsRole",
                            "assume_role_policy": "{\"Statement\":[{\"Action\":\"sts:AssumeRole\",\"Effect\":\"Allow\",\"Principal\":{\"Service\":\"events.amazonaws.com\"},\"Sid\":\"\"}],\"Version\":\"2012-10-17\"}",
                            "create_date": "2021-03-15T17:14:36Z",
                            "description": "",
                            "id": "ecsEventsRole",
                            "managed_policy_arns.#": "1",
                            "managed_policy_arns.0": "arn:aws:iam::aws:policy/service-role/AmazonEC2ContainerServiceEventsRole",
                            "max_session_duration": "3600",
                            "name": "ecsEventsRole",
                            "name_prefix": "",
                            "path": "/",
                            "tags.%": "0",
                            "tags_all.%": "0",
                            "unique_id": "AROA5ANCXSXXXMJUXZKFS"
                        },
                        "meta": {
                            "schema_version": 0
                        },
                        "tainted": false
                    },
                    "deposed": [],
                    "provider": "provider.aws"
                },
                "aws_iam_role.tfer--ecsInstanceRole": {
                    "type": "aws_iam_role",
                    "depends_on": [],
                    "primary": {
                        "id": "ecsInstanceRole",
                        "attributes": {
                            "arn": "arn:aws:iam::894231352815:role/ecsInstanceRole",
                            "assume_role_policy": "{\"Statement\":[{\"Action\":\"sts:AssumeRole\",\"Effect\":\"Allow\",\"Principal\":{\"Service\":\"ec2.amazonaws.com\"},\"Sid\":\"\"}],\"Version\":\"2008-10-17\"}",
                            "create_date": "2018-10-13T17:33:38Z",
                            "description": "",
                            "id": "ecsInstanceRole",
                            "managed_policy_arns.#": "1",
                            "managed_policy_arns.0": "arn:aws:iam::aws:policy/service-role/AmazonEC2ContainerServiceforEC2Role",
                            "max_session_duration": "3600",
                            "name": "ecsInstanceRole",
                            "name_prefix": "",
                            "path": "/",
                            "tags.%": "0",
                            "tags_all.%": "0",
                            "unique_id": "AROAJ2JSYJ7IJYAUKTTHE"
                        },
                        "meta": {
                            "schema_version": 0
                        },
                        "tainted": false
                    },
                    "deposed": [],
                    "provider": "provider.aws"
                },
                "aws_iam_role.tfer--ecsServiceRole": {
                    "type": "aws_iam_role",
                    "depends_on": [],
                    "primary": {
                        "id": "ecsServiceRole",
                        "attributes": {
                            "arn": "arn:aws:iam::894231352815:role/ecsServiceRole",
                            "assume_role_policy": "{\"Statement\":[{\"Action\":\"sts:AssumeRole\",\"Effect\":\"Allow\",\"Principal\":{\"Service\":\"ecs.amazonaws.com\"},\"Sid\":\"\"}],\"Version\":\"2008-10-17\"}",
                            "create_date": "2018-12-11T20:27:02Z",
                            "description": "",
                            "id": "ecsServiceRole",
                            "managed_policy_arns.#": "1",
                            "managed_policy_arns.0": "arn:aws:iam::aws:policy/service-role/AmazonEC2ContainerServiceRole",
                            "max_session_duration": "3600",
                            "name": "ecsServiceRole",
                            "name_prefix": "",
                            "path": "/",
                            "tags.%": "0",
                            "tags_all.%": "0",
                            "unique_id": "AROAI5UIE735GKBYYNJMS"
                        },
                        "meta": {
                            "schema_version": 0
                        },
                        "tainted": false
                    },
                    "deposed": [],
                    "provider": "provider.aws"
                },
                "aws_iam_role.tfer--ecsTaskExecutionRole": {
                    "type": "aws_iam_role",
                    "depends_on": [],
                    "primary": {
                        "id": "ecsTaskExecutionRole",
                        "attributes": {
                            "arn": "arn:aws:iam::894231352815:role/ecsTaskExecutionRole",
                            "assume_role_policy": "{\"Statement\":[{\"Action\":\"sts:AssumeRole\",\"Effect\":\"Allow\",\"Principal\":{\"Service\":\"ecs-tasks.amazonaws.com\"},\"Sid\":\"\"}],\"Version\":\"2008-10-17\"}",
                            "create_date": "2021-03-15T02:27:46Z",
                            "description": "",
                            "id": "ecsTaskExecutionRole",
                            "managed_policy_arns.#": "1",
                            "managed_policy_arns.0": "arn:aws:iam::aws:policy/service-role/AmazonECSTaskExecutionRolePolicy",
                            "max_session_duration": "3600",
                            "name": "ecsTaskExecutionRole",
                            "name_prefix": "",
                            "path": "/",
                            "tags.%": "0",
                            "tags_all.%": "0",
                            "unique_id": "AROA5ANCXSXXWCTWAADUE"
                        },
                        "meta": {
                            "schema_version": 0
                        },
                        "tainted": false
                    },
                    "deposed": [],
                    "provider": "provider.aws"
                },
                "aws_iam_role.tfer--eksctl-JesusFilm-core-addon-iamserviceaccoun-Role1-1MM58AN9NT754": {
                    "type": "aws_iam_role",
                    "depends_on": [],
                    "primary": {
                        "id": "eksctl-JesusFilm-core-addon-iamserviceaccoun-Role1-1MM58AN9NT754",
                        "attributes": {
                            "arn": "arn:aws:iam::894231352815:role/eksctl-JesusFilm-core-addon-iamserviceaccoun-Role1-1MM58AN9NT754",
                            "assume_role_policy": "{\"Statement\":[{\"Action\":\"sts:AssumeRoleWithWebIdentity\",\"Condition\":{\"StringEquals\":{\"oidc.eks.us-east-2.amazonaws.com/id/54A242E78E43553E2574158527ABE3E6:aud\":\"sts.amazonaws.com\",\"oidc.eks.us-east-2.amazonaws.com/id/54A242E78E43553E2574158527ABE3E6:sub\":\"system:serviceaccount:default:external-dns\"}},\"Effect\":\"Allow\",\"Principal\":{\"Federated\":\"arn:aws:iam::894231352815:oidc-provider/oidc.eks.us-east-2.amazonaws.com/id/54A242E78E43553E2574158527ABE3E6\"}}],\"Version\":\"2012-10-17\"}",
                            "create_date": "2022-06-04T21:50:37Z",
                            "description": "",
                            "id": "eksctl-JesusFilm-core-addon-iamserviceaccoun-Role1-1MM58AN9NT754",
                            "managed_policy_arns.#": "1",
                            "managed_policy_arns.0": "arn:aws:iam::894231352815:policy/AllowExternalDNSUpdates",
                            "max_session_duration": "3600",
                            "name": "eksctl-JesusFilm-core-addon-iamserviceaccoun-Role1-1MM58AN9NT754",
                            "name_prefix": "",
                            "path": "/",
                            "tags.%": "4",
                            "tags.alpha.eksctl.io/cluster-name": "JesusFilm-core",
                            "tags.alpha.eksctl.io/eksctl-version": "0.100.0",
                            "tags.alpha.eksctl.io/iamserviceaccount-name": "default/external-dns",
                            "tags.eksctl.cluster.k8s.io/v1alpha1/cluster-name": "JesusFilm-core",
                            "tags_all.%": "4",
                            "tags_all.alpha.eksctl.io/cluster-name": "JesusFilm-core",
                            "tags_all.alpha.eksctl.io/eksctl-version": "0.100.0",
                            "tags_all.alpha.eksctl.io/iamserviceaccount-name": "default/external-dns",
                            "tags_all.eksctl.cluster.k8s.io/v1alpha1/cluster-name": "JesusFilm-core",
                            "unique_id": "AROA5ANCXSXX4TLEGAU3V"
                        },
                        "meta": {
                            "schema_version": 0
                        },
                        "tainted": false
                    },
                    "deposed": [],
                    "provider": "provider.aws"
                },
                "aws_iam_role.tfer--es-media-components-role-wimvjjup": {
                    "type": "aws_iam_role",
                    "depends_on": [],
                    "primary": {
                        "id": "es-media-components-role-wimvjjup",
                        "attributes": {
                            "arn": "arn:aws:iam::894231352815:role/service-role/es-media-components-role-wimvjjup",
                            "assume_role_policy": "{\"Statement\":[{\"Action\":\"sts:AssumeRole\",\"Effect\":\"Allow\",\"Principal\":{\"Service\":\"lambda.amazonaws.com\"}}],\"Version\":\"2012-10-17\"}",
                            "create_date": "2019-04-15T20:54:11Z",
                            "description": "",
                            "id": "es-media-components-role-wimvjjup",
                            "managed_policy_arns.#": "1",
                            "managed_policy_arns.0": "arn:aws:iam::894231352815:policy/service-role/AWSLambdaBasicExecutionRole-d4fbe891-3a27-4670-a527-be33723b4dcc",
                            "max_session_duration": "3600",
                            "name": "es-media-components-role-wimvjjup",
                            "name_prefix": "",
                            "path": "/service-role/",
                            "tags.%": "0",
                            "tags_all.%": "0",
                            "unique_id": "AROA5ANCXSXXVJR5Q2KV7"
                        },
                        "meta": {
                            "schema_version": 0
                        },
                        "tainted": false
                    },
                    "deposed": [],
                    "provider": "provider.aws"
                },
                "aws_iam_role.tfer--firehose_delivery_role": {
                    "type": "aws_iam_role",
                    "depends_on": [],
                    "primary": {
                        "id": "firehose_delivery_role",
                        "attributes": {
                            "arn": "arn:aws:iam::894231352815:role/firehose_delivery_role",
                            "assume_role_policy": "{\"Statement\":[{\"Action\":\"sts:AssumeRole\",\"Condition\":{\"StringEquals\":{\"sts:ExternalId\":\"894231352815\"}},\"Effect\":\"Allow\",\"Principal\":{\"Service\":\"firehose.amazonaws.com\"},\"Sid\":\"\"}],\"Version\":\"2012-10-17\"}",
                            "create_date": "2016-04-28T18:43:52Z",
                            "description": "",
                            "id": "firehose_delivery_role",
                            "inline_policy.#": "8",
                            "inline_policy.0.name": "oneClick_firehose_delivery_role_1461869011040",
                            "inline_policy.0.policy": "{\n  \"Version\": \"2012-10-17\",\n  \"Statement\": [\n    {\n      \"Sid\": \"\",\n      \"Effect\": \"Allow\",\n      \"Action\": [\n        \"s3:AbortMultipartUpload\",\n        \"s3:GetBucketLocation\",\n        \"s3:GetObject\",\n        \"s3:ListBucket\",\n        \"s3:ListBucketMultipartUploads\",\n        \"s3:PutObject\"\n      ],\n      \"Resource\": [\n        \"arn:aws:s3:::JFP_DW_Dev\",\n        \"arn:aws:s3:::JFP_DW_Dev/*\"\n      ]\n    },\n    {\n      \"Sid\": \"\",\n      \"Effect\": \"Allow\",\n      \"Action\": [\n        \"logs:PutLogEvents\"\n      ],\n      \"Resource\": [\n        \"arn:aws:logs:us-east-1:894231352815:log-group:/aws/kinesisfirehose/tracker_poc_custom:log-stream:*\"\n      ]\n    }\n  ]\n}",
                            "inline_policy.1.name": "oneClick_firehose_delivery_role_1467752139775",
                            "inline_policy.1.policy": "{\n  \"Version\": \"2012-10-17\",\n  \"Statement\": [\n    {\n      \"Sid\": \"\",\n      \"Effect\": \"Allow\",\n      \"Action\": [\n        \"s3:AbortMultipartUpload\",\n        \"s3:GetBucketLocation\",\n        \"s3:GetObject\",\n        \"s3:ListBucket\",\n        \"s3:ListBucketMultipartUploads\",\n        \"s3:PutObject\"\n      ],\n      \"Resource\": [\n        \"arn:aws:s3:::JFP_DW_Prod\",\n        \"arn:aws:s3:::JFP_DW_Prod/*\"\n      ]\n    },\n    {\n      \"Sid\": \"\",\n      \"Effect\": \"Allow\",\n      \"Action\": [\n        \"logs:PutLogEvents\"\n      ],\n      \"Resource\": [\n        \"arn:aws:logs:us-east-1:894231352815:log-group:/aws/kinesisfirehose/prod_events:log-stream:*\"\n      ]\n    }\n  ]\n}",
                            "inline_policy.2.name": "oneClick_firehose_delivery_role_1469827607528",
                            "inline_policy.2.policy": "{\n  \"Version\": \"2012-10-17\",\n  \"Statement\": [\n    {\n      \"Sid\": \"\",\n      \"Effect\": \"Allow\",\n      \"Action\": [\n        \"s3:AbortMultipartUpload\",\n        \"s3:GetBucketLocation\",\n        \"s3:GetObject\",\n        \"s3:ListBucket\",\n        \"s3:ListBucketMultipartUploads\",\n        \"s3:PutObject\"\n      ],\n      \"Resource\": [\n        \"arn:aws:s3:::jfp-me2-events-prod\",\n        \"arn:aws:s3:::jfp-me2-events-prod/*\"\n      ]\n    },\n    {\n      \"Sid\": \"\",\n      \"Effect\": \"Allow\",\n      \"Action\": [\n        \"logs:PutLogEvents\"\n      ],\n      \"Resource\": [\n        \"arn:aws:logs:us-east-1:894231352815:log-group:/aws/kinesisfirehose/me2-firehose-prod-play:log-stream:*\"\n      ]\n    }\n  ]\n}",
                            "inline_policy.3.name": "oneClick_firehose_delivery_role_1469827923540",
                            "inline_policy.3.policy": "{\n  \"Version\": \"2012-10-17\",\n  \"Statement\": [\n    {\n      \"Sid\": \"\",\n      \"Effect\": \"Allow\",\n      \"Action\": [\n        \"s3:AbortMultipartUpload\",\n        \"s3:GetBucketLocation\",\n        \"s3:GetObject\",\n        \"s3:ListBucket\",\n        \"s3:ListBucketMultipartUploads\",\n        \"s3:PutObject\"\n      ],\n      \"Resource\": [\n        \"arn:aws:s3:::jfp-me2-events-prod\",\n        \"arn:aws:s3:::jfp-me2-events-prod/*\"\n      ]\n    },\n    {\n      \"Sid\": \"\",\n      \"Effect\": \"Allow\",\n      \"Action\": [\n        \"logs:PutLogEvents\"\n      ],\n      \"Resource\": [\n        \"arn:aws:logs:us-east-1:894231352815:log-group:/aws/kinesisfirehose/me2-firehose-prod-share:log-stream:*\"\n      ]\n    }\n  ]\n}",
                            "inline_policy.4.name": "oneClick_firehose_delivery_role_1469828041591",
                            "inline_policy.4.policy": "{\n  \"Version\": \"2012-10-17\",\n  \"Statement\": [\n    {\n      \"Sid\": \"\",\n      \"Effect\": \"Allow\",\n      \"Action\": [\n        \"s3:AbortMultipartUpload\",\n        \"s3:GetBucketLocation\",\n        \"s3:GetObject\",\n        \"s3:ListBucket\",\n        \"s3:ListBucketMultipartUploads\",\n        \"s3:PutObject\"\n      ],\n      \"Resource\": [\n        \"arn:aws:s3:::jfp-me2-events-prod\",\n        \"arn:aws:s3:::jfp-me2-events-prod/*\"\n      ]\n    },\n    {\n      \"Sid\": \"\",\n      \"Effect\": \"Allow\",\n      \"Action\": [\n        \"logs:PutLogEvents\"\n      ],\n      \"Resource\": [\n        \"arn:aws:logs:us-east-1:894231352815:log-group:/aws/kinesisfirehose/me2-firehose-prod-error:log-stream:*\"\n      ]\n    }\n  ]\n}",
                            "inline_policy.5.name": "oneClick_firehose_delivery_role_1469828125493",
                            "inline_policy.5.policy": "{\n  \"Version\": \"2012-10-17\",\n  \"Statement\": [\n    {\n      \"Sid\": \"\",\n      \"Effect\": \"Allow\",\n      \"Action\": [\n        \"s3:AbortMultipartUpload\",\n        \"s3:GetBucketLocation\",\n        \"s3:GetObject\",\n        \"s3:ListBucket\",\n        \"s3:ListBucketMultipartUploads\",\n        \"s3:PutObject\"\n      ],\n      \"Resource\": [\n        \"arn:aws:s3:::jfp-me2-events-stage\",\n        \"arn:aws:s3:::jfp-me2-events-stage/*\"\n      ]\n    },\n    {\n      \"Sid\": \"\",\n      \"Effect\": \"Allow\",\n      \"Action\": [\n        \"logs:PutLogEvents\"\n      ],\n      \"Resource\": [\n        \"arn:aws:logs:us-east-1:894231352815:log-group:/aws/kinesisfirehose/me2-firehose-stage-play:log-stream:*\"\n      ]\n    }\n  ]\n}",
                            "inline_policy.6.name": "oneClick_firehose_delivery_role_1469828219712",
                            "inline_policy.6.policy": "{\n  \"Version\": \"2012-10-17\",\n  \"Statement\": [\n    {\n      \"Sid\": \"\",\n      \"Effect\": \"Allow\",\n      \"Action\": [\n        \"s3:AbortMultipartUpload\",\n        \"s3:GetBucketLocation\",\n        \"s3:GetObject\",\n        \"s3:ListBucket\",\n        \"s3:ListBucketMultipartUploads\",\n        \"s3:PutObject\"\n      ],\n      \"Resource\": [\n        \"arn:aws:s3:::jfp-me2-events-stage\",\n        \"arn:aws:s3:::jfp-me2-events-stage/*\"\n      ]\n    },\n    {\n      \"Sid\": \"\",\n      \"Effect\": \"Allow\",\n      \"Action\": [\n        \"logs:PutLogEvents\"\n      ],\n      \"Resource\": [\n        \"arn:aws:logs:us-east-1:894231352815:log-group:/aws/kinesisfirehose/me2-firehose-stage-share:log-stream:*\"\n      ]\n    }\n  ]\n}",
                            "inline_policy.7.name": "oneClick_firehose_delivery_role_1469828316595",
                            "inline_policy.7.policy": "{\n  \"Version\": \"2012-10-17\",\n  \"Statement\": [\n    {\n      \"Sid\": \"\",\n      \"Effect\": \"Allow\",\n      \"Action\": [\n        \"s3:AbortMultipartUpload\",\n        \"s3:GetBucketLocation\",\n        \"s3:GetObject\",\n        \"s3:ListBucket\",\n        \"s3:ListBucketMultipartUploads\",\n        \"s3:PutObject\"\n      ],\n      \"Resource\": [\n        \"arn:aws:s3:::jfp-me2-events-stage\",\n        \"arn:aws:s3:::jfp-me2-events-stage/*\"\n      ]\n    },\n    {\n      \"Sid\": \"\",\n      \"Effect\": \"Allow\",\n      \"Action\": [\n        \"logs:PutLogEvents\"\n      ],\n      \"Resource\": [\n        \"arn:aws:logs:us-east-1:894231352815:log-group:/aws/kinesisfirehose/me2-firehose-stage-error:log-stream:*\"\n      ]\n    }\n  ]\n}",
                            "managed_policy_arns.#": "0",
                            "max_session_duration": "3600",
                            "name": "firehose_delivery_role",
                            "name_prefix": "",
                            "path": "/",
                            "tags.%": "0",
                            "tags_all.%": "0",
                            "unique_id": "AROAIWTZWOXRU2FB2S2EK"
                        },
                        "meta": {
                            "schema_version": 0
                        },
                        "tainted": false
                    },
                    "deposed": [],
                    "provider": "provider.aws"
                },
                "aws_iam_role.tfer--lambda-bizrules-testing": {
                    "type": "aws_iam_role",
                    "depends_on": [],
                    "primary": {
                        "id": "lambda-bizrules-testing",
                        "attributes": {
                            "arn": "arn:aws:iam::894231352815:role/lambda-bizrules-testing",
                            "assume_role_policy": "{\"Statement\":[{\"Action\":\"sts:AssumeRole\",\"Effect\":\"Allow\",\"Principal\":{\"Service\":\"lambda.amazonaws.com\"}}],\"Version\":\"2012-10-17\"}",
                            "create_date": "2016-09-14T23:53:35Z",
                            "description": "",
                            "id": "lambda-bizrules-testing",
                            "managed_policy_arns.#": "4",
                            "managed_policy_arns.0": "arn:aws:iam::894231352815:policy/lambda_to_sns_me2transcheck",
                            "managed_policy_arns.1": "arn:aws:iam::aws:policy/AmazonSNSFullAccess",
                            "managed_policy_arns.2": "arn:aws:iam::aws:policy/service-role/AWSLambdaVPCAccessExecutionRole",
                            "managed_policy_arns.3": "arn:aws:iam::aws:policy/service-role/AmazonSNSRole",
                            "max_session_duration": "3600",
                            "name": "lambda-bizrules-testing",
                            "name_prefix": "",
                            "path": "/",
                            "tags.%": "0",
                            "tags_all.%": "0",
                            "unique_id": "AROAIHA2RI4YHYJP422IW"
                        },
                        "meta": {
                            "schema_version": 0
                        },
                        "tainted": false
                    },
                    "deposed": [],
                    "provider": "provider.aws"
                },
                "aws_iam_role.tfer--lambda-kinesis-execution-role": {
                    "type": "aws_iam_role",
                    "depends_on": [],
                    "primary": {
                        "id": "lambda-kinesis-execution-role",
                        "attributes": {
                            "arn": "arn:aws:iam::894231352815:role/lambda-kinesis-execution-role",
                            "assume_role_policy": "{\"Statement\":[{\"Action\":\"sts:AssumeRole\",\"Effect\":\"Allow\",\"Principal\":{\"Service\":\"lambda.amazonaws.com\"}}],\"Version\":\"2012-10-17\"}",
                            "create_date": "2016-06-18T16:03:40Z",
                            "description": "",
                            "id": "lambda-kinesis-execution-role",
                            "managed_policy_arns.#": "1",
                            "managed_policy_arns.0": "arn:aws:iam::aws:policy/service-role/AWSLambdaKinesisExecutionRole",
                            "max_session_duration": "3600",
                            "name": "lambda-kinesis-execution-role",
                            "name_prefix": "",
                            "path": "/",
                            "tags.%": "0",
                            "tags_all.%": "0",
                            "unique_id": "AROAIKLEOZ6YN2US2QWOO"
                        },
                        "meta": {
                            "schema_version": 0
                        },
                        "tainted": false
                    },
                    "deposed": [],
                    "provider": "provider.aws"
                },
                "aws_iam_role.tfer--lambda_basic_execution": {
                    "type": "aws_iam_role",
                    "depends_on": [],
                    "primary": {
                        "id": "lambda_basic_execution",
                        "attributes": {
                            "arn": "arn:aws:iam::894231352815:role/lambda_basic_execution",
                            "assume_role_policy": "{\"Statement\":[{\"Action\":\"sts:AssumeRole\",\"Effect\":\"Allow\",\"Principal\":{\"Service\":\"lambda.amazonaws.com\"}}],\"Version\":\"2012-10-17\"}",
                            "create_date": "2016-06-01T20:51:51Z",
                            "description": "",
                            "id": "lambda_basic_execution",
                            "inline_policy.#": "4",
                            "inline_policy.0.name": "oneClick_lambda_basic_execution_1464814276130",
                            "inline_policy.0.policy": "{\n  \"Version\": \"2012-10-17\",\n  \"Statement\": [\n    {\n      \"Effect\": \"Allow\",\n      \"Action\": [\n        \"logs:CreateLogGroup\",\n        \"logs:CreateLogStream\",\n        \"logs:PutLogEvents\"\n      ],\n      \"Resource\": \"arn:aws:logs:*:*:*\"\n    }\n  ]\n}",
                            "inline_policy.1.name": "oneClick_lambda_basic_execution_1466875087844",
                            "inline_policy.1.policy": "{\n  \"Version\": \"2012-10-17\",\n  \"Statement\": [\n    {\n      \"Effect\": \"Allow\",\n      \"Action\": [\n        \"logs:CreateLogGroup\",\n        \"logs:CreateLogStream\",\n        \"logs:PutLogEvents\"\n      ],\n      \"Resource\": \"arn:aws:logs:*:*:*\"\n    }\n  ]\n}",
                            "inline_policy.2.name": "oneClick_lambda_basic_execution_1467668823983",
                            "inline_policy.2.policy": "{\n  \"Version\": \"2012-10-17\",\n  \"Statement\": [\n    {\n      \"Effect\": \"Allow\",\n      \"Action\": [\n        \"logs:CreateLogGroup\",\n        \"logs:CreateLogStream\",\n        \"logs:PutLogEvents\"\n      ],\n      \"Resource\": \"arn:aws:logs:*:*:*\"\n    }\n  ]\n}",
                            "inline_policy.3.name": "oneClick_lambda_basic_execution_1467818312602",
                            "inline_policy.3.policy": "{\n  \"Version\": \"2012-10-17\",\n  \"Statement\": [\n    {\n      \"Effect\": \"Allow\",\n      \"Action\": [\n        \"logs:CreateLogGroup\",\n        \"logs:CreateLogStream\",\n        \"logs:PutLogEvents\"\n      ],\n      \"Resource\": \"arn:aws:logs:*:*:*\"\n    }\n  ]\n}",
                            "managed_policy_arns.#": "2",
                            "managed_policy_arns.0": "arn:aws:iam::aws:policy/AWSLambdaFullAccess",
                            "managed_policy_arns.1": "arn:aws:iam::aws:policy/service-role/AWSLambdaVPCAccessExecutionRole",
                            "max_session_duration": "3600",
                            "name": "lambda_basic_execution",
                            "name_prefix": "",
                            "path": "/",
                            "tags.%": "0",
                            "tags_all.%": "0",
                            "unique_id": "AROAJNWOYU7JOO7YTJ44S"
                        },
                        "meta": {
                            "schema_version": 0
                        },
                        "tainted": false
                    },
                    "deposed": [],
                    "provider": "provider.aws"
                },
                "aws_iam_role.tfer--lambda_basic_vpc_execution": {
                    "type": "aws_iam_role",
                    "depends_on": [],
                    "primary": {
                        "id": "lambda_basic_vpc_execution",
                        "attributes": {
                            "arn": "arn:aws:iam::894231352815:role/lambda_basic_vpc_execution",
                            "assume_role_policy": "{\"Statement\":[{\"Action\":\"sts:AssumeRole\",\"Effect\":\"Allow\",\"Principal\":{\"Service\":\"lambda.amazonaws.com\"}}],\"Version\":\"2012-10-17\"}",
                            "create_date": "2016-06-09T15:12:55Z",
                            "description": "",
                            "id": "lambda_basic_vpc_execution",
                            "inline_policy.#": "1",
                            "inline_policy.0.name": "oneClick_lambda_basic_vpc_execution_1465485162643",
                            "inline_policy.0.policy": "{\n  \"Version\": \"2012-10-17\",\n  \"Statement\": [\n    {\n      \"Effect\": \"Allow\",\n      \"Action\": [\n        \"logs:CreateLogGroup\",\n        \"logs:CreateLogStream\",\n        \"logs:PutLogEvents\"\n      ],\n      \"Resource\": \"arn:aws:logs:*:*:*\"\n    },\n    {\n      \"Effect\": \"Allow\",\n      \"Action\": [\n        \"ec2:CreateNetworkInterface\",\n        \"ec2:DescribeNetworkInterfaces\",\n        \"ec2:DetachNetworkInterface\",\n        \"ec2:DeleteNetworkInterface\"\n      ],\n      \"Resource\": \"*\"\n    }\n  ]\n}",
                            "managed_policy_arns.#": "2",
                            "managed_policy_arns.0": "arn:aws:iam::894231352815:policy/lambda_to_sns_me2transcheck",
                            "managed_policy_arns.1": "arn:aws:iam::aws:policy/AmazonSNSFullAccess",
                            "max_session_duration": "3600",
                            "name": "lambda_basic_vpc_execution",
                            "name_prefix": "",
                            "path": "/",
                            "tags.%": "0",
                            "tags_all.%": "0",
                            "unique_id": "AROAJJYAVAHPZ5ZLPKQPU"
                        },
                        "meta": {
                            "schema_version": 0
                        },
                        "tainted": false
                    },
                    "deposed": [],
                    "provider": "provider.aws"
                },
                "aws_iam_role.tfer--lambda_plumber_role": {
                    "type": "aws_iam_role",
                    "depends_on": [],
                    "primary": {
                        "id": "lambda_plumber_role",
                        "attributes": {
                            "arn": "arn:aws:iam::894231352815:role/lambda_plumber_role",
                            "assume_role_policy": "{\"Statement\":[{\"Action\":\"sts:AssumeRole\",\"Effect\":\"Allow\",\"Principal\":{\"Service\":\"lambda.amazonaws.com\"},\"Sid\":\"\"}],\"Version\":\"2012-10-17\"}",
                            "create_date": "2016-07-06T15:31:00Z",
                            "description": "",
                            "id": "lambda_plumber_role",
                            "inline_policy.#": "2",
                            "inline_policy.0.name": "oneClick_lambda_basic_execution_1467819001540",
                            "inline_policy.0.policy": "{\n  \"Version\": \"2012-10-17\",\n  \"Statement\": [\n    {\n      \"Effect\": \"Allow\",\n      \"Action\": [\n        \"lambda:InvokeFunction\"\n      ],\n      \"Resource\": [\n        \"*\"\n      ]\n    },\n    {\n      \"Effect\": \"Allow\",\n      \"Action\": [\n        \"kinesis:GetRecords\",\n        \"kinesis:GetShardIterator\",\n        \"kinesis:DescribeStream\",\n        \"kinesis:ListStreams\",\n        \"logs:CreateLogGroup\",\n        \"logs:CreateLogStream\",\n        \"logs:PutLogEvents\"\n      ],\n      \"Resource\": \"*\"\n    }\n  ]\n}",
                            "inline_policy.1.name": "oneClick_lambda_plumber_role_1467819208256",
                            "inline_policy.1.policy": "{\n  \"Version\": \"2012-10-17\",\n  \"Statement\": [\n    {\n      \"Effect\": \"Allow\",\n      \"Action\": [\n        \"lambda:InvokeFunction\"\n      ],\n      \"Resource\": [\n        \"*\"\n      ]\n    },\n    {\n      \"Effect\": \"Allow\",\n      \"Action\": [\n        \"kinesis:GetRecords\",\n        \"kinesis:GetShardIterator\",\n        \"kinesis:DescribeStream\",\n        \"kinesis:ListStreams\",\n        \"logs:CreateLogGroup\",\n        \"logs:CreateLogStream\",\n        \"logs:PutLogEvents\"\n      ],\n      \"Resource\": \"*\"\n    }\n  ]\n}",
                            "managed_policy_arns.#": "2",
                            "managed_policy_arns.0": "arn:aws:iam::aws:policy/AmazonDynamoDBFullAccess",
                            "managed_policy_arns.1": "arn:aws:iam::aws:policy/AmazonKinesisFullAccess",
                            "max_session_duration": "3600",
                            "name": "lambda_plumber_role",
                            "name_prefix": "",
                            "path": "/",
                            "tags.%": "0",
                            "tags_all.%": "0",
                            "unique_id": "AROAJSWWJXZHQTBWOTSZO"
                        },
                        "meta": {
                            "schema_version": 0
                        },
                        "tainted": false
                    },
                    "deposed": [],
                    "provider": "provider.aws"
                },
                "aws_iam_role.tfer--lambda_refresh_api_keys_role": {
                    "type": "aws_iam_role",
                    "depends_on": [],
                    "primary": {
                        "id": "lambda_refresh_api_keys_role",
                        "attributes": {
                            "arn": "arn:aws:iam::894231352815:role/lambda_refresh_api_keys_role",
                            "assume_role_policy": "{\"Statement\":[{\"Action\":\"sts:AssumeRole\",\"Effect\":\"Allow\",\"Principal\":{\"Service\":\"lambda.amazonaws.com\"}}],\"Version\":\"2012-10-17\"}",
                            "create_date": "2016-08-16T22:42:13Z",
                            "description": "",
                            "id": "lambda_refresh_api_keys_role",
                            "managed_policy_arns.#": "2",
                            "managed_policy_arns.0": "arn:aws:iam::aws:policy/AWSLambdaFullAccess",
                            "managed_policy_arns.1": "arn:aws:iam::aws:policy/AmazonSNSFullAccess",
                            "max_session_duration": "3600",
                            "name": "lambda_refresh_api_keys_role",
                            "name_prefix": "",
                            "path": "/",
                            "tags.%": "0",
                            "tags_all.%": "0",
                            "unique_id": "AROAJ4PJUTLTBFSSLW36M"
                        },
                        "meta": {
                            "schema_version": 0
                        },
                        "tainted": false
                    },
                    "deposed": [],
                    "provider": "provider.aws"
                },
                "aws_iam_role.tfer--lambda_tim_005": {
                    "type": "aws_iam_role",
                    "depends_on": [],
                    "primary": {
                        "id": "lambda_tim_005",
                        "attributes": {
                            "arn": "arn:aws:iam::894231352815:role/lambda_tim_005",
                            "assume_role_policy": "{\"Statement\":[{\"Action\":\"sts:AssumeRole\",\"Effect\":\"Allow\",\"Principal\":{\"Service\":\"lambda.amazonaws.com\"}}],\"Version\":\"2012-10-17\"}",
                            "create_date": "2016-07-11T20:50:43Z",
                            "description": "",
                            "id": "lambda_tim_005",
                            "managed_policy_arns.#": "2",
                            "managed_policy_arns.0": "arn:aws:iam::aws:policy/AWSLambdaExecute",
                            "managed_policy_arns.1": "arn:aws:iam::aws:policy/service-role/AWSLambdaRole",
                            "max_session_duration": "3600",
                            "name": "lambda_tim_005",
                            "name_prefix": "",
                            "path": "/",
                            "tags.%": "0",
                            "tags_all.%": "0",
                            "unique_id": "AROAI6TZIESV34QNJWSAW"
                        },
                        "meta": {
                            "schema_version": 0
                        },
                        "tainted": false
                    },
                    "deposed": [],
                    "provider": "provider.aws"
                },
                "aws_iam_role.tfer--me2-ingest-role": {
                    "type": "aws_iam_role",
                    "depends_on": [],
                    "primary": {
                        "id": "me2-ingest-role",
                        "attributes": {
                            "arn": "arn:aws:iam::894231352815:role/service-role/me2-ingest-role",
                            "assume_role_policy": "{\"Statement\":[{\"Action\":\"sts:AssumeRole\",\"Effect\":\"Allow\",\"Principal\":{\"Service\":\"lambda.amazonaws.com\"}}],\"Version\":\"2012-10-17\"}",
                            "create_date": "2016-08-02T00:54:02Z",
                            "description": "",
                            "id": "me2-ingest-role",
                            "managed_policy_arns.#": "2",
                            "managed_policy_arns.0": "arn:aws:iam::894231352815:policy/service-role/AWSLambdaBasicExecutionRole-55127d15-5bf9-429a-9ea4-b8809b0766a2",
                            "managed_policy_arns.1": "arn:aws:iam::aws:policy/AmazonKinesisFirehoseFullAccess",
                            "max_session_duration": "3600",
                            "name": "me2-ingest-role",
                            "name_prefix": "",
                            "path": "/service-role/",
                            "tags.%": "0",
                            "tags_all.%": "0",
                            "unique_id": "AROAJ552B2TCA5J3PCEZW"
                        },
                        "meta": {
                            "schema_version": 0
                        },
                        "tainted": false
                    },
                    "deposed": [],
                    "provider": "provider.aws"
                },
                "aws_iam_role.tfer--rds-monitoring-role": {
                    "type": "aws_iam_role",
                    "depends_on": [],
                    "primary": {
                        "id": "rds-monitoring-role",
                        "attributes": {
                            "arn": "arn:aws:iam::894231352815:role/rds-monitoring-role",
                            "assume_role_policy": "{\"Statement\":[{\"Action\":\"sts:AssumeRole\",\"Effect\":\"Allow\",\"Principal\":{\"Service\":\"monitoring.rds.amazonaws.com\"},\"Sid\":\"\"}],\"Version\":\"2012-10-17\"}",
                            "create_date": "2017-06-15T13:56:24Z",
                            "description": "",
                            "id": "rds-monitoring-role",
                            "managed_policy_arns.#": "1",
                            "managed_policy_arns.0": "arn:aws:iam::aws:policy/service-role/AmazonRDSEnhancedMonitoringRole",
                            "max_session_duration": "3600",
                            "name": "rds-monitoring-role",
                            "name_prefix": "",
                            "path": "/",
                            "tags.%": "0",
                            "tags_all.%": "0",
                            "unique_id": "AROAJPXEXW363AY3NP7XA"
                        },
                        "meta": {
                            "schema_version": 0
                        },
                        "tainted": false
                    },
                    "deposed": [],
                    "provider": "provider.aws"
                },
                "aws_iam_role.tfer--sean-dev-us-east-1-lambdaRole": {
                    "type": "aws_iam_role",
                    "depends_on": [],
                    "primary": {
                        "id": "sean-dev-us-east-1-lambdaRole",
                        "attributes": {
                            "arn": "arn:aws:iam::894231352815:role/sean-dev-us-east-1-lambdaRole",
                            "assume_role_policy": "{\"Statement\":[{\"Action\":\"sts:AssumeRole\",\"Effect\":\"Allow\",\"Principal\":{\"Service\":\"lambda.amazonaws.com\"}}],\"Version\":\"2012-10-17\"}",
                            "create_date": "2021-08-27T01:17:43Z",
                            "description": "",
                            "id": "sean-dev-us-east-1-lambdaRole",
                            "inline_policy.#": "1",
                            "inline_policy.0.name": "sean-dev-lambda",
                            "inline_policy.0.policy": "{\"Version\":\"2012-10-17\",\"Statement\":[{\"Action\":[\"logs:CreateLogStream\",\"logs:CreateLogGroup\"],\"Resource\":[\"arn:aws:logs:us-east-1:894231352815:log-group:/aws/lambda/sean-dev*:*\"],\"Effect\":\"Allow\"},{\"Action\":[\"logs:PutLogEvents\"],\"Resource\":[\"arn:aws:logs:us-east-1:894231352815:log-group:/aws/lambda/sean-dev*:*:*\"],\"Effect\":\"Allow\"}]}",
                            "managed_policy_arns.#": "0",
                            "max_session_duration": "3600",
                            "name": "sean-dev-us-east-1-lambdaRole",
                            "name_prefix": "",
                            "path": "/",
                            "tags.%": "1",
                            "tags.STAGE": "dev",
                            "tags_all.%": "1",
                            "tags_all.STAGE": "dev",
                            "unique_id": "AROA5ANCXSXX62REXP5IY"
                        },
                        "meta": {
                            "schema_version": 0
                        },
                        "tainted": false
                    },
                    "deposed": [],
                    "provider": "provider.aws"
                },
                "aws_iam_role.tfer--test-bogus-totally-bogus-dev-us-east-1-lambdaRole": {
                    "type": "aws_iam_role",
                    "depends_on": [],
                    "primary": {
                        "id": "test-bogus-totally-bogus-dev-us-east-1-lambdaRole",
                        "attributes": {
                            "arn": "arn:aws:iam::894231352815:role/test-bogus-totally-bogus-dev-us-east-1-lambdaRole",
                            "assume_role_policy": "{\"Statement\":[{\"Action\":\"sts:AssumeRole\",\"Effect\":\"Allow\",\"Principal\":{\"Service\":\"lambda.amazonaws.com\"}}],\"Version\":\"2012-10-17\"}",
                            "create_date": "2021-08-27T01:10:32Z",
                            "description": "",
                            "id": "test-bogus-totally-bogus-dev-us-east-1-lambdaRole",
                            "inline_policy.#": "1",
                            "inline_policy.0.name": "test-bogus-totally-bogus-dev-lambda",
                            "inline_policy.0.policy": "{\"Version\":\"2012-10-17\",\"Statement\":[{\"Action\":[\"logs:CreateLogStream\",\"logs:CreateLogGroup\"],\"Resource\":[\"arn:aws:logs:us-east-1:894231352815:log-group:/aws/lambda/test-bogus-totally-bogus-dev*:*\"],\"Effect\":\"Allow\"},{\"Action\":[\"logs:PutLogEvents\"],\"Resource\":[\"arn:aws:logs:us-east-1:894231352815:log-group:/aws/lambda/test-bogus-totally-bogus-dev*:*:*\"],\"Effect\":\"Allow\"}]}",
                            "managed_policy_arns.#": "0",
                            "max_session_duration": "3600",
                            "name": "test-bogus-totally-bogus-dev-us-east-1-lambdaRole",
                            "name_prefix": "",
                            "path": "/",
                            "tags.%": "1",
                            "tags.STAGE": "dev",
                            "tags_all.%": "1",
                            "tags_all.STAGE": "dev",
                            "unique_id": "AROA5ANCXSXXSE2SPBDJQ"
                        },
                        "meta": {
                            "schema_version": 0
                        },
                        "tainted": false
                    },
                    "deposed": [],
                    "provider": "provider.aws"
                },
                "aws_iam_role.tfer--test-dev-us-east-1-lambdaRole": {
                    "type": "aws_iam_role",
                    "depends_on": [],
                    "primary": {
                        "id": "test-dev-us-east-1-lambdaRole",
                        "attributes": {
                            "arn": "arn:aws:iam::894231352815:role/test-dev-us-east-1-lambdaRole",
                            "assume_role_policy": "{\"Statement\":[{\"Action\":\"sts:AssumeRole\",\"Effect\":\"Allow\",\"Principal\":{\"Service\":\"lambda.amazonaws.com\"}}],\"Version\":\"2012-10-17\"}",
                            "create_date": "2021-08-28T00:31:12Z",
                            "description": "",
                            "id": "test-dev-us-east-1-lambdaRole",
                            "inline_policy.#": "1",
                            "inline_policy.0.name": "test-dev-lambda",
                            "inline_policy.0.policy": "{\"Version\":\"2012-10-17\",\"Statement\":[{\"Action\":[\"logs:CreateLogStream\",\"logs:CreateLogGroup\"],\"Resource\":[\"arn:aws:logs:us-east-1:894231352815:log-group:/aws/lambda/test-dev*:*\"],\"Effect\":\"Allow\"},{\"Action\":[\"logs:PutLogEvents\"],\"Resource\":[\"arn:aws:logs:us-east-1:894231352815:log-group:/aws/lambda/test-dev*:*:*\"],\"Effect\":\"Allow\"}]}",
                            "managed_policy_arns.#": "0",
                            "max_session_duration": "3600",
                            "name": "test-dev-us-east-1-lambdaRole",
                            "name_prefix": "",
                            "path": "/",
                            "tags.%": "1",
                            "tags.STAGE": "dev",
                            "tags_all.%": "1",
                            "tags_all.STAGE": "dev",
                            "unique_id": "AROA5ANCXSXXTEAMIBEIW"
                        },
                        "meta": {
                            "schema_version": 0
                        },
                        "tainted": false
                    },
                    "deposed": [],
                    "provider": "provider.aws"
                },
                "aws_iam_role.tfer--testFunFun-role-yvq06kzv": {
                    "type": "aws_iam_role",
                    "depends_on": [],
                    "primary": {
                        "id": "testFunFun-role-yvq06kzv",
                        "attributes": {
                            "arn": "arn:aws:iam::894231352815:role/service-role/testFunFun-role-yvq06kzv",
                            "assume_role_policy": "{\"Statement\":[{\"Action\":\"sts:AssumeRole\",\"Effect\":\"Allow\",\"Principal\":{\"Service\":\"lambda.amazonaws.com\"}}],\"Version\":\"2012-10-17\"}",
                            "create_date": "2019-04-21T03:58:18Z",
                            "description": "",
                            "id": "testFunFun-role-yvq06kzv",
                            "managed_policy_arns.#": "1",
                            "managed_policy_arns.0": "arn:aws:iam::894231352815:policy/service-role/AWSLambdaBasicExecutionRole-0222a08b-9a31-4607-a110-9f61b66211da",
                            "max_session_duration": "3600",
                            "name": "testFunFun-role-yvq06kzv",
                            "name_prefix": "",
                            "path": "/service-role/",
                            "tags.%": "0",
                            "tags_all.%": "0",
                            "unique_id": "AROA5ANCXSXXYRWZDDXSN"
                        },
                        "meta": {
                            "schema_version": 0
                        },
                        "tainted": false
                    },
                    "deposed": [],
                    "provider": "provider.aws"
                },
                "aws_iam_role.tfer--wp-graphql-request-role-07aktf4v": {
                    "type": "aws_iam_role",
                    "depends_on": [],
                    "primary": {
                        "id": "wp-graphql-request-role-07aktf4v",
                        "attributes": {
                            "arn": "arn:aws:iam::894231352815:role/service-role/wp-graphql-request-role-07aktf4v",
                            "assume_role_policy": "{\"Statement\":[{\"Action\":\"sts:AssumeRole\",\"Effect\":\"Allow\",\"Principal\":{\"Service\":\"lambda.amazonaws.com\"}}],\"Version\":\"2012-10-17\"}",
                            "create_date": "2021-05-20T03:59:19Z",
                            "description": "",
                            "id": "wp-graphql-request-role-07aktf4v",
                            "managed_policy_arns.#": "1",
                            "managed_policy_arns.0": "arn:aws:iam::894231352815:policy/service-role/AWSLambdaBasicExecutionRole-6e60b8f9-2dd0-4e7d-bed3-cf50af182f8b",
                            "max_session_duration": "3600",
                            "name": "wp-graphql-request-role-07aktf4v",
                            "name_prefix": "",
                            "path": "/service-role/",
                            "tags.%": "0",
                            "tags_all.%": "0",
                            "unique_id": "AROA5ANCXSXXUZMOPHXP5"
                        },
                        "meta": {
                            "schema_version": 0
                        },
                        "tainted": false
                    },
                    "deposed": [],
                    "provider": "provider.aws"
                },
                "aws_iam_role_policy.tfer--AWSReservedSSO_devops-engineering_41bbd67f6714fe63_AwsSSOInlinePolicy": {
                    "type": "aws_iam_role_policy",
                    "depends_on": [],
                    "primary": {
                        "id": "AWSReservedSSO_devops-engineering_41bbd67f6714fe63:AwsSSOInlinePolicy",
                        "attributes": {
                            "id": "AWSReservedSSO_devops-engineering_41bbd67f6714fe63:AwsSSOInlinePolicy",
                            "name": "AwsSSOInlinePolicy",
                            "policy": "{\"Statement\":[{\"Action\":[\"cur:*\",\"ce:*\",\"budgets:ViewBudget\",\"budgets:Describe*\",\"aws-portal:ViewBilling\"],\"Effect\":\"Allow\",\"Resource\":\"*\",\"Sid\":\"AllowAdminCostExplorer\"},{\"Action\":[\"rds:PurchaseReservedDBInstancesOffering\",\"elasticache:PurchaseReservedCacheNodesOffering\",\"ec2:PurchaseReservedInstancesOffering\",\"ec2:ModifyReservedInstances\"],\"Effect\":\"Allow\",\"Resource\":\"*\",\"Sid\":\"ManageReservedInstances\"},{\"Action\":\"savingsplans:*\",\"Effect\":\"Allow\",\"Resource\":\"*\",\"Sid\":\"ManageSavingsPlans\"},{\"Action\":\"iam:*\",\"Effect\":\"Allow\",\"Resource\":\"*\",\"Sid\":\"ManageIAM\"}],\"Version\":\"2012-10-17\"}",
                            "role": "AWSReservedSSO_devops-engineering_41bbd67f6714fe63"
                        },
                        "meta": {
                            "schema_version": 0
                        },
                        "tainted": false
                    },
                    "deposed": [],
                    "provider": "provider.aws"
                },
                "aws_iam_role_policy.tfer--AWSReservedSSO_google-migrations-admin_7282bdac0a32df41_AwsSSOInlinePolicy": {
                    "type": "aws_iam_role_policy",
                    "depends_on": [],
                    "primary": {
                        "id": "AWSReservedSSO_google-migrations-admin_7282bdac0a32df41:AwsSSOInlinePolicy",
                        "attributes": {
                            "id": "AWSReservedSSO_google-migrations-admin_7282bdac0a32df41:AwsSSOInlinePolicy",
                            "name": "AwsSSOInlinePolicy",
                            "policy": "{\"Statement\":[{\"Action\":\"ec2:Describe*\",\"Effect\":\"Allow\",\"Resource\":\"*\",\"Sid\":\"FullDescribeAll\"},{\"Action\":\"ec2:*\",\"Condition\":{\"StringLike\":{\"ec2:ResourceTag/type\":\"google-migrations\"}},\"Effect\":\"Allow\",\"Resource\":\"*\",\"Sid\":\"FullInstancesAccess\"}],\"Version\":\"2012-10-17\"}",
                            "role": "AWSReservedSSO_google-migrations-admin_7282bdac0a32df41"
                        },
                        "meta": {
                            "schema_version": 0
                        },
                        "tainted": false
                    },
                    "deposed": [],
                    "provider": "provider.aws"
                },
                "aws_iam_role_policy.tfer--AWSReservedSSO_network-engineering_40e4bc0151e285d5_AwsSSOInlinePolicy": {
                    "type": "aws_iam_role_policy",
                    "depends_on": [],
                    "primary": {
                        "id": "AWSReservedSSO_network-engineering_40e4bc0151e285d5:AwsSSOInlinePolicy",
                        "attributes": {
                            "id": "AWSReservedSSO_network-engineering_40e4bc0151e285d5:AwsSSOInlinePolicy",
                            "name": "AwsSSOInlinePolicy",
                            "policy": "{\"Statement\":[{\"Action\":[\"ec2:Search*\",\"ec2:List*\",\"ec2:Get*\",\"ec2:Describe*\"],\"Effect\":\"Allow\",\"Resource\":\"*\",\"Sid\":\"FullDescribeAll\"},{\"Action\":\"ec2:*\",\"Condition\":{\"StringLike\":{\"ec2:ResourceTag/owner\":[\"nts.support@cru.org\"]}},\"Effect\":\"Allow\",\"Resource\":\"*\",\"Sid\":\"FullAcessNetworkInstances\"},{\"Action\":[\"s3:ListAllMyBuckets\",\"s3:GetBucketLocation\"],\"Effect\":\"Allow\",\"Resource\":\"*\",\"Sid\":\"\"},{\"Action\":\"s3:*\",\"Effect\":\"Allow\",\"Resource\":[\"arn:aws:s3:::cru-collab-software/*\",\"arn:aws:s3:::cru-collab-software\"],\"Sid\":\"\"},{\"Action\":[\"ecs:ListTasks\",\"ecs:ListTaskDefinitions\",\"ecs:ListTaskDefinitionFamilies\",\"ecs:ListTagsForResource\",\"ecs:ListServices\",\"ecs:ListContainerInstances\",\"ecs:ListClusters\",\"ecs:ListAttributes\",\"ecs:ListAccountSettings\",\"ecs:DescribeTasks\",\"ecs:DescribeTaskSets\",\"ecs:DescribeTaskDefinition\",\"ecs:DescribeServices\",\"ecs:DescribeContainerInstances\",\"ecs:DescribeClusters\",\"ecs:DescribeCapacityProviders\"],\"Effect\":\"Allow\",\"Resource\":\"*\",\"Sid\":\"ECSReadAccess\"},{\"Action\":[\"ec2:GetVpnConnectionDeviceTypes\",\"ec2:GetVpnConnectionDeviceSampleConfiguration\"],\"Effect\":\"Allow\",\"Resource\":\"*\",\"Sid\":\"VPNGetConfig\"},{\"Action\":[\"ec2:GetTransitGateway*\",\"ec2:DescribeTransitGateway*\"],\"Effect\":\"Allow\",\"Resource\":\"*\",\"Sid\":\"ViewTransitGateway\"}],\"Version\":\"2012-10-17\"}",
                            "role": "AWSReservedSSO_network-engineering_40e4bc0151e285d5"
                        },
                        "meta": {
                            "schema_version": 0
                        },
                        "tainted": false
                    },
                    "deposed": [],
                    "provider": "provider.aws"
                },
                "aws_iam_role_policy.tfer--AWSReservedSSO_pritunl-admin_b7f20d56937aa70a_AwsSSOInlinePolicy": {
                    "type": "aws_iam_role_policy",
                    "depends_on": [],
                    "primary": {
                        "id": "AWSReservedSSO_pritunl-admin_b7f20d56937aa70a:AwsSSOInlinePolicy",
                        "attributes": {
                            "id": "AWSReservedSSO_pritunl-admin_b7f20d56937aa70a:AwsSSOInlinePolicy",
                            "name": "AwsSSOInlinePolicy",
                            "policy": "{\"Statement\":[{\"Action\":[\"ec2:Describe*\",\"cloudwatch:GetMetricStatistics\",\"cloudwatch:GetMetricData\",\"cloudwatch:DescribeAlarms\"],\"Effect\":\"Allow\",\"Resource\":\"*\",\"Sid\":\"FullDescribeAll\"},{\"Action\":\"ec2:*\",\"Condition\":{\"StringLike\":{\"ec2:ResourceTag/application\":\"pritunl\"}},\"Effect\":\"Allow\",\"Resource\":\"*\",\"Sid\":\"FullAcessNetworkInstances\"},{\"Action\":[\"s3:ListAllMyBuckets\",\"s3:GetBucketLocation\"],\"Effect\":\"Allow\",\"Resource\":\"*\",\"Sid\":\"ListAllBuckets\"},{\"Action\":\"s3:*\",\"Effect\":\"Allow\",\"Resource\":[\"arn:aws:s3:::pritunl-mongo-backup/*\",\"arn:aws:s3:::pritunl-mongo-backup\"],\"Sid\":\"AllowS3FullAccess\"}],\"Version\":\"2012-10-17\"}",
                            "role": "AWSReservedSSO_pritunl-admin_b7f20d56937aa70a"
                        },
                        "meta": {
                            "schema_version": 0
                        },
                        "tainted": false
                    },
                    "deposed": [],
                    "provider": "provider.aws"
                },
                "aws_iam_role_policy.tfer--EMR_DefaultRole_EMR_DefaultRole": {
                    "type": "aws_iam_role_policy",
                    "depends_on": [],
                    "primary": {
                        "id": "EMR_DefaultRole:EMR_DefaultRole",
                        "attributes": {
                            "id": "EMR_DefaultRole:EMR_DefaultRole",
                            "name": "EMR_DefaultRole",
                            "policy": "{\n  \"Statement\": [\n    {\n      \"Action\": [\n        \"ec2:AuthorizeSecurityGroupIngress\",\n        \"ec2:CancelSpotInstanceRequests\",\n        \"ec2:CreateSecurityGroup\",\n        \"ec2:CreateTags\",\n        \"ec2:DeleteTags\",\n        \"ec2:Describe*\",\n        \"ec2:ModifyImageAttribute\",\n        \"ec2:ModifyInstanceAttribute\",\n        \"ec2:RequestSpotInstances\",\n        \"ec2:RunInstances\",\n        \"ec2:TerminateInstances\",\n        \"iam:PassRole\",\n        \"iam:ListRolePolicies\",\n        \"iam:GetRole\",\n        \"iam:GetRolePolicy\",\n        \"iam:ListInstanceProfiles\",\n        \"s3:Get*\",\n        \"s3:CreateBucket\",\n        \"s3:List*\",\n        \"sdb:BatchPutAttributes\",\n        \"sdb:Select\"\n      ],\n      \"Effect\": \"Allow\",\n      \"Resource\": \"*\"\n    }\n  ]\n}\n",
                            "role": "EMR_DefaultRole"
                        },
                        "meta": {
                            "schema_version": 0
                        },
                        "tainted": false
                    },
                    "deposed": [],
                    "provider": "provider.aws"
                },
                "aws_iam_role_policy.tfer--EMR_EC2_DefaultRole_EMR_EC2_DefaultRole": {
                    "type": "aws_iam_role_policy",
                    "depends_on": [],
                    "primary": {
                        "id": "EMR_EC2_DefaultRole:EMR_EC2_DefaultRole",
                        "attributes": {
                            "id": "EMR_EC2_DefaultRole:EMR_EC2_DefaultRole",
                            "name": "EMR_EC2_DefaultRole",
                            "policy": "{\n  \"Statement\": [\n    {\n      \"Action\": [\n        \"cloudwatch:*\",\n        \"dynamodb:*\",\n        \"ec2:Describe*\",\n        \"elasticmapreduce:Describe*\",\n        \"rds:Describe*\",\n        \"s3:*\",\n        \"sdb:*\",\n        \"sns:*\",\n        \"sqs:*\"\n      ],\n      \"Effect\": \"Allow\",\n      \"Resource\": \"*\"\n    }\n  ]\n}\n",
                            "role": "EMR_EC2_DefaultRole"
                        },
                        "meta": {
                            "schema_version": 0
                        },
                        "tainted": false
                    },
                    "deposed": [],
                    "provider": "provider.aws"
                },
                "aws_iam_role_policy.tfer--Elastic_Transcoder_Default_Role_ets-console-generated-policy": {
                    "type": "aws_iam_role_policy",
                    "depends_on": [],
                    "primary": {
                        "id": "Elastic_Transcoder_Default_Role:ets-console-generated-policy",
                        "attributes": {
                            "id": "Elastic_Transcoder_Default_Role:ets-console-generated-policy",
                            "name": "ets-console-generated-policy",
                            "policy": "{\"Version\":\"2008-10-17\",\"Statement\":[{\"Sid\":\"1\",\"Effect\":\"Allow\",\"Action\":[\"s3:Put*\",\"s3:ListBucket\",\"s3:*MultipartUpload*\",\"s3:Get*\"],\"Resource\":\"*\"},{\"Sid\":\"2\",\"Effect\":\"Allow\",\"Action\":\"sns:Publish\",\"Resource\":\"*\"},{\"Sid\":\"3\",\"Effect\":\"Deny\",\"Action\":[\"s3:*Delete*\",\"s3:*Policy*\",\"sns:*Remove*\",\"sns:*Delete*\",\"sns:*Permission*\"],\"Resource\":\"*\"}]}",
                            "role": "Elastic_Transcoder_Default_Role"
                        },
                        "meta": {
                            "schema_version": 0
                        },
                        "tainted": false
                    },
                    "deposed": [],
                    "provider": "provider.aws"
                },
                "aws_iam_role_policy.tfer--api-example-2-dev-us-east-1-lambdaRole_api-example-2-dev-lambda": {
                    "type": "aws_iam_role_policy",
                    "depends_on": [],
                    "primary": {
                        "id": "api-example-2-dev-us-east-1-lambdaRole:api-example-2-dev-lambda",
                        "attributes": {
                            "id": "api-example-2-dev-us-east-1-lambdaRole:api-example-2-dev-lambda",
                            "name": "api-example-2-dev-lambda",
                            "policy": "{\"Version\":\"2012-10-17\",\"Statement\":[{\"Action\":[\"logs:CreateLogStream\",\"logs:CreateLogGroup\"],\"Resource\":[\"arn:aws:logs:us-east-1:894231352815:log-group:/aws/lambda/api-example-2-dev*:*\"],\"Effect\":\"Allow\"},{\"Action\":[\"logs:PutLogEvents\"],\"Resource\":[\"arn:aws:logs:us-east-1:894231352815:log-group:/aws/lambda/api-example-2-dev*:*:*\"],\"Effect\":\"Allow\"}]}",
                            "role": "api-example-2-dev-us-east-1-lambdaRole"
                        },
                        "meta": {
                            "schema_version": 0
                        },
                        "tainted": false
                    },
                    "deposed": [],
                    "provider": "provider.aws"
                },
                "aws_iam_role_policy.tfer--api-example-dev-us-east-1-lambdaRole_api-example-dev-lambda": {
                    "type": "aws_iam_role_policy",
                    "depends_on": [],
                    "primary": {
                        "id": "api-example-dev-us-east-1-lambdaRole:api-example-dev-lambda",
                        "attributes": {
                            "id": "api-example-dev-us-east-1-lambdaRole:api-example-dev-lambda",
                            "name": "api-example-dev-lambda",
                            "policy": "{\"Version\":\"2012-10-17\",\"Statement\":[{\"Action\":[\"logs:CreateLogStream\",\"logs:CreateLogGroup\"],\"Resource\":[\"arn:aws:logs:us-east-1:894231352815:log-group:/aws/lambda/api-example-dev*:*\"],\"Effect\":\"Allow\"},{\"Action\":[\"logs:PutLogEvents\"],\"Resource\":[\"arn:aws:logs:us-east-1:894231352815:log-group:/aws/lambda/api-example-dev*:*:*\"],\"Effect\":\"Allow\"}]}",
                            "role": "api-example-dev-us-east-1-lambdaRole"
                        },
                        "meta": {
                            "schema_version": 0
                        },
                        "tainted": false
                    },
                    "deposed": [],
                    "provider": "provider.aws"
                },
                "aws_iam_role_policy.tfer--api-journeys-dev-us-east-1-lambdaRole_api-journeys-dev-lambda": {
                    "type": "aws_iam_role_policy",
                    "depends_on": [],
                    "primary": {
                        "id": "api-journeys-dev-us-east-1-lambdaRole:api-journeys-dev-lambda",
                        "attributes": {
                            "id": "api-journeys-dev-us-east-1-lambdaRole:api-journeys-dev-lambda",
                            "name": "api-journeys-dev-lambda",
                            "policy": "{\"Version\":\"2012-10-17\",\"Statement\":[{\"Action\":[\"logs:CreateLogStream\",\"logs:CreateLogGroup\"],\"Resource\":[\"arn:aws:logs:us-east-1:894231352815:log-group:/aws/lambda/api-journeys-dev*:*\"],\"Effect\":\"Allow\"},{\"Action\":[\"logs:PutLogEvents\"],\"Resource\":[\"arn:aws:logs:us-east-1:894231352815:log-group:/aws/lambda/api-journeys-dev*:*:*\"],\"Effect\":\"Allow\"}]}",
                            "role": "api-journeys-dev-us-east-1-lambdaRole"
                        },
                        "meta": {
                            "schema_version": 0
                        },
                        "tainted": false
                    },
                    "deposed": [],
                    "provider": "provider.aws"
                },
                "aws_iam_role_policy.tfer--api-journeys-prod-prod-us-east-1-lambdaRole_api-journeys-prod-prod-lambda": {
                    "type": "aws_iam_role_policy",
                    "depends_on": [],
                    "primary": {
                        "id": "api-journeys-prod-prod-us-east-1-lambdaRole:api-journeys-prod-prod-lambda",
                        "attributes": {
                            "id": "api-journeys-prod-prod-us-east-1-lambdaRole:api-journeys-prod-prod-lambda",
                            "name": "api-journeys-prod-prod-lambda",
                            "policy": "{\"Version\":\"2012-10-17\",\"Statement\":[{\"Action\":[\"logs:CreateLogStream\",\"logs:CreateLogGroup\"],\"Resource\":[\"arn:aws:logs:us-east-1:894231352815:log-group:/aws/lambda/api-journeys-prod-prod*:*\"],\"Effect\":\"Allow\"},{\"Action\":[\"logs:PutLogEvents\"],\"Resource\":[\"arn:aws:logs:us-east-1:894231352815:log-group:/aws/lambda/api-journeys-prod-prod*:*:*\"],\"Effect\":\"Allow\"}]}",
                            "role": "api-journeys-prod-prod-us-east-1-lambdaRole"
                        },
                        "meta": {
                            "schema_version": 0
                        },
                        "tainted": false
                    },
                    "deposed": [],
                    "provider": "provider.aws"
                },
                "aws_iam_role_policy.tfer--api-journeys-prod-us-east-1-lambdaRole_api-journeys-prod-lambda": {
                    "type": "aws_iam_role_policy",
                    "depends_on": [],
                    "primary": {
                        "id": "api-journeys-prod-us-east-1-lambdaRole:api-journeys-prod-lambda",
                        "attributes": {
                            "id": "api-journeys-prod-us-east-1-lambdaRole:api-journeys-prod-lambda",
                            "name": "api-journeys-prod-lambda",
                            "policy": "{\"Version\":\"2012-10-17\",\"Statement\":[{\"Action\":[\"logs:CreateLogStream\",\"logs:CreateLogGroup\"],\"Resource\":[\"arn:aws:logs:us-east-1:894231352815:log-group:/aws/lambda/api-journeys-prod*:*\"],\"Effect\":\"Allow\"},{\"Action\":[\"logs:PutLogEvents\"],\"Resource\":[\"arn:aws:logs:us-east-1:894231352815:log-group:/aws/lambda/api-journeys-prod*:*:*\"],\"Effect\":\"Allow\"}]}",
                            "role": "api-journeys-prod-us-east-1-lambdaRole"
                        },
                        "meta": {
                            "schema_version": 0
                        },
                        "tainted": false
                    },
                    "deposed": [],
                    "provider": "provider.aws"
                },
                "aws_iam_role_policy.tfer--api-journeys-stage-us-east-1-lambdaRole_api-journeys-stage-lambda": {
                    "type": "aws_iam_role_policy",
                    "depends_on": [],
                    "primary": {
                        "id": "api-journeys-stage-us-east-1-lambdaRole:api-journeys-stage-lambda",
                        "attributes": {
                            "id": "api-journeys-stage-us-east-1-lambdaRole:api-journeys-stage-lambda",
                            "name": "api-journeys-stage-lambda",
                            "policy": "{\"Version\":\"2012-10-17\",\"Statement\":[{\"Action\":[\"logs:CreateLogStream\",\"logs:CreateLogGroup\"],\"Resource\":[\"arn:aws:logs:us-east-1:894231352815:log-group:/aws/lambda/api-journeys-stage*:*\"],\"Effect\":\"Allow\"},{\"Action\":[\"logs:PutLogEvents\"],\"Resource\":[\"arn:aws:logs:us-east-1:894231352815:log-group:/aws/lambda/api-journeys-stage*:*:*\"],\"Effect\":\"Allow\"}]}",
                            "role": "api-journeys-stage-us-east-1-lambdaRole"
                        },
                        "meta": {
                            "schema_version": 0
                        },
                        "tainted": false
                    },
                    "deposed": [],
                    "provider": "provider.aws"
                },
                "aws_iam_role_policy.tfer--api-media-dev-us-east-1-lambdaRole_access-ark-core-bucket": {
                    "type": "aws_iam_role_policy",
                    "depends_on": [],
                    "primary": {
                        "id": "api-media-dev-us-east-1-lambdaRole:access-ark-core-bucket",
                        "attributes": {
                            "id": "api-media-dev-us-east-1-lambdaRole:access-ark-core-bucket",
                            "name": "access-ark-core-bucket",
                            "policy": "{\n    \"Version\": \"2012-10-17\",\n    \"Statement\": [\n        {\n          \"Effect\": \"Allow\",\n          \"Action\": [\n                \"s3:Put*\",\n                \"s3:Get*\",\n                \"s3:Delete*\"\n            ],\n            \"Resource\": [\n                \"arn:aws:s3:::ark-core/*\"\n            ]\n        }\n    ]\n}\n",
                            "role": "api-media-dev-us-east-1-lambdaRole"
                        },
                        "meta": {
                            "schema_version": 0
                        },
                        "tainted": false
                    },
                    "deposed": [],
                    "provider": "provider.aws"
                },
                "aws_iam_role_policy.tfer--api-media-dev-us-east-1-lambdaRole_api-media-dev-lambda": {
                    "type": "aws_iam_role_policy",
                    "depends_on": [],
                    "primary": {
                        "id": "api-media-dev-us-east-1-lambdaRole:api-media-dev-lambda",
                        "attributes": {
                            "id": "api-media-dev-us-east-1-lambdaRole:api-media-dev-lambda",
                            "name": "api-media-dev-lambda",
                            "policy": "{\n    \"Version\": \"2012-10-17\",\n    \"Statement\": [\n        {\n            \"Action\": [\n                \"logs:CreateLogStream\",\n                \"logs:CreateLogGroup\"\n            ],\n            \"Resource\": [\n                \"arn:aws:logs:us-east-1:894231352815:log-group:/aws/lambda/api-media-dev*:*\"\n            ],\n            \"Effect\": \"Allow\"\n        },\n        {\n            \"Action\": [\n                \"logs:PutLogEvents\"\n            ],\n            \"Resource\": [\n                \"arn:aws:logs:us-east-1:894231352815:log-group:/aws/lambda/api-media-dev*:*:*\"\n            ],\n            \"Effect\": \"Allow\"\n        }\n    ]\n}",
                            "role": "api-media-dev-us-east-1-lambdaRole"
                        },
                        "meta": {
                            "schema_version": 0
                        },
                        "tainted": false
                    },
                    "deposed": [],
                    "provider": "provider.aws"
                },
                "aws_iam_role_policy.tfer--api-media-stage-us-east-1-lambdaRole_AccessArkMediaS3": {
                    "type": "aws_iam_role_policy",
                    "depends_on": [],
                    "primary": {
                        "id": "api-media-stage-us-east-1-lambdaRole:AccessArkMediaS3",
                        "attributes": {
                            "id": "api-media-stage-us-east-1-lambdaRole:AccessArkMediaS3",
                            "name": "AccessArkMediaS3",
                            "policy": "{\n  \"Version\": \"2012-10-17\",\n  \"Statement\": [\n    {\n      \"Sid\": \"AccessArkMediaS3\",\n      \"Action\": [\n        \"s3:GetObject\"\n      ],\n      \"Effect\": \"Allow\",\n      \"Resource\": [\n        \"arn:aws:s3:::ark-core/media/*\"\n      ]\n    }\n  ]\n}",
                            "role": "api-media-stage-us-east-1-lambdaRole"
                        },
                        "meta": {
                            "schema_version": 0
                        },
                        "tainted": false
                    },
                    "deposed": [],
                    "provider": "provider.aws"
                },
                "aws_iam_role_policy.tfer--api-media-stage-us-east-1-lambdaRole_api-media-stage-lambda": {
                    "type": "aws_iam_role_policy",
                    "depends_on": [],
                    "primary": {
                        "id": "api-media-stage-us-east-1-lambdaRole:api-media-stage-lambda",
                        "attributes": {
                            "id": "api-media-stage-us-east-1-lambdaRole:api-media-stage-lambda",
                            "name": "api-media-stage-lambda",
                            "policy": "{\n    \"Version\": \"2012-10-17\",\n    \"Statement\": [\n        {\n            \"Action\": [\n                \"logs:CreateLogStream\",\n                \"logs:CreateLogGroup\"\n            ],\n            \"Resource\": [\n                \"arn:aws:logs:us-east-1:894231352815:log-group:/aws/lambda/api-media-stage*:*\"\n            ],\n            \"Effect\": \"Allow\"\n        },\n        {\n            \"Action\": [\n                \"logs:PutLogEvents\"\n            ],\n            \"Resource\": [\n                \"arn:aws:logs:us-east-1:894231352815:log-group:/aws/lambda/api-media-stage*:*:*\"\n            ],\n            \"Effect\": \"Allow\"\n        }\n    ]\n}",
                            "role": "api-media-stage-us-east-1-lambdaRole"
                        },
                        "meta": {
                            "schema_version": 0
                        },
                        "tainted": false
                    },
                    "deposed": [],
                    "provider": "provider.aws"
                },
                "aws_iam_role_policy.tfer--api-test-dev-us-east-1-lambdaRole_api-test-dev-lambda": {
                    "type": "aws_iam_role_policy",
                    "depends_on": [],
                    "primary": {
                        "id": "api-test-dev-us-east-1-lambdaRole:api-test-dev-lambda",
                        "attributes": {
                            "id": "api-test-dev-us-east-1-lambdaRole:api-test-dev-lambda",
                            "name": "api-test-dev-lambda",
                            "policy": "{\"Version\":\"2012-10-17\",\"Statement\":[{\"Action\":[\"logs:CreateLogStream\",\"logs:CreateLogGroup\"],\"Resource\":[\"arn:aws:logs:us-east-1:894231352815:log-group:/aws/lambda/api-test-dev*:*\"],\"Effect\":\"Allow\"},{\"Action\":[\"logs:PutLogEvents\"],\"Resource\":[\"arn:aws:logs:us-east-1:894231352815:log-group:/aws/lambda/api-test-dev*:*:*\"],\"Effect\":\"Allow\"}]}",
                            "role": "api-test-dev-us-east-1-lambdaRole"
                        },
                        "meta": {
                            "schema_version": 0
                        },
                        "tainted": false
                    },
                    "deposed": [],
                    "provider": "provider.aws"
                },
                "aws_iam_role_policy.tfer--api-test1-dev-us-east-1-lambdaRole_api-test1-dev-lambda": {
                    "type": "aws_iam_role_policy",
                    "depends_on": [],
                    "primary": {
                        "id": "api-test1-dev-us-east-1-lambdaRole:api-test1-dev-lambda",
                        "attributes": {
                            "id": "api-test1-dev-us-east-1-lambdaRole:api-test1-dev-lambda",
                            "name": "api-test1-dev-lambda",
                            "policy": "{\"Version\":\"2012-10-17\",\"Statement\":[{\"Action\":[\"logs:CreateLogStream\",\"logs:CreateLogGroup\"],\"Resource\":[\"arn:aws:logs:us-east-1:894231352815:log-group:/aws/lambda/api-test1-dev*:*\"],\"Effect\":\"Allow\"},{\"Action\":[\"logs:PutLogEvents\"],\"Resource\":[\"arn:aws:logs:us-east-1:894231352815:log-group:/aws/lambda/api-test1-dev*:*:*\"],\"Effect\":\"Allow\"}]}",
                            "role": "api-test1-dev-us-east-1-lambdaRole"
                        },
                        "meta": {
                            "schema_version": 0
                        },
                        "tainted": false
                    },
                    "deposed": [],
                    "provider": "provider.aws"
                },
                "aws_iam_role_policy.tfer--couchbase_firehose_delivery_role_couchbase_firehose_delivery_policy": {
                    "type": "aws_iam_role_policy",
                    "depends_on": [],
                    "primary": {
                        "id": "couchbase_firehose_delivery_role:couchbase_firehose_delivery_policy",
                        "attributes": {
                            "id": "couchbase_firehose_delivery_role:couchbase_firehose_delivery_policy",
                            "name": "couchbase_firehose_delivery_policy",
                            "policy": "{\n    \"Version\": \"2012-10-17\",\n    \"Statement\": [\n        {\n            \"Sid\": \"\",\n            \"Effect\": \"Allow\",\n            \"Action\": [\n                \"s3:AbortMultipartUpload\",\n                \"s3:GetBucketLocation\",\n                \"s3:GetObject\",\n                \"s3:ListBucket\",\n                \"s3:ListBucketMultipartUploads\",\n                \"s3:PutObject\"\n            ],\n            \"Resource\": [\n                \"arn:aws:s3:::arclight-es-logs\",\n                \"arn:aws:s3:::arclight-es-logs/*\"\n            ]\n        },\n        {\n            \"Sid\": \"\",\n            \"Effect\": \"Allow\",\n            \"Action\": [\n                \"lambda:InvokeFunction\",\n                \"lambda:GetFunctionConfiguration\"\n            ],\n            \"Resource\": [\n                \"arn:aws:lambda:us-east-1:894231352815:function:couchbase-ingest-cluster-stats:$LATEST\",\n                \"arn:aws:lambda:us-east-1:894231352815:function:nexus-arclight-org-access:$LATEST\",\n                \"arn:aws:lambda:us-east-1:894231352815:function:nexus-arclight-org:$LATEST\",\n                \"arn:aws:lambda:us-east-1:894231352815:function:pl-arc-gt-access:$LATEST\"\n            ]\n        },\n        {\n            \"Sid\": \"\",\n            \"Effect\": \"Allow\",\n            \"Action\": [\n                \"es:DescribeElasticsearchDomain\",\n                \"es:DescribeElasticsearchDomains\",\n                \"es:DescribeElasticsearchDomainConfig\",\n                \"es:ESHttpPost\",\n                \"es:ESHttpPut\"\n            ],\n            \"Resource\": [\n                \"arn:aws:es:us-east-1:894231352815:domain/arclight-es\",\n                \"arn:aws:es:us-east-1:894231352815:domain/arclight-es/*\"\n            ]\n        },\n        {\n            \"Sid\": \"\",\n            \"Effect\": \"Allow\",\n            \"Action\": [\n                \"es:ESHttpGet\"\n            ],\n            \"Resource\": [\n                \"arn:aws:es:us-east-1:894231352815:domain/arclight-es/_all/_settings\",\n                \"arn:aws:es:us-east-1:894231352815:domain/arclight-es/_cluster/stats\",\n                \"arn:aws:es:us-east-1:894231352815:domain/arclight-es/_nodes\",\n                \"arn:aws:es:us-east-1:894231352815:domain/arclight-es/_nodes/stats\",\n                \"arn:aws:es:us-east-1:894231352815:domain/arclight-es/_nodes/*/stats\",\n                \"arn:aws:es:us-east-1:894231352815:domain/arclight-es/_stats\",\n                \"arn:aws:es:us-east-1:894231352815:domain/arclight-es/couchbase*/_mapping/cluster-stats\",\n                \"arn:aws:es:us-east-1:894231352815:domain/arclight-es/couchbase*/_stats\",\n                \"arn:aws:es:us-east-1:894231352815:domain/arclight-es/nginx*/_mapping/nginx.access\",\n                \"arn:aws:es:us-east-1:894231352815:domain/arclight-es/nginx*/_stats\",\n                \"arn:aws:es:us-east-1:894231352815:domain/arclight-es/nexus*/_mapping/nexus\",\n                \"arn:aws:es:us-east-1:894231352815:domain/arclight-es/nexus*/_stats\"\n            ]\n        },\n        {\n            \"Sid\": \"\",\n            \"Effect\": \"Allow\",\n            \"Action\": [\n                \"logs:PutLogEvents\"\n            ],\n            \"Resource\": [\n                \"arn:aws:logs:us-east-1:894231352815:log-group:/aws/kinesisfirehose/couchbase-stats:log-stream:*\",\n                \"arn:aws:logs:us-east-1:894231352815:log-group:/aws/kinesisfirehose/nexus.arclight.org.access.stream:log-stream:*\",\n                \"arn:aws:logs:us-east-1:894231352815:log-group:/aws/kinesisfirehose/nexus.arclight.org.stream:log-stream:*\",\n                \"arn:aws:logs:us-east-1:894231352815:log-group:/aws/kinesisfirehose/pl.arc.gt.access.stream:log-stream:*\"\n            ]\n        }\n    ]\n}",
                            "role": "couchbase_firehose_delivery_role"
                        },
                        "meta": {
                            "schema_version": 0
                        },
                        "tainted": false
                    },
                    "deposed": [],
                    "provider": "provider.aws"
                },
                "aws_iam_role_policy.tfer--firehose_delivery_role_oneClick_firehose_delivery_role_1461869011040": {
                    "type": "aws_iam_role_policy",
                    "depends_on": [],
                    "primary": {
                        "id": "firehose_delivery_role:oneClick_firehose_delivery_role_1461869011040",
                        "attributes": {
                            "id": "firehose_delivery_role:oneClick_firehose_delivery_role_1461869011040",
                            "name": "oneClick_firehose_delivery_role_1461869011040",
                            "policy": "{\n  \"Version\": \"2012-10-17\",\n  \"Statement\": [\n    {\n      \"Sid\": \"\",\n      \"Effect\": \"Allow\",\n      \"Action\": [\n        \"s3:AbortMultipartUpload\",\n        \"s3:GetBucketLocation\",\n        \"s3:GetObject\",\n        \"s3:ListBucket\",\n        \"s3:ListBucketMultipartUploads\",\n        \"s3:PutObject\"\n      ],\n      \"Resource\": [\n        \"arn:aws:s3:::JFP_DW_Dev\",\n        \"arn:aws:s3:::JFP_DW_Dev/*\"\n      ]\n    },\n    {\n      \"Sid\": \"\",\n      \"Effect\": \"Allow\",\n      \"Action\": [\n        \"logs:PutLogEvents\"\n      ],\n      \"Resource\": [\n        \"arn:aws:logs:us-east-1:894231352815:log-group:/aws/kinesisfirehose/tracker_poc_custom:log-stream:*\"\n      ]\n    }\n  ]\n}",
                            "role": "firehose_delivery_role"
                        },
                        "meta": {
                            "schema_version": 0
                        },
                        "tainted": false
                    },
                    "deposed": [],
                    "provider": "provider.aws"
                },
                "aws_iam_role_policy.tfer--firehose_delivery_role_oneClick_firehose_delivery_role_1467752139775": {
                    "type": "aws_iam_role_policy",
                    "depends_on": [],
                    "primary": {
                        "id": "firehose_delivery_role:oneClick_firehose_delivery_role_1467752139775",
                        "attributes": {
                            "id": "firehose_delivery_role:oneClick_firehose_delivery_role_1467752139775",
                            "name": "oneClick_firehose_delivery_role_1467752139775",
                            "policy": "{\n  \"Version\": \"2012-10-17\",\n  \"Statement\": [\n    {\n      \"Sid\": \"\",\n      \"Effect\": \"Allow\",\n      \"Action\": [\n        \"s3:AbortMultipartUpload\",\n        \"s3:GetBucketLocation\",\n        \"s3:GetObject\",\n        \"s3:ListBucket\",\n        \"s3:ListBucketMultipartUploads\",\n        \"s3:PutObject\"\n      ],\n      \"Resource\": [\n        \"arn:aws:s3:::JFP_DW_Prod\",\n        \"arn:aws:s3:::JFP_DW_Prod/*\"\n      ]\n    },\n    {\n      \"Sid\": \"\",\n      \"Effect\": \"Allow\",\n      \"Action\": [\n        \"logs:PutLogEvents\"\n      ],\n      \"Resource\": [\n        \"arn:aws:logs:us-east-1:894231352815:log-group:/aws/kinesisfirehose/prod_events:log-stream:*\"\n      ]\n    }\n  ]\n}",
                            "role": "firehose_delivery_role"
                        },
                        "meta": {
                            "schema_version": 0
                        },
                        "tainted": false
                    },
                    "deposed": [],
                    "provider": "provider.aws"
                },
                "aws_iam_role_policy.tfer--firehose_delivery_role_oneClick_firehose_delivery_role_1469827607528": {
                    "type": "aws_iam_role_policy",
                    "depends_on": [],
                    "primary": {
                        "id": "firehose_delivery_role:oneClick_firehose_delivery_role_1469827607528",
                        "attributes": {
                            "id": "firehose_delivery_role:oneClick_firehose_delivery_role_1469827607528",
                            "name": "oneClick_firehose_delivery_role_1469827607528",
                            "policy": "{\n  \"Version\": \"2012-10-17\",\n  \"Statement\": [\n    {\n      \"Sid\": \"\",\n      \"Effect\": \"Allow\",\n      \"Action\": [\n        \"s3:AbortMultipartUpload\",\n        \"s3:GetBucketLocation\",\n        \"s3:GetObject\",\n        \"s3:ListBucket\",\n        \"s3:ListBucketMultipartUploads\",\n        \"s3:PutObject\"\n      ],\n      \"Resource\": [\n        \"arn:aws:s3:::jfp-me2-events-prod\",\n        \"arn:aws:s3:::jfp-me2-events-prod/*\"\n      ]\n    },\n    {\n      \"Sid\": \"\",\n      \"Effect\": \"Allow\",\n      \"Action\": [\n        \"logs:PutLogEvents\"\n      ],\n      \"Resource\": [\n        \"arn:aws:logs:us-east-1:894231352815:log-group:/aws/kinesisfirehose/me2-firehose-prod-play:log-stream:*\"\n      ]\n    }\n  ]\n}",
                            "role": "firehose_delivery_role"
                        },
                        "meta": {
                            "schema_version": 0
                        },
                        "tainted": false
                    },
                    "deposed": [],
                    "provider": "provider.aws"
                },
                "aws_iam_role_policy.tfer--firehose_delivery_role_oneClick_firehose_delivery_role_1469827923540": {
                    "type": "aws_iam_role_policy",
                    "depends_on": [],
                    "primary": {
                        "id": "firehose_delivery_role:oneClick_firehose_delivery_role_1469827923540",
                        "attributes": {
                            "id": "firehose_delivery_role:oneClick_firehose_delivery_role_1469827923540",
                            "name": "oneClick_firehose_delivery_role_1469827923540",
                            "policy": "{\n  \"Version\": \"2012-10-17\",\n  \"Statement\": [\n    {\n      \"Sid\": \"\",\n      \"Effect\": \"Allow\",\n      \"Action\": [\n        \"s3:AbortMultipartUpload\",\n        \"s3:GetBucketLocation\",\n        \"s3:GetObject\",\n        \"s3:ListBucket\",\n        \"s3:ListBucketMultipartUploads\",\n        \"s3:PutObject\"\n      ],\n      \"Resource\": [\n        \"arn:aws:s3:::jfp-me2-events-prod\",\n        \"arn:aws:s3:::jfp-me2-events-prod/*\"\n      ]\n    },\n    {\n      \"Sid\": \"\",\n      \"Effect\": \"Allow\",\n      \"Action\": [\n        \"logs:PutLogEvents\"\n      ],\n      \"Resource\": [\n        \"arn:aws:logs:us-east-1:894231352815:log-group:/aws/kinesisfirehose/me2-firehose-prod-share:log-stream:*\"\n      ]\n    }\n  ]\n}",
                            "role": "firehose_delivery_role"
                        },
                        "meta": {
                            "schema_version": 0
                        },
                        "tainted": false
                    },
                    "deposed": [],
                    "provider": "provider.aws"
                },
                "aws_iam_role_policy.tfer--firehose_delivery_role_oneClick_firehose_delivery_role_1469828041591": {
                    "type": "aws_iam_role_policy",
                    "depends_on": [],
                    "primary": {
                        "id": "firehose_delivery_role:oneClick_firehose_delivery_role_1469828041591",
                        "attributes": {
                            "id": "firehose_delivery_role:oneClick_firehose_delivery_role_1469828041591",
                            "name": "oneClick_firehose_delivery_role_1469828041591",
                            "policy": "{\n  \"Version\": \"2012-10-17\",\n  \"Statement\": [\n    {\n      \"Sid\": \"\",\n      \"Effect\": \"Allow\",\n      \"Action\": [\n        \"s3:AbortMultipartUpload\",\n        \"s3:GetBucketLocation\",\n        \"s3:GetObject\",\n        \"s3:ListBucket\",\n        \"s3:ListBucketMultipartUploads\",\n        \"s3:PutObject\"\n      ],\n      \"Resource\": [\n        \"arn:aws:s3:::jfp-me2-events-prod\",\n        \"arn:aws:s3:::jfp-me2-events-prod/*\"\n      ]\n    },\n    {\n      \"Sid\": \"\",\n      \"Effect\": \"Allow\",\n      \"Action\": [\n        \"logs:PutLogEvents\"\n      ],\n      \"Resource\": [\n        \"arn:aws:logs:us-east-1:894231352815:log-group:/aws/kinesisfirehose/me2-firehose-prod-error:log-stream:*\"\n      ]\n    }\n  ]\n}",
                            "role": "firehose_delivery_role"
                        },
                        "meta": {
                            "schema_version": 0
                        },
                        "tainted": false
                    },
                    "deposed": [],
                    "provider": "provider.aws"
                },
                "aws_iam_role_policy.tfer--firehose_delivery_role_oneClick_firehose_delivery_role_1469828125493": {
                    "type": "aws_iam_role_policy",
                    "depends_on": [],
                    "primary": {
                        "id": "firehose_delivery_role:oneClick_firehose_delivery_role_1469828125493",
                        "attributes": {
                            "id": "firehose_delivery_role:oneClick_firehose_delivery_role_1469828125493",
                            "name": "oneClick_firehose_delivery_role_1469828125493",
                            "policy": "{\n  \"Version\": \"2012-10-17\",\n  \"Statement\": [\n    {\n      \"Sid\": \"\",\n      \"Effect\": \"Allow\",\n      \"Action\": [\n        \"s3:AbortMultipartUpload\",\n        \"s3:GetBucketLocation\",\n        \"s3:GetObject\",\n        \"s3:ListBucket\",\n        \"s3:ListBucketMultipartUploads\",\n        \"s3:PutObject\"\n      ],\n      \"Resource\": [\n        \"arn:aws:s3:::jfp-me2-events-stage\",\n        \"arn:aws:s3:::jfp-me2-events-stage/*\"\n      ]\n    },\n    {\n      \"Sid\": \"\",\n      \"Effect\": \"Allow\",\n      \"Action\": [\n        \"logs:PutLogEvents\"\n      ],\n      \"Resource\": [\n        \"arn:aws:logs:us-east-1:894231352815:log-group:/aws/kinesisfirehose/me2-firehose-stage-play:log-stream:*\"\n      ]\n    }\n  ]\n}",
                            "role": "firehose_delivery_role"
                        },
                        "meta": {
                            "schema_version": 0
                        },
                        "tainted": false
                    },
                    "deposed": [],
                    "provider": "provider.aws"
                },
                "aws_iam_role_policy.tfer--firehose_delivery_role_oneClick_firehose_delivery_role_1469828219712": {
                    "type": "aws_iam_role_policy",
                    "depends_on": [],
                    "primary": {
                        "id": "firehose_delivery_role:oneClick_firehose_delivery_role_1469828219712",
                        "attributes": {
                            "id": "firehose_delivery_role:oneClick_firehose_delivery_role_1469828219712",
                            "name": "oneClick_firehose_delivery_role_1469828219712",
                            "policy": "{\n  \"Version\": \"2012-10-17\",\n  \"Statement\": [\n    {\n      \"Sid\": \"\",\n      \"Effect\": \"Allow\",\n      \"Action\": [\n        \"s3:AbortMultipartUpload\",\n        \"s3:GetBucketLocation\",\n        \"s3:GetObject\",\n        \"s3:ListBucket\",\n        \"s3:ListBucketMultipartUploads\",\n        \"s3:PutObject\"\n      ],\n      \"Resource\": [\n        \"arn:aws:s3:::jfp-me2-events-stage\",\n        \"arn:aws:s3:::jfp-me2-events-stage/*\"\n      ]\n    },\n    {\n      \"Sid\": \"\",\n      \"Effect\": \"Allow\",\n      \"Action\": [\n        \"logs:PutLogEvents\"\n      ],\n      \"Resource\": [\n        \"arn:aws:logs:us-east-1:894231352815:log-group:/aws/kinesisfirehose/me2-firehose-stage-share:log-stream:*\"\n      ]\n    }\n  ]\n}",
                            "role": "firehose_delivery_role"
                        },
                        "meta": {
                            "schema_version": 0
                        },
                        "tainted": false
                    },
                    "deposed": [],
                    "provider": "provider.aws"
                },
                "aws_iam_role_policy.tfer--firehose_delivery_role_oneClick_firehose_delivery_role_1469828316595": {
                    "type": "aws_iam_role_policy",
                    "depends_on": [],
                    "primary": {
                        "id": "firehose_delivery_role:oneClick_firehose_delivery_role_1469828316595",
                        "attributes": {
                            "id": "firehose_delivery_role:oneClick_firehose_delivery_role_1469828316595",
                            "name": "oneClick_firehose_delivery_role_1469828316595",
                            "policy": "{\n  \"Version\": \"2012-10-17\",\n  \"Statement\": [\n    {\n      \"Sid\": \"\",\n      \"Effect\": \"Allow\",\n      \"Action\": [\n        \"s3:AbortMultipartUpload\",\n        \"s3:GetBucketLocation\",\n        \"s3:GetObject\",\n        \"s3:ListBucket\",\n        \"s3:ListBucketMultipartUploads\",\n        \"s3:PutObject\"\n      ],\n      \"Resource\": [\n        \"arn:aws:s3:::jfp-me2-events-stage\",\n        \"arn:aws:s3:::jfp-me2-events-stage/*\"\n      ]\n    },\n    {\n      \"Sid\": \"\",\n      \"Effect\": \"Allow\",\n      \"Action\": [\n        \"logs:PutLogEvents\"\n      ],\n      \"Resource\": [\n        \"arn:aws:logs:us-east-1:894231352815:log-group:/aws/kinesisfirehose/me2-firehose-stage-error:log-stream:*\"\n      ]\n    }\n  ]\n}",
                            "role": "firehose_delivery_role"
                        },
                        "meta": {
                            "schema_version": 0
                        },
                        "tainted": false
                    },
                    "deposed": [],
                    "provider": "provider.aws"
                },
                "aws_iam_role_policy.tfer--lambda_basic_execution_oneClick_lambda_basic_execution_1464814276130": {
                    "type": "aws_iam_role_policy",
                    "depends_on": [],
                    "primary": {
                        "id": "lambda_basic_execution:oneClick_lambda_basic_execution_1464814276130",
                        "attributes": {
                            "id": "lambda_basic_execution:oneClick_lambda_basic_execution_1464814276130",
                            "name": "oneClick_lambda_basic_execution_1464814276130",
                            "policy": "{\n  \"Version\": \"2012-10-17\",\n  \"Statement\": [\n    {\n      \"Effect\": \"Allow\",\n      \"Action\": [\n        \"logs:CreateLogGroup\",\n        \"logs:CreateLogStream\",\n        \"logs:PutLogEvents\"\n      ],\n      \"Resource\": \"arn:aws:logs:*:*:*\"\n    }\n  ]\n}",
                            "role": "lambda_basic_execution"
                        },
                        "meta": {
                            "schema_version": 0
                        },
                        "tainted": false
                    },
                    "deposed": [],
                    "provider": "provider.aws"
                },
                "aws_iam_role_policy.tfer--lambda_basic_execution_oneClick_lambda_basic_execution_1466875087844": {
                    "type": "aws_iam_role_policy",
                    "depends_on": [],
                    "primary": {
                        "id": "lambda_basic_execution:oneClick_lambda_basic_execution_1466875087844",
                        "attributes": {
                            "id": "lambda_basic_execution:oneClick_lambda_basic_execution_1466875087844",
                            "name": "oneClick_lambda_basic_execution_1466875087844",
                            "policy": "{\n  \"Version\": \"2012-10-17\",\n  \"Statement\": [\n    {\n      \"Effect\": \"Allow\",\n      \"Action\": [\n        \"logs:CreateLogGroup\",\n        \"logs:CreateLogStream\",\n        \"logs:PutLogEvents\"\n      ],\n      \"Resource\": \"arn:aws:logs:*:*:*\"\n    }\n  ]\n}",
                            "role": "lambda_basic_execution"
                        },
                        "meta": {
                            "schema_version": 0
                        },
                        "tainted": false
                    },
                    "deposed": [],
                    "provider": "provider.aws"
                },
                "aws_iam_role_policy.tfer--lambda_basic_execution_oneClick_lambda_basic_execution_1467668823983": {
                    "type": "aws_iam_role_policy",
                    "depends_on": [],
                    "primary": {
                        "id": "lambda_basic_execution:oneClick_lambda_basic_execution_1467668823983",
                        "attributes": {
                            "id": "lambda_basic_execution:oneClick_lambda_basic_execution_1467668823983",
                            "name": "oneClick_lambda_basic_execution_1467668823983",
                            "policy": "{\n  \"Version\": \"2012-10-17\",\n  \"Statement\": [\n    {\n      \"Effect\": \"Allow\",\n      \"Action\": [\n        \"logs:CreateLogGroup\",\n        \"logs:CreateLogStream\",\n        \"logs:PutLogEvents\"\n      ],\n      \"Resource\": \"arn:aws:logs:*:*:*\"\n    }\n  ]\n}",
                            "role": "lambda_basic_execution"
                        },
                        "meta": {
                            "schema_version": 0
                        },
                        "tainted": false
                    },
                    "deposed": [],
                    "provider": "provider.aws"
                },
                "aws_iam_role_policy.tfer--lambda_basic_execution_oneClick_lambda_basic_execution_1467818312602": {
                    "type": "aws_iam_role_policy",
                    "depends_on": [],
                    "primary": {
                        "id": "lambda_basic_execution:oneClick_lambda_basic_execution_1467818312602",
                        "attributes": {
                            "id": "lambda_basic_execution:oneClick_lambda_basic_execution_1467818312602",
                            "name": "oneClick_lambda_basic_execution_1467818312602",
                            "policy": "{\n  \"Version\": \"2012-10-17\",\n  \"Statement\": [\n    {\n      \"Effect\": \"Allow\",\n      \"Action\": [\n        \"logs:CreateLogGroup\",\n        \"logs:CreateLogStream\",\n        \"logs:PutLogEvents\"\n      ],\n      \"Resource\": \"arn:aws:logs:*:*:*\"\n    }\n  ]\n}",
                            "role": "lambda_basic_execution"
                        },
                        "meta": {
                            "schema_version": 0
                        },
                        "tainted": false
                    },
                    "deposed": [],
                    "provider": "provider.aws"
                },
                "aws_iam_role_policy.tfer--lambda_basic_vpc_execution_oneClick_lambda_basic_vpc_execution_1465485162643": {
                    "type": "aws_iam_role_policy",
                    "depends_on": [],
                    "primary": {
                        "id": "lambda_basic_vpc_execution:oneClick_lambda_basic_vpc_execution_1465485162643",
                        "attributes": {
                            "id": "lambda_basic_vpc_execution:oneClick_lambda_basic_vpc_execution_1465485162643",
                            "name": "oneClick_lambda_basic_vpc_execution_1465485162643",
                            "policy": "{\n  \"Version\": \"2012-10-17\",\n  \"Statement\": [\n    {\n      \"Effect\": \"Allow\",\n      \"Action\": [\n        \"logs:CreateLogGroup\",\n        \"logs:CreateLogStream\",\n        \"logs:PutLogEvents\"\n      ],\n      \"Resource\": \"arn:aws:logs:*:*:*\"\n    },\n    {\n      \"Effect\": \"Allow\",\n      \"Action\": [\n        \"ec2:CreateNetworkInterface\",\n        \"ec2:DescribeNetworkInterfaces\",\n        \"ec2:DetachNetworkInterface\",\n        \"ec2:DeleteNetworkInterface\"\n      ],\n      \"Resource\": \"*\"\n    }\n  ]\n}",
                            "role": "lambda_basic_vpc_execution"
                        },
                        "meta": {
                            "schema_version": 0
                        },
                        "tainted": false
                    },
                    "deposed": [],
                    "provider": "provider.aws"
                },
                "aws_iam_role_policy.tfer--lambda_plumber_role_oneClick_lambda_basic_execution_1467819001540": {
                    "type": "aws_iam_role_policy",
                    "depends_on": [],
                    "primary": {
                        "id": "lambda_plumber_role:oneClick_lambda_basic_execution_1467819001540",
                        "attributes": {
                            "id": "lambda_plumber_role:oneClick_lambda_basic_execution_1467819001540",
                            "name": "oneClick_lambda_basic_execution_1467819001540",
                            "policy": "{\n  \"Version\": \"2012-10-17\",\n  \"Statement\": [\n    {\n      \"Effect\": \"Allow\",\n      \"Action\": [\n        \"lambda:InvokeFunction\"\n      ],\n      \"Resource\": [\n        \"*\"\n      ]\n    },\n    {\n      \"Effect\": \"Allow\",\n      \"Action\": [\n        \"kinesis:GetRecords\",\n        \"kinesis:GetShardIterator\",\n        \"kinesis:DescribeStream\",\n        \"kinesis:ListStreams\",\n        \"logs:CreateLogGroup\",\n        \"logs:CreateLogStream\",\n        \"logs:PutLogEvents\"\n      ],\n      \"Resource\": \"*\"\n    }\n  ]\n}",
                            "role": "lambda_plumber_role"
                        },
                        "meta": {
                            "schema_version": 0
                        },
                        "tainted": false
                    },
                    "deposed": [],
                    "provider": "provider.aws"
                },
                "aws_iam_role_policy.tfer--lambda_plumber_role_oneClick_lambda_plumber_role_1467819208256": {
                    "type": "aws_iam_role_policy",
                    "depends_on": [],
                    "primary": {
                        "id": "lambda_plumber_role:oneClick_lambda_plumber_role_1467819208256",
                        "attributes": {
                            "id": "lambda_plumber_role:oneClick_lambda_plumber_role_1467819208256",
                            "name": "oneClick_lambda_plumber_role_1467819208256",
                            "policy": "{\n  \"Version\": \"2012-10-17\",\n  \"Statement\": [\n    {\n      \"Effect\": \"Allow\",\n      \"Action\": [\n        \"lambda:InvokeFunction\"\n      ],\n      \"Resource\": [\n        \"*\"\n      ]\n    },\n    {\n      \"Effect\": \"Allow\",\n      \"Action\": [\n        \"kinesis:GetRecords\",\n        \"kinesis:GetShardIterator\",\n        \"kinesis:DescribeStream\",\n        \"kinesis:ListStreams\",\n        \"logs:CreateLogGroup\",\n        \"logs:CreateLogStream\",\n        \"logs:PutLogEvents\"\n      ],\n      \"Resource\": \"*\"\n    }\n  ]\n}",
                            "role": "lambda_plumber_role"
                        },
                        "meta": {
                            "schema_version": 0
                        },
                        "tainted": false
                    },
                    "deposed": [],
                    "provider": "provider.aws"
                },
                "aws_iam_role_policy.tfer--sean-dev-us-east-1-lambdaRole_sean-dev-lambda": {
                    "type": "aws_iam_role_policy",
                    "depends_on": [],
                    "primary": {
                        "id": "sean-dev-us-east-1-lambdaRole:sean-dev-lambda",
                        "attributes": {
                            "id": "sean-dev-us-east-1-lambdaRole:sean-dev-lambda",
                            "name": "sean-dev-lambda",
                            "policy": "{\"Version\":\"2012-10-17\",\"Statement\":[{\"Action\":[\"logs:CreateLogStream\",\"logs:CreateLogGroup\"],\"Resource\":[\"arn:aws:logs:us-east-1:894231352815:log-group:/aws/lambda/sean-dev*:*\"],\"Effect\":\"Allow\"},{\"Action\":[\"logs:PutLogEvents\"],\"Resource\":[\"arn:aws:logs:us-east-1:894231352815:log-group:/aws/lambda/sean-dev*:*:*\"],\"Effect\":\"Allow\"}]}",
                            "role": "sean-dev-us-east-1-lambdaRole"
                        },
                        "meta": {
                            "schema_version": 0
                        },
                        "tainted": false
                    },
                    "deposed": [],
                    "provider": "provider.aws"
                },
                "aws_iam_role_policy.tfer--test-bogus-totally-bogus-dev-us-east-1-lambdaRole_test-bogus-totally-bogus-dev-lambda": {
                    "type": "aws_iam_role_policy",
                    "depends_on": [],
                    "primary": {
                        "id": "test-bogus-totally-bogus-dev-us-east-1-lambdaRole:test-bogus-totally-bogus-dev-lambda",
                        "attributes": {
                            "id": "test-bogus-totally-bogus-dev-us-east-1-lambdaRole:test-bogus-totally-bogus-dev-lambda",
                            "name": "test-bogus-totally-bogus-dev-lambda",
                            "policy": "{\"Version\":\"2012-10-17\",\"Statement\":[{\"Action\":[\"logs:CreateLogStream\",\"logs:CreateLogGroup\"],\"Resource\":[\"arn:aws:logs:us-east-1:894231352815:log-group:/aws/lambda/test-bogus-totally-bogus-dev*:*\"],\"Effect\":\"Allow\"},{\"Action\":[\"logs:PutLogEvents\"],\"Resource\":[\"arn:aws:logs:us-east-1:894231352815:log-group:/aws/lambda/test-bogus-totally-bogus-dev*:*:*\"],\"Effect\":\"Allow\"}]}",
                            "role": "test-bogus-totally-bogus-dev-us-east-1-lambdaRole"
                        },
                        "meta": {
                            "schema_version": 0
                        },
                        "tainted": false
                    },
                    "deposed": [],
                    "provider": "provider.aws"
                },
                "aws_iam_role_policy.tfer--test-dev-us-east-1-lambdaRole_test-dev-lambda": {
                    "type": "aws_iam_role_policy",
                    "depends_on": [],
                    "primary": {
                        "id": "test-dev-us-east-1-lambdaRole:test-dev-lambda",
                        "attributes": {
                            "id": "test-dev-us-east-1-lambdaRole:test-dev-lambda",
                            "name": "test-dev-lambda",
                            "policy": "{\"Version\":\"2012-10-17\",\"Statement\":[{\"Action\":[\"logs:CreateLogStream\",\"logs:CreateLogGroup\"],\"Resource\":[\"arn:aws:logs:us-east-1:894231352815:log-group:/aws/lambda/test-dev*:*\"],\"Effect\":\"Allow\"},{\"Action\":[\"logs:PutLogEvents\"],\"Resource\":[\"arn:aws:logs:us-east-1:894231352815:log-group:/aws/lambda/test-dev*:*:*\"],\"Effect\":\"Allow\"}]}",
                            "role": "test-dev-us-east-1-lambdaRole"
                        },
                        "meta": {
                            "schema_version": 0
                        },
                        "tainted": false
                    },
                    "deposed": [],
                    "provider": "provider.aws"
                },
                "aws_iam_role_policy_attachment.tfer--AWSCodePipelineServiceRole-us-east-1-admin-preprod_AWSCodePipelineServiceRole-us-east-1-admin-preprod": {
                    "type": "aws_iam_role_policy_attachment",
                    "depends_on": [],
                    "primary": {
                        "id": "AWSCodePipelineServiceRole-us-east-1-admin-preprod/arn:aws:iam::894231352815:policy/service-role/AWSCodePipelineServiceRole-us-east-1-admin-preprod",
                        "attributes": {
                            "id": "AWSCodePipelineServiceRole-us-east-1-admin-preprod/arn:aws:iam::894231352815:policy/service-role/AWSCodePipelineServiceRole-us-east-1-admin-preprod",
                            "policy_arn": "arn:aws:iam::894231352815:policy/service-role/AWSCodePipelineServiceRole-us-east-1-admin-preprod",
                            "role": "AWSCodePipelineServiceRole-us-east-1-admin-preprod"
                        },
                        "meta": {
                            "schema_version": 0
                        },
                        "tainted": false
                    },
                    "deposed": [],
                    "provider": "provider.aws"
                },
                "aws_iam_role_policy_attachment.tfer--AWSCodePipelineServiceRole-us-east-1-admin-prod_AWSCodePipelineServiceRole-us-east-1-admin-prod": {
                    "type": "aws_iam_role_policy_attachment",
                    "depends_on": [],
                    "primary": {
                        "id": "AWSCodePipelineServiceRole-us-east-1-admin-prod/arn:aws:iam::894231352815:policy/service-role/AWSCodePipelineServiceRole-us-east-1-admin-prod",
                        "attributes": {
                            "id": "AWSCodePipelineServiceRole-us-east-1-admin-prod/arn:aws:iam::894231352815:policy/service-role/AWSCodePipelineServiceRole-us-east-1-admin-prod",
                            "policy_arn": "arn:aws:iam::894231352815:policy/service-role/AWSCodePipelineServiceRole-us-east-1-admin-prod",
                            "role": "AWSCodePipelineServiceRole-us-east-1-admin-prod"
                        },
                        "meta": {
                            "schema_version": 0
                        },
                        "tainted": false
                    },
                    "deposed": [],
                    "provider": "provider.aws"
                },
                "aws_iam_role_policy_attachment.tfer--AWSCodePipelineServiceRole-us-east-1-admin-qa_AWSCodePipelineServiceRole-us-east-1-admin-qa": {
                    "type": "aws_iam_role_policy_attachment",
                    "depends_on": [],
                    "primary": {
                        "id": "AWSCodePipelineServiceRole-us-east-1-admin-qa/arn:aws:iam::894231352815:policy/service-role/AWSCodePipelineServiceRole-us-east-1-admin-qa",
                        "attributes": {
                            "id": "AWSCodePipelineServiceRole-us-east-1-admin-qa/arn:aws:iam::894231352815:policy/service-role/AWSCodePipelineServiceRole-us-east-1-admin-qa",
                            "policy_arn": "arn:aws:iam::894231352815:policy/service-role/AWSCodePipelineServiceRole-us-east-1-admin-qa",
                            "role": "AWSCodePipelineServiceRole-us-east-1-admin-qa"
                        },
                        "meta": {
                            "schema_version": 0
                        },
                        "tainted": false
                    },
                    "deposed": [],
                    "provider": "provider.aws"
                },
                "aws_iam_role_policy_attachment.tfer--AWSCodePipelineServiceRole-us-east-1-api-preprod-admin_AWSCodePipelineServiceRole-us-east-1-api-preprod-admin": {
                    "type": "aws_iam_role_policy_attachment",
                    "depends_on": [],
                    "primary": {
                        "id": "AWSCodePipelineServiceRole-us-east-1-api-preprod-admin/arn:aws:iam::894231352815:policy/service-role/AWSCodePipelineServiceRole-us-east-1-api-preprod-admin",
                        "attributes": {
                            "id": "AWSCodePipelineServiceRole-us-east-1-api-preprod-admin/arn:aws:iam::894231352815:policy/service-role/AWSCodePipelineServiceRole-us-east-1-api-preprod-admin",
                            "policy_arn": "arn:aws:iam::894231352815:policy/service-role/AWSCodePipelineServiceRole-us-east-1-api-preprod-admin",
                            "role": "AWSCodePipelineServiceRole-us-east-1-api-preprod-admin"
                        },
                        "meta": {
                            "schema_version": 0
                        },
                        "tainted": false
                    },
                    "deposed": [],
                    "provider": "provider.aws"
                },
                "aws_iam_role_policy_attachment.tfer--AWSCodePipelineServiceRole-us-east-1-api-preprod_AWSCodePipelineServiceRole-us-east-1-api-preprod": {
                    "type": "aws_iam_role_policy_attachment",
                    "depends_on": [],
                    "primary": {
                        "id": "AWSCodePipelineServiceRole-us-east-1-api-preprod/arn:aws:iam::894231352815:policy/service-role/AWSCodePipelineServiceRole-us-east-1-api-preprod",
                        "attributes": {
                            "id": "AWSCodePipelineServiceRole-us-east-1-api-preprod/arn:aws:iam::894231352815:policy/service-role/AWSCodePipelineServiceRole-us-east-1-api-preprod",
                            "policy_arn": "arn:aws:iam::894231352815:policy/service-role/AWSCodePipelineServiceRole-us-east-1-api-preprod",
                            "role": "AWSCodePipelineServiceRole-us-east-1-api-preprod"
                        },
                        "meta": {
                            "schema_version": 0
                        },
                        "tainted": false
                    },
                    "deposed": [],
                    "provider": "provider.aws"
                },
                "aws_iam_role_policy_attachment.tfer--AWSCodePipelineServiceRole-us-east-1-api-prod-admin_AWSCodePipelineServiceRole-us-east-1-api-prod-admin": {
                    "type": "aws_iam_role_policy_attachment",
                    "depends_on": [],
                    "primary": {
                        "id": "AWSCodePipelineServiceRole-us-east-1-api-prod-admin/arn:aws:iam::894231352815:policy/service-role/AWSCodePipelineServiceRole-us-east-1-api-prod-admin",
                        "attributes": {
                            "id": "AWSCodePipelineServiceRole-us-east-1-api-prod-admin/arn:aws:iam::894231352815:policy/service-role/AWSCodePipelineServiceRole-us-east-1-api-prod-admin",
                            "policy_arn": "arn:aws:iam::894231352815:policy/service-role/AWSCodePipelineServiceRole-us-east-1-api-prod-admin",
                            "role": "AWSCodePipelineServiceRole-us-east-1-api-prod-admin"
                        },
                        "meta": {
                            "schema_version": 0
                        },
                        "tainted": false
                    },
                    "deposed": [],
                    "provider": "provider.aws"
                },
                "aws_iam_role_policy_attachment.tfer--AWSCodePipelineServiceRole-us-east-1-api-prod_AWSCodePipelineServiceRole-us-east-1-api-prod": {
                    "type": "aws_iam_role_policy_attachment",
                    "depends_on": [],
                    "primary": {
                        "id": "AWSCodePipelineServiceRole-us-east-1-api-prod/arn:aws:iam::894231352815:policy/service-role/AWSCodePipelineServiceRole-us-east-1-api-prod",
                        "attributes": {
                            "id": "AWSCodePipelineServiceRole-us-east-1-api-prod/arn:aws:iam::894231352815:policy/service-role/AWSCodePipelineServiceRole-us-east-1-api-prod",
                            "policy_arn": "arn:aws:iam::894231352815:policy/service-role/AWSCodePipelineServiceRole-us-east-1-api-prod",
                            "role": "AWSCodePipelineServiceRole-us-east-1-api-prod"
                        },
                        "meta": {
                            "schema_version": 0
                        },
                        "tainted": false
                    },
                    "deposed": [],
                    "provider": "provider.aws"
                },
                "aws_iam_role_policy_attachment.tfer--AWSCodePipelineServiceRole-us-east-1-api-qa_AWSCodePipelineServiceRole-us-east-1-api-qa": {
                    "type": "aws_iam_role_policy_attachment",
                    "depends_on": [],
                    "primary": {
                        "id": "AWSCodePipelineServiceRole-us-east-1-api-qa/arn:aws:iam::894231352815:policy/service-role/AWSCodePipelineServiceRole-us-east-1-api-qa",
                        "attributes": {
                            "id": "AWSCodePipelineServiceRole-us-east-1-api-qa/arn:aws:iam::894231352815:policy/service-role/AWSCodePipelineServiceRole-us-east-1-api-qa",
                            "policy_arn": "arn:aws:iam::894231352815:policy/service-role/AWSCodePipelineServiceRole-us-east-1-api-qa",
                            "role": "AWSCodePipelineServiceRole-us-east-1-api-qa"
                        },
                        "meta": {
                            "schema_version": 0
                        },
                        "tainted": false
                    },
                    "deposed": [],
                    "provider": "provider.aws"
                },
                "aws_iam_role_policy_attachment.tfer--AWSCodePipelineServiceRole-us-east-1-arclight-api-qa_AWSCodePipelineServiceRole-us-east-1-arclight-api-qa": {
                    "type": "aws_iam_role_policy_attachment",
                    "depends_on": [],
                    "primary": {
                        "id": "AWSCodePipelineServiceRole-us-east-1-arclight-api-qa/arn:aws:iam::894231352815:policy/service-role/AWSCodePipelineServiceRole-us-east-1-arclight-api-qa",
                        "attributes": {
                            "id": "AWSCodePipelineServiceRole-us-east-1-arclight-api-qa/arn:aws:iam::894231352815:policy/service-role/AWSCodePipelineServiceRole-us-east-1-arclight-api-qa",
                            "policy_arn": "arn:aws:iam::894231352815:policy/service-role/AWSCodePipelineServiceRole-us-east-1-arclight-api-qa",
                            "role": "AWSCodePipelineServiceRole-us-east-1-arclight-api-qa"
                        },
                        "meta": {
                            "schema_version": 0
                        },
                        "tainted": false
                    },
                    "deposed": [],
                    "provider": "provider.aws"
                },
                "aws_iam_role_policy_attachment.tfer--AWSCodePipelineServiceRole-us-east-1-import-preprod_AWSCodePipelineServiceRole-us-east-1-import-preprod": {
                    "type": "aws_iam_role_policy_attachment",
                    "depends_on": [],
                    "primary": {
                        "id": "AWSCodePipelineServiceRole-us-east-1-import-preprod/arn:aws:iam::894231352815:policy/service-role/AWSCodePipelineServiceRole-us-east-1-import-preprod",
                        "attributes": {
                            "id": "AWSCodePipelineServiceRole-us-east-1-import-preprod/arn:aws:iam::894231352815:policy/service-role/AWSCodePipelineServiceRole-us-east-1-import-preprod",
                            "policy_arn": "arn:aws:iam::894231352815:policy/service-role/AWSCodePipelineServiceRole-us-east-1-import-preprod",
                            "role": "AWSCodePipelineServiceRole-us-east-1-import-preprod"
                        },
                        "meta": {
                            "schema_version": 0
                        },
                        "tainted": false
                    },
                    "deposed": [],
                    "provider": "provider.aws"
                },
                "aws_iam_role_policy_attachment.tfer--AWSCodePipelineServiceRole-us-east-1-import-prod_AWSCodePipelineServiceRole-us-east-1-import-prod": {
                    "type": "aws_iam_role_policy_attachment",
                    "depends_on": [],
                    "primary": {
                        "id": "AWSCodePipelineServiceRole-us-east-1-import-prod/arn:aws:iam::894231352815:policy/service-role/AWSCodePipelineServiceRole-us-east-1-import-prod",
                        "attributes": {
                            "id": "AWSCodePipelineServiceRole-us-east-1-import-prod/arn:aws:iam::894231352815:policy/service-role/AWSCodePipelineServiceRole-us-east-1-import-prod",
                            "policy_arn": "arn:aws:iam::894231352815:policy/service-role/AWSCodePipelineServiceRole-us-east-1-import-prod",
                            "role": "AWSCodePipelineServiceRole-us-east-1-import-prod"
                        },
                        "meta": {
                            "schema_version": 0
                        },
                        "tainted": false
                    },
                    "deposed": [],
                    "provider": "provider.aws"
                },
                "aws_iam_role_policy_attachment.tfer--AWSCodePipelineServiceRole-us-east-1-import-qa_AWSCodePipelineServiceRole-us-east-1-import-qa": {
                    "type": "aws_iam_role_policy_attachment",
                    "depends_on": [],
                    "primary": {
                        "id": "AWSCodePipelineServiceRole-us-east-1-import-qa/arn:aws:iam::894231352815:policy/service-role/AWSCodePipelineServiceRole-us-east-1-import-qa",
                        "attributes": {
                            "id": "AWSCodePipelineServiceRole-us-east-1-import-qa/arn:aws:iam::894231352815:policy/service-role/AWSCodePipelineServiceRole-us-east-1-import-qa",
                            "policy_arn": "arn:aws:iam::894231352815:policy/service-role/AWSCodePipelineServiceRole-us-east-1-import-qa",
                            "role": "AWSCodePipelineServiceRole-us-east-1-import-qa"
                        },
                        "meta": {
                            "schema_version": 0
                        },
                        "tainted": false
                    },
                    "deposed": [],
                    "provider": "provider.aws"
                },
                "aws_iam_role_policy_attachment.tfer--AWSGlueServiceRole-Arclight-RDS-prod_AWSGlueServiceRole": {
                    "type": "aws_iam_role_policy_attachment",
                    "depends_on": [],
                    "primary": {
                        "id": "AWSGlueServiceRole-Arclight-RDS-prod/arn:aws:iam::aws:policy/service-role/AWSGlueServiceRole",
                        "attributes": {
                            "id": "AWSGlueServiceRole-Arclight-RDS-prod/arn:aws:iam::aws:policy/service-role/AWSGlueServiceRole",
                            "policy_arn": "arn:aws:iam::aws:policy/service-role/AWSGlueServiceRole",
                            "role": "AWSGlueServiceRole-Arclight-RDS-prod"
                        },
                        "meta": {
                            "schema_version": 0
                        },
                        "tainted": false
                    },
                    "deposed": [],
                    "provider": "provider.aws"
                },
                "aws_iam_role_policy_attachment.tfer--AWSGlueServiceRole-Arclight-RDS-prod_AmazonRDSDataFullAccess": {
                    "type": "aws_iam_role_policy_attachment",
                    "depends_on": [],
                    "primary": {
                        "id": "AWSGlueServiceRole-Arclight-RDS-prod/arn:aws:iam::aws:policy/AmazonRDSDataFullAccess",
                        "attributes": {
                            "id": "AWSGlueServiceRole-Arclight-RDS-prod/arn:aws:iam::aws:policy/AmazonRDSDataFullAccess",
                            "policy_arn": "arn:aws:iam::aws:policy/AmazonRDSDataFullAccess",
                            "role": "AWSGlueServiceRole-Arclight-RDS-prod"
                        },
                        "meta": {
                            "schema_version": 0
                        },
                        "tainted": false
                    },
                    "deposed": [],
                    "provider": "provider.aws"
                },
                "aws_iam_role_policy_attachment.tfer--AWSGlueServiceRole-JFP-DW-Prod-play_AWSGlueServiceRole": {
                    "type": "aws_iam_role_policy_attachment",
                    "depends_on": [],
                    "primary": {
                        "id": "AWSGlueServiceRole-JFP-DW-Prod-play/arn:aws:iam::aws:policy/service-role/AWSGlueServiceRole",
                        "attributes": {
                            "id": "AWSGlueServiceRole-JFP-DW-Prod-play/arn:aws:iam::aws:policy/service-role/AWSGlueServiceRole",
                            "policy_arn": "arn:aws:iam::aws:policy/service-role/AWSGlueServiceRole",
                            "role": "AWSGlueServiceRole-JFP-DW-Prod-play"
                        },
                        "meta": {
                            "schema_version": 0
                        },
                        "tainted": false
                    },
                    "deposed": [],
                    "provider": "provider.aws"
                },
                "aws_iam_role_policy_attachment.tfer--AWSGlueServiceRole-JFP-DW-Prod-play_AWSGlueServiceRole-JFP-DW-Prod-play": {
                    "type": "aws_iam_role_policy_attachment",
                    "depends_on": [],
                    "primary": {
                        "id": "AWSGlueServiceRole-JFP-DW-Prod-play/arn:aws:iam::894231352815:policy/service-role/AWSGlueServiceRole-JFP-DW-Prod-play",
                        "attributes": {
                            "id": "AWSGlueServiceRole-JFP-DW-Prod-play/arn:aws:iam::894231352815:policy/service-role/AWSGlueServiceRole-JFP-DW-Prod-play",
                            "policy_arn": "arn:aws:iam::894231352815:policy/service-role/AWSGlueServiceRole-JFP-DW-Prod-play",
                            "role": "AWSGlueServiceRole-JFP-DW-Prod-play"
                        },
                        "meta": {
                            "schema_version": 0
                        },
                        "tainted": false
                    },
                    "deposed": [],
                    "provider": "provider.aws"
                },
                "aws_iam_role_policy_attachment.tfer--AWSReservedSSO_devops-engineering_41bbd67f6714fe63_SecurityAudit": {
                    "type": "aws_iam_role_policy_attachment",
                    "depends_on": [],
                    "primary": {
                        "id": "AWSReservedSSO_devops-engineering_41bbd67f6714fe63/arn:aws:iam::aws:policy/SecurityAudit",
                        "attributes": {
                            "id": "AWSReservedSSO_devops-engineering_41bbd67f6714fe63/arn:aws:iam::aws:policy/SecurityAudit",
                            "policy_arn": "arn:aws:iam::aws:policy/SecurityAudit",
                            "role": "AWSReservedSSO_devops-engineering_41bbd67f6714fe63"
                        },
                        "meta": {
                            "schema_version": 0
                        },
                        "tainted": false
                    },
                    "deposed": [],
                    "provider": "provider.aws"
                },
                "aws_iam_role_policy_attachment.tfer--AWSReservedSSO_devops-engineering_41bbd67f6714fe63_ViewOnlyAccess": {
                    "type": "aws_iam_role_policy_attachment",
                    "depends_on": [],
                    "primary": {
                        "id": "AWSReservedSSO_devops-engineering_41bbd67f6714fe63/arn:aws:iam::aws:policy/job-function/ViewOnlyAccess",
                        "attributes": {
                            "id": "AWSReservedSSO_devops-engineering_41bbd67f6714fe63/arn:aws:iam::aws:policy/job-function/ViewOnlyAccess",
                            "policy_arn": "arn:aws:iam::aws:policy/job-function/ViewOnlyAccess",
                            "role": "AWSReservedSSO_devops-engineering_41bbd67f6714fe63"
                        },
                        "meta": {
                            "schema_version": 0
                        },
                        "tainted": false
                    },
                    "deposed": [],
                    "provider": "provider.aws"
                },
                "aws_iam_role_policy_attachment.tfer--AWSReservedSSO_google-migrations-admin_7282bdac0a32df41_CloudWatchReadOnlyAccess": {
                    "type": "aws_iam_role_policy_attachment",
                    "depends_on": [],
                    "primary": {
                        "id": "AWSReservedSSO_google-migrations-admin_7282bdac0a32df41/arn:aws:iam::aws:policy/CloudWatchReadOnlyAccess",
                        "attributes": {
                            "id": "AWSReservedSSO_google-migrations-admin_7282bdac0a32df41/arn:aws:iam::aws:policy/CloudWatchReadOnlyAccess",
                            "policy_arn": "arn:aws:iam::aws:policy/CloudWatchReadOnlyAccess",
                            "role": "AWSReservedSSO_google-migrations-admin_7282bdac0a32df41"
                        },
                        "meta": {
                            "schema_version": 0
                        },
                        "tainted": false
                    },
                    "deposed": [],
                    "provider": "provider.aws"
                },
                "aws_iam_role_policy_attachment.tfer--AWSReservedSSO_network-engineering_40e4bc0151e285d5_AWSCloudTrail_FullAccess": {
                    "type": "aws_iam_role_policy_attachment",
                    "depends_on": [],
                    "primary": {
                        "id": "AWSReservedSSO_network-engineering_40e4bc0151e285d5/arn:aws:iam::aws:policy/AWSCloudTrail_FullAccess",
                        "attributes": {
                            "id": "AWSReservedSSO_network-engineering_40e4bc0151e285d5/arn:aws:iam::aws:policy/AWSCloudTrail_FullAccess",
                            "policy_arn": "arn:aws:iam::aws:policy/AWSCloudTrail_FullAccess",
                            "role": "AWSReservedSSO_network-engineering_40e4bc0151e285d5"
                        },
                        "meta": {
                            "schema_version": 0
                        },
                        "tainted": false
                    },
                    "deposed": [],
                    "provider": "provider.aws"
                },
                "aws_iam_role_policy_attachment.tfer--AWSReservedSSO_network-engineering_40e4bc0151e285d5_AWSDirectConnectFullAccess": {
                    "type": "aws_iam_role_policy_attachment",
                    "depends_on": [],
                    "primary": {
                        "id": "AWSReservedSSO_network-engineering_40e4bc0151e285d5/arn:aws:iam::aws:policy/AWSDirectConnectFullAccess",
                        "attributes": {
                            "id": "AWSReservedSSO_network-engineering_40e4bc0151e285d5/arn:aws:iam::aws:policy/AWSDirectConnectFullAccess",
                            "policy_arn": "arn:aws:iam::aws:policy/AWSDirectConnectFullAccess",
                            "role": "AWSReservedSSO_network-engineering_40e4bc0151e285d5"
                        },
                        "meta": {
                            "schema_version": 0
                        },
                        "tainted": false
                    },
                    "deposed": [],
                    "provider": "provider.aws"
                },
                "aws_iam_role_policy_attachment.tfer--AWSReservedSSO_network-engineering_40e4bc0151e285d5_AWSNetworkManagerReadOnlyAccess": {
                    "type": "aws_iam_role_policy_attachment",
                    "depends_on": [],
                    "primary": {
                        "id": "AWSReservedSSO_network-engineering_40e4bc0151e285d5/arn:aws:iam::aws:policy/AWSNetworkManagerReadOnlyAccess",
                        "attributes": {
                            "id": "AWSReservedSSO_network-engineering_40e4bc0151e285d5/arn:aws:iam::aws:policy/AWSNetworkManagerReadOnlyAccess",
                            "policy_arn": "arn:aws:iam::aws:policy/AWSNetworkManagerReadOnlyAccess",
                            "role": "AWSReservedSSO_network-engineering_40e4bc0151e285d5"
                        },
                        "meta": {
                            "schema_version": 0
                        },
                        "tainted": false
                    },
                    "deposed": [],
                    "provider": "provider.aws"
                },
                "aws_iam_role_policy_attachment.tfer--AWSReservedSSO_network-engineering_40e4bc0151e285d5_AWSSupportAccess": {
                    "type": "aws_iam_role_policy_attachment",
                    "depends_on": [],
                    "primary": {
                        "id": "AWSReservedSSO_network-engineering_40e4bc0151e285d5/arn:aws:iam::aws:policy/AWSSupportAccess",
                        "attributes": {
                            "id": "AWSReservedSSO_network-engineering_40e4bc0151e285d5/arn:aws:iam::aws:policy/AWSSupportAccess",
                            "policy_arn": "arn:aws:iam::aws:policy/AWSSupportAccess",
                            "role": "AWSReservedSSO_network-engineering_40e4bc0151e285d5"
                        },
                        "meta": {
                            "schema_version": 0
                        },
                        "tainted": false
                    },
                    "deposed": [],
                    "provider": "provider.aws"
                },
                "aws_iam_role_policy_attachment.tfer--AWSReservedSSO_network-engineering_40e4bc0151e285d5_AmazonEC2ReadOnlyAccess": {
                    "type": "aws_iam_role_policy_attachment",
                    "depends_on": [],
                    "primary": {
                        "id": "AWSReservedSSO_network-engineering_40e4bc0151e285d5/arn:aws:iam::aws:policy/AmazonEC2ReadOnlyAccess",
                        "attributes": {
                            "id": "AWSReservedSSO_network-engineering_40e4bc0151e285d5/arn:aws:iam::aws:policy/AmazonEC2ReadOnlyAccess",
                            "policy_arn": "arn:aws:iam::aws:policy/AmazonEC2ReadOnlyAccess",
                            "role": "AWSReservedSSO_network-engineering_40e4bc0151e285d5"
                        },
                        "meta": {
                            "schema_version": 0
                        },
                        "tainted": false
                    },
                    "deposed": [],
                    "provider": "provider.aws"
                },
                "aws_iam_role_policy_attachment.tfer--AWSReservedSSO_network-engineering_40e4bc0151e285d5_AmazonRoute53ReadOnlyAccess": {
                    "type": "aws_iam_role_policy_attachment",
                    "depends_on": [],
                    "primary": {
                        "id": "AWSReservedSSO_network-engineering_40e4bc0151e285d5/arn:aws:iam::aws:policy/AmazonRoute53ReadOnlyAccess",
                        "attributes": {
                            "id": "AWSReservedSSO_network-engineering_40e4bc0151e285d5/arn:aws:iam::aws:policy/AmazonRoute53ReadOnlyAccess",
                            "policy_arn": "arn:aws:iam::aws:policy/AmazonRoute53ReadOnlyAccess",
                            "role": "AWSReservedSSO_network-engineering_40e4bc0151e285d5"
                        },
                        "meta": {
                            "schema_version": 0
                        },
                        "tainted": false
                    },
                    "deposed": [],
                    "provider": "provider.aws"
                },
                "aws_iam_role_policy_attachment.tfer--AWSReservedSSO_network-engineering_40e4bc0151e285d5_AmazonVPCFullAccess": {
                    "type": "aws_iam_role_policy_attachment",
                    "depends_on": [],
                    "primary": {
                        "id": "AWSReservedSSO_network-engineering_40e4bc0151e285d5/arn:aws:iam::aws:policy/AmazonVPCFullAccess",
                        "attributes": {
                            "id": "AWSReservedSSO_network-engineering_40e4bc0151e285d5/arn:aws:iam::aws:policy/AmazonVPCFullAccess",
                            "policy_arn": "arn:aws:iam::aws:policy/AmazonVPCFullAccess",
                            "role": "AWSReservedSSO_network-engineering_40e4bc0151e285d5"
                        },
                        "meta": {
                            "schema_version": 0
                        },
                        "tainted": false
                    },
                    "deposed": [],
                    "provider": "provider.aws"
                },
                "aws_iam_role_policy_attachment.tfer--AWSReservedSSO_network-engineering_40e4bc0151e285d5_CloudWatchReadOnlyAccess": {
                    "type": "aws_iam_role_policy_attachment",
                    "depends_on": [],
                    "primary": {
                        "id": "AWSReservedSSO_network-engineering_40e4bc0151e285d5/arn:aws:iam::aws:policy/CloudWatchReadOnlyAccess",
                        "attributes": {
                            "id": "AWSReservedSSO_network-engineering_40e4bc0151e285d5/arn:aws:iam::aws:policy/CloudWatchReadOnlyAccess",
                            "policy_arn": "arn:aws:iam::aws:policy/CloudWatchReadOnlyAccess",
                            "role": "AWSReservedSSO_network-engineering_40e4bc0151e285d5"
                        },
                        "meta": {
                            "schema_version": 0
                        },
                        "tainted": false
                    },
                    "deposed": [],
                    "provider": "provider.aws"
                },
                "aws_iam_role_policy_attachment.tfer--AWSServiceRoleForAPIGateway_APIGatewayServiceRolePolicy": {
                    "type": "aws_iam_role_policy_attachment",
                    "depends_on": [],
                    "primary": {
                        "id": "AWSServiceRoleForAPIGateway/arn:aws:iam::aws:policy/aws-service-role/APIGatewayServiceRolePolicy",
                        "attributes": {
                            "id": "AWSServiceRoleForAPIGateway/arn:aws:iam::aws:policy/aws-service-role/APIGatewayServiceRolePolicy",
                            "policy_arn": "arn:aws:iam::aws:policy/aws-service-role/APIGatewayServiceRolePolicy",
                            "role": "AWSServiceRoleForAPIGateway"
                        },
                        "meta": {
                            "schema_version": 0
                        },
                        "tainted": false
                    },
                    "deposed": [],
                    "provider": "provider.aws"
                },
                "aws_iam_role_policy_attachment.tfer--AWSServiceRoleForAmazonEKSNodegroup_AWSServiceRoleForAmazonEKSNodegroup": {
                    "type": "aws_iam_role_policy_attachment",
                    "depends_on": [],
                    "primary": {
                        "id": "AWSServiceRoleForAmazonEKSNodegroup/arn:aws:iam::aws:policy/aws-service-role/AWSServiceRoleForAmazonEKSNodegroup",
                        "attributes": {
                            "id": "AWSServiceRoleForAmazonEKSNodegroup/arn:aws:iam::aws:policy/aws-service-role/AWSServiceRoleForAmazonEKSNodegroup",
                            "policy_arn": "arn:aws:iam::aws:policy/aws-service-role/AWSServiceRoleForAmazonEKSNodegroup",
                            "role": "AWSServiceRoleForAmazonEKSNodegroup"
                        },
                        "meta": {
                            "schema_version": 0
                        },
                        "tainted": false
                    },
                    "deposed": [],
                    "provider": "provider.aws"
                },
                "aws_iam_role_policy_attachment.tfer--AWSServiceRoleForAmazonEKS_AmazonEKSServiceRolePolicy": {
                    "type": "aws_iam_role_policy_attachment",
                    "depends_on": [],
                    "primary": {
                        "id": "AWSServiceRoleForAmazonEKS/arn:aws:iam::aws:policy/aws-service-role/AmazonEKSServiceRolePolicy",
                        "attributes": {
                            "id": "AWSServiceRoleForAmazonEKS/arn:aws:iam::aws:policy/aws-service-role/AmazonEKSServiceRolePolicy",
                            "policy_arn": "arn:aws:iam::aws:policy/aws-service-role/AmazonEKSServiceRolePolicy",
                            "role": "AWSServiceRoleForAmazonEKS"
                        },
                        "meta": {
                            "schema_version": 0
                        },
                        "tainted": false
                    },
                    "deposed": [],
                    "provider": "provider.aws"
                },
                "aws_iam_role_policy_attachment.tfer--AWSServiceRoleForAmazonElasticFileSystem_AmazonElasticFileSystemServiceRolePolicy": {
                    "type": "aws_iam_role_policy_attachment",
                    "depends_on": [],
                    "primary": {
                        "id": "AWSServiceRoleForAmazonElasticFileSystem/arn:aws:iam::aws:policy/aws-service-role/AmazonElasticFileSystemServiceRolePolicy",
                        "attributes": {
                            "id": "AWSServiceRoleForAmazonElasticFileSystem/arn:aws:iam::aws:policy/aws-service-role/AmazonElasticFileSystemServiceRolePolicy",
                            "policy_arn": "arn:aws:iam::aws:policy/aws-service-role/AmazonElasticFileSystemServiceRolePolicy",
                            "role": "AWSServiceRoleForAmazonElasticFileSystem"
                        },
                        "meta": {
                            "schema_version": 0
                        },
                        "tainted": false
                    },
                    "deposed": [],
                    "provider": "provider.aws"
                },
                "aws_iam_role_policy_attachment.tfer--AWSServiceRoleForAmazonElasticsearchService_AmazonElasticsearchServiceRolePolicy": {
                    "type": "aws_iam_role_policy_attachment",
                    "depends_on": [],
                    "primary": {
                        "id": "AWSServiceRoleForAmazonElasticsearchService/arn:aws:iam::aws:policy/aws-service-role/AmazonElasticsearchServiceRolePolicy",
                        "attributes": {
                            "id": "AWSServiceRoleForAmazonElasticsearchService/arn:aws:iam::aws:policy/aws-service-role/AmazonElasticsearchServiceRolePolicy",
                            "policy_arn": "arn:aws:iam::aws:policy/aws-service-role/AmazonElasticsearchServiceRolePolicy",
                            "role": "AWSServiceRoleForAmazonElasticsearchService"
                        },
                        "meta": {
                            "schema_version": 0
                        },
                        "tainted": false
                    },
                    "deposed": [],
                    "provider": "provider.aws"
                },
                "aws_iam_role_policy_attachment.tfer--AWSServiceRoleForAmazonOpenSearchService_AmazonOpenSearchServiceRolePolicy": {
                    "type": "aws_iam_role_policy_attachment",
                    "depends_on": [],
                    "primary": {
                        "id": "AWSServiceRoleForAmazonOpenSearchService/arn:aws:iam::aws:policy/aws-service-role/AmazonOpenSearchServiceRolePolicy",
                        "attributes": {
                            "id": "AWSServiceRoleForAmazonOpenSearchService/arn:aws:iam::aws:policy/aws-service-role/AmazonOpenSearchServiceRolePolicy",
                            "policy_arn": "arn:aws:iam::aws:policy/aws-service-role/AmazonOpenSearchServiceRolePolicy",
                            "role": "AWSServiceRoleForAmazonOpenSearchService"
                        },
                        "meta": {
                            "schema_version": 0
                        },
                        "tainted": false
                    },
                    "deposed": [],
                    "provider": "provider.aws"
                },
                "aws_iam_role_policy_attachment.tfer--AWSServiceRoleForAmazonSSM_AmazonSSMServiceRolePolicy": {
                    "type": "aws_iam_role_policy_attachment",
                    "depends_on": [],
                    "primary": {
                        "id": "AWSServiceRoleForAmazonSSM/arn:aws:iam::aws:policy/aws-service-role/AmazonSSMServiceRolePolicy",
                        "attributes": {
                            "id": "AWSServiceRoleForAmazonSSM/arn:aws:iam::aws:policy/aws-service-role/AmazonSSMServiceRolePolicy",
                            "policy_arn": "arn:aws:iam::aws:policy/aws-service-role/AmazonSSMServiceRolePolicy",
                            "role": "AWSServiceRoleForAmazonSSM"
                        },
                        "meta": {
                            "schema_version": 0
                        },
                        "tainted": false
                    },
                    "deposed": [],
                    "provider": "provider.aws"
                },
                "aws_iam_role_policy_attachment.tfer--AWSServiceRoleForApplicationAutoScaling_ECSService_AWSApplicationAutoscalingECSServicePolicy": {
                    "type": "aws_iam_role_policy_attachment",
                    "depends_on": [],
                    "primary": {
                        "id": "AWSServiceRoleForApplicationAutoScaling_ECSService/arn:aws:iam::aws:policy/aws-service-role/AWSApplicationAutoscalingECSServicePolicy",
                        "attributes": {
                            "id": "AWSServiceRoleForApplicationAutoScaling_ECSService/arn:aws:iam::aws:policy/aws-service-role/AWSApplicationAutoscalingECSServicePolicy",
                            "policy_arn": "arn:aws:iam::aws:policy/aws-service-role/AWSApplicationAutoscalingECSServicePolicy",
                            "role": "AWSServiceRoleForApplicationAutoScaling_ECSService"
                        },
                        "meta": {
                            "schema_version": 0
                        },
                        "tainted": false
                    },
                    "deposed": [],
                    "provider": "provider.aws"
                },
                "aws_iam_role_policy_attachment.tfer--AWSServiceRoleForAutoScaling_AutoScalingServiceRolePolicy": {
                    "type": "aws_iam_role_policy_attachment",
                    "depends_on": [],
                    "primary": {
                        "id": "AWSServiceRoleForAutoScaling/arn:aws:iam::aws:policy/aws-service-role/AutoScalingServiceRolePolicy",
                        "attributes": {
                            "id": "AWSServiceRoleForAutoScaling/arn:aws:iam::aws:policy/aws-service-role/AutoScalingServiceRolePolicy",
                            "policy_arn": "arn:aws:iam::aws:policy/aws-service-role/AutoScalingServiceRolePolicy",
                            "role": "AWSServiceRoleForAutoScaling"
                        },
                        "meta": {
                            "schema_version": 0
                        },
                        "tainted": false
                    },
                    "deposed": [],
                    "provider": "provider.aws"
                },
                "aws_iam_role_policy_attachment.tfer--AWSServiceRoleForBackup_AWSBackupServiceLinkedRolePolicyForBackup": {
                    "type": "aws_iam_role_policy_attachment",
                    "depends_on": [],
                    "primary": {
                        "id": "AWSServiceRoleForBackup/arn:aws:iam::aws:policy/aws-service-role/AWSBackupServiceLinkedRolePolicyForBackup",
                        "attributes": {
                            "id": "AWSServiceRoleForBackup/arn:aws:iam::aws:policy/aws-service-role/AWSBackupServiceLinkedRolePolicyForBackup",
                            "policy_arn": "arn:aws:iam::aws:policy/aws-service-role/AWSBackupServiceLinkedRolePolicyForBackup",
                            "role": "AWSServiceRoleForBackup"
                        },
                        "meta": {
                            "schema_version": 0
                        },
                        "tainted": false
                    },
                    "deposed": [],
                    "provider": "provider.aws"
                },
                "aws_iam_role_policy_attachment.tfer--AWSServiceRoleForCloudFrontLogger_AWSCloudFrontLogger": {
                    "type": "aws_iam_role_policy_attachment",
                    "depends_on": [],
                    "primary": {
                        "id": "AWSServiceRoleForCloudFrontLogger/arn:aws:iam::aws:policy/aws-service-role/AWSCloudFrontLogger",
                        "attributes": {
                            "id": "AWSServiceRoleForCloudFrontLogger/arn:aws:iam::aws:policy/aws-service-role/AWSCloudFrontLogger",
                            "policy_arn": "arn:aws:iam::aws:policy/aws-service-role/AWSCloudFrontLogger",
                            "role": "AWSServiceRoleForCloudFrontLogger"
                        },
                        "meta": {
                            "schema_version": 0
                        },
                        "tainted": false
                    },
                    "deposed": [],
                    "provider": "provider.aws"
                },
                "aws_iam_role_policy_attachment.tfer--AWSServiceRoleForCloudTrail_CloudTrailServiceRolePolicy": {
                    "type": "aws_iam_role_policy_attachment",
                    "depends_on": [],
                    "primary": {
                        "id": "AWSServiceRoleForCloudTrail/arn:aws:iam::aws:policy/aws-service-role/CloudTrailServiceRolePolicy",
                        "attributes": {
                            "id": "AWSServiceRoleForCloudTrail/arn:aws:iam::aws:policy/aws-service-role/CloudTrailServiceRolePolicy",
                            "policy_arn": "arn:aws:iam::aws:policy/aws-service-role/CloudTrailServiceRolePolicy",
                            "role": "AWSServiceRoleForCloudTrail"
                        },
                        "meta": {
                            "schema_version": 0
                        },
                        "tainted": false
                    },
                    "deposed": [],
                    "provider": "provider.aws"
                },
                "aws_iam_role_policy_attachment.tfer--AWSServiceRoleForECS_AmazonECSServiceRolePolicy": {
                    "type": "aws_iam_role_policy_attachment",
                    "depends_on": [],
                    "primary": {
                        "id": "AWSServiceRoleForECS/arn:aws:iam::aws:policy/aws-service-role/AmazonECSServiceRolePolicy",
                        "attributes": {
                            "id": "AWSServiceRoleForECS/arn:aws:iam::aws:policy/aws-service-role/AmazonECSServiceRolePolicy",
                            "policy_arn": "arn:aws:iam::aws:policy/aws-service-role/AmazonECSServiceRolePolicy",
                            "role": "AWSServiceRoleForECS"
                        },
                        "meta": {
                            "schema_version": 0
                        },
                        "tainted": false
                    },
                    "deposed": [],
                    "provider": "provider.aws"
                },
                "aws_iam_role_policy_attachment.tfer--AWSServiceRoleForEMRCleanup_AmazonEMRCleanupPolicy": {
                    "type": "aws_iam_role_policy_attachment",
                    "depends_on": [],
                    "primary": {
                        "id": "AWSServiceRoleForEMRCleanup/arn:aws:iam::aws:policy/aws-service-role/AmazonEMRCleanupPolicy",
                        "attributes": {
                            "id": "AWSServiceRoleForEMRCleanup/arn:aws:iam::aws:policy/aws-service-role/AmazonEMRCleanupPolicy",
                            "policy_arn": "arn:aws:iam::aws:policy/aws-service-role/AmazonEMRCleanupPolicy",
                            "role": "AWSServiceRoleForEMRCleanup"
                        },
                        "meta": {
                            "schema_version": 0
                        },
                        "tainted": false
                    },
                    "deposed": [],
                    "provider": "provider.aws"
                },
                "aws_iam_role_policy_attachment.tfer--AWSServiceRoleForElastiCache_ElastiCacheServiceRolePolicy": {
                    "type": "aws_iam_role_policy_attachment",
                    "depends_on": [],
                    "primary": {
                        "id": "AWSServiceRoleForElastiCache/arn:aws:iam::aws:policy/aws-service-role/ElastiCacheServiceRolePolicy",
                        "attributes": {
                            "id": "AWSServiceRoleForElastiCache/arn:aws:iam::aws:policy/aws-service-role/ElastiCacheServiceRolePolicy",
                            "policy_arn": "arn:aws:iam::aws:policy/aws-service-role/ElastiCacheServiceRolePolicy",
                            "role": "AWSServiceRoleForElastiCache"
                        },
                        "meta": {
                            "schema_version": 0
                        },
                        "tainted": false
                    },
                    "deposed": [],
                    "provider": "provider.aws"
                },
                "aws_iam_role_policy_attachment.tfer--AWSServiceRoleForElasticBeanstalk_AWSElasticBeanstalkServiceRolePolicy": {
                    "type": "aws_iam_role_policy_attachment",
                    "depends_on": [],
                    "primary": {
                        "id": "AWSServiceRoleForElasticBeanstalk/arn:aws:iam::aws:policy/aws-service-role/AWSElasticBeanstalkServiceRolePolicy",
                        "attributes": {
                            "id": "AWSServiceRoleForElasticBeanstalk/arn:aws:iam::aws:policy/aws-service-role/AWSElasticBeanstalkServiceRolePolicy",
                            "policy_arn": "arn:aws:iam::aws:policy/aws-service-role/AWSElasticBeanstalkServiceRolePolicy",
                            "role": "AWSServiceRoleForElasticBeanstalk"
                        },
                        "meta": {
                            "schema_version": 0
                        },
                        "tainted": false
                    },
                    "deposed": [],
                    "provider": "provider.aws"
                },
                "aws_iam_role_policy_attachment.tfer--AWSServiceRoleForElasticLoadBalancing_AWSElasticLoadBalancingServiceRolePolicy": {
                    "type": "aws_iam_role_policy_attachment",
                    "depends_on": [],
                    "primary": {
                        "id": "AWSServiceRoleForElasticLoadBalancing/arn:aws:iam::aws:policy/aws-service-role/AWSElasticLoadBalancingServiceRolePolicy",
                        "attributes": {
                            "id": "AWSServiceRoleForElasticLoadBalancing/arn:aws:iam::aws:policy/aws-service-role/AWSElasticLoadBalancingServiceRolePolicy",
                            "policy_arn": "arn:aws:iam::aws:policy/aws-service-role/AWSElasticLoadBalancingServiceRolePolicy",
                            "role": "AWSServiceRoleForElasticLoadBalancing"
                        },
                        "meta": {
                            "schema_version": 0
                        },
                        "tainted": false
                    },
                    "deposed": [],
                    "provider": "provider.aws"
                },
                "aws_iam_role_policy_attachment.tfer--AWSServiceRoleForGlobalAccelerator_AWSGlobalAcceleratorSLRPolicy": {
                    "type": "aws_iam_role_policy_attachment",
                    "depends_on": [],
                    "primary": {
                        "id": "AWSServiceRoleForGlobalAccelerator/arn:aws:iam::aws:policy/aws-service-role/AWSGlobalAcceleratorSLRPolicy",
                        "attributes": {
                            "id": "AWSServiceRoleForGlobalAccelerator/arn:aws:iam::aws:policy/aws-service-role/AWSGlobalAcceleratorSLRPolicy",
                            "policy_arn": "arn:aws:iam::aws:policy/aws-service-role/AWSGlobalAcceleratorSLRPolicy",
                            "role": "AWSServiceRoleForGlobalAccelerator"
                        },
                        "meta": {
                            "schema_version": 0
                        },
                        "tainted": false
                    },
                    "deposed": [],
                    "provider": "provider.aws"
                },
                "aws_iam_role_policy_attachment.tfer--AWSServiceRoleForOrganizations_AWSOrganizationsServiceTrustPolicy": {
                    "type": "aws_iam_role_policy_attachment",
                    "depends_on": [],
                    "primary": {
                        "id": "AWSServiceRoleForOrganizations/arn:aws:iam::aws:policy/aws-service-role/AWSOrganizationsServiceTrustPolicy",
                        "attributes": {
                            "id": "AWSServiceRoleForOrganizations/arn:aws:iam::aws:policy/aws-service-role/AWSOrganizationsServiceTrustPolicy",
                            "policy_arn": "arn:aws:iam::aws:policy/aws-service-role/AWSOrganizationsServiceTrustPolicy",
                            "role": "AWSServiceRoleForOrganizations"
                        },
                        "meta": {
                            "schema_version": 0
                        },
                        "tainted": false
                    },
                    "deposed": [],
                    "provider": "provider.aws"
                },
                "aws_iam_role_policy_attachment.tfer--AWSServiceRoleForRDS_AmazonRDSServiceRolePolicy": {
                    "type": "aws_iam_role_policy_attachment",
                    "depends_on": [],
                    "primary": {
                        "id": "AWSServiceRoleForRDS/arn:aws:iam::aws:policy/aws-service-role/AmazonRDSServiceRolePolicy",
                        "attributes": {
                            "id": "AWSServiceRoleForRDS/arn:aws:iam::aws:policy/aws-service-role/AmazonRDSServiceRolePolicy",
                            "policy_arn": "arn:aws:iam::aws:policy/aws-service-role/AmazonRDSServiceRolePolicy",
                            "role": "AWSServiceRoleForRDS"
                        },
                        "meta": {
                            "schema_version": 0
                        },
                        "tainted": false
                    },
                    "deposed": [],
                    "provider": "provider.aws"
                },
                "aws_iam_role_policy_attachment.tfer--AWSServiceRoleForRedshift_AmazonRedshiftServiceLinkedRolePolicy": {
                    "type": "aws_iam_role_policy_attachment",
                    "depends_on": [],
                    "primary": {
                        "id": "AWSServiceRoleForRedshift/arn:aws:iam::aws:policy/aws-service-role/AmazonRedshiftServiceLinkedRolePolicy",
                        "attributes": {
                            "id": "AWSServiceRoleForRedshift/arn:aws:iam::aws:policy/aws-service-role/AmazonRedshiftServiceLinkedRolePolicy",
                            "policy_arn": "arn:aws:iam::aws:policy/aws-service-role/AmazonRedshiftServiceLinkedRolePolicy",
                            "role": "AWSServiceRoleForRedshift"
                        },
                        "meta": {
                            "schema_version": 0
                        },
                        "tainted": false
                    },
                    "deposed": [],
                    "provider": "provider.aws"
                },
                "aws_iam_role_policy_attachment.tfer--AWSServiceRoleForSSO_AWSSSOServiceRolePolicy": {
                    "type": "aws_iam_role_policy_attachment",
                    "depends_on": [],
                    "primary": {
                        "id": "AWSServiceRoleForSSO/arn:aws:iam::aws:policy/aws-service-role/AWSSSOServiceRolePolicy",
                        "attributes": {
                            "id": "AWSServiceRoleForSSO/arn:aws:iam::aws:policy/aws-service-role/AWSSSOServiceRolePolicy",
                            "policy_arn": "arn:aws:iam::aws:policy/aws-service-role/AWSSSOServiceRolePolicy",
                            "role": "AWSServiceRoleForSSO"
                        },
                        "meta": {
                            "schema_version": 0
                        },
                        "tainted": false
                    },
                    "deposed": [],
                    "provider": "provider.aws"
                },
                "aws_iam_role_policy_attachment.tfer--AWSServiceRoleForServiceQuotas_ServiceQuotasServiceRolePolicy": {
                    "type": "aws_iam_role_policy_attachment",
                    "depends_on": [],
                    "primary": {
                        "id": "AWSServiceRoleForServiceQuotas/arn:aws:iam::aws:policy/aws-service-role/ServiceQuotasServiceRolePolicy",
                        "attributes": {
                            "id": "AWSServiceRoleForServiceQuotas/arn:aws:iam::aws:policy/aws-service-role/ServiceQuotasServiceRolePolicy",
                            "policy_arn": "arn:aws:iam::aws:policy/aws-service-role/ServiceQuotasServiceRolePolicy",
                            "role": "AWSServiceRoleForServiceQuotas"
                        },
                        "meta": {
                            "schema_version": 0
                        },
                        "tainted": false
                    },
                    "deposed": [],
                    "provider": "provider.aws"
                },
                "aws_iam_role_policy_attachment.tfer--AWSServiceRoleForSupport_AWSSupportServiceRolePolicy": {
                    "type": "aws_iam_role_policy_attachment",
                    "depends_on": [],
                    "primary": {
                        "id": "AWSServiceRoleForSupport/arn:aws:iam::aws:policy/aws-service-role/AWSSupportServiceRolePolicy",
                        "attributes": {
                            "id": "AWSServiceRoleForSupport/arn:aws:iam::aws:policy/aws-service-role/AWSSupportServiceRolePolicy",
                            "policy_arn": "arn:aws:iam::aws:policy/aws-service-role/AWSSupportServiceRolePolicy",
                            "role": "AWSServiceRoleForSupport"
                        },
                        "meta": {
                            "schema_version": 0
                        },
                        "tainted": false
                    },
                    "deposed": [],
                    "provider": "provider.aws"
                },
                "aws_iam_role_policy_attachment.tfer--AWSServiceRoleForTrustedAdvisor_AWSTrustedAdvisorServiceRolePolicy": {
                    "type": "aws_iam_role_policy_attachment",
                    "depends_on": [],
                    "primary": {
                        "id": "AWSServiceRoleForTrustedAdvisor/arn:aws:iam::aws:policy/aws-service-role/AWSTrustedAdvisorServiceRolePolicy",
                        "attributes": {
                            "id": "AWSServiceRoleForTrustedAdvisor/arn:aws:iam::aws:policy/aws-service-role/AWSTrustedAdvisorServiceRolePolicy",
                            "policy_arn": "arn:aws:iam::aws:policy/aws-service-role/AWSTrustedAdvisorServiceRolePolicy",
                            "role": "AWSServiceRoleForTrustedAdvisor"
                        },
                        "meta": {
                            "schema_version": 0
                        },
                        "tainted": false
                    },
                    "deposed": [],
                    "provider": "provider.aws"
                },
                "aws_iam_role_policy_attachment.tfer--Arclight-Cache-Clearer_ArclightConfigsS3ReadOnly": {
                    "type": "aws_iam_role_policy_attachment",
                    "depends_on": [],
                    "primary": {
                        "id": "Arclight-Cache-Clearer/arn:aws:iam::894231352815:policy/ArclightConfigsS3ReadOnly",
                        "attributes": {
                            "id": "Arclight-Cache-Clearer/arn:aws:iam::894231352815:policy/ArclightConfigsS3ReadOnly",
                            "policy_arn": "arn:aws:iam::894231352815:policy/ArclightConfigsS3ReadOnly",
                            "role": "Arclight-Cache-Clearer"
                        },
                        "meta": {
                            "schema_version": 0
                        },
                        "tainted": false
                    },
                    "deposed": [],
                    "provider": "provider.aws"
                },
                "aws_iam_role_policy_attachment.tfer--Arclight-Cache-Clearer_ArclightDescribeResources": {
                    "type": "aws_iam_role_policy_attachment",
                    "depends_on": [],
                    "primary": {
                        "id": "Arclight-Cache-Clearer/arn:aws:iam::894231352815:policy/ArclightDescribeResources",
                        "attributes": {
                            "id": "Arclight-Cache-Clearer/arn:aws:iam::894231352815:policy/ArclightDescribeResources",
                            "policy_arn": "arn:aws:iam::894231352815:policy/ArclightDescribeResources",
                            "role": "Arclight-Cache-Clearer"
                        },
                        "meta": {
                            "schema_version": 0
                        },
                        "tainted": false
                    },
                    "deposed": [],
                    "provider": "provider.aws"
                },
                "aws_iam_role_policy_attachment.tfer--Arclight-Cache-Clearer_AutoScalingReadOnlyAccess": {
                    "type": "aws_iam_role_policy_attachment",
                    "depends_on": [],
                    "primary": {
                        "id": "Arclight-Cache-Clearer/arn:aws:iam::aws:policy/AutoScalingReadOnlyAccess",
                        "attributes": {
                            "id": "Arclight-Cache-Clearer/arn:aws:iam::aws:policy/AutoScalingReadOnlyAccess",
                            "policy_arn": "arn:aws:iam::aws:policy/AutoScalingReadOnlyAccess",
                            "role": "Arclight-Cache-Clearer"
                        },
                        "meta": {
                            "schema_version": 0
                        },
                        "tainted": false
                    },
                    "deposed": [],
                    "provider": "provider.aws"
                },
                "aws_iam_role_policy_attachment.tfer--Arclight-Config-Fetcher_AmazonKinesisFirehoseFullAccess": {
                    "type": "aws_iam_role_policy_attachment",
                    "depends_on": [],
                    "primary": {
                        "id": "Arclight-Config-Fetcher/arn:aws:iam::aws:policy/AmazonKinesisFirehoseFullAccess",
                        "attributes": {
                            "id": "Arclight-Config-Fetcher/arn:aws:iam::aws:policy/AmazonKinesisFirehoseFullAccess",
                            "policy_arn": "arn:aws:iam::aws:policy/AmazonKinesisFirehoseFullAccess",
                            "role": "Arclight-Config-Fetcher"
                        },
                        "meta": {
                            "schema_version": 0
                        },
                        "tainted": false
                    },
                    "deposed": [],
                    "provider": "provider.aws"
                },
                "aws_iam_role_policy_attachment.tfer--Arclight-Config-Fetcher_AmazonKinesisFullAccess": {
                    "type": "aws_iam_role_policy_attachment",
                    "depends_on": [],
                    "primary": {
                        "id": "Arclight-Config-Fetcher/arn:aws:iam::aws:policy/AmazonKinesisFullAccess",
                        "attributes": {
                            "id": "Arclight-Config-Fetcher/arn:aws:iam::aws:policy/AmazonKinesisFullAccess",
                            "policy_arn": "arn:aws:iam::aws:policy/AmazonKinesisFullAccess",
                            "role": "Arclight-Config-Fetcher"
                        },
                        "meta": {
                            "schema_version": 0
                        },
                        "tainted": false
                    },
                    "deposed": [],
                    "provider": "provider.aws"
                },
                "aws_iam_role_policy_attachment.tfer--Arclight-Config-Fetcher_ArclightConfigsS3ReadOnly": {
                    "type": "aws_iam_role_policy_attachment",
                    "depends_on": [],
                    "primary": {
                        "id": "Arclight-Config-Fetcher/arn:aws:iam::894231352815:policy/ArclightConfigsS3ReadOnly",
                        "attributes": {
                            "id": "Arclight-Config-Fetcher/arn:aws:iam::894231352815:policy/ArclightConfigsS3ReadOnly",
                            "policy_arn": "arn:aws:iam::894231352815:policy/ArclightConfigsS3ReadOnly",
                            "role": "Arclight-Config-Fetcher"
                        },
                        "meta": {
                            "schema_version": 0
                        },
                        "tainted": false
                    },
                    "deposed": [],
                    "provider": "provider.aws"
                },
                "aws_iam_role_policy_attachment.tfer--Arclight-Config-Fetcher_ArclightDescribeResources": {
                    "type": "aws_iam_role_policy_attachment",
                    "depends_on": [],
                    "primary": {
                        "id": "Arclight-Config-Fetcher/arn:aws:iam::894231352815:policy/ArclightDescribeResources",
                        "attributes": {
                            "id": "Arclight-Config-Fetcher/arn:aws:iam::894231352815:policy/ArclightDescribeResources",
                            "policy_arn": "arn:aws:iam::894231352815:policy/ArclightDescribeResources",
                            "role": "Arclight-Config-Fetcher"
                        },
                        "meta": {
                            "schema_version": 0
                        },
                        "tainted": false
                    },
                    "deposed": [],
                    "provider": "provider.aws"
                },
                "aws_iam_role_policy_attachment.tfer--ArclightCodeDeploy_AWSCodeDeployRole": {
                    "type": "aws_iam_role_policy_attachment",
                    "depends_on": [],
                    "primary": {
                        "id": "ArclightCodeDeploy/arn:aws:iam::aws:policy/service-role/AWSCodeDeployRole",
                        "attributes": {
                            "id": "ArclightCodeDeploy/arn:aws:iam::aws:policy/service-role/AWSCodeDeployRole",
                            "policy_arn": "arn:aws:iam::aws:policy/service-role/AWSCodeDeployRole",
                            "role": "ArclightCodeDeploy"
                        },
                        "meta": {
                            "schema_version": 0
                        },
                        "tainted": false
                    },
                    "deposed": [],
                    "provider": "provider.aws"
                },
                "aws_iam_role_policy_attachment.tfer--BitbucketCodeDeployer_BitbucketCodeDeployToS3": {
                    "type": "aws_iam_role_policy_attachment",
                    "depends_on": [],
                    "primary": {
                        "id": "BitbucketCodeDeployer/arn:aws:iam::894231352815:policy/BitbucketCodeDeployToS3",
                        "attributes": {
                            "id": "BitbucketCodeDeployer/arn:aws:iam::894231352815:policy/BitbucketCodeDeployToS3",
                            "policy_arn": "arn:aws:iam::894231352815:policy/BitbucketCodeDeployToS3",
                            "role": "BitbucketCodeDeployer"
                        },
                        "meta": {
                            "schema_version": 0
                        },
                        "tainted": false
                    },
                    "deposed": [],
                    "provider": "provider.aws"
                },
                "aws_iam_role_policy_attachment.tfer--DataPipelineDefaultResourceRole_AmazonEC2RoleforDataPipelineRole": {
                    "type": "aws_iam_role_policy_attachment",
                    "depends_on": [],
                    "primary": {
                        "id": "DataPipelineDefaultResourceRole/arn:aws:iam::aws:policy/service-role/AmazonEC2RoleforDataPipelineRole",
                        "attributes": {
                            "id": "DataPipelineDefaultResourceRole/arn:aws:iam::aws:policy/service-role/AmazonEC2RoleforDataPipelineRole",
                            "policy_arn": "arn:aws:iam::aws:policy/service-role/AmazonEC2RoleforDataPipelineRole",
                            "role": "DataPipelineDefaultResourceRole"
                        },
                        "meta": {
                            "schema_version": 0
                        },
                        "tainted": false
                    },
                    "deposed": [],
                    "provider": "provider.aws"
                },
                "aws_iam_role_policy_attachment.tfer--DataPipelineDefaultRole_AWSDataPipelineRole": {
                    "type": "aws_iam_role_policy_attachment",
                    "depends_on": [],
                    "primary": {
                        "id": "DataPipelineDefaultRole/arn:aws:iam::aws:policy/service-role/AWSDataPipelineRole",
                        "attributes": {
                            "id": "DataPipelineDefaultRole/arn:aws:iam::aws:policy/service-role/AWSDataPipelineRole",
                            "policy_arn": "arn:aws:iam::aws:policy/service-role/AWSDataPipelineRole",
                            "role": "DataPipelineDefaultRole"
                        },
                        "meta": {
                            "schema_version": 0
                        },
                        "tainted": false
                    },
                    "deposed": [],
                    "provider": "provider.aws"
                },
                "aws_iam_role_policy_attachment.tfer--EksAWSControl_AmazonEKSClusterPolicy": {
                    "type": "aws_iam_role_policy_attachment",
                    "depends_on": [],
                    "primary": {
                        "id": "EksAWSControl/arn:aws:iam::aws:policy/AmazonEKSClusterPolicy",
                        "attributes": {
                            "id": "EksAWSControl/arn:aws:iam::aws:policy/AmazonEKSClusterPolicy",
                            "policy_arn": "arn:aws:iam::aws:policy/AmazonEKSClusterPolicy",
                            "role": "EksAWSControl"
                        },
                        "meta": {
                            "schema_version": 0
                        },
                        "tainted": false
                    },
                    "deposed": [],
                    "provider": "provider.aws"
                },
                "aws_iam_role_policy_attachment.tfer--IngestMe2Events_AmazonS3FullAccess": {
                    "type": "aws_iam_role_policy_attachment",
                    "depends_on": [],
                    "primary": {
                        "id": "IngestMe2Events/arn:aws:iam::aws:policy/AmazonS3FullAccess",
                        "attributes": {
                            "id": "IngestMe2Events/arn:aws:iam::aws:policy/AmazonS3FullAccess",
                            "policy_arn": "arn:aws:iam::aws:policy/AmazonS3FullAccess",
                            "role": "IngestMe2Events"
                        },
                        "meta": {
                            "schema_version": 0
                        },
                        "tainted": false
                    },
                    "deposed": [],
                    "provider": "provider.aws"
                },
                "aws_iam_role_policy_attachment.tfer--IngestMe2Events_CloudWatchFullAccess": {
                    "type": "aws_iam_role_policy_attachment",
                    "depends_on": [],
                    "primary": {
                        "id": "IngestMe2Events/arn:aws:iam::aws:policy/CloudWatchFullAccess",
                        "attributes": {
                            "id": "IngestMe2Events/arn:aws:iam::aws:policy/CloudWatchFullAccess",
                            "policy_arn": "arn:aws:iam::aws:policy/CloudWatchFullAccess",
                            "role": "IngestMe2Events"
                        },
                        "meta": {
                            "schema_version": 0
                        },
                        "tainted": false
                    },
                    "deposed": [],
                    "provider": "provider.aws"
                },
                "aws_iam_role_policy_attachment.tfer--JesusFilmCoreEKSWorkerNodeRole_AmazonEC2ContainerRegistryReadOnly": {
                    "type": "aws_iam_role_policy_attachment",
                    "depends_on": [],
                    "primary": {
                        "id": "JesusFilmCoreEKSWorkerNodeRole/arn:aws:iam::aws:policy/AmazonEC2ContainerRegistryReadOnly",
                        "attributes": {
                            "id": "JesusFilmCoreEKSWorkerNodeRole/arn:aws:iam::aws:policy/AmazonEC2ContainerRegistryReadOnly",
                            "policy_arn": "arn:aws:iam::aws:policy/AmazonEC2ContainerRegistryReadOnly",
                            "role": "JesusFilmCoreEKSWorkerNodeRole"
                        },
                        "meta": {
                            "schema_version": 0
                        },
                        "tainted": false
                    },
                    "deposed": [],
                    "provider": "provider.aws"
                },
                "aws_iam_role_policy_attachment.tfer--JesusFilmCoreEKSWorkerNodeRole_AmazonEKSWorkerNodePolicy": {
                    "type": "aws_iam_role_policy_attachment",
                    "depends_on": [],
                    "primary": {
                        "id": "JesusFilmCoreEKSWorkerNodeRole/arn:aws:iam::aws:policy/AmazonEKSWorkerNodePolicy",
                        "attributes": {
                            "id": "JesusFilmCoreEKSWorkerNodeRole/arn:aws:iam::aws:policy/AmazonEKSWorkerNodePolicy",
                            "policy_arn": "arn:aws:iam::aws:policy/AmazonEKSWorkerNodePolicy",
                            "role": "JesusFilmCoreEKSWorkerNodeRole"
                        },
                        "meta": {
                            "schema_version": 0
                        },
                        "tainted": false
                    },
                    "deposed": [],
                    "provider": "provider.aws"
                },
                "aws_iam_role_policy_attachment.tfer--JesusFilmCoreEKSWorkerNodeRole_AmazonEKS_CNI_Policy": {
                    "type": "aws_iam_role_policy_attachment",
                    "depends_on": [],
                    "primary": {
                        "id": "JesusFilmCoreEKSWorkerNodeRole/arn:aws:iam::aws:policy/AmazonEKS_CNI_Policy",
                        "attributes": {
                            "id": "JesusFilmCoreEKSWorkerNodeRole/arn:aws:iam::aws:policy/AmazonEKS_CNI_Policy",
                            "policy_arn": "arn:aws:iam::aws:policy/AmazonEKS_CNI_Policy",
                            "role": "JesusFilmCoreEKSWorkerNodeRole"
                        },
                        "meta": {
                            "schema_version": 0
                        },
                        "tainted": false
                    },
                    "deposed": [],
                    "provider": "provider.aws"
                },
                "aws_iam_role_policy_attachment.tfer--JesusFilmCoreEKSWorkerNodeRole_AmazonSSMManagedInstanceCore": {
                    "type": "aws_iam_role_policy_attachment",
                    "depends_on": [],
                    "primary": {
                        "id": "JesusFilmCoreEKSWorkerNodeRole/arn:aws:iam::aws:policy/AmazonSSMManagedInstanceCore",
                        "attributes": {
                            "id": "JesusFilmCoreEKSWorkerNodeRole/arn:aws:iam::aws:policy/AmazonSSMManagedInstanceCore",
                            "policy_arn": "arn:aws:iam::aws:policy/AmazonSSMManagedInstanceCore",
                            "role": "JesusFilmCoreEKSWorkerNodeRole"
                        },
                        "meta": {
                            "schema_version": 0
                        },
                        "tainted": false
                    },
                    "deposed": [],
                    "provider": "provider.aws"
                },
                "aws_iam_role_policy_attachment.tfer--JfmDnsProvider-role_AllowExternalDNSUpdates": {
                    "type": "aws_iam_role_policy_attachment",
                    "depends_on": [],
                    "primary": {
                        "id": "JfmDnsProvider-role/arn:aws:iam::894231352815:policy/AllowExternalDNSUpdates",
                        "attributes": {
                            "id": "JfmDnsProvider-role/arn:aws:iam::894231352815:policy/AllowExternalDNSUpdates",
                            "policy_arn": "arn:aws:iam::894231352815:policy/AllowExternalDNSUpdates",
                            "role": "JfmDnsProvider-role"
                        },
                        "meta": {
                            "schema_version": 0
                        },
                        "tainted": false
                    },
                    "deposed": [],
                    "provider": "provider.aws"
                },
                "aws_iam_role_policy_attachment.tfer--JfmDnsProvider-role_AmazonEKSClusterPolicy": {
                    "type": "aws_iam_role_policy_attachment",
                    "depends_on": [],
                    "primary": {
                        "id": "JfmDnsProvider-role/arn:aws:iam::aws:policy/AmazonEKSClusterPolicy",
                        "attributes": {
                            "id": "JfmDnsProvider-role/arn:aws:iam::aws:policy/AmazonEKSClusterPolicy",
                            "policy_arn": "arn:aws:iam::aws:policy/AmazonEKSClusterPolicy",
                            "role": "JfmDnsProvider-role"
                        },
                        "meta": {
                            "schema_version": 0
                        },
                        "tainted": false
                    },
                    "deposed": [],
                    "provider": "provider.aws"
                },
                "aws_iam_role_policy_attachment.tfer--JfmExternalDNS_AllowExternalDNSUpdates": {
                    "type": "aws_iam_role_policy_attachment",
                    "depends_on": [],
                    "primary": {
                        "id": "JfmExternalDNS/arn:aws:iam::894231352815:policy/AllowExternalDNSUpdates",
                        "attributes": {
                            "id": "JfmExternalDNS/arn:aws:iam::894231352815:policy/AllowExternalDNSUpdates",
                            "policy_arn": "arn:aws:iam::894231352815:policy/AllowExternalDNSUpdates",
                            "role": "JfmExternalDNS"
                        },
                        "meta": {
                            "schema_version": 0
                        },
                        "tainted": false
                    },
                    "deposed": [],
                    "provider": "provider.aws"
                },
                "aws_iam_role_policy_attachment.tfer--JfmExternalDNS_AmazonEKSClusterPolicy": {
                    "type": "aws_iam_role_policy_attachment",
                    "depends_on": [],
                    "primary": {
                        "id": "JfmExternalDNS/arn:aws:iam::aws:policy/AmazonEKSClusterPolicy",
                        "attributes": {
                            "id": "JfmExternalDNS/arn:aws:iam::aws:policy/AmazonEKSClusterPolicy",
                            "policy_arn": "arn:aws:iam::aws:policy/AmazonEKSClusterPolicy",
                            "role": "JfmExternalDNS"
                        },
                        "meta": {
                            "schema_version": 0
                        },
                        "tainted": false
                    },
                    "deposed": [],
                    "provider": "provider.aws"
                },
                "aws_iam_role_policy_attachment.tfer--NexusMediaComponentIngest-role-apxuuycg_AWSLambdaBasicExecutionRole-cf8927a7-eaaa-47b5-bdc0-7708c33c4877": {
                    "type": "aws_iam_role_policy_attachment",
                    "depends_on": [],
                    "primary": {
                        "id": "NexusMediaComponentIngest-role-apxuuycg/arn:aws:iam::894231352815:policy/service-role/AWSLambdaBasicExecutionRole-cf8927a7-eaaa-47b5-bdc0-7708c33c4877",
                        "attributes": {
                            "id": "NexusMediaComponentIngest-role-apxuuycg/arn:aws:iam::894231352815:policy/service-role/AWSLambdaBasicExecutionRole-cf8927a7-eaaa-47b5-bdc0-7708c33c4877",
                            "policy_arn": "arn:aws:iam::894231352815:policy/service-role/AWSLambdaBasicExecutionRole-cf8927a7-eaaa-47b5-bdc0-7708c33c4877",
                            "role": "NexusMediaComponentIngest-role-apxuuycg"
                        },
                        "meta": {
                            "schema_version": 0
                        },
                        "tainted": false
                    },
                    "deposed": [],
                    "provider": "provider.aws"
                },
                "aws_iam_role_policy_attachment.tfer--OrganizationAccountAccessRole_AdministratorAccess": {
                    "type": "aws_iam_role_policy_attachment",
                    "depends_on": [],
                    "primary": {
                        "id": "OrganizationAccountAccessRole/arn:aws:iam::aws:policy/AdministratorAccess",
                        "attributes": {
                            "id": "OrganizationAccountAccessRole/arn:aws:iam::aws:policy/AdministratorAccess",
                            "policy_arn": "arn:aws:iam::aws:policy/AdministratorAccess",
                            "role": "OrganizationAccountAccessRole"
                        },
                        "meta": {
                            "schema_version": 0
                        },
                        "tainted": false
                    },
                    "deposed": [],
                    "provider": "provider.aws"
                },
                "aws_iam_role_policy_attachment.tfer--api-gateway-log-writer_AmazonAPIGatewayPushToCloudWatchLogs": {
                    "type": "aws_iam_role_policy_attachment",
                    "depends_on": [],
                    "primary": {
                        "id": "api-gateway-log-writer/arn:aws:iam::aws:policy/service-role/AmazonAPIGatewayPushToCloudWatchLogs",
                        "attributes": {
                            "id": "api-gateway-log-writer/arn:aws:iam::aws:policy/service-role/AmazonAPIGatewayPushToCloudWatchLogs",
                            "policy_arn": "arn:aws:iam::aws:policy/service-role/AmazonAPIGatewayPushToCloudWatchLogs",
                            "role": "api-gateway-log-writer"
                        },
                        "meta": {
                            "schema_version": 0
                        },
                        "tainted": false
                    },
                    "deposed": [],
                    "provider": "provider.aws"
                },
                "aws_iam_role_policy_attachment.tfer--api-journeys-dev-us-east-1-lambdaRole_AWSLambdaVPCAccessExecutionRole": {
                    "type": "aws_iam_role_policy_attachment",
                    "depends_on": [],
                    "primary": {
                        "id": "api-journeys-dev-us-east-1-lambdaRole/arn:aws:iam::aws:policy/service-role/AWSLambdaVPCAccessExecutionRole",
                        "attributes": {
                            "id": "api-journeys-dev-us-east-1-lambdaRole/arn:aws:iam::aws:policy/service-role/AWSLambdaVPCAccessExecutionRole",
                            "policy_arn": "arn:aws:iam::aws:policy/service-role/AWSLambdaVPCAccessExecutionRole",
                            "role": "api-journeys-dev-us-east-1-lambdaRole"
                        },
                        "meta": {
                            "schema_version": 0
                        },
                        "tainted": false
                    },
                    "deposed": [],
                    "provider": "provider.aws"
                },
                "aws_iam_role_policy_attachment.tfer--api-journeys-prod-prod-us-east-1-lambdaRole_AWSLambdaVPCAccessExecutionRole": {
                    "type": "aws_iam_role_policy_attachment",
                    "depends_on": [],
                    "primary": {
                        "id": "api-journeys-prod-prod-us-east-1-lambdaRole/arn:aws:iam::aws:policy/service-role/AWSLambdaVPCAccessExecutionRole",
                        "attributes": {
                            "id": "api-journeys-prod-prod-us-east-1-lambdaRole/arn:aws:iam::aws:policy/service-role/AWSLambdaVPCAccessExecutionRole",
                            "policy_arn": "arn:aws:iam::aws:policy/service-role/AWSLambdaVPCAccessExecutionRole",
                            "role": "api-journeys-prod-prod-us-east-1-lambdaRole"
                        },
                        "meta": {
                            "schema_version": 0
                        },
                        "tainted": false
                    },
                    "deposed": [],
                    "provider": "provider.aws"
                },
                "aws_iam_role_policy_attachment.tfer--api-journeys-prod-us-east-1-lambdaRole_AWSLambdaVPCAccessExecutionRole": {
                    "type": "aws_iam_role_policy_attachment",
                    "depends_on": [],
                    "primary": {
                        "id": "api-journeys-prod-us-east-1-lambdaRole/arn:aws:iam::aws:policy/service-role/AWSLambdaVPCAccessExecutionRole",
                        "attributes": {
                            "id": "api-journeys-prod-us-east-1-lambdaRole/arn:aws:iam::aws:policy/service-role/AWSLambdaVPCAccessExecutionRole",
                            "policy_arn": "arn:aws:iam::aws:policy/service-role/AWSLambdaVPCAccessExecutionRole",
                            "role": "api-journeys-prod-us-east-1-lambdaRole"
                        },
                        "meta": {
                            "schema_version": 0
                        },
                        "tainted": false
                    },
                    "deposed": [],
                    "provider": "provider.aws"
                },
                "aws_iam_role_policy_attachment.tfer--api-journeys-stage-us-east-1-lambdaRole_AWSLambdaVPCAccessExecutionRole": {
                    "type": "aws_iam_role_policy_attachment",
                    "depends_on": [],
                    "primary": {
                        "id": "api-journeys-stage-us-east-1-lambdaRole/arn:aws:iam::aws:policy/service-role/AWSLambdaVPCAccessExecutionRole",
                        "attributes": {
                            "id": "api-journeys-stage-us-east-1-lambdaRole/arn:aws:iam::aws:policy/service-role/AWSLambdaVPCAccessExecutionRole",
                            "policy_arn": "arn:aws:iam::aws:policy/service-role/AWSLambdaVPCAccessExecutionRole",
                            "role": "api-journeys-stage-us-east-1-lambdaRole"
                        },
                        "meta": {
                            "schema_version": 0
                        },
                        "tainted": false
                    },
                    "deposed": [],
                    "provider": "provider.aws"
                },
                "aws_iam_role_policy_attachment.tfer--api-media-dev-us-east-1-lambdaRole_AWSLambdaVPCAccessExecutionRole": {
                    "type": "aws_iam_role_policy_attachment",
                    "depends_on": [],
                    "primary": {
                        "id": "api-media-dev-us-east-1-lambdaRole/arn:aws:iam::aws:policy/service-role/AWSLambdaVPCAccessExecutionRole",
                        "attributes": {
                            "id": "api-media-dev-us-east-1-lambdaRole/arn:aws:iam::aws:policy/service-role/AWSLambdaVPCAccessExecutionRole",
                            "policy_arn": "arn:aws:iam::aws:policy/service-role/AWSLambdaVPCAccessExecutionRole",
                            "role": "api-media-dev-us-east-1-lambdaRole"
                        },
                        "meta": {
                            "schema_version": 0
                        },
                        "tainted": false
                    },
                    "deposed": [],
                    "provider": "provider.aws"
                },
                "aws_iam_role_policy_attachment.tfer--api-media-dev-us-east-1-lambdaRole_AccessArkCoreBucketObjects": {
                    "type": "aws_iam_role_policy_attachment",
                    "depends_on": [],
                    "primary": {
                        "id": "api-media-dev-us-east-1-lambdaRole/arn:aws:iam::894231352815:policy/AccessArkCoreBucketObjects",
                        "attributes": {
                            "id": "api-media-dev-us-east-1-lambdaRole/arn:aws:iam::894231352815:policy/AccessArkCoreBucketObjects",
                            "policy_arn": "arn:aws:iam::894231352815:policy/AccessArkCoreBucketObjects",
                            "role": "api-media-dev-us-east-1-lambdaRole"
                        },
                        "meta": {
                            "schema_version": 0
                        },
                        "tainted": false
                    },
                    "deposed": [],
                    "provider": "provider.aws"
                },
                "aws_iam_role_policy_attachment.tfer--api-media-stage-us-east-1-lambdaRole_AWSLambdaVPCAccessExecutionRole": {
                    "type": "aws_iam_role_policy_attachment",
                    "depends_on": [],
                    "primary": {
                        "id": "api-media-stage-us-east-1-lambdaRole/arn:aws:iam::aws:policy/service-role/AWSLambdaVPCAccessExecutionRole",
                        "attributes": {
                            "id": "api-media-stage-us-east-1-lambdaRole/arn:aws:iam::aws:policy/service-role/AWSLambdaVPCAccessExecutionRole",
                            "policy_arn": "arn:aws:iam::aws:policy/service-role/AWSLambdaVPCAccessExecutionRole",
                            "role": "api-media-stage-us-east-1-lambdaRole"
                        },
                        "meta": {
                            "schema_version": 0
                        },
                        "tainted": false
                    },
                    "deposed": [],
                    "provider": "provider.aws"
                },
                "aws_iam_role_policy_attachment.tfer--api-media-stage-us-east-1-lambdaRole_AccessArkCoreBucketObjects": {
                    "type": "aws_iam_role_policy_attachment",
                    "depends_on": [],
                    "primary": {
                        "id": "api-media-stage-us-east-1-lambdaRole/arn:aws:iam::894231352815:policy/AccessArkCoreBucketObjects",
                        "attributes": {
                            "id": "api-media-stage-us-east-1-lambdaRole/arn:aws:iam::894231352815:policy/AccessArkCoreBucketObjects",
                            "policy_arn": "arn:aws:iam::894231352815:policy/AccessArkCoreBucketObjects",
                            "role": "api-media-stage-us-east-1-lambdaRole"
                        },
                        "meta": {
                            "schema_version": 0
                        },
                        "tainted": false
                    },
                    "deposed": [],
                    "provider": "provider.aws"
                },
                "aws_iam_role_policy_attachment.tfer--appsync-ds-lam-3elgqd-wp-graphql-request_appsync-ds-lam-3elgqd-wp-graphql-request": {
                    "type": "aws_iam_role_policy_attachment",
                    "depends_on": [],
                    "primary": {
                        "id": "appsync-ds-lam-3elgqd-wp-graphql-request/arn:aws:iam::894231352815:policy/service-role/appsync-ds-lam-3elgqd-wp-graphql-request",
                        "attributes": {
                            "id": "appsync-ds-lam-3elgqd-wp-graphql-request/arn:aws:iam::894231352815:policy/service-role/appsync-ds-lam-3elgqd-wp-graphql-request",
                            "policy_arn": "arn:aws:iam::894231352815:policy/service-role/appsync-ds-lam-3elgqd-wp-graphql-request",
                            "role": "appsync-ds-lam-3elgqd-wp-graphql-request"
                        },
                        "meta": {
                            "schema_version": 0
                        },
                        "tainted": false
                    },
                    "deposed": [],
                    "provider": "provider.aws"
                },
                "aws_iam_role_policy_attachment.tfer--appsync-graphqlapi-logs-us-west-2_appsync-graphqlapi-logs-us-west-2": {
                    "type": "aws_iam_role_policy_attachment",
                    "depends_on": [],
                    "primary": {
                        "id": "appsync-graphqlapi-logs-us-west-2/arn:aws:iam::894231352815:policy/service-role/appsync-graphqlapi-logs-us-west-2",
                        "attributes": {
                            "id": "appsync-graphqlapi-logs-us-west-2/arn:aws:iam::894231352815:policy/service-role/appsync-graphqlapi-logs-us-west-2",
                            "policy_arn": "arn:aws:iam::894231352815:policy/service-role/appsync-graphqlapi-logs-us-west-2",
                            "role": "appsync-graphqlapi-logs-us-west-2"
                        },
                        "meta": {
                            "schema_version": 0
                        },
                        "tainted": false
                    },
                    "deposed": [],
                    "provider": "provider.aws"
                },
                "aws_iam_role_policy_attachment.tfer--arclight-apikey-authorize-role-yohbtjp8_AWSLambdaBasicExecutionRole-036eff25-465f-4bef-8136-da7954a08906": {
                    "type": "aws_iam_role_policy_attachment",
                    "depends_on": [],
                    "primary": {
                        "id": "arclight-apikey-authorize-role-yohbtjp8/arn:aws:iam::894231352815:policy/service-role/AWSLambdaBasicExecutionRole-036eff25-465f-4bef-8136-da7954a08906",
                        "attributes": {
                            "id": "arclight-apikey-authorize-role-yohbtjp8/arn:aws:iam::894231352815:policy/service-role/AWSLambdaBasicExecutionRole-036eff25-465f-4bef-8136-da7954a08906",
                            "policy_arn": "arn:aws:iam::894231352815:policy/service-role/AWSLambdaBasicExecutionRole-036eff25-465f-4bef-8136-da7954a08906",
                            "role": "arclight-apikey-authorize-role-yohbtjp8"
                        },
                        "meta": {
                            "schema_version": 0
                        },
                        "tainted": false
                    },
                    "deposed": [],
                    "provider": "provider.aws"
                },
                "aws_iam_role_policy_attachment.tfer--arclight-outage-slack-role_AWSLambdaBasicExecutionRole-e5a128db-70f8-43ed-9fc9-d87628a50fef": {
                    "type": "aws_iam_role_policy_attachment",
                    "depends_on": [],
                    "primary": {
                        "id": "arclight-outage-slack-role/arn:aws:iam::894231352815:policy/service-role/AWSLambdaBasicExecutionRole-e5a128db-70f8-43ed-9fc9-d87628a50fef",
                        "attributes": {
                            "id": "arclight-outage-slack-role/arn:aws:iam::894231352815:policy/service-role/AWSLambdaBasicExecutionRole-e5a128db-70f8-43ed-9fc9-d87628a50fef",
                            "policy_arn": "arn:aws:iam::894231352815:policy/service-role/AWSLambdaBasicExecutionRole-e5a128db-70f8-43ed-9fc9-d87628a50fef",
                            "role": "arclight-outage-slack-role"
                        },
                        "meta": {
                            "schema_version": 0
                        },
                        "tainted": false
                    },
                    "deposed": [],
                    "provider": "provider.aws"
                },
                "aws_iam_role_policy_attachment.tfer--arclight-outage-slack-role_AWSLambdaKMSExecutionRole-0af2c3fd-6a0a-46c0-9568-b1f194068eb9": {
                    "type": "aws_iam_role_policy_attachment",
                    "depends_on": [],
                    "primary": {
                        "id": "arclight-outage-slack-role/arn:aws:iam::894231352815:policy/service-role/AWSLambdaKMSExecutionRole-0af2c3fd-6a0a-46c0-9568-b1f194068eb9",
                        "attributes": {
                            "id": "arclight-outage-slack-role/arn:aws:iam::894231352815:policy/service-role/AWSLambdaKMSExecutionRole-0af2c3fd-6a0a-46c0-9568-b1f194068eb9",
                            "policy_arn": "arn:aws:iam::894231352815:policy/service-role/AWSLambdaKMSExecutionRole-0af2c3fd-6a0a-46c0-9568-b1f194068eb9",
                            "role": "arclight-outage-slack-role"
                        },
                        "meta": {
                            "schema_version": 0
                        },
                        "tainted": false
                    },
                    "deposed": [],
                    "provider": "provider.aws"
                },
                "aws_iam_role_policy_attachment.tfer--aurora-s3-full-access_AmazonS3FullAccess": {
                    "type": "aws_iam_role_policy_attachment",
                    "depends_on": [],
                    "primary": {
                        "id": "aurora-s3-full-access/arn:aws:iam::aws:policy/AmazonS3FullAccess",
                        "attributes": {
                            "id": "aurora-s3-full-access/arn:aws:iam::aws:policy/AmazonS3FullAccess",
                            "policy_arn": "arn:aws:iam::aws:policy/AmazonS3FullAccess",
                            "role": "aurora-s3-full-access"
                        },
                        "meta": {
                            "schema_version": 0
                        },
                        "tainted": false
                    },
                    "deposed": [],
                    "provider": "provider.aws"
                },
                "aws_iam_role_policy_attachment.tfer--aws-elasticbeanstalk-ec2-role_AWSElasticBeanstalkMulticontainerDocker": {
                    "type": "aws_iam_role_policy_attachment",
                    "depends_on": [],
                    "primary": {
                        "id": "aws-elasticbeanstalk-ec2-role/arn:aws:iam::aws:policy/AWSElasticBeanstalkMulticontainerDocker",
                        "attributes": {
                            "id": "aws-elasticbeanstalk-ec2-role/arn:aws:iam::aws:policy/AWSElasticBeanstalkMulticontainerDocker",
                            "policy_arn": "arn:aws:iam::aws:policy/AWSElasticBeanstalkMulticontainerDocker",
                            "role": "aws-elasticbeanstalk-ec2-role"
                        },
                        "meta": {
                            "schema_version": 0
                        },
                        "tainted": false
                    },
                    "deposed": [],
                    "provider": "provider.aws"
                },
                "aws_iam_role_policy_attachment.tfer--aws-elasticbeanstalk-ec2-role_AWSElasticBeanstalkWebTier": {
                    "type": "aws_iam_role_policy_attachment",
                    "depends_on": [],
                    "primary": {
                        "id": "aws-elasticbeanstalk-ec2-role/arn:aws:iam::aws:policy/AWSElasticBeanstalkWebTier",
                        "attributes": {
                            "id": "aws-elasticbeanstalk-ec2-role/arn:aws:iam::aws:policy/AWSElasticBeanstalkWebTier",
                            "policy_arn": "arn:aws:iam::aws:policy/AWSElasticBeanstalkWebTier",
                            "role": "aws-elasticbeanstalk-ec2-role"
                        },
                        "meta": {
                            "schema_version": 0
                        },
                        "tainted": false
                    },
                    "deposed": [],
                    "provider": "provider.aws"
                },
                "aws_iam_role_policy_attachment.tfer--aws-elasticbeanstalk-ec2-role_AWSElasticBeanstalkWorkerTier": {
                    "type": "aws_iam_role_policy_attachment",
                    "depends_on": [],
                    "primary": {
                        "id": "aws-elasticbeanstalk-ec2-role/arn:aws:iam::aws:policy/AWSElasticBeanstalkWorkerTier",
                        "attributes": {
                            "id": "aws-elasticbeanstalk-ec2-role/arn:aws:iam::aws:policy/AWSElasticBeanstalkWorkerTier",
                            "policy_arn": "arn:aws:iam::aws:policy/AWSElasticBeanstalkWorkerTier",
                            "role": "aws-elasticbeanstalk-ec2-role"
                        },
                        "meta": {
                            "schema_version": 0
                        },
                        "tainted": false
                    },
                    "deposed": [],
                    "provider": "provider.aws"
                },
                "aws_iam_role_policy_attachment.tfer--aws-elasticbeanstalk-ec2-role_AmazonS3FullAccess": {
                    "type": "aws_iam_role_policy_attachment",
                    "depends_on": [],
                    "primary": {
                        "id": "aws-elasticbeanstalk-ec2-role/arn:aws:iam::aws:policy/AmazonS3FullAccess",
                        "attributes": {
                            "id": "aws-elasticbeanstalk-ec2-role/arn:aws:iam::aws:policy/AmazonS3FullAccess",
                            "policy_arn": "arn:aws:iam::aws:policy/AmazonS3FullAccess",
                            "role": "aws-elasticbeanstalk-ec2-role"
                        },
                        "meta": {
                            "schema_version": 0
                        },
                        "tainted": false
                    },
                    "deposed": [],
                    "provider": "provider.aws"
                },
                "aws_iam_role_policy_attachment.tfer--aws-elasticbeanstalk-service-role_AWSElasticBeanstalkEnhancedHealth": {
                    "type": "aws_iam_role_policy_attachment",
                    "depends_on": [],
                    "primary": {
                        "id": "aws-elasticbeanstalk-service-role/arn:aws:iam::aws:policy/service-role/AWSElasticBeanstalkEnhancedHealth",
                        "attributes": {
                            "id": "aws-elasticbeanstalk-service-role/arn:aws:iam::aws:policy/service-role/AWSElasticBeanstalkEnhancedHealth",
                            "policy_arn": "arn:aws:iam::aws:policy/service-role/AWSElasticBeanstalkEnhancedHealth",
                            "role": "aws-elasticbeanstalk-service-role"
                        },
                        "meta": {
                            "schema_version": 0
                        },
                        "tainted": false
                    },
                    "deposed": [],
                    "provider": "provider.aws"
                },
                "aws_iam_role_policy_attachment.tfer--aws-elasticbeanstalk-service-role_AWSElasticBeanstalkService": {
                    "type": "aws_iam_role_policy_attachment",
                    "depends_on": [],
                    "primary": {
                        "id": "aws-elasticbeanstalk-service-role/arn:aws:iam::aws:policy/service-role/AWSElasticBeanstalkService",
                        "attributes": {
                            "id": "aws-elasticbeanstalk-service-role/arn:aws:iam::aws:policy/service-role/AWSElasticBeanstalkService",
                            "policy_arn": "arn:aws:iam::aws:policy/service-role/AWSElasticBeanstalkService",
                            "role": "aws-elasticbeanstalk-service-role"
                        },
                        "meta": {
                            "schema_version": 0
                        },
                        "tainted": false
                    },
                    "deposed": [],
                    "provider": "provider.aws"
                },
                "aws_iam_role_policy_attachment.tfer--aws-quicksight-service-role-v0_AWSQuickSightIAMPolicy": {
                    "type": "aws_iam_role_policy_attachment",
                    "depends_on": [],
                    "primary": {
                        "id": "aws-quicksight-service-role-v0/arn:aws:iam::894231352815:policy/service-role/AWSQuickSightIAMPolicy",
                        "attributes": {
                            "id": "aws-quicksight-service-role-v0/arn:aws:iam::894231352815:policy/service-role/AWSQuickSightIAMPolicy",
                            "policy_arn": "arn:aws:iam::894231352815:policy/service-role/AWSQuickSightIAMPolicy",
                            "role": "aws-quicksight-service-role-v0"
                        },
                        "meta": {
                            "schema_version": 0
                        },
                        "tainted": false
                    },
                    "deposed": [],
                    "provider": "provider.aws"
                },
                "aws_iam_role_policy_attachment.tfer--aws-quicksight-service-role-v0_AWSQuickSightRDSPolicy": {
                    "type": "aws_iam_role_policy_attachment",
                    "depends_on": [],
                    "primary": {
                        "id": "aws-quicksight-service-role-v0/arn:aws:iam::894231352815:policy/service-role/AWSQuickSightRDSPolicy",
                        "attributes": {
                            "id": "aws-quicksight-service-role-v0/arn:aws:iam::894231352815:policy/service-role/AWSQuickSightRDSPolicy",
                            "policy_arn": "arn:aws:iam::894231352815:policy/service-role/AWSQuickSightRDSPolicy",
                            "role": "aws-quicksight-service-role-v0"
                        },
                        "meta": {
                            "schema_version": 0
                        },
                        "tainted": false
                    },
                    "deposed": [],
                    "provider": "provider.aws"
                },
                "aws_iam_role_policy_attachment.tfer--aws-quicksight-service-role-v0_AWSQuickSightRedshiftPolicy": {
                    "type": "aws_iam_role_policy_attachment",
                    "depends_on": [],
                    "primary": {
                        "id": "aws-quicksight-service-role-v0/arn:aws:iam::894231352815:policy/service-role/AWSQuickSightRedshiftPolicy",
                        "attributes": {
                            "id": "aws-quicksight-service-role-v0/arn:aws:iam::894231352815:policy/service-role/AWSQuickSightRedshiftPolicy",
                            "policy_arn": "arn:aws:iam::894231352815:policy/service-role/AWSQuickSightRedshiftPolicy",
                            "role": "aws-quicksight-service-role-v0"
                        },
                        "meta": {
                            "schema_version": 0
                        },
                        "tainted": false
                    },
                    "deposed": [],
                    "provider": "provider.aws"
                },
                "aws_iam_role_policy_attachment.tfer--codebuild-Arclight-QA-service-role_CodeBuildBasePolicy-Arclight-QA-us-east-1": {
                    "type": "aws_iam_role_policy_attachment",
                    "depends_on": [],
                    "primary": {
                        "id": "codebuild-Arclight-QA-service-role/arn:aws:iam::894231352815:policy/service-role/CodeBuildBasePolicy-Arclight-QA-us-east-1",
                        "attributes": {
                            "id": "codebuild-Arclight-QA-service-role/arn:aws:iam::894231352815:policy/service-role/CodeBuildBasePolicy-Arclight-QA-us-east-1",
                            "policy_arn": "arn:aws:iam::894231352815:policy/service-role/CodeBuildBasePolicy-Arclight-QA-us-east-1",
                            "role": "codebuild-Arclight-QA-service-role"
                        },
                        "meta": {
                            "schema_version": 0
                        },
                        "tainted": false
                    },
                    "deposed": [],
                    "provider": "provider.aws"
                },
                "aws_iam_role_policy_attachment.tfer--codebuild-admin-preprod-service-role_CodeBuildBasePolicy-admin-preprod-us-east-1": {
                    "type": "aws_iam_role_policy_attachment",
                    "depends_on": [],
                    "primary": {
                        "id": "codebuild-admin-preprod-service-role/arn:aws:iam::894231352815:policy/service-role/CodeBuildBasePolicy-admin-preprod-us-east-1",
                        "attributes": {
                            "id": "codebuild-admin-preprod-service-role/arn:aws:iam::894231352815:policy/service-role/CodeBuildBasePolicy-admin-preprod-us-east-1",
                            "policy_arn": "arn:aws:iam::894231352815:policy/service-role/CodeBuildBasePolicy-admin-preprod-us-east-1",
                            "role": "codebuild-admin-preprod-service-role"
                        },
                        "meta": {
                            "schema_version": 0
                        },
                        "tainted": false
                    },
                    "deposed": [],
                    "provider": "provider.aws"
                },
                "aws_iam_role_policy_attachment.tfer--codebuild-admin-prod-service-role_CodeBuildBasePolicy-admin-prod-us-east-1": {
                    "type": "aws_iam_role_policy_attachment",
                    "depends_on": [],
                    "primary": {
                        "id": "codebuild-admin-prod-service-role/arn:aws:iam::894231352815:policy/service-role/CodeBuildBasePolicy-admin-prod-us-east-1",
                        "attributes": {
                            "id": "codebuild-admin-prod-service-role/arn:aws:iam::894231352815:policy/service-role/CodeBuildBasePolicy-admin-prod-us-east-1",
                            "policy_arn": "arn:aws:iam::894231352815:policy/service-role/CodeBuildBasePolicy-admin-prod-us-east-1",
                            "role": "codebuild-admin-prod-service-role"
                        },
                        "meta": {
                            "schema_version": 0
                        },
                        "tainted": false
                    },
                    "deposed": [],
                    "provider": "provider.aws"
                },
                "aws_iam_role_policy_attachment.tfer--codebuild-admin-qa-service-role_CodeBuildBasePolicy-admin-qa-us-east-1": {
                    "type": "aws_iam_role_policy_attachment",
                    "depends_on": [],
                    "primary": {
                        "id": "codebuild-admin-qa-service-role/arn:aws:iam::894231352815:policy/service-role/CodeBuildBasePolicy-admin-qa-us-east-1",
                        "attributes": {
                            "id": "codebuild-admin-qa-service-role/arn:aws:iam::894231352815:policy/service-role/CodeBuildBasePolicy-admin-qa-us-east-1",
                            "policy_arn": "arn:aws:iam::894231352815:policy/service-role/CodeBuildBasePolicy-admin-qa-us-east-1",
                            "role": "codebuild-admin-qa-service-role"
                        },
                        "meta": {
                            "schema_version": 0
                        },
                        "tainted": false
                    },
                    "deposed": [],
                    "provider": "provider.aws"
                },
                "aws_iam_role_policy_attachment.tfer--codebuild-api-preprod-admin-service-role_CodeBuildBasePolicy-api-preprod-admin-us-east-1": {
                    "type": "aws_iam_role_policy_attachment",
                    "depends_on": [],
                    "primary": {
                        "id": "codebuild-api-preprod-admin-service-role/arn:aws:iam::894231352815:policy/service-role/CodeBuildBasePolicy-api-preprod-admin-us-east-1",
                        "attributes": {
                            "id": "codebuild-api-preprod-admin-service-role/arn:aws:iam::894231352815:policy/service-role/CodeBuildBasePolicy-api-preprod-admin-us-east-1",
                            "policy_arn": "arn:aws:iam::894231352815:policy/service-role/CodeBuildBasePolicy-api-preprod-admin-us-east-1",
                            "role": "codebuild-api-preprod-admin-service-role"
                        },
                        "meta": {
                            "schema_version": 0
                        },
                        "tainted": false
                    },
                    "deposed": [],
                    "provider": "provider.aws"
                },
                "aws_iam_role_policy_attachment.tfer--codebuild-api-preprod-service-role_CodeBuildBasePolicy-api-preprod-us-east-1": {
                    "type": "aws_iam_role_policy_attachment",
                    "depends_on": [],
                    "primary": {
                        "id": "codebuild-api-preprod-service-role/arn:aws:iam::894231352815:policy/service-role/CodeBuildBasePolicy-api-preprod-us-east-1",
                        "attributes": {
                            "id": "codebuild-api-preprod-service-role/arn:aws:iam::894231352815:policy/service-role/CodeBuildBasePolicy-api-preprod-us-east-1",
                            "policy_arn": "arn:aws:iam::894231352815:policy/service-role/CodeBuildBasePolicy-api-preprod-us-east-1",
                            "role": "codebuild-api-preprod-service-role"
                        },
                        "meta": {
                            "schema_version": 0
                        },
                        "tainted": false
                    },
                    "deposed": [],
                    "provider": "provider.aws"
                },
                "aws_iam_role_policy_attachment.tfer--codebuild-api-prod-admin-service-role_CodeBuildBasePolicy-api-prod-admin-us-east-1": {
                    "type": "aws_iam_role_policy_attachment",
                    "depends_on": [],
                    "primary": {
                        "id": "codebuild-api-prod-admin-service-role/arn:aws:iam::894231352815:policy/service-role/CodeBuildBasePolicy-api-prod-admin-us-east-1",
                        "attributes": {
                            "id": "codebuild-api-prod-admin-service-role/arn:aws:iam::894231352815:policy/service-role/CodeBuildBasePolicy-api-prod-admin-us-east-1",
                            "policy_arn": "arn:aws:iam::894231352815:policy/service-role/CodeBuildBasePolicy-api-prod-admin-us-east-1",
                            "role": "codebuild-api-prod-admin-service-role"
                        },
                        "meta": {
                            "schema_version": 0
                        },
                        "tainted": false
                    },
                    "deposed": [],
                    "provider": "provider.aws"
                },
                "aws_iam_role_policy_attachment.tfer--codebuild-api-prod-service-role_CodeBuildBasePolicy-api-prod-us-east-1": {
                    "type": "aws_iam_role_policy_attachment",
                    "depends_on": [],
                    "primary": {
                        "id": "codebuild-api-prod-service-role/arn:aws:iam::894231352815:policy/service-role/CodeBuildBasePolicy-api-prod-us-east-1",
                        "attributes": {
                            "id": "codebuild-api-prod-service-role/arn:aws:iam::894231352815:policy/service-role/CodeBuildBasePolicy-api-prod-us-east-1",
                            "policy_arn": "arn:aws:iam::894231352815:policy/service-role/CodeBuildBasePolicy-api-prod-us-east-1",
                            "role": "codebuild-api-prod-service-role"
                        },
                        "meta": {
                            "schema_version": 0
                        },
                        "tainted": false
                    },
                    "deposed": [],
                    "provider": "provider.aws"
                },
                "aws_iam_role_policy_attachment.tfer--codebuild-api-qa-servicerole_CodeBuildBasePolicy-api-qa-import-us-east-1": {
                    "type": "aws_iam_role_policy_attachment",
                    "depends_on": [],
                    "primary": {
                        "id": "codebuild-api-qa-servicerole/arn:aws:iam::894231352815:policy/service-role/CodeBuildBasePolicy-api-qa-import-us-east-1",
                        "attributes": {
                            "id": "codebuild-api-qa-servicerole/arn:aws:iam::894231352815:policy/service-role/CodeBuildBasePolicy-api-qa-import-us-east-1",
                            "policy_arn": "arn:aws:iam::894231352815:policy/service-role/CodeBuildBasePolicy-api-qa-import-us-east-1",
                            "role": "codebuild-api-qa-servicerole"
                        },
                        "meta": {
                            "schema_version": 0
                        },
                        "tainted": false
                    },
                    "deposed": [],
                    "provider": "provider.aws"
                },
                "aws_iam_role_policy_attachment.tfer--codebuild-api-qa-servicerole_CodeBuildBasePolicy-api-qa-us-east-1": {
                    "type": "aws_iam_role_policy_attachment",
                    "depends_on": [],
                    "primary": {
                        "id": "codebuild-api-qa-servicerole/arn:aws:iam::894231352815:policy/service-role/CodeBuildBasePolicy-api-qa-us-east-1",
                        "attributes": {
                            "id": "codebuild-api-qa-servicerole/arn:aws:iam::894231352815:policy/service-role/CodeBuildBasePolicy-api-qa-us-east-1",
                            "policy_arn": "arn:aws:iam::894231352815:policy/service-role/CodeBuildBasePolicy-api-qa-us-east-1",
                            "role": "codebuild-api-qa-servicerole"
                        },
                        "meta": {
                            "schema_version": 0
                        },
                        "tainted": false
                    },
                    "deposed": [],
                    "provider": "provider.aws"
                },
                "aws_iam_role_policy_attachment.tfer--codebuild-import-preprod-service-role_CodeBuildBasePolicy-import-preprod-us-east-1": {
                    "type": "aws_iam_role_policy_attachment",
                    "depends_on": [],
                    "primary": {
                        "id": "codebuild-import-preprod-service-role/arn:aws:iam::894231352815:policy/service-role/CodeBuildBasePolicy-import-preprod-us-east-1",
                        "attributes": {
                            "id": "codebuild-import-preprod-service-role/arn:aws:iam::894231352815:policy/service-role/CodeBuildBasePolicy-import-preprod-us-east-1",
                            "policy_arn": "arn:aws:iam::894231352815:policy/service-role/CodeBuildBasePolicy-import-preprod-us-east-1",
                            "role": "codebuild-import-preprod-service-role"
                        },
                        "meta": {
                            "schema_version": 0
                        },
                        "tainted": false
                    },
                    "deposed": [],
                    "provider": "provider.aws"
                },
                "aws_iam_role_policy_attachment.tfer--codebuild-import-prod-service-role_CodeBuildBasePolicy-import-prod-us-east-1": {
                    "type": "aws_iam_role_policy_attachment",
                    "depends_on": [],
                    "primary": {
                        "id": "codebuild-import-prod-service-role/arn:aws:iam::894231352815:policy/service-role/CodeBuildBasePolicy-import-prod-us-east-1",
                        "attributes": {
                            "id": "codebuild-import-prod-service-role/arn:aws:iam::894231352815:policy/service-role/CodeBuildBasePolicy-import-prod-us-east-1",
                            "policy_arn": "arn:aws:iam::894231352815:policy/service-role/CodeBuildBasePolicy-import-prod-us-east-1",
                            "role": "codebuild-import-prod-service-role"
                        },
                        "meta": {
                            "schema_version": 0
                        },
                        "tainted": false
                    },
                    "deposed": [],
                    "provider": "provider.aws"
                },
                "aws_iam_role_policy_attachment.tfer--codebuild-import-qa-service-role_CodeBuildBasePolicy-import-qa-us-east-1": {
                    "type": "aws_iam_role_policy_attachment",
                    "depends_on": [],
                    "primary": {
                        "id": "codebuild-import-qa-service-role/arn:aws:iam::894231352815:policy/service-role/CodeBuildBasePolicy-import-qa-us-east-1",
                        "attributes": {
                            "id": "codebuild-import-qa-service-role/arn:aws:iam::894231352815:policy/service-role/CodeBuildBasePolicy-import-qa-us-east-1",
                            "policy_arn": "arn:aws:iam::894231352815:policy/service-role/CodeBuildBasePolicy-import-qa-us-east-1",
                            "role": "codebuild-import-qa-service-role"
                        },
                        "meta": {
                            "schema_version": 0
                        },
                        "tainted": false
                    },
                    "deposed": [],
                    "provider": "provider.aws"
                },
                "aws_iam_role_policy_attachment.tfer--core-apollo-gateway_core-apollo-gateway": {
                    "type": "aws_iam_role_policy_attachment",
                    "depends_on": [],
                    "primary": {
                        "id": "core-apollo-gateway/arn:aws:iam::894231352815:policy/core-apollo-gateway",
                        "attributes": {
                            "id": "core-apollo-gateway/arn:aws:iam::894231352815:policy/core-apollo-gateway",
                            "policy_arn": "arn:aws:iam::894231352815:policy/core-apollo-gateway",
                            "role": "core-apollo-gateway"
                        },
                        "meta": {
                            "schema_version": 0
                        },
                        "tainted": false
                    },
                    "deposed": [],
                    "provider": "provider.aws"
                },
                "aws_iam_role_policy_attachment.tfer--cwe-role-us-east-1-arclight-api-qa_start-pipeline-execution-us-east-1-arclight-api-qa": {
                    "type": "aws_iam_role_policy_attachment",
                    "depends_on": [],
                    "primary": {
                        "id": "cwe-role-us-east-1-arclight-api-qa/arn:aws:iam::894231352815:policy/service-role/start-pipeline-execution-us-east-1-arclight-api-qa",
                        "attributes": {
                            "id": "cwe-role-us-east-1-arclight-api-qa/arn:aws:iam::894231352815:policy/service-role/start-pipeline-execution-us-east-1-arclight-api-qa",
                            "policy_arn": "arn:aws:iam::894231352815:policy/service-role/start-pipeline-execution-us-east-1-arclight-api-qa",
                            "role": "cwe-role-us-east-1-arclight-api-qa"
                        },
                        "meta": {
                            "schema_version": 0
                        },
                        "tainted": false
                    },
                    "deposed": [],
                    "provider": "provider.aws"
                },
                "aws_iam_role_policy_attachment.tfer--datainsightsProcessFirstPartyYoutubeChannels-role-xhga0n88_AWSLambdaBasicExecutionRole-6d83a4c4-b877-4b62-9cb5-a630e787e5bb": {
                    "type": "aws_iam_role_policy_attachment",
                    "depends_on": [],
                    "primary": {
                        "id": "datainsightsProcessFirstPartyYoutubeChannels-role-xhga0n88/arn:aws:iam::894231352815:policy/service-role/AWSLambdaBasicExecutionRole-6d83a4c4-b877-4b62-9cb5-a630e787e5bb",
                        "attributes": {
                            "id": "datainsightsProcessFirstPartyYoutubeChannels-role-xhga0n88/arn:aws:iam::894231352815:policy/service-role/AWSLambdaBasicExecutionRole-6d83a4c4-b877-4b62-9cb5-a630e787e5bb",
                            "policy_arn": "arn:aws:iam::894231352815:policy/service-role/AWSLambdaBasicExecutionRole-6d83a4c4-b877-4b62-9cb5-a630e787e5bb",
                            "role": "datainsightsProcessFirstPartyYoutubeChannels-role-xhga0n88"
                        },
                        "meta": {
                            "schema_version": 0
                        },
                        "tainted": false
                    },
                    "deposed": [],
                    "provider": "provider.aws"
                },
                "aws_iam_role_policy_attachment.tfer--ecsAutoscaleRole_AmazonEC2ContainerServiceAutoscaleRole": {
                    "type": "aws_iam_role_policy_attachment",
                    "depends_on": [],
                    "primary": {
                        "id": "ecsAutoscaleRole/arn:aws:iam::aws:policy/service-role/AmazonEC2ContainerServiceAutoscaleRole",
                        "attributes": {
                            "id": "ecsAutoscaleRole/arn:aws:iam::aws:policy/service-role/AmazonEC2ContainerServiceAutoscaleRole",
                            "policy_arn": "arn:aws:iam::aws:policy/service-role/AmazonEC2ContainerServiceAutoscaleRole",
                            "role": "ecsAutoscaleRole"
                        },
                        "meta": {
                            "schema_version": 0
                        },
                        "tainted": false
                    },
                    "deposed": [],
                    "provider": "provider.aws"
                },
                "aws_iam_role_policy_attachment.tfer--ecsEventsRole_AmazonEC2ContainerServiceEventsRole": {
                    "type": "aws_iam_role_policy_attachment",
                    "depends_on": [],
                    "primary": {
                        "id": "ecsEventsRole/arn:aws:iam::aws:policy/service-role/AmazonEC2ContainerServiceEventsRole",
                        "attributes": {
                            "id": "ecsEventsRole/arn:aws:iam::aws:policy/service-role/AmazonEC2ContainerServiceEventsRole",
                            "policy_arn": "arn:aws:iam::aws:policy/service-role/AmazonEC2ContainerServiceEventsRole",
                            "role": "ecsEventsRole"
                        },
                        "meta": {
                            "schema_version": 0
                        },
                        "tainted": false
                    },
                    "deposed": [],
                    "provider": "provider.aws"
                },
                "aws_iam_role_policy_attachment.tfer--ecsInstanceRole_AmazonEC2ContainerServiceforEC2Role": {
                    "type": "aws_iam_role_policy_attachment",
                    "depends_on": [],
                    "primary": {
                        "id": "ecsInstanceRole/arn:aws:iam::aws:policy/service-role/AmazonEC2ContainerServiceforEC2Role",
                        "attributes": {
                            "id": "ecsInstanceRole/arn:aws:iam::aws:policy/service-role/AmazonEC2ContainerServiceforEC2Role",
                            "policy_arn": "arn:aws:iam::aws:policy/service-role/AmazonEC2ContainerServiceforEC2Role",
                            "role": "ecsInstanceRole"
                        },
                        "meta": {
                            "schema_version": 0
                        },
                        "tainted": false
                    },
                    "deposed": [],
                    "provider": "provider.aws"
                },
                "aws_iam_role_policy_attachment.tfer--ecsServiceRole_AmazonEC2ContainerServiceRole": {
                    "type": "aws_iam_role_policy_attachment",
                    "depends_on": [],
                    "primary": {
                        "id": "ecsServiceRole/arn:aws:iam::aws:policy/service-role/AmazonEC2ContainerServiceRole",
                        "attributes": {
                            "id": "ecsServiceRole/arn:aws:iam::aws:policy/service-role/AmazonEC2ContainerServiceRole",
                            "policy_arn": "arn:aws:iam::aws:policy/service-role/AmazonEC2ContainerServiceRole",
                            "role": "ecsServiceRole"
                        },
                        "meta": {
                            "schema_version": 0
                        },
                        "tainted": false
                    },
                    "deposed": [],
                    "provider": "provider.aws"
                },
                "aws_iam_role_policy_attachment.tfer--ecsTaskExecutionRole_AmazonECSTaskExecutionRolePolicy": {
                    "type": "aws_iam_role_policy_attachment",
                    "depends_on": [],
                    "primary": {
                        "id": "ecsTaskExecutionRole/arn:aws:iam::aws:policy/service-role/AmazonECSTaskExecutionRolePolicy",
                        "attributes": {
                            "id": "ecsTaskExecutionRole/arn:aws:iam::aws:policy/service-role/AmazonECSTaskExecutionRolePolicy",
                            "policy_arn": "arn:aws:iam::aws:policy/service-role/AmazonECSTaskExecutionRolePolicy",
                            "role": "ecsTaskExecutionRole"
                        },
                        "meta": {
                            "schema_version": 0
                        },
                        "tainted": false
                    },
                    "deposed": [],
                    "provider": "provider.aws"
                },
                "aws_iam_role_policy_attachment.tfer--eksctl-JesusFilm-core-addon-iamserviceaccoun-Role1-1MM58AN9NT754_AllowExternalDNSUpdates": {
                    "type": "aws_iam_role_policy_attachment",
                    "depends_on": [],
                    "primary": {
                        "id": "eksctl-JesusFilm-core-addon-iamserviceaccoun-Role1-1MM58AN9NT754/arn:aws:iam::894231352815:policy/AllowExternalDNSUpdates",
                        "attributes": {
                            "id": "eksctl-JesusFilm-core-addon-iamserviceaccoun-Role1-1MM58AN9NT754/arn:aws:iam::894231352815:policy/AllowExternalDNSUpdates",
                            "policy_arn": "arn:aws:iam::894231352815:policy/AllowExternalDNSUpdates",
                            "role": "eksctl-JesusFilm-core-addon-iamserviceaccoun-Role1-1MM58AN9NT754"
                        },
                        "meta": {
                            "schema_version": 0
                        },
                        "tainted": false
                    },
                    "deposed": [],
                    "provider": "provider.aws"
                },
                "aws_iam_role_policy_attachment.tfer--es-media-components-role-wimvjjup_AWSLambdaBasicExecutionRole-d4fbe891-3a27-4670-a527-be33723b4dcc": {
                    "type": "aws_iam_role_policy_attachment",
                    "depends_on": [],
                    "primary": {
                        "id": "es-media-components-role-wimvjjup/arn:aws:iam::894231352815:policy/service-role/AWSLambdaBasicExecutionRole-d4fbe891-3a27-4670-a527-be33723b4dcc",
                        "attributes": {
                            "id": "es-media-components-role-wimvjjup/arn:aws:iam::894231352815:policy/service-role/AWSLambdaBasicExecutionRole-d4fbe891-3a27-4670-a527-be33723b4dcc",
                            "policy_arn": "arn:aws:iam::894231352815:policy/service-role/AWSLambdaBasicExecutionRole-d4fbe891-3a27-4670-a527-be33723b4dcc",
                            "role": "es-media-components-role-wimvjjup"
                        },
                        "meta": {
                            "schema_version": 0
                        },
                        "tainted": false
                    },
                    "deposed": [],
                    "provider": "provider.aws"
                },
                "aws_iam_role_policy_attachment.tfer--lambda-bizrules-testing_AWSLambdaVPCAccessExecutionRole": {
                    "type": "aws_iam_role_policy_attachment",
                    "depends_on": [],
                    "primary": {
                        "id": "lambda-bizrules-testing/arn:aws:iam::aws:policy/service-role/AWSLambdaVPCAccessExecutionRole",
                        "attributes": {
                            "id": "lambda-bizrules-testing/arn:aws:iam::aws:policy/service-role/AWSLambdaVPCAccessExecutionRole",
                            "policy_arn": "arn:aws:iam::aws:policy/service-role/AWSLambdaVPCAccessExecutionRole",
                            "role": "lambda-bizrules-testing"
                        },
                        "meta": {
                            "schema_version": 0
                        },
                        "tainted": false
                    },
                    "deposed": [],
                    "provider": "provider.aws"
                },
                "aws_iam_role_policy_attachment.tfer--lambda-bizrules-testing_AmazonSNSFullAccess": {
                    "type": "aws_iam_role_policy_attachment",
                    "depends_on": [],
                    "primary": {
                        "id": "lambda-bizrules-testing/arn:aws:iam::aws:policy/AmazonSNSFullAccess",
                        "attributes": {
                            "id": "lambda-bizrules-testing/arn:aws:iam::aws:policy/AmazonSNSFullAccess",
                            "policy_arn": "arn:aws:iam::aws:policy/AmazonSNSFullAccess",
                            "role": "lambda-bizrules-testing"
                        },
                        "meta": {
                            "schema_version": 0
                        },
                        "tainted": false
                    },
                    "deposed": [],
                    "provider": "provider.aws"
                },
                "aws_iam_role_policy_attachment.tfer--lambda-bizrules-testing_AmazonSNSRole": {
                    "type": "aws_iam_role_policy_attachment",
                    "depends_on": [],
                    "primary": {
                        "id": "lambda-bizrules-testing/arn:aws:iam::aws:policy/service-role/AmazonSNSRole",
                        "attributes": {
                            "id": "lambda-bizrules-testing/arn:aws:iam::aws:policy/service-role/AmazonSNSRole",
                            "policy_arn": "arn:aws:iam::aws:policy/service-role/AmazonSNSRole",
                            "role": "lambda-bizrules-testing"
                        },
                        "meta": {
                            "schema_version": 0
                        },
                        "tainted": false
                    },
                    "deposed": [],
                    "provider": "provider.aws"
                },
                "aws_iam_role_policy_attachment.tfer--lambda-bizrules-testing_lambda_to_sns_me2transcheck": {
                    "type": "aws_iam_role_policy_attachment",
                    "depends_on": [],
                    "primary": {
                        "id": "lambda-bizrules-testing/arn:aws:iam::894231352815:policy/lambda_to_sns_me2transcheck",
                        "attributes": {
                            "id": "lambda-bizrules-testing/arn:aws:iam::894231352815:policy/lambda_to_sns_me2transcheck",
                            "policy_arn": "arn:aws:iam::894231352815:policy/lambda_to_sns_me2transcheck",
                            "role": "lambda-bizrules-testing"
                        },
                        "meta": {
                            "schema_version": 0
                        },
                        "tainted": false
                    },
                    "deposed": [],
                    "provider": "provider.aws"
                },
                "aws_iam_role_policy_attachment.tfer--lambda-kinesis-execution-role_AWSLambdaKinesisExecutionRole": {
                    "type": "aws_iam_role_policy_attachment",
                    "depends_on": [],
                    "primary": {
                        "id": "lambda-kinesis-execution-role/arn:aws:iam::aws:policy/service-role/AWSLambdaKinesisExecutionRole",
                        "attributes": {
                            "id": "lambda-kinesis-execution-role/arn:aws:iam::aws:policy/service-role/AWSLambdaKinesisExecutionRole",
                            "policy_arn": "arn:aws:iam::aws:policy/service-role/AWSLambdaKinesisExecutionRole",
                            "role": "lambda-kinesis-execution-role"
                        },
                        "meta": {
                            "schema_version": 0
                        },
                        "tainted": false
                    },
                    "deposed": [],
                    "provider": "provider.aws"
                },
                "aws_iam_role_policy_attachment.tfer--lambda_basic_execution_AWSLambdaFullAccess": {
                    "type": "aws_iam_role_policy_attachment",
                    "depends_on": [],
                    "primary": {
                        "id": "lambda_basic_execution/arn:aws:iam::aws:policy/AWSLambdaFullAccess",
                        "attributes": {
                            "id": "lambda_basic_execution/arn:aws:iam::aws:policy/AWSLambdaFullAccess",
                            "policy_arn": "arn:aws:iam::aws:policy/AWSLambdaFullAccess",
                            "role": "lambda_basic_execution"
                        },
                        "meta": {
                            "schema_version": 0
                        },
                        "tainted": false
                    },
                    "deposed": [],
                    "provider": "provider.aws"
                },
                "aws_iam_role_policy_attachment.tfer--lambda_basic_execution_AWSLambdaVPCAccessExecutionRole": {
                    "type": "aws_iam_role_policy_attachment",
                    "depends_on": [],
                    "primary": {
                        "id": "lambda_basic_execution/arn:aws:iam::aws:policy/service-role/AWSLambdaVPCAccessExecutionRole",
                        "attributes": {
                            "id": "lambda_basic_execution/arn:aws:iam::aws:policy/service-role/AWSLambdaVPCAccessExecutionRole",
                            "policy_arn": "arn:aws:iam::aws:policy/service-role/AWSLambdaVPCAccessExecutionRole",
                            "role": "lambda_basic_execution"
                        },
                        "meta": {
                            "schema_version": 0
                        },
                        "tainted": false
                    },
                    "deposed": [],
                    "provider": "provider.aws"
                },
                "aws_iam_role_policy_attachment.tfer--lambda_basic_vpc_execution_AmazonSNSFullAccess": {
                    "type": "aws_iam_role_policy_attachment",
                    "depends_on": [],
                    "primary": {
                        "id": "lambda_basic_vpc_execution/arn:aws:iam::aws:policy/AmazonSNSFullAccess",
                        "attributes": {
                            "id": "lambda_basic_vpc_execution/arn:aws:iam::aws:policy/AmazonSNSFullAccess",
                            "policy_arn": "arn:aws:iam::aws:policy/AmazonSNSFullAccess",
                            "role": "lambda_basic_vpc_execution"
                        },
                        "meta": {
                            "schema_version": 0
                        },
                        "tainted": false
                    },
                    "deposed": [],
                    "provider": "provider.aws"
                },
                "aws_iam_role_policy_attachment.tfer--lambda_basic_vpc_execution_lambda_to_sns_me2transcheck": {
                    "type": "aws_iam_role_policy_attachment",
                    "depends_on": [],
                    "primary": {
                        "id": "lambda_basic_vpc_execution/arn:aws:iam::894231352815:policy/lambda_to_sns_me2transcheck",
                        "attributes": {
                            "id": "lambda_basic_vpc_execution/arn:aws:iam::894231352815:policy/lambda_to_sns_me2transcheck",
                            "policy_arn": "arn:aws:iam::894231352815:policy/lambda_to_sns_me2transcheck",
                            "role": "lambda_basic_vpc_execution"
                        },
                        "meta": {
                            "schema_version": 0
                        },
                        "tainted": false
                    },
                    "deposed": [],
                    "provider": "provider.aws"
                },
                "aws_iam_role_policy_attachment.tfer--lambda_plumber_role_AmazonDynamoDBFullAccess": {
                    "type": "aws_iam_role_policy_attachment",
                    "depends_on": [],
                    "primary": {
                        "id": "lambda_plumber_role/arn:aws:iam::aws:policy/AmazonDynamoDBFullAccess",
                        "attributes": {
                            "id": "lambda_plumber_role/arn:aws:iam::aws:policy/AmazonDynamoDBFullAccess",
                            "policy_arn": "arn:aws:iam::aws:policy/AmazonDynamoDBFullAccess",
                            "role": "lambda_plumber_role"
                        },
                        "meta": {
                            "schema_version": 0
                        },
                        "tainted": false
                    },
                    "deposed": [],
                    "provider": "provider.aws"
                },
                "aws_iam_role_policy_attachment.tfer--lambda_plumber_role_AmazonKinesisFullAccess": {
                    "type": "aws_iam_role_policy_attachment",
                    "depends_on": [],
                    "primary": {
                        "id": "lambda_plumber_role/arn:aws:iam::aws:policy/AmazonKinesisFullAccess",
                        "attributes": {
                            "id": "lambda_plumber_role/arn:aws:iam::aws:policy/AmazonKinesisFullAccess",
                            "policy_arn": "arn:aws:iam::aws:policy/AmazonKinesisFullAccess",
                            "role": "lambda_plumber_role"
                        },
                        "meta": {
                            "schema_version": 0
                        },
                        "tainted": false
                    },
                    "deposed": [],
                    "provider": "provider.aws"
                },
                "aws_iam_role_policy_attachment.tfer--lambda_refresh_api_keys_role_AWSLambdaFullAccess": {
                    "type": "aws_iam_role_policy_attachment",
                    "depends_on": [],
                    "primary": {
                        "id": "lambda_refresh_api_keys_role/arn:aws:iam::aws:policy/AWSLambdaFullAccess",
                        "attributes": {
                            "id": "lambda_refresh_api_keys_role/arn:aws:iam::aws:policy/AWSLambdaFullAccess",
                            "policy_arn": "arn:aws:iam::aws:policy/AWSLambdaFullAccess",
                            "role": "lambda_refresh_api_keys_role"
                        },
                        "meta": {
                            "schema_version": 0
                        },
                        "tainted": false
                    },
                    "deposed": [],
                    "provider": "provider.aws"
                },
                "aws_iam_role_policy_attachment.tfer--lambda_refresh_api_keys_role_AmazonSNSFullAccess": {
                    "type": "aws_iam_role_policy_attachment",
                    "depends_on": [],
                    "primary": {
                        "id": "lambda_refresh_api_keys_role/arn:aws:iam::aws:policy/AmazonSNSFullAccess",
                        "attributes": {
                            "id": "lambda_refresh_api_keys_role/arn:aws:iam::aws:policy/AmazonSNSFullAccess",
                            "policy_arn": "arn:aws:iam::aws:policy/AmazonSNSFullAccess",
                            "role": "lambda_refresh_api_keys_role"
                        },
                        "meta": {
                            "schema_version": 0
                        },
                        "tainted": false
                    },
                    "deposed": [],
                    "provider": "provider.aws"
                },
                "aws_iam_role_policy_attachment.tfer--lambda_tim_005_AWSLambdaExecute": {
                    "type": "aws_iam_role_policy_attachment",
                    "depends_on": [],
                    "primary": {
                        "id": "lambda_tim_005/arn:aws:iam::aws:policy/AWSLambdaExecute",
                        "attributes": {
                            "id": "lambda_tim_005/arn:aws:iam::aws:policy/AWSLambdaExecute",
                            "policy_arn": "arn:aws:iam::aws:policy/AWSLambdaExecute",
                            "role": "lambda_tim_005"
                        },
                        "meta": {
                            "schema_version": 0
                        },
                        "tainted": false
                    },
                    "deposed": [],
                    "provider": "provider.aws"
                },
                "aws_iam_role_policy_attachment.tfer--lambda_tim_005_AWSLambdaRole": {
                    "type": "aws_iam_role_policy_attachment",
                    "depends_on": [],
                    "primary": {
                        "id": "lambda_tim_005/arn:aws:iam::aws:policy/service-role/AWSLambdaRole",
                        "attributes": {
                            "id": "lambda_tim_005/arn:aws:iam::aws:policy/service-role/AWSLambdaRole",
                            "policy_arn": "arn:aws:iam::aws:policy/service-role/AWSLambdaRole",
                            "role": "lambda_tim_005"
                        },
                        "meta": {
                            "schema_version": 0
                        },
                        "tainted": false
                    },
                    "deposed": [],
                    "provider": "provider.aws"
                },
                "aws_iam_role_policy_attachment.tfer--me2-ingest-role_AWSLambdaBasicExecutionRole-55127d15-5bf9-429a-9ea4-b8809b0766a2": {
                    "type": "aws_iam_role_policy_attachment",
                    "depends_on": [],
                    "primary": {
                        "id": "me2-ingest-role/arn:aws:iam::894231352815:policy/service-role/AWSLambdaBasicExecutionRole-55127d15-5bf9-429a-9ea4-b8809b0766a2",
                        "attributes": {
                            "id": "me2-ingest-role/arn:aws:iam::894231352815:policy/service-role/AWSLambdaBasicExecutionRole-55127d15-5bf9-429a-9ea4-b8809b0766a2",
                            "policy_arn": "arn:aws:iam::894231352815:policy/service-role/AWSLambdaBasicExecutionRole-55127d15-5bf9-429a-9ea4-b8809b0766a2",
                            "role": "me2-ingest-role"
                        },
                        "meta": {
                            "schema_version": 0
                        },
                        "tainted": false
                    },
                    "deposed": [],
                    "provider": "provider.aws"
                },
                "aws_iam_role_policy_attachment.tfer--me2-ingest-role_AmazonKinesisFirehoseFullAccess": {
                    "type": "aws_iam_role_policy_attachment",
                    "depends_on": [],
                    "primary": {
                        "id": "me2-ingest-role/arn:aws:iam::aws:policy/AmazonKinesisFirehoseFullAccess",
                        "attributes": {
                            "id": "me2-ingest-role/arn:aws:iam::aws:policy/AmazonKinesisFirehoseFullAccess",
                            "policy_arn": "arn:aws:iam::aws:policy/AmazonKinesisFirehoseFullAccess",
                            "role": "me2-ingest-role"
                        },
                        "meta": {
                            "schema_version": 0
                        },
                        "tainted": false
                    },
                    "deposed": [],
                    "provider": "provider.aws"
                },
                "aws_iam_role_policy_attachment.tfer--rds-monitoring-role_AmazonRDSEnhancedMonitoringRole": {
                    "type": "aws_iam_role_policy_attachment",
                    "depends_on": [],
                    "primary": {
                        "id": "rds-monitoring-role/arn:aws:iam::aws:policy/service-role/AmazonRDSEnhancedMonitoringRole",
                        "attributes": {
                            "id": "rds-monitoring-role/arn:aws:iam::aws:policy/service-role/AmazonRDSEnhancedMonitoringRole",
                            "policy_arn": "arn:aws:iam::aws:policy/service-role/AmazonRDSEnhancedMonitoringRole",
                            "role": "rds-monitoring-role"
                        },
                        "meta": {
                            "schema_version": 0
                        },
                        "tainted": false
                    },
                    "deposed": [],
                    "provider": "provider.aws"
                },
                "aws_iam_role_policy_attachment.tfer--testFunFun-role-yvq06kzv_AWSLambdaBasicExecutionRole-0222a08b-9a31-4607-a110-9f61b66211da": {
                    "type": "aws_iam_role_policy_attachment",
                    "depends_on": [],
                    "primary": {
                        "id": "testFunFun-role-yvq06kzv/arn:aws:iam::894231352815:policy/service-role/AWSLambdaBasicExecutionRole-0222a08b-9a31-4607-a110-9f61b66211da",
                        "attributes": {
                            "id": "testFunFun-role-yvq06kzv/arn:aws:iam::894231352815:policy/service-role/AWSLambdaBasicExecutionRole-0222a08b-9a31-4607-a110-9f61b66211da",
                            "policy_arn": "arn:aws:iam::894231352815:policy/service-role/AWSLambdaBasicExecutionRole-0222a08b-9a31-4607-a110-9f61b66211da",
                            "role": "testFunFun-role-yvq06kzv"
                        },
                        "meta": {
                            "schema_version": 0
                        },
                        "tainted": false
                    },
                    "deposed": [],
                    "provider": "provider.aws"
                },
                "aws_iam_role_policy_attachment.tfer--wp-graphql-request-role-07aktf4v_AWSLambdaBasicExecutionRole-6e60b8f9-2dd0-4e7d-bed3-cf50af182f8b": {
                    "type": "aws_iam_role_policy_attachment",
                    "depends_on": [],
                    "primary": {
                        "id": "wp-graphql-request-role-07aktf4v/arn:aws:iam::894231352815:policy/service-role/AWSLambdaBasicExecutionRole-6e60b8f9-2dd0-4e7d-bed3-cf50af182f8b",
                        "attributes": {
                            "id": "wp-graphql-request-role-07aktf4v/arn:aws:iam::894231352815:policy/service-role/AWSLambdaBasicExecutionRole-6e60b8f9-2dd0-4e7d-bed3-cf50af182f8b",
                            "policy_arn": "arn:aws:iam::894231352815:policy/service-role/AWSLambdaBasicExecutionRole-6e60b8f9-2dd0-4e7d-bed3-cf50af182f8b",
                            "role": "wp-graphql-request-role-07aktf4v"
                        },
                        "meta": {
                            "schema_version": 0
                        },
                        "tainted": false
                    },
                    "deposed": [],
                    "provider": "provider.aws"
                },
                "aws_iam_user.tfer--AIDA5ANCXSXX4BJMSP7KS": {
                    "type": "aws_iam_user",
                    "depends_on": [],
                    "primary": {
                        "id": "MerrittFranzmann@onehope.net",
                        "attributes": {
                            "arn": "arn:aws:iam::894231352815:user/MerrittFranzmann@onehope.net",
                            "force_destroy": "false",
                            "id": "MerrittFranzmann@onehope.net",
                            "name": "MerrittFranzmann@onehope.net",
                            "path": "/",
                            "tags.%": "0",
                            "tags_all.%": "0",
                            "unique_id": "AIDA5ANCXSXX4BJMSP7KS"
                        },
                        "meta": {
                            "schema_version": 0
                        },
                        "tainted": false
                    },
                    "deposed": [],
                    "provider": "provider.aws"
                },
                "aws_iam_user.tfer--AIDA5ANCXSXX4JQBDVGDY": {
                    "type": "aws_iam_user",
                    "depends_on": [],
                    "primary": {
                        "id": "JfmGithubUser",
                        "attributes": {
                            "arn": "arn:aws:iam::894231352815:user/JfmGithubUser",
                            "force_destroy": "false",
                            "id": "JfmGithubUser",
                            "name": "JfmGithubUser",
                            "path": "/",
                            "tags.%": "0",
                            "tags_all.%": "0",
                            "unique_id": "AIDA5ANCXSXX4JQBDVGDY"
                        },
                        "meta": {
                            "schema_version": 0
                        },
                        "tainted": false
                    },
                    "deposed": [],
                    "provider": "provider.aws"
                },
                "aws_iam_user.tfer--AIDA5ANCXSXX4MXPXQP3P": {
                    "type": "aws_iam_user",
                    "depends_on": [],
                    "primary": {
                        "id": "tataihono.nikora@cru.org",
                        "attributes": {
                            "arn": "arn:aws:iam::894231352815:user/tataihono.nikora@cru.org",
                            "force_destroy": "false",
                            "id": "tataihono.nikora@cru.org",
                            "name": "tataihono.nikora@cru.org",
                            "path": "/",
                            "tags.%": "0",
                            "tags_all.%": "0",
                            "unique_id": "AIDA5ANCXSXX4MXPXQP3P"
                        },
                        "meta": {
                            "schema_version": 0
                        },
                        "tainted": false
                    },
                    "deposed": [],
                    "provider": "provider.aws"
                },
                "aws_iam_user.tfer--AIDA5ANCXSXX66CRD7I6D": {
                    "type": "aws_iam_user",
                    "depends_on": [],
                    "primary": {
                        "id": "tanner.fleming@gmail.com",
                        "attributes": {
                            "arn": "arn:aws:iam::894231352815:user/tanner.fleming@gmail.com",
                            "force_destroy": "false",
                            "id": "tanner.fleming@gmail.com",
                            "name": "tanner.fleming@gmail.com",
                            "path": "/",
                            "tags.%": "0",
                            "tags_all.%": "0",
                            "unique_id": "AIDA5ANCXSXX66CRD7I6D"
                        },
                        "meta": {
                            "schema_version": 0
                        },
                        "tainted": false
                    },
                    "deposed": [],
                    "provider": "provider.aws"
                },
                "aws_iam_user.tfer--AIDA5ANCXSXX7NELEGOBS": {
                    "type": "aws_iam_user",
                    "depends_on": [],
                    "primary": {
                        "id": "JFM-NextStep-New-ME2",
                        "attributes": {
                            "arn": "arn:aws:iam::894231352815:user/JFM-NextStep-New-ME2",
                            "force_destroy": "false",
                            "id": "JFM-NextStep-New-ME2",
                            "name": "JFM-NextStep-New-ME2",
                            "path": "/",
                            "tags.%": "0",
                            "tags_all.%": "0",
                            "unique_id": "AIDA5ANCXSXX7NELEGOBS"
                        },
                        "meta": {
                            "schema_version": 0
                        },
                        "tainted": false
                    },
                    "deposed": [],
                    "provider": "provider.aws"
                },
                "aws_iam_user.tfer--AIDA5ANCXSXXQCU2WHOT6": {
                    "type": "aws_iam_user",
                    "depends_on": [],
                    "primary": {
                        "id": "smtp-donate-forms",
                        "attributes": {
                            "arn": "arn:aws:iam::894231352815:user/smtp-donate-forms",
                            "force_destroy": "false",
                            "id": "smtp-donate-forms",
                            "name": "smtp-donate-forms",
                            "path": "/",
                            "tags.%": "0",
                            "tags_all.%": "0",
                            "unique_id": "AIDA5ANCXSXXQCU2WHOT6"
                        },
                        "meta": {
                            "schema_version": 0
                        },
                        "tainted": false
                    },
                    "deposed": [],
                    "provider": "provider.aws"
                },
                "aws_iam_user.tfer--AIDA5ANCXSXXU4G2523D4": {
                    "type": "aws_iam_user",
                    "depends_on": [],
                    "primary": {
                        "id": "jfm_data_export_s3",
                        "attributes": {
                            "arn": "arn:aws:iam::894231352815:user/jfm_data_export_s3",
                            "force_destroy": "false",
                            "id": "jfm_data_export_s3",
                            "name": "jfm_data_export_s3",
                            "path": "/",
                            "tags.%": "1",
                            "tags.project": "next_step",
                            "tags_all.%": "1",
                            "tags_all.project": "next_step",
                            "unique_id": "AIDA5ANCXSXXU4G2523D4"
                        },
                        "meta": {
                            "schema_version": 0
                        },
                        "tainted": false
                    },
                    "deposed": [],
                    "provider": "provider.aws"
                },
                "aws_iam_user.tfer--AIDA5ANCXSXXW2BVPBEFW": {
                    "type": "aws_iam_user",
                    "depends_on": [],
                    "primary": {
                        "id": "david.moen@jesusfilm.org",
                        "attributes": {
                            "arn": "arn:aws:iam::894231352815:user/david.moen@jesusfilm.org",
                            "force_destroy": "false",
                            "id": "david.moen@jesusfilm.org",
                            "name": "david.moen@jesusfilm.org",
                            "path": "/",
                            "tags.%": "0",
                            "tags_all.%": "0",
                            "unique_id": "AIDA5ANCXSXXW2BVPBEFW"
                        },
                        "meta": {
                            "schema_version": 0
                        },
                        "tainted": false
                    },
                    "deposed": [],
                    "provider": "provider.aws"
                },
                "aws_iam_user.tfer--AIDA5ANCXSXXW3JDWSWNK": {
                    "type": "aws_iam_user",
                    "depends_on": [],
                    "primary": {
                        "id": "dj.mikeallison@gmail.com",
                        "attributes": {
                            "arn": "arn:aws:iam::894231352815:user/dj.mikeallison@gmail.com",
                            "force_destroy": "false",
                            "id": "dj.mikeallison@gmail.com",
                            "name": "dj.mikeallison@gmail.com",
                            "path": "/",
                            "tags.%": "0",
                            "tags_all.%": "0",
                            "unique_id": "AIDA5ANCXSXXW3JDWSWNK"
                        },
                        "meta": {
                            "schema_version": 0
                        },
                        "tainted": false
                    },
                    "deposed": [],
                    "provider": "provider.aws"
                },
                "aws_iam_user.tfer--AIDA5ANCXSXXXOPQIJ4TK": {
                    "type": "aws_iam_user",
                    "depends_on": [],
                    "primary": {
                        "id": "irv.klaschus@jesusfilm.org",
                        "attributes": {
                            "arn": "arn:aws:iam::894231352815:user/irv.klaschus@jesusfilm.org",
                            "force_destroy": "false",
                            "id": "irv.klaschus@jesusfilm.org",
                            "name": "irv.klaschus@jesusfilm.org",
                            "path": "/",
                            "tags.%": "0",
                            "tags_all.%": "0",
                            "unique_id": "AIDA5ANCXSXXXOPQIJ4TK"
                        },
                        "meta": {
                            "schema_version": 0
                        },
                        "tainted": false
                    },
                    "deposed": [],
                    "provider": "provider.aws"
                },
                "aws_iam_user.tfer--AIDA5ANCXSXXXXG6SO2RV": {
                    "type": "aws_iam_user",
                    "depends_on": [],
                    "primary": {
                        "id": "arclight@thecrutsingers.com",
                        "attributes": {
                            "arn": "arn:aws:iam::894231352815:user/arclight@thecrutsingers.com",
                            "force_destroy": "false",
                            "id": "arclight@thecrutsingers.com",
                            "name": "arclight@thecrutsingers.com",
                            "path": "/",
                            "tags.%": "0",
                            "tags_all.%": "0",
                            "unique_id": "AIDA5ANCXSXXXXG6SO2RV"
                        },
                        "meta": {
                            "schema_version": 0
                        },
                        "tainted": false
                    },
                    "deposed": [],
                    "provider": "provider.aws"
                },
                "aws_iam_user.tfer--AIDA5ANCXSXXYHXZN6NSC": {
                    "type": "aws_iam_user",
                    "depends_on": [],
                    "primary": {
                        "id": "AlexSanchez@onehope.net",
                        "attributes": {
                            "arn": "arn:aws:iam::894231352815:user/AlexSanchez@onehope.net",
                            "force_destroy": "false",
                            "id": "AlexSanchez@onehope.net",
                            "name": "AlexSanchez@onehope.net",
                            "path": "/",
                            "tags.%": "0",
                            "tags_all.%": "0",
                            "unique_id": "AIDA5ANCXSXXYHXZN6NSC"
                        },
                        "meta": {
                            "schema_version": 0
                        },
                        "tainted": false
                    },
                    "deposed": [],
                    "provider": "provider.aws"
                },
                "aws_iam_user.tfer--AIDA5ANCXSXXZ5VEMUQXL": {
                    "type": "aws_iam_user",
                    "depends_on": [],
                    "primary": {
                        "id": "jeff.beard@jesusfilm.org",
                        "attributes": {
                            "arn": "arn:aws:iam::894231352815:user/jeff.beard@jesusfilm.org",
                            "force_destroy": "false",
                            "id": "jeff.beard@jesusfilm.org",
                            "name": "jeff.beard@jesusfilm.org",
                            "path": "/",
                            "tags.%": "0",
                            "tags_all.%": "0",
                            "unique_id": "AIDA5ANCXSXXZ5VEMUQXL"
                        },
                        "meta": {
                            "schema_version": 0
                        },
                        "tainted": false
                    },
                    "deposed": [],
                    "provider": "provider.aws"
                },
                "aws_iam_user.tfer--AIDA5ANCXSXXZK2FQJG2G": {
                    "type": "aws_iam_user",
                    "depends_on": [],
                    "primary": {
                        "id": "studiogroup@onehope.net",
                        "attributes": {
                            "arn": "arn:aws:iam::894231352815:user/studiogroup@onehope.net",
                            "force_destroy": "false",
                            "id": "studiogroup@onehope.net",
                            "name": "studiogroup@onehope.net",
                            "path": "/",
                            "tags.%": "0",
                            "tags_all.%": "0",
                            "unique_id": "AIDA5ANCXSXXZK2FQJG2G"
                        },
                        "meta": {
                            "schema_version": 0
                        },
                        "tainted": false
                    },
                    "deposed": [],
                    "provider": "provider.aws"
                },
                "aws_iam_user.tfer--AIDAI3IHLBHH46DBLD6NE": {
                    "type": "aws_iam_user",
                    "depends_on": [],
                    "primary": {
                        "id": "TimS@rcisw",
                        "attributes": {
                            "arn": "arn:aws:iam::894231352815:user/TimS@rcisw",
                            "force_destroy": "false",
                            "id": "TimS@rcisw",
                            "name": "TimS@rcisw",
                            "path": "/",
                            "tags.%": "0",
                            "tags_all.%": "0",
                            "unique_id": "AIDAI3IHLBHH46DBLD6NE"
                        },
                        "meta": {
                            "schema_version": 0
                        },
                        "tainted": false
                    },
                    "deposed": [],
                    "provider": "provider.aws"
                },
                "aws_iam_user.tfer--AIDAI5FNI4PSIT4Q3PNEY": {
                    "type": "aws_iam_user",
                    "depends_on": [],
                    "primary": {
                        "id": "JesseLund",
                        "attributes": {
                            "arn": "arn:aws:iam::894231352815:user/JesseLund",
                            "force_destroy": "false",
                            "id": "JesseLund",
                            "name": "JesseLund",
                            "path": "/",
                            "tags.%": "0",
                            "tags_all.%": "0",
                            "unique_id": "AIDAI5FNI4PSIT4Q3PNEY"
                        },
                        "meta": {
                            "schema_version": 0
                        },
                        "tainted": false
                    },
                    "deposed": [],
                    "provider": "provider.aws"
                },
                "aws_iam_user.tfer--AIDAI7DQY3RNZPNK74ZRM": {
                    "type": "aws_iam_user",
                    "depends_on": [],
                    "primary": {
                        "id": "Derek@CoreDs",
                        "attributes": {
                            "arn": "arn:aws:iam::894231352815:user/Derek@CoreDs",
                            "force_destroy": "false",
                            "id": "Derek@CoreDs",
                            "name": "Derek@CoreDs",
                            "path": "/",
                            "tags.%": "0",
                            "tags_all.%": "0",
                            "unique_id": "AIDAI7DQY3RNZPNK74ZRM"
                        },
                        "meta": {
                            "schema_version": 0
                        },
                        "tainted": false
                    },
                    "deposed": [],
                    "provider": "provider.aws"
                },
                "aws_iam_user.tfer--AIDAIGMPADJU5QF6Y2F2K": {
                    "type": "aws_iam_user",
                    "depends_on": [],
                    "primary": {
                        "id": "GavinWalsh",
                        "attributes": {
                            "arn": "arn:aws:iam::894231352815:user/GavinWalsh",
                            "force_destroy": "false",
                            "id": "GavinWalsh",
                            "name": "GavinWalsh",
                            "path": "/",
                            "tags.%": "0",
                            "tags_all.%": "0",
                            "unique_id": "AIDAIGMPADJU5QF6Y2F2K"
                        },
                        "meta": {
                            "schema_version": 0
                        },
                        "tainted": false
                    },
                    "deposed": [],
                    "provider": "provider.aws"
                },
                "aws_iam_user.tfer--AIDAINHPVUBATSDEEUFEG": {
                    "type": "aws_iam_user",
                    "depends_on": [],
                    "primary": {
                        "id": "CharlieFulton",
                        "attributes": {
                            "arn": "arn:aws:iam::894231352815:user/CharlieFulton",
                            "force_destroy": "false",
                            "id": "CharlieFulton",
                            "name": "CharlieFulton",
                            "path": "/",
                            "tags.%": "0",
                            "tags_all.%": "0",
                            "unique_id": "AIDAINHPVUBATSDEEUFEG"
                        },
                        "meta": {
                            "schema_version": 0
                        },
                        "tainted": false
                    },
                    "deposed": [],
                    "provider": "provider.aws"
                },
                "aws_iam_user.tfer--AIDAINV3GUHRKCQ473SF6": {
                    "type": "aws_iam_user",
                    "depends_on": [],
                    "primary": {
                        "id": "chris@morleyconsulting.net",
                        "attributes": {
                            "arn": "arn:aws:iam::894231352815:user/chris@morleyconsulting.net",
                            "force_destroy": "false",
                            "id": "chris@morleyconsulting.net",
                            "name": "chris@morleyconsulting.net",
                            "path": "/",
                            "tags.%": "0",
                            "tags_all.%": "0",
                            "unique_id": "AIDAINV3GUHRKCQ473SF6"
                        },
                        "meta": {
                            "schema_version": 0
                        },
                        "tainted": false
                    },
                    "deposed": [],
                    "provider": "provider.aws"
                },
                "aws_iam_user.tfer--AIDAIQO2HQ52MK5MXKKWW": {
                    "type": "aws_iam_user",
                    "depends_on": [],
                    "primary": {
                        "id": "jfmcw",
                        "attributes": {
                            "arn": "arn:aws:iam::894231352815:user/jfmcw",
                            "force_destroy": "false",
                            "id": "jfmcw",
                            "name": "jfmcw",
                            "path": "/",
                            "tags.%": "0",
                            "tags_all.%": "0",
                            "unique_id": "AIDAIQO2HQ52MK5MXKKWW"
                        },
                        "meta": {
                            "schema_version": 0
                        },
                        "tainted": false
                    },
                    "deposed": [],
                    "provider": "provider.aws"
                },
                "aws_iam_user.tfer--AIDAIWZHEWOUSC2ZAI6DY": {
                    "type": "aws_iam_user",
                    "depends_on": [],
                    "primary": {
                        "id": "jfm-profiles",
                        "attributes": {
                            "arn": "arn:aws:iam::894231352815:user/jfm-profiles",
                            "force_destroy": "false",
                            "id": "jfm-profiles",
                            "name": "jfm-profiles",
                            "path": "/",
                            "tags.%": "0",
                            "tags_all.%": "0",
                            "unique_id": "AIDAIWZHEWOUSC2ZAI6DY"
                        },
                        "meta": {
                            "schema_version": 0
                        },
                        "tainted": false
                    },
                    "deposed": [],
                    "provider": "provider.aws"
                },
                "aws_iam_user.tfer--AIDAJ2FPYAQ35SYENPMVM": {
                    "type": "aws_iam_user",
                    "depends_on": [],
                    "primary": {
                        "id": "mkang@koasys.com",
                        "attributes": {
                            "arn": "arn:aws:iam::894231352815:user/mkang@koasys.com",
                            "force_destroy": "false",
                            "id": "mkang@koasys.com",
                            "name": "mkang@koasys.com",
                            "path": "/",
                            "tags.%": "0",
                            "tags_all.%": "0",
                            "unique_id": "AIDAJ2FPYAQ35SYENPMVM"
                        },
                        "meta": {
                            "schema_version": 0
                        },
                        "tainted": false
                    },
                    "deposed": [],
                    "provider": "provider.aws"
                },
                "aws_iam_user.tfer--AIDAJ2NGGUEELO7IFPX5W": {
                    "type": "aws_iam_user",
                    "depends_on": [],
                    "primary": {
                        "id": "lightofhopemedia@gmail.com",
                        "attributes": {
                            "arn": "arn:aws:iam::894231352815:user/lightofhopemedia@gmail.com",
                            "force_destroy": "false",
                            "id": "lightofhopemedia@gmail.com",
                            "name": "lightofhopemedia@gmail.com",
                            "path": "/",
                            "tags.%": "0",
                            "tags_all.%": "0",
                            "unique_id": "AIDAJ2NGGUEELO7IFPX5W"
                        },
                        "meta": {
                            "schema_version": 0
                        },
                        "tainted": false
                    },
                    "deposed": [],
                    "provider": "provider.aws"
                },
                "aws_iam_user.tfer--AIDAJ3ZMYOOYBT7IF5ZWC": {
                    "type": "aws_iam_user",
                    "depends_on": [],
                    "primary": {
                        "id": "SebastianL@Pixegon",
                        "attributes": {
                            "arn": "arn:aws:iam::894231352815:user/SebastianL@Pixegon",
                            "force_destroy": "false",
                            "id": "SebastianL@Pixegon",
                            "name": "SebastianL@Pixegon",
                            "path": "/",
                            "tags.%": "0",
                            "tags_all.%": "0",
                            "unique_id": "AIDAJ3ZMYOOYBT7IF5ZWC"
                        },
                        "meta": {
                            "schema_version": 0
                        },
                        "tainted": false
                    },
                    "deposed": [],
                    "provider": "provider.aws"
                },
                "aws_iam_user.tfer--AIDAJ655MJ4U6TPGZGHHS": {
                    "type": "aws_iam_user",
                    "depends_on": [],
                    "primary": {
                        "id": "matt@webbintegrated.com",
                        "attributes": {
                            "arn": "arn:aws:iam::894231352815:user/matt@webbintegrated.com",
                            "force_destroy": "false",
                            "id": "matt@webbintegrated.com",
                            "name": "matt@webbintegrated.com",
                            "path": "/",
                            "tags.%": "0",
                            "tags_all.%": "0",
                            "unique_id": "AIDAJ655MJ4U6TPGZGHHS"
                        },
                        "meta": {
                            "schema_version": 0
                        },
                        "tainted": false
                    },
                    "deposed": [],
                    "provider": "provider.aws"
                },
                "aws_iam_user.tfer--AIDAJ6R7IQY6SO4WNNNDU": {
                    "type": "aws_iam_user",
                    "depends_on": [],
                    "primary": {
                        "id": "lpweb02_automation",
                        "attributes": {
                            "arn": "arn:aws:iam::894231352815:user/lpweb02_automation",
                            "force_destroy": "false",
                            "id": "lpweb02_automation",
                            "name": "lpweb02_automation",
                            "path": "/",
                            "tags.%": "0",
                            "tags_all.%": "0",
                            "unique_id": "AIDAJ6R7IQY6SO4WNNNDU"
                        },
                        "meta": {
                            "schema_version": 0
                        },
                        "tainted": false
                    },
                    "deposed": [],
                    "provider": "provider.aws"
                },
                "aws_iam_user.tfer--AIDAJAEAA6V2KUQBZ5TOY": {
                    "type": "aws_iam_user",
                    "depends_on": [],
                    "primary": {
                        "id": "docker-registry-user",
                        "attributes": {
                            "arn": "arn:aws:iam::894231352815:user/docker-registry-user",
                            "force_destroy": "false",
                            "id": "docker-registry-user",
                            "name": "docker-registry-user",
                            "path": "/",
                            "tags.%": "0",
                            "tags_all.%": "0",
                            "unique_id": "AIDAJAEAA6V2KUQBZ5TOY"
                        },
                        "meta": {
                            "schema_version": 0
                        },
                        "tainted": false
                    },
                    "deposed": [],
                    "provider": "provider.aws"
                },
                "aws_iam_user.tfer--AIDAJC2KGFTWJ7QHEGEIY": {
                    "type": "aws_iam_user",
                    "depends_on": [],
                    "primary": {
                        "id": "sean@pdxmurphy.com",
                        "attributes": {
                            "arn": "arn:aws:iam::894231352815:user/sean@pdxmurphy.com",
                            "force_destroy": "false",
                            "id": "sean@pdxmurphy.com",
                            "name": "sean@pdxmurphy.com",
                            "path": "/",
                            "tags.%": "0",
                            "tags_all.%": "0",
                            "unique_id": "AIDAJC2KGFTWJ7QHEGEIY"
                        },
                        "meta": {
                            "schema_version": 0
                        },
                        "tainted": false
                    },
                    "deposed": [],
                    "provider": "provider.aws"
                },
                "aws_iam_user.tfer--AIDAJDF62MRBXBSHLY2MM": {
                    "type": "aws_iam_user",
                    "depends_on": [],
                    "primary": {
                        "id": "goj_transfer",
                        "attributes": {
                            "arn": "arn:aws:iam::894231352815:user/goj_transfer",
                            "force_destroy": "false",
                            "id": "goj_transfer",
                            "name": "goj_transfer",
                            "path": "/",
                            "tags.%": "0",
                            "tags_all.%": "0",
                            "unique_id": "AIDAJDF62MRBXBSHLY2MM"
                        },
                        "meta": {
                            "schema_version": 0
                        },
                        "tainted": false
                    },
                    "deposed": [],
                    "provider": "provider.aws"
                },
                "aws_iam_user.tfer--AIDAJGQNLOUJRXUXWG7TI": {
                    "type": "aws_iam_user",
                    "depends_on": [],
                    "primary": {
                        "id": "mattresimont@gmail.com",
                        "attributes": {
                            "arn": "arn:aws:iam::894231352815:user/mattresimont@gmail.com",
                            "force_destroy": "false",
                            "id": "mattresimont@gmail.com",
                            "name": "mattresimont@gmail.com",
                            "path": "/",
                            "tags.%": "0",
                            "tags_all.%": "0",
                            "unique_id": "AIDAJGQNLOUJRXUXWG7TI"
                        },
                        "meta": {
                            "schema_version": 0
                        },
                        "tainted": false
                    },
                    "deposed": [],
                    "provider": "provider.aws"
                },
                "aws_iam_user.tfer--AIDAJH3MSMI6R5LSXDMZY": {
                    "type": "aws_iam_user",
                    "depends_on": [],
                    "primary": {
                        "id": "Bethany",
                        "attributes": {
                            "arn": "arn:aws:iam::894231352815:user/Bethany",
                            "force_destroy": "false",
                            "id": "Bethany",
                            "name": "Bethany",
                            "path": "/",
                            "tags.%": "0",
                            "tags_all.%": "0",
                            "unique_id": "AIDAJH3MSMI6R5LSXDMZY"
                        },
                        "meta": {
                            "schema_version": 0
                        },
                        "tainted": false
                    },
                    "deposed": [],
                    "provider": "provider.aws"
                },
                "aws_iam_user.tfer--AIDAJNQ3IRNEBW2ETCVB2": {
                    "type": "aws_iam_user",
                    "depends_on": [],
                    "primary": {
                        "id": "nexus-smtp-user",
                        "attributes": {
                            "arn": "arn:aws:iam::894231352815:user/nexus-smtp-user",
                            "force_destroy": "false",
                            "id": "nexus-smtp-user",
                            "name": "nexus-smtp-user",
                            "path": "/",
                            "tags.%": "0",
                            "tags_all.%": "0",
                            "unique_id": "AIDAJNQ3IRNEBW2ETCVB2"
                        },
                        "meta": {
                            "schema_version": 0
                        },
                        "tainted": false
                    },
                    "deposed": [],
                    "provider": "provider.aws"
                },
                "aws_iam_user.tfer--AIDAJPNZ6DD6O653Y5ZJA": {
                    "type": "aws_iam_user",
                    "depends_on": [],
                    "primary": {
                        "id": "SwayC",
                        "attributes": {
                            "arn": "arn:aws:iam::894231352815:user/SwayC",
                            "force_destroy": "false",
                            "id": "SwayC",
                            "name": "SwayC",
                            "path": "/",
                            "tags.%": "0",
                            "tags_all.%": "0",
                            "unique_id": "AIDAJPNZ6DD6O653Y5ZJA"
                        },
                        "meta": {
                            "schema_version": 0
                        },
                        "tainted": false
                    },
                    "deposed": [],
                    "provider": "provider.aws"
                },
                "aws_iam_user.tfer--AIDAJRKW7I6TESE2QZ3G6": {
                    "type": "aws_iam_user",
                    "depends_on": [],
                    "primary": {
                        "id": "BrightCoverMasterMigration",
                        "attributes": {
                            "arn": "arn:aws:iam::894231352815:user/BrightCoverMasterMigration",
                            "force_destroy": "false",
                            "id": "BrightCoverMasterMigration",
                            "name": "BrightCoverMasterMigration",
                            "path": "/",
                            "tags.%": "0",
                            "tags_all.%": "0",
                            "unique_id": "AIDAJRKW7I6TESE2QZ3G6"
                        },
                        "meta": {
                            "schema_version": 0
                        },
                        "tainted": false
                    },
                    "deposed": [],
                    "provider": "provider.aws"
                },
                "aws_iam_user.tfer--AIDAJVUF4CPCTONKNRQT6": {
                    "type": "aws_iam_user",
                    "depends_on": [],
                    "primary": {
                        "id": "ETL_User",
                        "attributes": {
                            "arn": "arn:aws:iam::894231352815:user/ETL_User",
                            "force_destroy": "false",
                            "id": "ETL_User",
                            "name": "ETL_User",
                            "path": "/",
                            "tags.%": "0",
                            "tags_all.%": "0",
                            "unique_id": "AIDAJVUF4CPCTONKNRQT6"
                        },
                        "meta": {
                            "schema_version": 0
                        },
                        "tainted": false
                    },
                    "deposed": [],
                    "provider": "provider.aws"
                },
                "aws_iam_user.tfer--AIDAJZIUDXM53JW6UMWS2": {
                    "type": "aws_iam_user",
                    "depends_on": [],
                    "primary": {
                        "id": "JFM-Patrick",
                        "attributes": {
                            "arn": "arn:aws:iam::894231352815:user/JFM-Patrick",
                            "force_destroy": "false",
                            "id": "JFM-Patrick",
                            "name": "JFM-Patrick",
                            "path": "/",
                            "tags.%": "0",
                            "tags_all.%": "0",
                            "unique_id": "AIDAJZIUDXM53JW6UMWS2"
                        },
                        "meta": {
                            "schema_version": 0
                        },
                        "tainted": false
                    },
                    "deposed": [],
                    "provider": "provider.aws"
                },
                "aws_iam_user_group_membership.tfer--AlexSanchez-0040-onehope-002E-net-002F-S3-onehope-jfm": {
                    "type": "aws_iam_user_group_membership",
                    "depends_on": [],
                    "primary": {
                        "id": "AlexSanchez@onehope.net/S3-onehope-jfm",
                        "attributes": {
                            "groups.#": "1",
                            "groups.0": "S3-onehope-jfm",
                            "id": "AlexSanchez@onehope.net/S3-onehope-jfm",
                            "user": "AlexSanchez@onehope.net"
                        },
                        "meta": {
                            "schema_version": 0
                        },
                        "tainted": false
                    },
                    "deposed": [],
                    "provider": "provider.aws"
                },
                "aws_iam_user_group_membership.tfer--Bethany-002F-S3-FullAccess": {
                    "type": "aws_iam_user_group_membership",
                    "depends_on": [],
                    "primary": {
                        "id": "Bethany/S3-FullAccess",
                        "attributes": {
                            "groups.#": "1",
                            "groups.0": "S3-FullAccess",
                            "id": "Bethany/S3-FullAccess",
                            "user": "Bethany"
                        },
                        "meta": {
                            "schema_version": 0
                        },
                        "tainted": false
                    },
                    "deposed": [],
                    "provider": "provider.aws"
                },
                "aws_iam_user_group_membership.tfer--CharlieFulton-002F-Admins": {
                    "type": "aws_iam_user_group_membership",
                    "depends_on": [],
                    "primary": {
                        "id": "CharlieFulton/Admins",
                        "attributes": {
                            "groups.#": "1",
                            "groups.0": "Admins",
                            "id": "CharlieFulton/Admins",
                            "user": "CharlieFulton"
                        },
                        "meta": {
                            "schema_version": 0
                        },
                        "tainted": false
                    },
                    "deposed": [],
                    "provider": "provider.aws"
                },
                "aws_iam_user_group_membership.tfer--Derek-0040-CoreDs-002F-Admins": {
                    "type": "aws_iam_user_group_membership",
                    "depends_on": [],
                    "primary": {
                        "id": "Derek@CoreDs/Admins",
                        "attributes": {
                            "groups.#": "1",
                            "groups.0": "Admins",
                            "id": "Derek@CoreDs/Admins",
                            "user": "Derek@CoreDs"
                        },
                        "meta": {
                            "schema_version": 0
                        },
                        "tainted": false
                    },
                    "deposed": [],
                    "provider": "provider.aws"
                },
                "aws_iam_user_group_membership.tfer--ETL_User-002F-DynamoDB_EMR_FullAccess": {
                    "type": "aws_iam_user_group_membership",
                    "depends_on": [],
                    "primary": {
                        "id": "ETL_User/DynamoDB_EMR_FullAccess",
                        "attributes": {
                            "groups.#": "1",
                            "groups.0": "DynamoDB_EMR_FullAccess",
                            "id": "ETL_User/DynamoDB_EMR_FullAccess",
                            "user": "ETL_User"
                        },
                        "meta": {
                            "schema_version": 0
                        },
                        "tainted": false
                    },
                    "deposed": [],
                    "provider": "provider.aws"
                },
                "aws_iam_user_group_membership.tfer--ETL_User-002F-RedShift-FullAccess": {
                    "type": "aws_iam_user_group_membership",
                    "depends_on": [],
                    "primary": {
                        "id": "ETL_User/RedShift-FullAccess",
                        "attributes": {
                            "groups.#": "1",
                            "groups.0": "RedShift-FullAccess",
                            "id": "ETL_User/RedShift-FullAccess",
                            "user": "ETL_User"
                        },
                        "meta": {
                            "schema_version": 0
                        },
                        "tainted": false
                    },
                    "deposed": [],
                    "provider": "provider.aws"
                },
                "aws_iam_user_group_membership.tfer--ETL_User-002F-S3-FullAccess": {
                    "type": "aws_iam_user_group_membership",
                    "depends_on": [],
                    "primary": {
                        "id": "ETL_User/S3-FullAccess",
                        "attributes": {
                            "groups.#": "1",
                            "groups.0": "S3-FullAccess",
                            "id": "ETL_User/S3-FullAccess",
                            "user": "ETL_User"
                        },
                        "meta": {
                            "schema_version": 0
                        },
                        "tainted": false
                    },
                    "deposed": [],
                    "provider": "provider.aws"
                },
                "aws_iam_user_group_membership.tfer--GavinWalsh-002F-Admins": {
                    "type": "aws_iam_user_group_membership",
                    "depends_on": [],
                    "primary": {
                        "id": "GavinWalsh/Admins",
                        "attributes": {
                            "groups.#": "1",
                            "groups.0": "Admins",
                            "id": "GavinWalsh/Admins",
                            "user": "GavinWalsh"
                        },
                        "meta": {
                            "schema_version": 0
                        },
                        "tainted": false
                    },
                    "deposed": [],
                    "provider": "provider.aws"
                },
                "aws_iam_user_group_membership.tfer--GavinWalsh-002F-PowerUsers": {
                    "type": "aws_iam_user_group_membership",
                    "depends_on": [],
                    "primary": {
                        "id": "GavinWalsh/PowerUsers",
                        "attributes": {
                            "groups.#": "1",
                            "groups.0": "PowerUsers",
                            "id": "GavinWalsh/PowerUsers",
                            "user": "GavinWalsh"
                        },
                        "meta": {
                            "schema_version": 0
                        },
                        "tainted": false
                    },
                    "deposed": [],
                    "provider": "provider.aws"
                },
                "aws_iam_user_group_membership.tfer--GavinWalsh-002F-Resources": {
                    "type": "aws_iam_user_group_membership",
                    "depends_on": [],
                    "primary": {
                        "id": "GavinWalsh/Resources",
                        "attributes": {
                            "groups.#": "1",
                            "groups.0": "Resources",
                            "id": "GavinWalsh/Resources",
                            "user": "GavinWalsh"
                        },
                        "meta": {
                            "schema_version": 0
                        },
                        "tainted": false
                    },
                    "deposed": [],
                    "provider": "provider.aws"
                },
                "aws_iam_user_group_membership.tfer--JFM-NextStep-New-ME2-002F-RedShift-FullAccess": {
                    "type": "aws_iam_user_group_membership",
                    "depends_on": [],
                    "primary": {
                        "id": "JFM-NextStep-New-ME2/RedShift-FullAccess",
                        "attributes": {
                            "groups.#": "1",
                            "groups.0": "RedShift-FullAccess",
                            "id": "JFM-NextStep-New-ME2/RedShift-FullAccess",
                            "user": "JFM-NextStep-New-ME2"
                        },
                        "meta": {
                            "schema_version": 0
                        },
                        "tainted": false
                    },
                    "deposed": [],
                    "provider": "provider.aws"
                },
                "aws_iam_user_group_membership.tfer--JFM-Patrick-002F-Admins": {
                    "type": "aws_iam_user_group_membership",
                    "depends_on": [],
                    "primary": {
                        "id": "JFM-Patrick/Admins",
                        "attributes": {
                            "groups.#": "1",
                            "groups.0": "Admins",
                            "id": "JFM-Patrick/Admins",
                            "user": "JFM-Patrick"
                        },
                        "meta": {
                            "schema_version": 0
                        },
                        "tainted": false
                    },
                    "deposed": [],
                    "provider": "provider.aws"
                },
                "aws_iam_user_group_membership.tfer--JFM-Patrick-002F-Resources": {
                    "type": "aws_iam_user_group_membership",
                    "depends_on": [],
                    "primary": {
                        "id": "JFM-Patrick/Resources",
                        "attributes": {
                            "groups.#": "1",
                            "groups.0": "Resources",
                            "id": "JFM-Patrick/Resources",
                            "user": "JFM-Patrick"
                        },
                        "meta": {
                            "schema_version": 0
                        },
                        "tainted": false
                    },
                    "deposed": [],
                    "provider": "provider.aws"
                },
                "aws_iam_user_group_membership.tfer--JesseLund-002F-PowerUsers": {
                    "type": "aws_iam_user_group_membership",
                    "depends_on": [],
                    "primary": {
                        "id": "JesseLund/PowerUsers",
                        "attributes": {
                            "groups.#": "1",
                            "groups.0": "PowerUsers",
                            "id": "JesseLund/PowerUsers",
                            "user": "JesseLund"
                        },
                        "meta": {
                            "schema_version": 0
                        },
                        "tainted": false
                    },
                    "deposed": [],
                    "provider": "provider.aws"
                },
                "aws_iam_user_group_membership.tfer--JfmGithubUser-002F-JfmDeploymentGroup": {
                    "type": "aws_iam_user_group_membership",
                    "depends_on": [],
                    "primary": {
                        "id": "JfmGithubUser/JfmDeploymentGroup",
                        "attributes": {
                            "groups.#": "1",
                            "groups.0": "JfmDeploymentGroup",
                            "id": "JfmGithubUser/JfmDeploymentGroup",
                            "user": "JfmGithubUser"
                        },
                        "meta": {
                            "schema_version": 0
                        },
                        "tainted": false
                    },
                    "deposed": [],
                    "provider": "provider.aws"
                },
                "aws_iam_user_group_membership.tfer--MerrittFranzmann-0040-onehope-002E-net-002F-S3-onehope-jfm": {
                    "type": "aws_iam_user_group_membership",
                    "depends_on": [],
                    "primary": {
                        "id": "MerrittFranzmann@onehope.net/S3-onehope-jfm",
                        "attributes": {
                            "groups.#": "1",
                            "groups.0": "S3-onehope-jfm",
                            "id": "MerrittFranzmann@onehope.net/S3-onehope-jfm",
                            "user": "MerrittFranzmann@onehope.net"
                        },
                        "meta": {
                            "schema_version": 0
                        },
                        "tainted": false
                    },
                    "deposed": [],
                    "provider": "provider.aws"
                },
                "aws_iam_user_group_membership.tfer--SebastianL-0040-Pixegon-002F-Admins": {
                    "type": "aws_iam_user_group_membership",
                    "depends_on": [],
                    "primary": {
                        "id": "SebastianL@Pixegon/Admins",
                        "attributes": {
                            "groups.#": "1",
                            "groups.0": "Admins",
                            "id": "SebastianL@Pixegon/Admins",
                            "user": "SebastianL@Pixegon"
                        },
                        "meta": {
                            "schema_version": 0
                        },
                        "tainted": false
                    },
                    "deposed": [],
                    "provider": "provider.aws"
                },
                "aws_iam_user_group_membership.tfer--SwayC-002F-Admins": {
                    "type": "aws_iam_user_group_membership",
                    "depends_on": [],
                    "primary": {
                        "id": "SwayC/Admins",
                        "attributes": {
                            "groups.#": "1",
                            "groups.0": "Admins",
                            "id": "SwayC/Admins",
                            "user": "SwayC"
                        },
                        "meta": {
                            "schema_version": 0
                        },
                        "tainted": false
                    },
                    "deposed": [],
                    "provider": "provider.aws"
                },
                "aws_iam_user_group_membership.tfer--TimS-0040-rcisw-002F-DynamoDB_EMR_FullAccess": {
                    "type": "aws_iam_user_group_membership",
                    "depends_on": [],
                    "primary": {
                        "id": "TimS@rcisw/DynamoDB_EMR_FullAccess",
                        "attributes": {
                            "groups.#": "1",
                            "groups.0": "DynamoDB_EMR_FullAccess",
                            "id": "TimS@rcisw/DynamoDB_EMR_FullAccess",
                            "user": "TimS@rcisw"
                        },
                        "meta": {
                            "schema_version": 0
                        },
                        "tainted": false
                    },
                    "deposed": [],
                    "provider": "provider.aws"
                },
                "aws_iam_user_group_membership.tfer--TimS-0040-rcisw-002F-PowerUsers": {
                    "type": "aws_iam_user_group_membership",
                    "depends_on": [],
                    "primary": {
                        "id": "TimS@rcisw/PowerUsers",
                        "attributes": {
                            "groups.#": "1",
                            "groups.0": "PowerUsers",
                            "id": "TimS@rcisw/PowerUsers",
                            "user": "TimS@rcisw"
                        },
                        "meta": {
                            "schema_version": 0
                        },
                        "tainted": false
                    },
                    "deposed": [],
                    "provider": "provider.aws"
                },
                "aws_iam_user_group_membership.tfer--chris-0040-morleyconsulting-002E-net-002F-Admins": {
                    "type": "aws_iam_user_group_membership",
                    "depends_on": [],
                    "primary": {
                        "id": "chris@morleyconsulting.net/Admins",
                        "attributes": {
                            "groups.#": "1",
                            "groups.0": "Admins",
                            "id": "chris@morleyconsulting.net/Admins",
                            "user": "chris@morleyconsulting.net"
                        },
                        "meta": {
                            "schema_version": 0
                        },
                        "tainted": false
                    },
                    "deposed": [],
                    "provider": "provider.aws"
                },
                "aws_iam_user_group_membership.tfer--dj-002E-mikeallison-0040-gmail-002E-com-002F-Admins": {
                    "type": "aws_iam_user_group_membership",
                    "depends_on": [],
                    "primary": {
                        "id": "dj.mikeallison@gmail.com/Admins",
                        "attributes": {
                            "groups.#": "1",
                            "groups.0": "Admins",
                            "id": "dj.mikeallison@gmail.com/Admins",
                            "user": "dj.mikeallison@gmail.com"
                        },
                        "meta": {
                            "schema_version": 0
                        },
                        "tainted": false
                    },
                    "deposed": [],
                    "provider": "provider.aws"
                },
                "aws_iam_user_group_membership.tfer--docker-registry-user-002F-S3-FullAccess": {
                    "type": "aws_iam_user_group_membership",
                    "depends_on": [],
                    "primary": {
                        "id": "docker-registry-user/S3-FullAccess",
                        "attributes": {
                            "groups.#": "1",
                            "groups.0": "S3-FullAccess",
                            "id": "docker-registry-user/S3-FullAccess",
                            "user": "docker-registry-user"
                        },
                        "meta": {
                            "schema_version": 0
                        },
                        "tainted": false
                    },
                    "deposed": [],
                    "provider": "provider.aws"
                },
                "aws_iam_user_group_membership.tfer--jfm_data_export_s3-002F-S3-FullAccess": {
                    "type": "aws_iam_user_group_membership",
                    "depends_on": [],
                    "primary": {
                        "id": "jfm_data_export_s3/S3-FullAccess",
                        "attributes": {
                            "groups.#": "1",
                            "groups.0": "S3-FullAccess",
                            "id": "jfm_data_export_s3/S3-FullAccess",
                            "user": "jfm_data_export_s3"
                        },
                        "meta": {
                            "schema_version": 0
                        },
                        "tainted": false
                    },
                    "deposed": [],
                    "provider": "provider.aws"
                },
                "aws_iam_user_group_membership.tfer--matt-0040-webbintegrated-002E-com-002F-Admins": {
                    "type": "aws_iam_user_group_membership",
                    "depends_on": [],
                    "primary": {
                        "id": "matt@webbintegrated.com/Admins",
                        "attributes": {
                            "groups.#": "1",
                            "groups.0": "Admins",
                            "id": "matt@webbintegrated.com/Admins",
                            "user": "matt@webbintegrated.com"
                        },
                        "meta": {
                            "schema_version": 0
                        },
                        "tainted": false
                    },
                    "deposed": [],
                    "provider": "provider.aws"
                },
                "aws_iam_user_group_membership.tfer--mattresimont-0040-gmail-002E-com-002F-Admins": {
                    "type": "aws_iam_user_group_membership",
                    "depends_on": [],
                    "primary": {
                        "id": "mattresimont@gmail.com/Admins",
                        "attributes": {
                            "groups.#": "1",
                            "groups.0": "Admins",
                            "id": "mattresimont@gmail.com/Admins",
                            "user": "mattresimont@gmail.com"
                        },
                        "meta": {
                            "schema_version": 0
                        },
                        "tainted": false
                    },
                    "deposed": [],
                    "provider": "provider.aws"
                },
                "aws_iam_user_group_membership.tfer--mkang-0040-koasys-002E-com-002F-DynamoDB_EMR_FullAccess": {
                    "type": "aws_iam_user_group_membership",
                    "depends_on": [],
                    "primary": {
                        "id": "mkang@koasys.com/DynamoDB_EMR_FullAccess",
                        "attributes": {
                            "groups.#": "1",
                            "groups.0": "DynamoDB_EMR_FullAccess",
                            "id": "mkang@koasys.com/DynamoDB_EMR_FullAccess",
                            "user": "mkang@koasys.com"
                        },
                        "meta": {
                            "schema_version": 0
                        },
                        "tainted": false
                    },
                    "deposed": [],
                    "provider": "provider.aws"
                },
                "aws_iam_user_group_membership.tfer--mkang-0040-koasys-002E-com-002F-PowerUsers": {
                    "type": "aws_iam_user_group_membership",
                    "depends_on": [],
                    "primary": {
                        "id": "mkang@koasys.com/PowerUsers",
                        "attributes": {
                            "groups.#": "1",
                            "groups.0": "PowerUsers",
                            "id": "mkang@koasys.com/PowerUsers",
                            "user": "mkang@koasys.com"
                        },
                        "meta": {
                            "schema_version": 0
                        },
                        "tainted": false
                    },
                    "deposed": [],
                    "provider": "provider.aws"
                },
                "aws_iam_user_group_membership.tfer--sean-0040-pdxmurphy-002E-com-002F-Admins": {
                    "type": "aws_iam_user_group_membership",
                    "depends_on": [],
                    "primary": {
                        "id": "sean@pdxmurphy.com/Admins",
                        "attributes": {
                            "groups.#": "1",
                            "groups.0": "Admins",
                            "id": "sean@pdxmurphy.com/Admins",
                            "user": "sean@pdxmurphy.com"
                        },
                        "meta": {
                            "schema_version": 0
                        },
                        "tainted": false
                    },
                    "deposed": [],
                    "provider": "provider.aws"
                },
                "aws_iam_user_group_membership.tfer--sean-0040-pdxmurphy-002E-com-002F-PowerUsers": {
                    "type": "aws_iam_user_group_membership",
                    "depends_on": [],
                    "primary": {
                        "id": "sean@pdxmurphy.com/PowerUsers",
                        "attributes": {
                            "groups.#": "1",
                            "groups.0": "PowerUsers",
                            "id": "sean@pdxmurphy.com/PowerUsers",
                            "user": "sean@pdxmurphy.com"
                        },
                        "meta": {
                            "schema_version": 0
                        },
                        "tainted": false
                    },
                    "deposed": [],
                    "provider": "provider.aws"
                },
                "aws_iam_user_group_membership.tfer--sean-0040-pdxmurphy-002E-com-002F-Resources": {
                    "type": "aws_iam_user_group_membership",
                    "depends_on": [],
                    "primary": {
                        "id": "sean@pdxmurphy.com/Resources",
                        "attributes": {
                            "groups.#": "1",
                            "groups.0": "Resources",
                            "id": "sean@pdxmurphy.com/Resources",
                            "user": "sean@pdxmurphy.com"
                        },
                        "meta": {
                            "schema_version": 0
                        },
                        "tainted": false
                    },
                    "deposed": [],
                    "provider": "provider.aws"
                },
                "aws_iam_user_group_membership.tfer--studiogroup-0040-onehope-002E-net-002F-S3-onehope-jfm": {
                    "type": "aws_iam_user_group_membership",
                    "depends_on": [],
                    "primary": {
                        "id": "studiogroup@onehope.net/S3-onehope-jfm",
                        "attributes": {
                            "groups.#": "1",
                            "groups.0": "S3-onehope-jfm",
                            "id": "studiogroup@onehope.net/S3-onehope-jfm",
                            "user": "studiogroup@onehope.net"
                        },
                        "meta": {
                            "schema_version": 0
                        },
                        "tainted": false
                    },
                    "deposed": [],
                    "provider": "provider.aws"
                },
                "aws_iam_user_group_membership.tfer--tataihono-002E-nikora-0040-cru-002E-org-002F-Admins": {
                    "type": "aws_iam_user_group_membership",
                    "depends_on": [],
                    "primary": {
                        "id": "tataihono.nikora@cru.org/Admins",
                        "attributes": {
                            "groups.#": "1",
                            "groups.0": "Admins",
                            "id": "tataihono.nikora@cru.org/Admins",
                            "user": "tataihono.nikora@cru.org"
                        },
                        "meta": {
                            "schema_version": 0
                        },
                        "tainted": false
                    },
                    "deposed": [],
                    "provider": "provider.aws"
                },
                "aws_iam_user_policy.tfer--BrightCoverMasterMigration_AllowBCAccessToInput": {
                    "type": "aws_iam_user_policy",
                    "depends_on": [],
                    "primary": {
                        "id": "BrightCoverMasterMigration:AllowBCAccessToInput",
                        "attributes": {
                            "id": "BrightCoverMasterMigration:AllowBCAccessToInput",
                            "name": "AllowBCAccessToInput",
                            "policy": "{\n    \"Version\": \"2012-10-17\",\n    \"Statement\": [\n        {\n            \"Sid\": \"Stmt1474304960783\",\n            \"Action\": [\n                \"s3:PutObject\",\n                \"s3:GetObject\",\n                \"s3:GetObjectVersion\",\n                \"s3:DeleteObject\",\n                \"s3:DeleteObjectVersion\"\n            ],\n            \"Effect\": \"Allow\",\n            \"Resource\": \"arn:aws:s3:::arclight-media-prod/input/*\"\n        },\n        {\n            \"Sid\": \"Stmt1474304960784\",\n            \"Action\": [\n                \"s3:ListBucket\"\n            ],\n            \"Effect\": \"Allow\",\n            \"Resource\": \"arn:aws:s3:::arclight-media-prod\"\n        }\n    ]\n}",
                            "user": "BrightCoverMasterMigration"
                        },
                        "meta": {
                            "schema_version": 0
                        },
                        "tainted": false
                    },
                    "deposed": [],
                    "provider": "provider.aws"
                },
                "aws_iam_user_policy.tfer--ETL_User_Access_refresh-api-keys_Logs": {
                    "type": "aws_iam_user_policy",
                    "depends_on": [],
                    "primary": {
                        "id": "ETL_User:Access_refresh-api-keys_Logs",
                        "attributes": {
                            "id": "ETL_User:Access_refresh-api-keys_Logs",
                            "name": "Access_refresh-api-keys_Logs",
                            "policy": "{\n    \"Version\": \"2012-10-17\",\n    \"Statement\": {\n        \"Action\": \"logs:*\",\n        \"Effect\": \"Allow\",\n        \"Resource\": \"arn:aws:logs:us-east-1:894231352815:log-group:/jfp/me2/refresh-api-keys/*:*\"\n    }\n}",
                            "user": "ETL_User"
                        },
                        "meta": {
                            "schema_version": 0
                        },
                        "tainted": false
                    },
                    "deposed": [],
                    "provider": "provider.aws"
                },
                "aws_iam_user_policy.tfer--JfmGithubUser_ECRFullAccess": {
                    "type": "aws_iam_user_policy",
                    "depends_on": [],
                    "primary": {
                        "id": "JfmGithubUser:ECRFullAccess",
                        "attributes": {
                            "id": "JfmGithubUser:ECRFullAccess",
                            "name": "ECRFullAccess",
                            "policy": "{\n    \"Version\": \"2012-10-17\",\n    \"Statement\": [\n        {\n            \"Sid\": \"VisualEditor0\",\n            \"Effect\": \"Allow\",\n            \"Action\": [\n                \"ecr:GetRegistryPolicy\",\n                \"ecr:DescribeRegistry\",\n                \"ecr:DescribePullThroughCacheRules\",\n                \"ecr:GetAuthorizationToken\",\n                \"ecr:PutRegistryScanningConfiguration\",\n                \"ecr:DeleteRegistryPolicy\",\n                \"ecr:CreatePullThroughCacheRule\",\n                \"ecr:DeletePullThroughCacheRule\",\n                \"ecr:PutRegistryPolicy\",\n                \"ecr:GetRegistryScanningConfiguration\",\n                \"ecr:PutReplicationConfiguration\"\n            ],\n            \"Resource\": \"*\"\n        },\n        {\n            \"Sid\": \"VisualEditor1\",\n            \"Effect\": \"Allow\",\n            \"Action\": \"ecr:*\",\n            \"Resource\": \"arn:aws:ecr:*:894231352815:repository/*\"\n        }\n    ]\n}",
                            "user": "JfmGithubUser"
                        },
                        "meta": {
                            "schema_version": 0
                        },
                        "tainted": false
                    },
                    "deposed": [],
                    "provider": "provider.aws"
                },
                "aws_iam_user_policy.tfer--jeff-002E-beardjesusfilm-002E-org_wwja-s3-bucket-full-access": {
                    "type": "aws_iam_user_policy",
                    "depends_on": [],
                    "primary": {
                        "id": "jeff.beard@jesusfilm.org:wwja-s3-bucket-full-access",
                        "attributes": {
                            "id": "jeff.beard@jesusfilm.org:wwja-s3-bucket-full-access",
                            "name": "wwja-s3-bucket-full-access",
                            "policy": "{\n    \"Version\": \"2012-10-17\",\n    \"Statement\": [\n        {\n            \"Sid\": \"VisualEditor1\",\n            \"Effect\": \"Allow\",\n            \"Action\": \"s3:*\",\n            \"Resource\": [\n                \"arn:aws:s3:::wwja/*\",\n                \"arn:aws:s3:::wwja\",\n                \"arn:aws:s3:::jfp-offsite/*\",\n                \"arn:aws:s3:::jfp-offsite\"\n            ]\n        }\n    ]\n}",
                            "user": "jeff.beard@jesusfilm.org"
                        },
                        "meta": {
                            "schema_version": 0
                        },
                        "tainted": false
                    },
                    "deposed": [],
                    "provider": "provider.aws"
                },
                "aws_iam_user_policy.tfer--nexus-smtp-user_AmazonSesSendingAccess": {
                    "type": "aws_iam_user_policy",
                    "depends_on": [],
                    "primary": {
                        "id": "nexus-smtp-user:AmazonSesSendingAccess",
                        "attributes": {
                            "id": "nexus-smtp-user:AmazonSesSendingAccess",
                            "name": "AmazonSesSendingAccess",
                            "policy": "{\n  \"Version\": \"2012-10-17\",\n  \"Statement\": [\n    {\n      \"Effect\": \"Allow\",\n      \"Action\": \"ses:SendRawEmail\",\n      \"Resource\": \"*\"\n    }\n  ]\n}",
                            "user": "nexus-smtp-user"
                        },
                        "meta": {
                            "schema_version": 0
                        },
                        "tainted": false
                    },
                    "deposed": [],
                    "provider": "provider.aws"
                },
                "aws_iam_user_policy.tfer--smtp-donate-forms_AmazonSesSendingAccess": {
                    "type": "aws_iam_user_policy",
                    "depends_on": [],
                    "primary": {
                        "id": "smtp-donate-forms:AmazonSesSendingAccess",
                        "attributes": {
                            "id": "smtp-donate-forms:AmazonSesSendingAccess",
                            "name": "AmazonSesSendingAccess",
                            "policy": "{\n  \"Version\": \"2012-10-17\",\n  \"Statement\": [\n    {\n      \"Effect\": \"Allow\",\n      \"Action\": \"ses:SendRawEmail\",\n      \"Resource\": \"*\"\n    }\n  ]\n}",
                            "user": "smtp-donate-forms"
                        },
                        "meta": {
                            "schema_version": 0
                        },
                        "tainted": false
                    },
                    "deposed": [],
                    "provider": "provider.aws"
                },
                "aws_iam_user_policy_attachment.tfer--AlexSanchez-0040-onehope-002E-net_IAMUserChangePassword": {
                    "type": "aws_iam_user_policy_attachment",
                    "depends_on": [],
                    "primary": {
                        "id": "AlexSanchez@onehope.net/arn:aws:iam::aws:policy/IAMUserChangePassword",
                        "attributes": {
                            "id": "AlexSanchez@onehope.net/arn:aws:iam::aws:policy/IAMUserChangePassword",
                            "policy_arn": "arn:aws:iam::aws:policy/IAMUserChangePassword",
                            "user": "AlexSanchez@onehope.net"
                        },
                        "meta": {
                            "schema_version": 0
                        },
                        "tainted": false
                    },
                    "deposed": [],
                    "provider": "provider.aws"
                },
                "aws_iam_user_policy_attachment.tfer--Bethany_CloudWatchFullAccess": {
                    "type": "aws_iam_user_policy_attachment",
                    "depends_on": [],
                    "primary": {
                        "id": "Bethany/arn:aws:iam::aws:policy/CloudWatchFullAccess",
                        "attributes": {
                            "id": "Bethany/arn:aws:iam::aws:policy/CloudWatchFullAccess",
                            "policy_arn": "arn:aws:iam::aws:policy/CloudWatchFullAccess",
                            "user": "Bethany"
                        },
                        "meta": {
                            "schema_version": 0
                        },
                        "tainted": false
                    },
                    "deposed": [],
                    "provider": "provider.aws"
                },
                "aws_iam_user_policy_attachment.tfer--Bethany_CloudWatchLogsFullAccess": {
                    "type": "aws_iam_user_policy_attachment",
                    "depends_on": [],
                    "primary": {
                        "id": "Bethany/arn:aws:iam::aws:policy/CloudWatchLogsFullAccess",
                        "attributes": {
                            "id": "Bethany/arn:aws:iam::aws:policy/CloudWatchLogsFullAccess",
                            "policy_arn": "arn:aws:iam::aws:policy/CloudWatchLogsFullAccess",
                            "user": "Bethany"
                        },
                        "meta": {
                            "schema_version": 0
                        },
                        "tainted": false
                    },
                    "deposed": [],
                    "provider": "provider.aws"
                },
                "aws_iam_user_policy_attachment.tfer--CharlieFulton_IAMUserChangePassword": {
                    "type": "aws_iam_user_policy_attachment",
                    "depends_on": [],
                    "primary": {
                        "id": "CharlieFulton/arn:aws:iam::aws:policy/IAMUserChangePassword",
                        "attributes": {
                            "id": "CharlieFulton/arn:aws:iam::aws:policy/IAMUserChangePassword",
                            "policy_arn": "arn:aws:iam::aws:policy/IAMUserChangePassword",
                            "user": "CharlieFulton"
                        },
                        "meta": {
                            "schema_version": 0
                        },
                        "tainted": false
                    },
                    "deposed": [],
                    "provider": "provider.aws"
                },
                "aws_iam_user_policy_attachment.tfer--ETL_User_AmazonEC2ContainerRegistryFullAccess": {
                    "type": "aws_iam_user_policy_attachment",
                    "depends_on": [],
                    "primary": {
                        "id": "ETL_User/arn:aws:iam::aws:policy/AmazonEC2ContainerRegistryFullAccess",
                        "attributes": {
                            "id": "ETL_User/arn:aws:iam::aws:policy/AmazonEC2ContainerRegistryFullAccess",
                            "policy_arn": "arn:aws:iam::aws:policy/AmazonEC2ContainerRegistryFullAccess",
                            "user": "ETL_User"
                        },
                        "meta": {
                            "schema_version": 0
                        },
                        "tainted": false
                    },
                    "deposed": [],
                    "provider": "provider.aws"
                },
                "aws_iam_user_policy_attachment.tfer--ETL_User_SimpleWorkflowFullAccess": {
                    "type": "aws_iam_user_policy_attachment",
                    "depends_on": [],
                    "primary": {
                        "id": "ETL_User/arn:aws:iam::aws:policy/SimpleWorkflowFullAccess",
                        "attributes": {
                            "id": "ETL_User/arn:aws:iam::aws:policy/SimpleWorkflowFullAccess",
                            "policy_arn": "arn:aws:iam::aws:policy/SimpleWorkflowFullAccess",
                            "user": "ETL_User"
                        },
                        "meta": {
                            "schema_version": 0
                        },
                        "tainted": false
                    },
                    "deposed": [],
                    "provider": "provider.aws"
                },
                "aws_iam_user_policy_attachment.tfer--ETL_User_tim_test_policy_001": {
                    "type": "aws_iam_user_policy_attachment",
                    "depends_on": [],
                    "primary": {
                        "id": "ETL_User/arn:aws:iam::894231352815:policy/tim_test_policy_001",
                        "attributes": {
                            "id": "ETL_User/arn:aws:iam::894231352815:policy/tim_test_policy_001",
                            "policy_arn": "arn:aws:iam::894231352815:policy/tim_test_policy_001",
                            "user": "ETL_User"
                        },
                        "meta": {
                            "schema_version": 0
                        },
                        "tainted": false
                    },
                    "deposed": [],
                    "provider": "provider.aws"
                },
                "aws_iam_user_policy_attachment.tfer--GavinWalsh_IAMUserChangePassword": {
                    "type": "aws_iam_user_policy_attachment",
                    "depends_on": [],
                    "primary": {
                        "id": "GavinWalsh/arn:aws:iam::aws:policy/IAMUserChangePassword",
                        "attributes": {
                            "id": "GavinWalsh/arn:aws:iam::aws:policy/IAMUserChangePassword",
                            "policy_arn": "arn:aws:iam::aws:policy/IAMUserChangePassword",
                            "user": "GavinWalsh"
                        },
                        "meta": {
                            "schema_version": 0
                        },
                        "tainted": false
                    },
                    "deposed": [],
                    "provider": "provider.aws"
                },
                "aws_iam_user_policy_attachment.tfer--JFM-NextStep-New-ME2_AmazonDynamoDBFullAccess": {
                    "type": "aws_iam_user_policy_attachment",
                    "depends_on": [],
                    "primary": {
                        "id": "JFM-NextStep-New-ME2/arn:aws:iam::aws:policy/AmazonDynamoDBFullAccess",
                        "attributes": {
                            "id": "JFM-NextStep-New-ME2/arn:aws:iam::aws:policy/AmazonDynamoDBFullAccess",
                            "policy_arn": "arn:aws:iam::aws:policy/AmazonDynamoDBFullAccess",
                            "user": "JFM-NextStep-New-ME2"
                        },
                        "meta": {
                            "schema_version": 0
                        },
                        "tainted": false
                    },
                    "deposed": [],
                    "provider": "provider.aws"
                },
                "aws_iam_user_policy_attachment.tfer--JFM-NextStep-New-ME2_AmazonS3FullAccess": {
                    "type": "aws_iam_user_policy_attachment",
                    "depends_on": [],
                    "primary": {
                        "id": "JFM-NextStep-New-ME2/arn:aws:iam::aws:policy/AmazonS3FullAccess",
                        "attributes": {
                            "id": "JFM-NextStep-New-ME2/arn:aws:iam::aws:policy/AmazonS3FullAccess",
                            "policy_arn": "arn:aws:iam::aws:policy/AmazonS3FullAccess",
                            "user": "JFM-NextStep-New-ME2"
                        },
                        "meta": {
                            "schema_version": 0
                        },
                        "tainted": false
                    },
                    "deposed": [],
                    "provider": "provider.aws"
                },
                "aws_iam_user_policy_attachment.tfer--MerrittFranzmann-0040-onehope-002E-net_IAMUserChangePassword": {
                    "type": "aws_iam_user_policy_attachment",
                    "depends_on": [],
                    "primary": {
                        "id": "MerrittFranzmann@onehope.net/arn:aws:iam::aws:policy/IAMUserChangePassword",
                        "attributes": {
                            "id": "MerrittFranzmann@onehope.net/arn:aws:iam::aws:policy/IAMUserChangePassword",
                            "policy_arn": "arn:aws:iam::aws:policy/IAMUserChangePassword",
                            "user": "MerrittFranzmann@onehope.net"
                        },
                        "meta": {
                            "schema_version": 0
                        },
                        "tainted": false
                    },
                    "deposed": [],
                    "provider": "provider.aws"
                },
                "aws_iam_user_policy_attachment.tfer--TimS-0040-rcisw_AWSDataPipelineFullAccess": {
                    "type": "aws_iam_user_policy_attachment",
                    "depends_on": [],
                    "primary": {
                        "id": "TimS@rcisw/arn:aws:iam::aws:policy/AWSDataPipelineFullAccess",
                        "attributes": {
                            "id": "TimS@rcisw/arn:aws:iam::aws:policy/AWSDataPipelineFullAccess",
                            "policy_arn": "arn:aws:iam::aws:policy/AWSDataPipelineFullAccess",
                            "user": "TimS@rcisw"
                        },
                        "meta": {
                            "schema_version": 0
                        },
                        "tainted": false
                    },
                    "deposed": [],
                    "provider": "provider.aws"
                },
                "aws_iam_user_policy_attachment.tfer--TimS-0040-rcisw_IAMFullAccess": {
                    "type": "aws_iam_user_policy_attachment",
                    "depends_on": [],
                    "primary": {
                        "id": "TimS@rcisw/arn:aws:iam::aws:policy/IAMFullAccess",
                        "attributes": {
                            "id": "TimS@rcisw/arn:aws:iam::aws:policy/IAMFullAccess",
                            "policy_arn": "arn:aws:iam::aws:policy/IAMFullAccess",
                            "user": "TimS@rcisw"
                        },
                        "meta": {
                            "schema_version": 0
                        },
                        "tainted": false
                    },
                    "deposed": [],
                    "provider": "provider.aws"
                },
                "aws_iam_user_policy_attachment.tfer--TimS-0040-rcisw_SimpleWorkflowFullAccess": {
                    "type": "aws_iam_user_policy_attachment",
                    "depends_on": [],
                    "primary": {
                        "id": "TimS@rcisw/arn:aws:iam::aws:policy/SimpleWorkflowFullAccess",
                        "attributes": {
                            "id": "TimS@rcisw/arn:aws:iam::aws:policy/SimpleWorkflowFullAccess",
                            "policy_arn": "arn:aws:iam::aws:policy/SimpleWorkflowFullAccess",
                            "user": "TimS@rcisw"
                        },
                        "meta": {
                            "schema_version": 0
                        },
                        "tainted": false
                    },
                    "deposed": [],
                    "provider": "provider.aws"
                },
                "aws_iam_user_policy_attachment.tfer--arclight-0040-thecrutsingers-002E-com_S3-GSFN-FallingPlates-Access": {
                    "type": "aws_iam_user_policy_attachment",
                    "depends_on": [],
                    "primary": {
                        "id": "arclight@thecrutsingers.com/arn:aws:iam::894231352815:policy/S3-GSFN-FallingPlates-Access",
                        "attributes": {
                            "id": "arclight@thecrutsingers.com/arn:aws:iam::894231352815:policy/S3-GSFN-FallingPlates-Access",
                            "policy_arn": "arn:aws:iam::894231352815:policy/S3-GSFN-FallingPlates-Access",
                            "user": "arclight@thecrutsingers.com"
                        },
                        "meta": {
                            "schema_version": 0
                        },
                        "tainted": false
                    },
                    "deposed": [],
                    "provider": "provider.aws"
                },
                "aws_iam_user_policy_attachment.tfer--chris-0040-morleyconsulting-002E-net_AWSLambdaFullAccess": {
                    "type": "aws_iam_user_policy_attachment",
                    "depends_on": [],
                    "primary": {
                        "id": "chris@morleyconsulting.net/arn:aws:iam::aws:policy/AWSLambdaFullAccess",
                        "attributes": {
                            "id": "chris@morleyconsulting.net/arn:aws:iam::aws:policy/AWSLambdaFullAccess",
                            "policy_arn": "arn:aws:iam::aws:policy/AWSLambdaFullAccess",
                            "user": "chris@morleyconsulting.net"
                        },
                        "meta": {
                            "schema_version": 0
                        },
                        "tainted": false
                    },
                    "deposed": [],
                    "provider": "provider.aws"
                },
                "aws_iam_user_policy_attachment.tfer--chris-0040-morleyconsulting-002E-net_AmazonAPIGatewayAdministrator": {
                    "type": "aws_iam_user_policy_attachment",
                    "depends_on": [],
                    "primary": {
                        "id": "chris@morleyconsulting.net/arn:aws:iam::aws:policy/AmazonAPIGatewayAdministrator",
                        "attributes": {
                            "id": "chris@morleyconsulting.net/arn:aws:iam::aws:policy/AmazonAPIGatewayAdministrator",
                            "policy_arn": "arn:aws:iam::aws:policy/AmazonAPIGatewayAdministrator",
                            "user": "chris@morleyconsulting.net"
                        },
                        "meta": {
                            "schema_version": 0
                        },
                        "tainted": false
                    },
                    "deposed": [],
                    "provider": "provider.aws"
                },
                "aws_iam_user_policy_attachment.tfer--chris-0040-morleyconsulting-002E-net_AmazonElasticTranscoderFullAccess": {
                    "type": "aws_iam_user_policy_attachment",
                    "depends_on": [],
                    "primary": {
                        "id": "chris@morleyconsulting.net/arn:aws:iam::aws:policy/AmazonElasticTranscoderFullAccess",
                        "attributes": {
                            "id": "chris@morleyconsulting.net/arn:aws:iam::aws:policy/AmazonElasticTranscoderFullAccess",
                            "policy_arn": "arn:aws:iam::aws:policy/AmazonElasticTranscoderFullAccess",
                            "user": "chris@morleyconsulting.net"
                        },
                        "meta": {
                            "schema_version": 0
                        },
                        "tainted": false
                    },
                    "deposed": [],
                    "provider": "provider.aws"
                },
                "aws_iam_user_policy_attachment.tfer--chris-0040-morleyconsulting-002E-net_AmazonRedshiftFullAccess": {
                    "type": "aws_iam_user_policy_attachment",
                    "depends_on": [],
                    "primary": {
                        "id": "chris@morleyconsulting.net/arn:aws:iam::aws:policy/AmazonRedshiftFullAccess",
                        "attributes": {
                            "id": "chris@morleyconsulting.net/arn:aws:iam::aws:policy/AmazonRedshiftFullAccess",
                            "policy_arn": "arn:aws:iam::aws:policy/AmazonRedshiftFullAccess",
                            "user": "chris@morleyconsulting.net"
                        },
                        "meta": {
                            "schema_version": 0
                        },
                        "tainted": false
                    },
                    "deposed": [],
                    "provider": "provider.aws"
                },
                "aws_iam_user_policy_attachment.tfer--chris-0040-morleyconsulting-002E-net_AmazonS3FullAccess": {
                    "type": "aws_iam_user_policy_attachment",
                    "depends_on": [],
                    "primary": {
                        "id": "chris@morleyconsulting.net/arn:aws:iam::aws:policy/AmazonS3FullAccess",
                        "attributes": {
                            "id": "chris@morleyconsulting.net/arn:aws:iam::aws:policy/AmazonS3FullAccess",
                            "policy_arn": "arn:aws:iam::aws:policy/AmazonS3FullAccess",
                            "user": "chris@morleyconsulting.net"
                        },
                        "meta": {
                            "schema_version": 0
                        },
                        "tainted": false
                    },
                    "deposed": [],
                    "provider": "provider.aws"
                },
                "aws_iam_user_policy_attachment.tfer--chris-0040-morleyconsulting-002E-net_CloudFrontFullAccess": {
                    "type": "aws_iam_user_policy_attachment",
                    "depends_on": [],
                    "primary": {
                        "id": "chris@morleyconsulting.net/arn:aws:iam::aws:policy/CloudFrontFullAccess",
                        "attributes": {
                            "id": "chris@morleyconsulting.net/arn:aws:iam::aws:policy/CloudFrontFullAccess",
                            "policy_arn": "arn:aws:iam::aws:policy/CloudFrontFullAccess",
                            "user": "chris@morleyconsulting.net"
                        },
                        "meta": {
                            "schema_version": 0
                        },
                        "tainted": false
                    },
                    "deposed": [],
                    "provider": "provider.aws"
                },
                "aws_iam_user_policy_attachment.tfer--david-002E-moen-0040-jesusfilm-002E-org_S3-GSFN-Legion-Access": {
                    "type": "aws_iam_user_policy_attachment",
                    "depends_on": [],
                    "primary": {
                        "id": "david.moen@jesusfilm.org/arn:aws:iam::894231352815:policy/S3-GSFN-Legion-Access",
                        "attributes": {
                            "id": "david.moen@jesusfilm.org/arn:aws:iam::894231352815:policy/S3-GSFN-Legion-Access",
                            "policy_arn": "arn:aws:iam::894231352815:policy/S3-GSFN-Legion-Access",
                            "user": "david.moen@jesusfilm.org"
                        },
                        "meta": {
                            "schema_version": 0
                        },
                        "tainted": false
                    },
                    "deposed": [],
                    "provider": "provider.aws"
                },
                "aws_iam_user_policy_attachment.tfer--dj-002E-mikeallison-0040-gmail-002E-com_IAMUserChangePassword": {
                    "type": "aws_iam_user_policy_attachment",
                    "depends_on": [],
                    "primary": {
                        "id": "dj.mikeallison@gmail.com/arn:aws:iam::aws:policy/IAMUserChangePassword",
                        "attributes": {
                            "id": "dj.mikeallison@gmail.com/arn:aws:iam::aws:policy/IAMUserChangePassword",
                            "policy_arn": "arn:aws:iam::aws:policy/IAMUserChangePassword",
                            "user": "dj.mikeallison@gmail.com"
                        },
                        "meta": {
                            "schema_version": 0
                        },
                        "tainted": false
                    },
                    "deposed": [],
                    "provider": "provider.aws"
                },
                "aws_iam_user_policy_attachment.tfer--irv-002E-klaschus-0040-jesusfilm-002E-org_S3-GSFN-ChosenWitness-Access": {
                    "type": "aws_iam_user_policy_attachment",
                    "depends_on": [],
                    "primary": {
                        "id": "irv.klaschus@jesusfilm.org/arn:aws:iam::894231352815:policy/S3-GSFN-ChosenWitness-Access",
                        "attributes": {
                            "id": "irv.klaschus@jesusfilm.org/arn:aws:iam::894231352815:policy/S3-GSFN-ChosenWitness-Access",
                            "policy_arn": "arn:aws:iam::894231352815:policy/S3-GSFN-ChosenWitness-Access",
                            "user": "irv.klaschus@jesusfilm.org"
                        },
                        "meta": {
                            "schema_version": 0
                        },
                        "tainted": false
                    },
                    "deposed": [],
                    "provider": "provider.aws"
                },
                "aws_iam_user_policy_attachment.tfer--jeff-002E-beard-0040-jesusfilm-002E-org_AmazonGlacierFullAccess": {
                    "type": "aws_iam_user_policy_attachment",
                    "depends_on": [],
                    "primary": {
                        "id": "jeff.beard@jesusfilm.org/arn:aws:iam::aws:policy/AmazonGlacierFullAccess",
                        "attributes": {
                            "id": "jeff.beard@jesusfilm.org/arn:aws:iam::aws:policy/AmazonGlacierFullAccess",
                            "policy_arn": "arn:aws:iam::aws:policy/AmazonGlacierFullAccess",
                            "user": "jeff.beard@jesusfilm.org"
                        },
                        "meta": {
                            "schema_version": 0
                        },
                        "tainted": false
                    },
                    "deposed": [],
                    "provider": "provider.aws"
                },
                "aws_iam_user_policy_attachment.tfer--jeff-002E-beard-0040-jesusfilm-002E-org_IAMUserChangePassword": {
                    "type": "aws_iam_user_policy_attachment",
                    "depends_on": [],
                    "primary": {
                        "id": "jeff.beard@jesusfilm.org/arn:aws:iam::aws:policy/IAMUserChangePassword",
                        "attributes": {
                            "id": "jeff.beard@jesusfilm.org/arn:aws:iam::aws:policy/IAMUserChangePassword",
                            "policy_arn": "arn:aws:iam::aws:policy/IAMUserChangePassword",
                            "user": "jeff.beard@jesusfilm.org"
                        },
                        "meta": {
                            "schema_version": 0
                        },
                        "tainted": false
                    },
                    "deposed": [],
                    "provider": "provider.aws"
                },
                "aws_iam_user_policy_attachment.tfer--jfm-profiles_AmazonEC2FullAccess": {
                    "type": "aws_iam_user_policy_attachment",
                    "depends_on": [],
                    "primary": {
                        "id": "jfm-profiles/arn:aws:iam::aws:policy/AmazonEC2FullAccess",
                        "attributes": {
                            "id": "jfm-profiles/arn:aws:iam::aws:policy/AmazonEC2FullAccess",
                            "policy_arn": "arn:aws:iam::aws:policy/AmazonEC2FullAccess",
                            "user": "jfm-profiles"
                        },
                        "meta": {
                            "schema_version": 0
                        },
                        "tainted": false
                    },
                    "deposed": [],
                    "provider": "provider.aws"
                },
                "aws_iam_user_policy_attachment.tfer--jfm-profiles_AmazonECS_FullAccess": {
                    "type": "aws_iam_user_policy_attachment",
                    "depends_on": [],
                    "primary": {
                        "id": "jfm-profiles/arn:aws:iam::aws:policy/AmazonECS_FullAccess",
                        "attributes": {
                            "id": "jfm-profiles/arn:aws:iam::aws:policy/AmazonECS_FullAccess",
                            "policy_arn": "arn:aws:iam::aws:policy/AmazonECS_FullAccess",
                            "user": "jfm-profiles"
                        },
                        "meta": {
                            "schema_version": 0
                        },
                        "tainted": false
                    },
                    "deposed": [],
                    "provider": "provider.aws"
                },
                "aws_iam_user_policy_attachment.tfer--jfmcw_JFM_CloudWatch_PutMetricData": {
                    "type": "aws_iam_user_policy_attachment",
                    "depends_on": [],
                    "primary": {
                        "id": "jfmcw/arn:aws:iam::894231352815:policy/JFM_CloudWatch_PutMetricData",
                        "attributes": {
                            "id": "jfmcw/arn:aws:iam::894231352815:policy/JFM_CloudWatch_PutMetricData",
                            "policy_arn": "arn:aws:iam::894231352815:policy/JFM_CloudWatch_PutMetricData",
                            "user": "jfmcw"
                        },
                        "meta": {
                            "schema_version": 0
                        },
                        "tainted": false
                    },
                    "deposed": [],
                    "provider": "provider.aws"
                },
                "aws_iam_user_policy_attachment.tfer--lightofhopemedia-0040-gmail-002E-com_AmazonECS_FullAccess": {
                    "type": "aws_iam_user_policy_attachment",
                    "depends_on": [],
                    "primary": {
                        "id": "lightofhopemedia@gmail.com/arn:aws:iam::aws:policy/AmazonECS_FullAccess",
                        "attributes": {
                            "id": "lightofhopemedia@gmail.com/arn:aws:iam::aws:policy/AmazonECS_FullAccess",
                            "policy_arn": "arn:aws:iam::aws:policy/AmazonECS_FullAccess",
                            "user": "lightofhopemedia@gmail.com"
                        },
                        "meta": {
                            "schema_version": 0
                        },
                        "tainted": false
                    },
                    "deposed": [],
                    "provider": "provider.aws"
                },
                "aws_iam_user_policy_attachment.tfer--lightofhopemedia-0040-gmail-002E-com_IAMUserChangePassword": {
                    "type": "aws_iam_user_policy_attachment",
                    "depends_on": [],
                    "primary": {
                        "id": "lightofhopemedia@gmail.com/arn:aws:iam::aws:policy/IAMUserChangePassword",
                        "attributes": {
                            "id": "lightofhopemedia@gmail.com/arn:aws:iam::aws:policy/IAMUserChangePassword",
                            "policy_arn": "arn:aws:iam::aws:policy/IAMUserChangePassword",
                            "user": "lightofhopemedia@gmail.com"
                        },
                        "meta": {
                            "schema_version": 0
                        },
                        "tainted": false
                    },
                    "deposed": [],
                    "provider": "provider.aws"
                },
                "aws_iam_user_policy_attachment.tfer--lightofhopemedia-0040-gmail-002E-com_ml-repo-access": {
                    "type": "aws_iam_user_policy_attachment",
                    "depends_on": [],
                    "primary": {
                        "id": "lightofhopemedia@gmail.com/arn:aws:iam::894231352815:policy/ml-repo-access",
                        "attributes": {
                            "id": "lightofhopemedia@gmail.com/arn:aws:iam::894231352815:policy/ml-repo-access",
                            "policy_arn": "arn:aws:iam::894231352815:policy/ml-repo-access",
                            "user": "lightofhopemedia@gmail.com"
                        },
                        "meta": {
                            "schema_version": 0
                        },
                        "tainted": false
                    },
                    "deposed": [],
                    "provider": "provider.aws"
                },
                "aws_iam_user_policy_attachment.tfer--lpweb02_automation_AmazonSNSFullAccess": {
                    "type": "aws_iam_user_policy_attachment",
                    "depends_on": [],
                    "primary": {
                        "id": "lpweb02_automation/arn:aws:iam::aws:policy/AmazonSNSFullAccess",
                        "attributes": {
                            "id": "lpweb02_automation/arn:aws:iam::aws:policy/AmazonSNSFullAccess",
                            "policy_arn": "arn:aws:iam::aws:policy/AmazonSNSFullAccess",
                            "user": "lpweb02_automation"
                        },
                        "meta": {
                            "schema_version": 0
                        },
                        "tainted": false
                    },
                    "deposed": [],
                    "provider": "provider.aws"
                },
                "aws_iam_user_policy_attachment.tfer--matt-0040-webbintegrated-002E-com_IAMUserChangePassword": {
                    "type": "aws_iam_user_policy_attachment",
                    "depends_on": [],
                    "primary": {
                        "id": "matt@webbintegrated.com/arn:aws:iam::aws:policy/IAMUserChangePassword",
                        "attributes": {
                            "id": "matt@webbintegrated.com/arn:aws:iam::aws:policy/IAMUserChangePassword",
                            "policy_arn": "arn:aws:iam::aws:policy/IAMUserChangePassword",
                            "user": "matt@webbintegrated.com"
                        },
                        "meta": {
                            "schema_version": 0
                        },
                        "tainted": false
                    },
                    "deposed": [],
                    "provider": "provider.aws"
                },
                "aws_iam_user_policy_attachment.tfer--mattresimont-0040-gmail-002E-com_AWSCodeDeployFullAccess": {
                    "type": "aws_iam_user_policy_attachment",
                    "depends_on": [],
                    "primary": {
                        "id": "mattresimont@gmail.com/arn:aws:iam::aws:policy/AWSCodeDeployFullAccess",
                        "attributes": {
                            "id": "mattresimont@gmail.com/arn:aws:iam::aws:policy/AWSCodeDeployFullAccess",
                            "policy_arn": "arn:aws:iam::aws:policy/AWSCodeDeployFullAccess",
                            "user": "mattresimont@gmail.com"
                        },
                        "meta": {
                            "schema_version": 0
                        },
                        "tainted": false
                    },
                    "deposed": [],
                    "provider": "provider.aws"
                },
                "aws_iam_user_policy_attachment.tfer--mattresimont-0040-gmail-002E-com_AWSElasticBeanstalkFullAccess": {
                    "type": "aws_iam_user_policy_attachment",
                    "depends_on": [],
                    "primary": {
                        "id": "mattresimont@gmail.com/arn:aws:iam::aws:policy/AWSElasticBeanstalkFullAccess",
                        "attributes": {
                            "id": "mattresimont@gmail.com/arn:aws:iam::aws:policy/AWSElasticBeanstalkFullAccess",
                            "policy_arn": "arn:aws:iam::aws:policy/AWSElasticBeanstalkFullAccess",
                            "user": "mattresimont@gmail.com"
                        },
                        "meta": {
                            "schema_version": 0
                        },
                        "tainted": false
                    },
                    "deposed": [],
                    "provider": "provider.aws"
                },
                "aws_iam_user_policy_attachment.tfer--mattresimont-0040-gmail-002E-com_AWSLambdaFullAccess": {
                    "type": "aws_iam_user_policy_attachment",
                    "depends_on": [],
                    "primary": {
                        "id": "mattresimont@gmail.com/arn:aws:iam::aws:policy/AWSLambdaFullAccess",
                        "attributes": {
                            "id": "mattresimont@gmail.com/arn:aws:iam::aws:policy/AWSLambdaFullAccess",
                            "policy_arn": "arn:aws:iam::aws:policy/AWSLambdaFullAccess",
                            "user": "mattresimont@gmail.com"
                        },
                        "meta": {
                            "schema_version": 0
                        },
                        "tainted": false
                    },
                    "deposed": [],
                    "provider": "provider.aws"
                },
                "aws_iam_user_policy_attachment.tfer--mattresimont-0040-gmail-002E-com_CloudFrontFullAccess": {
                    "type": "aws_iam_user_policy_attachment",
                    "depends_on": [],
                    "primary": {
                        "id": "mattresimont@gmail.com/arn:aws:iam::aws:policy/CloudFrontFullAccess",
                        "attributes": {
                            "id": "mattresimont@gmail.com/arn:aws:iam::aws:policy/CloudFrontFullAccess",
                            "policy_arn": "arn:aws:iam::aws:policy/CloudFrontFullAccess",
                            "user": "mattresimont@gmail.com"
                        },
                        "meta": {
                            "schema_version": 0
                        },
                        "tainted": false
                    },
                    "deposed": [],
                    "provider": "provider.aws"
                },
                "aws_iam_user_policy_attachment.tfer--mattresimont-0040-gmail-002E-com_IAMUserChangePassword": {
                    "type": "aws_iam_user_policy_attachment",
                    "depends_on": [],
                    "primary": {
                        "id": "mattresimont@gmail.com/arn:aws:iam::aws:policy/IAMUserChangePassword",
                        "attributes": {
                            "id": "mattresimont@gmail.com/arn:aws:iam::aws:policy/IAMUserChangePassword",
                            "policy_arn": "arn:aws:iam::aws:policy/IAMUserChangePassword",
                            "user": "mattresimont@gmail.com"
                        },
                        "meta": {
                            "schema_version": 0
                        },
                        "tainted": false
                    },
                    "deposed": [],
                    "provider": "provider.aws"
                },
                "aws_iam_user_policy_attachment.tfer--mkang-0040-koasys-002E-com_AWSDataPipelineFullAccess": {
                    "type": "aws_iam_user_policy_attachment",
                    "depends_on": [],
                    "primary": {
                        "id": "mkang@koasys.com/arn:aws:iam::aws:policy/AWSDataPipelineFullAccess",
                        "attributes": {
                            "id": "mkang@koasys.com/arn:aws:iam::aws:policy/AWSDataPipelineFullAccess",
                            "policy_arn": "arn:aws:iam::aws:policy/AWSDataPipelineFullAccess",
                            "user": "mkang@koasys.com"
                        },
                        "meta": {
                            "schema_version": 0
                        },
                        "tainted": false
                    },
                    "deposed": [],
                    "provider": "provider.aws"
                },
                "aws_iam_user_policy_attachment.tfer--mkang-0040-koasys-002E-com_IAMFullAccess": {
                    "type": "aws_iam_user_policy_attachment",
                    "depends_on": [],
                    "primary": {
                        "id": "mkang@koasys.com/arn:aws:iam::aws:policy/IAMFullAccess",
                        "attributes": {
                            "id": "mkang@koasys.com/arn:aws:iam::aws:policy/IAMFullAccess",
                            "policy_arn": "arn:aws:iam::aws:policy/IAMFullAccess",
                            "user": "mkang@koasys.com"
                        },
                        "meta": {
                            "schema_version": 0
                        },
                        "tainted": false
                    },
                    "deposed": [],
                    "provider": "provider.aws"
                },
                "aws_iam_user_policy_attachment.tfer--mkang-0040-koasys-002E-com_SimpleWorkflowFullAccess": {
                    "type": "aws_iam_user_policy_attachment",
                    "depends_on": [],
                    "primary": {
                        "id": "mkang@koasys.com/arn:aws:iam::aws:policy/SimpleWorkflowFullAccess",
                        "attributes": {
                            "id": "mkang@koasys.com/arn:aws:iam::aws:policy/SimpleWorkflowFullAccess",
                            "policy_arn": "arn:aws:iam::aws:policy/SimpleWorkflowFullAccess",
                            "user": "mkang@koasys.com"
                        },
                        "meta": {
                            "schema_version": 0
                        },
                        "tainted": false
                    },
                    "deposed": [],
                    "provider": "provider.aws"
                },
                "aws_iam_user_policy_attachment.tfer--studiogroup-0040-onehope-002E-net_IAMUserChangePassword": {
                    "type": "aws_iam_user_policy_attachment",
                    "depends_on": [],
                    "primary": {
                        "id": "studiogroup@onehope.net/arn:aws:iam::aws:policy/IAMUserChangePassword",
                        "attributes": {
                            "id": "studiogroup@onehope.net/arn:aws:iam::aws:policy/IAMUserChangePassword",
                            "policy_arn": "arn:aws:iam::aws:policy/IAMUserChangePassword",
                            "user": "studiogroup@onehope.net"
                        },
                        "meta": {
                            "schema_version": 0
                        },
                        "tainted": false
                    },
                    "deposed": [],
                    "provider": "provider.aws"
                },
                "aws_iam_user_policy_attachment.tfer--tanner-002E-fleming-0040-gmail-002E-com_AWSCodePipelineReadOnlyAccess": {
                    "type": "aws_iam_user_policy_attachment",
                    "depends_on": [],
                    "primary": {
                        "id": "tanner.fleming@gmail.com/arn:aws:iam::aws:policy/AWSCodePipelineReadOnlyAccess",
                        "attributes": {
                            "id": "tanner.fleming@gmail.com/arn:aws:iam::aws:policy/AWSCodePipelineReadOnlyAccess",
                            "policy_arn": "arn:aws:iam::aws:policy/AWSCodePipelineReadOnlyAccess",
                            "user": "tanner.fleming@gmail.com"
                        },
                        "meta": {
                            "schema_version": 0
                        },
                        "tainted": false
                    },
                    "deposed": [],
                    "provider": "provider.aws"
                },
                "aws_iam_user_policy_attachment.tfer--tanner-002E-fleming-0040-gmail-002E-com_AmazonS3FullAccess": {
                    "type": "aws_iam_user_policy_attachment",
                    "depends_on": [],
                    "primary": {
                        "id": "tanner.fleming@gmail.com/arn:aws:iam::aws:policy/AmazonS3FullAccess",
                        "attributes": {
                            "id": "tanner.fleming@gmail.com/arn:aws:iam::aws:policy/AmazonS3FullAccess",
                            "policy_arn": "arn:aws:iam::aws:policy/AmazonS3FullAccess",
                            "user": "tanner.fleming@gmail.com"
                        },
                        "meta": {
                            "schema_version": 0
                        },
                        "tainted": false
                    },
                    "deposed": [],
                    "provider": "provider.aws"
                },
                "aws_iam_user_policy_attachment.tfer--tanner-002E-fleming-0040-gmail-002E-com_CloudFrontFullAccess": {
                    "type": "aws_iam_user_policy_attachment",
                    "depends_on": [],
                    "primary": {
                        "id": "tanner.fleming@gmail.com/arn:aws:iam::aws:policy/CloudFrontFullAccess",
                        "attributes": {
                            "id": "tanner.fleming@gmail.com/arn:aws:iam::aws:policy/CloudFrontFullAccess",
                            "policy_arn": "arn:aws:iam::aws:policy/CloudFrontFullAccess",
                            "user": "tanner.fleming@gmail.com"
                        },
                        "meta": {
                            "schema_version": 0
                        },
                        "tainted": false
                    },
                    "deposed": [],
                    "provider": "provider.aws"
                },
                "aws_iam_user_policy_attachment.tfer--tanner-002E-fleming-0040-gmail-002E-com_CloudWatchReadOnlyAccess": {
                    "type": "aws_iam_user_policy_attachment",
                    "depends_on": [],
                    "primary": {
                        "id": "tanner.fleming@gmail.com/arn:aws:iam::aws:policy/CloudWatchReadOnlyAccess",
                        "attributes": {
                            "id": "tanner.fleming@gmail.com/arn:aws:iam::aws:policy/CloudWatchReadOnlyAccess",
                            "policy_arn": "arn:aws:iam::aws:policy/CloudWatchReadOnlyAccess",
                            "user": "tanner.fleming@gmail.com"
                        },
                        "meta": {
                            "schema_version": 0
                        },
                        "tainted": false
                    },
                    "deposed": [],
                    "provider": "provider.aws"
                },
                "aws_iam_user_policy_attachment.tfer--tanner-002E-fleming-0040-gmail-002E-com_IAMUserChangePassword": {
                    "type": "aws_iam_user_policy_attachment",
                    "depends_on": [],
                    "primary": {
                        "id": "tanner.fleming@gmail.com/arn:aws:iam::aws:policy/IAMUserChangePassword",
                        "attributes": {
                            "id": "tanner.fleming@gmail.com/arn:aws:iam::aws:policy/IAMUserChangePassword",
                            "policy_arn": "arn:aws:iam::aws:policy/IAMUserChangePassword",
                            "user": "tanner.fleming@gmail.com"
                        },
                        "meta": {
                            "schema_version": 0
                        },
                        "tainted": false
                    },
                    "deposed": [],
                    "provider": "provider.aws"
                }
            },
            "depends_on": []
        }
    ]
}
