{
    "version": 3,
    "terraform_version": "0.12.31",
    "serial": 1,
    "lineage": "48a40488-d04e-e26c-e3ac-a669f7f7dc22",
    "modules": [
        {
            "path": [
                "root"
            ],
            "outputs": {
                "aws_instance_tfer--i-008e0171992e43ee3__id": {
                    "sensitive": false,
                    "type": "string",
                    "value": "i-008e0171992e43ee3"
                },
                "aws_instance_tfer--i-0145d50be9ea8ec95__id": {
                    "sensitive": false,
                    "type": "string",
                    "value": "i-0145d50be9ea8ec95"
                },
                "aws_instance_tfer--i-02ccb0b1c8ed2dd11__id": {
                    "sensitive": false,
                    "type": "string",
                    "value": "i-02ccb0b1c8ed2dd11"
                },
                "aws_instance_tfer--i-075ae1a01a15f5a9d__id": {
                    "sensitive": false,
                    "type": "string",
                    "value": "i-075ae1a01a15f5a9d"
                },
                "aws_instance_tfer--i-0d9b3282bd0810174__id": {
                    "sensitive": false,
                    "type": "string",
                    "value": "i-0d9b3282bd0810174"
                }
            },
            "resources": {
                "aws_instance.tfer--i-008e0171992e43ee3_": {
                    "type": "aws_instance",
                    "depends_on": [],
                    "primary": {
                        "id": "i-008e0171992e43ee3",
                        "attributes": {
                            "ami": "ami-0bf61ea17cec89b3a",
                            "arn": "arn:aws:ec2:us-east-2:894231352815:instance/i-008e0171992e43ee3",
                            "associate_public_ip_address": "true",
                            "availability_zone": "us-east-2b",
                            "capacity_reservation_specification.#": "1",
                            "capacity_reservation_specification.0.capacity_reservation_preference": "open",
                            "capacity_reservation_specification.0.capacity_reservation_target.#": "0",
                            "cpu_core_count": "1",
                            "cpu_threads_per_core": "2",
                            "credit_specification.#": "1",
                            "credit_specification.0.cpu_credits": "unlimited",
                            "disable_api_stop": "false",
                            "disable_api_termination": "false",
                            "ebs_block_device.#": "0",
                            "ebs_optimized": "false",
                            "enclave_options.#": "1",
                            "enclave_options.0.enabled": "false",
                            "ephemeral_block_device.#": "0",
                            "get_password_data": "false",
                            "hibernation": "false",
                            "iam_instance_profile": "eks-44c0982c-e213-b4b9-339a-f2fe936b5f86",
                            "id": "i-008e0171992e43ee3",
                            "instance_initiated_shutdown_behavior": "stop",
                            "instance_state": "running",
                            "instance_type": "t3.medium",
                            "ipv6_address_count": "0",
                            "ipv6_addresses.#": "0",
                            "key_name": "",
                            "launch_template.#": "1",
                            "launch_template.0.id": "lt-00b7269aea48aae2f",
                            "launch_template.0.name": "eks-44c0982c-e213-b4b9-339a-f2fe936b5f86",
                            "launch_template.0.version": "1",
                            "maintenance_options.#": "1",
                            "maintenance_options.0.auto_recovery": "default",
                            "metadata_options.#": "1",
                            "metadata_options.0.http_endpoint": "enabled",
                            "metadata_options.0.http_put_response_hop_limit": "2",
                            "metadata_options.0.http_tokens": "optional",
                            "metadata_options.0.instance_metadata_tags": "disabled",
                            "monitoring": "false",
                            "network_interface.#": "0",
                            "outpost_arn": "",
                            "password_data": "",
                            "placement_group": "",
                            "primary_network_interface_id": "eni-094acf94a9dadd4ca",
                            "private_dns": "ip-172-31-17-193.us-east-2.compute.internal",
                            "private_dns_name_options.#": "1",
                            "private_dns_name_options.0.enable_resource_name_dns_a_record": "false",
                            "private_dns_name_options.0.enable_resource_name_dns_aaaa_record": "false",
                            "private_dns_name_options.0.hostname_type": "ip-name",
                            "private_ip": "172.31.17.193",
                            "public_dns": "ec2-18-117-124-13.us-east-2.compute.amazonaws.com",
                            "public_ip": "18.117.124.13",
                            "root_block_device.#": "1",
                            "root_block_device.0.delete_on_termination": "true",
                            "root_block_device.0.device_name": "/dev/xvda",
                            "root_block_device.0.encrypted": "false",
                            "root_block_device.0.iops": "100",
                            "root_block_device.0.kms_key_id": "",
                            "root_block_device.0.tags.%": "0",
                            "root_block_device.0.throughput": "0",
                            "root_block_device.0.volume_id": "vol-08dac9c27c5aea41f",
                            "root_block_device.0.volume_size": "20",
                            "root_block_device.0.volume_type": "gp2",
                            "secondary_private_ips.#": "5",
                            "secondary_private_ips.0": "172.31.16.185",
                            "secondary_private_ips.1": "172.31.16.229",
                            "secondary_private_ips.2": "172.31.18.43",
                            "secondary_private_ips.3": "172.31.28.176",
                            "secondary_private_ips.4": "172.31.31.244",
                            "security_groups.#": "1",
                            "security_groups.0": "eks-cluster-sg-JesusFilm-core-705006638",
                            "source_dest_check": "true",
                            "subnet_id": "subnet-4d17ab36",
                            "tags.%": "5",
                            "tags.eks:cluster-name": "JesusFilm-core",
                            "tags.eks:nodegroup-name": "API",
                            "tags.k8s.io/cluster-autoscaler/JesusFilm-core": "owned",
                            "tags.k8s.io/cluster-autoscaler/enabled": "true",
                            "tags.kubernetes.io/cluster/JesusFilm-core": "owned",
                            "tags_all.%": "5",
                            "tags_all.eks:cluster-name": "JesusFilm-core",
                            "tags_all.eks:nodegroup-name": "API",
                            "tags_all.k8s.io/cluster-autoscaler/JesusFilm-core": "owned",
                            "tags_all.k8s.io/cluster-autoscaler/enabled": "true",
                            "tags_all.kubernetes.io/cluster/JesusFilm-core": "owned",
                            "tenancy": "default",
                            "user_data_base64": "TUlNRS1WZXJzaW9uOiAxLjAKQ29udGVudC1UeXBlOiBtdWx0aXBhcnQvbWl4ZWQ7IGJvdW5kYXJ5PSIvLyIKCi0tLy8KQ29udGVudC1UeXBlOiB0ZXh0L3gtc2hlbGxzY3JpcHQ7IGNoYXJzZXQ9InVzLWFzY2lpIgojIS9iaW4vYmFzaApzZXQgLWV4CkI2NF9DTFVTVEVSX0NBPUxTMHRMUzFDUlVkSlRpQkRSVkpVU1VaSlEwRlVSUzB0TFMwdENrMUpTVU0xZWtORFFXTXJaMEYzU1VKQlowbENRVVJCVGtKbmEzRm9hMmxIT1hjd1FrRlJjMFpCUkVGV1RWSk5kMFZSV1VSV1VWRkVSWGR3Y21SWFNtd0tZMjAxYkdSSFZucE5RalJZUkZSSmVVMUVXWGRPUkVsM1RVUlJkMDVzYjFoRVZFMTVUVVJaZDAxVVNYZE5SRkYzVG14dmQwWlVSVlJOUWtWSFFURlZSUXBCZUUxTFlUTldhVnBZU25WYVdGSnNZM3BEUTBGVFNYZEVVVmxLUzI5YVNXaDJZMDVCVVVWQ1FsRkJSR2RuUlZCQlJFTkRRVkZ2UTJkblJVSkJUblJuQ2pOcVUxTXdObmRuYW1aNEswcGxWSGRtVWs1a1RETm5jRUZsZW1aRk5WQmxVek4wTkV0UWRXSXdVMWw1TWtZNFpVWkdkMWhZY1doMVZqUTRRVEJ2V2xrS1ozVlNSblZ2YzBkQlJ6bHdZbHBaTlRseFZrMUtNMjVTWTBoc1puSnBXRE56V1hOcVFsWTBkRmhqYzFkV1EzbG9VbFF3ZFhGcmRqaHVka3hwWTFGd1RBb3JjRnBOVFVSMGVFSXliR3cyY0VGUlJYVTJiSGRZYUhGU1FVNTJUR0ZrTTNCVVZYTkJibE5rY2l0eFRUTm1URFpJUXpCd05VSktVRXcxVG5obGJrZEhDbFV2VDNZeWJUQnViMWxxWm14S2FYQkNaRzlwU0ZVelFtZEhTWFJ4ZVRFNWVqbDVkMDR6U0c1QmVGbG1RVWRqWm1Sc2F6aHlNR1ZqYWtKallrNUJTVVVLVTFwclkwTkJUemRwZVZKaFVqZ3dPVzlpTmpsakswTXhha2RRT0Voak9FOUtTV0pFTHpGUFMwZHhNMDQzUWpCQmQwNW1OMGswVkVGUWVXa3pXSEIwUlFwc2JtcERla2NyZWpOTFVuaFZVRU5yWnl0TlEwRjNSVUZCWVU1RFRVVkJkMFJuV1VSV1VqQlFRVkZJTDBKQlVVUkJaMHRyVFVFNFIwRXhWV1JGZDBWQ0NpOTNVVVpOUVUxQ1FXWTRkMGhSV1VSV1VqQlBRa0paUlVaSVMxVktaelF4ZVdWdFVDOTROM2N5VmpNeFVFZHZSR3hJZUVOTlFUQkhRMU54UjFOSllqTUtSRkZGUWtOM1ZVRkJORWxDUVZGRVlVWm5UMHBsTUhOSmFHNU9lbTQ1YTJaTk1EbENNVWRUWnk5aFZDdERiVEpXTkVoaWMyWm5jbU5zUTJaSWFHRmtkUXBWWlVOMFduYzVOVTlXUmxod1NWWTNZVGh5ZG5BMFkwc3JVV1l5Wm1oeU1uTjJZVXcxWW01VmEwaDJPV1ZJTlZGbk5uRjFXRFJuVGxSUWRFeGlaV2RoQ2pWeFdHRnFkSE5WVlZOTldtUllWSGN6TjBSclZHMW9NVWw1Y25wYVNYTkdhemhVTjJSaVNWbElSM1IxTkZsdVprTlRlR0YzY1ZaNmJqazRZazFxVDBvS2VXSklieXRwT0VFelZIcEpXRmRTVURSSmRrWTBZbU5GUlVwWVRsbzVkemhpVkN0NFQzVnRSMWhKVFcwek5HWjZjMVEwUkVZdmRXZEZOakkyVlhVNGJRcFZURkJQT0VaUE9Fd3ZUbnBuTDNKMVZHNU5PRmRFWTFOTlExQk5ibTE0VkRZNGNFY3phV2hMUkRkSmMyTjBRa0ZZTW1GNlpTOTVNRFpGV1RkRlFrbzFDblJSVDJzclQyRlVZVmhLU2xJNVdqTlhPR1Z4Vm1sYVpXOVBkVFJZTUZSUVFteG5XUW90TFMwdExVVk9SQ0JEUlZKVVNVWkpRMEZVUlMwdExTMHRDZz09CkFQSV9TRVJWRVJfVVJMPWh0dHBzOi8vNTRBMjQyRTc4RTQzNTUzRTI1NzQxNTg1MjdBQkUzRTYuZ3I3LnVzLWVhc3QtMi5la3MuYW1hem9uYXdzLmNvbQpLOFNfQ0xVU1RFUl9ETlNfSVA9MTAuMTAwLjAuMTAKL2V0Yy9la3MvYm9vdHN0cmFwLnNoIEplc3VzRmlsbS1jb3JlIC0ta3ViZWxldC1leHRyYS1hcmdzICctLW5vZGUtbGFiZWxzPWVrcy5hbWF6b25hd3MuY29tL25vZGVncm91cC1pbWFnZT1hbWktMGJmNjFlYTE3Y2VjODliM2EsZWtzLmFtYXpvbmF3cy5jb20vY2FwYWNpdHlUeXBlPU9OX0RFTUFORCxla3MuYW1hem9uYXdzLmNvbS9ub2RlZ3JvdXA9QVBJLHR5cGU9YXBpIC0tbWF4LXBvZHM9MTcnIC0tYjY0LWNsdXN0ZXItY2EgJEI2NF9DTFVTVEVSX0NBIC0tYXBpc2VydmVyLWVuZHBvaW50ICRBUElfU0VSVkVSX1VSTCAtLWRucy1jbHVzdGVyLWlwICRLOFNfQ0xVU1RFUl9ETlNfSVAgLS11c2UtbWF4LXBvZHMgZmFsc2UKCi0tLy8tLQ==",
                            "vpc_security_group_ids.#": "1",
                            "vpc_security_group_ids.0": "sg-096321fc5ad4991e1"
                        },
                        "meta": {
                            "schema_version": 1
                        },
                        "tainted": false
                    },
                    "deposed": [],
                    "provider": "provider.aws"
                },
                "aws_instance.tfer--i-0145d50be9ea8ec95_": {
                    "type": "aws_instance",
                    "depends_on": [],
                    "primary": {
                        "id": "i-0145d50be9ea8ec95",
                        "attributes": {
                            "ami": "ami-0bf61ea17cec89b3a",
                            "arn": "arn:aws:ec2:us-east-2:894231352815:instance/i-0145d50be9ea8ec95",
                            "associate_public_ip_address": "true",
                            "availability_zone": "us-east-2c",
                            "capacity_reservation_specification.#": "1",
                            "capacity_reservation_specification.0.capacity_reservation_preference": "open",
                            "capacity_reservation_specification.0.capacity_reservation_target.#": "0",
                            "cpu_core_count": "1",
                            "cpu_threads_per_core": "2",
                            "credit_specification.#": "1",
                            "credit_specification.0.cpu_credits": "unlimited",
                            "disable_api_stop": "false",
                            "disable_api_termination": "false",
                            "ebs_block_device.#": "2",
                            "ebs_block_device.0.delete_on_termination": "false",
                            "ebs_block_device.0.device_name": "/dev/xvdbo",
                            "ebs_block_device.0.encrypted": "false",
                            "ebs_block_device.0.iops": "100",
                            "ebs_block_device.0.kms_key_id": "",
                            "ebs_block_device.0.snapshot_id": "",
                            "ebs_block_device.0.tags.%": "5",
                            "ebs_block_device.0.tags.Name": "kubernetes-dynamic-pvc-9a489d4c-221b-4e11-9fbc-6bcb516347f6",
                            "ebs_block_device.0.tags.kubernetes.io/cluster/JesusFilm-core": "owned",
                            "ebs_block_device.0.tags.kubernetes.io/created-for/pv/name": "pvc-9a489d4c-221b-4e11-9fbc-6bcb516347f6",
                            "ebs_block_device.0.tags.kubernetes.io/created-for/pvc/name": "arangodb-agent-5vqbwjd0",
                            "ebs_block_device.0.tags.kubernetes.io/created-for/pvc/namespace": "default",
                            "ebs_block_device.0.throughput": "0",
                            "ebs_block_device.0.volume_id": "vol-08cdc64fe956a2e7b",
                            "ebs_block_device.0.volume_size": "8",
                            "ebs_block_device.0.volume_type": "gp2",
                            "ebs_block_device.1.delete_on_termination": "false",
                            "ebs_block_device.1.device_name": "/dev/xvdcg",
                            "ebs_block_device.1.encrypted": "false",
                            "ebs_block_device.1.iops": "100",
                            "ebs_block_device.1.kms_key_id": "",
                            "ebs_block_device.1.snapshot_id": "",
                            "ebs_block_device.1.tags.%": "5",
                            "ebs_block_device.1.tags.Name": "kubernetes-dynamic-pvc-df6b3e89-c85e-49f0-a827-bc8c2f9f2f9f",
                            "ebs_block_device.1.tags.kubernetes.io/cluster/JesusFilm-core": "owned",
                            "ebs_block_device.1.tags.kubernetes.io/created-for/pv/name": "pvc-df6b3e89-c85e-49f0-a827-bc8c2f9f2f9f",
                            "ebs_block_device.1.tags.kubernetes.io/created-for/pvc/name": "arangodb-stage-single-3uwrqtu4",
                            "ebs_block_device.1.tags.kubernetes.io/created-for/pvc/namespace": "default",
                            "ebs_block_device.1.throughput": "0",
                            "ebs_block_device.1.volume_id": "vol-0c7d801c44909b34f",
                            "ebs_block_device.1.volume_size": "20",
                            "ebs_block_device.1.volume_type": "gp2",
                            "ebs_optimized": "false",
                            "enclave_options.#": "1",
                            "enclave_options.0.enabled": "false",
                            "ephemeral_block_device.#": "0",
                            "get_password_data": "false",
                            "hibernation": "false",
                            "iam_instance_profile": "eks-44c0982c-e213-b4b9-339a-f2fe936b5f86",
                            "id": "i-0145d50be9ea8ec95",
                            "instance_initiated_shutdown_behavior": "stop",
                            "instance_state": "running",
                            "instance_type": "t3.medium",
                            "ipv6_address_count": "0",
                            "ipv6_addresses.#": "0",
                            "key_name": "",
                            "launch_template.#": "1",
                            "launch_template.0.id": "lt-00b7269aea48aae2f",
                            "launch_template.0.name": "eks-44c0982c-e213-b4b9-339a-f2fe936b5f86",
                            "launch_template.0.version": "1",
                            "maintenance_options.#": "1",
                            "maintenance_options.0.auto_recovery": "default",
                            "metadata_options.#": "1",
                            "metadata_options.0.http_endpoint": "enabled",
                            "metadata_options.0.http_put_response_hop_limit": "2",
                            "metadata_options.0.http_tokens": "optional",
                            "metadata_options.0.instance_metadata_tags": "disabled",
                            "monitoring": "false",
                            "network_interface.#": "0",
                            "outpost_arn": "",
                            "password_data": "",
                            "placement_group": "",
                            "primary_network_interface_id": "eni-0ca1d83bea4870405",
                            "private_dns": "ip-172-31-37-101.us-east-2.compute.internal",
                            "private_dns_name_options.#": "1",
                            "private_dns_name_options.0.enable_resource_name_dns_a_record": "false",
                            "private_dns_name_options.0.enable_resource_name_dns_aaaa_record": "false",
                            "private_dns_name_options.0.hostname_type": "ip-name",
                            "private_ip": "172.31.37.101",
                            "public_dns": "ec2-3-19-32-247.us-east-2.compute.amazonaws.com",
                            "public_ip": "3.19.32.247",
                            "root_block_device.#": "1",
                            "root_block_device.0.delete_on_termination": "true",
                            "root_block_device.0.device_name": "/dev/xvda",
                            "root_block_device.0.encrypted": "false",
                            "root_block_device.0.iops": "100",
                            "root_block_device.0.kms_key_id": "",
                            "root_block_device.0.tags.%": "0",
                            "root_block_device.0.throughput": "0",
                            "root_block_device.0.volume_id": "vol-0ced0b1e49f4aef93",
                            "root_block_device.0.volume_size": "20",
                            "root_block_device.0.volume_type": "gp2",
                            "secondary_private_ips.#": "5",
                            "secondary_private_ips.0": "172.31.34.42",
                            "secondary_private_ips.1": "172.31.37.158",
                            "secondary_private_ips.2": "172.31.37.99",
                            "secondary_private_ips.3": "172.31.40.233",
                            "secondary_private_ips.4": "172.31.41.96",
                            "security_groups.#": "1",
                            "security_groups.0": "eks-cluster-sg-JesusFilm-core-705006638",
                            "source_dest_check": "true",
                            "subnet_id": "subnet-305d917d",
                            "tags.%": "5",
                            "tags.eks:cluster-name": "JesusFilm-core",
                            "tags.eks:nodegroup-name": "API",
                            "tags.k8s.io/cluster-autoscaler/JesusFilm-core": "owned",
                            "tags.k8s.io/cluster-autoscaler/enabled": "true",
                            "tags.kubernetes.io/cluster/JesusFilm-core": "owned",
                            "tags_all.%": "5",
                            "tags_all.eks:cluster-name": "JesusFilm-core",
                            "tags_all.eks:nodegroup-name": "API",
                            "tags_all.k8s.io/cluster-autoscaler/JesusFilm-core": "owned",
                            "tags_all.k8s.io/cluster-autoscaler/enabled": "true",
                            "tags_all.kubernetes.io/cluster/JesusFilm-core": "owned",
                            "tenancy": "default",
                            "user_data_base64": "TUlNRS1WZXJzaW9uOiAxLjAKQ29udGVudC1UeXBlOiBtdWx0aXBhcnQvbWl4ZWQ7IGJvdW5kYXJ5PSIvLyIKCi0tLy8KQ29udGVudC1UeXBlOiB0ZXh0L3gtc2hlbGxzY3JpcHQ7IGNoYXJzZXQ9InVzLWFzY2lpIgojIS9iaW4vYmFzaApzZXQgLWV4CkI2NF9DTFVTVEVSX0NBPUxTMHRMUzFDUlVkSlRpQkRSVkpVU1VaSlEwRlVSUzB0TFMwdENrMUpTVU0xZWtORFFXTXJaMEYzU1VKQlowbENRVVJCVGtKbmEzRm9hMmxIT1hjd1FrRlJjMFpCUkVGV1RWSk5kMFZSV1VSV1VWRkVSWGR3Y21SWFNtd0tZMjAxYkdSSFZucE5RalJZUkZSSmVVMUVXWGRPUkVsM1RVUlJkMDVzYjFoRVZFMTVUVVJaZDAxVVNYZE5SRkYzVG14dmQwWlVSVlJOUWtWSFFURlZSUXBCZUUxTFlUTldhVnBZU25WYVdGSnNZM3BEUTBGVFNYZEVVVmxLUzI5YVNXaDJZMDVCVVVWQ1FsRkJSR2RuUlZCQlJFTkRRVkZ2UTJkblJVSkJUblJuQ2pOcVUxTXdObmRuYW1aNEswcGxWSGRtVWs1a1RETm5jRUZsZW1aRk5WQmxVek4wTkV0UWRXSXdVMWw1TWtZNFpVWkdkMWhZY1doMVZqUTRRVEJ2V2xrS1ozVlNSblZ2YzBkQlJ6bHdZbHBaTlRseFZrMUtNMjVTWTBoc1puSnBXRE56V1hOcVFsWTBkRmhqYzFkV1EzbG9VbFF3ZFhGcmRqaHVka3hwWTFGd1RBb3JjRnBOVFVSMGVFSXliR3cyY0VGUlJYVTJiSGRZYUhGU1FVNTJUR0ZrTTNCVVZYTkJibE5rY2l0eFRUTm1URFpJUXpCd05VSktVRXcxVG5obGJrZEhDbFV2VDNZeWJUQnViMWxxWm14S2FYQkNaRzlwU0ZVelFtZEhTWFJ4ZVRFNWVqbDVkMDR6U0c1QmVGbG1RVWRqWm1Sc2F6aHlNR1ZqYWtKallrNUJTVVVLVTFwclkwTkJUemRwZVZKaFVqZ3dPVzlpTmpsakswTXhha2RRT0Voak9FOUtTV0pFTHpGUFMwZHhNMDQzUWpCQmQwNW1OMGswVkVGUWVXa3pXSEIwUlFwc2JtcERla2NyZWpOTFVuaFZVRU5yWnl0TlEwRjNSVUZCWVU1RFRVVkJkMFJuV1VSV1VqQlFRVkZJTDBKQlVVUkJaMHRyVFVFNFIwRXhWV1JGZDBWQ0NpOTNVVVpOUVUxQ1FXWTRkMGhSV1VSV1VqQlBRa0paUlVaSVMxVktaelF4ZVdWdFVDOTROM2N5VmpNeFVFZHZSR3hJZUVOTlFUQkhRMU54UjFOSllqTUtSRkZGUWtOM1ZVRkJORWxDUVZGRVlVWm5UMHBsTUhOSmFHNU9lbTQ1YTJaTk1EbENNVWRUWnk5aFZDdERiVEpXTkVoaWMyWm5jbU5zUTJaSWFHRmtkUXBWWlVOMFduYzVOVTlXUmxod1NWWTNZVGh5ZG5BMFkwc3JVV1l5Wm1oeU1uTjJZVXcxWW01VmEwaDJPV1ZJTlZGbk5uRjFXRFJuVGxSUWRFeGlaV2RoQ2pWeFdHRnFkSE5WVlZOTldtUllWSGN6TjBSclZHMW9NVWw1Y25wYVNYTkdhemhVTjJSaVNWbElSM1IxTkZsdVprTlRlR0YzY1ZaNmJqazRZazFxVDBvS2VXSklieXRwT0VFelZIcEpXRmRTVURSSmRrWTBZbU5GUlVwWVRsbzVkemhpVkN0NFQzVnRSMWhKVFcwek5HWjZjMVEwUkVZdmRXZEZOakkyVlhVNGJRcFZURkJQT0VaUE9Fd3ZUbnBuTDNKMVZHNU5PRmRFWTFOTlExQk5ibTE0VkRZNGNFY3phV2hMUkRkSmMyTjBRa0ZZTW1GNlpTOTVNRFpGV1RkRlFrbzFDblJSVDJzclQyRlVZVmhLU2xJNVdqTlhPR1Z4Vm1sYVpXOVBkVFJZTUZSUVFteG5XUW90TFMwdExVVk9SQ0JEUlZKVVNVWkpRMEZVUlMwdExTMHRDZz09CkFQSV9TRVJWRVJfVVJMPWh0dHBzOi8vNTRBMjQyRTc4RTQzNTUzRTI1NzQxNTg1MjdBQkUzRTYuZ3I3LnVzLWVhc3QtMi5la3MuYW1hem9uYXdzLmNvbQpLOFNfQ0xVU1RFUl9ETlNfSVA9MTAuMTAwLjAuMTAKL2V0Yy9la3MvYm9vdHN0cmFwLnNoIEplc3VzRmlsbS1jb3JlIC0ta3ViZWxldC1leHRyYS1hcmdzICctLW5vZGUtbGFiZWxzPWVrcy5hbWF6b25hd3MuY29tL25vZGVncm91cC1pbWFnZT1hbWktMGJmNjFlYTE3Y2VjODliM2EsZWtzLmFtYXpvbmF3cy5jb20vY2FwYWNpdHlUeXBlPU9OX0RFTUFORCxla3MuYW1hem9uYXdzLmNvbS9ub2RlZ3JvdXA9QVBJLHR5cGU9YXBpIC0tbWF4LXBvZHM9MTcnIC0tYjY0LWNsdXN0ZXItY2EgJEI2NF9DTFVTVEVSX0NBIC0tYXBpc2VydmVyLWVuZHBvaW50ICRBUElfU0VSVkVSX1VSTCAtLWRucy1jbHVzdGVyLWlwICRLOFNfQ0xVU1RFUl9ETlNfSVAgLS11c2UtbWF4LXBvZHMgZmFsc2UKCi0tLy8tLQ==",
                            "vpc_security_group_ids.#": "1",
                            "vpc_security_group_ids.0": "sg-096321fc5ad4991e1"
                        },
                        "meta": {
                            "schema_version": 1
                        },
                        "tainted": false
                    },
                    "deposed": [],
                    "provider": "provider.aws"
                },
                "aws_instance.tfer--i-02ccb0b1c8ed2dd11_": {
                    "type": "aws_instance",
                    "depends_on": [],
                    "primary": {
                        "id": "i-02ccb0b1c8ed2dd11",
                        "attributes": {
                            "ami": "ami-0bf61ea17cec89b3a",
                            "arn": "arn:aws:ec2:us-east-2:894231352815:instance/i-02ccb0b1c8ed2dd11",
                            "associate_public_ip_address": "true",
                            "availability_zone": "us-east-2b",
                            "capacity_reservation_specification.#": "1",
                            "capacity_reservation_specification.0.capacity_reservation_preference": "open",
                            "capacity_reservation_specification.0.capacity_reservation_target.#": "0",
                            "cpu_core_count": "1",
                            "cpu_threads_per_core": "2",
                            "disable_api_stop": "false",
                            "disable_api_termination": "false",
                            "ebs_block_device.#": "2",
                            "ebs_block_device.0.delete_on_termination": "false",
                            "ebs_block_device.0.device_name": "/dev/xvdbw",
                            "ebs_block_device.0.encrypted": "false",
                            "ebs_block_device.0.iops": "100",
                            "ebs_block_device.0.kms_key_id": "",
                            "ebs_block_device.0.snapshot_id": "",
                            "ebs_block_device.0.tags.%": "5",
                            "ebs_block_device.0.tags.Name": "kubernetes-dynamic-pvc-5121a995-8f84-4778-a6cd-a18af7928194",
                            "ebs_block_device.0.tags.kubernetes.io/cluster/JesusFilm-core": "owned",
                            "ebs_block_device.0.tags.kubernetes.io/created-for/pv/name": "pvc-5121a995-8f84-4778-a6cd-a18af7928194",
                            "ebs_block_device.0.tags.kubernetes.io/created-for/pvc/name": "arangodb-agent-5rpkbvze",
                            "ebs_block_device.0.tags.kubernetes.io/created-for/pvc/namespace": "default",
                            "ebs_block_device.0.throughput": "0",
                            "ebs_block_device.0.volume_id": "vol-08f2cdcc41aedd672",
                            "ebs_block_device.0.volume_size": "8",
                            "ebs_block_device.0.volume_type": "gp2",
                            "ebs_block_device.1.delete_on_termination": "false",
                            "ebs_block_device.1.device_name": "/dev/xvdct",
                            "ebs_block_device.1.encrypted": "false",
                            "ebs_block_device.1.iops": "100",
                            "ebs_block_device.1.kms_key_id": "",
                            "ebs_block_device.1.snapshot_id": "",
                            "ebs_block_device.1.tags.%": "5",
                            "ebs_block_device.1.tags.Name": "kubernetes-dynamic-pvc-0d8f8556-49b8-4f72-9a56-11b78d9379f0",
                            "ebs_block_device.1.tags.kubernetes.io/cluster/JesusFilm-core": "owned",
                            "ebs_block_device.1.tags.kubernetes.io/created-for/pv/name": "pvc-0d8f8556-49b8-4f72-9a56-11b78d9379f0",
                            "ebs_block_device.1.tags.kubernetes.io/created-for/pvc/name": "arangodb-single-zatsw0uk",
                            "ebs_block_device.1.tags.kubernetes.io/created-for/pvc/namespace": "default",
                            "ebs_block_device.1.throughput": "0",
                            "ebs_block_device.1.volume_id": "vol-061db25c66f8aab20",
                            "ebs_block_device.1.volume_size": "20",
                            "ebs_block_device.1.volume_type": "gp2",
                            "ebs_optimized": "false",
                            "enclave_options.#": "1",
                            "enclave_options.0.enabled": "false",
                            "ephemeral_block_device.#": "0",
                            "get_password_data": "false",
                            "hibernation": "false",
                            "iam_instance_profile": "eks-acc0982c-86db-4719-77b5-b8974aeb2772",
                            "id": "i-02ccb0b1c8ed2dd11",
                            "instance_initiated_shutdown_behavior": "stop",
                            "instance_state": "running",
                            "instance_type": "i3.large",
                            "ipv6_address_count": "0",
                            "ipv6_addresses.#": "0",
                            "key_name": "",
                            "launch_template.#": "1",
                            "launch_template.0.id": "lt-044598351a93c44d1",
                            "launch_template.0.name": "eks-acc0982c-86db-4719-77b5-b8974aeb2772",
                            "launch_template.0.version": "1",
                            "maintenance_options.#": "1",
                            "maintenance_options.0.auto_recovery": "default",
                            "metadata_options.#": "1",
                            "metadata_options.0.http_endpoint": "enabled",
                            "metadata_options.0.http_put_response_hop_limit": "2",
                            "metadata_options.0.http_tokens": "optional",
                            "metadata_options.0.instance_metadata_tags": "disabled",
                            "monitoring": "false",
                            "network_interface.#": "0",
                            "outpost_arn": "",
                            "password_data": "",
                            "placement_group": "",
                            "primary_network_interface_id": "eni-0aa805dac8a1aa297",
                            "private_dns": "ip-172-31-17-230.us-east-2.compute.internal",
                            "private_dns_name_options.#": "1",
                            "private_dns_name_options.0.enable_resource_name_dns_a_record": "false",
                            "private_dns_name_options.0.enable_resource_name_dns_aaaa_record": "false",
                            "private_dns_name_options.0.hostname_type": "ip-name",
                            "private_ip": "172.31.17.230",
                            "public_dns": "ec2-3-135-17-237.us-east-2.compute.amazonaws.com",
                            "public_ip": "3.135.17.237",
                            "root_block_device.#": "1",
                            "root_block_device.0.delete_on_termination": "true",
                            "root_block_device.0.device_name": "/dev/xvda",
                            "root_block_device.0.encrypted": "false",
                            "root_block_device.0.iops": "100",
                            "root_block_device.0.kms_key_id": "",
                            "root_block_device.0.tags.%": "0",
                            "root_block_device.0.throughput": "0",
                            "root_block_device.0.volume_id": "vol-03711e12ab678dc1d",
                            "root_block_device.0.volume_size": "20",
                            "root_block_device.0.volume_type": "gp2",
                            "secondary_private_ips.#": "9",
                            "secondary_private_ips.0": "172.31.16.77",
                            "secondary_private_ips.1": "172.31.18.100",
                            "secondary_private_ips.2": "172.31.18.21",
                            "secondary_private_ips.3": "172.31.18.8",
                            "secondary_private_ips.4": "172.31.22.154",
                            "secondary_private_ips.5": "172.31.22.4",
                            "secondary_private_ips.6": "172.31.25.32",
                            "secondary_private_ips.7": "172.31.26.29",
                            "secondary_private_ips.8": "172.31.27.227",
                            "security_groups.#": "1",
                            "security_groups.0": "eks-cluster-sg-JesusFilm-core-705006638",
                            "source_dest_check": "true",
                            "subnet_id": "subnet-4d17ab36",
                            "tags.%": "5",
                            "tags.eks:cluster-name": "JesusFilm-core",
                            "tags.eks:nodegroup-name": "ArangoDB",
                            "tags.k8s.io/cluster-autoscaler/JesusFilm-core": "owned",
                            "tags.k8s.io/cluster-autoscaler/enabled": "true",
                            "tags.kubernetes.io/cluster/JesusFilm-core": "owned",
                            "tags_all.%": "5",
                            "tags_all.eks:cluster-name": "JesusFilm-core",
                            "tags_all.eks:nodegroup-name": "ArangoDB",
                            "tags_all.k8s.io/cluster-autoscaler/JesusFilm-core": "owned",
                            "tags_all.k8s.io/cluster-autoscaler/enabled": "true",
                            "tags_all.kubernetes.io/cluster/JesusFilm-core": "owned",
                            "tenancy": "default",
                            "user_data_base64": "TUlNRS1WZXJzaW9uOiAxLjAKQ29udGVudC1UeXBlOiBtdWx0aXBhcnQvbWl4ZWQ7IGJvdW5kYXJ5PSIvLyIKCi0tLy8KQ29udGVudC1UeXBlOiB0ZXh0L3gtc2hlbGxzY3JpcHQ7IGNoYXJzZXQ9InVzLWFzY2lpIgojIS9iaW4vYmFzaApzZXQgLWV4CkI2NF9DTFVTVEVSX0NBPUxTMHRMUzFDUlVkSlRpQkRSVkpVU1VaSlEwRlVSUzB0TFMwdENrMUpTVU0xZWtORFFXTXJaMEYzU1VKQlowbENRVVJCVGtKbmEzRm9hMmxIT1hjd1FrRlJjMFpCUkVGV1RWSk5kMFZSV1VSV1VWRkVSWGR3Y21SWFNtd0tZMjAxYkdSSFZucE5RalJZUkZSSmVVMUVXWGRPUkVsM1RVUlJkMDVzYjFoRVZFMTVUVVJaZDAxVVNYZE5SRkYzVG14dmQwWlVSVlJOUWtWSFFURlZSUXBCZUUxTFlUTldhVnBZU25WYVdGSnNZM3BEUTBGVFNYZEVVVmxLUzI5YVNXaDJZMDVCVVVWQ1FsRkJSR2RuUlZCQlJFTkRRVkZ2UTJkblJVSkJUblJuQ2pOcVUxTXdObmRuYW1aNEswcGxWSGRtVWs1a1RETm5jRUZsZW1aRk5WQmxVek4wTkV0UWRXSXdVMWw1TWtZNFpVWkdkMWhZY1doMVZqUTRRVEJ2V2xrS1ozVlNSblZ2YzBkQlJ6bHdZbHBaTlRseFZrMUtNMjVTWTBoc1puSnBXRE56V1hOcVFsWTBkRmhqYzFkV1EzbG9VbFF3ZFhGcmRqaHVka3hwWTFGd1RBb3JjRnBOVFVSMGVFSXliR3cyY0VGUlJYVTJiSGRZYUhGU1FVNTJUR0ZrTTNCVVZYTkJibE5rY2l0eFRUTm1URFpJUXpCd05VSktVRXcxVG5obGJrZEhDbFV2VDNZeWJUQnViMWxxWm14S2FYQkNaRzlwU0ZVelFtZEhTWFJ4ZVRFNWVqbDVkMDR6U0c1QmVGbG1RVWRqWm1Sc2F6aHlNR1ZqYWtKallrNUJTVVVLVTFwclkwTkJUemRwZVZKaFVqZ3dPVzlpTmpsakswTXhha2RRT0Voak9FOUtTV0pFTHpGUFMwZHhNMDQzUWpCQmQwNW1OMGswVkVGUWVXa3pXSEIwUlFwc2JtcERla2NyZWpOTFVuaFZVRU5yWnl0TlEwRjNSVUZCWVU1RFRVVkJkMFJuV1VSV1VqQlFRVkZJTDBKQlVVUkJaMHRyVFVFNFIwRXhWV1JGZDBWQ0NpOTNVVVpOUVUxQ1FXWTRkMGhSV1VSV1VqQlBRa0paUlVaSVMxVktaelF4ZVdWdFVDOTROM2N5VmpNeFVFZHZSR3hJZUVOTlFUQkhRMU54UjFOSllqTUtSRkZGUWtOM1ZVRkJORWxDUVZGRVlVWm5UMHBsTUhOSmFHNU9lbTQ1YTJaTk1EbENNVWRUWnk5aFZDdERiVEpXTkVoaWMyWm5jbU5zUTJaSWFHRmtkUXBWWlVOMFduYzVOVTlXUmxod1NWWTNZVGh5ZG5BMFkwc3JVV1l5Wm1oeU1uTjJZVXcxWW01VmEwaDJPV1ZJTlZGbk5uRjFXRFJuVGxSUWRFeGlaV2RoQ2pWeFdHRnFkSE5WVlZOTldtUllWSGN6TjBSclZHMW9NVWw1Y25wYVNYTkdhemhVTjJSaVNWbElSM1IxTkZsdVprTlRlR0YzY1ZaNmJqazRZazFxVDBvS2VXSklieXRwT0VFelZIcEpXRmRTVURSSmRrWTBZbU5GUlVwWVRsbzVkemhpVkN0NFQzVnRSMWhKVFcwek5HWjZjMVEwUkVZdmRXZEZOakkyVlhVNGJRcFZURkJQT0VaUE9Fd3ZUbnBuTDNKMVZHNU5PRmRFWTFOTlExQk5ibTE0VkRZNGNFY3phV2hMUkRkSmMyTjBRa0ZZTW1GNlpTOTVNRFpGV1RkRlFrbzFDblJSVDJzclQyRlVZVmhLU2xJNVdqTlhPR1Z4Vm1sYVpXOVBkVFJZTUZSUVFteG5XUW90TFMwdExVVk9SQ0JEUlZKVVNVWkpRMEZVUlMwdExTMHRDZz09CkFQSV9TRVJWRVJfVVJMPWh0dHBzOi8vNTRBMjQyRTc4RTQzNTUzRTI1NzQxNTg1MjdBQkUzRTYuZ3I3LnVzLWVhc3QtMi5la3MuYW1hem9uYXdzLmNvbQpLOFNfQ0xVU1RFUl9ETlNfSVA9MTAuMTAwLjAuMTAKL2V0Yy9la3MvYm9vdHN0cmFwLnNoIEplc3VzRmlsbS1jb3JlIC0ta3ViZWxldC1leHRyYS1hcmdzICctLW5vZGUtbGFiZWxzPWVrcy5hbWF6b25hd3MuY29tL25vZGVncm91cC1pbWFnZT1hbWktMGJmNjFlYTE3Y2VjODliM2EsZWtzLmFtYXpvbmF3cy5jb20vY2FwYWNpdHlUeXBlPU9OX0RFTUFORCxla3MuYW1hem9uYXdzLmNvbS9ub2RlZ3JvdXA9QXJhbmdvREIsdHlwZT1kYXRhYmFzZSAtLW1heC1wb2RzPTI5JyAtLWI2NC1jbHVzdGVyLWNhICRCNjRfQ0xVU1RFUl9DQSAtLWFwaXNlcnZlci1lbmRwb2ludCAkQVBJX1NFUlZFUl9VUkwgLS1kbnMtY2x1c3Rlci1pcCAkSzhTX0NMVVNURVJfRE5TX0lQIC0tdXNlLW1heC1wb2RzIGZhbHNlCgotLS8vLS0=",
                            "vpc_security_group_ids.#": "1",
                            "vpc_security_group_ids.0": "sg-096321fc5ad4991e1"
                        },
                        "meta": {
                            "schema_version": 1
                        },
                        "tainted": false
                    },
                    "deposed": [],
                    "provider": "provider.aws"
                },
                "aws_instance.tfer--i-075ae1a01a15f5a9d_": {
                    "type": "aws_instance",
                    "depends_on": [],
                    "primary": {
                        "id": "i-075ae1a01a15f5a9d",
                        "attributes": {
                            "ami": "ami-0bf61ea17cec89b3a",
                            "arn": "arn:aws:ec2:us-east-2:894231352815:instance/i-075ae1a01a15f5a9d",
                            "associate_public_ip_address": "true",
                            "availability_zone": "us-east-2a",
                            "capacity_reservation_specification.#": "1",
                            "capacity_reservation_specification.0.capacity_reservation_preference": "open",
                            "capacity_reservation_specification.0.capacity_reservation_target.#": "0",
                            "cpu_core_count": "1",
                            "cpu_threads_per_core": "2",
                            "credit_specification.#": "1",
                            "credit_specification.0.cpu_credits": "unlimited",
                            "disable_api_stop": "false",
                            "disable_api_termination": "false",
                            "ebs_block_device.#": "0",
                            "ebs_optimized": "false",
                            "enclave_options.#": "1",
                            "enclave_options.0.enabled": "false",
                            "ephemeral_block_device.#": "0",
                            "get_password_data": "false",
                            "hibernation": "false",
                            "iam_instance_profile": "eks-44c0982c-e213-b4b9-339a-f2fe936b5f86",
                            "id": "i-075ae1a01a15f5a9d",
                            "instance_initiated_shutdown_behavior": "stop",
                            "instance_state": "running",
                            "instance_type": "t3.medium",
                            "ipv6_address_count": "0",
                            "ipv6_addresses.#": "0",
                            "key_name": "",
                            "launch_template.#": "1",
                            "launch_template.0.id": "lt-00b7269aea48aae2f",
                            "launch_template.0.name": "eks-44c0982c-e213-b4b9-339a-f2fe936b5f86",
                            "launch_template.0.version": "1",
                            "maintenance_options.#": "1",
                            "maintenance_options.0.auto_recovery": "default",
                            "metadata_options.#": "1",
                            "metadata_options.0.http_endpoint": "enabled",
                            "metadata_options.0.http_put_response_hop_limit": "2",
                            "metadata_options.0.http_tokens": "optional",
                            "metadata_options.0.instance_metadata_tags": "disabled",
                            "monitoring": "false",
                            "network_interface.#": "0",
                            "outpost_arn": "",
                            "password_data": "",
                            "placement_group": "",
                            "primary_network_interface_id": "eni-04ed11057c6013f0a",
                            "private_dns": "ip-172-31-10-99.us-east-2.compute.internal",
                            "private_dns_name_options.#": "1",
                            "private_dns_name_options.0.enable_resource_name_dns_a_record": "false",
                            "private_dns_name_options.0.enable_resource_name_dns_aaaa_record": "false",
                            "private_dns_name_options.0.hostname_type": "ip-name",
                            "private_ip": "172.31.10.99",
                            "public_dns": "ec2-3-17-77-228.us-east-2.compute.amazonaws.com",
                            "public_ip": "3.17.77.228",
                            "root_block_device.#": "1",
                            "root_block_device.0.delete_on_termination": "true",
                            "root_block_device.0.device_name": "/dev/xvda",
                            "root_block_device.0.encrypted": "false",
                            "root_block_device.0.iops": "100",
                            "root_block_device.0.kms_key_id": "",
                            "root_block_device.0.tags.%": "0",
                            "root_block_device.0.throughput": "0",
                            "root_block_device.0.volume_id": "vol-0f3f58cad6d8a4543",
                            "root_block_device.0.volume_size": "20",
                            "root_block_device.0.volume_type": "gp2",
                            "secondary_private_ips.#": "5",
                            "secondary_private_ips.0": "172.31.12.131",
                            "secondary_private_ips.1": "172.31.13.193",
                            "secondary_private_ips.2": "172.31.14.173",
                            "secondary_private_ips.3": "172.31.14.87",
                            "secondary_private_ips.4": "172.31.15.237",
                            "security_groups.#": "1",
                            "security_groups.0": "eks-cluster-sg-JesusFilm-core-705006638",
                            "source_dest_check": "true",
                            "subnet_id": "subnet-bb4432d2",
                            "tags.%": "5",
                            "tags.eks:cluster-name": "JesusFilm-core",
                            "tags.eks:nodegroup-name": "API",
                            "tags.k8s.io/cluster-autoscaler/JesusFilm-core": "owned",
                            "tags.k8s.io/cluster-autoscaler/enabled": "true",
                            "tags.kubernetes.io/cluster/JesusFilm-core": "owned",
                            "tags_all.%": "5",
                            "tags_all.eks:cluster-name": "JesusFilm-core",
                            "tags_all.eks:nodegroup-name": "API",
                            "tags_all.k8s.io/cluster-autoscaler/JesusFilm-core": "owned",
                            "tags_all.k8s.io/cluster-autoscaler/enabled": "true",
                            "tags_all.kubernetes.io/cluster/JesusFilm-core": "owned",
                            "tenancy": "default",
                            "user_data_base64": "TUlNRS1WZXJzaW9uOiAxLjAKQ29udGVudC1UeXBlOiBtdWx0aXBhcnQvbWl4ZWQ7IGJvdW5kYXJ5PSIvLyIKCi0tLy8KQ29udGVudC1UeXBlOiB0ZXh0L3gtc2hlbGxzY3JpcHQ7IGNoYXJzZXQ9InVzLWFzY2lpIgojIS9iaW4vYmFzaApzZXQgLWV4CkI2NF9DTFVTVEVSX0NBPUxTMHRMUzFDUlVkSlRpQkRSVkpVU1VaSlEwRlVSUzB0TFMwdENrMUpTVU0xZWtORFFXTXJaMEYzU1VKQlowbENRVVJCVGtKbmEzRm9hMmxIT1hjd1FrRlJjMFpCUkVGV1RWSk5kMFZSV1VSV1VWRkVSWGR3Y21SWFNtd0tZMjAxYkdSSFZucE5RalJZUkZSSmVVMUVXWGRPUkVsM1RVUlJkMDVzYjFoRVZFMTVUVVJaZDAxVVNYZE5SRkYzVG14dmQwWlVSVlJOUWtWSFFURlZSUXBCZUUxTFlUTldhVnBZU25WYVdGSnNZM3BEUTBGVFNYZEVVVmxLUzI5YVNXaDJZMDVCVVVWQ1FsRkJSR2RuUlZCQlJFTkRRVkZ2UTJkblJVSkJUblJuQ2pOcVUxTXdObmRuYW1aNEswcGxWSGRtVWs1a1RETm5jRUZsZW1aRk5WQmxVek4wTkV0UWRXSXdVMWw1TWtZNFpVWkdkMWhZY1doMVZqUTRRVEJ2V2xrS1ozVlNSblZ2YzBkQlJ6bHdZbHBaTlRseFZrMUtNMjVTWTBoc1puSnBXRE56V1hOcVFsWTBkRmhqYzFkV1EzbG9VbFF3ZFhGcmRqaHVka3hwWTFGd1RBb3JjRnBOVFVSMGVFSXliR3cyY0VGUlJYVTJiSGRZYUhGU1FVNTJUR0ZrTTNCVVZYTkJibE5rY2l0eFRUTm1URFpJUXpCd05VSktVRXcxVG5obGJrZEhDbFV2VDNZeWJUQnViMWxxWm14S2FYQkNaRzlwU0ZVelFtZEhTWFJ4ZVRFNWVqbDVkMDR6U0c1QmVGbG1RVWRqWm1Sc2F6aHlNR1ZqYWtKallrNUJTVVVLVTFwclkwTkJUemRwZVZKaFVqZ3dPVzlpTmpsakswTXhha2RRT0Voak9FOUtTV0pFTHpGUFMwZHhNMDQzUWpCQmQwNW1OMGswVkVGUWVXa3pXSEIwUlFwc2JtcERla2NyZWpOTFVuaFZVRU5yWnl0TlEwRjNSVUZCWVU1RFRVVkJkMFJuV1VSV1VqQlFRVkZJTDBKQlVVUkJaMHRyVFVFNFIwRXhWV1JGZDBWQ0NpOTNVVVpOUVUxQ1FXWTRkMGhSV1VSV1VqQlBRa0paUlVaSVMxVktaelF4ZVdWdFVDOTROM2N5VmpNeFVFZHZSR3hJZUVOTlFUQkhRMU54UjFOSllqTUtSRkZGUWtOM1ZVRkJORWxDUVZGRVlVWm5UMHBsTUhOSmFHNU9lbTQ1YTJaTk1EbENNVWRUWnk5aFZDdERiVEpXTkVoaWMyWm5jbU5zUTJaSWFHRmtkUXBWWlVOMFduYzVOVTlXUmxod1NWWTNZVGh5ZG5BMFkwc3JVV1l5Wm1oeU1uTjJZVXcxWW01VmEwaDJPV1ZJTlZGbk5uRjFXRFJuVGxSUWRFeGlaV2RoQ2pWeFdHRnFkSE5WVlZOTldtUllWSGN6TjBSclZHMW9NVWw1Y25wYVNYTkdhemhVTjJSaVNWbElSM1IxTkZsdVprTlRlR0YzY1ZaNmJqazRZazFxVDBvS2VXSklieXRwT0VFelZIcEpXRmRTVURSSmRrWTBZbU5GUlVwWVRsbzVkemhpVkN0NFQzVnRSMWhKVFcwek5HWjZjMVEwUkVZdmRXZEZOakkyVlhVNGJRcFZURkJQT0VaUE9Fd3ZUbnBuTDNKMVZHNU5PRmRFWTFOTlExQk5ibTE0VkRZNGNFY3phV2hMUkRkSmMyTjBRa0ZZTW1GNlpTOTVNRFpGV1RkRlFrbzFDblJSVDJzclQyRlVZVmhLU2xJNVdqTlhPR1Z4Vm1sYVpXOVBkVFJZTUZSUVFteG5XUW90TFMwdExVVk9SQ0JEUlZKVVNVWkpRMEZVUlMwdExTMHRDZz09CkFQSV9TRVJWRVJfVVJMPWh0dHBzOi8vNTRBMjQyRTc4RTQzNTUzRTI1NzQxNTg1MjdBQkUzRTYuZ3I3LnVzLWVhc3QtMi5la3MuYW1hem9uYXdzLmNvbQpLOFNfQ0xVU1RFUl9ETlNfSVA9MTAuMTAwLjAuMTAKL2V0Yy9la3MvYm9vdHN0cmFwLnNoIEplc3VzRmlsbS1jb3JlIC0ta3ViZWxldC1leHRyYS1hcmdzICctLW5vZGUtbGFiZWxzPWVrcy5hbWF6b25hd3MuY29tL25vZGVncm91cC1pbWFnZT1hbWktMGJmNjFlYTE3Y2VjODliM2EsZWtzLmFtYXpvbmF3cy5jb20vY2FwYWNpdHlUeXBlPU9OX0RFTUFORCxla3MuYW1hem9uYXdzLmNvbS9ub2RlZ3JvdXA9QVBJLHR5cGU9YXBpIC0tbWF4LXBvZHM9MTcnIC0tYjY0LWNsdXN0ZXItY2EgJEI2NF9DTFVTVEVSX0NBIC0tYXBpc2VydmVyLWVuZHBvaW50ICRBUElfU0VSVkVSX1VSTCAtLWRucy1jbHVzdGVyLWlwICRLOFNfQ0xVU1RFUl9ETlNfSVAgLS11c2UtbWF4LXBvZHMgZmFsc2UKCi0tLy8tLQ==",
                            "vpc_security_group_ids.#": "1",
                            "vpc_security_group_ids.0": "sg-096321fc5ad4991e1"
                        },
                        "meta": {
                            "schema_version": 1
                        },
                        "tainted": false
                    },
                    "deposed": [],
                    "provider": "provider.aws"
                },
                "aws_instance.tfer--i-0d9b3282bd0810174_": {
                    "type": "aws_instance",
                    "depends_on": [],
                    "primary": {
                        "id": "i-0d9b3282bd0810174",
                        "attributes": {
                            "ami": "ami-0bf61ea17cec89b3a",
                            "arn": "arn:aws:ec2:us-east-2:894231352815:instance/i-0d9b3282bd0810174",
                            "associate_public_ip_address": "true",
                            "availability_zone": "us-east-2c",
                            "capacity_reservation_specification.#": "1",
                            "capacity_reservation_specification.0.capacity_reservation_preference": "open",
                            "capacity_reservation_specification.0.capacity_reservation_target.#": "0",
                            "cpu_core_count": "1",
                            "cpu_threads_per_core": "2",
                            "disable_api_stop": "false",
                            "disable_api_termination": "false",
                            "ebs_block_device.#": "2",
                            "ebs_block_device.0.delete_on_termination": "false",
                            "ebs_block_device.0.device_name": "/dev/xvdbs",
                            "ebs_block_device.0.encrypted": "false",
                            "ebs_block_device.0.iops": "100",
                            "ebs_block_device.0.kms_key_id": "",
                            "ebs_block_device.0.snapshot_id": "",
                            "ebs_block_device.0.tags.%": "5",
                            "ebs_block_device.0.tags.Name": "kubernetes-dynamic-pvc-49eb07ee-322a-49d1-8cd2-2f8578ffd94c",
                            "ebs_block_device.0.tags.kubernetes.io/cluster/JesusFilm-core": "owned",
                            "ebs_block_device.0.tags.kubernetes.io/created-for/pv/name": "pvc-49eb07ee-322a-49d1-8cd2-2f8578ffd94c",
                            "ebs_block_device.0.tags.kubernetes.io/created-for/pvc/name": "arangodb-single-xpien1ul",
                            "ebs_block_device.0.tags.kubernetes.io/created-for/pvc/namespace": "default",
                            "ebs_block_device.0.throughput": "0",
                            "ebs_block_device.0.volume_id": "vol-00ba6d6dc435f1fae",
                            "ebs_block_device.0.volume_size": "20",
                            "ebs_block_device.0.volume_type": "gp2",
                            "ebs_block_device.1.delete_on_termination": "false",
                            "ebs_block_device.1.device_name": "/dev/xvdci",
                            "ebs_block_device.1.encrypted": "false",
                            "ebs_block_device.1.iops": "100",
                            "ebs_block_device.1.kms_key_id": "",
                            "ebs_block_device.1.snapshot_id": "",
                            "ebs_block_device.1.tags.%": "5",
                            "ebs_block_device.1.tags.Name": "kubernetes-dynamic-pvc-10adb4bb-136c-472a-b301-4db933c16e26",
                            "ebs_block_device.1.tags.kubernetes.io/cluster/JesusFilm-core": "owned",
                            "ebs_block_device.1.tags.kubernetes.io/created-for/pv/name": "pvc-10adb4bb-136c-472a-b301-4db933c16e26",
                            "ebs_block_device.1.tags.kubernetes.io/created-for/pvc/name": "arangodb-agent-raqb8dat",
                            "ebs_block_device.1.tags.kubernetes.io/created-for/pvc/namespace": "default",
                            "ebs_block_device.1.throughput": "0",
                            "ebs_block_device.1.volume_id": "vol-02626c1a99b0a2048",
                            "ebs_block_device.1.volume_size": "8",
                            "ebs_block_device.1.volume_type": "gp2",
                            "ebs_optimized": "false",
                            "enclave_options.#": "1",
                            "enclave_options.0.enabled": "false",
                            "ephemeral_block_device.#": "0",
                            "get_password_data": "false",
                            "hibernation": "false",
                            "iam_instance_profile": "eks-acc0982c-86db-4719-77b5-b8974aeb2772",
                            "id": "i-0d9b3282bd0810174",
                            "instance_initiated_shutdown_behavior": "stop",
                            "instance_state": "running",
                            "instance_type": "i3.large",
                            "ipv6_address_count": "0",
                            "ipv6_addresses.#": "0",
                            "key_name": "",
                            "launch_template.#": "1",
                            "launch_template.0.id": "lt-044598351a93c44d1",
                            "launch_template.0.name": "eks-acc0982c-86db-4719-77b5-b8974aeb2772",
                            "launch_template.0.version": "1",
                            "maintenance_options.#": "1",
                            "maintenance_options.0.auto_recovery": "default",
                            "metadata_options.#": "1",
                            "metadata_options.0.http_endpoint": "enabled",
                            "metadata_options.0.http_put_response_hop_limit": "2",
                            "metadata_options.0.http_tokens": "optional",
                            "metadata_options.0.instance_metadata_tags": "disabled",
                            "monitoring": "false",
                            "network_interface.#": "0",
                            "outpost_arn": "",
                            "password_data": "",
                            "placement_group": "",
                            "primary_network_interface_id": "eni-00000cf39051e2133",
                            "private_dns": "ip-172-31-46-9.us-east-2.compute.internal",
                            "private_dns_name_options.#": "1",
                            "private_dns_name_options.0.enable_resource_name_dns_a_record": "false",
                            "private_dns_name_options.0.enable_resource_name_dns_aaaa_record": "false",
                            "private_dns_name_options.0.hostname_type": "ip-name",
                            "private_ip": "172.31.46.9",
                            "public_dns": "ec2-3-15-32-252.us-east-2.compute.amazonaws.com",
                            "public_ip": "3.15.32.252",
                            "root_block_device.#": "1",
                            "root_block_device.0.delete_on_termination": "true",
                            "root_block_device.0.device_name": "/dev/xvda",
                            "root_block_device.0.encrypted": "false",
                            "root_block_device.0.iops": "100",
                            "root_block_device.0.kms_key_id": "",
                            "root_block_device.0.tags.%": "0",
                            "root_block_device.0.throughput": "0",
                            "root_block_device.0.volume_id": "vol-05dc7d698ac2a9c50",
                            "root_block_device.0.volume_size": "20",
                            "root_block_device.0.volume_type": "gp2",
                            "secondary_private_ips.#": "9",
                            "secondary_private_ips.0": "172.31.33.4",
                            "secondary_private_ips.1": "172.31.35.246",
                            "secondary_private_ips.2": "172.31.40.197",
                            "secondary_private_ips.3": "172.31.40.207",
                            "secondary_private_ips.4": "172.31.42.15",
                            "secondary_private_ips.5": "172.31.42.85",
                            "secondary_private_ips.6": "172.31.43.104",
                            "secondary_private_ips.7": "172.31.45.142",
                            "secondary_private_ips.8": "172.31.45.153",
                            "security_groups.#": "1",
                            "security_groups.0": "eks-cluster-sg-JesusFilm-core-705006638",
                            "source_dest_check": "true",
                            "subnet_id": "subnet-305d917d",
                            "tags.%": "5",
                            "tags.eks:cluster-name": "JesusFilm-core",
                            "tags.eks:nodegroup-name": "ArangoDB",
                            "tags.k8s.io/cluster-autoscaler/JesusFilm-core": "owned",
                            "tags.k8s.io/cluster-autoscaler/enabled": "true",
                            "tags.kubernetes.io/cluster/JesusFilm-core": "owned",
                            "tags_all.%": "5",
                            "tags_all.eks:cluster-name": "JesusFilm-core",
                            "tags_all.eks:nodegroup-name": "ArangoDB",
                            "tags_all.k8s.io/cluster-autoscaler/JesusFilm-core": "owned",
                            "tags_all.k8s.io/cluster-autoscaler/enabled": "true",
                            "tags_all.kubernetes.io/cluster/JesusFilm-core": "owned",
                            "tenancy": "default",
                            "user_data_base64": "TUlNRS1WZXJzaW9uOiAxLjAKQ29udGVudC1UeXBlOiBtdWx0aXBhcnQvbWl4ZWQ7IGJvdW5kYXJ5PSIvLyIKCi0tLy8KQ29udGVudC1UeXBlOiB0ZXh0L3gtc2hlbGxzY3JpcHQ7IGNoYXJzZXQ9InVzLWFzY2lpIgojIS9iaW4vYmFzaApzZXQgLWV4CkI2NF9DTFVTVEVSX0NBPUxTMHRMUzFDUlVkSlRpQkRSVkpVU1VaSlEwRlVSUzB0TFMwdENrMUpTVU0xZWtORFFXTXJaMEYzU1VKQlowbENRVVJCVGtKbmEzRm9hMmxIT1hjd1FrRlJjMFpCUkVGV1RWSk5kMFZSV1VSV1VWRkVSWGR3Y21SWFNtd0tZMjAxYkdSSFZucE5RalJZUkZSSmVVMUVXWGRPUkVsM1RVUlJkMDVzYjFoRVZFMTVUVVJaZDAxVVNYZE5SRkYzVG14dmQwWlVSVlJOUWtWSFFURlZSUXBCZUUxTFlUTldhVnBZU25WYVdGSnNZM3BEUTBGVFNYZEVVVmxLUzI5YVNXaDJZMDVCVVVWQ1FsRkJSR2RuUlZCQlJFTkRRVkZ2UTJkblJVSkJUblJuQ2pOcVUxTXdObmRuYW1aNEswcGxWSGRtVWs1a1RETm5jRUZsZW1aRk5WQmxVek4wTkV0UWRXSXdVMWw1TWtZNFpVWkdkMWhZY1doMVZqUTRRVEJ2V2xrS1ozVlNSblZ2YzBkQlJ6bHdZbHBaTlRseFZrMUtNMjVTWTBoc1puSnBXRE56V1hOcVFsWTBkRmhqYzFkV1EzbG9VbFF3ZFhGcmRqaHVka3hwWTFGd1RBb3JjRnBOVFVSMGVFSXliR3cyY0VGUlJYVTJiSGRZYUhGU1FVNTJUR0ZrTTNCVVZYTkJibE5rY2l0eFRUTm1URFpJUXpCd05VSktVRXcxVG5obGJrZEhDbFV2VDNZeWJUQnViMWxxWm14S2FYQkNaRzlwU0ZVelFtZEhTWFJ4ZVRFNWVqbDVkMDR6U0c1QmVGbG1RVWRqWm1Sc2F6aHlNR1ZqYWtKallrNUJTVVVLVTFwclkwTkJUemRwZVZKaFVqZ3dPVzlpTmpsakswTXhha2RRT0Voak9FOUtTV0pFTHpGUFMwZHhNMDQzUWpCQmQwNW1OMGswVkVGUWVXa3pXSEIwUlFwc2JtcERla2NyZWpOTFVuaFZVRU5yWnl0TlEwRjNSVUZCWVU1RFRVVkJkMFJuV1VSV1VqQlFRVkZJTDBKQlVVUkJaMHRyVFVFNFIwRXhWV1JGZDBWQ0NpOTNVVVpOUVUxQ1FXWTRkMGhSV1VSV1VqQlBRa0paUlVaSVMxVktaelF4ZVdWdFVDOTROM2N5VmpNeFVFZHZSR3hJZUVOTlFUQkhRMU54UjFOSllqTUtSRkZGUWtOM1ZVRkJORWxDUVZGRVlVWm5UMHBsTUhOSmFHNU9lbTQ1YTJaTk1EbENNVWRUWnk5aFZDdERiVEpXTkVoaWMyWm5jbU5zUTJaSWFHRmtkUXBWWlVOMFduYzVOVTlXUmxod1NWWTNZVGh5ZG5BMFkwc3JVV1l5Wm1oeU1uTjJZVXcxWW01VmEwaDJPV1ZJTlZGbk5uRjFXRFJuVGxSUWRFeGlaV2RoQ2pWeFdHRnFkSE5WVlZOTldtUllWSGN6TjBSclZHMW9NVWw1Y25wYVNYTkdhemhVTjJSaVNWbElSM1IxTkZsdVprTlRlR0YzY1ZaNmJqazRZazFxVDBvS2VXSklieXRwT0VFelZIcEpXRmRTVURSSmRrWTBZbU5GUlVwWVRsbzVkemhpVkN0NFQzVnRSMWhKVFcwek5HWjZjMVEwUkVZdmRXZEZOakkyVlhVNGJRcFZURkJQT0VaUE9Fd3ZUbnBuTDNKMVZHNU5PRmRFWTFOTlExQk5ibTE0VkRZNGNFY3phV2hMUkRkSmMyTjBRa0ZZTW1GNlpTOTVNRFpGV1RkRlFrbzFDblJSVDJzclQyRlVZVmhLU2xJNVdqTlhPR1Z4Vm1sYVpXOVBkVFJZTUZSUVFteG5XUW90TFMwdExVVk9SQ0JEUlZKVVNVWkpRMEZVUlMwdExTMHRDZz09CkFQSV9TRVJWRVJfVVJMPWh0dHBzOi8vNTRBMjQyRTc4RTQzNTUzRTI1NzQxNTg1MjdBQkUzRTYuZ3I3LnVzLWVhc3QtMi5la3MuYW1hem9uYXdzLmNvbQpLOFNfQ0xVU1RFUl9ETlNfSVA9MTAuMTAwLjAuMTAKL2V0Yy9la3MvYm9vdHN0cmFwLnNoIEplc3VzRmlsbS1jb3JlIC0ta3ViZWxldC1leHRyYS1hcmdzICctLW5vZGUtbGFiZWxzPWVrcy5hbWF6b25hd3MuY29tL25vZGVncm91cC1pbWFnZT1hbWktMGJmNjFlYTE3Y2VjODliM2EsZWtzLmFtYXpvbmF3cy5jb20vY2FwYWNpdHlUeXBlPU9OX0RFTUFORCxla3MuYW1hem9uYXdzLmNvbS9ub2RlZ3JvdXA9QXJhbmdvREIsdHlwZT1kYXRhYmFzZSAtLW1heC1wb2RzPTI5JyAtLWI2NC1jbHVzdGVyLWNhICRCNjRfQ0xVU1RFUl9DQSAtLWFwaXNlcnZlci1lbmRwb2ludCAkQVBJX1NFUlZFUl9VUkwgLS1kbnMtY2x1c3Rlci1pcCAkSzhTX0NMVVNURVJfRE5TX0lQIC0tdXNlLW1heC1wb2RzIGZhbHNlCgotLS8vLS0=",
                            "vpc_security_group_ids.#": "1",
                            "vpc_security_group_ids.0": "sg-096321fc5ad4991e1"
                        },
                        "meta": {
                            "schema_version": 1
                        },
                        "tainted": false
                    },
                    "deposed": [],
                    "provider": "provider.aws"
                }
            },
            "depends_on": []
        }
    ]
}
