{
  "version": 3,
  "terraform_version": "0.12.31",
  "serial": 1,
  "lineage": "6b93632c-3cc5-fe50-d9d1-edc7d02d8990",
  "modules": [
    {
      "path": ["root"],
      "outputs": {
        "aws_ecr_repository_policy_tfer--jfp-api-journeys_id": {
          "sensitive": false,
          "type": "string",
          "value": "jfp-api-journeys"
        },
        "aws_ecr_repository_tfer--jfp-api-journeys_id": {
          "sensitive": false,
          "type": "string",
          "value": "jfp-api-journeys"
        }
      },
      "resources": {
        "aws_ecr_repository.tfer--jfp-api-journeys": {
          "type": "aws_ecr_repository",
          "depends_on": [],
          "primary": {
            "id": "jfp-api-journeys",
            "attributes": {
              "arn": "arn:aws:ecr:us-east-2:894231352815:repository/jfp-api-journeys",
              "encryption_configuration.#": "1",
              "encryption_configuration.0.encryption_type": "AES256",
              "encryption_configuration.0.kms_key": "",
              "id": "jfp-api-journeys",
              "image_scanning_configuration.#": "1",
              "image_scanning_configuration.0.scan_on_push": "false",
              "image_tag_mutability": "MUTABLE",
              "name": "jfp-api-journeys",
              "registry_id": "894231352815",
              "repository_url": "894231352815.dkr.ecr.us-east-2.amazonaws.com/jfp-api-journeys",
              "tags.%": "0",
              "tags_all.%": "0"
            },
            "meta": {
              "schema_version": 0
            },
            "tainted": false
          },
          "deposed": [],
          "provider": "provider.aws"
        },
        "aws_ecr_repository_policy.tfer--jfp-api-journeys": {
          "type": "aws_ecr_repository_policy",
          "depends_on": [],
          "primary": {
            "id": "jfp-api-journeys",
            "attributes": {
              "id": "jfp-api-journeys",
              "policy": "{\"Statement\":[{\"Action\":[\"ecr:GetDownloadUrlForLayer\",\"ecr:BatchGetImage\",\"ecr:BatchCheckLayerAvailability\",\"ecr:PutImage\",\"ecr:InitiateLayerUpload\",\"ecr:UploadLayerPart\",\"ecr:CompleteLayerUpload\"],\"Effect\":\"Allow\",\"Principal\":{\"AWS\":\"arn:aws:iam::894231352815:user/JfmGithubUser\"},\"Sid\":\"AllowPushPull\"}],\"Version\":\"2008-10-17\"}",
              "registry_id": "894231352815",
              "repository": "jfp-api-journeys"
            },
            "meta": {
              "schema_version": 0
            },
            "tainted": false
          },
          "deposed": [],
          "provider": "provider.aws"
        }
      },
      "depends_on": []
    }
  ]
}
