{
    "version": 3,
    "terraform_version": "0.12.31",
    "serial": 1,
    "lineage": "0b8c802a-a1cc-bcc0-9ec9-bd9ca18c7050",
    "modules": [
        {
            "path": [
                "root"
            ],
            "outputs": {
                "aws_security_group_tfer--43561ac5-echoserver-echose-2ad7_sg-00d4def5bbc6a8ec1_id": {
                    "sensitive": false,
                    "type": "string",
                    "value": "sg-00d4def5bbc6a8ec1"
                },
                "aws_security_group_tfer--default_sg-be0e39d7_id": {
                    "sensitive": false,
                    "type": "string",
                    "value": "sg-be0e39d7"
                },
                "aws_security_group_tfer--eks-cluster-sg-JesusFilm-core-705006638_sg-096321fc5ad4991e1_id": {
                    "sensitive": false,
                    "type": "string",
                    "value": "sg-096321fc5ad4991e1"
                },
                "aws_security_group_tfer--k8s-elb-a027a643b38aa47f296f59ffc4db05a0_sg-015ab1628104b67ad_id": {
                    "sensitive": false,
                    "type": "string",
                    "value": "sg-015ab1628104b67ad"
                },
                "aws_security_group_tfer--k8s-elb-a0ac84891964c48a0acf5b0c1c713f79_sg-040c31ad4452f0463_id": {
                    "sensitive": false,
                    "type": "string",
                    "value": "sg-040c31ad4452f0463"
                },
                "aws_security_group_tfer--k8s-elb-a188c4a54fc3742ae8b6d451fe9ff295_sg-0fda1e7e460e6bcf9_id": {
                    "sensitive": false,
                    "type": "string",
                    "value": "sg-0fda1e7e460e6bcf9"
                },
                "aws_security_group_tfer--k8s-elb-a18ee3304cf31448ebe9ea12b48784e2_sg-0010de5fe00d22d20_id": {
                    "sensitive": false,
                    "type": "string",
                    "value": "sg-0010de5fe00d22d20"
                },
                "aws_security_group_tfer--k8s-elb-a3d9299b3410e44caa7a267ecb001a23_sg-0f0910f619d4e4fd6_id": {
                    "sensitive": false,
                    "type": "string",
                    "value": "sg-0f0910f619d4e4fd6"
                },
                "aws_security_group_tfer--k8s-elb-a48cb96b78675430e9813a9db6a72c52_sg-0ed4b0cd8c082cc0a_id": {
                    "sensitive": false,
                    "type": "string",
                    "value": "sg-0ed4b0cd8c082cc0a"
                },
                "aws_security_group_tfer--k8s-elb-a582ad585291849e38e39ad52807888f_sg-06ef5221ff196f35a_id": {
                    "sensitive": false,
                    "type": "string",
                    "value": "sg-06ef5221ff196f35a"
                },
                "aws_security_group_tfer--k8s-elb-a638c213857e049869afa3fe4aca2939_sg-0a2e02b19d2100700_id": {
                    "sensitive": false,
                    "type": "string",
                    "value": "sg-0a2e02b19d2100700"
                },
                "aws_security_group_tfer--k8s-elb-a69e78adac8cb45d4be52ec1c927eaff_sg-01aee220479bc0778_id": {
                    "sensitive": false,
                    "type": "string",
                    "value": "sg-01aee220479bc0778"
                },
                "aws_security_group_tfer--k8s-elb-a6be4f32b97b443c3b9ed90904039ec8_sg-06d718bc9f5077908_id": {
                    "sensitive": false,
                    "type": "string",
                    "value": "sg-06d718bc9f5077908"
                },
                "aws_security_group_tfer--k8s-elb-a819711c5a4b94c288be61fe48947a8c_sg-0b5a5774ea382b09f_id": {
                    "sensitive": false,
                    "type": "string",
                    "value": "sg-0b5a5774ea382b09f"
                },
                "aws_security_group_tfer--k8s-elb-a896edcbce94842a8833ed4e410688e3_sg-097c8c9c979834706_id": {
                    "sensitive": false,
                    "type": "string",
                    "value": "sg-097c8c9c979834706"
                },
                "aws_security_group_tfer--k8s-elb-a899cf7a7e14a44ae81280f5067bb761_sg-061439617061fdb2c_id": {
                    "sensitive": false,
                    "type": "string",
                    "value": "sg-061439617061fdb2c"
                },
                "aws_security_group_tfer--k8s-elb-a8b2a4355a3734f45a29b6f5161e67bf_sg-03dd16ebf4ed95d0d_id": {
                    "sensitive": false,
                    "type": "string",
                    "value": "sg-03dd16ebf4ed95d0d"
                },
                "aws_security_group_tfer--k8s-elb-a9177a36d5e1c4df684244dc2bfec6c3_sg-0b26db6a1def41ebb_id": {
                    "sensitive": false,
                    "type": "string",
                    "value": "sg-0b26db6a1def41ebb"
                },
                "aws_security_group_tfer--k8s-elb-a987a4231357740d8ae5e50b2199f0f0_sg-0c807a09b0288c023_id": {
                    "sensitive": false,
                    "type": "string",
                    "value": "sg-0c807a09b0288c023"
                },
                "aws_security_group_tfer--k8s-elb-aacad535ab2c34d5eb8227d978849ebe_sg-0da17490a553727c2_id": {
                    "sensitive": false,
                    "type": "string",
                    "value": "sg-0da17490a553727c2"
                },
                "aws_security_group_tfer--k8s-elb-ab86d82ec0e24459f9fcf85491c2a17e_sg-007b19a2740ead4bf_id": {
                    "sensitive": false,
                    "type": "string",
                    "value": "sg-007b19a2740ead4bf"
                },
                "aws_security_group_tfer--k8s-elb-abbe4d922d0064b0cad3e5210b400e04_sg-0cfe3befcee87593b_id": {
                    "sensitive": false,
                    "type": "string",
                    "value": "sg-0cfe3befcee87593b"
                },
                "aws_security_group_tfer--k8s-elb-ac51376bfb6a34a529800a5c74892f4b_sg-03f05715ba8bb810f_id": {
                    "sensitive": false,
                    "type": "string",
                    "value": "sg-03f05715ba8bb810f"
                },
                "aws_security_group_tfer--k8s-elb-aca684e3919204085a23aa9c8b4ae233_sg-001f8576df7400a01_id": {
                    "sensitive": false,
                    "type": "string",
                    "value": "sg-001f8576df7400a01"
                },
                "aws_security_group_tfer--k8s-elb-ad67299f5087f4d1b845926ce1832198_sg-01c3a159c754e81ab_id": {
                    "sensitive": false,
                    "type": "string",
                    "value": "sg-01c3a159c754e81ab"
                },
                "aws_security_group_tfer--k8s-elb-ae060f35594ed4da686c52fdd5cb0684_sg-0ec49422ebcc23254_id": {
                    "sensitive": false,
                    "type": "string",
                    "value": "sg-0ec49422ebcc23254"
                },
                "aws_security_group_tfer--k8s-elb-af2b3bdd93c4d44faad69f8ceef76733_sg-0ef4d9eef9f42f7a5_id": {
                    "sensitive": false,
                    "type": "string",
                    "value": "sg-0ef4d9eef9f42f7a5"
                },
                "aws_security_group_tfer--k8s-elb-af4916aeca2934cc7a2ca30cc2bb49fb_sg-01453597ba8aebd75_id": {
                    "sensitive": false,
                    "type": "string",
                    "value": "sg-01453597ba8aebd75"
                },
                "aws_security_group_tfer--k8s-elb-afeab0c8f2e9544349752919393dfaf3_sg-00156eb7925aba87f_id": {
                    "sensitive": false,
                    "type": "string",
                    "value": "sg-00156eb7925aba87f"
                },
                "aws_security_group_tfer--launch-wizard-1_sg-080612b5c467b92f5_id": {
                    "sensitive": false,
                    "type": "string",
                    "value": "sg-080612b5c467b92f5"
                }
            },
            "resources": {
                "aws_security_group.tfer--43561ac5-echoserver-echose-2ad7_sg-00d4def5bbc6a8ec1": {
                    "type": "aws_security_group",
                    "depends_on": [],
                    "primary": {
                        "id": "sg-00d4def5bbc6a8ec1",
                        "attributes": {
                            "arn": "arn:aws:ec2:us-east-2:894231352815:security-group/sg-00d4def5bbc6a8ec1",
                            "description": "managed LoadBalancer securityGroup by ALB Ingress Controller",
                            "egress.#": "1",
                            "egress.0.cidr_blocks.#": "1",
                            "egress.0.cidr_blocks.0": "0.0.0.0/0",
                            "egress.0.description": "",
                            "egress.0.from_port": "0",
                            "egress.0.ipv6_cidr_blocks.#": "0",
                            "egress.0.prefix_list_ids.#": "0",
                            "egress.0.protocol": "-1",
                            "egress.0.security_groups.#": "0",
                            "egress.0.self": "false",
                            "egress.0.to_port": "0",
                            "id": "sg-00d4def5bbc6a8ec1",
                            "ingress.#": "1",
                            "ingress.0.cidr_blocks.#": "1",
                            "ingress.0.cidr_blocks.0": "0.0.0.0/0",
                            "ingress.0.description": "Allow ingress on port 80 from 0.0.0.0/0",
                            "ingress.0.from_port": "80",
                            "ingress.0.ipv6_cidr_blocks.#": "0",
                            "ingress.0.prefix_list_ids.#": "0",
                            "ingress.0.protocol": "tcp",
                            "ingress.0.security_groups.#": "0",
                            "ingress.0.self": "false",
                            "ingress.0.to_port": "80",
                            "name": "43561ac5-echoserver-echose-2ad7",
                            "name_prefix": "",
                            "owner_id": "894231352815",
                            "tags.%": "6",
                            "tags.ingress.k8s.aws/cluster": "JesusFilm-core-production",
                            "tags.ingress.k8s.aws/resource": "ManagedLBSecurityGroup",
                            "tags.ingress.k8s.aws/stack": "echoserver/echoserver",
                            "tags.kubernetes.io/cluster-name": "JesusFilm-core-production",
                            "tags.kubernetes.io/ingress-name": "echoserver",
                            "tags.kubernetes.io/namespace": "echoserver",
                            "tags_all.%": "6",
                            "tags_all.ingress.k8s.aws/cluster": "JesusFilm-core-production",
                            "tags_all.ingress.k8s.aws/resource": "ManagedLBSecurityGroup",
                            "tags_all.ingress.k8s.aws/stack": "echoserver/echoserver",
                            "tags_all.kubernetes.io/cluster-name": "JesusFilm-core-production",
                            "tags_all.kubernetes.io/ingress-name": "echoserver",
                            "tags_all.kubernetes.io/namespace": "echoserver",
                            "vpc_id": "vpc-b896f6d1"
                        },
                        "meta": {
                            "schema_version": 1
                        },
                        "tainted": false
                    },
                    "deposed": [],
                    "provider": "provider.aws"
                },
                "aws_security_group.tfer--default_sg-be0e39d7": {
                    "type": "aws_security_group",
                    "depends_on": [],
                    "primary": {
                        "id": "sg-be0e39d7",
                        "attributes": {
                            "arn": "arn:aws:ec2:us-east-2:894231352815:security-group/sg-be0e39d7",
                            "description": "default VPC security group",
                            "egress.#": "1",
                            "egress.0.cidr_blocks.#": "1",
                            "egress.0.cidr_blocks.0": "0.0.0.0/0",
                            "egress.0.description": "",
                            "egress.0.from_port": "0",
                            "egress.0.ipv6_cidr_blocks.#": "1",
                            "egress.0.ipv6_cidr_blocks.0": "::/0",
                            "egress.0.prefix_list_ids.#": "0",
                            "egress.0.protocol": "-1",
                            "egress.0.security_groups.#": "0",
                            "egress.0.self": "false",
                            "egress.0.to_port": "0",
                            "id": "sg-be0e39d7",
                            "ingress.#": "1",
                            "ingress.0.cidr_blocks.#": "0",
                            "ingress.0.description": "",
                            "ingress.0.from_port": "0",
                            "ingress.0.ipv6_cidr_blocks.#": "0",
                            "ingress.0.prefix_list_ids.#": "0",
                            "ingress.0.protocol": "-1",
                            "ingress.0.security_groups.#": "0",
                            "ingress.0.self": "true",
                            "ingress.0.to_port": "0",
                            "name": "default",
                            "name_prefix": "",
                            "owner_id": "894231352815",
                            "tags.%": "0",
                            "tags_all.%": "0",
                            "vpc_id": "vpc-b896f6d1"
                        },
                        "meta": {
                            "schema_version": 1
                        },
                        "tainted": false
                    },
                    "deposed": [],
                    "provider": "provider.aws"
                },
                "aws_security_group.tfer--eks-cluster-sg-JesusFilm-core-705006638_sg-096321fc5ad4991e1": {
                    "type": "aws_security_group",
                    "depends_on": [],
                    "primary": {
                        "id": "sg-096321fc5ad4991e1",
                        "attributes": {
                            "arn": "arn:aws:ec2:us-east-2:894231352815:security-group/sg-096321fc5ad4991e1",
                            "description": "EKS created security group applied to ENI that is attached to EKS Control Plane master nodes, as well as any managed workloads.",
                            "egress.#": "1",
                            "egress.0.cidr_blocks.#": "1",
                            "egress.0.cidr_blocks.0": "0.0.0.0/0",
                            "egress.0.description": "",
                            "egress.0.from_port": "0",
                            "egress.0.ipv6_cidr_blocks.#": "0",
                            "egress.0.prefix_list_ids.#": "0",
                            "egress.0.protocol": "-1",
                            "egress.0.security_groups.#": "0",
                            "egress.0.self": "false",
                            "egress.0.to_port": "0",
                            "id": "sg-096321fc5ad4991e1",
                            "ingress.#": "1",
                            "ingress.0.cidr_blocks.#": "0",
                            "ingress.0.description": "",
                            "ingress.0.from_port": "0",
                            "ingress.0.ipv6_cidr_blocks.#": "0",
                            "ingress.0.prefix_list_ids.#": "0",
                            "ingress.0.protocol": "-1",
                            "ingress.0.security_groups.#": "12",
                            "ingress.0.security_groups.0": "sg-0010de5fe00d22d20",
                            "ingress.0.security_groups.1": "sg-015ab1628104b67ad",
                            "ingress.0.security_groups.10": "sg-0ef4d9eef9f42f7a5",
                            "ingress.0.security_groups.11": "sg-0f0910f619d4e4fd6",
                            "ingress.0.security_groups.2": "sg-01aee220479bc0778",
                            "ingress.0.security_groups.3": "sg-03f05715ba8bb810f",
                            "ingress.0.security_groups.4": "sg-040c31ad4452f0463",
                            "ingress.0.security_groups.5": "sg-061439617061fdb2c",
                            "ingress.0.security_groups.6": "sg-06ef5221ff196f35a",
                            "ingress.0.security_groups.7": "sg-0a2e02b19d2100700",
                            "ingress.0.security_groups.8": "sg-0b5a5774ea382b09f",
                            "ingress.0.security_groups.9": "sg-0da17490a553727c2",
                            "ingress.0.self": "true",
                            "ingress.0.to_port": "0",
                            "name": "eks-cluster-sg-JesusFilm-core-705006638",
                            "name_prefix": "",
                            "owner_id": "894231352815",
                            "tags.%": "2",
                            "tags.Name": "eks-cluster-sg-JesusFilm-core-705006638",
                            "tags.kubernetes.io/cluster/JesusFilm-core": "owned",
                            "tags_all.%": "2",
                            "tags_all.Name": "eks-cluster-sg-JesusFilm-core-705006638",
                            "tags_all.kubernetes.io/cluster/JesusFilm-core": "owned",
                            "vpc_id": "vpc-b896f6d1"
                        },
                        "meta": {
                            "schema_version": 1
                        },
                        "tainted": false
                    },
                    "deposed": [],
                    "provider": "provider.aws"
                },
                "aws_security_group.tfer--k8s-elb-a027a643b38aa47f296f59ffc4db05a0_sg-015ab1628104b67ad": {
                    "type": "aws_security_group",
                    "depends_on": [],
                    "primary": {
                        "id": "sg-015ab1628104b67ad",
                        "attributes": {
                            "arn": "arn:aws:ec2:us-east-2:894231352815:security-group/sg-015ab1628104b67ad",
                            "description": "Security group for Kubernetes ELB a027a643b38aa47f296f59ffc4db05a0 (default/api-videos-main)",
                            "egress.#": "1",
                            "egress.0.cidr_blocks.#": "1",
                            "egress.0.cidr_blocks.0": "0.0.0.0/0",
                            "egress.0.description": "",
                            "egress.0.from_port": "0",
                            "egress.0.ipv6_cidr_blocks.#": "0",
                            "egress.0.prefix_list_ids.#": "0",
                            "egress.0.protocol": "-1",
                            "egress.0.security_groups.#": "0",
                            "egress.0.self": "false",
                            "egress.0.to_port": "0",
                            "id": "sg-015ab1628104b67ad",
                            "ingress.#": "2",
                            "ingress.0.cidr_blocks.#": "1",
                            "ingress.0.cidr_blocks.0": "0.0.0.0/0",
                            "ingress.0.description": "",
                            "ingress.0.from_port": "3",
                            "ingress.0.ipv6_cidr_blocks.#": "0",
                            "ingress.0.prefix_list_ids.#": "0",
                            "ingress.0.protocol": "icmp",
                            "ingress.0.security_groups.#": "0",
                            "ingress.0.self": "false",
                            "ingress.0.to_port": "4",
                            "ingress.1.cidr_blocks.#": "1",
                            "ingress.1.cidr_blocks.0": "0.0.0.0/0",
                            "ingress.1.description": "",
                            "ingress.1.from_port": "443",
                            "ingress.1.ipv6_cidr_blocks.#": "0",
                            "ingress.1.prefix_list_ids.#": "0",
                            "ingress.1.protocol": "tcp",
                            "ingress.1.security_groups.#": "0",
                            "ingress.1.self": "false",
                            "ingress.1.to_port": "443",
                            "name": "k8s-elb-a027a643b38aa47f296f59ffc4db05a0",
                            "name_prefix": "k8s-elb-a027a6",
                            "owner_id": "894231352815",
                            "tags.%": "1",
                            "tags.kubernetes.io/cluster/JesusFilm-core": "owned",
                            "tags_all.%": "1",
                            "tags_all.kubernetes.io/cluster/JesusFilm-core": "owned",
                            "vpc_id": "vpc-b896f6d1"
                        },
                        "meta": {
                            "schema_version": 1
                        },
                        "tainted": false
                    },
                    "deposed": [],
                    "provider": "provider.aws"
                },
                "aws_security_group.tfer--k8s-elb-a0ac84891964c48a0acf5b0c1c713f79_sg-040c31ad4452f0463": {
                    "type": "aws_security_group",
                    "depends_on": [],
                    "primary": {
                        "id": "sg-040c31ad4452f0463",
                        "attributes": {
                            "arn": "arn:aws:ec2:us-east-2:894231352815:security-group/sg-040c31ad4452f0463",
                            "description": "Security group for Kubernetes ELB a0ac84891964c48a0acf5b0c1c713f79 (default/api-users-stage)",
                            "egress.#": "1",
                            "egress.0.cidr_blocks.#": "1",
                            "egress.0.cidr_blocks.0": "0.0.0.0/0",
                            "egress.0.description": "",
                            "egress.0.from_port": "0",
                            "egress.0.ipv6_cidr_blocks.#": "0",
                            "egress.0.prefix_list_ids.#": "0",
                            "egress.0.protocol": "-1",
                            "egress.0.security_groups.#": "0",
                            "egress.0.self": "false",
                            "egress.0.to_port": "0",
                            "id": "sg-040c31ad4452f0463",
                            "ingress.#": "2",
                            "ingress.0.cidr_blocks.#": "1",
                            "ingress.0.cidr_blocks.0": "0.0.0.0/0",
                            "ingress.0.description": "",
                            "ingress.0.from_port": "3",
                            "ingress.0.ipv6_cidr_blocks.#": "0",
                            "ingress.0.prefix_list_ids.#": "0",
                            "ingress.0.protocol": "icmp",
                            "ingress.0.security_groups.#": "0",
                            "ingress.0.self": "false",
                            "ingress.0.to_port": "4",
                            "ingress.1.cidr_blocks.#": "1",
                            "ingress.1.cidr_blocks.0": "0.0.0.0/0",
                            "ingress.1.description": "",
                            "ingress.1.from_port": "443",
                            "ingress.1.ipv6_cidr_blocks.#": "0",
                            "ingress.1.prefix_list_ids.#": "0",
                            "ingress.1.protocol": "tcp",
                            "ingress.1.security_groups.#": "0",
                            "ingress.1.self": "false",
                            "ingress.1.to_port": "443",
                            "name": "k8s-elb-a0ac84891964c48a0acf5b0c1c713f79",
                            "name_prefix": "k8s-elb-a0ac84",
                            "owner_id": "894231352815",
                            "tags.%": "1",
                            "tags.kubernetes.io/cluster/JesusFilm-core": "owned",
                            "tags_all.%": "1",
                            "tags_all.kubernetes.io/cluster/JesusFilm-core": "owned",
                            "vpc_id": "vpc-b896f6d1"
                        },
                        "meta": {
                            "schema_version": 1
                        },
                        "tainted": false
                    },
                    "deposed": [],
                    "provider": "provider.aws"
                },
                "aws_security_group.tfer--k8s-elb-a188c4a54fc3742ae8b6d451fe9ff295_sg-0fda1e7e460e6bcf9": {
                    "type": "aws_security_group",
                    "depends_on": [],
                    "primary": {
                        "id": "sg-0fda1e7e460e6bcf9",
                        "attributes": {
                            "arn": "arn:aws:ec2:us-east-2:894231352815:security-group/sg-0fda1e7e460e6bcf9",
                            "description": "Security group for Kubernetes ELB a188c4a54fc3742ae8b6d451fe9ff295 (default/arangodb-loadbalancer-prod)",
                            "egress.#": "1",
                            "egress.0.cidr_blocks.#": "1",
                            "egress.0.cidr_blocks.0": "0.0.0.0/0",
                            "egress.0.description": "",
                            "egress.0.from_port": "0",
                            "egress.0.ipv6_cidr_blocks.#": "0",
                            "egress.0.prefix_list_ids.#": "0",
                            "egress.0.protocol": "-1",
                            "egress.0.security_groups.#": "0",
                            "egress.0.self": "false",
                            "egress.0.to_port": "0",
                            "id": "sg-0fda1e7e460e6bcf9",
                            "ingress.#": "2",
                            "ingress.0.cidr_blocks.#": "1",
                            "ingress.0.cidr_blocks.0": "0.0.0.0/0",
                            "ingress.0.description": "",
                            "ingress.0.from_port": "3",
                            "ingress.0.ipv6_cidr_blocks.#": "0",
                            "ingress.0.prefix_list_ids.#": "0",
                            "ingress.0.protocol": "icmp",
                            "ingress.0.security_groups.#": "0",
                            "ingress.0.self": "false",
                            "ingress.0.to_port": "4",
                            "ingress.1.cidr_blocks.#": "1",
                            "ingress.1.cidr_blocks.0": "0.0.0.0/0",
                            "ingress.1.description": "",
                            "ingress.1.from_port": "8529",
                            "ingress.1.ipv6_cidr_blocks.#": "0",
                            "ingress.1.prefix_list_ids.#": "0",
                            "ingress.1.protocol": "tcp",
                            "ingress.1.security_groups.#": "0",
                            "ingress.1.self": "false",
                            "ingress.1.to_port": "8529",
                            "name": "k8s-elb-a188c4a54fc3742ae8b6d451fe9ff295",
                            "name_prefix": "k8s-elb-a188c4",
                            "owner_id": "894231352815",
                            "tags.%": "1",
                            "tags.kubernetes.io/cluster/JesusFilm-core-production": "owned",
                            "tags_all.%": "1",
                            "tags_all.kubernetes.io/cluster/JesusFilm-core-production": "owned",
                            "vpc_id": "vpc-b896f6d1"
                        },
                        "meta": {
                            "schema_version": 1
                        },
                        "tainted": false
                    },
                    "deposed": [],
                    "provider": "provider.aws"
                },
                "aws_security_group.tfer--k8s-elb-a18ee3304cf31448ebe9ea12b48784e2_sg-0010de5fe00d22d20": {
                    "type": "aws_security_group",
                    "depends_on": [],
                    "primary": {
                        "id": "sg-0010de5fe00d22d20",
                        "attributes": {
                            "arn": "arn:aws:ec2:us-east-2:894231352815:security-group/sg-0010de5fe00d22d20",
                            "description": "Security group for Kubernetes ELB a18ee3304cf31448ebe9ea12b48784e2 (default/api-languages-stage)",
                            "egress.#": "1",
                            "egress.0.cidr_blocks.#": "1",
                            "egress.0.cidr_blocks.0": "0.0.0.0/0",
                            "egress.0.description": "",
                            "egress.0.from_port": "0",
                            "egress.0.ipv6_cidr_blocks.#": "0",
                            "egress.0.prefix_list_ids.#": "0",
                            "egress.0.protocol": "-1",
                            "egress.0.security_groups.#": "0",
                            "egress.0.self": "false",
                            "egress.0.to_port": "0",
                            "id": "sg-0010de5fe00d22d20",
                            "ingress.#": "2",
                            "ingress.0.cidr_blocks.#": "1",
                            "ingress.0.cidr_blocks.0": "0.0.0.0/0",
                            "ingress.0.description": "",
                            "ingress.0.from_port": "3",
                            "ingress.0.ipv6_cidr_blocks.#": "0",
                            "ingress.0.prefix_list_ids.#": "0",
                            "ingress.0.protocol": "icmp",
                            "ingress.0.security_groups.#": "0",
                            "ingress.0.self": "false",
                            "ingress.0.to_port": "4",
                            "ingress.1.cidr_blocks.#": "1",
                            "ingress.1.cidr_blocks.0": "0.0.0.0/0",
                            "ingress.1.description": "",
                            "ingress.1.from_port": "443",
                            "ingress.1.ipv6_cidr_blocks.#": "0",
                            "ingress.1.prefix_list_ids.#": "0",
                            "ingress.1.protocol": "tcp",
                            "ingress.1.security_groups.#": "0",
                            "ingress.1.self": "false",
                            "ingress.1.to_port": "443",
                            "name": "k8s-elb-a18ee3304cf31448ebe9ea12b48784e2",
                            "name_prefix": "k8s-elb-a18ee3",
                            "owner_id": "894231352815",
                            "tags.%": "1",
                            "tags.kubernetes.io/cluster/JesusFilm-core": "owned",
                            "tags_all.%": "1",
                            "tags_all.kubernetes.io/cluster/JesusFilm-core": "owned",
                            "vpc_id": "vpc-b896f6d1"
                        },
                        "meta": {
                            "schema_version": 1
                        },
                        "tainted": false
                    },
                    "deposed": [],
                    "provider": "provider.aws"
                },
                "aws_security_group.tfer--k8s-elb-a3d9299b3410e44caa7a267ecb001a23_sg-0f0910f619d4e4fd6": {
                    "type": "aws_security_group",
                    "depends_on": [],
                    "primary": {
                        "id": "sg-0f0910f619d4e4fd6",
                        "attributes": {
                            "arn": "arn:aws:ec2:us-east-2:894231352815:security-group/sg-0f0910f619d4e4fd6",
                            "description": "Security group for Kubernetes ELB a3d9299b3410e44caa7a267ecb001a23 (default/arangodb-loadbalancer)",
                            "egress.#": "1",
                            "egress.0.cidr_blocks.#": "1",
                            "egress.0.cidr_blocks.0": "0.0.0.0/0",
                            "egress.0.description": "",
                            "egress.0.from_port": "0",
                            "egress.0.ipv6_cidr_blocks.#": "0",
                            "egress.0.prefix_list_ids.#": "0",
                            "egress.0.protocol": "-1",
                            "egress.0.security_groups.#": "0",
                            "egress.0.self": "false",
                            "egress.0.to_port": "0",
                            "id": "sg-0f0910f619d4e4fd6",
                            "ingress.#": "2",
                            "ingress.0.cidr_blocks.#": "1",
                            "ingress.0.cidr_blocks.0": "0.0.0.0/0",
                            "ingress.0.description": "",
                            "ingress.0.from_port": "3",
                            "ingress.0.ipv6_cidr_blocks.#": "0",
                            "ingress.0.prefix_list_ids.#": "0",
                            "ingress.0.protocol": "icmp",
                            "ingress.0.security_groups.#": "0",
                            "ingress.0.self": "false",
                            "ingress.0.to_port": "4",
                            "ingress.1.cidr_blocks.#": "1",
                            "ingress.1.cidr_blocks.0": "0.0.0.0/0",
                            "ingress.1.description": "",
                            "ingress.1.from_port": "8529",
                            "ingress.1.ipv6_cidr_blocks.#": "0",
                            "ingress.1.prefix_list_ids.#": "0",
                            "ingress.1.protocol": "tcp",
                            "ingress.1.security_groups.#": "0",
                            "ingress.1.self": "false",
                            "ingress.1.to_port": "8529",
                            "name": "k8s-elb-a3d9299b3410e44caa7a267ecb001a23",
                            "name_prefix": "k8s-elb-a3d929",
                            "owner_id": "894231352815",
                            "tags.%": "1",
                            "tags.kubernetes.io/cluster/JesusFilm-core": "owned",
                            "tags_all.%": "1",
                            "tags_all.kubernetes.io/cluster/JesusFilm-core": "owned",
                            "vpc_id": "vpc-b896f6d1"
                        },
                        "meta": {
                            "schema_version": 1
                        },
                        "tainted": false
                    },
                    "deposed": [],
                    "provider": "provider.aws"
                },
                "aws_security_group.tfer--k8s-elb-a48cb96b78675430e9813a9db6a72c52_sg-0ed4b0cd8c082cc0a": {
                    "type": "aws_security_group",
                    "depends_on": [],
                    "primary": {
                        "id": "sg-0ed4b0cd8c082cc0a",
                        "attributes": {
                            "arn": "arn:aws:ec2:us-east-2:894231352815:security-group/sg-0ed4b0cd8c082cc0a",
                            "description": "Security group for Kubernetes ELB a48cb96b78675430e9813a9db6a72c52 (default/api-languages-main)",
                            "egress.#": "1",
                            "egress.0.cidr_blocks.#": "1",
                            "egress.0.cidr_blocks.0": "0.0.0.0/0",
                            "egress.0.description": "",
                            "egress.0.from_port": "0",
                            "egress.0.ipv6_cidr_blocks.#": "0",
                            "egress.0.prefix_list_ids.#": "0",
                            "egress.0.protocol": "-1",
                            "egress.0.security_groups.#": "0",
                            "egress.0.self": "false",
                            "egress.0.to_port": "0",
                            "id": "sg-0ed4b0cd8c082cc0a",
                            "ingress.#": "2",
                            "ingress.0.cidr_blocks.#": "1",
                            "ingress.0.cidr_blocks.0": "0.0.0.0/0",
                            "ingress.0.description": "",
                            "ingress.0.from_port": "3",
                            "ingress.0.ipv6_cidr_blocks.#": "0",
                            "ingress.0.prefix_list_ids.#": "0",
                            "ingress.0.protocol": "icmp",
                            "ingress.0.security_groups.#": "0",
                            "ingress.0.self": "false",
                            "ingress.0.to_port": "4",
                            "ingress.1.cidr_blocks.#": "1",
                            "ingress.1.cidr_blocks.0": "0.0.0.0/0",
                            "ingress.1.description": "",
                            "ingress.1.from_port": "443",
                            "ingress.1.ipv6_cidr_blocks.#": "0",
                            "ingress.1.prefix_list_ids.#": "0",
                            "ingress.1.protocol": "tcp",
                            "ingress.1.security_groups.#": "0",
                            "ingress.1.self": "false",
                            "ingress.1.to_port": "443",
                            "name": "k8s-elb-a48cb96b78675430e9813a9db6a72c52",
                            "name_prefix": "k8s-elb-a48cb9",
                            "owner_id": "894231352815",
                            "tags.%": "1",
                            "tags.kubernetes.io/cluster/JesusFilm-core-production": "owned",
                            "tags_all.%": "1",
                            "tags_all.kubernetes.io/cluster/JesusFilm-core-production": "owned",
                            "vpc_id": "vpc-b896f6d1"
                        },
                        "meta": {
                            "schema_version": 1
                        },
                        "tainted": false
                    },
                    "deposed": [],
                    "provider": "provider.aws"
                },
                "aws_security_group.tfer--k8s-elb-a582ad585291849e38e39ad52807888f_sg-06ef5221ff196f35a": {
                    "type": "aws_security_group",
                    "depends_on": [],
                    "primary": {
                        "id": "sg-06ef5221ff196f35a",
                        "attributes": {
                            "arn": "arn:aws:ec2:us-east-2:894231352815:security-group/sg-06ef5221ff196f35a",
                            "description": "Security group for Kubernetes ELB a582ad585291849e38e39ad52807888f (default/api-languages-main)",
                            "egress.#": "1",
                            "egress.0.cidr_blocks.#": "1",
                            "egress.0.cidr_blocks.0": "0.0.0.0/0",
                            "egress.0.description": "",
                            "egress.0.from_port": "0",
                            "egress.0.ipv6_cidr_blocks.#": "0",
                            "egress.0.prefix_list_ids.#": "0",
                            "egress.0.protocol": "-1",
                            "egress.0.security_groups.#": "0",
                            "egress.0.self": "false",
                            "egress.0.to_port": "0",
                            "id": "sg-06ef5221ff196f35a",
                            "ingress.#": "2",
                            "ingress.0.cidr_blocks.#": "1",
                            "ingress.0.cidr_blocks.0": "0.0.0.0/0",
                            "ingress.0.description": "",
                            "ingress.0.from_port": "3",
                            "ingress.0.ipv6_cidr_blocks.#": "0",
                            "ingress.0.prefix_list_ids.#": "0",
                            "ingress.0.protocol": "icmp",
                            "ingress.0.security_groups.#": "0",
                            "ingress.0.self": "false",
                            "ingress.0.to_port": "4",
                            "ingress.1.cidr_blocks.#": "1",
                            "ingress.1.cidr_blocks.0": "0.0.0.0/0",
                            "ingress.1.description": "",
                            "ingress.1.from_port": "443",
                            "ingress.1.ipv6_cidr_blocks.#": "0",
                            "ingress.1.prefix_list_ids.#": "0",
                            "ingress.1.protocol": "tcp",
                            "ingress.1.security_groups.#": "0",
                            "ingress.1.self": "false",
                            "ingress.1.to_port": "443",
                            "name": "k8s-elb-a582ad585291849e38e39ad52807888f",
                            "name_prefix": "k8s-elb-a582ad",
                            "owner_id": "894231352815",
                            "tags.%": "1",
                            "tags.kubernetes.io/cluster/JesusFilm-core": "owned",
                            "tags_all.%": "1",
                            "tags_all.kubernetes.io/cluster/JesusFilm-core": "owned",
                            "vpc_id": "vpc-b896f6d1"
                        },
                        "meta": {
                            "schema_version": 1
                        },
                        "tainted": false
                    },
                    "deposed": [],
                    "provider": "provider.aws"
                },
                "aws_security_group.tfer--k8s-elb-a638c213857e049869afa3fe4aca2939_sg-0a2e02b19d2100700": {
                    "type": "aws_security_group",
                    "depends_on": [],
                    "primary": {
                        "id": "sg-0a2e02b19d2100700",
                        "attributes": {
                            "arn": "arn:aws:ec2:us-east-2:894231352815:security-group/sg-0a2e02b19d2100700",
                            "description": "Security group for Kubernetes ELB a638c213857e049869afa3fe4aca2939 (default/api-videos-stage)",
                            "egress.#": "1",
                            "egress.0.cidr_blocks.#": "1",
                            "egress.0.cidr_blocks.0": "0.0.0.0/0",
                            "egress.0.description": "",
                            "egress.0.from_port": "0",
                            "egress.0.ipv6_cidr_blocks.#": "0",
                            "egress.0.prefix_list_ids.#": "0",
                            "egress.0.protocol": "-1",
                            "egress.0.security_groups.#": "0",
                            "egress.0.self": "false",
                            "egress.0.to_port": "0",
                            "id": "sg-0a2e02b19d2100700",
                            "ingress.#": "2",
                            "ingress.0.cidr_blocks.#": "1",
                            "ingress.0.cidr_blocks.0": "0.0.0.0/0",
                            "ingress.0.description": "",
                            "ingress.0.from_port": "3",
                            "ingress.0.ipv6_cidr_blocks.#": "0",
                            "ingress.0.prefix_list_ids.#": "0",
                            "ingress.0.protocol": "icmp",
                            "ingress.0.security_groups.#": "0",
                            "ingress.0.self": "false",
                            "ingress.0.to_port": "4",
                            "ingress.1.cidr_blocks.#": "1",
                            "ingress.1.cidr_blocks.0": "0.0.0.0/0",
                            "ingress.1.description": "",
                            "ingress.1.from_port": "443",
                            "ingress.1.ipv6_cidr_blocks.#": "0",
                            "ingress.1.prefix_list_ids.#": "0",
                            "ingress.1.protocol": "tcp",
                            "ingress.1.security_groups.#": "0",
                            "ingress.1.self": "false",
                            "ingress.1.to_port": "443",
                            "name": "k8s-elb-a638c213857e049869afa3fe4aca2939",
                            "name_prefix": "k8s-elb-a638c2",
                            "owner_id": "894231352815",
                            "tags.%": "1",
                            "tags.kubernetes.io/cluster/JesusFilm-core": "owned",
                            "tags_all.%": "1",
                            "tags_all.kubernetes.io/cluster/JesusFilm-core": "owned",
                            "vpc_id": "vpc-b896f6d1"
                        },
                        "meta": {
                            "schema_version": 1
                        },
                        "tainted": false
                    },
                    "deposed": [],
                    "provider": "provider.aws"
                },
                "aws_security_group.tfer--k8s-elb-a69e78adac8cb45d4be52ec1c927eaff_sg-01aee220479bc0778": {
                    "type": "aws_security_group",
                    "depends_on": [],
                    "primary": {
                        "id": "sg-01aee220479bc0778",
                        "attributes": {
                            "arn": "arn:aws:ec2:us-east-2:894231352815:security-group/sg-01aee220479bc0778",
                            "description": "Security group for Kubernetes ELB a69e78adac8cb45d4be52ec1c927eaff (default/api-journeys-main)",
                            "egress.#": "1",
                            "egress.0.cidr_blocks.#": "1",
                            "egress.0.cidr_blocks.0": "0.0.0.0/0",
                            "egress.0.description": "",
                            "egress.0.from_port": "0",
                            "egress.0.ipv6_cidr_blocks.#": "0",
                            "egress.0.prefix_list_ids.#": "0",
                            "egress.0.protocol": "-1",
                            "egress.0.security_groups.#": "0",
                            "egress.0.self": "false",
                            "egress.0.to_port": "0",
                            "id": "sg-01aee220479bc0778",
                            "ingress.#": "2",
                            "ingress.0.cidr_blocks.#": "1",
                            "ingress.0.cidr_blocks.0": "0.0.0.0/0",
                            "ingress.0.description": "",
                            "ingress.0.from_port": "3",
                            "ingress.0.ipv6_cidr_blocks.#": "0",
                            "ingress.0.prefix_list_ids.#": "0",
                            "ingress.0.protocol": "icmp",
                            "ingress.0.security_groups.#": "0",
                            "ingress.0.self": "false",
                            "ingress.0.to_port": "4",
                            "ingress.1.cidr_blocks.#": "1",
                            "ingress.1.cidr_blocks.0": "0.0.0.0/0",
                            "ingress.1.description": "",
                            "ingress.1.from_port": "443",
                            "ingress.1.ipv6_cidr_blocks.#": "0",
                            "ingress.1.prefix_list_ids.#": "0",
                            "ingress.1.protocol": "tcp",
                            "ingress.1.security_groups.#": "0",
                            "ingress.1.self": "false",
                            "ingress.1.to_port": "443",
                            "name": "k8s-elb-a69e78adac8cb45d4be52ec1c927eaff",
                            "name_prefix": "k8s-elb-a69e78",
                            "owner_id": "894231352815",
                            "tags.%": "1",
                            "tags.kubernetes.io/cluster/JesusFilm-core": "owned",
                            "tags_all.%": "1",
                            "tags_all.kubernetes.io/cluster/JesusFilm-core": "owned",
                            "vpc_id": "vpc-b896f6d1"
                        },
                        "meta": {
                            "schema_version": 1
                        },
                        "tainted": false
                    },
                    "deposed": [],
                    "provider": "provider.aws"
                },
                "aws_security_group.tfer--k8s-elb-a6be4f32b97b443c3b9ed90904039ec8_sg-06d718bc9f5077908": {
                    "type": "aws_security_group",
                    "depends_on": [],
                    "primary": {
                        "id": "sg-06d718bc9f5077908",
                        "attributes": {
                            "arn": "arn:aws:ec2:us-east-2:894231352815:security-group/sg-06d718bc9f5077908",
                            "description": "Security group for Kubernetes ELB a6be4f32b97b443c3b9ed90904039ec8 (default/api-users-main)",
                            "egress.#": "1",
                            "egress.0.cidr_blocks.#": "1",
                            "egress.0.cidr_blocks.0": "0.0.0.0/0",
                            "egress.0.description": "",
                            "egress.0.from_port": "0",
                            "egress.0.ipv6_cidr_blocks.#": "0",
                            "egress.0.prefix_list_ids.#": "0",
                            "egress.0.protocol": "-1",
                            "egress.0.security_groups.#": "0",
                            "egress.0.self": "false",
                            "egress.0.to_port": "0",
                            "id": "sg-06d718bc9f5077908",
                            "ingress.#": "2",
                            "ingress.0.cidr_blocks.#": "1",
                            "ingress.0.cidr_blocks.0": "0.0.0.0/0",
                            "ingress.0.description": "",
                            "ingress.0.from_port": "3",
                            "ingress.0.ipv6_cidr_blocks.#": "0",
                            "ingress.0.prefix_list_ids.#": "0",
                            "ingress.0.protocol": "icmp",
                            "ingress.0.security_groups.#": "0",
                            "ingress.0.self": "false",
                            "ingress.0.to_port": "4",
                            "ingress.1.cidr_blocks.#": "1",
                            "ingress.1.cidr_blocks.0": "0.0.0.0/0",
                            "ingress.1.description": "",
                            "ingress.1.from_port": "4002",
                            "ingress.1.ipv6_cidr_blocks.#": "0",
                            "ingress.1.prefix_list_ids.#": "0",
                            "ingress.1.protocol": "tcp",
                            "ingress.1.security_groups.#": "0",
                            "ingress.1.self": "false",
                            "ingress.1.to_port": "4002",
                            "name": "k8s-elb-a6be4f32b97b443c3b9ed90904039ec8",
                            "name_prefix": "k8s-elb-a6be4f",
                            "owner_id": "894231352815",
                            "tags.%": "1",
                            "tags.kubernetes.io/cluster/JesusFilm-core-production": "owned",
                            "tags_all.%": "1",
                            "tags_all.kubernetes.io/cluster/JesusFilm-core-production": "owned",
                            "vpc_id": "vpc-b896f6d1"
                        },
                        "meta": {
                            "schema_version": 1
                        },
                        "tainted": false
                    },
                    "deposed": [],
                    "provider": "provider.aws"
                },
                "aws_security_group.tfer--k8s-elb-a819711c5a4b94c288be61fe48947a8c_sg-0b5a5774ea382b09f": {
                    "type": "aws_security_group",
                    "depends_on": [],
                    "primary": {
                        "id": "sg-0b5a5774ea382b09f",
                        "attributes": {
                            "arn": "arn:aws:ec2:us-east-2:894231352815:security-group/sg-0b5a5774ea382b09f",
                            "description": "Security group for Kubernetes ELB a819711c5a4b94c288be61fe48947a8c (default/api-journeys-stage)",
                            "egress.#": "1",
                            "egress.0.cidr_blocks.#": "1",
                            "egress.0.cidr_blocks.0": "0.0.0.0/0",
                            "egress.0.description": "",
                            "egress.0.from_port": "0",
                            "egress.0.ipv6_cidr_blocks.#": "0",
                            "egress.0.prefix_list_ids.#": "0",
                            "egress.0.protocol": "-1",
                            "egress.0.security_groups.#": "0",
                            "egress.0.self": "false",
                            "egress.0.to_port": "0",
                            "id": "sg-0b5a5774ea382b09f",
                            "ingress.#": "2",
                            "ingress.0.cidr_blocks.#": "1",
                            "ingress.0.cidr_blocks.0": "0.0.0.0/0",
                            "ingress.0.description": "",
                            "ingress.0.from_port": "3",
                            "ingress.0.ipv6_cidr_blocks.#": "0",
                            "ingress.0.prefix_list_ids.#": "0",
                            "ingress.0.protocol": "icmp",
                            "ingress.0.security_groups.#": "0",
                            "ingress.0.self": "false",
                            "ingress.0.to_port": "4",
                            "ingress.1.cidr_blocks.#": "1",
                            "ingress.1.cidr_blocks.0": "0.0.0.0/0",
                            "ingress.1.description": "",
                            "ingress.1.from_port": "443",
                            "ingress.1.ipv6_cidr_blocks.#": "0",
                            "ingress.1.prefix_list_ids.#": "0",
                            "ingress.1.protocol": "tcp",
                            "ingress.1.security_groups.#": "0",
                            "ingress.1.self": "false",
                            "ingress.1.to_port": "443",
                            "name": "k8s-elb-a819711c5a4b94c288be61fe48947a8c",
                            "name_prefix": "k8s-elb-a81971",
                            "owner_id": "894231352815",
                            "tags.%": "1",
                            "tags.kubernetes.io/cluster/JesusFilm-core": "owned",
                            "tags_all.%": "1",
                            "tags_all.kubernetes.io/cluster/JesusFilm-core": "owned",
                            "vpc_id": "vpc-b896f6d1"
                        },
                        "meta": {
                            "schema_version": 1
                        },
                        "tainted": false
                    },
                    "deposed": [],
                    "provider": "provider.aws"
                },
                "aws_security_group.tfer--k8s-elb-a896edcbce94842a8833ed4e410688e3_sg-097c8c9c979834706": {
                    "type": "aws_security_group",
                    "depends_on": [],
                    "primary": {
                        "id": "sg-097c8c9c979834706",
                        "attributes": {
                            "arn": "arn:aws:ec2:us-east-2:894231352815:security-group/sg-097c8c9c979834706",
                            "description": "Security group for Kubernetes ELB a896edcbce94842a8833ed4e410688e3 (default/arangodb-ea)",
                            "egress.#": "1",
                            "egress.0.cidr_blocks.#": "1",
                            "egress.0.cidr_blocks.0": "0.0.0.0/0",
                            "egress.0.description": "",
                            "egress.0.from_port": "0",
                            "egress.0.ipv6_cidr_blocks.#": "0",
                            "egress.0.prefix_list_ids.#": "0",
                            "egress.0.protocol": "-1",
                            "egress.0.security_groups.#": "0",
                            "egress.0.self": "false",
                            "egress.0.to_port": "0",
                            "id": "sg-097c8c9c979834706",
                            "ingress.#": "2",
                            "ingress.0.cidr_blocks.#": "1",
                            "ingress.0.cidr_blocks.0": "0.0.0.0/0",
                            "ingress.0.description": "",
                            "ingress.0.from_port": "3",
                            "ingress.0.ipv6_cidr_blocks.#": "0",
                            "ingress.0.prefix_list_ids.#": "0",
                            "ingress.0.protocol": "icmp",
                            "ingress.0.security_groups.#": "0",
                            "ingress.0.self": "false",
                            "ingress.0.to_port": "4",
                            "ingress.1.cidr_blocks.#": "1",
                            "ingress.1.cidr_blocks.0": "0.0.0.0/0",
                            "ingress.1.description": "",
                            "ingress.1.from_port": "8529",
                            "ingress.1.ipv6_cidr_blocks.#": "0",
                            "ingress.1.prefix_list_ids.#": "0",
                            "ingress.1.protocol": "tcp",
                            "ingress.1.security_groups.#": "0",
                            "ingress.1.self": "false",
                            "ingress.1.to_port": "8529",
                            "name": "k8s-elb-a896edcbce94842a8833ed4e410688e3",
                            "name_prefix": "k8s-elb-a896ed",
                            "owner_id": "894231352815",
                            "tags.%": "1",
                            "tags.kubernetes.io/cluster/JesusFilm-core-production": "owned",
                            "tags_all.%": "1",
                            "tags_all.kubernetes.io/cluster/JesusFilm-core-production": "owned",
                            "vpc_id": "vpc-b896f6d1"
                        },
                        "meta": {
                            "schema_version": 1
                        },
                        "tainted": false
                    },
                    "deposed": [],
                    "provider": "provider.aws"
                },
                "aws_security_group.tfer--k8s-elb-a899cf7a7e14a44ae81280f5067bb761_sg-061439617061fdb2c": {
                    "type": "aws_security_group",
                    "depends_on": [],
                    "primary": {
                        "id": "sg-061439617061fdb2c",
                        "attributes": {
                            "arn": "arn:aws:ec2:us-east-2:894231352815:security-group/sg-061439617061fdb2c",
                            "description": "Security group for Kubernetes ELB a899cf7a7e14a44ae81280f5067bb761 (default/api-gateway-main)",
                            "egress.#": "1",
                            "egress.0.cidr_blocks.#": "1",
                            "egress.0.cidr_blocks.0": "0.0.0.0/0",
                            "egress.0.description": "",
                            "egress.0.from_port": "0",
                            "egress.0.ipv6_cidr_blocks.#": "0",
                            "egress.0.prefix_list_ids.#": "0",
                            "egress.0.protocol": "-1",
                            "egress.0.security_groups.#": "0",
                            "egress.0.self": "false",
                            "egress.0.to_port": "0",
                            "id": "sg-061439617061fdb2c",
                            "ingress.#": "2",
                            "ingress.0.cidr_blocks.#": "1",
                            "ingress.0.cidr_blocks.0": "0.0.0.0/0",
                            "ingress.0.description": "",
                            "ingress.0.from_port": "3",
                            "ingress.0.ipv6_cidr_blocks.#": "0",
                            "ingress.0.prefix_list_ids.#": "0",
                            "ingress.0.protocol": "icmp",
                            "ingress.0.security_groups.#": "0",
                            "ingress.0.self": "false",
                            "ingress.0.to_port": "4",
                            "ingress.1.cidr_blocks.#": "1",
                            "ingress.1.cidr_blocks.0": "0.0.0.0/0",
                            "ingress.1.description": "",
                            "ingress.1.from_port": "443",
                            "ingress.1.ipv6_cidr_blocks.#": "0",
                            "ingress.1.prefix_list_ids.#": "0",
                            "ingress.1.protocol": "tcp",
                            "ingress.1.security_groups.#": "0",
                            "ingress.1.self": "false",
                            "ingress.1.to_port": "443",
                            "name": "k8s-elb-a899cf7a7e14a44ae81280f5067bb761",
                            "name_prefix": "k8s-elb-a899cf",
                            "owner_id": "894231352815",
                            "tags.%": "1",
                            "tags.kubernetes.io/cluster/JesusFilm-core": "owned",
                            "tags_all.%": "1",
                            "tags_all.kubernetes.io/cluster/JesusFilm-core": "owned",
                            "vpc_id": "vpc-b896f6d1"
                        },
                        "meta": {
                            "schema_version": 1
                        },
                        "tainted": false
                    },
                    "deposed": [],
                    "provider": "provider.aws"
                },
                "aws_security_group.tfer--k8s-elb-a8b2a4355a3734f45a29b6f5161e67bf_sg-03dd16ebf4ed95d0d": {
                    "type": "aws_security_group",
                    "depends_on": [],
                    "primary": {
                        "id": "sg-03dd16ebf4ed95d0d",
                        "attributes": {
                            "arn": "arn:aws:ec2:us-east-2:894231352815:security-group/sg-03dd16ebf4ed95d0d",
                            "description": "Security group for Kubernetes ELB a8b2a4355a3734f45a29b6f5161e67bf (default/api-journeys-main)",
                            "egress.#": "1",
                            "egress.0.cidr_blocks.#": "1",
                            "egress.0.cidr_blocks.0": "0.0.0.0/0",
                            "egress.0.description": "",
                            "egress.0.from_port": "0",
                            "egress.0.ipv6_cidr_blocks.#": "0",
                            "egress.0.prefix_list_ids.#": "0",
                            "egress.0.protocol": "-1",
                            "egress.0.security_groups.#": "0",
                            "egress.0.self": "false",
                            "egress.0.to_port": "0",
                            "id": "sg-03dd16ebf4ed95d0d",
                            "ingress.#": "2",
                            "ingress.0.cidr_blocks.#": "1",
                            "ingress.0.cidr_blocks.0": "0.0.0.0/0",
                            "ingress.0.description": "",
                            "ingress.0.from_port": "3",
                            "ingress.0.ipv6_cidr_blocks.#": "0",
                            "ingress.0.prefix_list_ids.#": "0",
                            "ingress.0.protocol": "icmp",
                            "ingress.0.security_groups.#": "0",
                            "ingress.0.self": "false",
                            "ingress.0.to_port": "4",
                            "ingress.1.cidr_blocks.#": "1",
                            "ingress.1.cidr_blocks.0": "0.0.0.0/0",
                            "ingress.1.description": "",
                            "ingress.1.from_port": "443",
                            "ingress.1.ipv6_cidr_blocks.#": "0",
                            "ingress.1.prefix_list_ids.#": "0",
                            "ingress.1.protocol": "tcp",
                            "ingress.1.security_groups.#": "0",
                            "ingress.1.self": "false",
                            "ingress.1.to_port": "443",
                            "name": "k8s-elb-a8b2a4355a3734f45a29b6f5161e67bf",
                            "name_prefix": "k8s-elb-a8b2a4",
                            "owner_id": "894231352815",
                            "tags.%": "1",
                            "tags.kubernetes.io/cluster/JesusFilm-core-production": "owned",
                            "tags_all.%": "1",
                            "tags_all.kubernetes.io/cluster/JesusFilm-core-production": "owned",
                            "vpc_id": "vpc-b896f6d1"
                        },
                        "meta": {
                            "schema_version": 1
                        },
                        "tainted": false
                    },
                    "deposed": [],
                    "provider": "provider.aws"
                },
                "aws_security_group.tfer--k8s-elb-a9177a36d5e1c4df684244dc2bfec6c3_sg-0b26db6a1def41ebb": {
                    "type": "aws_security_group",
                    "depends_on": [],
                    "primary": {
                        "id": "sg-0b26db6a1def41ebb",
                        "attributes": {
                            "arn": "arn:aws:ec2:us-east-2:894231352815:security-group/sg-0b26db6a1def41ebb",
                            "description": "Security group for Kubernetes ELB a9177a36d5e1c4df684244dc2bfec6c3 (default/api-videos-main)",
                            "egress.#": "1",
                            "egress.0.cidr_blocks.#": "1",
                            "egress.0.cidr_blocks.0": "0.0.0.0/0",
                            "egress.0.description": "",
                            "egress.0.from_port": "0",
                            "egress.0.ipv6_cidr_blocks.#": "0",
                            "egress.0.prefix_list_ids.#": "0",
                            "egress.0.protocol": "-1",
                            "egress.0.security_groups.#": "0",
                            "egress.0.self": "false",
                            "egress.0.to_port": "0",
                            "id": "sg-0b26db6a1def41ebb",
                            "ingress.#": "2",
                            "ingress.0.cidr_blocks.#": "1",
                            "ingress.0.cidr_blocks.0": "0.0.0.0/0",
                            "ingress.0.description": "",
                            "ingress.0.from_port": "3",
                            "ingress.0.ipv6_cidr_blocks.#": "0",
                            "ingress.0.prefix_list_ids.#": "0",
                            "ingress.0.protocol": "icmp",
                            "ingress.0.security_groups.#": "0",
                            "ingress.0.self": "false",
                            "ingress.0.to_port": "4",
                            "ingress.1.cidr_blocks.#": "1",
                            "ingress.1.cidr_blocks.0": "0.0.0.0/0",
                            "ingress.1.description": "",
                            "ingress.1.from_port": "443",
                            "ingress.1.ipv6_cidr_blocks.#": "0",
                            "ingress.1.prefix_list_ids.#": "0",
                            "ingress.1.protocol": "tcp",
                            "ingress.1.security_groups.#": "0",
                            "ingress.1.self": "false",
                            "ingress.1.to_port": "443",
                            "name": "k8s-elb-a9177a36d5e1c4df684244dc2bfec6c3",
                            "name_prefix": "k8s-elb-a9177a",
                            "owner_id": "894231352815",
                            "tags.%": "1",
                            "tags.kubernetes.io/cluster/JesusFilm-core-production": "owned",
                            "tags_all.%": "1",
                            "tags_all.kubernetes.io/cluster/JesusFilm-core-production": "owned",
                            "vpc_id": "vpc-b896f6d1"
                        },
                        "meta": {
                            "schema_version": 1
                        },
                        "tainted": false
                    },
                    "deposed": [],
                    "provider": "provider.aws"
                },
                "aws_security_group.tfer--k8s-elb-a987a4231357740d8ae5e50b2199f0f0_sg-0c807a09b0288c023": {
                    "type": "aws_security_group",
                    "depends_on": [],
                    "primary": {
                        "id": "sg-0c807a09b0288c023",
                        "attributes": {
                            "arn": "arn:aws:ec2:us-east-2:894231352815:security-group/sg-0c807a09b0288c023",
                            "description": "Security group for Kubernetes ELB a987a4231357740d8ae5e50b2199f0f0 (default/api-journeys-stage)",
                            "egress.#": "1",
                            "egress.0.cidr_blocks.#": "1",
                            "egress.0.cidr_blocks.0": "0.0.0.0/0",
                            "egress.0.description": "",
                            "egress.0.from_port": "0",
                            "egress.0.ipv6_cidr_blocks.#": "0",
                            "egress.0.prefix_list_ids.#": "0",
                            "egress.0.protocol": "-1",
                            "egress.0.security_groups.#": "0",
                            "egress.0.self": "false",
                            "egress.0.to_port": "0",
                            "id": "sg-0c807a09b0288c023",
                            "ingress.#": "2",
                            "ingress.0.cidr_blocks.#": "1",
                            "ingress.0.cidr_blocks.0": "0.0.0.0/0",
                            "ingress.0.description": "",
                            "ingress.0.from_port": "3",
                            "ingress.0.ipv6_cidr_blocks.#": "0",
                            "ingress.0.prefix_list_ids.#": "0",
                            "ingress.0.protocol": "icmp",
                            "ingress.0.security_groups.#": "0",
                            "ingress.0.self": "false",
                            "ingress.0.to_port": "4",
                            "ingress.1.cidr_blocks.#": "1",
                            "ingress.1.cidr_blocks.0": "0.0.0.0/0",
                            "ingress.1.description": "",
                            "ingress.1.from_port": "4001",
                            "ingress.1.ipv6_cidr_blocks.#": "0",
                            "ingress.1.prefix_list_ids.#": "0",
                            "ingress.1.protocol": "tcp",
                            "ingress.1.security_groups.#": "0",
                            "ingress.1.self": "false",
                            "ingress.1.to_port": "4001",
                            "name": "k8s-elb-a987a4231357740d8ae5e50b2199f0f0",
                            "name_prefix": "k8s-elb-a987a4",
                            "owner_id": "894231352815",
                            "tags.%": "1",
                            "tags.kubernetes.io/cluster/JesusFilm-core-production": "owned",
                            "tags_all.%": "1",
                            "tags_all.kubernetes.io/cluster/JesusFilm-core-production": "owned",
                            "vpc_id": "vpc-b896f6d1"
                        },
                        "meta": {
                            "schema_version": 1
                        },
                        "tainted": false
                    },
                    "deposed": [],
                    "provider": "provider.aws"
                },
                "aws_security_group.tfer--k8s-elb-aacad535ab2c34d5eb8227d978849ebe_sg-0da17490a553727c2": {
                    "type": "aws_security_group",
                    "depends_on": [],
                    "primary": {
                        "id": "sg-0da17490a553727c2",
                        "attributes": {
                            "arn": "arn:aws:ec2:us-east-2:894231352815:security-group/sg-0da17490a553727c2",
                            "description": "Security group for Kubernetes ELB aacad535ab2c34d5eb8227d978849ebe (default/arangodb-stage-loadbalancer)",
                            "egress.#": "1",
                            "egress.0.cidr_blocks.#": "1",
                            "egress.0.cidr_blocks.0": "0.0.0.0/0",
                            "egress.0.description": "",
                            "egress.0.from_port": "0",
                            "egress.0.ipv6_cidr_blocks.#": "0",
                            "egress.0.prefix_list_ids.#": "0",
                            "egress.0.protocol": "-1",
                            "egress.0.security_groups.#": "0",
                            "egress.0.self": "false",
                            "egress.0.to_port": "0",
                            "id": "sg-0da17490a553727c2",
                            "ingress.#": "2",
                            "ingress.0.cidr_blocks.#": "1",
                            "ingress.0.cidr_blocks.0": "0.0.0.0/0",
                            "ingress.0.description": "",
                            "ingress.0.from_port": "3",
                            "ingress.0.ipv6_cidr_blocks.#": "0",
                            "ingress.0.prefix_list_ids.#": "0",
                            "ingress.0.protocol": "icmp",
                            "ingress.0.security_groups.#": "0",
                            "ingress.0.self": "false",
                            "ingress.0.to_port": "4",
                            "ingress.1.cidr_blocks.#": "1",
                            "ingress.1.cidr_blocks.0": "0.0.0.0/0",
                            "ingress.1.description": "",
                            "ingress.1.from_port": "8529",
                            "ingress.1.ipv6_cidr_blocks.#": "0",
                            "ingress.1.prefix_list_ids.#": "0",
                            "ingress.1.protocol": "tcp",
                            "ingress.1.security_groups.#": "0",
                            "ingress.1.self": "false",
                            "ingress.1.to_port": "8529",
                            "name": "k8s-elb-aacad535ab2c34d5eb8227d978849ebe",
                            "name_prefix": "k8s-elb-aacad5",
                            "owner_id": "894231352815",
                            "tags.%": "1",
                            "tags.kubernetes.io/cluster/JesusFilm-core": "owned",
                            "tags_all.%": "1",
                            "tags_all.kubernetes.io/cluster/JesusFilm-core": "owned",
                            "vpc_id": "vpc-b896f6d1"
                        },
                        "meta": {
                            "schema_version": 1
                        },
                        "tainted": false
                    },
                    "deposed": [],
                    "provider": "provider.aws"
                },
                "aws_security_group.tfer--k8s-elb-ab86d82ec0e24459f9fcf85491c2a17e_sg-007b19a2740ead4bf": {
                    "type": "aws_security_group",
                    "depends_on": [],
                    "primary": {
                        "id": "sg-007b19a2740ead4bf",
                        "attributes": {
                            "arn": "arn:aws:ec2:us-east-2:894231352815:security-group/sg-007b19a2740ead4bf",
                            "description": "Security group for Kubernetes ELB ab86d82ec0e24459f9fcf85491c2a17e (default/api-gateway-main)",
                            "egress.#": "1",
                            "egress.0.cidr_blocks.#": "1",
                            "egress.0.cidr_blocks.0": "0.0.0.0/0",
                            "egress.0.description": "",
                            "egress.0.from_port": "0",
                            "egress.0.ipv6_cidr_blocks.#": "0",
                            "egress.0.prefix_list_ids.#": "0",
                            "egress.0.protocol": "-1",
                            "egress.0.security_groups.#": "0",
                            "egress.0.self": "false",
                            "egress.0.to_port": "0",
                            "id": "sg-007b19a2740ead4bf",
                            "ingress.#": "2",
                            "ingress.0.cidr_blocks.#": "1",
                            "ingress.0.cidr_blocks.0": "0.0.0.0/0",
                            "ingress.0.description": "",
                            "ingress.0.from_port": "3",
                            "ingress.0.ipv6_cidr_blocks.#": "0",
                            "ingress.0.prefix_list_ids.#": "0",
                            "ingress.0.protocol": "icmp",
                            "ingress.0.security_groups.#": "0",
                            "ingress.0.self": "false",
                            "ingress.0.to_port": "4",
                            "ingress.1.cidr_blocks.#": "1",
                            "ingress.1.cidr_blocks.0": "0.0.0.0/0",
                            "ingress.1.description": "",
                            "ingress.1.from_port": "443",
                            "ingress.1.ipv6_cidr_blocks.#": "0",
                            "ingress.1.prefix_list_ids.#": "0",
                            "ingress.1.protocol": "tcp",
                            "ingress.1.security_groups.#": "0",
                            "ingress.1.self": "false",
                            "ingress.1.to_port": "443",
                            "name": "k8s-elb-ab86d82ec0e24459f9fcf85491c2a17e",
                            "name_prefix": "k8s-elb-ab86d8",
                            "owner_id": "894231352815",
                            "tags.%": "1",
                            "tags.kubernetes.io/cluster/JesusFilm-core-production": "owned",
                            "tags_all.%": "1",
                            "tags_all.kubernetes.io/cluster/JesusFilm-core-production": "owned",
                            "vpc_id": "vpc-b896f6d1"
                        },
                        "meta": {
                            "schema_version": 1
                        },
                        "tainted": false
                    },
                    "deposed": [],
                    "provider": "provider.aws"
                },
                "aws_security_group.tfer--k8s-elb-abbe4d922d0064b0cad3e5210b400e04_sg-0cfe3befcee87593b": {
                    "type": "aws_security_group",
                    "depends_on": [],
                    "primary": {
                        "id": "sg-0cfe3befcee87593b",
                        "attributes": {
                            "arn": "arn:aws:ec2:us-east-2:894231352815:security-group/sg-0cfe3befcee87593b",
                            "description": "Security group for Kubernetes ELB abbe4d922d0064b0cad3e5210b400e04 (default/api-journeys-main)",
                            "egress.#": "1",
                            "egress.0.cidr_blocks.#": "1",
                            "egress.0.cidr_blocks.0": "0.0.0.0/0",
                            "egress.0.description": "",
                            "egress.0.from_port": "0",
                            "egress.0.ipv6_cidr_blocks.#": "0",
                            "egress.0.prefix_list_ids.#": "0",
                            "egress.0.protocol": "-1",
                            "egress.0.security_groups.#": "0",
                            "egress.0.self": "false",
                            "egress.0.to_port": "0",
                            "id": "sg-0cfe3befcee87593b",
                            "ingress.#": "2",
                            "ingress.0.cidr_blocks.#": "1",
                            "ingress.0.cidr_blocks.0": "0.0.0.0/0",
                            "ingress.0.description": "",
                            "ingress.0.from_port": "3",
                            "ingress.0.ipv6_cidr_blocks.#": "0",
                            "ingress.0.prefix_list_ids.#": "0",
                            "ingress.0.protocol": "icmp",
                            "ingress.0.security_groups.#": "0",
                            "ingress.0.self": "false",
                            "ingress.0.to_port": "4",
                            "ingress.1.cidr_blocks.#": "1",
                            "ingress.1.cidr_blocks.0": "0.0.0.0/0",
                            "ingress.1.description": "",
                            "ingress.1.from_port": "4001",
                            "ingress.1.ipv6_cidr_blocks.#": "0",
                            "ingress.1.prefix_list_ids.#": "0",
                            "ingress.1.protocol": "tcp",
                            "ingress.1.security_groups.#": "0",
                            "ingress.1.self": "false",
                            "ingress.1.to_port": "4001",
                            "name": "k8s-elb-abbe4d922d0064b0cad3e5210b400e04",
                            "name_prefix": "k8s-elb-abbe4d",
                            "owner_id": "894231352815",
                            "tags.%": "1",
                            "tags.kubernetes.io/cluster/JesusFilm-core-production": "owned",
                            "tags_all.%": "1",
                            "tags_all.kubernetes.io/cluster/JesusFilm-core-production": "owned",
                            "vpc_id": "vpc-b896f6d1"
                        },
                        "meta": {
                            "schema_version": 1
                        },
                        "tainted": false
                    },
                    "deposed": [],
                    "provider": "provider.aws"
                },
                "aws_security_group.tfer--k8s-elb-ac51376bfb6a34a529800a5c74892f4b_sg-03f05715ba8bb810f": {
                    "type": "aws_security_group",
                    "depends_on": [],
                    "primary": {
                        "id": "sg-03f05715ba8bb810f",
                        "attributes": {
                            "arn": "arn:aws:ec2:us-east-2:894231352815:security-group/sg-03f05715ba8bb810f",
                            "description": "Security group for Kubernetes ELB ac51376bfb6a34a529800a5c74892f4b (default/api-users-main)",
                            "egress.#": "1",
                            "egress.0.cidr_blocks.#": "1",
                            "egress.0.cidr_blocks.0": "0.0.0.0/0",
                            "egress.0.description": "",
                            "egress.0.from_port": "0",
                            "egress.0.ipv6_cidr_blocks.#": "0",
                            "egress.0.prefix_list_ids.#": "0",
                            "egress.0.protocol": "-1",
                            "egress.0.security_groups.#": "0",
                            "egress.0.self": "false",
                            "egress.0.to_port": "0",
                            "id": "sg-03f05715ba8bb810f",
                            "ingress.#": "2",
                            "ingress.0.cidr_blocks.#": "1",
                            "ingress.0.cidr_blocks.0": "0.0.0.0/0",
                            "ingress.0.description": "",
                            "ingress.0.from_port": "3",
                            "ingress.0.ipv6_cidr_blocks.#": "0",
                            "ingress.0.prefix_list_ids.#": "0",
                            "ingress.0.protocol": "icmp",
                            "ingress.0.security_groups.#": "0",
                            "ingress.0.self": "false",
                            "ingress.0.to_port": "4",
                            "ingress.1.cidr_blocks.#": "1",
                            "ingress.1.cidr_blocks.0": "0.0.0.0/0",
                            "ingress.1.description": "",
                            "ingress.1.from_port": "443",
                            "ingress.1.ipv6_cidr_blocks.#": "0",
                            "ingress.1.prefix_list_ids.#": "0",
                            "ingress.1.protocol": "tcp",
                            "ingress.1.security_groups.#": "0",
                            "ingress.1.self": "false",
                            "ingress.1.to_port": "443",
                            "name": "k8s-elb-ac51376bfb6a34a529800a5c74892f4b",
                            "name_prefix": "k8s-elb-ac5137",
                            "owner_id": "894231352815",
                            "tags.%": "1",
                            "tags.kubernetes.io/cluster/JesusFilm-core": "owned",
                            "tags_all.%": "1",
                            "tags_all.kubernetes.io/cluster/JesusFilm-core": "owned",
                            "vpc_id": "vpc-b896f6d1"
                        },
                        "meta": {
                            "schema_version": 1
                        },
                        "tainted": false
                    },
                    "deposed": [],
                    "provider": "provider.aws"
                },
                "aws_security_group.tfer--k8s-elb-aca684e3919204085a23aa9c8b4ae233_sg-001f8576df7400a01": {
                    "type": "aws_security_group",
                    "depends_on": [],
                    "primary": {
                        "id": "sg-001f8576df7400a01",
                        "attributes": {
                            "arn": "arn:aws:ec2:us-east-2:894231352815:security-group/sg-001f8576df7400a01",
                            "description": "Security group for Kubernetes ELB aca684e3919204085a23aa9c8b4ae233 (default/api-gateway-main)",
                            "egress.#": "1",
                            "egress.0.cidr_blocks.#": "1",
                            "egress.0.cidr_blocks.0": "0.0.0.0/0",
                            "egress.0.description": "",
                            "egress.0.from_port": "0",
                            "egress.0.ipv6_cidr_blocks.#": "0",
                            "egress.0.prefix_list_ids.#": "0",
                            "egress.0.protocol": "-1",
                            "egress.0.security_groups.#": "0",
                            "egress.0.self": "false",
                            "egress.0.to_port": "0",
                            "id": "sg-001f8576df7400a01",
                            "ingress.#": "2",
                            "ingress.0.cidr_blocks.#": "1",
                            "ingress.0.cidr_blocks.0": "0.0.0.0/0",
                            "ingress.0.description": "",
                            "ingress.0.from_port": "3",
                            "ingress.0.ipv6_cidr_blocks.#": "0",
                            "ingress.0.prefix_list_ids.#": "0",
                            "ingress.0.protocol": "icmp",
                            "ingress.0.security_groups.#": "0",
                            "ingress.0.self": "false",
                            "ingress.0.to_port": "4",
                            "ingress.1.cidr_blocks.#": "1",
                            "ingress.1.cidr_blocks.0": "0.0.0.0/0",
                            "ingress.1.description": "",
                            "ingress.1.from_port": "4000",
                            "ingress.1.ipv6_cidr_blocks.#": "0",
                            "ingress.1.prefix_list_ids.#": "0",
                            "ingress.1.protocol": "tcp",
                            "ingress.1.security_groups.#": "0",
                            "ingress.1.self": "false",
                            "ingress.1.to_port": "4000",
                            "name": "k8s-elb-aca684e3919204085a23aa9c8b4ae233",
                            "name_prefix": "k8s-elb-aca684",
                            "owner_id": "894231352815",
                            "tags.%": "1",
                            "tags.kubernetes.io/cluster/JesusFilm-core-production": "owned",
                            "tags_all.%": "1",
                            "tags_all.kubernetes.io/cluster/JesusFilm-core-production": "owned",
                            "vpc_id": "vpc-b896f6d1"
                        },
                        "meta": {
                            "schema_version": 1
                        },
                        "tainted": false
                    },
                    "deposed": [],
                    "provider": "provider.aws"
                },
                "aws_security_group.tfer--k8s-elb-ad67299f5087f4d1b845926ce1832198_sg-01c3a159c754e81ab": {
                    "type": "aws_security_group",
                    "depends_on": [],
                    "primary": {
                        "id": "sg-01c3a159c754e81ab",
                        "attributes": {
                            "arn": "arn:aws:ec2:us-east-2:894231352815:security-group/sg-01c3a159c754e81ab",
                            "description": "Security group for Kubernetes ELB ad67299f5087f4d1b845926ce1832198 (default/api-users-main)",
                            "egress.#": "1",
                            "egress.0.cidr_blocks.#": "1",
                            "egress.0.cidr_blocks.0": "0.0.0.0/0",
                            "egress.0.description": "",
                            "egress.0.from_port": "0",
                            "egress.0.ipv6_cidr_blocks.#": "0",
                            "egress.0.prefix_list_ids.#": "0",
                            "egress.0.protocol": "-1",
                            "egress.0.security_groups.#": "0",
                            "egress.0.self": "false",
                            "egress.0.to_port": "0",
                            "id": "sg-01c3a159c754e81ab",
                            "ingress.#": "2",
                            "ingress.0.cidr_blocks.#": "1",
                            "ingress.0.cidr_blocks.0": "0.0.0.0/0",
                            "ingress.0.description": "",
                            "ingress.0.from_port": "3",
                            "ingress.0.ipv6_cidr_blocks.#": "0",
                            "ingress.0.prefix_list_ids.#": "0",
                            "ingress.0.protocol": "icmp",
                            "ingress.0.security_groups.#": "0",
                            "ingress.0.self": "false",
                            "ingress.0.to_port": "4",
                            "ingress.1.cidr_blocks.#": "1",
                            "ingress.1.cidr_blocks.0": "0.0.0.0/0",
                            "ingress.1.description": "",
                            "ingress.1.from_port": "443",
                            "ingress.1.ipv6_cidr_blocks.#": "0",
                            "ingress.1.prefix_list_ids.#": "0",
                            "ingress.1.protocol": "tcp",
                            "ingress.1.security_groups.#": "0",
                            "ingress.1.self": "false",
                            "ingress.1.to_port": "443",
                            "name": "k8s-elb-ad67299f5087f4d1b845926ce1832198",
                            "name_prefix": "k8s-elb-ad6729",
                            "owner_id": "894231352815",
                            "tags.%": "1",
                            "tags.kubernetes.io/cluster/JesusFilm-core-production": "owned",
                            "tags_all.%": "1",
                            "tags_all.kubernetes.io/cluster/JesusFilm-core-production": "owned",
                            "vpc_id": "vpc-b896f6d1"
                        },
                        "meta": {
                            "schema_version": 1
                        },
                        "tainted": false
                    },
                    "deposed": [],
                    "provider": "provider.aws"
                },
                "aws_security_group.tfer--k8s-elb-ae060f35594ed4da686c52fdd5cb0684_sg-0ec49422ebcc23254": {
                    "type": "aws_security_group",
                    "depends_on": [],
                    "primary": {
                        "id": "sg-0ec49422ebcc23254",
                        "attributes": {
                            "arn": "arn:aws:ec2:us-east-2:894231352815:security-group/sg-0ec49422ebcc23254",
                            "description": "Security group for Kubernetes ELB ae060f35594ed4da686c52fdd5cb0684 (default/api-users-stage)",
                            "egress.#": "1",
                            "egress.0.cidr_blocks.#": "1",
                            "egress.0.cidr_blocks.0": "0.0.0.0/0",
                            "egress.0.description": "",
                            "egress.0.from_port": "0",
                            "egress.0.ipv6_cidr_blocks.#": "0",
                            "egress.0.prefix_list_ids.#": "0",
                            "egress.0.protocol": "-1",
                            "egress.0.security_groups.#": "0",
                            "egress.0.self": "false",
                            "egress.0.to_port": "0",
                            "id": "sg-0ec49422ebcc23254",
                            "ingress.#": "2",
                            "ingress.0.cidr_blocks.#": "1",
                            "ingress.0.cidr_blocks.0": "0.0.0.0/0",
                            "ingress.0.description": "",
                            "ingress.0.from_port": "3",
                            "ingress.0.ipv6_cidr_blocks.#": "0",
                            "ingress.0.prefix_list_ids.#": "0",
                            "ingress.0.protocol": "icmp",
                            "ingress.0.security_groups.#": "0",
                            "ingress.0.self": "false",
                            "ingress.0.to_port": "4",
                            "ingress.1.cidr_blocks.#": "1",
                            "ingress.1.cidr_blocks.0": "0.0.0.0/0",
                            "ingress.1.description": "",
                            "ingress.1.from_port": "4002",
                            "ingress.1.ipv6_cidr_blocks.#": "0",
                            "ingress.1.prefix_list_ids.#": "0",
                            "ingress.1.protocol": "tcp",
                            "ingress.1.security_groups.#": "0",
                            "ingress.1.self": "false",
                            "ingress.1.to_port": "4002",
                            "name": "k8s-elb-ae060f35594ed4da686c52fdd5cb0684",
                            "name_prefix": "k8s-elb-ae060f",
                            "owner_id": "894231352815",
                            "tags.%": "1",
                            "tags.kubernetes.io/cluster/JesusFilm-core-production": "owned",
                            "tags_all.%": "1",
                            "tags_all.kubernetes.io/cluster/JesusFilm-core-production": "owned",
                            "vpc_id": "vpc-b896f6d1"
                        },
                        "meta": {
                            "schema_version": 1
                        },
                        "tainted": false
                    },
                    "deposed": [],
                    "provider": "provider.aws"
                },
                "aws_security_group.tfer--k8s-elb-af2b3bdd93c4d44faad69f8ceef76733_sg-0ef4d9eef9f42f7a5": {
                    "type": "aws_security_group",
                    "depends_on": [],
                    "primary": {
                        "id": "sg-0ef4d9eef9f42f7a5",
                        "attributes": {
                            "arn": "arn:aws:ec2:us-east-2:894231352815:security-group/sg-0ef4d9eef9f42f7a5",
                            "description": "Security group for Kubernetes ELB af2b3bdd93c4d44faad69f8ceef76733 (default/api-gateway-stage)",
                            "egress.#": "1",
                            "egress.0.cidr_blocks.#": "1",
                            "egress.0.cidr_blocks.0": "0.0.0.0/0",
                            "egress.0.description": "",
                            "egress.0.from_port": "0",
                            "egress.0.ipv6_cidr_blocks.#": "0",
                            "egress.0.prefix_list_ids.#": "0",
                            "egress.0.protocol": "-1",
                            "egress.0.security_groups.#": "0",
                            "egress.0.self": "false",
                            "egress.0.to_port": "0",
                            "id": "sg-0ef4d9eef9f42f7a5",
                            "ingress.#": "2",
                            "ingress.0.cidr_blocks.#": "1",
                            "ingress.0.cidr_blocks.0": "0.0.0.0/0",
                            "ingress.0.description": "",
                            "ingress.0.from_port": "3",
                            "ingress.0.ipv6_cidr_blocks.#": "0",
                            "ingress.0.prefix_list_ids.#": "0",
                            "ingress.0.protocol": "icmp",
                            "ingress.0.security_groups.#": "0",
                            "ingress.0.self": "false",
                            "ingress.0.to_port": "4",
                            "ingress.1.cidr_blocks.#": "1",
                            "ingress.1.cidr_blocks.0": "0.0.0.0/0",
                            "ingress.1.description": "",
                            "ingress.1.from_port": "443",
                            "ingress.1.ipv6_cidr_blocks.#": "0",
                            "ingress.1.prefix_list_ids.#": "0",
                            "ingress.1.protocol": "tcp",
                            "ingress.1.security_groups.#": "0",
                            "ingress.1.self": "false",
                            "ingress.1.to_port": "443",
                            "name": "k8s-elb-af2b3bdd93c4d44faad69f8ceef76733",
                            "name_prefix": "k8s-elb-af2b3b",
                            "owner_id": "894231352815",
                            "tags.%": "1",
                            "tags.kubernetes.io/cluster/JesusFilm-core": "owned",
                            "tags_all.%": "1",
                            "tags_all.kubernetes.io/cluster/JesusFilm-core": "owned",
                            "vpc_id": "vpc-b896f6d1"
                        },
                        "meta": {
                            "schema_version": 1
                        },
                        "tainted": false
                    },
                    "deposed": [],
                    "provider": "provider.aws"
                },
                "aws_security_group.tfer--k8s-elb-af4916aeca2934cc7a2ca30cc2bb49fb_sg-01453597ba8aebd75": {
                    "type": "aws_security_group",
                    "depends_on": [],
                    "primary": {
                        "id": "sg-01453597ba8aebd75",
                        "attributes": {
                            "arn": "arn:aws:ec2:us-east-2:894231352815:security-group/sg-01453597ba8aebd75",
                            "description": "Security group for Kubernetes ELB af4916aeca2934cc7a2ca30cc2bb49fb (default/arangodb-loadbalancer)",
                            "egress.#": "1",
                            "egress.0.cidr_blocks.#": "1",
                            "egress.0.cidr_blocks.0": "0.0.0.0/0",
                            "egress.0.description": "",
                            "egress.0.from_port": "0",
                            "egress.0.ipv6_cidr_blocks.#": "0",
                            "egress.0.prefix_list_ids.#": "0",
                            "egress.0.protocol": "-1",
                            "egress.0.security_groups.#": "0",
                            "egress.0.self": "false",
                            "egress.0.to_port": "0",
                            "id": "sg-01453597ba8aebd75",
                            "ingress.#": "2",
                            "ingress.0.cidr_blocks.#": "1",
                            "ingress.0.cidr_blocks.0": "0.0.0.0/0",
                            "ingress.0.description": "",
                            "ingress.0.from_port": "3",
                            "ingress.0.ipv6_cidr_blocks.#": "0",
                            "ingress.0.prefix_list_ids.#": "0",
                            "ingress.0.protocol": "icmp",
                            "ingress.0.security_groups.#": "0",
                            "ingress.0.self": "false",
                            "ingress.0.to_port": "4",
                            "ingress.1.cidr_blocks.#": "1",
                            "ingress.1.cidr_blocks.0": "0.0.0.0/0",
                            "ingress.1.description": "",
                            "ingress.1.from_port": "8529",
                            "ingress.1.ipv6_cidr_blocks.#": "0",
                            "ingress.1.prefix_list_ids.#": "0",
                            "ingress.1.protocol": "tcp",
                            "ingress.1.security_groups.#": "0",
                            "ingress.1.self": "false",
                            "ingress.1.to_port": "8529",
                            "name": "k8s-elb-af4916aeca2934cc7a2ca30cc2bb49fb",
                            "name_prefix": "k8s-elb-af4916",
                            "owner_id": "894231352815",
                            "tags.%": "1",
                            "tags.kubernetes.io/cluster/JesusFilm-core-production": "owned",
                            "tags_all.%": "1",
                            "tags_all.kubernetes.io/cluster/JesusFilm-core-production": "owned",
                            "vpc_id": "vpc-b896f6d1"
                        },
                        "meta": {
                            "schema_version": 1
                        },
                        "tainted": false
                    },
                    "deposed": [],
                    "provider": "provider.aws"
                },
                "aws_security_group.tfer--k8s-elb-afeab0c8f2e9544349752919393dfaf3_sg-00156eb7925aba87f": {
                    "type": "aws_security_group",
                    "depends_on": [],
                    "primary": {
                        "id": "sg-00156eb7925aba87f",
                        "attributes": {
                            "arn": "arn:aws:ec2:us-east-2:894231352815:security-group/sg-00156eb7925aba87f",
                            "description": "Security group for Kubernetes ELB afeab0c8f2e9544349752919393dfaf3 (default/api-gateway-stage)",
                            "egress.#": "1",
                            "egress.0.cidr_blocks.#": "1",
                            "egress.0.cidr_blocks.0": "0.0.0.0/0",
                            "egress.0.description": "",
                            "egress.0.from_port": "0",
                            "egress.0.ipv6_cidr_blocks.#": "0",
                            "egress.0.prefix_list_ids.#": "0",
                            "egress.0.protocol": "-1",
                            "egress.0.security_groups.#": "0",
                            "egress.0.self": "false",
                            "egress.0.to_port": "0",
                            "id": "sg-00156eb7925aba87f",
                            "ingress.#": "2",
                            "ingress.0.cidr_blocks.#": "1",
                            "ingress.0.cidr_blocks.0": "0.0.0.0/0",
                            "ingress.0.description": "",
                            "ingress.0.from_port": "3",
                            "ingress.0.ipv6_cidr_blocks.#": "0",
                            "ingress.0.prefix_list_ids.#": "0",
                            "ingress.0.protocol": "icmp",
                            "ingress.0.security_groups.#": "0",
                            "ingress.0.self": "false",
                            "ingress.0.to_port": "4",
                            "ingress.1.cidr_blocks.#": "1",
                            "ingress.1.cidr_blocks.0": "0.0.0.0/0",
                            "ingress.1.description": "",
                            "ingress.1.from_port": "4000",
                            "ingress.1.ipv6_cidr_blocks.#": "0",
                            "ingress.1.prefix_list_ids.#": "0",
                            "ingress.1.protocol": "tcp",
                            "ingress.1.security_groups.#": "0",
                            "ingress.1.self": "false",
                            "ingress.1.to_port": "4000",
                            "name": "k8s-elb-afeab0c8f2e9544349752919393dfaf3",
                            "name_prefix": "k8s-elb-afeab0",
                            "owner_id": "894231352815",
                            "tags.%": "1",
                            "tags.kubernetes.io/cluster/JesusFilm-core-production": "owned",
                            "tags_all.%": "1",
                            "tags_all.kubernetes.io/cluster/JesusFilm-core-production": "owned",
                            "vpc_id": "vpc-b896f6d1"
                        },
                        "meta": {
                            "schema_version": 1
                        },
                        "tainted": false
                    },
                    "deposed": [],
                    "provider": "provider.aws"
                },
                "aws_security_group.tfer--launch-wizard-1_sg-080612b5c467b92f5": {
                    "type": "aws_security_group",
                    "depends_on": [],
                    "primary": {
                        "id": "sg-080612b5c467b92f5",
                        "attributes": {
                            "arn": "arn:aws:ec2:us-east-2:894231352815:security-group/sg-080612b5c467b92f5",
                            "description": "launch-wizard-1 created 2021-11-12T18:51:27.407-08:00",
                            "egress.#": "1",
                            "egress.0.cidr_blocks.#": "1",
                            "egress.0.cidr_blocks.0": "0.0.0.0/0",
                            "egress.0.description": "",
                            "egress.0.from_port": "0",
                            "egress.0.ipv6_cidr_blocks.#": "0",
                            "egress.0.prefix_list_ids.#": "0",
                            "egress.0.protocol": "-1",
                            "egress.0.security_groups.#": "0",
                            "egress.0.self": "false",
                            "egress.0.to_port": "0",
                            "id": "sg-080612b5c467b92f5",
                            "ingress.#": "1",
                            "ingress.0.cidr_blocks.#": "1",
                            "ingress.0.cidr_blocks.0": "0.0.0.0/0",
                            "ingress.0.description": "",
                            "ingress.0.from_port": "22",
                            "ingress.0.ipv6_cidr_blocks.#": "0",
                            "ingress.0.prefix_list_ids.#": "0",
                            "ingress.0.protocol": "tcp",
                            "ingress.0.security_groups.#": "0",
                            "ingress.0.self": "false",
                            "ingress.0.to_port": "22",
                            "name": "launch-wizard-1",
                            "name_prefix": "",
                            "owner_id": "894231352815",
                            "tags.%": "0",
                            "tags_all.%": "0",
                            "vpc_id": "vpc-b896f6d1"
                        },
                        "meta": {
                            "schema_version": 1
                        },
                        "tainted": false
                    },
                    "deposed": [],
                    "provider": "provider.aws"
                }
            },
            "depends_on": []
        }
    ]
}
